{
  "version": 4,
  "terraform_version": "1.4.6",
  "serial": 343,
  "lineage": "3b8435fb-a4cd-3f9e-4e74-8459f56b489a",
  "outputs": {
    "aft_management_account_id": {
      "value": "831569350010",
      "type": "string"
    },
    "audit_account_id": {
      "value": "017799390459",
      "type": "string"
    },
    "ct_management_account_id": {
      "value": "165374174101",
      "type": "string"
    },
    "log_archive_account_id": {
      "value": "031382445905",
      "type": "string"
    },
    "region": {
      "value": "us-east-1",
      "type": "string"
    }
  },
  "resources": [
    {
      "module": "module.aft",
      "mode": "data",
      "type": "aws_partition",
      "name": "current",
      "provider": "provider[\"registry.terraform.io/hashicorp/aws\"]",
      "instances": [
        {
          "schema_version": 0,
          "attributes": {
            "dns_suffix": "amazonaws.com",
            "id": "aws",
            "partition": "aws",
            "reverse_dns_prefix": "com.amazonaws"
          },
          "sensitive_attributes": []
        }
      ]
    },
    {
      "module": "module.aft",
      "mode": "data",
      "type": "local_file",
      "name": "version",
      "provider": "provider[\"registry.terraform.io/hashicorp/local\"]",
      "instances": [
        {
          "schema_version": 0,
          "attributes": {
            "content": "1.10.3\n",
            "content_base64": "MS4xMC4zCg==",
            "content_base64sha256": "UiN/3KB6WSdPJXT9fT1Qic0UaSCuOvElWqkpPdwrrsI=",
            "content_base64sha512": "4mQiaAWnq5LUUmfWvZZF8NYqUqCHevsF1Q1PVUXxBiNYsvY5KDyMYsqVfLfs6i2GM6H8yGdBzkC8vcYAELYedA==",
            "content_md5": "1e06a41df9347c5754a3b5132a4b3856",
            "content_sha1": "eda0bdaf0a96b07dae7decd59eede3caf85cc82e",
            "content_sha256": "52237fdca07a59274f2574fd7d3d5089cd146920ae3af1255aa9293ddc2baec2",
            "content_sha512": "e264226805a7ab92d45267d6bd9645f0d62a52a0877afb05d50d4f5545f1062358b2f639283c8c62ca957cb7ecea2d8633a1fcc86741ce40bcbdc60010b61e74",
            "filename": ".terraform/modules/aft/VERSION",
            "id": "eda0bdaf0a96b07dae7decd59eede3caf85cc82e"
          },
          "sensitive_attributes": []
        }
      ]
    },
    {
      "module": "module.aft.module.aft_account_provisioning_framework",
      "mode": "data",
      "type": "aws_caller_identity",
      "name": "aft_management",
      "provider": "module.aft.provider[\"registry.terraform.io/hashicorp/aws\"].aft_management",
      "instances": [
        {
          "schema_version": 0,
          "attributes": {
            "account_id": "831569350010",
            "arn": "arn:aws:sts::831569350010:assumed-role/AWSControlTowerExecution/AWSAFT-Session",
            "id": "831569350010",
            "user_id": "AROA4DHLFJV5N4XQRN7FN:AWSAFT-Session"
          },
          "sensitive_attributes": []
        }
      ]
    },
    {
      "module": "module.aft.module.aft_account_provisioning_framework",
      "mode": "data",
      "type": "aws_iam_policy",
      "name": "AWSLambdaBasicExecutionRole",
      "provider": "module.aft.provider[\"registry.terraform.io/hashicorp/aws\"].aft_management",
      "instances": [
        {
          "schema_version": 0,
          "attributes": {
            "arn": "arn:aws:iam::aws:policy/service-role/AWSLambdaBasicExecutionRole",
            "description": "Provides write permissions to CloudWatch Logs.",
            "id": "arn:aws:iam::aws:policy/service-role/AWSLambdaBasicExecutionRole",
            "name": "AWSLambdaBasicExecutionRole",
            "path": "/service-role/",
            "path_prefix": null,
            "policy": "{\n  \"Version\": \"2012-10-17\",\n  \"Statement\": [\n    {\n      \"Effect\": \"Allow\",\n      \"Action\": [\n        \"logs:CreateLogGroup\",\n        \"logs:CreateLogStream\",\n        \"logs:PutLogEvents\"\n      ],\n      \"Resource\": \"*\"\n    }\n  ]\n}",
            "policy_id": "ANPAJNCQGXC42545SKXIK",
            "tags": {}
          },
          "sensitive_attributes": []
        }
      ]
    },
    {
      "module": "module.aft.module.aft_account_provisioning_framework",
      "mode": "data",
      "type": "aws_iam_policy",
      "name": "AWSLambdaVPCAccessExecutionRole",
      "provider": "module.aft.provider[\"registry.terraform.io/hashicorp/aws\"].aft_management",
      "instances": [
        {
          "schema_version": 0,
          "attributes": {
            "arn": "arn:aws:iam::aws:policy/service-role/AWSLambdaVPCAccessExecutionRole",
            "description": "Provides minimum permissions for a Lambda function to execute while accessing a resource within a VPC - create, describe, delete network interfaces and write permissions to CloudWatch Logs. ",
            "id": "arn:aws:iam::aws:policy/service-role/AWSLambdaVPCAccessExecutionRole",
            "name": "AWSLambdaVPCAccessExecutionRole",
            "path": "/service-role/",
            "path_prefix": null,
            "policy": "{\n  \"Version\": \"2012-10-17\",\n  \"Statement\": [\n    {\n      \"Effect\": \"Allow\",\n      \"Action\": [\n        \"logs:CreateLogGroup\",\n        \"logs:CreateLogStream\",\n        \"logs:PutLogEvents\",\n        \"ec2:CreateNetworkInterface\",\n        \"ec2:DescribeNetworkInterfaces\",\n        \"ec2:DeleteNetworkInterface\",\n        \"ec2:AssignPrivateIpAddresses\",\n        \"ec2:UnassignPrivateIpAddresses\"\n      ],\n      \"Resource\": \"*\"\n    }\n  ]\n}",
            "policy_id": "ANPAJVTME3YLVNL72YR2K",
            "tags": {}
          },
          "sensitive_attributes": []
        }
      ]
    },
    {
      "module": "module.aft.module.aft_account_provisioning_framework",
      "mode": "data",
      "type": "aws_partition",
      "name": "current",
      "provider": "module.aft.provider[\"registry.terraform.io/hashicorp/aws\"].aft_management",
      "instances": [
        {
          "schema_version": 0,
          "attributes": {
            "dns_suffix": "amazonaws.com",
            "id": "aws",
            "partition": "aws",
            "reverse_dns_prefix": "com.amazonaws"
          },
          "sensitive_attributes": []
        }
      ]
    },
    {
      "module": "module.aft.module.aft_account_provisioning_framework",
      "mode": "data",
      "type": "aws_region",
      "name": "aft_management",
      "provider": "module.aft.provider[\"registry.terraform.io/hashicorp/aws\"].aft_management",
      "instances": [
        {
          "schema_version": 0,
          "attributes": {
            "description": "US East (N. Virginia)",
            "endpoint": "ec2.us-east-1.amazonaws.com",
            "id": "us-east-1",
            "name": "us-east-1"
          },
          "sensitive_attributes": []
        }
      ]
    },
    {
      "module": "module.aft.module.aft_account_provisioning_framework",
      "mode": "managed",
      "type": "aws_cloudwatch_log_group",
      "name": "account_metadata_ssm",
      "provider": "module.aft.provider[\"registry.terraform.io/hashicorp/aws\"].aft_management",
      "instances": [
        {
          "schema_version": 0,
          "attributes": {
            "arn": "arn:aws:logs:us-east-1:831569350010:log-group:/aws/lambda/aft-account-provisioning-framework-account-metadata-ssm",
            "id": "/aws/lambda/aft-account-provisioning-framework-account-metadata-ssm",
            "kms_key_id": "",
            "name": "/aws/lambda/aft-account-provisioning-framework-account-metadata-ssm",
            "name_prefix": "",
            "retention_in_days": 0,
            "skip_destroy": false,
            "tags": null,
            "tags_all": {
              "managed_by": "AFT"
            }
          },
          "sensitive_attributes": [],
          "private": "bnVsbA==",
          "dependencies": [
            "module.aft.data.aws_partition.current",
            "module.aft.data.local_file.version",
            "module.aft.module.aft_account_provisioning_framework.aws_iam_role.aft_lambda_aft_account_provisioning_framework_persist_metadata",
            "module.aft.module.aft_account_provisioning_framework.aws_lambda_function.account_metadata_ssm",
            "module.aft.module.aft_account_request_framework.aws_kms_key.aft",
            "module.aft.module.aft_account_request_framework.aws_security_group.aft_vpc_default_sg",
            "module.aft.module.aft_account_request_framework.aws_subnet.aft_vpc_private_subnet_01",
            "module.aft.module.aft_account_request_framework.aws_subnet.aft_vpc_private_subnet_02",
            "module.aft.module.aft_account_request_framework.aws_vpc.aft_vpc",
            "module.aft.module.aft_account_request_framework.data.aws_availability_zones.available",
            "module.aft.module.aft_customizations.aws_s3_bucket.aft_codepipeline_customizations_bucket",
            "module.aft.module.aft_customizations.data.aws_caller_identity.current",
            "module.aft.module.aft_lambda_layer.aws_codebuild_project.codebuild",
            "module.aft.module.aft_lambda_layer.aws_iam_role.codebuild",
            "module.aft.module.aft_lambda_layer.aws_iam_role.codebuild_invoker_lambda_role",
            "module.aft.module.aft_lambda_layer.aws_lambda_function.codebuild_invoker",
            "module.aft.module.aft_lambda_layer.aws_lambda_layer_version.layer_version",
            "module.aft.module.aft_lambda_layer.data.aws_lambda_invocation.invoke_codebuild_job",
            "module.aft.module.aft_lambda_layer.data.aws_partition.current",
            "module.aft.module.aft_lambda_layer.data.local_file.aft_lambda_layer",
            "module.aft.module.aft_lambda_layer.random_string.resource_suffix",
            "module.aft.module.packaging.data.archive_file.builder",
            "module.aft.module.packaging.data.archive_file.provisioning_framework"
          ]
        }
      ]
    },
    {
      "module": "module.aft.module.aft_account_provisioning_framework",
      "mode": "managed",
      "type": "aws_cloudwatch_log_group",
      "name": "create_role",
      "provider": "module.aft.provider[\"registry.terraform.io/hashicorp/aws\"].aft_management",
      "instances": [
        {
          "schema_version": 0,
          "attributes": {
            "arn": "arn:aws:logs:us-east-1:831569350010:log-group:/aws/lambda/aft-account-provisioning-framework-create-aft-execution-role",
            "id": "/aws/lambda/aft-account-provisioning-framework-create-aft-execution-role",
            "kms_key_id": "",
            "name": "/aws/lambda/aft-account-provisioning-framework-create-aft-execution-role",
            "name_prefix": "",
            "retention_in_days": 0,
            "skip_destroy": false,
            "tags": null,
            "tags_all": {
              "managed_by": "AFT"
            }
          },
          "sensitive_attributes": [],
          "private": "bnVsbA==",
          "dependencies": [
            "module.aft.data.aws_partition.current",
            "module.aft.data.local_file.version",
            "module.aft.module.aft_account_provisioning_framework.aws_iam_role.aft_lambda_aft_account_provisioning_framework_create_role",
            "module.aft.module.aft_account_provisioning_framework.aws_lambda_function.create_role",
            "module.aft.module.aft_account_request_framework.aws_kms_key.aft",
            "module.aft.module.aft_account_request_framework.aws_security_group.aft_vpc_default_sg",
            "module.aft.module.aft_account_request_framework.aws_subnet.aft_vpc_private_subnet_01",
            "module.aft.module.aft_account_request_framework.aws_subnet.aft_vpc_private_subnet_02",
            "module.aft.module.aft_account_request_framework.aws_vpc.aft_vpc",
            "module.aft.module.aft_account_request_framework.data.aws_availability_zones.available",
            "module.aft.module.aft_customizations.aws_s3_bucket.aft_codepipeline_customizations_bucket",
            "module.aft.module.aft_customizations.data.aws_caller_identity.current",
            "module.aft.module.aft_lambda_layer.aws_codebuild_project.codebuild",
            "module.aft.module.aft_lambda_layer.aws_iam_role.codebuild",
            "module.aft.module.aft_lambda_layer.aws_iam_role.codebuild_invoker_lambda_role",
            "module.aft.module.aft_lambda_layer.aws_lambda_function.codebuild_invoker",
            "module.aft.module.aft_lambda_layer.aws_lambda_layer_version.layer_version",
            "module.aft.module.aft_lambda_layer.data.aws_lambda_invocation.invoke_codebuild_job",
            "module.aft.module.aft_lambda_layer.data.aws_partition.current",
            "module.aft.module.aft_lambda_layer.data.local_file.aft_lambda_layer",
            "module.aft.module.aft_lambda_layer.random_string.resource_suffix",
            "module.aft.module.packaging.data.archive_file.builder",
            "module.aft.module.packaging.data.archive_file.provisioning_framework"
          ]
        }
      ]
    },
    {
      "module": "module.aft.module.aft_account_provisioning_framework",
      "mode": "managed",
      "type": "aws_cloudwatch_log_group",
      "name": "persist_metadata",
      "provider": "module.aft.provider[\"registry.terraform.io/hashicorp/aws\"].aft_management",
      "instances": [
        {
          "schema_version": 0,
          "attributes": {
            "arn": "arn:aws:logs:us-east-1:831569350010:log-group:/aws/lambda/aft-account-provisioning-framework-persist-metadata",
            "id": "/aws/lambda/aft-account-provisioning-framework-persist-metadata",
            "kms_key_id": "",
            "name": "/aws/lambda/aft-account-provisioning-framework-persist-metadata",
            "name_prefix": "",
            "retention_in_days": 0,
            "skip_destroy": false,
            "tags": null,
            "tags_all": {
              "managed_by": "AFT"
            }
          },
          "sensitive_attributes": [],
          "private": "bnVsbA==",
          "dependencies": [
            "module.aft.data.aws_partition.current",
            "module.aft.data.local_file.version",
            "module.aft.module.aft_account_provisioning_framework.aws_iam_role.aft_lambda_aft_account_provisioning_framework_persist_metadata",
            "module.aft.module.aft_account_provisioning_framework.aws_lambda_function.persist_metadata",
            "module.aft.module.aft_account_request_framework.aws_kms_key.aft",
            "module.aft.module.aft_account_request_framework.aws_security_group.aft_vpc_default_sg",
            "module.aft.module.aft_account_request_framework.aws_subnet.aft_vpc_private_subnet_01",
            "module.aft.module.aft_account_request_framework.aws_subnet.aft_vpc_private_subnet_02",
            "module.aft.module.aft_account_request_framework.aws_vpc.aft_vpc",
            "module.aft.module.aft_account_request_framework.data.aws_availability_zones.available",
            "module.aft.module.aft_customizations.aws_s3_bucket.aft_codepipeline_customizations_bucket",
            "module.aft.module.aft_customizations.data.aws_caller_identity.current",
            "module.aft.module.aft_lambda_layer.aws_codebuild_project.codebuild",
            "module.aft.module.aft_lambda_layer.aws_iam_role.codebuild",
            "module.aft.module.aft_lambda_layer.aws_iam_role.codebuild_invoker_lambda_role",
            "module.aft.module.aft_lambda_layer.aws_lambda_function.codebuild_invoker",
            "module.aft.module.aft_lambda_layer.aws_lambda_layer_version.layer_version",
            "module.aft.module.aft_lambda_layer.data.aws_lambda_invocation.invoke_codebuild_job",
            "module.aft.module.aft_lambda_layer.data.aws_partition.current",
            "module.aft.module.aft_lambda_layer.data.local_file.aft_lambda_layer",
            "module.aft.module.aft_lambda_layer.random_string.resource_suffix",
            "module.aft.module.packaging.data.archive_file.builder",
            "module.aft.module.packaging.data.archive_file.provisioning_framework"
          ]
        }
      ]
    },
    {
      "module": "module.aft.module.aft_account_provisioning_framework",
      "mode": "managed",
      "type": "aws_cloudwatch_log_group",
      "name": "tag_account",
      "provider": "module.aft.provider[\"registry.terraform.io/hashicorp/aws\"].aft_management",
      "instances": [
        {
          "schema_version": 0,
          "attributes": {
            "arn": "arn:aws:logs:us-east-1:831569350010:log-group:/aws/lambda/aft-account-provisioning-framework-tag-account",
            "id": "/aws/lambda/aft-account-provisioning-framework-tag-account",
            "kms_key_id": "",
            "name": "/aws/lambda/aft-account-provisioning-framework-tag-account",
            "name_prefix": "",
            "retention_in_days": 0,
            "skip_destroy": false,
            "tags": null,
            "tags_all": {
              "managed_by": "AFT"
            }
          },
          "sensitive_attributes": [],
          "private": "bnVsbA==",
          "dependencies": [
            "module.aft.data.aws_partition.current",
            "module.aft.data.local_file.version",
            "module.aft.module.aft_account_provisioning_framework.aws_iam_role.aft_lambda_aft_account_provisioning_framework_tag_account",
            "module.aft.module.aft_account_provisioning_framework.aws_lambda_function.tag_account",
            "module.aft.module.aft_account_request_framework.aws_kms_key.aft",
            "module.aft.module.aft_account_request_framework.aws_security_group.aft_vpc_default_sg",
            "module.aft.module.aft_account_request_framework.aws_subnet.aft_vpc_private_subnet_01",
            "module.aft.module.aft_account_request_framework.aws_subnet.aft_vpc_private_subnet_02",
            "module.aft.module.aft_account_request_framework.aws_vpc.aft_vpc",
            "module.aft.module.aft_account_request_framework.data.aws_availability_zones.available",
            "module.aft.module.aft_customizations.aws_s3_bucket.aft_codepipeline_customizations_bucket",
            "module.aft.module.aft_customizations.data.aws_caller_identity.current",
            "module.aft.module.aft_lambda_layer.aws_codebuild_project.codebuild",
            "module.aft.module.aft_lambda_layer.aws_iam_role.codebuild",
            "module.aft.module.aft_lambda_layer.aws_iam_role.codebuild_invoker_lambda_role",
            "module.aft.module.aft_lambda_layer.aws_lambda_function.codebuild_invoker",
            "module.aft.module.aft_lambda_layer.aws_lambda_layer_version.layer_version",
            "module.aft.module.aft_lambda_layer.data.aws_lambda_invocation.invoke_codebuild_job",
            "module.aft.module.aft_lambda_layer.data.aws_partition.current",
            "module.aft.module.aft_lambda_layer.data.local_file.aft_lambda_layer",
            "module.aft.module.aft_lambda_layer.random_string.resource_suffix",
            "module.aft.module.packaging.data.archive_file.builder",
            "module.aft.module.packaging.data.archive_file.provisioning_framework"
          ]
        }
      ]
    },
    {
      "module": "module.aft.module.aft_account_provisioning_framework",
      "mode": "managed",
      "type": "aws_cloudwatch_query_definition",
      "name": "account_id_query",
      "provider": "module.aft.provider[\"registry.terraform.io/hashicorp/aws\"].aft_management",
      "instances": [
        {
          "schema_version": 0,
          "attributes": {
            "id": "c2f25c9f-2c8f-4a55-bb5e-bece4a730a59",
            "log_group_names": [
              "/aws/lambda/aft-account-provisioning-framework-create-aft-execution-role",
              "/aws/lambda/aft-account-provisioning-framework-persist-metadata",
              "/aws/lambda/aft-account-provisioning-framework-tag-account",
              "/aws/lambda/aft-account-provisioning-framework-account-metadata-ssm",
              "/aws/lambda/aft-delete-default-vpc",
              "/aws/lambda/aft-enroll-support",
              "/aws/lambda/aft-enable-cloudtrail"
            ],
            "name": "Account Factory for Terraform/Customization Logs by Account ID",
            "query_definition_id": "c2f25c9f-2c8f-4a55-bb5e-bece4a730a59",
            "query_string": "fields @timestamp, log_message.account_id as target_account_id, log_message.customization_request_id as customization_request_id, log_message.detail as detail, @logStream\n| sort @timestamp desc\n| filter log_message.account_id == \"INSERT-ACCOUNT-ID-HERE\" and @message like /customization_request_id/\n"
          },
          "sensitive_attributes": [],
          "private": "bnVsbA==",
          "dependencies": [
            "module.aft.data.aws_partition.current"
          ]
        }
      ]
    },
    {
      "module": "module.aft.module.aft_account_provisioning_framework",
      "mode": "managed",
      "type": "aws_cloudwatch_query_definition",
      "name": "customization_request_query",
      "provider": "module.aft.provider[\"registry.terraform.io/hashicorp/aws\"].aft_management",
      "instances": [
        {
          "schema_version": 0,
          "attributes": {
            "id": "cbabe5a3-f5cc-4c96-9874-6d3570cdff4b",
            "log_group_names": [
              "/aws/lambda/aft-account-provisioning-framework-create-aft-execution-role",
              "/aws/lambda/aft-account-provisioning-framework-persist-metadata",
              "/aws/lambda/aft-account-provisioning-framework-tag-account",
              "/aws/lambda/aft-account-provisioning-framework-account-metadata-ssm",
              "/aws/lambda/aft-delete-default-vpc",
              "/aws/lambda/aft-enroll-support",
              "/aws/lambda/aft-enable-cloudtrail"
            ],
            "name": "Account Factory for Terraform/Customization Logs by Customization Request ID",
            "query_definition_id": "cbabe5a3-f5cc-4c96-9874-6d3570cdff4b",
            "query_string": "fields @timestamp, log_message.account_id as target_account_id, log_message.customization_request_id as customization_request_id, log_message.detail as detail, @logStream\n| sort @timestamp desc\n| filter log_message.customization_request_id == \"INSERT-CUSTOMIZATION-REQUEST-ID-HERE\"\n"
          },
          "sensitive_attributes": [],
          "private": "bnVsbA==",
          "dependencies": [
            "module.aft.data.aws_partition.current"
          ]
        }
      ]
    },
    {
      "module": "module.aft.module.aft_account_provisioning_framework",
      "mode": "managed",
      "type": "aws_iam_role",
      "name": "aft_lambda_aft_account_provisioning_framework_create_role",
      "provider": "module.aft.provider[\"registry.terraform.io/hashicorp/aws\"].aft_management",
      "instances": [
        {
          "schema_version": 0,
          "attributes": {
            "arn": "arn:aws:iam::831569350010:role/aft-account-provisioning-framework-lambda-create-role-role",
            "assume_role_policy": "{\"Statement\":[{\"Action\":\"sts:AssumeRole\",\"Effect\":\"Allow\",\"Principal\":{\"Service\":\"lambda.amazonaws.com\"}}],\"Version\":\"2012-10-17\"}",
            "create_date": "2023-05-28T05:50:26Z",
            "description": "",
            "force_detach_policies": false,
            "id": "aft-account-provisioning-framework-lambda-create-role-role",
            "inline_policy": [],
            "managed_policy_arns": [],
            "max_session_duration": 3600,
            "name": "aft-account-provisioning-framework-lambda-create-role-role",
            "name_prefix": "",
            "path": "/",
            "permissions_boundary": null,
            "role_last_used": [
              {
                "last_used_date": "",
                "region": ""
              }
            ],
            "tags": null,
            "tags_all": {
              "managed_by": "AFT"
            },
            "unique_id": "AROA4DHLFJV5HICZMU5ZY"
          },
          "sensitive_attributes": [],
          "private": "bnVsbA==",
          "dependencies": [
            "module.aft.data.aws_partition.current"
          ]
        }
      ]
    },
    {
      "module": "module.aft.module.aft_account_provisioning_framework",
      "mode": "managed",
      "type": "aws_iam_role",
      "name": "aft_lambda_aft_account_provisioning_framework_persist_metadata",
      "provider": "module.aft.provider[\"registry.terraform.io/hashicorp/aws\"].aft_management",
      "instances": [
        {
          "schema_version": 0,
          "attributes": {
            "arn": "arn:aws:iam::831569350010:role/aft-account-provisioning-framework-lambda-persist-metadata-role",
            "assume_role_policy": "{\"Statement\":[{\"Action\":\"sts:AssumeRole\",\"Effect\":\"Allow\",\"Principal\":{\"Service\":\"lambda.amazonaws.com\"}}],\"Version\":\"2012-10-17\"}",
            "create_date": "2023-05-28T05:50:24Z",
            "description": "",
            "force_detach_policies": false,
            "id": "aft-account-provisioning-framework-lambda-persist-metadata-role",
            "inline_policy": [],
            "managed_policy_arns": [],
            "max_session_duration": 3600,
            "name": "aft-account-provisioning-framework-lambda-persist-metadata-role",
            "name_prefix": "",
            "path": "/",
            "permissions_boundary": null,
            "role_last_used": [
              {
                "last_used_date": "",
                "region": ""
              }
            ],
            "tags": null,
            "tags_all": {
              "managed_by": "AFT"
            },
            "unique_id": "AROA4DHLFJV5DXHSQHPCK"
          },
          "sensitive_attributes": [],
          "private": "bnVsbA==",
          "dependencies": [
            "module.aft.data.aws_partition.current"
          ]
        }
      ]
    },
    {
      "module": "module.aft.module.aft_account_provisioning_framework",
      "mode": "managed",
      "type": "aws_iam_role",
      "name": "aft_lambda_aft_account_provisioning_framework_tag_account",
      "provider": "module.aft.provider[\"registry.terraform.io/hashicorp/aws\"].aft_management",
      "instances": [
        {
          "schema_version": 0,
          "attributes": {
            "arn": "arn:aws:iam::831569350010:role/aft-account-provisioning-framework-lambda-tag-account-role",
            "assume_role_policy": "{\"Statement\":[{\"Action\":\"sts:AssumeRole\",\"Effect\":\"Allow\",\"Principal\":{\"Service\":\"lambda.amazonaws.com\"}}],\"Version\":\"2012-10-17\"}",
            "create_date": "2023-05-28T05:50:09Z",
            "description": "",
            "force_detach_policies": false,
            "id": "aft-account-provisioning-framework-lambda-tag-account-role",
            "inline_policy": [],
            "managed_policy_arns": [],
            "max_session_duration": 3600,
            "name": "aft-account-provisioning-framework-lambda-tag-account-role",
            "name_prefix": "",
            "path": "/",
            "permissions_boundary": null,
            "role_last_used": [
              {
                "last_used_date": "",
                "region": ""
              }
            ],
            "tags": null,
            "tags_all": {
              "managed_by": "AFT"
            },
            "unique_id": "AROA4DHLFJV5H2UK4M4V4"
          },
          "sensitive_attributes": [],
          "private": "bnVsbA==",
          "dependencies": [
            "module.aft.data.aws_partition.current"
          ]
        }
      ]
    },
    {
      "module": "module.aft.module.aft_account_provisioning_framework",
      "mode": "managed",
      "type": "aws_iam_role",
      "name": "aft_states",
      "provider": "module.aft.provider[\"registry.terraform.io/hashicorp/aws\"].aft_management",
      "instances": [
        {
          "schema_version": 0,
          "attributes": {
            "arn": "arn:aws:iam::831569350010:role/aft-states-execution-role",
            "assume_role_policy": "{\"Statement\":[{\"Action\":\"sts:AssumeRole\",\"Effect\":\"Allow\",\"Principal\":{\"Service\":\"states.amazonaws.com\"}}],\"Version\":\"2012-10-17\"}",
            "create_date": "2023-05-28T05:50:10Z",
            "description": "",
            "force_detach_policies": false,
            "id": "aft-states-execution-role",
            "inline_policy": [],
            "managed_policy_arns": [],
            "max_session_duration": 3600,
            "name": "aft-states-execution-role",
            "name_prefix": "",
            "path": "/",
            "permissions_boundary": null,
            "role_last_used": [
              {
                "last_used_date": "",
                "region": ""
              }
            ],
            "tags": null,
            "tags_all": {
              "managed_by": "AFT"
            },
            "unique_id": "AROA4DHLFJV5CBEFJR6O3"
          },
          "sensitive_attributes": [],
          "private": "bnVsbA==",
          "dependencies": [
            "module.aft.data.aws_partition.current"
          ]
        }
      ]
    },
    {
      "module": "module.aft.module.aft_account_provisioning_framework",
      "mode": "managed",
      "type": "aws_iam_role_policy",
      "name": "aft_invoke_aft_account_provisioning_framework_create_role",
      "provider": "module.aft.provider[\"registry.terraform.io/hashicorp/aws\"].aft_management",
      "instances": [
        {
          "schema_version": 0,
          "attributes": {
            "id": "aft-account-provisioning-framework-lambda-create-role-role:aft-lambda-invoke-aft_account_provisioning_framework-create-role-policy",
            "name": "aft-lambda-invoke-aft_account_provisioning_framework-create-role-policy",
            "name_prefix": null,
            "policy": "{\"Version\":\"2012-10-17\",\"Statement\":[{\"Action\":[\"dynamodb:BatchGetItem\",\"dynamodb:BatchWriteItem\",\"dynamodb:DeleteItem\",\"dynamodb:GetItem\",\"dynamodb:PutItem\",\"dynamodb:Query\",\"dynamodb:Scan\"],\"Effect\":\"Allow\",\"Resource\":[\"arn:aws:dynamodb:us-east-1:831569350010:table/aft*\"]},{\"Action\":\"ssm:GetParameter\",\"Effect\":\"Allow\",\"Resource\":[\"arn:aws:ssm:us-east-1:831569350010:parameter/aft/*\"]},{\"Action\":[\"sts:AssumeRole\"],\"Effect\":\"Allow\",\"Resource\":[\"arn:aws:iam::831569350010:role/AWSAFTAdmin\"]},{\"Action\":\"sts:GetCallerIdentity\",\"Effect\":\"Allow\",\"Resource\":\"*\"},{\"Action\":[\"sns:Publish\"],\"Effect\":\"Allow\",\"Resource\":[\"arn:aws:sns:us-east-1:831569350010:aft-notifications\",\"arn:aws:sns:us-east-1:831569350010:aft-failure-notifications\"]},{\"Action\":[\"kms:GenerateDataKey\",\"kms:Encrypt\",\"kms:Decrypt\"],\"Effect\":\"Allow\",\"Resource\":[\"arn:aws:kms:us-east-1:831569350010:key/4c37dd67-0bc8-4877-83d6-47031c1aca28\",\"arn:aws:kms:us-east-1:831569350010:alias/aws/sns\"]}]}",
            "role": "aft-account-provisioning-framework-lambda-create-role-role"
          },
          "sensitive_attributes": [],
          "private": "bnVsbA==",
          "dependencies": [
            "module.aft.data.aws_partition.current",
            "module.aft.module.aft_account_provisioning_framework.aws_iam_role.aft_lambda_aft_account_provisioning_framework_create_role",
            "module.aft.module.aft_account_provisioning_framework.data.aws_caller_identity.aft_management",
            "module.aft.module.aft_account_provisioning_framework.data.aws_partition.current",
            "module.aft.module.aft_account_provisioning_framework.data.aws_region.aft_management",
            "module.aft.module.aft_account_request_framework.aws_kms_key.aft",
            "module.aft.module.aft_account_request_framework.aws_sns_topic.aft_failure_notifications",
            "module.aft.module.aft_account_request_framework.aws_sns_topic.aft_notifications"
          ]
        }
      ]
    },
    {
      "module": "module.aft.module.aft_account_provisioning_framework",
      "mode": "managed",
      "type": "aws_iam_role_policy",
      "name": "aft_invoke_aft_account_provisioning_framework_persist_metadata",
      "provider": "module.aft.provider[\"registry.terraform.io/hashicorp/aws\"].aft_management",
      "instances": [
        {
          "schema_version": 0,
          "attributes": {
            "id": "aft-account-provisioning-framework-lambda-persist-metadata-role:aft-lambda-invoke-aft-account-provisioning-framework-persist-metadata-policy",
            "name": "aft-lambda-invoke-aft-account-provisioning-framework-persist-metadata-policy",
            "name_prefix": null,
            "policy": "{\"Version\":\"2012-10-17\",\"Statement\":[{\"Action\":[\"dynamodb:BatchGetItem\",\"dynamodb:BatchWriteItem\",\"dynamodb:DeleteItem\",\"dynamodb:GetItem\",\"dynamodb:PutItem\",\"dynamodb:Query\",\"dynamodb:Scan\"],\"Effect\":\"Allow\",\"Resource\":[\"arn:aws:dynamodb:us-east-1:831569350010:table/aft*\"]},{\"Action\":\"ssm:GetParameter\",\"Effect\":\"Allow\",\"Resource\":[\"arn:aws:ssm:us-east-1:831569350010:parameter/aft/*\"]},{\"Action\":[\"sts:AssumeRole\"],\"Effect\":\"Allow\",\"Resource\":[\"arn:aws:iam::831569350010:role/AWSAFTAdmin\"]},{\"Action\":\"sts:GetCallerIdentity\",\"Effect\":\"Allow\",\"Resource\":\"*\"},{\"Action\":[\"sns:Publish\"],\"Effect\":\"Allow\",\"Resource\":[\"arn:aws:sns:us-east-1:831569350010:aft-notifications\",\"arn:aws:sns:us-east-1:831569350010:aft-failure-notifications\"]},{\"Action\":[\"kms:GenerateDataKey\",\"kms:Encrypt\",\"kms:Decrypt\"],\"Effect\":\"Allow\",\"Resource\":[\"arn:aws:kms:us-east-1:831569350010:key/4c37dd67-0bc8-4877-83d6-47031c1aca28\",\"arn:aws:kms:us-east-1:831569350010:alias/aws/sns\"]}]}",
            "role": "aft-account-provisioning-framework-lambda-persist-metadata-role"
          },
          "sensitive_attributes": [],
          "private": "bnVsbA==",
          "dependencies": [
            "module.aft.data.aws_partition.current",
            "module.aft.module.aft_account_provisioning_framework.aws_iam_role.aft_lambda_aft_account_provisioning_framework_persist_metadata",
            "module.aft.module.aft_account_provisioning_framework.data.aws_caller_identity.aft_management",
            "module.aft.module.aft_account_provisioning_framework.data.aws_partition.current",
            "module.aft.module.aft_account_provisioning_framework.data.aws_region.aft_management",
            "module.aft.module.aft_account_request_framework.aws_kms_key.aft",
            "module.aft.module.aft_account_request_framework.aws_sns_topic.aft_failure_notifications",
            "module.aft.module.aft_account_request_framework.aws_sns_topic.aft_notifications"
          ]
        }
      ]
    },
    {
      "module": "module.aft.module.aft_account_provisioning_framework",
      "mode": "managed",
      "type": "aws_iam_role_policy",
      "name": "aft_invoke_aft_account_provisioning_framework_tag_account",
      "provider": "module.aft.provider[\"registry.terraform.io/hashicorp/aws\"].aft_management",
      "instances": [
        {
          "schema_version": 0,
          "attributes": {
            "id": "aft-account-provisioning-framework-lambda-tag-account-role:aft-lambda-invoke-aft-account-provisioning-framework-tag-account-policy",
            "name": "aft-lambda-invoke-aft-account-provisioning-framework-tag-account-policy",
            "name_prefix": null,
            "policy": "{\"Version\":\"2012-10-17\",\"Statement\":[{\"Action\":[\"dynamodb:BatchGetItem\",\"dynamodb:BatchWriteItem\",\"dynamodb:DeleteItem\",\"dynamodb:GetItem\",\"dynamodb:PutItem\",\"dynamodb:Query\",\"dynamodb:Scan\"],\"Effect\":\"Allow\",\"Resource\":[\"arn:aws:dynamodb:us-east-1:831569350010:table/aft*\"]},{\"Action\":\"ssm:GetParameter\",\"Effect\":\"Allow\",\"Resource\":[\"arn:aws:ssm:us-east-1:831569350010:parameter/aft/*\"]},{\"Action\":[\"sts:AssumeRole\"],\"Effect\":\"Allow\",\"Resource\":[\"arn:aws:iam::831569350010:role/AWSAFTAdmin\"]},{\"Action\":\"sts:GetCallerIdentity\",\"Effect\":\"Allow\",\"Resource\":\"*\"},{\"Action\":[\"sns:Publish\"],\"Effect\":\"Allow\",\"Resource\":[\"arn:aws:sns:us-east-1:831569350010:aft-notifications\",\"arn:aws:sns:us-east-1:831569350010:aft-failure-notifications\"]},{\"Action\":[\"kms:GenerateDataKey\",\"kms:Encrypt\",\"kms:Decrypt\"],\"Effect\":\"Allow\",\"Resource\":[\"arn:aws:kms:us-east-1:831569350010:key/4c37dd67-0bc8-4877-83d6-47031c1aca28\",\"arn:aws:kms:us-east-1:831569350010:alias/aws/sns\"]}]}",
            "role": "aft-account-provisioning-framework-lambda-tag-account-role"
          },
          "sensitive_attributes": [],
          "private": "bnVsbA==",
          "dependencies": [
            "module.aft.data.aws_partition.current",
            "module.aft.module.aft_account_provisioning_framework.aws_iam_role.aft_lambda_aft_account_provisioning_framework_tag_account",
            "module.aft.module.aft_account_provisioning_framework.data.aws_caller_identity.aft_management",
            "module.aft.module.aft_account_provisioning_framework.data.aws_partition.current",
            "module.aft.module.aft_account_provisioning_framework.data.aws_region.aft_management",
            "module.aft.module.aft_account_request_framework.aws_kms_key.aft",
            "module.aft.module.aft_account_request_framework.aws_sns_topic.aft_failure_notifications",
            "module.aft.module.aft_account_request_framework.aws_sns_topic.aft_notifications"
          ]
        }
      ]
    },
    {
      "module": "module.aft.module.aft_account_provisioning_framework",
      "mode": "managed",
      "type": "aws_iam_role_policy",
      "name": "aft_states",
      "provider": "module.aft.provider[\"registry.terraform.io/hashicorp/aws\"].aft_management",
      "instances": [
        {
          "schema_version": 0,
          "attributes": {
            "id": "aft-states-execution-role:aft-account-provisioning-framework-states-policy",
            "name": "aft-account-provisioning-framework-states-policy",
            "name_prefix": null,
            "policy": "{\"Version\":\"2012-10-17\",\"Statement\":[{\"Action\":[\"events:*\"],\"Effect\":\"Allow\",\"Resource\":\"*\"},{\"Action\":\"states:StartExecution\",\"Effect\":\"Allow\",\"Resource\":\"arn:aws:states:us-east-1:831569350010:stateMachine:aft-*\"},{\"Action\":[\"lambda:InvokeFunction\"],\"Effect\":\"Allow\",\"Resource\":[\"arn:aws:lambda:us-east-1:831569350010:function:aft-*\"]},{\"Action\":[\"sns:Publish\"],\"Effect\":\"Allow\",\"Resource\":[\"arn:aws:sns:us-east-1:831569350010:aft-*\"]},{\"Action\":[\"codebuild:StartBuild\",\"codebuild:StopBuild\",\"codebuild:BatchGetBuilds\"],\"Effect\":\"Allow\",\"Resource\":[\"arn:aws:codebuild:us-east-1:831569350010:project/aft-*\"]},{\"Action\":[\"events:PutTargets\",\"events:PutRule\",\"events:DescribeRule\"],\"Effect\":\"Allow\",\"Resource\":[\"arn:aws:events:us-east-1:831569350010:rule/StepFunctionsGetEventForCodeBuildStartBuildRule\"]},{\"Action\":[\"states:DescribeExecution\"],\"Effect\":\"Allow\",\"Resource\":[\"arn:aws:states:us-east-1:831569350010:execution:aft-*\"]}]}",
            "role": "aft-states-execution-role"
          },
          "sensitive_attributes": [],
          "private": "bnVsbA==",
          "dependencies": [
            "module.aft.data.aws_partition.current",
            "module.aft.module.aft_account_provisioning_framework.aws_iam_role.aft_states",
            "module.aft.module.aft_account_provisioning_framework.data.aws_caller_identity.aft_management",
            "module.aft.module.aft_account_provisioning_framework.data.aws_partition.current",
            "module.aft.module.aft_account_provisioning_framework.data.aws_region.aft_management"
          ]
        }
      ]
    },
    {
      "module": "module.aft.module.aft_account_provisioning_framework",
      "mode": "managed",
      "type": "aws_iam_role_policy_attachment",
      "name": "aft_account_provisioning_framework_create_role",
      "provider": "module.aft.provider[\"registry.terraform.io/hashicorp/aws\"].aft_management",
      "instances": [
        {
          "index_key": 0,
          "schema_version": 0,
          "attributes": {
            "id": "aft-account-provisioning-framework-lambda-create-role-role-20230528055047031400000007",
            "policy_arn": "arn:aws:iam::aws:policy/service-role/AWSLambdaBasicExecutionRole",
            "role": "aft-account-provisioning-framework-lambda-create-role-role"
          },
          "sensitive_attributes": [],
          "private": "bnVsbA==",
          "dependencies": [
            "module.aft.data.aws_partition.current",
            "module.aft.module.aft_account_provisioning_framework.aws_iam_role.aft_lambda_aft_account_provisioning_framework_create_role",
            "module.aft.module.aft_account_provisioning_framework.data.aws_iam_policy.AWSLambdaBasicExecutionRole",
            "module.aft.module.aft_account_provisioning_framework.data.aws_iam_policy.AWSLambdaVPCAccessExecutionRole"
          ]
        },
        {
          "index_key": 1,
          "schema_version": 0,
          "attributes": {
            "id": "aft-account-provisioning-framework-lambda-create-role-role-20230528055047181900000008",
            "policy_arn": "arn:aws:iam::aws:policy/service-role/AWSLambdaVPCAccessExecutionRole",
            "role": "aft-account-provisioning-framework-lambda-create-role-role"
          },
          "sensitive_attributes": [],
          "private": "bnVsbA==",
          "dependencies": [
            "module.aft.data.aws_partition.current",
            "module.aft.module.aft_account_provisioning_framework.aws_iam_role.aft_lambda_aft_account_provisioning_framework_create_role",
            "module.aft.module.aft_account_provisioning_framework.data.aws_iam_policy.AWSLambdaBasicExecutionRole",
            "module.aft.module.aft_account_provisioning_framework.data.aws_iam_policy.AWSLambdaVPCAccessExecutionRole"
          ]
        }
      ]
    },
    {
      "module": "module.aft.module.aft_account_provisioning_framework",
      "mode": "managed",
      "type": "aws_iam_role_policy_attachment",
      "name": "aft_account_provisioning_framework_persist_metadata",
      "provider": "module.aft.provider[\"registry.terraform.io/hashicorp/aws\"].aft_management",
      "instances": [
        {
          "index_key": 0,
          "schema_version": 0,
          "attributes": {
            "id": "aft-account-provisioning-framework-lambda-persist-metadata-role-20230528055045948600000005",
            "policy_arn": "arn:aws:iam::aws:policy/service-role/AWSLambdaBasicExecutionRole",
            "role": "aft-account-provisioning-framework-lambda-persist-metadata-role"
          },
          "sensitive_attributes": [],
          "private": "bnVsbA==",
          "dependencies": [
            "module.aft.data.aws_partition.current",
            "module.aft.module.aft_account_provisioning_framework.aws_iam_role.aft_lambda_aft_account_provisioning_framework_persist_metadata",
            "module.aft.module.aft_account_provisioning_framework.data.aws_iam_policy.AWSLambdaBasicExecutionRole",
            "module.aft.module.aft_account_provisioning_framework.data.aws_iam_policy.AWSLambdaVPCAccessExecutionRole"
          ]
        },
        {
          "index_key": 1,
          "schema_version": 0,
          "attributes": {
            "id": "aft-account-provisioning-framework-lambda-persist-metadata-role-20230528055046427300000006",
            "policy_arn": "arn:aws:iam::aws:policy/service-role/AWSLambdaVPCAccessExecutionRole",
            "role": "aft-account-provisioning-framework-lambda-persist-metadata-role"
          },
          "sensitive_attributes": [],
          "private": "bnVsbA==",
          "dependencies": [
            "module.aft.data.aws_partition.current",
            "module.aft.module.aft_account_provisioning_framework.aws_iam_role.aft_lambda_aft_account_provisioning_framework_persist_metadata",
            "module.aft.module.aft_account_provisioning_framework.data.aws_iam_policy.AWSLambdaBasicExecutionRole",
            "module.aft.module.aft_account_provisioning_framework.data.aws_iam_policy.AWSLambdaVPCAccessExecutionRole"
          ]
        }
      ]
    },
    {
      "module": "module.aft.module.aft_account_provisioning_framework",
      "mode": "managed",
      "type": "aws_iam_role_policy_attachment",
      "name": "aft_account_provisioning_framework_tag_account",
      "provider": "module.aft.provider[\"registry.terraform.io/hashicorp/aws\"].aft_management",
      "instances": [
        {
          "index_key": 0,
          "schema_version": 0,
          "attributes": {
            "id": "aft-account-provisioning-framework-lambda-tag-account-role-20230528055029361800000003",
            "policy_arn": "arn:aws:iam::aws:policy/service-role/AWSLambdaBasicExecutionRole",
            "role": "aft-account-provisioning-framework-lambda-tag-account-role"
          },
          "sensitive_attributes": [],
          "private": "bnVsbA==",
          "dependencies": [
            "module.aft.data.aws_partition.current",
            "module.aft.module.aft_account_provisioning_framework.aws_iam_role.aft_lambda_aft_account_provisioning_framework_tag_account",
            "module.aft.module.aft_account_provisioning_framework.data.aws_iam_policy.AWSLambdaBasicExecutionRole",
            "module.aft.module.aft_account_provisioning_framework.data.aws_iam_policy.AWSLambdaVPCAccessExecutionRole"
          ]
        },
        {
          "index_key": 1,
          "schema_version": 0,
          "attributes": {
            "id": "aft-account-provisioning-framework-lambda-tag-account-role-20230528055030204800000004",
            "policy_arn": "arn:aws:iam::aws:policy/service-role/AWSLambdaVPCAccessExecutionRole",
            "role": "aft-account-provisioning-framework-lambda-tag-account-role"
          },
          "sensitive_attributes": [],
          "private": "bnVsbA==",
          "dependencies": [
            "module.aft.data.aws_partition.current",
            "module.aft.module.aft_account_provisioning_framework.aws_iam_role.aft_lambda_aft_account_provisioning_framework_tag_account",
            "module.aft.module.aft_account_provisioning_framework.data.aws_iam_policy.AWSLambdaBasicExecutionRole",
            "module.aft.module.aft_account_provisioning_framework.data.aws_iam_policy.AWSLambdaVPCAccessExecutionRole"
          ]
        }
      ]
    },
    {
      "module": "module.aft.module.aft_account_provisioning_framework",
      "mode": "managed",
      "type": "aws_lambda_function",
      "name": "account_metadata_ssm",
      "provider": "module.aft.provider[\"registry.terraform.io/hashicorp/aws\"].aft_management",
      "instances": [
        {
          "schema_version": 0,
          "attributes": {
            "architectures": [
              "x86_64"
            ],
            "arn": "arn:aws:lambda:us-east-1:831569350010:function:aft-account-provisioning-framework-account-metadata-ssm",
            "code_signing_config_arn": "",
            "dead_letter_config": [],
            "description": "AFT account provisioning framework - account_metadata_ssm",
            "environment": [],
            "ephemeral_storage": [
              {
                "size": 512
              }
            ],
            "file_system_config": [],
            "filename": ".terraform/modules/aft/modules/aft-archives/../../src/aft_lambda/aft_account_provisioning_framework.zip",
            "function_name": "aft-account-provisioning-framework-account-metadata-ssm",
            "handler": "aft_account_provisioning_framework_account_metadata_ssm.lambda_handler",
            "id": "aft-account-provisioning-framework-account-metadata-ssm",
            "image_config": [],
            "image_uri": "",
            "invoke_arn": "arn:aws:apigateway:us-east-1:lambda:path/2015-03-31/functions/arn:aws:lambda:us-east-1:831569350010:function:aft-account-provisioning-framework-account-metadata-ssm/invocations",
            "kms_key_arn": "",
            "last_modified": "2023-05-28T06:01:00.645+0000",
            "layers": [
              "arn:aws:lambda:us-east-1:831569350010:layer:aft-common-1-10-3:1"
            ],
            "memory_size": 1024,
            "package_type": "Zip",
            "publish": false,
            "qualified_arn": "arn:aws:lambda:us-east-1:831569350010:function:aft-account-provisioning-framework-account-metadata-ssm:$LATEST",
            "qualified_invoke_arn": "arn:aws:apigateway:us-east-1:lambda:path/2015-03-31/functions/arn:aws:lambda:us-east-1:831569350010:function:aft-account-provisioning-framework-account-metadata-ssm:$LATEST/invocations",
            "replace_security_groups_on_destroy": null,
            "replacement_security_group_ids": null,
            "reserved_concurrent_executions": -1,
            "role": "arn:aws:iam::831569350010:role/aft-account-provisioning-framework-lambda-persist-metadata-role",
            "runtime": "python3.9",
            "s3_bucket": null,
            "s3_key": null,
            "s3_object_version": null,
            "signing_job_arn": "",
            "signing_profile_version_arn": "",
            "skip_destroy": false,
            "snap_start": [],
            "source_code_hash": "NP+CyE7Pi4zra51hIrRDLI/GSd+Oy4Hy6igXrrkHlzo=",
            "source_code_size": 4797,
            "tags": null,
            "tags_all": {
              "managed_by": "AFT"
            },
            "timeout": 300,
            "timeouts": null,
            "tracing_config": [
              {
                "mode": "PassThrough"
              }
            ],
            "version": "$LATEST",
            "vpc_config": [
              {
                "security_group_ids": [
                  "sg-0a4310c8034e66ff9"
                ],
                "subnet_ids": [
                  "subnet-003c841febb2163f5",
                  "subnet-0970ebe4f59507674"
                ],
                "vpc_id": "vpc-06cdd138eab207cc9"
              }
            ]
          },
          "sensitive_attributes": [],
          "private": "eyJlMmJmYjczMC1lY2FhLTExZTYtOGY4OC0zNDM2M2JjN2M0YzAiOnsiY3JlYXRlIjo2MDAwMDAwMDAwMDAsImRlbGV0ZSI6NjAwMDAwMDAwMDAwLCJ1cGRhdGUiOjYwMDAwMDAwMDAwMH19",
          "dependencies": [
            "module.aft.data.aws_partition.current",
            "module.aft.data.local_file.version",
            "module.aft.module.aft_account_provisioning_framework.aws_iam_role.aft_lambda_aft_account_provisioning_framework_persist_metadata",
            "module.aft.module.aft_account_request_framework.aws_kms_key.aft",
            "module.aft.module.aft_account_request_framework.aws_security_group.aft_vpc_default_sg",
            "module.aft.module.aft_account_request_framework.aws_subnet.aft_vpc_private_subnet_01",
            "module.aft.module.aft_account_request_framework.aws_subnet.aft_vpc_private_subnet_02",
            "module.aft.module.aft_account_request_framework.aws_vpc.aft_vpc",
            "module.aft.module.aft_account_request_framework.data.aws_availability_zones.available",
            "module.aft.module.aft_customizations.aws_s3_bucket.aft_codepipeline_customizations_bucket",
            "module.aft.module.aft_customizations.data.aws_caller_identity.current",
            "module.aft.module.aft_lambda_layer.aws_codebuild_project.codebuild",
            "module.aft.module.aft_lambda_layer.aws_iam_role.codebuild",
            "module.aft.module.aft_lambda_layer.aws_iam_role.codebuild_invoker_lambda_role",
            "module.aft.module.aft_lambda_layer.aws_lambda_function.codebuild_invoker",
            "module.aft.module.aft_lambda_layer.aws_lambda_layer_version.layer_version",
            "module.aft.module.aft_lambda_layer.data.aws_lambda_invocation.invoke_codebuild_job",
            "module.aft.module.aft_lambda_layer.data.aws_partition.current",
            "module.aft.module.aft_lambda_layer.data.local_file.aft_lambda_layer",
            "module.aft.module.aft_lambda_layer.random_string.resource_suffix",
            "module.aft.module.packaging.data.archive_file.builder",
            "module.aft.module.packaging.data.archive_file.provisioning_framework"
          ]
        }
      ]
    },
    {
      "module": "module.aft.module.aft_account_provisioning_framework",
      "mode": "managed",
      "type": "aws_lambda_function",
      "name": "create_role",
      "provider": "module.aft.provider[\"registry.terraform.io/hashicorp/aws\"].aft_management",
      "instances": [
        {
          "schema_version": 0,
          "attributes": {
            "architectures": [
              "x86_64"
            ],
            "arn": "arn:aws:lambda:us-east-1:831569350010:function:aft-account-provisioning-framework-create-aft-execution-role",
            "code_signing_config_arn": "",
            "dead_letter_config": [],
            "description": "AFT account provisioning framework - create_role",
            "environment": [],
            "ephemeral_storage": [
              {
                "size": 512
              }
            ],
            "file_system_config": [],
            "filename": ".terraform/modules/aft/modules/aft-archives/../../src/aft_lambda/aft_account_provisioning_framework.zip",
            "function_name": "aft-account-provisioning-framework-create-aft-execution-role",
            "handler": "aft_account_provisioning_framework_create_role.lambda_handler",
            "id": "aft-account-provisioning-framework-create-aft-execution-role",
            "image_config": [],
            "image_uri": "",
            "invoke_arn": "arn:aws:apigateway:us-east-1:lambda:path/2015-03-31/functions/arn:aws:lambda:us-east-1:831569350010:function:aft-account-provisioning-framework-create-aft-execution-role/invocations",
            "kms_key_arn": "",
            "last_modified": "2023-05-28T06:00:43.469+0000",
            "layers": [
              "arn:aws:lambda:us-east-1:831569350010:layer:aft-common-1-10-3:1"
            ],
            "memory_size": 1024,
            "package_type": "Zip",
            "publish": false,
            "qualified_arn": "arn:aws:lambda:us-east-1:831569350010:function:aft-account-provisioning-framework-create-aft-execution-role:$LATEST",
            "qualified_invoke_arn": "arn:aws:apigateway:us-east-1:lambda:path/2015-03-31/functions/arn:aws:lambda:us-east-1:831569350010:function:aft-account-provisioning-framework-create-aft-execution-role:$LATEST/invocations",
            "replace_security_groups_on_destroy": null,
            "replacement_security_group_ids": null,
            "reserved_concurrent_executions": -1,
            "role": "arn:aws:iam::831569350010:role/aft-account-provisioning-framework-lambda-create-role-role",
            "runtime": "python3.9",
            "s3_bucket": null,
            "s3_key": null,
            "s3_object_version": null,
            "signing_job_arn": "",
            "signing_profile_version_arn": "",
            "skip_destroy": false,
            "snap_start": [],
            "source_code_hash": "NP+CyE7Pi4zra51hIrRDLI/GSd+Oy4Hy6igXrrkHlzo=",
            "source_code_size": 4797,
            "tags": null,
            "tags_all": {
              "managed_by": "AFT"
            },
            "timeout": 300,
            "timeouts": null,
            "tracing_config": [
              {
                "mode": "PassThrough"
              }
            ],
            "version": "$LATEST",
            "vpc_config": [
              {
                "security_group_ids": [
                  "sg-0a4310c8034e66ff9"
                ],
                "subnet_ids": [
                  "subnet-003c841febb2163f5",
                  "subnet-0970ebe4f59507674"
                ],
                "vpc_id": "vpc-06cdd138eab207cc9"
              }
            ]
          },
          "sensitive_attributes": [],
          "private": "eyJlMmJmYjczMC1lY2FhLTExZTYtOGY4OC0zNDM2M2JjN2M0YzAiOnsiY3JlYXRlIjo2MDAwMDAwMDAwMDAsImRlbGV0ZSI6NjAwMDAwMDAwMDAwLCJ1cGRhdGUiOjYwMDAwMDAwMDAwMH19",
          "dependencies": [
            "module.aft.data.aws_partition.current",
            "module.aft.data.local_file.version",
            "module.aft.module.aft_account_provisioning_framework.aws_iam_role.aft_lambda_aft_account_provisioning_framework_create_role",
            "module.aft.module.aft_account_request_framework.aws_kms_key.aft",
            "module.aft.module.aft_account_request_framework.aws_security_group.aft_vpc_default_sg",
            "module.aft.module.aft_account_request_framework.aws_subnet.aft_vpc_private_subnet_01",
            "module.aft.module.aft_account_request_framework.aws_subnet.aft_vpc_private_subnet_02",
            "module.aft.module.aft_account_request_framework.aws_vpc.aft_vpc",
            "module.aft.module.aft_account_request_framework.data.aws_availability_zones.available",
            "module.aft.module.aft_customizations.aws_s3_bucket.aft_codepipeline_customizations_bucket",
            "module.aft.module.aft_customizations.data.aws_caller_identity.current",
            "module.aft.module.aft_lambda_layer.aws_codebuild_project.codebuild",
            "module.aft.module.aft_lambda_layer.aws_iam_role.codebuild",
            "module.aft.module.aft_lambda_layer.aws_iam_role.codebuild_invoker_lambda_role",
            "module.aft.module.aft_lambda_layer.aws_lambda_function.codebuild_invoker",
            "module.aft.module.aft_lambda_layer.aws_lambda_layer_version.layer_version",
            "module.aft.module.aft_lambda_layer.data.aws_lambda_invocation.invoke_codebuild_job",
            "module.aft.module.aft_lambda_layer.data.aws_partition.current",
            "module.aft.module.aft_lambda_layer.data.local_file.aft_lambda_layer",
            "module.aft.module.aft_lambda_layer.random_string.resource_suffix",
            "module.aft.module.packaging.data.archive_file.builder",
            "module.aft.module.packaging.data.archive_file.provisioning_framework"
          ]
        }
      ]
    },
    {
      "module": "module.aft.module.aft_account_provisioning_framework",
      "mode": "managed",
      "type": "aws_lambda_function",
      "name": "persist_metadata",
      "provider": "module.aft.provider[\"registry.terraform.io/hashicorp/aws\"].aft_management",
      "instances": [
        {
          "schema_version": 0,
          "attributes": {
            "architectures": [
              "x86_64"
            ],
            "arn": "arn:aws:lambda:us-east-1:831569350010:function:aft-account-provisioning-framework-persist-metadata",
            "code_signing_config_arn": "",
            "dead_letter_config": [],
            "description": "AFT account provisioning framework - persist_metadata",
            "environment": [],
            "ephemeral_storage": [
              {
                "size": 512
              }
            ],
            "file_system_config": [],
            "filename": ".terraform/modules/aft/modules/aft-archives/../../src/aft_lambda/aft_account_provisioning_framework.zip",
            "function_name": "aft-account-provisioning-framework-persist-metadata",
            "handler": "aft_account_provisioning_framework_persist_metadata.lambda_handler",
            "id": "aft-account-provisioning-framework-persist-metadata",
            "image_config": [],
            "image_uri": "",
            "invoke_arn": "arn:aws:apigateway:us-east-1:lambda:path/2015-03-31/functions/arn:aws:lambda:us-east-1:831569350010:function:aft-account-provisioning-framework-persist-metadata/invocations",
            "kms_key_arn": "",
            "last_modified": "2023-05-28T06:00:19.668+0000",
            "layers": [
              "arn:aws:lambda:us-east-1:831569350010:layer:aft-common-1-10-3:1"
            ],
            "memory_size": 1024,
            "package_type": "Zip",
            "publish": false,
            "qualified_arn": "arn:aws:lambda:us-east-1:831569350010:function:aft-account-provisioning-framework-persist-metadata:$LATEST",
            "qualified_invoke_arn": "arn:aws:apigateway:us-east-1:lambda:path/2015-03-31/functions/arn:aws:lambda:us-east-1:831569350010:function:aft-account-provisioning-framework-persist-metadata:$LATEST/invocations",
            "replace_security_groups_on_destroy": null,
            "replacement_security_group_ids": null,
            "reserved_concurrent_executions": -1,
            "role": "arn:aws:iam::831569350010:role/aft-account-provisioning-framework-lambda-persist-metadata-role",
            "runtime": "python3.9",
            "s3_bucket": null,
            "s3_key": null,
            "s3_object_version": null,
            "signing_job_arn": "",
            "signing_profile_version_arn": "",
            "skip_destroy": false,
            "snap_start": [],
            "source_code_hash": "NP+CyE7Pi4zra51hIrRDLI/GSd+Oy4Hy6igXrrkHlzo=",
            "source_code_size": 4797,
            "tags": null,
            "tags_all": {
              "managed_by": "AFT"
            },
            "timeout": 300,
            "timeouts": null,
            "tracing_config": [
              {
                "mode": "PassThrough"
              }
            ],
            "version": "$LATEST",
            "vpc_config": [
              {
                "security_group_ids": [
                  "sg-0a4310c8034e66ff9"
                ],
                "subnet_ids": [
                  "subnet-003c841febb2163f5",
                  "subnet-0970ebe4f59507674"
                ],
                "vpc_id": "vpc-06cdd138eab207cc9"
              }
            ]
          },
          "sensitive_attributes": [],
          "private": "eyJlMmJmYjczMC1lY2FhLTExZTYtOGY4OC0zNDM2M2JjN2M0YzAiOnsiY3JlYXRlIjo2MDAwMDAwMDAwMDAsImRlbGV0ZSI6NjAwMDAwMDAwMDAwLCJ1cGRhdGUiOjYwMDAwMDAwMDAwMH19",
          "dependencies": [
            "module.aft.data.aws_partition.current",
            "module.aft.data.local_file.version",
            "module.aft.module.aft_account_provisioning_framework.aws_iam_role.aft_lambda_aft_account_provisioning_framework_persist_metadata",
            "module.aft.module.aft_account_request_framework.aws_kms_key.aft",
            "module.aft.module.aft_account_request_framework.aws_security_group.aft_vpc_default_sg",
            "module.aft.module.aft_account_request_framework.aws_subnet.aft_vpc_private_subnet_01",
            "module.aft.module.aft_account_request_framework.aws_subnet.aft_vpc_private_subnet_02",
            "module.aft.module.aft_account_request_framework.aws_vpc.aft_vpc",
            "module.aft.module.aft_account_request_framework.data.aws_availability_zones.available",
            "module.aft.module.aft_customizations.aws_s3_bucket.aft_codepipeline_customizations_bucket",
            "module.aft.module.aft_customizations.data.aws_caller_identity.current",
            "module.aft.module.aft_lambda_layer.aws_codebuild_project.codebuild",
            "module.aft.module.aft_lambda_layer.aws_iam_role.codebuild",
            "module.aft.module.aft_lambda_layer.aws_iam_role.codebuild_invoker_lambda_role",
            "module.aft.module.aft_lambda_layer.aws_lambda_function.codebuild_invoker",
            "module.aft.module.aft_lambda_layer.aws_lambda_layer_version.layer_version",
            "module.aft.module.aft_lambda_layer.data.aws_lambda_invocation.invoke_codebuild_job",
            "module.aft.module.aft_lambda_layer.data.aws_partition.current",
            "module.aft.module.aft_lambda_layer.data.local_file.aft_lambda_layer",
            "module.aft.module.aft_lambda_layer.random_string.resource_suffix",
            "module.aft.module.packaging.data.archive_file.builder",
            "module.aft.module.packaging.data.archive_file.provisioning_framework"
          ]
        }
      ]
    },
    {
      "module": "module.aft.module.aft_account_provisioning_framework",
      "mode": "managed",
      "type": "aws_lambda_function",
      "name": "tag_account",
      "provider": "module.aft.provider[\"registry.terraform.io/hashicorp/aws\"].aft_management",
      "instances": [
        {
          "schema_version": 0,
          "attributes": {
            "architectures": [
              "x86_64"
            ],
            "arn": "arn:aws:lambda:us-east-1:831569350010:function:aft-account-provisioning-framework-tag-account",
            "code_signing_config_arn": "",
            "dead_letter_config": [],
            "description": "AFT account provisioning framework - tag_account",
            "environment": [],
            "ephemeral_storage": [
              {
                "size": 512
              }
            ],
            "file_system_config": [],
            "filename": ".terraform/modules/aft/modules/aft-archives/../../src/aft_lambda/aft_account_provisioning_framework.zip",
            "function_name": "aft-account-provisioning-framework-tag-account",
            "handler": "aft_account_provisioning_framework_tag_account.lambda_handler",
            "id": "aft-account-provisioning-framework-tag-account",
            "image_config": [],
            "image_uri": "",
            "invoke_arn": "arn:aws:apigateway:us-east-1:lambda:path/2015-03-31/functions/arn:aws:lambda:us-east-1:831569350010:function:aft-account-provisioning-framework-tag-account/invocations",
            "kms_key_arn": "",
            "last_modified": "2023-05-28T06:01:12.549+0000",
            "layers": [
              "arn:aws:lambda:us-east-1:831569350010:layer:aft-common-1-10-3:1"
            ],
            "memory_size": 1024,
            "package_type": "Zip",
            "publish": false,
            "qualified_arn": "arn:aws:lambda:us-east-1:831569350010:function:aft-account-provisioning-framework-tag-account:$LATEST",
            "qualified_invoke_arn": "arn:aws:apigateway:us-east-1:lambda:path/2015-03-31/functions/arn:aws:lambda:us-east-1:831569350010:function:aft-account-provisioning-framework-tag-account:$LATEST/invocations",
            "replace_security_groups_on_destroy": null,
            "replacement_security_group_ids": null,
            "reserved_concurrent_executions": -1,
            "role": "arn:aws:iam::831569350010:role/aft-account-provisioning-framework-lambda-tag-account-role",
            "runtime": "python3.9",
            "s3_bucket": null,
            "s3_key": null,
            "s3_object_version": null,
            "signing_job_arn": "",
            "signing_profile_version_arn": "",
            "skip_destroy": false,
            "snap_start": [],
            "source_code_hash": "NP+CyE7Pi4zra51hIrRDLI/GSd+Oy4Hy6igXrrkHlzo=",
            "source_code_size": 4797,
            "tags": null,
            "tags_all": {
              "managed_by": "AFT"
            },
            "timeout": 300,
            "timeouts": null,
            "tracing_config": [
              {
                "mode": "PassThrough"
              }
            ],
            "version": "$LATEST",
            "vpc_config": [
              {
                "security_group_ids": [
                  "sg-0a4310c8034e66ff9"
                ],
                "subnet_ids": [
                  "subnet-003c841febb2163f5",
                  "subnet-0970ebe4f59507674"
                ],
                "vpc_id": "vpc-06cdd138eab207cc9"
              }
            ]
          },
          "sensitive_attributes": [],
          "private": "eyJlMmJmYjczMC1lY2FhLTExZTYtOGY4OC0zNDM2M2JjN2M0YzAiOnsiY3JlYXRlIjo2MDAwMDAwMDAwMDAsImRlbGV0ZSI6NjAwMDAwMDAwMDAwLCJ1cGRhdGUiOjYwMDAwMDAwMDAwMH19",
          "dependencies": [
            "module.aft.data.aws_partition.current",
            "module.aft.data.local_file.version",
            "module.aft.module.aft_account_provisioning_framework.aws_iam_role.aft_lambda_aft_account_provisioning_framework_tag_account",
            "module.aft.module.aft_account_request_framework.aws_kms_key.aft",
            "module.aft.module.aft_account_request_framework.aws_security_group.aft_vpc_default_sg",
            "module.aft.module.aft_account_request_framework.aws_subnet.aft_vpc_private_subnet_01",
            "module.aft.module.aft_account_request_framework.aws_subnet.aft_vpc_private_subnet_02",
            "module.aft.module.aft_account_request_framework.aws_vpc.aft_vpc",
            "module.aft.module.aft_account_request_framework.data.aws_availability_zones.available",
            "module.aft.module.aft_customizations.aws_s3_bucket.aft_codepipeline_customizations_bucket",
            "module.aft.module.aft_customizations.data.aws_caller_identity.current",
            "module.aft.module.aft_lambda_layer.aws_codebuild_project.codebuild",
            "module.aft.module.aft_lambda_layer.aws_iam_role.codebuild",
            "module.aft.module.aft_lambda_layer.aws_iam_role.codebuild_invoker_lambda_role",
            "module.aft.module.aft_lambda_layer.aws_lambda_function.codebuild_invoker",
            "module.aft.module.aft_lambda_layer.aws_lambda_layer_version.layer_version",
            "module.aft.module.aft_lambda_layer.data.aws_lambda_invocation.invoke_codebuild_job",
            "module.aft.module.aft_lambda_layer.data.aws_partition.current",
            "module.aft.module.aft_lambda_layer.data.local_file.aft_lambda_layer",
            "module.aft.module.aft_lambda_layer.random_string.resource_suffix",
            "module.aft.module.packaging.data.archive_file.builder",
            "module.aft.module.packaging.data.archive_file.provisioning_framework"
          ]
        }
      ]
    },
    {
      "module": "module.aft.module.aft_account_provisioning_framework",
      "mode": "managed",
      "type": "aws_sfn_state_machine",
      "name": "aft_account_provisioning_framework_sfn",
      "provider": "module.aft.provider[\"registry.terraform.io/hashicorp/aws\"].aft_management",
      "instances": [
        {
          "schema_version": 0,
          "attributes": {
            "arn": "arn:aws:states:us-east-1:831569350010:stateMachine:aft-account-provisioning-framework",
            "creation_date": "2023-05-28T06:01:36Z",
            "definition": "{\n  \"StartAt\": \"aft_account_provisioning_framework_persist_metadata\",\n  \"States\": {\n    \"aft_account_provisioning_framework_persist_metadata\": {\n      \"Next\": \"aft_account_provisioning_framework_create_role\",\n      \"Type\": \"Task\",\n      \"Resource\": \"arn:aws:states:::lambda:invoke\",\n      \"ResultPath\": \"$.persist_metadata\",\n      \"ResultSelector\": {\"StatusCode.$\":\"$.StatusCode\"},\n      \"Parameters\": {\n        \"FunctionName\": \"aft-account-provisioning-framework-persist-metadata\",\n        \"Payload\": {\n          \"job_name.$\": \"$$.Execution.Name\",\n          \"payload.$\": \"$\",\n          \"action\": \"persist_metadata\"\n        }\n      },\n      \"Catch\": [\n        {\n          \"ErrorEquals\": [\"States.ALL\"],\n          \"Next\": \"aft_account_provisioning_framework_notify_error\"\n        }\n      ]\n    },\n    \"aft_account_provisioning_framework_create_role\": {\n      \"Next\": \"aft_account_provisioning_framework_tag_account\",\n      \"Type\": \"Task\",\n      \"Resource\": \"arn:aws:states:::lambda:invoke\",\n      \"ResultPath\": \"$.role\",\n      \"ResultSelector\": {\"Arn.$\":\"$.Payload\"},\n      \"Parameters\": {\n        \"FunctionName\": \"aft-account-provisioning-framework-create-aft-execution-role\",\n        \"Payload\": {\n          \"job_name.$\": \"$$.Execution.Name\",\n          \"payload.$\": \"$\",\n          \"action\": \"create_role\"\n        }\n      },\n      \"Retry\": [\n        {\n          \"ErrorEquals\": [\"States.ALL\"],\n          \"BackoffRate\": 1.5,\n          \"IntervalSeconds\": 60,\n          \"MaxAttempts\": 5\n        }\n      ],\n      \"Catch\": [\n        {\n          \"ErrorEquals\": [\"States.ALL\"],\n          \"Next\": \"aft_account_provisioning_framework_notify_error\"\n        }\n      ]\n    },\n    \"aft_account_provisioning_framework_tag_account\": {\n      \"Next\": \"aft_account_provisioning_framework_account_metadata_ssm\",\n      \"Type\": \"Task\",\n      \"Resource\": \"arn:aws:states:::lambda:invoke\",\n      \"ResultPath\": \"$.account_tags\",\n      \"ResultSelector\": {\"StatusCode.$\":\"$.StatusCode\"},\n      \"Parameters\": {\n        \"FunctionName\": \"aft-account-provisioning-framework-tag-account\",\n        \"Payload\": {\n          \"job_name.$\": \"$$.Execution.Name\",\n          \"payload.$\": \"$\",\n          \"action\": \"tag_account\",\n          \"account_info.$\": \"$.account_info\"\n        }\n      },\n      \"Catch\": [\n        {\n          \"ErrorEquals\": [\"States.ALL\"],\n          \"Next\": \"aft_account_provisioning_framework_notify_error\"\n        }\n      ]\n    },\n    \"aft_account_provisioning_framework_account_metadata_ssm\": {\n      \"Next\": \"aft_account_provisioning_framework_aft_features\",\n      \"Type\": \"Task\",\n      \"Resource\": \"arn:aws:states:::lambda:invoke\",\n      \"ResultPath\": \"$.account_metadata_ssm\",\n      \"ResultSelector\": {\"StatusCode.$\":\"$.StatusCode\"},\n      \"Parameters\": {\n        \"FunctionName\": \"aft-account-provisioning-framework-account-metadata-ssm\",\n        \"Payload\": {\n          \"job_name.$\": \"$$.Execution.Name\",\n          \"payload.$\": \"$\",\n          \"action\": \"account_metadata_ssm\",\n          \"account_info.$\": \"$.account_info\"\n        }\n      },\n      \"Catch\": [\n        {\n          \"ErrorEquals\": [\"States.ALL\"],\n          \"Next\": \"aft_account_provisioning_framework_notify_error\"\n        }\n      ]\n    },\n    \"aft_account_provisioning_framework_aft_features\": {\n      \"Next\": \"aft_account_provisioning_customizations\",\n      \"Type\": \"Task\",\n      \"Resource\": \"arn:aws:states:::states:startExecution.sync:2\",\n      \"Parameters\": {\n        \"StateMachineArn\": \"arn:aws:states:us-east-1:831569350010:stateMachine:aft-feature-options\",\n        \"Input.$\": \"$\"\n      }\n    },\n    \"aft_account_provisioning_customizations\": {\n      \"Next\": \"run_create_pipeline?\",\n      \"Type\": \"Task\",\n      \"Resource\": \"arn:aws:states:::states:startExecution.sync:2\",\n      \"Parameters\": {\n        \"StateMachineArn\": \"arn:aws:states:us-east-1:831569350010:stateMachine:aft-account-provisioning-customizations\",\n        \"Input.$\": \"$.Input\"\n      },\n      \"Catch\": [\n        {\n          \"ErrorEquals\": [\"States.ALL\"],\n          \"Next\": \"run_create_pipeline?\"\n        }\n      ]\n    },\n    \"run_create_pipeline?\": {\n      \"Type\": \"Choice\",\n      \"Choices\": [\n        {\n          \"Variable\": \"$.Input.account_provisioning.run_create_pipeline\",\n          \"StringEquals\": \"true\",\n          \"Next\": \"aft_account_provisioning_framework_create_pipeline\"\n        }\n      ],\n      \"Default\": \"aft_account_provisioning_framework_notify_success\"\n    },\n    \"aft_account_provisioning_framework_create_pipeline\": {\n      \"Next\": \"aft_account_provisioning_framework_notify_success\",\n      \"Type\": \"Task\",\n      \"Resource\": \"arn:aws:states:::codebuild:startBuild.sync\",\n      \"Parameters\": {\n        \"ProjectName\": \"aft-create-pipeline\",\n        \"EnvironmentVariablesOverride\": [\n          {\n            \"Name\": \"VENDED_ACCOUNT_ID\",\n            \"Type\": \"PLAINTEXT\",\n            \"Value.$\": \"$.Input.account_info.account.id\"\n          }\n        ]\n      },\n      \"ResultPath\": \"$.aft_account_provisioning_framework_create_pipeline\",\n      \"ResultSelector\": {\n        \"StatusCode.$\": \"$.SdkHttpMetadata.HttpStatusCode\",\n        \"BuildStatus.$\": \"$.Build.BuildStatus\",\n        \"BuildComplete.$\": \"$.Build.BuildComplete\"\n      },\n      \"Catch\": [\n        {\n          \"ErrorEquals\": [\"States.ALL\"],\n          \"Next\": \"aft_account_provisioning_framework_notify_error\"\n        }\n      ]\n    },\n    \"aft_account_provisioning_framework_notify_success\": {\n      \"Type\": \"Task\",\n      \"Resource\": \"arn:aws:states:::sns:publish\",\n      \"Parameters\": {\n        \"TopicArn\": \"arn:aws:sns:us-east-1:831569350010:aft-notifications\",\n        \"Message.$\": \"$\"\n      },\n      \"End\": true\n    },\n    \"aft_account_provisioning_framework_notify_error\": {\n      \"Type\": \"Task\",\n      \"Resource\": \"arn:aws:states:::sns:publish\",\n      \"Parameters\": {\n        \"TopicArn\": \"arn:aws:sns:us-east-1:831569350010:aft-failure-notifications\",\n        \"Message.$\": \"$.Cause\"\n      },\n      \"Next\": \"Failed\"\n    },\n    \"Failed\": {\n      \"Type\": \"Fail\"\n    }\n  }\n}\n",
            "id": "arn:aws:states:us-east-1:831569350010:stateMachine:aft-account-provisioning-framework",
            "logging_configuration": [
              {
                "include_execution_data": false,
                "level": "OFF",
                "log_destination": ""
              }
            ],
            "name": "aft-account-provisioning-framework",
            "name_prefix": "",
            "role_arn": "arn:aws:iam::831569350010:role/aft-states-execution-role",
            "status": "ACTIVE",
            "tags": null,
            "tags_all": {
              "managed_by": "AFT"
            },
            "timeouts": null,
            "tracing_configuration": [
              {
                "enabled": false
              }
            ],
            "type": "STANDARD"
          },
          "sensitive_attributes": [],
          "private": "eyJlMmJmYjczMC1lY2FhLTExZTYtOGY4OC0zNDM2M2JjN2M0YzAiOnsiY3JlYXRlIjozMDAwMDAwMDAwMDAsImRlbGV0ZSI6MzAwMDAwMDAwMDAwLCJ1cGRhdGUiOjYwMDAwMDAwMDAwfX0=",
          "dependencies": [
            "module.aft.data.aws_partition.current",
            "module.aft.data.local_file.version",
            "module.aft.module.aft_account_provisioning_framework.aws_iam_role.aft_lambda_aft_account_provisioning_framework_create_role",
            "module.aft.module.aft_account_provisioning_framework.aws_iam_role.aft_lambda_aft_account_provisioning_framework_persist_metadata",
            "module.aft.module.aft_account_provisioning_framework.aws_iam_role.aft_lambda_aft_account_provisioning_framework_tag_account",
            "module.aft.module.aft_account_provisioning_framework.aws_iam_role.aft_states",
            "module.aft.module.aft_account_provisioning_framework.aws_lambda_function.account_metadata_ssm",
            "module.aft.module.aft_account_provisioning_framework.aws_lambda_function.create_role",
            "module.aft.module.aft_account_provisioning_framework.aws_lambda_function.persist_metadata",
            "module.aft.module.aft_account_provisioning_framework.aws_lambda_function.tag_account",
            "module.aft.module.aft_account_provisioning_framework.data.aws_caller_identity.aft_management",
            "module.aft.module.aft_account_provisioning_framework.data.aws_partition.current",
            "module.aft.module.aft_account_provisioning_framework.data.aws_region.aft_management",
            "module.aft.module.aft_account_request_framework.aws_kms_key.aft",
            "module.aft.module.aft_account_request_framework.aws_security_group.aft_vpc_default_sg",
            "module.aft.module.aft_account_request_framework.aws_sns_topic.aft_failure_notifications",
            "module.aft.module.aft_account_request_framework.aws_sns_topic.aft_notifications",
            "module.aft.module.aft_account_request_framework.aws_subnet.aft_vpc_private_subnet_01",
            "module.aft.module.aft_account_request_framework.aws_subnet.aft_vpc_private_subnet_02",
            "module.aft.module.aft_account_request_framework.aws_vpc.aft_vpc",
            "module.aft.module.aft_account_request_framework.data.aws_availability_zones.available",
            "module.aft.module.aft_customizations.aws_s3_bucket.aft_codepipeline_customizations_bucket",
            "module.aft.module.aft_customizations.data.aws_caller_identity.current",
            "module.aft.module.aft_lambda_layer.aws_codebuild_project.codebuild",
            "module.aft.module.aft_lambda_layer.aws_iam_role.codebuild",
            "module.aft.module.aft_lambda_layer.aws_iam_role.codebuild_invoker_lambda_role",
            "module.aft.module.aft_lambda_layer.aws_lambda_function.codebuild_invoker",
            "module.aft.module.aft_lambda_layer.aws_lambda_layer_version.layer_version",
            "module.aft.module.aft_lambda_layer.data.aws_lambda_invocation.invoke_codebuild_job",
            "module.aft.module.aft_lambda_layer.data.aws_partition.current",
            "module.aft.module.aft_lambda_layer.data.local_file.aft_lambda_layer",
            "module.aft.module.aft_lambda_layer.random_string.resource_suffix",
            "module.aft.module.packaging.data.archive_file.builder",
            "module.aft.module.packaging.data.archive_file.provisioning_framework"
          ]
        }
      ]
    },
    {
      "module": "module.aft.module.aft_account_request_framework",
      "mode": "data",
      "type": "aws_availability_zones",
      "name": "available",
      "provider": "module.aft.provider[\"registry.terraform.io/hashicorp/aws\"].aft_management",
      "instances": [
        {
          "schema_version": 0,
          "attributes": {
            "all_availability_zones": null,
            "exclude_names": null,
            "exclude_zone_ids": null,
            "filter": null,
            "group_names": [
              "us-east-1"
            ],
            "id": "us-east-1",
            "names": [
              "us-east-1a",
              "us-east-1b",
              "us-east-1c",
              "us-east-1d",
              "us-east-1e",
              "us-east-1f"
            ],
            "state": "available",
            "timeouts": null,
            "zone_ids": [
              "use1-az6",
              "use1-az1",
              "use1-az2",
              "use1-az4",
              "use1-az3",
              "use1-az5"
            ]
          },
          "sensitive_attributes": []
        }
      ]
    },
    {
      "module": "module.aft.module.aft_account_request_framework",
      "mode": "data",
      "type": "aws_caller_identity",
      "name": "aft-management",
      "provider": "module.aft.provider[\"registry.terraform.io/hashicorp/aws\"].aft_management",
      "instances": [
        {
          "schema_version": 0,
          "attributes": {
            "account_id": "831569350010",
            "arn": "arn:aws:sts::831569350010:assumed-role/AWSControlTowerExecution/AWSAFT-Session",
            "id": "831569350010",
            "user_id": "AROA4DHLFJV5N4XQRN7FN:AWSAFT-Session"
          },
          "sensitive_attributes": []
        }
      ]
    },
    {
      "module": "module.aft.module.aft_account_request_framework",
      "mode": "data",
      "type": "aws_caller_identity",
      "name": "ct-management",
      "provider": "module.aft.provider[\"registry.terraform.io/hashicorp/aws\"].ct_management",
      "instances": [
        {
          "schema_version": 0,
          "attributes": {
            "account_id": "165374174101",
            "arn": "arn:aws:iam::165374174101:user/santuaft",
            "id": "165374174101",
            "user_id": "AIDASNAIRUOK56M7P7OM5"
          },
          "sensitive_attributes": []
        }
      ]
    },
    {
      "module": "module.aft.module.aft_account_request_framework",
      "mode": "data",
      "type": "aws_iam_policy",
      "name": "AWSLambdaBasicExecutionRole",
      "provider": "module.aft.provider[\"registry.terraform.io/hashicorp/aws\"].aft_management",
      "instances": [
        {
          "schema_version": 0,
          "attributes": {
            "arn": "arn:aws:iam::aws:policy/service-role/AWSLambdaBasicExecutionRole",
            "description": "Provides write permissions to CloudWatch Logs.",
            "id": "arn:aws:iam::aws:policy/service-role/AWSLambdaBasicExecutionRole",
            "name": "AWSLambdaBasicExecutionRole",
            "path": "/service-role/",
            "path_prefix": null,
            "policy": "{\n  \"Version\": \"2012-10-17\",\n  \"Statement\": [\n    {\n      \"Effect\": \"Allow\",\n      \"Action\": [\n        \"logs:CreateLogGroup\",\n        \"logs:CreateLogStream\",\n        \"logs:PutLogEvents\"\n      ],\n      \"Resource\": \"*\"\n    }\n  ]\n}",
            "policy_id": "ANPAJNCQGXC42545SKXIK",
            "tags": {}
          },
          "sensitive_attributes": []
        }
      ]
    },
    {
      "module": "module.aft.module.aft_account_request_framework",
      "mode": "data",
      "type": "aws_iam_policy",
      "name": "AWSLambdaVPCAccessExecutionRole",
      "provider": "module.aft.provider[\"registry.terraform.io/hashicorp/aws\"].aft_management",
      "instances": [
        {
          "schema_version": 0,
          "attributes": {
            "arn": "arn:aws:iam::aws:policy/service-role/AWSLambdaVPCAccessExecutionRole",
            "description": "Provides minimum permissions for a Lambda function to execute while accessing a resource within a VPC - create, describe, delete network interfaces and write permissions to CloudWatch Logs. ",
            "id": "arn:aws:iam::aws:policy/service-role/AWSLambdaVPCAccessExecutionRole",
            "name": "AWSLambdaVPCAccessExecutionRole",
            "path": "/service-role/",
            "path_prefix": null,
            "policy": "{\n  \"Version\": \"2012-10-17\",\n  \"Statement\": [\n    {\n      \"Effect\": \"Allow\",\n      \"Action\": [\n        \"logs:CreateLogGroup\",\n        \"logs:CreateLogStream\",\n        \"logs:PutLogEvents\",\n        \"ec2:CreateNetworkInterface\",\n        \"ec2:DescribeNetworkInterfaces\",\n        \"ec2:DeleteNetworkInterface\",\n        \"ec2:AssignPrivateIpAddresses\",\n        \"ec2:UnassignPrivateIpAddresses\"\n      ],\n      \"Resource\": \"*\"\n    }\n  ]\n}",
            "policy_id": "ANPAJVTME3YLVNL72YR2K",
            "tags": {}
          },
          "sensitive_attributes": []
        }
      ]
    },
    {
      "module": "module.aft.module.aft_account_request_framework",
      "mode": "data",
      "type": "aws_partition",
      "name": "current",
      "provider": "module.aft.provider[\"registry.terraform.io/hashicorp/aws\"].aft_management",
      "instances": [
        {
          "schema_version": 0,
          "attributes": {
            "dns_suffix": "amazonaws.com",
            "id": "aws",
            "partition": "aws",
            "reverse_dns_prefix": "com.amazonaws"
          },
          "sensitive_attributes": []
        }
      ]
    },
    {
      "module": "module.aft.module.aft_account_request_framework",
      "mode": "data",
      "type": "aws_region",
      "name": "aft-management",
      "provider": "module.aft.provider[\"registry.terraform.io/hashicorp/aws\"].aft_management",
      "instances": [
        {
          "schema_version": 0,
          "attributes": {
            "description": "US East (N. Virginia)",
            "endpoint": "ec2.us-east-1.amazonaws.com",
            "id": "us-east-1",
            "name": "us-east-1"
          },
          "sensitive_attributes": []
        }
      ]
    },
    {
      "module": "module.aft.module.aft_account_request_framework",
      "mode": "data",
      "type": "aws_subnets",
      "name": "codebuild",
      "provider": "module.aft.provider[\"registry.terraform.io/hashicorp/aws\"].aft_management",
      "instances": [
        {
          "index_key": 0,
          "schema_version": 0,
          "attributes": {
            "filter": [
              {
                "name": "availability-zone",
                "values": [
                  "us-east-1a",
                  "us-east-1b",
                  "us-east-1c",
                  "us-east-1d",
                  "us-east-1e",
                  "us-east-1f"
                ]
              },
              {
                "name": "subnet-id",
                "values": [
                  "subnet-003c841febb2163f5",
                  "subnet-0970ebe4f59507674"
                ]
              },
              {
                "name": "vpc-id",
                "values": [
                  "vpc-06cdd138eab207cc9"
                ]
              }
            ],
            "id": "us-east-1",
            "ids": [
              "subnet-0970ebe4f59507674",
              "subnet-003c841febb2163f5"
            ],
            "tags": null,
            "timeouts": null
          },
          "sensitive_attributes": []
        }
      ]
    },
    {
      "module": "module.aft.module.aft_account_request_framework",
      "mode": "data",
      "type": "aws_subnets",
      "name": "codecommit",
      "provider": "module.aft.provider[\"registry.terraform.io/hashicorp/aws\"].aft_management",
      "instances": [
        {
          "index_key": 0,
          "schema_version": 0,
          "attributes": {
            "filter": [
              {
                "name": "availability-zone",
                "values": [
                  "us-east-1a",
                  "us-east-1b",
                  "us-east-1c",
                  "us-east-1d",
                  "us-east-1e",
                  "us-east-1f"
                ]
              },
              {
                "name": "subnet-id",
                "values": [
                  "subnet-003c841febb2163f5",
                  "subnet-0970ebe4f59507674"
                ]
              },
              {
                "name": "vpc-id",
                "values": [
                  "vpc-06cdd138eab207cc9"
                ]
              }
            ],
            "id": "us-east-1",
            "ids": [
              "subnet-0970ebe4f59507674",
              "subnet-003c841febb2163f5"
            ],
            "tags": null,
            "timeouts": null
          },
          "sensitive_attributes": []
        }
      ]
    },
    {
      "module": "module.aft.module.aft_account_request_framework",
      "mode": "data",
      "type": "aws_subnets",
      "name": "codepipeline",
      "provider": "module.aft.provider[\"registry.terraform.io/hashicorp/aws\"].aft_management",
      "instances": [
        {
          "index_key": 0,
          "schema_version": 0,
          "attributes": {
            "filter": [
              {
                "name": "availability-zone",
                "values": [
                  "us-east-1a",
                  "us-east-1b",
                  "us-east-1c",
                  "us-east-1d",
                  "us-east-1e",
                  "us-east-1f"
                ]
              },
              {
                "name": "subnet-id",
                "values": [
                  "subnet-003c841febb2163f5",
                  "subnet-0970ebe4f59507674"
                ]
              },
              {
                "name": "vpc-id",
                "values": [
                  "vpc-06cdd138eab207cc9"
                ]
              }
            ],
            "id": "us-east-1",
            "ids": [
              "subnet-0970ebe4f59507674",
              "subnet-003c841febb2163f5"
            ],
            "tags": null,
            "timeouts": null
          },
          "sensitive_attributes": []
        }
      ]
    },
    {
      "module": "module.aft.module.aft_account_request_framework",
      "mode": "data",
      "type": "aws_subnets",
      "name": "events",
      "provider": "module.aft.provider[\"registry.terraform.io/hashicorp/aws\"].aft_management",
      "instances": [
        {
          "index_key": 0,
          "schema_version": 0,
          "attributes": {
            "filter": [
              {
                "name": "availability-zone",
                "values": [
                  "us-east-1a",
                  "us-east-1b",
                  "us-east-1c",
                  "us-east-1d",
                  "us-east-1e",
                  "us-east-1f"
                ]
              },
              {
                "name": "subnet-id",
                "values": [
                  "subnet-003c841febb2163f5",
                  "subnet-0970ebe4f59507674"
                ]
              },
              {
                "name": "vpc-id",
                "values": [
                  "vpc-06cdd138eab207cc9"
                ]
              }
            ],
            "id": "us-east-1",
            "ids": [
              "subnet-0970ebe4f59507674",
              "subnet-003c841febb2163f5"
            ],
            "tags": null,
            "timeouts": null
          },
          "sensitive_attributes": []
        }
      ]
    },
    {
      "module": "module.aft.module.aft_account_request_framework",
      "mode": "data",
      "type": "aws_subnets",
      "name": "git-codecommit",
      "provider": "module.aft.provider[\"registry.terraform.io/hashicorp/aws\"].aft_management",
      "instances": [
        {
          "index_key": 0,
          "schema_version": 0,
          "attributes": {
            "filter": [
              {
                "name": "availability-zone",
                "values": [
                  "us-east-1a",
                  "us-east-1b",
                  "us-east-1c",
                  "us-east-1d",
                  "us-east-1e",
                  "us-east-1f"
                ]
              },
              {
                "name": "subnet-id",
                "values": [
                  "subnet-003c841febb2163f5",
                  "subnet-0970ebe4f59507674"
                ]
              },
              {
                "name": "vpc-id",
                "values": [
                  "vpc-06cdd138eab207cc9"
                ]
              }
            ],
            "id": "us-east-1",
            "ids": [
              "subnet-0970ebe4f59507674",
              "subnet-003c841febb2163f5"
            ],
            "tags": null,
            "timeouts": null
          },
          "sensitive_attributes": []
        }
      ]
    },
    {
      "module": "module.aft.module.aft_account_request_framework",
      "mode": "data",
      "type": "aws_subnets",
      "name": "kms",
      "provider": "module.aft.provider[\"registry.terraform.io/hashicorp/aws\"].aft_management",
      "instances": [
        {
          "index_key": 0,
          "schema_version": 0,
          "attributes": {
            "filter": [
              {
                "name": "availability-zone",
                "values": [
                  "us-east-1a",
                  "us-east-1b",
                  "us-east-1c",
                  "us-east-1d",
                  "us-east-1e",
                  "us-east-1f"
                ]
              },
              {
                "name": "subnet-id",
                "values": [
                  "subnet-003c841febb2163f5",
                  "subnet-0970ebe4f59507674"
                ]
              },
              {
                "name": "vpc-id",
                "values": [
                  "vpc-06cdd138eab207cc9"
                ]
              }
            ],
            "id": "us-east-1",
            "ids": [
              "subnet-0970ebe4f59507674",
              "subnet-003c841febb2163f5"
            ],
            "tags": null,
            "timeouts": null
          },
          "sensitive_attributes": []
        }
      ]
    },
    {
      "module": "module.aft.module.aft_account_request_framework",
      "mode": "data",
      "type": "aws_subnets",
      "name": "lambda",
      "provider": "module.aft.provider[\"registry.terraform.io/hashicorp/aws\"].aft_management",
      "instances": [
        {
          "index_key": 0,
          "schema_version": 0,
          "attributes": {
            "filter": [
              {
                "name": "availability-zone",
                "values": [
                  "us-east-1a",
                  "us-east-1b",
                  "us-east-1c",
                  "us-east-1d",
                  "us-east-1e",
                  "us-east-1f"
                ]
              },
              {
                "name": "subnet-id",
                "values": [
                  "subnet-003c841febb2163f5",
                  "subnet-0970ebe4f59507674"
                ]
              },
              {
                "name": "vpc-id",
                "values": [
                  "vpc-06cdd138eab207cc9"
                ]
              }
            ],
            "id": "us-east-1",
            "ids": [
              "subnet-0970ebe4f59507674",
              "subnet-003c841febb2163f5"
            ],
            "tags": null,
            "timeouts": null
          },
          "sensitive_attributes": []
        }
      ]
    },
    {
      "module": "module.aft.module.aft_account_request_framework",
      "mode": "data",
      "type": "aws_subnets",
      "name": "logs",
      "provider": "module.aft.provider[\"registry.terraform.io/hashicorp/aws\"].aft_management",
      "instances": [
        {
          "index_key": 0,
          "schema_version": 0,
          "attributes": {
            "filter": [
              {
                "name": "availability-zone",
                "values": [
                  "us-east-1a",
                  "us-east-1b",
                  "us-east-1c",
                  "us-east-1d",
                  "us-east-1e",
                  "us-east-1f"
                ]
              },
              {
                "name": "subnet-id",
                "values": [
                  "subnet-003c841febb2163f5",
                  "subnet-0970ebe4f59507674"
                ]
              },
              {
                "name": "vpc-id",
                "values": [
                  "vpc-06cdd138eab207cc9"
                ]
              }
            ],
            "id": "us-east-1",
            "ids": [
              "subnet-0970ebe4f59507674",
              "subnet-003c841febb2163f5"
            ],
            "tags": null,
            "timeouts": null
          },
          "sensitive_attributes": []
        }
      ]
    },
    {
      "module": "module.aft.module.aft_account_request_framework",
      "mode": "data",
      "type": "aws_subnets",
      "name": "servicecatalog",
      "provider": "module.aft.provider[\"registry.terraform.io/hashicorp/aws\"].aft_management",
      "instances": [
        {
          "index_key": 0,
          "schema_version": 0,
          "attributes": {
            "filter": [
              {
                "name": "availability-zone",
                "values": [
                  "us-east-1a",
                  "us-east-1b",
                  "us-east-1c",
                  "us-east-1d",
                  "us-east-1e",
                  "us-east-1f"
                ]
              },
              {
                "name": "subnet-id",
                "values": [
                  "subnet-003c841febb2163f5",
                  "subnet-0970ebe4f59507674"
                ]
              },
              {
                "name": "vpc-id",
                "values": [
                  "vpc-06cdd138eab207cc9"
                ]
              }
            ],
            "id": "us-east-1",
            "ids": [
              "subnet-0970ebe4f59507674",
              "subnet-003c841febb2163f5"
            ],
            "tags": null,
            "timeouts": null
          },
          "sensitive_attributes": []
        }
      ]
    },
    {
      "module": "module.aft.module.aft_account_request_framework",
      "mode": "data",
      "type": "aws_subnets",
      "name": "sns",
      "provider": "module.aft.provider[\"registry.terraform.io/hashicorp/aws\"].aft_management",
      "instances": [
        {
          "index_key": 0,
          "schema_version": 0,
          "attributes": {
            "filter": [
              {
                "name": "availability-zone",
                "values": [
                  "us-east-1a",
                  "us-east-1b",
                  "us-east-1c",
                  "us-east-1d",
                  "us-east-1e",
                  "us-east-1f"
                ]
              },
              {
                "name": "subnet-id",
                "values": [
                  "subnet-003c841febb2163f5",
                  "subnet-0970ebe4f59507674"
                ]
              },
              {
                "name": "vpc-id",
                "values": [
                  "vpc-06cdd138eab207cc9"
                ]
              }
            ],
            "id": "us-east-1",
            "ids": [
              "subnet-0970ebe4f59507674",
              "subnet-003c841febb2163f5"
            ],
            "tags": null,
            "timeouts": null
          },
          "sensitive_attributes": []
        }
      ]
    },
    {
      "module": "module.aft.module.aft_account_request_framework",
      "mode": "data",
      "type": "aws_subnets",
      "name": "sqs",
      "provider": "module.aft.provider[\"registry.terraform.io/hashicorp/aws\"].aft_management",
      "instances": [
        {
          "index_key": 0,
          "schema_version": 0,
          "attributes": {
            "filter": [
              {
                "name": "availability-zone",
                "values": [
                  "us-east-1a",
                  "us-east-1b",
                  "us-east-1c",
                  "us-east-1d",
                  "us-east-1e",
                  "us-east-1f"
                ]
              },
              {
                "name": "subnet-id",
                "values": [
                  "subnet-003c841febb2163f5",
                  "subnet-0970ebe4f59507674"
                ]
              },
              {
                "name": "vpc-id",
                "values": [
                  "vpc-06cdd138eab207cc9"
                ]
              }
            ],
            "id": "us-east-1",
            "ids": [
              "subnet-0970ebe4f59507674",
              "subnet-003c841febb2163f5"
            ],
            "tags": null,
            "timeouts": null
          },
          "sensitive_attributes": []
        }
      ]
    },
    {
      "module": "module.aft.module.aft_account_request_framework",
      "mode": "data",
      "type": "aws_subnets",
      "name": "ssm",
      "provider": "module.aft.provider[\"registry.terraform.io/hashicorp/aws\"].aft_management",
      "instances": [
        {
          "index_key": 0,
          "schema_version": 0,
          "attributes": {
            "filter": [
              {
                "name": "availability-zone",
                "values": [
                  "us-east-1a",
                  "us-east-1b",
                  "us-east-1c",
                  "us-east-1d",
                  "us-east-1e",
                  "us-east-1f"
                ]
              },
              {
                "name": "subnet-id",
                "values": [
                  "subnet-003c841febb2163f5",
                  "subnet-0970ebe4f59507674"
                ]
              },
              {
                "name": "vpc-id",
                "values": [
                  "vpc-06cdd138eab207cc9"
                ]
              }
            ],
            "id": "us-east-1",
            "ids": [
              "subnet-0970ebe4f59507674",
              "subnet-003c841febb2163f5"
            ],
            "tags": null,
            "timeouts": null
          },
          "sensitive_attributes": []
        }
      ]
    },
    {
      "module": "module.aft.module.aft_account_request_framework",
      "mode": "data",
      "type": "aws_subnets",
      "name": "states",
      "provider": "module.aft.provider[\"registry.terraform.io/hashicorp/aws\"].aft_management",
      "instances": [
        {
          "index_key": 0,
          "schema_version": 0,
          "attributes": {
            "filter": [
              {
                "name": "availability-zone",
                "values": [
                  "us-east-1a",
                  "us-east-1b",
                  "us-east-1c",
                  "us-east-1d",
                  "us-east-1e",
                  "us-east-1f"
                ]
              },
              {
                "name": "subnet-id",
                "values": [
                  "subnet-003c841febb2163f5",
                  "subnet-0970ebe4f59507674"
                ]
              },
              {
                "name": "vpc-id",
                "values": [
                  "vpc-06cdd138eab207cc9"
                ]
              }
            ],
            "id": "us-east-1",
            "ids": [
              "subnet-0970ebe4f59507674",
              "subnet-003c841febb2163f5"
            ],
            "tags": null,
            "timeouts": null
          },
          "sensitive_attributes": []
        }
      ]
    },
    {
      "module": "module.aft.module.aft_account_request_framework",
      "mode": "data",
      "type": "aws_subnets",
      "name": "sts",
      "provider": "module.aft.provider[\"registry.terraform.io/hashicorp/aws\"].aft_management",
      "instances": [
        {
          "index_key": 0,
          "schema_version": 0,
          "attributes": {
            "filter": [
              {
                "name": "availability-zone",
                "values": [
                  "us-east-1a",
                  "us-east-1b",
                  "us-east-1c",
                  "us-east-1d",
                  "us-east-1e",
                  "us-east-1f"
                ]
              },
              {
                "name": "subnet-id",
                "values": [
                  "subnet-003c841febb2163f5",
                  "subnet-0970ebe4f59507674"
                ]
              },
              {
                "name": "vpc-id",
                "values": [
                  "vpc-06cdd138eab207cc9"
                ]
              }
            ],
            "id": "us-east-1",
            "ids": [
              "subnet-0970ebe4f59507674",
              "subnet-003c841febb2163f5"
            ],
            "tags": null,
            "timeouts": null
          },
          "sensitive_attributes": []
        }
      ]
    },
    {
      "module": "module.aft.module.aft_account_request_framework",
      "mode": "data",
      "type": "aws_vpc_endpoint_service",
      "name": "codebuild",
      "provider": "module.aft.provider[\"registry.terraform.io/hashicorp/aws\"].aft_management",
      "instances": [
        {
          "index_key": 0,
          "schema_version": 0,
          "attributes": {
            "acceptance_required": false,
            "arn": "arn:aws:ec2:us-east-1:831569350010:vpc-endpoint-service/vpce-svc-0c010ea6f4a2da52d",
            "availability_zones": [
              "us-east-1a",
              "us-east-1b",
              "us-east-1c",
              "us-east-1d",
              "us-east-1e",
              "us-east-1f"
            ],
            "base_endpoint_dns_names": [
              "codebuild.us-east-1.vpce.amazonaws.com"
            ],
            "filter": null,
            "id": "3342732707",
            "manages_vpc_endpoints": false,
            "owner": "amazon",
            "private_dns_name": "codebuild.us-east-1.amazonaws.com",
            "service": "codebuild",
            "service_id": "vpce-svc-0c010ea6f4a2da52d",
            "service_name": "com.amazonaws.us-east-1.codebuild",
            "service_type": "Interface",
            "supported_ip_address_types": [
              "ipv4"
            ],
            "tags": {},
            "timeouts": null,
            "vpc_endpoint_policy_supported": true
          },
          "sensitive_attributes": []
        }
      ]
    },
    {
      "module": "module.aft.module.aft_account_request_framework",
      "mode": "data",
      "type": "aws_vpc_endpoint_service",
      "name": "codecommit",
      "provider": "module.aft.provider[\"registry.terraform.io/hashicorp/aws\"].aft_management",
      "instances": [
        {
          "index_key": 0,
          "schema_version": 0,
          "attributes": {
            "acceptance_required": false,
            "arn": "arn:aws:ec2:us-east-1:831569350010:vpc-endpoint-service/vpce-svc-0a9c5028aa0a54ade",
            "availability_zones": [
              "us-east-1a",
              "us-east-1b",
              "us-east-1c",
              "us-east-1d",
              "us-east-1e",
              "us-east-1f"
            ],
            "base_endpoint_dns_names": [
              "codecommit.us-east-1.vpce.amazonaws.com"
            ],
            "filter": null,
            "id": "275794268",
            "manages_vpc_endpoints": false,
            "owner": "amazon",
            "private_dns_name": "codecommit.us-east-1.amazonaws.com",
            "service": "codecommit",
            "service_id": "vpce-svc-0a9c5028aa0a54ade",
            "service_name": "com.amazonaws.us-east-1.codecommit",
            "service_type": "Interface",
            "supported_ip_address_types": [
              "ipv4"
            ],
            "tags": {},
            "timeouts": null,
            "vpc_endpoint_policy_supported": true
          },
          "sensitive_attributes": []
        }
      ]
    },
    {
      "module": "module.aft.module.aft_account_request_framework",
      "mode": "data",
      "type": "aws_vpc_endpoint_service",
      "name": "codepipeline",
      "provider": "module.aft.provider[\"registry.terraform.io/hashicorp/aws\"].aft_management",
      "instances": [
        {
          "index_key": 0,
          "schema_version": 0,
          "attributes": {
            "acceptance_required": false,
            "arn": "arn:aws:ec2:us-east-1:831569350010:vpc-endpoint-service/vpce-svc-04aa8dd5ca62d3cec",
            "availability_zones": [
              "us-east-1a",
              "us-east-1b",
              "us-east-1c",
              "us-east-1d",
              "us-east-1e",
              "us-east-1f"
            ],
            "base_endpoint_dns_names": [
              "codepipeline.us-east-1.vpce.amazonaws.com"
            ],
            "filter": null,
            "id": "2743968634",
            "manages_vpc_endpoints": false,
            "owner": "amazon",
            "private_dns_name": "codepipeline.us-east-1.amazonaws.com",
            "service": "codepipeline",
            "service_id": "vpce-svc-04aa8dd5ca62d3cec",
            "service_name": "com.amazonaws.us-east-1.codepipeline",
            "service_type": "Interface",
            "supported_ip_address_types": [
              "ipv4"
            ],
            "tags": {},
            "timeouts": null,
            "vpc_endpoint_policy_supported": false
          },
          "sensitive_attributes": []
        }
      ]
    },
    {
      "module": "module.aft.module.aft_account_request_framework",
      "mode": "data",
      "type": "aws_vpc_endpoint_service",
      "name": "events",
      "provider": "module.aft.provider[\"registry.terraform.io/hashicorp/aws\"].aft_management",
      "instances": [
        {
          "index_key": 0,
          "schema_version": 0,
          "attributes": {
            "acceptance_required": false,
            "arn": "arn:aws:ec2:us-east-1:831569350010:vpc-endpoint-service/vpce-svc-0091001f6a6fb58d2",
            "availability_zones": [
              "us-east-1a",
              "us-east-1b",
              "us-east-1c",
              "us-east-1d",
              "us-east-1e",
              "us-east-1f"
            ],
            "base_endpoint_dns_names": [
              "events.us-east-1.vpce.amazonaws.com"
            ],
            "filter": null,
            "id": "412716965",
            "manages_vpc_endpoints": false,
            "owner": "amazon",
            "private_dns_name": "events.us-east-1.amazonaws.com",
            "service": "events",
            "service_id": "vpce-svc-0091001f6a6fb58d2",
            "service_name": "com.amazonaws.us-east-1.events",
            "service_type": "Interface",
            "supported_ip_address_types": [
              "ipv4"
            ],
            "tags": {},
            "timeouts": null,
            "vpc_endpoint_policy_supported": true
          },
          "sensitive_attributes": []
        }
      ]
    },
    {
      "module": "module.aft.module.aft_account_request_framework",
      "mode": "data",
      "type": "aws_vpc_endpoint_service",
      "name": "git-codecommit",
      "provider": "module.aft.provider[\"registry.terraform.io/hashicorp/aws\"].aft_management",
      "instances": [
        {
          "index_key": 0,
          "schema_version": 0,
          "attributes": {
            "acceptance_required": false,
            "arn": "arn:aws:ec2:us-east-1:831569350010:vpc-endpoint-service/vpce-svc-09bd365a6e7143038",
            "availability_zones": [
              "us-east-1a",
              "us-east-1b",
              "us-east-1c",
              "us-east-1d",
              "us-east-1e",
              "us-east-1f"
            ],
            "base_endpoint_dns_names": [
              "git-codecommit.us-east-1.vpce.amazonaws.com"
            ],
            "filter": null,
            "id": "3298375572",
            "manages_vpc_endpoints": false,
            "owner": "amazon",
            "private_dns_name": "git-codecommit.us-east-1.amazonaws.com",
            "service": "git-codecommit",
            "service_id": "vpce-svc-09bd365a6e7143038",
            "service_name": "com.amazonaws.us-east-1.git-codecommit",
            "service_type": "Interface",
            "supported_ip_address_types": [
              "ipv4"
            ],
            "tags": {},
            "timeouts": null,
            "vpc_endpoint_policy_supported": true
          },
          "sensitive_attributes": []
        }
      ]
    },
    {
      "module": "module.aft.module.aft_account_request_framework",
      "mode": "data",
      "type": "aws_vpc_endpoint_service",
      "name": "kms",
      "provider": "module.aft.provider[\"registry.terraform.io/hashicorp/aws\"].aft_management",
      "instances": [
        {
          "index_key": 0,
          "schema_version": 0,
          "attributes": {
            "acceptance_required": false,
            "arn": "arn:aws:ec2:us-east-1:831569350010:vpc-endpoint-service/vpce-svc-06e89c5fa1e953a07",
            "availability_zones": [
              "us-east-1a",
              "us-east-1b",
              "us-east-1c",
              "us-east-1d",
              "us-east-1e",
              "us-east-1f"
            ],
            "base_endpoint_dns_names": [
              "kms.us-east-1.vpce.amazonaws.com"
            ],
            "filter": null,
            "id": "140981279",
            "manages_vpc_endpoints": false,
            "owner": "amazon",
            "private_dns_name": "kms.us-east-1.amazonaws.com",
            "service": "kms",
            "service_id": "vpce-svc-06e89c5fa1e953a07",
            "service_name": "com.amazonaws.us-east-1.kms",
            "service_type": "Interface",
            "supported_ip_address_types": [
              "ipv4"
            ],
            "tags": {},
            "timeouts": null,
            "vpc_endpoint_policy_supported": true
          },
          "sensitive_attributes": []
        }
      ]
    },
    {
      "module": "module.aft.module.aft_account_request_framework",
      "mode": "data",
      "type": "aws_vpc_endpoint_service",
      "name": "lambda",
      "provider": "module.aft.provider[\"registry.terraform.io/hashicorp/aws\"].aft_management",
      "instances": [
        {
          "index_key": 0,
          "schema_version": 0,
          "attributes": {
            "acceptance_required": false,
            "arn": "arn:aws:ec2:us-east-1:831569350010:vpc-endpoint-service/vpce-svc-007affa8f59bca6a2",
            "availability_zones": [
              "us-east-1a",
              "us-east-1b",
              "us-east-1c",
              "us-east-1d",
              "us-east-1e",
              "us-east-1f"
            ],
            "base_endpoint_dns_names": [
              "lambda.us-east-1.vpce.amazonaws.com"
            ],
            "filter": null,
            "id": "2558732141",
            "manages_vpc_endpoints": false,
            "owner": "amazon",
            "private_dns_name": "lambda.us-east-1.amazonaws.com",
            "service": "lambda",
            "service_id": "vpce-svc-007affa8f59bca6a2",
            "service_name": "com.amazonaws.us-east-1.lambda",
            "service_type": "Interface",
            "supported_ip_address_types": [
              "ipv4"
            ],
            "tags": {},
            "timeouts": null,
            "vpc_endpoint_policy_supported": true
          },
          "sensitive_attributes": []
        }
      ]
    },
    {
      "module": "module.aft.module.aft_account_request_framework",
      "mode": "data",
      "type": "aws_vpc_endpoint_service",
      "name": "logs",
      "provider": "module.aft.provider[\"registry.terraform.io/hashicorp/aws\"].aft_management",
      "instances": [
        {
          "index_key": 0,
          "schema_version": 0,
          "attributes": {
            "acceptance_required": false,
            "arn": "arn:aws:ec2:us-east-1:831569350010:vpc-endpoint-service/vpce-svc-01b9c19d13faf4f62",
            "availability_zones": [
              "us-east-1a",
              "us-east-1b",
              "us-east-1c",
              "us-east-1d",
              "us-east-1e",
              "us-east-1f"
            ],
            "base_endpoint_dns_names": [
              "logs.us-east-1.vpce.amazonaws.com"
            ],
            "filter": null,
            "id": "653499976",
            "manages_vpc_endpoints": false,
            "owner": "amazon",
            "private_dns_name": "logs.us-east-1.amazonaws.com",
            "service": "logs",
            "service_id": "vpce-svc-01b9c19d13faf4f62",
            "service_name": "com.amazonaws.us-east-1.logs",
            "service_type": "Interface",
            "supported_ip_address_types": [
              "ipv4"
            ],
            "tags": {},
            "timeouts": null,
            "vpc_endpoint_policy_supported": true
          },
          "sensitive_attributes": []
        }
      ]
    },
    {
      "module": "module.aft.module.aft_account_request_framework",
      "mode": "data",
      "type": "aws_vpc_endpoint_service",
      "name": "servicecatalog",
      "provider": "module.aft.provider[\"registry.terraform.io/hashicorp/aws\"].aft_management",
      "instances": [
        {
          "index_key": 0,
          "schema_version": 0,
          "attributes": {
            "acceptance_required": false,
            "arn": "arn:aws:ec2:us-east-1:831569350010:vpc-endpoint-service/vpce-svc-03eb0a5a402ac19a7",
            "availability_zones": [
              "us-east-1a",
              "us-east-1b",
              "us-east-1c",
              "us-east-1d",
              "us-east-1e",
              "us-east-1f"
            ],
            "base_endpoint_dns_names": [
              "servicecatalog.us-east-1.vpce.amazonaws.com"
            ],
            "filter": null,
            "id": "150708398",
            "manages_vpc_endpoints": false,
            "owner": "amazon",
            "private_dns_name": "servicecatalog.us-east-1.amazonaws.com",
            "service": "servicecatalog",
            "service_id": "vpce-svc-03eb0a5a402ac19a7",
            "service_name": "com.amazonaws.us-east-1.servicecatalog",
            "service_type": "Interface",
            "supported_ip_address_types": [
              "ipv4"
            ],
            "tags": {},
            "timeouts": null,
            "vpc_endpoint_policy_supported": true
          },
          "sensitive_attributes": []
        }
      ]
    },
    {
      "module": "module.aft.module.aft_account_request_framework",
      "mode": "data",
      "type": "aws_vpc_endpoint_service",
      "name": "sns",
      "provider": "module.aft.provider[\"registry.terraform.io/hashicorp/aws\"].aft_management",
      "instances": [
        {
          "index_key": 0,
          "schema_version": 0,
          "attributes": {
            "acceptance_required": false,
            "arn": "arn:aws:ec2:us-east-1:831569350010:vpc-endpoint-service/vpce-svc-028a2c04717c9c5b1",
            "availability_zones": [
              "us-east-1a",
              "us-east-1b",
              "us-east-1c",
              "us-east-1d",
              "us-east-1e",
              "us-east-1f"
            ],
            "base_endpoint_dns_names": [
              "sns.us-east-1.vpce.amazonaws.com"
            ],
            "filter": null,
            "id": "830444820",
            "manages_vpc_endpoints": false,
            "owner": "amazon",
            "private_dns_name": "sns.us-east-1.amazonaws.com",
            "service": "sns",
            "service_id": "vpce-svc-028a2c04717c9c5b1",
            "service_name": "com.amazonaws.us-east-1.sns",
            "service_type": "Interface",
            "supported_ip_address_types": [
              "ipv4"
            ],
            "tags": {},
            "timeouts": null,
            "vpc_endpoint_policy_supported": true
          },
          "sensitive_attributes": []
        }
      ]
    },
    {
      "module": "module.aft.module.aft_account_request_framework",
      "mode": "data",
      "type": "aws_vpc_endpoint_service",
      "name": "sqs",
      "provider": "module.aft.provider[\"registry.terraform.io/hashicorp/aws\"].aft_management",
      "instances": [
        {
          "index_key": 0,
          "schema_version": 0,
          "attributes": {
            "acceptance_required": false,
            "arn": "arn:aws:ec2:us-east-1:831569350010:vpc-endpoint-service/vpce-svc-021f0798aee080d82",
            "availability_zones": [
              "us-east-1a",
              "us-east-1b",
              "us-east-1c",
              "us-east-1d",
              "us-east-1e",
              "us-east-1f"
            ],
            "base_endpoint_dns_names": [
              "sqs.us-east-1.vpce.amazonaws.com"
            ],
            "filter": null,
            "id": "4230323082",
            "manages_vpc_endpoints": false,
            "owner": "amazon",
            "private_dns_name": "sqs.us-east-1.amazonaws.com",
            "service": "sqs",
            "service_id": "vpce-svc-021f0798aee080d82",
            "service_name": "com.amazonaws.us-east-1.sqs",
            "service_type": "Interface",
            "supported_ip_address_types": [
              "ipv4"
            ],
            "tags": {},
            "timeouts": null,
            "vpc_endpoint_policy_supported": true
          },
          "sensitive_attributes": []
        }
      ]
    },
    {
      "module": "module.aft.module.aft_account_request_framework",
      "mode": "data",
      "type": "aws_vpc_endpoint_service",
      "name": "ssm",
      "provider": "module.aft.provider[\"registry.terraform.io/hashicorp/aws\"].aft_management",
      "instances": [
        {
          "index_key": 0,
          "schema_version": 0,
          "attributes": {
            "acceptance_required": false,
            "arn": "arn:aws:ec2:us-east-1:831569350010:vpc-endpoint-service/vpce-svc-0830e78121d7f5a46",
            "availability_zones": [
              "us-east-1a",
              "us-east-1b",
              "us-east-1c",
              "us-east-1d",
              "us-east-1e",
              "us-east-1f"
            ],
            "base_endpoint_dns_names": [
              "ssm.us-east-1.vpce.amazonaws.com"
            ],
            "filter": null,
            "id": "874300523",
            "manages_vpc_endpoints": false,
            "owner": "amazon",
            "private_dns_name": "ssm.us-east-1.amazonaws.com",
            "service": "ssm",
            "service_id": "vpce-svc-0830e78121d7f5a46",
            "service_name": "com.amazonaws.us-east-1.ssm",
            "service_type": "Interface",
            "supported_ip_address_types": [
              "ipv4"
            ],
            "tags": {},
            "timeouts": null,
            "vpc_endpoint_policy_supported": true
          },
          "sensitive_attributes": []
        }
      ]
    },
    {
      "module": "module.aft.module.aft_account_request_framework",
      "mode": "data",
      "type": "aws_vpc_endpoint_service",
      "name": "states",
      "provider": "module.aft.provider[\"registry.terraform.io/hashicorp/aws\"].aft_management",
      "instances": [
        {
          "index_key": 0,
          "schema_version": 0,
          "attributes": {
            "acceptance_required": false,
            "arn": "arn:aws:ec2:us-east-1:831569350010:vpc-endpoint-service/vpce-svc-0a9e455f2fc8c61a6",
            "availability_zones": [
              "us-east-1a",
              "us-east-1b",
              "us-east-1c",
              "us-east-1d",
              "us-east-1e",
              "us-east-1f"
            ],
            "base_endpoint_dns_names": [
              "states.us-east-1.vpce.amazonaws.com"
            ],
            "filter": null,
            "id": "2061283234",
            "manages_vpc_endpoints": false,
            "owner": "amazon",
            "private_dns_name": "states.us-east-1.amazonaws.com",
            "service": "states",
            "service_id": "vpce-svc-0a9e455f2fc8c61a6",
            "service_name": "com.amazonaws.us-east-1.states",
            "service_type": "Interface",
            "supported_ip_address_types": [
              "ipv4"
            ],
            "tags": {},
            "timeouts": null,
            "vpc_endpoint_policy_supported": true
          },
          "sensitive_attributes": []
        }
      ]
    },
    {
      "module": "module.aft.module.aft_account_request_framework",
      "mode": "data",
      "type": "aws_vpc_endpoint_service",
      "name": "sts",
      "provider": "module.aft.provider[\"registry.terraform.io/hashicorp/aws\"].aft_management",
      "instances": [
        {
          "index_key": 0,
          "schema_version": 0,
          "attributes": {
            "acceptance_required": false,
            "arn": "arn:aws:ec2:us-east-1:831569350010:vpc-endpoint-service/vpce-svc-0fea2b65f0eeb838b",
            "availability_zones": [
              "us-east-1a",
              "us-east-1b",
              "us-east-1c",
              "us-east-1d",
              "us-east-1e",
              "us-east-1f"
            ],
            "base_endpoint_dns_names": [
              "sts.us-east-1.vpce.amazonaws.com"
            ],
            "filter": null,
            "id": "2169663439",
            "manages_vpc_endpoints": false,
            "owner": "amazon",
            "private_dns_name": "sts.us-east-1.amazonaws.com",
            "service": "sts",
            "service_id": "vpce-svc-0fea2b65f0eeb838b",
            "service_name": "com.amazonaws.us-east-1.sts",
            "service_type": "Interface",
            "supported_ip_address_types": [
              "ipv4"
            ],
            "tags": {},
            "timeouts": null,
            "vpc_endpoint_policy_supported": true
          },
          "sensitive_attributes": []
        }
      ]
    },
    {
      "module": "module.aft.module.aft_account_request_framework",
      "mode": "managed",
      "type": "aws_backup_plan",
      "name": "aft_controltower_backup_plan",
      "provider": "module.aft.provider[\"registry.terraform.io/hashicorp/aws\"].aft_management",
      "instances": [
        {
          "schema_version": 0,
          "attributes": {
            "advanced_backup_setting": [],
            "arn": "arn:aws:backup:us-east-1:831569350010:backup-plan:d6cd0783-36a7-4639-86ac-2ed7db6cbe39",
            "id": "d6cd0783-36a7-4639-86ac-2ed7db6cbe39",
            "name": "aft-controltower-backup-plan",
            "rule": [
              {
                "completion_window": 180,
                "copy_action": [],
                "enable_continuous_backup": false,
                "lifecycle": [],
                "recovery_point_tags": null,
                "rule_name": "aft_controltower_backup_rule",
                "schedule": "cron(0 * * * ? *)",
                "start_window": 60,
                "target_vault_name": "aft-controltower-backup-vault"
              }
            ],
            "tags": null,
            "tags_all": {
              "managed_by": "AFT"
            },
            "version": "MDkxZGJkNzQtZGFjZC00ZmFhLWFjNTEtNjRiNTY3NmY0MmE4"
          },
          "sensitive_attributes": [],
          "private": "bnVsbA==",
          "dependencies": [
            "module.aft.data.aws_partition.current",
            "module.aft.module.aft_account_request_framework.aws_backup_vault.aft_controltower_backup_vault",
            "module.aft.module.aft_account_request_framework.aws_kms_key.aft"
          ]
        }
      ]
    },
    {
      "module": "module.aft.module.aft_account_request_framework",
      "mode": "managed",
      "type": "aws_backup_selection",
      "name": "aft_controltower_backup_selection",
      "provider": "module.aft.provider[\"registry.terraform.io/hashicorp/aws\"].aft_management",
      "instances": [
        {
          "schema_version": 0,
          "attributes": {
            "condition": [
              {
                "string_equals": null,
                "string_like": null,
                "string_not_equals": null,
                "string_not_like": null
              }
            ],
            "iam_role_arn": "arn:aws:iam::831569350010:role/aft-aws-backup",
            "id": "2a538889-4415-41a6-8304-4d6ecbe5184c",
            "name": "aft-controltower-backup-selection",
            "not_resources": [],
            "plan_id": "d6cd0783-36a7-4639-86ac-2ed7db6cbe39",
            "resources": [
              "arn:aws:dynamodb:us-east-1:831569350010:table/aft-controltower-events",
              "arn:aws:dynamodb:us-east-1:831569350010:table/aft-request",
              "arn:aws:dynamodb:us-east-1:831569350010:table/aft-request-audit",
              "arn:aws:dynamodb:us-east-1:831569350010:table/aft-request-metadata"
            ],
            "selection_tag": []
          },
          "sensitive_attributes": [],
          "private": "bnVsbA==",
          "dependencies": [
            "module.aft.data.aws_partition.current",
            "module.aft.module.aft_account_request_framework.aws_backup_plan.aft_controltower_backup_plan",
            "module.aft.module.aft_account_request_framework.aws_backup_vault.aft_controltower_backup_vault",
            "module.aft.module.aft_account_request_framework.aws_dynamodb_table.aft_controltower_events",
            "module.aft.module.aft_account_request_framework.aws_dynamodb_table.aft_request",
            "module.aft.module.aft_account_request_framework.aws_dynamodb_table.aft_request_audit",
            "module.aft.module.aft_account_request_framework.aws_dynamodb_table.aft_request_metadata",
            "module.aft.module.aft_account_request_framework.aws_iam_role.aft_aws_backup",
            "module.aft.module.aft_account_request_framework.aws_kms_key.aft"
          ]
        }
      ]
    },
    {
      "module": "module.aft.module.aft_account_request_framework",
      "mode": "managed",
      "type": "aws_backup_vault",
      "name": "aft_controltower_backup_vault",
      "provider": "module.aft.provider[\"registry.terraform.io/hashicorp/aws\"].aft_management",
      "instances": [
        {
          "schema_version": 0,
          "attributes": {
            "arn": "arn:aws:backup:us-east-1:831569350010:backup-vault:aft-controltower-backup-vault",
            "force_destroy": false,
            "id": "aft-controltower-backup-vault",
            "kms_key_arn": "arn:aws:kms:us-east-1:831569350010:key/4c37dd67-0bc8-4877-83d6-47031c1aca28",
            "name": "aft-controltower-backup-vault",
            "recovery_points": 0,
            "tags": null,
            "tags_all": {
              "managed_by": "AFT"
            },
            "timeouts": null
          },
          "sensitive_attributes": [],
          "private": "eyJlMmJmYjczMC1lY2FhLTExZTYtOGY4OC0zNDM2M2JjN2M0YzAiOnsiZGVsZXRlIjo2MDAwMDAwMDAwMDB9fQ==",
          "dependencies": [
            "module.aft.data.aws_partition.current",
            "module.aft.module.aft_account_request_framework.aws_kms_key.aft"
          ]
        }
      ]
    },
    {
      "module": "module.aft.module.aft_account_request_framework",
      "mode": "managed",
      "type": "aws_cloudwatch_event_bus",
      "name": "aft_from_ct_management",
      "provider": "module.aft.provider[\"registry.terraform.io/hashicorp/aws\"].aft_management",
      "instances": [
        {
          "schema_version": 0,
          "attributes": {
            "arn": "arn:aws:events:us-east-1:831569350010:event-bus/aft-events-from-ct-management",
            "event_source_name": null,
            "id": "aft-events-from-ct-management",
            "name": "aft-events-from-ct-management",
            "tags": null,
            "tags_all": {
              "managed_by": "AFT"
            }
          },
          "sensitive_attributes": [],
          "private": "bnVsbA==",
          "dependencies": [
            "module.aft.data.aws_partition.current"
          ]
        }
      ]
    },
    {
      "module": "module.aft.module.aft_account_request_framework",
      "mode": "managed",
      "type": "aws_cloudwatch_event_permission",
      "name": "control_tower_management_account",
      "provider": "module.aft.provider[\"registry.terraform.io/hashicorp/aws\"].aft_management",
      "instances": [
        {
          "schema_version": 0,
          "attributes": {
            "action": "events:PutEvents",
            "condition": [],
            "event_bus_name": "aft-events-from-ct-management",
            "id": "aft-events-from-ct-management/control_tower_management_account",
            "principal": "165374174101",
            "statement_id": "control_tower_management_account"
          },
          "sensitive_attributes": [],
          "private": "bnVsbA==",
          "dependencies": [
            "module.aft.data.aws_partition.current",
            "module.aft.module.aft_account_request_framework.aws_cloudwatch_event_bus.aft_from_ct_management",
            "module.aft.module.aft_account_request_framework.data.aws_caller_identity.ct-management"
          ]
        }
      ]
    },
    {
      "module": "module.aft.module.aft_account_request_framework",
      "mode": "managed",
      "type": "aws_cloudwatch_event_rule",
      "name": "aft_account_request_processor",
      "provider": "module.aft.provider[\"registry.terraform.io/hashicorp/aws\"].aft_management",
      "instances": [
        {
          "schema_version": 0,
          "attributes": {
            "arn": "arn:aws:events:us-east-1:831569350010:rule/aft-lambda-account-request-processor",
            "description": "Trigger Lambda",
            "event_bus_name": "default",
            "event_pattern": null,
            "id": "aft-lambda-account-request-processor",
            "is_enabled": true,
            "name": "aft-lambda-account-request-processor",
            "name_prefix": "",
            "role_arn": "",
            "schedule_expression": "rate(5 minutes)",
            "tags": null,
            "tags_all": {
              "managed_by": "AFT"
            }
          },
          "sensitive_attributes": [],
          "private": "bnVsbA==",
          "dependencies": [
            "module.aft.data.aws_partition.current"
          ]
        }
      ]
    },
    {
      "module": "module.aft.module.aft_account_request_framework",
      "mode": "managed",
      "type": "aws_cloudwatch_event_rule",
      "name": "aft_control_tower_events",
      "provider": "module.aft.provider[\"registry.terraform.io/hashicorp/aws\"].ct_management",
      "instances": [
        {
          "schema_version": 0,
          "attributes": {
            "arn": "arn:aws:events:us-east-1:165374174101:rule/aft-capture-ct-events",
            "description": "Capture ControlTower events",
            "event_bus_name": "default",
            "event_pattern": "{\"detail\":{\"eventName\":[\"CreateManagedAccount\",\"UpdateManagedAccount\"]},\"detail-type\":[\"AWS Service Event via CloudTrail\"],\"source\":[\"aws.controltower\"]}",
            "id": "aft-capture-ct-events",
            "is_enabled": true,
            "name": "aft-capture-ct-events",
            "name_prefix": "",
            "role_arn": "",
            "schedule_expression": "",
            "tags": null,
            "tags_all": {
              "managed_by": "AFT"
            }
          },
          "sensitive_attributes": [],
          "private": "bnVsbA=="
        }
      ]
    },
    {
      "module": "module.aft.module.aft_account_request_framework",
      "mode": "managed",
      "type": "aws_cloudwatch_event_rule",
      "name": "aft_controltower_event_trigger",
      "provider": "module.aft.provider[\"registry.terraform.io/hashicorp/aws\"].aft_management",
      "instances": [
        {
          "schema_version": 0,
          "attributes": {
            "arn": "arn:aws:events:us-east-1:831569350010:rule/aft-events-from-ct-management/aft-controltower-event-logger",
            "description": "Send CT Events to Lambda",
            "event_bus_name": "aft-events-from-ct-management",
            "event_pattern": "{\"account\":[\"165374174101\"]}",
            "id": "aft-events-from-ct-management/aft-controltower-event-logger",
            "is_enabled": true,
            "name": "aft-controltower-event-logger",
            "name_prefix": "",
            "role_arn": "",
            "schedule_expression": "",
            "tags": null,
            "tags_all": {
              "managed_by": "AFT"
            }
          },
          "sensitive_attributes": [],
          "private": "bnVsbA==",
          "dependencies": [
            "module.aft.data.aws_partition.current",
            "module.aft.module.aft_account_request_framework.aws_cloudwatch_event_bus.aft_from_ct_management",
            "module.aft.module.aft_account_request_framework.data.aws_caller_identity.ct-management"
          ]
        }
      ]
    },
    {
      "module": "module.aft.module.aft_account_request_framework",
      "mode": "managed",
      "type": "aws_cloudwatch_event_target",
      "name": "aft_account_request_processor",
      "provider": "module.aft.provider[\"registry.terraform.io/hashicorp/aws\"].aft_management",
      "instances": [
        {
          "schema_version": 1,
          "attributes": {
            "arn": "arn:aws:lambda:us-east-1:831569350010:function:aft-account-request-processor",
            "batch_target": [],
            "dead_letter_config": [],
            "ecs_target": [],
            "event_bus_name": "default",
            "http_target": [],
            "id": "aft-lambda-account-request-processor-terraform-2023052806014799190000003b",
            "input": "",
            "input_path": "",
            "input_transformer": [],
            "kinesis_target": [],
            "redshift_target": [],
            "retry_policy": [],
            "role_arn": "",
            "rule": "aft-lambda-account-request-processor",
            "run_command_targets": [],
            "sqs_target": [],
            "target_id": "terraform-2023052806014799190000003b"
          },
          "sensitive_attributes": [],
          "private": "eyJzY2hlbWFfdmVyc2lvbiI6IjEifQ==",
          "dependencies": [
            "module.aft.data.aws_partition.current",
            "module.aft.data.local_file.version",
            "module.aft.module.aft_account_request_framework.aws_cloudwatch_event_rule.aft_account_request_processor",
            "module.aft.module.aft_account_request_framework.aws_iam_role.aft_account_request_processor",
            "module.aft.module.aft_account_request_framework.aws_kms_key.aft",
            "module.aft.module.aft_account_request_framework.aws_lambda_function.aft_account_request_processor",
            "module.aft.module.aft_account_request_framework.aws_security_group.aft_vpc_default_sg",
            "module.aft.module.aft_account_request_framework.aws_subnet.aft_vpc_private_subnet_01",
            "module.aft.module.aft_account_request_framework.aws_subnet.aft_vpc_private_subnet_02",
            "module.aft.module.aft_account_request_framework.aws_vpc.aft_vpc",
            "module.aft.module.aft_account_request_framework.data.aws_availability_zones.available",
            "module.aft.module.aft_customizations.aws_s3_bucket.aft_codepipeline_customizations_bucket",
            "module.aft.module.aft_customizations.data.aws_caller_identity.current",
            "module.aft.module.aft_lambda_layer.aws_codebuild_project.codebuild",
            "module.aft.module.aft_lambda_layer.aws_iam_role.codebuild",
            "module.aft.module.aft_lambda_layer.aws_iam_role.codebuild_invoker_lambda_role",
            "module.aft.module.aft_lambda_layer.aws_lambda_function.codebuild_invoker",
            "module.aft.module.aft_lambda_layer.aws_lambda_layer_version.layer_version",
            "module.aft.module.aft_lambda_layer.data.aws_lambda_invocation.invoke_codebuild_job",
            "module.aft.module.aft_lambda_layer.data.aws_partition.current",
            "module.aft.module.aft_lambda_layer.data.local_file.aft_lambda_layer",
            "module.aft.module.aft_lambda_layer.random_string.resource_suffix",
            "module.aft.module.packaging.data.archive_file.builder",
            "module.aft.module.packaging.data.archive_file.request_framework"
          ]
        }
      ]
    },
    {
      "module": "module.aft.module.aft_account_request_framework",
      "mode": "managed",
      "type": "aws_cloudwatch_event_target",
      "name": "aft_controltower_event_logger",
      "provider": "module.aft.provider[\"registry.terraform.io/hashicorp/aws\"].aft_management",
      "instances": [
        {
          "schema_version": 1,
          "attributes": {
            "arn": "arn:aws:lambda:us-east-1:831569350010:function:aft-controltower-event-logger",
            "batch_target": [],
            "dead_letter_config": [],
            "ecs_target": [],
            "event_bus_name": "aft-events-from-ct-management",
            "http_target": [],
            "id": "aft-events-from-ct-management-aft-controltower-event-logger-terraform-20230528060052017600000039",
            "input": "",
            "input_path": "",
            "input_transformer": [],
            "kinesis_target": [],
            "redshift_target": [],
            "retry_policy": [],
            "role_arn": "",
            "rule": "aft-controltower-event-logger",
            "run_command_targets": [],
            "sqs_target": [],
            "target_id": "terraform-20230528060052017600000039"
          },
          "sensitive_attributes": [],
          "private": "eyJzY2hlbWFfdmVyc2lvbiI6IjEifQ==",
          "dependencies": [
            "module.aft.data.aws_partition.current",
            "module.aft.data.local_file.version",
            "module.aft.module.aft_account_request_framework.aws_cloudwatch_event_bus.aft_from_ct_management",
            "module.aft.module.aft_account_request_framework.aws_cloudwatch_event_rule.aft_controltower_event_trigger",
            "module.aft.module.aft_account_request_framework.aws_iam_role.aft_controltower_event_logger",
            "module.aft.module.aft_account_request_framework.aws_kms_key.aft",
            "module.aft.module.aft_account_request_framework.aws_lambda_function.aft_controltower_event_logger",
            "module.aft.module.aft_account_request_framework.aws_security_group.aft_vpc_default_sg",
            "module.aft.module.aft_account_request_framework.aws_subnet.aft_vpc_private_subnet_01",
            "module.aft.module.aft_account_request_framework.aws_subnet.aft_vpc_private_subnet_02",
            "module.aft.module.aft_account_request_framework.aws_vpc.aft_vpc",
            "module.aft.module.aft_account_request_framework.data.aws_availability_zones.available",
            "module.aft.module.aft_account_request_framework.data.aws_caller_identity.ct-management",
            "module.aft.module.aft_customizations.aws_s3_bucket.aft_codepipeline_customizations_bucket",
            "module.aft.module.aft_customizations.data.aws_caller_identity.current",
            "module.aft.module.aft_lambda_layer.aws_codebuild_project.codebuild",
            "module.aft.module.aft_lambda_layer.aws_iam_role.codebuild",
            "module.aft.module.aft_lambda_layer.aws_iam_role.codebuild_invoker_lambda_role",
            "module.aft.module.aft_lambda_layer.aws_lambda_function.codebuild_invoker",
            "module.aft.module.aft_lambda_layer.aws_lambda_layer_version.layer_version",
            "module.aft.module.aft_lambda_layer.data.aws_lambda_invocation.invoke_codebuild_job",
            "module.aft.module.aft_lambda_layer.data.aws_partition.current",
            "module.aft.module.aft_lambda_layer.data.local_file.aft_lambda_layer",
            "module.aft.module.aft_lambda_layer.random_string.resource_suffix",
            "module.aft.module.packaging.data.archive_file.builder",
            "module.aft.module.packaging.data.archive_file.request_framework"
          ]
        }
      ]
    },
    {
      "module": "module.aft.module.aft_account_request_framework",
      "mode": "managed",
      "type": "aws_cloudwatch_event_target",
      "name": "aft_invoke_aft_account_provisioning_framework",
      "provider": "module.aft.provider[\"registry.terraform.io/hashicorp/aws\"].aft_management",
      "instances": [
        {
          "schema_version": 1,
          "attributes": {
            "arn": "arn:aws:lambda:us-east-1:831569350010:function:aft-invoke-aft-account-provisioning-framework",
            "batch_target": [],
            "dead_letter_config": [],
            "ecs_target": [],
            "event_bus_name": "aft-events-from-ct-management",
            "http_target": [],
            "id": "aft-events-from-ct-management-aft-controltower-event-logger-terraform-2023052806010895860000003a",
            "input": "",
            "input_path": "",
            "input_transformer": [],
            "kinesis_target": [],
            "redshift_target": [],
            "retry_policy": [],
            "role_arn": "",
            "rule": "aft-controltower-event-logger",
            "run_command_targets": [],
            "sqs_target": [],
            "target_id": "terraform-2023052806010895860000003a"
          },
          "sensitive_attributes": [],
          "private": "eyJzY2hlbWFfdmVyc2lvbiI6IjEifQ==",
          "dependencies": [
            "module.aft.data.aws_partition.current",
            "module.aft.data.local_file.version",
            "module.aft.module.aft_account_request_framework.aws_cloudwatch_event_bus.aft_from_ct_management",
            "module.aft.module.aft_account_request_framework.aws_cloudwatch_event_rule.aft_controltower_event_trigger",
            "module.aft.module.aft_account_request_framework.aws_iam_role.aft_invoke_aft_account_provisioning_framework",
            "module.aft.module.aft_account_request_framework.aws_kms_key.aft",
            "module.aft.module.aft_account_request_framework.aws_lambda_function.aft_invoke_aft_account_provisioning_framework",
            "module.aft.module.aft_account_request_framework.aws_security_group.aft_vpc_default_sg",
            "module.aft.module.aft_account_request_framework.aws_subnet.aft_vpc_private_subnet_01",
            "module.aft.module.aft_account_request_framework.aws_subnet.aft_vpc_private_subnet_02",
            "module.aft.module.aft_account_request_framework.aws_vpc.aft_vpc",
            "module.aft.module.aft_account_request_framework.data.aws_availability_zones.available",
            "module.aft.module.aft_account_request_framework.data.aws_caller_identity.ct-management",
            "module.aft.module.aft_customizations.aws_s3_bucket.aft_codepipeline_customizations_bucket",
            "module.aft.module.aft_customizations.data.aws_caller_identity.current",
            "module.aft.module.aft_lambda_layer.aws_codebuild_project.codebuild",
            "module.aft.module.aft_lambda_layer.aws_iam_role.codebuild",
            "module.aft.module.aft_lambda_layer.aws_iam_role.codebuild_invoker_lambda_role",
            "module.aft.module.aft_lambda_layer.aws_lambda_function.codebuild_invoker",
            "module.aft.module.aft_lambda_layer.aws_lambda_layer_version.layer_version",
            "module.aft.module.aft_lambda_layer.data.aws_lambda_invocation.invoke_codebuild_job",
            "module.aft.module.aft_lambda_layer.data.aws_partition.current",
            "module.aft.module.aft_lambda_layer.data.local_file.aft_lambda_layer",
            "module.aft.module.aft_lambda_layer.random_string.resource_suffix",
            "module.aft.module.packaging.data.archive_file.builder",
            "module.aft.module.packaging.data.archive_file.request_framework"
          ]
        }
      ]
    },
    {
      "module": "module.aft.module.aft_account_request_framework",
      "mode": "managed",
      "type": "aws_cloudwatch_event_target",
      "name": "aft_management_event_bus",
      "provider": "module.aft.provider[\"registry.terraform.io/hashicorp/aws\"].ct_management",
      "instances": [
        {
          "schema_version": 1,
          "attributes": {
            "arn": "arn:aws:events:us-east-1:831569350010:event-bus/aft-events-from-ct-management",
            "batch_target": [],
            "dead_letter_config": [],
            "ecs_target": [],
            "event_bus_name": "default",
            "http_target": [],
            "id": "aft-capture-ct-events-terraform-20230528055034352600000001",
            "input": "",
            "input_path": "",
            "input_transformer": [],
            "kinesis_target": [],
            "redshift_target": [],
            "retry_policy": [],
            "role_arn": "arn:aws:iam::165374174101:role/aft-control-tower-events-rule",
            "rule": "aft-capture-ct-events",
            "run_command_targets": [],
            "sqs_target": [],
            "target_id": "terraform-20230528055034352600000001"
          },
          "sensitive_attributes": [],
          "private": "eyJzY2hlbWFfdmVyc2lvbiI6IjEifQ==",
          "dependencies": [
            "module.aft.data.aws_partition.current",
            "module.aft.module.aft_account_request_framework.aws_cloudwatch_event_bus.aft_from_ct_management",
            "module.aft.module.aft_account_request_framework.aws_cloudwatch_event_rule.aft_control_tower_events",
            "module.aft.module.aft_account_request_framework.aws_iam_role.aft_control_tower_events"
          ]
        }
      ]
    },
    {
      "module": "module.aft.module.aft_account_request_framework",
      "mode": "managed",
      "type": "aws_cloudwatch_log_group",
      "name": "aft_account_request_action_trigger",
      "provider": "module.aft.provider[\"registry.terraform.io/hashicorp/aws\"].aft_management",
      "instances": [
        {
          "schema_version": 0,
          "attributes": {
            "arn": "arn:aws:logs:us-east-1:831569350010:log-group:/aws/lambda/aft-account-request-action-trigger",
            "id": "/aws/lambda/aft-account-request-action-trigger",
            "kms_key_id": "",
            "name": "/aws/lambda/aft-account-request-action-trigger",
            "name_prefix": "",
            "retention_in_days": 0,
            "skip_destroy": false,
            "tags": null,
            "tags_all": {
              "managed_by": "AFT"
            }
          },
          "sensitive_attributes": [],
          "private": "bnVsbA==",
          "dependencies": [
            "module.aft.data.aws_partition.current",
            "module.aft.data.local_file.version",
            "module.aft.module.aft_account_request_framework.aws_iam_role.aft_account_request_action_trigger",
            "module.aft.module.aft_account_request_framework.aws_kms_key.aft",
            "module.aft.module.aft_account_request_framework.aws_lambda_function.aft_account_request_action_trigger",
            "module.aft.module.aft_account_request_framework.aws_security_group.aft_vpc_default_sg",
            "module.aft.module.aft_account_request_framework.aws_subnet.aft_vpc_private_subnet_01",
            "module.aft.module.aft_account_request_framework.aws_subnet.aft_vpc_private_subnet_02",
            "module.aft.module.aft_account_request_framework.aws_vpc.aft_vpc",
            "module.aft.module.aft_account_request_framework.data.aws_availability_zones.available",
            "module.aft.module.aft_customizations.aws_s3_bucket.aft_codepipeline_customizations_bucket",
            "module.aft.module.aft_customizations.data.aws_caller_identity.current",
            "module.aft.module.aft_lambda_layer.aws_codebuild_project.codebuild",
            "module.aft.module.aft_lambda_layer.aws_iam_role.codebuild",
            "module.aft.module.aft_lambda_layer.aws_iam_role.codebuild_invoker_lambda_role",
            "module.aft.module.aft_lambda_layer.aws_lambda_function.codebuild_invoker",
            "module.aft.module.aft_lambda_layer.aws_lambda_layer_version.layer_version",
            "module.aft.module.aft_lambda_layer.data.aws_lambda_invocation.invoke_codebuild_job",
            "module.aft.module.aft_lambda_layer.data.aws_partition.current",
            "module.aft.module.aft_lambda_layer.data.local_file.aft_lambda_layer",
            "module.aft.module.aft_lambda_layer.random_string.resource_suffix",
            "module.aft.module.packaging.data.archive_file.builder",
            "module.aft.module.packaging.data.archive_file.request_framework"
          ]
        }
      ]
    },
    {
      "module": "module.aft.module.aft_account_request_framework",
      "mode": "managed",
      "type": "aws_cloudwatch_log_group",
      "name": "aft_account_request_audit_trigger",
      "provider": "module.aft.provider[\"registry.terraform.io/hashicorp/aws\"].aft_management",
      "instances": [
        {
          "schema_version": 0,
          "attributes": {
            "arn": "arn:aws:logs:us-east-1:831569350010:log-group:/aws/lambda/aft-account-request-audit-trigger",
            "id": "/aws/lambda/aft-account-request-audit-trigger",
            "kms_key_id": "",
            "name": "/aws/lambda/aft-account-request-audit-trigger",
            "name_prefix": "",
            "retention_in_days": 0,
            "skip_destroy": false,
            "tags": null,
            "tags_all": {
              "managed_by": "AFT"
            }
          },
          "sensitive_attributes": [],
          "private": "bnVsbA==",
          "dependencies": [
            "module.aft.data.aws_partition.current",
            "module.aft.data.local_file.version",
            "module.aft.module.aft_account_request_framework.aws_iam_role.aft_account_request_audit_trigger",
            "module.aft.module.aft_account_request_framework.aws_kms_key.aft",
            "module.aft.module.aft_account_request_framework.aws_lambda_function.aft_account_request_audit_trigger",
            "module.aft.module.aft_account_request_framework.aws_security_group.aft_vpc_default_sg",
            "module.aft.module.aft_account_request_framework.aws_subnet.aft_vpc_private_subnet_01",
            "module.aft.module.aft_account_request_framework.aws_subnet.aft_vpc_private_subnet_02",
            "module.aft.module.aft_account_request_framework.aws_vpc.aft_vpc",
            "module.aft.module.aft_account_request_framework.data.aws_availability_zones.available",
            "module.aft.module.aft_customizations.aws_s3_bucket.aft_codepipeline_customizations_bucket",
            "module.aft.module.aft_customizations.data.aws_caller_identity.current",
            "module.aft.module.aft_lambda_layer.aws_codebuild_project.codebuild",
            "module.aft.module.aft_lambda_layer.aws_iam_role.codebuild",
            "module.aft.module.aft_lambda_layer.aws_iam_role.codebuild_invoker_lambda_role",
            "module.aft.module.aft_lambda_layer.aws_lambda_function.codebuild_invoker",
            "module.aft.module.aft_lambda_layer.aws_lambda_layer_version.layer_version",
            "module.aft.module.aft_lambda_layer.data.aws_lambda_invocation.invoke_codebuild_job",
            "module.aft.module.aft_lambda_layer.data.aws_partition.current",
            "module.aft.module.aft_lambda_layer.data.local_file.aft_lambda_layer",
            "module.aft.module.aft_lambda_layer.random_string.resource_suffix",
            "module.aft.module.packaging.data.archive_file.builder",
            "module.aft.module.packaging.data.archive_file.request_framework"
          ]
        }
      ]
    },
    {
      "module": "module.aft.module.aft_account_request_framework",
      "mode": "managed",
      "type": "aws_cloudwatch_log_group",
      "name": "aft_account_request_processor",
      "provider": "module.aft.provider[\"registry.terraform.io/hashicorp/aws\"].aft_management",
      "instances": [
        {
          "schema_version": 0,
          "attributes": {
            "arn": "arn:aws:logs:us-east-1:831569350010:log-group:/aws/lambda/aft-account-request-processor",
            "id": "/aws/lambda/aft-account-request-processor",
            "kms_key_id": "",
            "name": "/aws/lambda/aft-account-request-processor",
            "name_prefix": "",
            "retention_in_days": 0,
            "skip_destroy": false,
            "tags": null,
            "tags_all": {
              "managed_by": "AFT"
            }
          },
          "sensitive_attributes": [],
          "private": "bnVsbA==",
          "dependencies": [
            "module.aft.data.aws_partition.current",
            "module.aft.data.local_file.version",
            "module.aft.module.aft_account_request_framework.aws_iam_role.aft_account_request_processor",
            "module.aft.module.aft_account_request_framework.aws_kms_key.aft",
            "module.aft.module.aft_account_request_framework.aws_lambda_function.aft_account_request_processor",
            "module.aft.module.aft_account_request_framework.aws_security_group.aft_vpc_default_sg",
            "module.aft.module.aft_account_request_framework.aws_subnet.aft_vpc_private_subnet_01",
            "module.aft.module.aft_account_request_framework.aws_subnet.aft_vpc_private_subnet_02",
            "module.aft.module.aft_account_request_framework.aws_vpc.aft_vpc",
            "module.aft.module.aft_account_request_framework.data.aws_availability_zones.available",
            "module.aft.module.aft_customizations.aws_s3_bucket.aft_codepipeline_customizations_bucket",
            "module.aft.module.aft_customizations.data.aws_caller_identity.current",
            "module.aft.module.aft_lambda_layer.aws_codebuild_project.codebuild",
            "module.aft.module.aft_lambda_layer.aws_iam_role.codebuild",
            "module.aft.module.aft_lambda_layer.aws_iam_role.codebuild_invoker_lambda_role",
            "module.aft.module.aft_lambda_layer.aws_lambda_function.codebuild_invoker",
            "module.aft.module.aft_lambda_layer.aws_lambda_layer_version.layer_version",
            "module.aft.module.aft_lambda_layer.data.aws_lambda_invocation.invoke_codebuild_job",
            "module.aft.module.aft_lambda_layer.data.aws_partition.current",
            "module.aft.module.aft_lambda_layer.data.local_file.aft_lambda_layer",
            "module.aft.module.aft_lambda_layer.random_string.resource_suffix",
            "module.aft.module.packaging.data.archive_file.builder",
            "module.aft.module.packaging.data.archive_file.request_framework"
          ]
        }
      ]
    },
    {
      "module": "module.aft.module.aft_account_request_framework",
      "mode": "managed",
      "type": "aws_cloudwatch_log_group",
      "name": "aft_cleanup_resources",
      "provider": "module.aft.provider[\"registry.terraform.io/hashicorp/aws\"].aft_management",
      "instances": [
        {
          "schema_version": 0,
          "attributes": {
            "arn": "arn:aws:logs:us-east-1:831569350010:log-group:/aws/lambda/aft-cleanup-resources",
            "id": "/aws/lambda/aft-cleanup-resources",
            "kms_key_id": "",
            "name": "/aws/lambda/aft-cleanup-resources",
            "name_prefix": "",
            "retention_in_days": 0,
            "skip_destroy": false,
            "tags": null,
            "tags_all": {
              "managed_by": "AFT"
            }
          },
          "sensitive_attributes": [],
          "private": "bnVsbA==",
          "dependencies": [
            "module.aft.data.aws_partition.current",
            "module.aft.data.local_file.version",
            "module.aft.module.aft_account_request_framework.aws_iam_role.aft_cleanup_resources",
            "module.aft.module.aft_account_request_framework.aws_kms_key.aft",
            "module.aft.module.aft_account_request_framework.aws_lambda_function.aft_cleanup_resources",
            "module.aft.module.aft_account_request_framework.aws_security_group.aft_vpc_default_sg",
            "module.aft.module.aft_account_request_framework.aws_subnet.aft_vpc_private_subnet_01",
            "module.aft.module.aft_account_request_framework.aws_subnet.aft_vpc_private_subnet_02",
            "module.aft.module.aft_account_request_framework.aws_vpc.aft_vpc",
            "module.aft.module.aft_account_request_framework.data.aws_availability_zones.available",
            "module.aft.module.aft_customizations.aws_s3_bucket.aft_codepipeline_customizations_bucket",
            "module.aft.module.aft_customizations.data.aws_caller_identity.current",
            "module.aft.module.aft_lambda_layer.aws_codebuild_project.codebuild",
            "module.aft.module.aft_lambda_layer.aws_iam_role.codebuild",
            "module.aft.module.aft_lambda_layer.aws_iam_role.codebuild_invoker_lambda_role",
            "module.aft.module.aft_lambda_layer.aws_lambda_function.codebuild_invoker",
            "module.aft.module.aft_lambda_layer.aws_lambda_layer_version.layer_version",
            "module.aft.module.aft_lambda_layer.data.aws_lambda_invocation.invoke_codebuild_job",
            "module.aft.module.aft_lambda_layer.data.aws_partition.current",
            "module.aft.module.aft_lambda_layer.data.local_file.aft_lambda_layer",
            "module.aft.module.aft_lambda_layer.random_string.resource_suffix",
            "module.aft.module.packaging.data.archive_file.builder",
            "module.aft.module.packaging.data.archive_file.request_framework"
          ]
        }
      ]
    },
    {
      "module": "module.aft.module.aft_account_request_framework",
      "mode": "managed",
      "type": "aws_cloudwatch_log_group",
      "name": "aft_controltower_event_logger",
      "provider": "module.aft.provider[\"registry.terraform.io/hashicorp/aws\"].aft_management",
      "instances": [
        {
          "schema_version": 0,
          "attributes": {
            "arn": "arn:aws:logs:us-east-1:831569350010:log-group:/aws/lambda/aft-controltower-event-logger",
            "id": "/aws/lambda/aft-controltower-event-logger",
            "kms_key_id": "",
            "name": "/aws/lambda/aft-controltower-event-logger",
            "name_prefix": "",
            "retention_in_days": 0,
            "skip_destroy": false,
            "tags": null,
            "tags_all": {
              "managed_by": "AFT"
            }
          },
          "sensitive_attributes": [],
          "private": "bnVsbA==",
          "dependencies": [
            "module.aft.data.aws_partition.current",
            "module.aft.data.local_file.version",
            "module.aft.module.aft_account_request_framework.aws_iam_role.aft_controltower_event_logger",
            "module.aft.module.aft_account_request_framework.aws_kms_key.aft",
            "module.aft.module.aft_account_request_framework.aws_lambda_function.aft_controltower_event_logger",
            "module.aft.module.aft_account_request_framework.aws_security_group.aft_vpc_default_sg",
            "module.aft.module.aft_account_request_framework.aws_subnet.aft_vpc_private_subnet_01",
            "module.aft.module.aft_account_request_framework.aws_subnet.aft_vpc_private_subnet_02",
            "module.aft.module.aft_account_request_framework.aws_vpc.aft_vpc",
            "module.aft.module.aft_account_request_framework.data.aws_availability_zones.available",
            "module.aft.module.aft_customizations.aws_s3_bucket.aft_codepipeline_customizations_bucket",
            "module.aft.module.aft_customizations.data.aws_caller_identity.current",
            "module.aft.module.aft_lambda_layer.aws_codebuild_project.codebuild",
            "module.aft.module.aft_lambda_layer.aws_iam_role.codebuild",
            "module.aft.module.aft_lambda_layer.aws_iam_role.codebuild_invoker_lambda_role",
            "module.aft.module.aft_lambda_layer.aws_lambda_function.codebuild_invoker",
            "module.aft.module.aft_lambda_layer.aws_lambda_layer_version.layer_version",
            "module.aft.module.aft_lambda_layer.data.aws_lambda_invocation.invoke_codebuild_job",
            "module.aft.module.aft_lambda_layer.data.aws_partition.current",
            "module.aft.module.aft_lambda_layer.data.local_file.aft_lambda_layer",
            "module.aft.module.aft_lambda_layer.random_string.resource_suffix",
            "module.aft.module.packaging.data.archive_file.builder",
            "module.aft.module.packaging.data.archive_file.request_framework"
          ]
        }
      ]
    },
    {
      "module": "module.aft.module.aft_account_request_framework",
      "mode": "managed",
      "type": "aws_cloudwatch_log_group",
      "name": "aft_invoke_aft_account_provisioning_framework",
      "provider": "module.aft.provider[\"registry.terraform.io/hashicorp/aws\"].aft_management",
      "instances": [
        {
          "schema_version": 0,
          "attributes": {
            "arn": "arn:aws:logs:us-east-1:831569350010:log-group:/aws/lambda/aft-invoke-aft-account-provisioning-framework",
            "id": "/aws/lambda/aft-invoke-aft-account-provisioning-framework",
            "kms_key_id": "",
            "name": "/aws/lambda/aft-invoke-aft-account-provisioning-framework",
            "name_prefix": "",
            "retention_in_days": 0,
            "skip_destroy": false,
            "tags": null,
            "tags_all": {
              "managed_by": "AFT"
            }
          },
          "sensitive_attributes": [],
          "private": "bnVsbA==",
          "dependencies": [
            "module.aft.data.aws_partition.current",
            "module.aft.data.local_file.version",
            "module.aft.module.aft_account_request_framework.aws_iam_role.aft_invoke_aft_account_provisioning_framework",
            "module.aft.module.aft_account_request_framework.aws_kms_key.aft",
            "module.aft.module.aft_account_request_framework.aws_lambda_function.aft_invoke_aft_account_provisioning_framework",
            "module.aft.module.aft_account_request_framework.aws_security_group.aft_vpc_default_sg",
            "module.aft.module.aft_account_request_framework.aws_subnet.aft_vpc_private_subnet_01",
            "module.aft.module.aft_account_request_framework.aws_subnet.aft_vpc_private_subnet_02",
            "module.aft.module.aft_account_request_framework.aws_vpc.aft_vpc",
            "module.aft.module.aft_account_request_framework.data.aws_availability_zones.available",
            "module.aft.module.aft_customizations.aws_s3_bucket.aft_codepipeline_customizations_bucket",
            "module.aft.module.aft_customizations.data.aws_caller_identity.current",
            "module.aft.module.aft_lambda_layer.aws_codebuild_project.codebuild",
            "module.aft.module.aft_lambda_layer.aws_iam_role.codebuild",
            "module.aft.module.aft_lambda_layer.aws_iam_role.codebuild_invoker_lambda_role",
            "module.aft.module.aft_lambda_layer.aws_lambda_function.codebuild_invoker",
            "module.aft.module.aft_lambda_layer.aws_lambda_layer_version.layer_version",
            "module.aft.module.aft_lambda_layer.data.aws_lambda_invocation.invoke_codebuild_job",
            "module.aft.module.aft_lambda_layer.data.aws_partition.current",
            "module.aft.module.aft_lambda_layer.data.local_file.aft_lambda_layer",
            "module.aft.module.aft_lambda_layer.random_string.resource_suffix",
            "module.aft.module.packaging.data.archive_file.builder",
            "module.aft.module.packaging.data.archive_file.request_framework"
          ]
        }
      ]
    },
    {
      "module": "module.aft.module.aft_account_request_framework",
      "mode": "managed",
      "type": "aws_dynamodb_table",
      "name": "aft_controltower_events",
      "provider": "module.aft.provider[\"registry.terraform.io/hashicorp/aws\"].aft_management",
      "instances": [
        {
          "schema_version": 1,
          "attributes": {
            "arn": "arn:aws:dynamodb:us-east-1:831569350010:table/aft-controltower-events",
            "attribute": [
              {
                "name": "id",
                "type": "S"
              },
              {
                "name": "time",
                "type": "S"
              }
            ],
            "billing_mode": "PROVISIONED",
            "deletion_protection_enabled": false,
            "global_secondary_index": [],
            "hash_key": "id",
            "id": "aft-controltower-events",
            "local_secondary_index": [],
            "name": "aft-controltower-events",
            "point_in_time_recovery": [
              {
                "enabled": true
              }
            ],
            "range_key": "time",
            "read_capacity": 5,
            "replica": [],
            "restore_date_time": null,
            "restore_source_name": null,
            "restore_to_latest_time": null,
            "server_side_encryption": [
              {
                "enabled": true,
                "kms_key_arn": "arn:aws:kms:us-east-1:831569350010:key/4c37dd67-0bc8-4877-83d6-47031c1aca28"
              }
            ],
            "stream_arn": "arn:aws:dynamodb:us-east-1:831569350010:table/aft-controltower-events/stream/2023-05-28T05:50:38.263",
            "stream_enabled": true,
            "stream_label": "2023-05-28T05:50:38.263",
            "stream_view_type": "NEW_AND_OLD_IMAGES",
            "table_class": "STANDARD",
            "tags": null,
            "tags_all": {
              "managed_by": "AFT"
            },
            "timeouts": null,
            "ttl": [
              {
                "attribute_name": "",
                "enabled": false
              }
            ],
            "write_capacity": 5
          },
          "sensitive_attributes": [],
          "private": "eyJlMmJmYjczMC1lY2FhLTExZTYtOGY4OC0zNDM2M2JjN2M0YzAiOnsiY3JlYXRlIjoxODAwMDAwMDAwMDAwLCJkZWxldGUiOjYwMDAwMDAwMDAwMCwidXBkYXRlIjozNjAwMDAwMDAwMDAwfSwic2NoZW1hX3ZlcnNpb24iOiIxIn0=",
          "dependencies": [
            "module.aft.data.aws_partition.current",
            "module.aft.module.aft_account_request_framework.aws_kms_key.aft"
          ]
        }
      ]
    },
    {
      "module": "module.aft.module.aft_account_request_framework",
      "mode": "managed",
      "type": "aws_dynamodb_table",
      "name": "aft_request",
      "provider": "module.aft.provider[\"registry.terraform.io/hashicorp/aws\"].aft_management",
      "instances": [
        {
          "schema_version": 1,
          "attributes": {
            "arn": "arn:aws:dynamodb:us-east-1:831569350010:table/aft-request",
            "attribute": [
              {
                "name": "id",
                "type": "S"
              }
            ],
            "billing_mode": "PROVISIONED",
            "deletion_protection_enabled": false,
            "global_secondary_index": [],
            "hash_key": "id",
            "id": "aft-request",
            "local_secondary_index": [],
            "name": "aft-request",
            "point_in_time_recovery": [
              {
                "enabled": true
              }
            ],
            "range_key": null,
            "read_capacity": 1,
            "replica": [],
            "restore_date_time": null,
            "restore_source_name": null,
            "restore_to_latest_time": null,
            "server_side_encryption": [
              {
                "enabled": true,
                "kms_key_arn": "arn:aws:kms:us-east-1:831569350010:key/4c37dd67-0bc8-4877-83d6-47031c1aca28"
              }
            ],
            "stream_arn": "arn:aws:dynamodb:us-east-1:831569350010:table/aft-request/stream/2023-05-28T05:50:38.613",
            "stream_enabled": true,
            "stream_label": "2023-05-28T05:50:38.613",
            "stream_view_type": "NEW_AND_OLD_IMAGES",
            "table_class": "STANDARD",
            "tags": null,
            "tags_all": {
              "managed_by": "AFT"
            },
            "timeouts": null,
            "ttl": [
              {
                "attribute_name": "",
                "enabled": false
              }
            ],
            "write_capacity": 1
          },
          "sensitive_attributes": [],
          "private": "eyJlMmJmYjczMC1lY2FhLTExZTYtOGY4OC0zNDM2M2JjN2M0YzAiOnsiY3JlYXRlIjoxODAwMDAwMDAwMDAwLCJkZWxldGUiOjYwMDAwMDAwMDAwMCwidXBkYXRlIjozNjAwMDAwMDAwMDAwfSwic2NoZW1hX3ZlcnNpb24iOiIxIn0=",
          "dependencies": [
            "module.aft.data.aws_partition.current",
            "module.aft.module.aft_account_request_framework.aws_kms_key.aft"
          ]
        }
      ]
    },
    {
      "module": "module.aft.module.aft_account_request_framework",
      "mode": "managed",
      "type": "aws_dynamodb_table",
      "name": "aft_request_audit",
      "provider": "module.aft.provider[\"registry.terraform.io/hashicorp/aws\"].aft_management",
      "instances": [
        {
          "schema_version": 1,
          "attributes": {
            "arn": "arn:aws:dynamodb:us-east-1:831569350010:table/aft-request-audit",
            "attribute": [
              {
                "name": "id",
                "type": "S"
              },
              {
                "name": "timestamp",
                "type": "S"
              }
            ],
            "billing_mode": "PROVISIONED",
            "deletion_protection_enabled": false,
            "global_secondary_index": [],
            "hash_key": "id",
            "id": "aft-request-audit",
            "local_secondary_index": [],
            "name": "aft-request-audit",
            "point_in_time_recovery": [
              {
                "enabled": true
              }
            ],
            "range_key": "timestamp",
            "read_capacity": 1,
            "replica": [],
            "restore_date_time": null,
            "restore_source_name": null,
            "restore_to_latest_time": null,
            "server_side_encryption": [
              {
                "enabled": true,
                "kms_key_arn": "arn:aws:kms:us-east-1:831569350010:key/4c37dd67-0bc8-4877-83d6-47031c1aca28"
              }
            ],
            "stream_arn": "arn:aws:dynamodb:us-east-1:831569350010:table/aft-request-audit/stream/2023-05-28T05:50:39.777",
            "stream_enabled": true,
            "stream_label": "2023-05-28T05:50:39.777",
            "stream_view_type": "NEW_AND_OLD_IMAGES",
            "table_class": "STANDARD",
            "tags": null,
            "tags_all": {
              "managed_by": "AFT"
            },
            "timeouts": null,
            "ttl": [
              {
                "attribute_name": "",
                "enabled": false
              }
            ],
            "write_capacity": 1
          },
          "sensitive_attributes": [],
          "private": "eyJlMmJmYjczMC1lY2FhLTExZTYtOGY4OC0zNDM2M2JjN2M0YzAiOnsiY3JlYXRlIjoxODAwMDAwMDAwMDAwLCJkZWxldGUiOjYwMDAwMDAwMDAwMCwidXBkYXRlIjozNjAwMDAwMDAwMDAwfSwic2NoZW1hX3ZlcnNpb24iOiIxIn0=",
          "dependencies": [
            "module.aft.data.aws_partition.current",
            "module.aft.module.aft_account_request_framework.aws_kms_key.aft"
          ]
        }
      ]
    },
    {
      "module": "module.aft.module.aft_account_request_framework",
      "mode": "managed",
      "type": "aws_dynamodb_table",
      "name": "aft_request_metadata",
      "provider": "module.aft.provider[\"registry.terraform.io/hashicorp/aws\"].aft_management",
      "instances": [
        {
          "schema_version": 1,
          "attributes": {
            "arn": "arn:aws:dynamodb:us-east-1:831569350010:table/aft-request-metadata",
            "attribute": [
              {
                "name": "email",
                "type": "S"
              },
              {
                "name": "id",
                "type": "S"
              },
              {
                "name": "type",
                "type": "S"
              }
            ],
            "billing_mode": "PROVISIONED",
            "deletion_protection_enabled": false,
            "global_secondary_index": [
              {
                "hash_key": "email",
                "name": "emailIndex",
                "non_key_attributes": [
                  "id"
                ],
                "projection_type": "INCLUDE",
                "range_key": "",
                "read_capacity": 1,
                "write_capacity": 1
              },
              {
                "hash_key": "type",
                "name": "typeIndex",
                "non_key_attributes": [],
                "projection_type": "ALL",
                "range_key": "",
                "read_capacity": 1,
                "write_capacity": 1
              }
            ],
            "hash_key": "id",
            "id": "aft-request-metadata",
            "local_secondary_index": [],
            "name": "aft-request-metadata",
            "point_in_time_recovery": [
              {
                "enabled": true
              }
            ],
            "range_key": null,
            "read_capacity": 1,
            "replica": [],
            "restore_date_time": null,
            "restore_source_name": null,
            "restore_to_latest_time": null,
            "server_side_encryption": [
              {
                "enabled": true,
                "kms_key_arn": "arn:aws:kms:us-east-1:831569350010:key/4c37dd67-0bc8-4877-83d6-47031c1aca28"
              }
            ],
            "stream_arn": "",
            "stream_enabled": false,
            "stream_label": "",
            "stream_view_type": "",
            "table_class": "STANDARD",
            "tags": null,
            "tags_all": {
              "managed_by": "AFT"
            },
            "timeouts": null,
            "ttl": [
              {
                "attribute_name": "",
                "enabled": false
              }
            ],
            "write_capacity": 1
          },
          "sensitive_attributes": [],
          "private": "eyJlMmJmYjczMC1lY2FhLTExZTYtOGY4OC0zNDM2M2JjN2M0YzAiOnsiY3JlYXRlIjoxODAwMDAwMDAwMDAwLCJkZWxldGUiOjYwMDAwMDAwMDAwMCwidXBkYXRlIjozNjAwMDAwMDAwMDAwfSwic2NoZW1hX3ZlcnNpb24iOiIxIn0=",
          "dependencies": [
            "module.aft.data.aws_partition.current",
            "module.aft.module.aft_account_request_framework.aws_kms_key.aft"
          ]
        }
      ]
    },
    {
      "module": "module.aft.module.aft_account_request_framework",
      "mode": "managed",
      "type": "aws_eip",
      "name": "aft-vpc-natgw-01",
      "provider": "module.aft.provider[\"registry.terraform.io/hashicorp/aws\"].aft_management",
      "instances": [
        {
          "schema_version": 0,
          "attributes": {
            "address": null,
            "allocation_id": "eipalloc-00a8d89dd3406f6a5",
            "associate_with_private_ip": null,
            "association_id": "",
            "carrier_ip": "",
            "customer_owned_ip": "",
            "customer_owned_ipv4_pool": "",
            "domain": "vpc",
            "id": "eipalloc-00a8d89dd3406f6a5",
            "instance": "",
            "network_border_group": "us-east-1",
            "network_interface": "",
            "private_dns": null,
            "private_ip": "",
            "public_dns": "ec2-54-159-216-223.compute-1.amazonaws.com",
            "public_ip": "54.159.216.223",
            "public_ipv4_pool": "amazon",
            "tags": null,
            "tags_all": {
              "managed_by": "AFT"
            },
            "timeouts": null,
            "vpc": true
          },
          "sensitive_attributes": [],
          "private": "eyJlMmJmYjczMC1lY2FhLTExZTYtOGY4OC0zNDM2M2JjN2M0YzAiOnsiZGVsZXRlIjoxODAwMDAwMDAwMDAsInJlYWQiOjkwMDAwMDAwMDAwMCwidXBkYXRlIjozMDAwMDAwMDAwMDB9fQ==",
          "dependencies": [
            "module.aft.data.aws_partition.current"
          ]
        }
      ]
    },
    {
      "module": "module.aft.module.aft_account_request_framework",
      "mode": "managed",
      "type": "aws_eip",
      "name": "aft-vpc-natgw-02",
      "provider": "module.aft.provider[\"registry.terraform.io/hashicorp/aws\"].aft_management",
      "instances": [
        {
          "schema_version": 0,
          "attributes": {
            "address": null,
            "allocation_id": "eipalloc-0ce0982c891ecb4fb",
            "associate_with_private_ip": null,
            "association_id": "",
            "carrier_ip": "",
            "customer_owned_ip": "",
            "customer_owned_ipv4_pool": "",
            "domain": "vpc",
            "id": "eipalloc-0ce0982c891ecb4fb",
            "instance": "",
            "network_border_group": "us-east-1",
            "network_interface": "",
            "private_dns": null,
            "private_ip": "",
            "public_dns": "ec2-44-193-140-179.compute-1.amazonaws.com",
            "public_ip": "44.193.140.179",
            "public_ipv4_pool": "amazon",
            "tags": null,
            "tags_all": {
              "managed_by": "AFT"
            },
            "timeouts": null,
            "vpc": true
          },
          "sensitive_attributes": [],
          "private": "eyJlMmJmYjczMC1lY2FhLTExZTYtOGY4OC0zNDM2M2JjN2M0YzAiOnsiZGVsZXRlIjoxODAwMDAwMDAwMDAsInJlYWQiOjkwMDAwMDAwMDAwMCwidXBkYXRlIjozMDAwMDAwMDAwMDB9fQ==",
          "dependencies": [
            "module.aft.data.aws_partition.current"
          ]
        }
      ]
    },
    {
      "module": "module.aft.module.aft_account_request_framework",
      "mode": "managed",
      "type": "aws_iam_role",
      "name": "aft_account_request_action_trigger",
      "provider": "module.aft.provider[\"registry.terraform.io/hashicorp/aws\"].aft_management",
      "instances": [
        {
          "schema_version": 0,
          "attributes": {
            "arn": "arn:aws:iam::831569350010:role/aft-lambda-account-request-action-trigger",
            "assume_role_policy": "{\"Statement\":[{\"Action\":\"sts:AssumeRole\",\"Effect\":\"Allow\",\"Principal\":{\"Service\":\"lambda.amazonaws.com\"}}],\"Version\":\"2012-10-17\"}",
            "create_date": "2023-05-28T05:50:14Z",
            "description": "",
            "force_detach_policies": false,
            "id": "aft-lambda-account-request-action-trigger",
            "inline_policy": [],
            "managed_policy_arns": [],
            "max_session_duration": 3600,
            "name": "aft-lambda-account-request-action-trigger",
            "name_prefix": "",
            "path": "/",
            "permissions_boundary": null,
            "role_last_used": [
              {
                "last_used_date": "",
                "region": ""
              }
            ],
            "tags": null,
            "tags_all": {
              "managed_by": "AFT"
            },
            "unique_id": "AROA4DHLFJV5BAUIMQIPV"
          },
          "sensitive_attributes": [],
          "private": "bnVsbA==",
          "dependencies": [
            "module.aft.data.aws_partition.current"
          ]
        }
      ]
    },
    {
      "module": "module.aft.module.aft_account_request_framework",
      "mode": "managed",
      "type": "aws_iam_role",
      "name": "aft_account_request_audit_trigger",
      "provider": "module.aft.provider[\"registry.terraform.io/hashicorp/aws\"].aft_management",
      "instances": [
        {
          "schema_version": 0,
          "attributes": {
            "arn": "arn:aws:iam::831569350010:role/aft-lambda-account-request-audit-trigger",
            "assume_role_policy": "{\"Statement\":[{\"Action\":\"sts:AssumeRole\",\"Effect\":\"Allow\",\"Principal\":{\"Service\":\"lambda.amazonaws.com\"}}],\"Version\":\"2012-10-17\"}",
            "create_date": "2023-05-28T05:50:25Z",
            "description": "",
            "force_detach_policies": false,
            "id": "aft-lambda-account-request-audit-trigger",
            "inline_policy": [],
            "managed_policy_arns": [],
            "max_session_duration": 3600,
            "name": "aft-lambda-account-request-audit-trigger",
            "name_prefix": "",
            "path": "/",
            "permissions_boundary": null,
            "role_last_used": [
              {
                "last_used_date": "",
                "region": ""
              }
            ],
            "tags": null,
            "tags_all": {
              "managed_by": "AFT"
            },
            "unique_id": "AROA4DHLFJV5HQGGBMIJF"
          },
          "sensitive_attributes": [],
          "private": "bnVsbA==",
          "dependencies": [
            "module.aft.data.aws_partition.current"
          ]
        }
      ]
    },
    {
      "module": "module.aft.module.aft_account_request_framework",
      "mode": "managed",
      "type": "aws_iam_role",
      "name": "aft_account_request_processor",
      "provider": "module.aft.provider[\"registry.terraform.io/hashicorp/aws\"].aft_management",
      "instances": [
        {
          "schema_version": 0,
          "attributes": {
            "arn": "arn:aws:iam::831569350010:role/aft-lambda-account-request-processor",
            "assume_role_policy": "{\"Statement\":[{\"Action\":\"sts:AssumeRole\",\"Effect\":\"Allow\",\"Principal\":{\"Service\":\"lambda.amazonaws.com\"}}],\"Version\":\"2012-10-17\"}",
            "create_date": "2023-05-28T05:50:22Z",
            "description": "",
            "force_detach_policies": false,
            "id": "aft-lambda-account-request-processor",
            "inline_policy": [],
            "managed_policy_arns": [],
            "max_session_duration": 3600,
            "name": "aft-lambda-account-request-processor",
            "name_prefix": "",
            "path": "/",
            "permissions_boundary": null,
            "role_last_used": [
              {
                "last_used_date": "",
                "region": ""
              }
            ],
            "tags": null,
            "tags_all": {
              "managed_by": "AFT"
            },
            "unique_id": "AROA4DHLFJV5IKIJD6S3C"
          },
          "sensitive_attributes": [],
          "private": "bnVsbA==",
          "dependencies": [
            "module.aft.data.aws_partition.current"
          ]
        }
      ]
    },
    {
      "module": "module.aft.module.aft_account_request_framework",
      "mode": "managed",
      "type": "aws_iam_role",
      "name": "aft_aws_backup",
      "provider": "module.aft.provider[\"registry.terraform.io/hashicorp/aws\"].aft_management",
      "instances": [
        {
          "schema_version": 0,
          "attributes": {
            "arn": "arn:aws:iam::831569350010:role/aft-aws-backup",
            "assume_role_policy": "{\"Statement\":[{\"Action\":[\"sts:AssumeRole\"],\"Effect\":\"allow\",\"Principal\":{\"Service\":[\"backup.amazonaws.com\"]}}],\"Version\":\"2012-10-17\"}",
            "create_date": "2023-05-28T05:50:09Z",
            "description": "",
            "force_detach_policies": false,
            "id": "aft-aws-backup",
            "inline_policy": [],
            "managed_policy_arns": [],
            "max_session_duration": 3600,
            "name": "aft-aws-backup",
            "name_prefix": "",
            "path": "/",
            "permissions_boundary": null,
            "role_last_used": [
              {
                "last_used_date": "",
                "region": ""
              }
            ],
            "tags": null,
            "tags_all": {
              "managed_by": "AFT"
            },
            "unique_id": "AROA4DHLFJV5AJHIO2G5M"
          },
          "sensitive_attributes": [],
          "private": "bnVsbA==",
          "dependencies": [
            "module.aft.data.aws_partition.current"
          ]
        }
      ]
    },
    {
      "module": "module.aft.module.aft_account_request_framework",
      "mode": "managed",
      "type": "aws_iam_role",
      "name": "aft_cleanup_resources",
      "provider": "module.aft.provider[\"registry.terraform.io/hashicorp/aws\"].aft_management",
      "instances": [
        {
          "schema_version": 0,
          "attributes": {
            "arn": "arn:aws:iam::831569350010:role/aft-lambda-cleanup-resources",
            "assume_role_policy": "{\"Statement\":[{\"Action\":\"sts:AssumeRole\",\"Effect\":\"Allow\",\"Principal\":{\"Service\":\"lambda.amazonaws.com\"}}],\"Version\":\"2012-10-17\"}",
            "create_date": "2023-05-28T05:50:22Z",
            "description": "",
            "force_detach_policies": false,
            "id": "aft-lambda-cleanup-resources",
            "inline_policy": [],
            "managed_policy_arns": [],
            "max_session_duration": 3600,
            "name": "aft-lambda-cleanup-resources",
            "name_prefix": "",
            "path": "/",
            "permissions_boundary": null,
            "role_last_used": [
              {
                "last_used_date": "",
                "region": ""
              }
            ],
            "tags": null,
            "tags_all": {
              "managed_by": "AFT"
            },
            "unique_id": "AROA4DHLFJV5L7IVUZ5LL"
          },
          "sensitive_attributes": [],
          "private": "bnVsbA==",
          "dependencies": [
            "module.aft.data.aws_partition.current"
          ]
        }
      ]
    },
    {
      "module": "module.aft.module.aft_account_request_framework",
      "mode": "managed",
      "type": "aws_iam_role",
      "name": "aft_control_tower_events",
      "provider": "module.aft.provider[\"registry.terraform.io/hashicorp/aws\"].ct_management",
      "instances": [
        {
          "schema_version": 0,
          "attributes": {
            "arn": "arn:aws:iam::165374174101:role/aft-control-tower-events-rule",
            "assume_role_policy": "{\"Statement\":[{\"Action\":\"sts:AssumeRole\",\"Effect\":\"Allow\",\"Principal\":{\"Service\":\"events.amazonaws.com\"}}],\"Version\":\"2012-10-17\"}",
            "create_date": "2023-05-28T05:50:03Z",
            "description": "",
            "force_detach_policies": false,
            "id": "aft-control-tower-events-rule",
            "inline_policy": [],
            "managed_policy_arns": [],
            "max_session_duration": 3600,
            "name": "aft-control-tower-events-rule",
            "name_prefix": "",
            "path": "/",
            "permissions_boundary": null,
            "role_last_used": [
              {
                "last_used_date": "",
                "region": ""
              }
            ],
            "tags": null,
            "tags_all": {
              "managed_by": "AFT"
            },
            "unique_id": "AROASNAIRUOK4G56QXZY2"
          },
          "sensitive_attributes": [],
          "private": "bnVsbA=="
        }
      ]
    },
    {
      "module": "module.aft.module.aft_account_request_framework",
      "mode": "managed",
      "type": "aws_iam_role",
      "name": "aft_controltower_event_logger",
      "provider": "module.aft.provider[\"registry.terraform.io/hashicorp/aws\"].aft_management",
      "instances": [
        {
          "schema_version": 0,
          "attributes": {
            "arn": "arn:aws:iam::831569350010:role/aft-lambda-controltower-event-logger",
            "assume_role_policy": "{\"Statement\":[{\"Action\":\"sts:AssumeRole\",\"Effect\":\"Allow\",\"Principal\":{\"Service\":\"lambda.amazonaws.com\"}}],\"Version\":\"2012-10-17\"}",
            "create_date": "2023-05-28T05:50:09Z",
            "description": "",
            "force_detach_policies": false,
            "id": "aft-lambda-controltower-event-logger",
            "inline_policy": [],
            "managed_policy_arns": [],
            "max_session_duration": 3600,
            "name": "aft-lambda-controltower-event-logger",
            "name_prefix": "",
            "path": "/",
            "permissions_boundary": null,
            "role_last_used": [
              {
                "last_used_date": "",
                "region": ""
              }
            ],
            "tags": null,
            "tags_all": {
              "managed_by": "AFT"
            },
            "unique_id": "AROA4DHLFJV5G2KVFZRTH"
          },
          "sensitive_attributes": [],
          "private": "bnVsbA==",
          "dependencies": [
            "module.aft.data.aws_partition.current"
          ]
        }
      ]
    },
    {
      "module": "module.aft.module.aft_account_request_framework",
      "mode": "managed",
      "type": "aws_iam_role",
      "name": "aft_invoke_aft_account_provisioning_framework",
      "provider": "module.aft.provider[\"registry.terraform.io/hashicorp/aws\"].aft_management",
      "instances": [
        {
          "schema_version": 0,
          "attributes": {
            "arn": "arn:aws:iam::831569350010:role/aft-lambda-invoke-aft-account-provisioning-framework",
            "assume_role_policy": "{\"Statement\":[{\"Action\":\"sts:AssumeRole\",\"Effect\":\"Allow\",\"Principal\":{\"Service\":\"lambda.amazonaws.com\"}}],\"Version\":\"2012-10-17\"}",
            "create_date": "2023-05-28T05:50:09Z",
            "description": "",
            "force_detach_policies": false,
            "id": "aft-lambda-invoke-aft-account-provisioning-framework",
            "inline_policy": [],
            "managed_policy_arns": [],
            "max_session_duration": 3600,
            "name": "aft-lambda-invoke-aft-account-provisioning-framework",
            "name_prefix": "",
            "path": "/",
            "permissions_boundary": null,
            "role_last_used": [
              {
                "last_used_date": "",
                "region": ""
              }
            ],
            "tags": null,
            "tags_all": {
              "managed_by": "AFT"
            },
            "unique_id": "AROA4DHLFJV5N3U33MW6F"
          },
          "sensitive_attributes": [],
          "private": "bnVsbA==",
          "dependencies": [
            "module.aft.data.aws_partition.current"
          ]
        }
      ]
    },
    {
      "module": "module.aft.module.aft_account_request_framework",
      "mode": "managed",
      "type": "aws_iam_role_policy",
      "name": "aft_account_request_action_trigger",
      "provider": "module.aft.provider[\"registry.terraform.io/hashicorp/aws\"].aft_management",
      "instances": [
        {
          "schema_version": 0,
          "attributes": {
            "id": "aft-lambda-account-request-action-trigger:aft-account-request-action-trigger",
            "name": "aft-account-request-action-trigger",
            "name_prefix": null,
            "policy": "{\"Version\":\"2012-10-17\",\"Statement\":[{\"Action\":[\"dynamodb:PutItem\",\"dynamodb:Query\"],\"Effect\":\"Allow\",\"Resource\":\"arn:aws:dynamodb:us-east-1:831569350010:table/aft-request-audit\"},{\"Action\":[\"lambda:InvokeFunction\"],\"Effect\":\"Allow\",\"Resource\":[\"arn:aws:lambda:us-east-1:831569350010:function:aft-invoke-aft-account-provisioning-framework\",\"arn:aws:lambda:us-east-1:831569350010:function:aft-cleanup-resources\"]},{\"Action\":[\"dynamodb:GetShardIterator\",\"dynamodb:DescribeStream\",\"dynamodb:GetRecords\",\"dynamodb:ListShards\",\"dynamodb:ListStreams\",\"sqs:SendMessage\"],\"Effect\":\"Allow\",\"Resource\":[\"arn:aws:dynamodb:us-east-1:831569350010:table/aft-request/stream/*\",\"arn:aws:sqs:us-east-1:831569350010:aft-account-request.fifo\"]},{\"Action\":\"dynamodb:ListStreams\",\"Effect\":\"Allow\",\"Resource\":\"*\"},{\"Action\":\"ssm:GetParameter\",\"Effect\":\"Allow\",\"Resource\":[\"arn:aws:ssm:us-east-1:831569350010:parameter/aft/*\"]},{\"Action\":[\"sns:Publish\"],\"Effect\":\"Allow\",\"Resource\":[\"arn:aws:sns:us-east-1:831569350010:aft-notifications\",\"arn:aws:sns:us-east-1:831569350010:aft-failure-notifications\"]},{\"Action\":[\"kms:GenerateDataKey\",\"kms:Encrypt\",\"kms:Decrypt\"],\"Effect\":\"Allow\",\"Resource\":[\"arn:aws:kms:us-east-1:831569350010:key/4c37dd67-0bc8-4877-83d6-47031c1aca28\",\"arn:aws:kms:us-east-1:831569350010:alias/aws/sns\"]},{\"Action\":[\"states:StartExecution\"],\"Effect\":\"Allow\",\"Resource\":[\"arn:aws:states:us-east-1:831569350010:stateMachine:aft-account-provisioning-framework\"]},{\"Action\":[\"sts:AssumeRole\"],\"Effect\":\"Allow\",\"Resource\":[\"arn:aws:iam::831569350010:role/AWSAFTAdmin\"]}]}",
            "role": "aft-lambda-account-request-action-trigger"
          },
          "sensitive_attributes": [],
          "private": "bnVsbA==",
          "dependencies": [
            "module.aft.data.aws_partition.current",
            "module.aft.data.local_file.version",
            "module.aft.module.aft_account_request_framework.aws_dynamodb_table.aft_request",
            "module.aft.module.aft_account_request_framework.aws_dynamodb_table.aft_request_audit",
            "module.aft.module.aft_account_request_framework.aws_iam_role.aft_account_request_action_trigger",
            "module.aft.module.aft_account_request_framework.aws_iam_role.aft_cleanup_resources",
            "module.aft.module.aft_account_request_framework.aws_iam_role.aft_invoke_aft_account_provisioning_framework",
            "module.aft.module.aft_account_request_framework.aws_kms_alias.aft",
            "module.aft.module.aft_account_request_framework.aws_kms_key.aft",
            "module.aft.module.aft_account_request_framework.aws_lambda_function.aft_cleanup_resources",
            "module.aft.module.aft_account_request_framework.aws_lambda_function.aft_invoke_aft_account_provisioning_framework",
            "module.aft.module.aft_account_request_framework.aws_security_group.aft_vpc_default_sg",
            "module.aft.module.aft_account_request_framework.aws_sns_topic.aft_failure_notifications",
            "module.aft.module.aft_account_request_framework.aws_sns_topic.aft_notifications",
            "module.aft.module.aft_account_request_framework.aws_sqs_queue.aft_account_request",
            "module.aft.module.aft_account_request_framework.aws_sqs_queue.aft_account_request_dlq",
            "module.aft.module.aft_account_request_framework.aws_subnet.aft_vpc_private_subnet_01",
            "module.aft.module.aft_account_request_framework.aws_subnet.aft_vpc_private_subnet_02",
            "module.aft.module.aft_account_request_framework.aws_vpc.aft_vpc",
            "module.aft.module.aft_account_request_framework.data.aws_availability_zones.available",
            "module.aft.module.aft_account_request_framework.data.aws_caller_identity.aft-management",
            "module.aft.module.aft_account_request_framework.data.aws_partition.current",
            "module.aft.module.aft_account_request_framework.data.aws_region.aft-management",
            "module.aft.module.aft_customizations.aws_s3_bucket.aft_codepipeline_customizations_bucket",
            "module.aft.module.aft_customizations.data.aws_caller_identity.current",
            "module.aft.module.aft_lambda_layer.aws_codebuild_project.codebuild",
            "module.aft.module.aft_lambda_layer.aws_iam_role.codebuild",
            "module.aft.module.aft_lambda_layer.aws_iam_role.codebuild_invoker_lambda_role",
            "module.aft.module.aft_lambda_layer.aws_lambda_function.codebuild_invoker",
            "module.aft.module.aft_lambda_layer.aws_lambda_layer_version.layer_version",
            "module.aft.module.aft_lambda_layer.data.aws_lambda_invocation.invoke_codebuild_job",
            "module.aft.module.aft_lambda_layer.data.aws_partition.current",
            "module.aft.module.aft_lambda_layer.data.local_file.aft_lambda_layer",
            "module.aft.module.aft_lambda_layer.random_string.resource_suffix",
            "module.aft.module.packaging.data.archive_file.builder",
            "module.aft.module.packaging.data.archive_file.request_framework"
          ]
        }
      ]
    },
    {
      "module": "module.aft.module.aft_account_request_framework",
      "mode": "managed",
      "type": "aws_iam_role_policy",
      "name": "aft_account_request_audit_trigger",
      "provider": "module.aft.provider[\"registry.terraform.io/hashicorp/aws\"].aft_management",
      "instances": [
        {
          "schema_version": 0,
          "attributes": {
            "id": "aft-lambda-account-request-audit-trigger:aft-account-request-audit-trigger",
            "name": "aft-account-request-audit-trigger",
            "name_prefix": null,
            "policy": "{\"Version\":\"2012-10-17\",\"Statement\":[{\"Action\":[\"dynamodb:GetShardIterator\",\"dynamodb:DescribeStream\",\"dynamodb:GetRecords\",\"dynamodb:ListShards\",\"dynamodb:ListStreams\"],\"Effect\":\"Allow\",\"Resource\":[\"arn:aws:dynamodb:us-east-1:831569350010:table/aft-request/stream/*\"]},{\"Action\":[\"dynamodb:Query\",\"dynamodb:PutItem\"],\"Effect\":\"Allow\",\"Resource\":\"arn:aws:dynamodb:us-east-1:831569350010:table/aft-request-audit\"},{\"Action\":\"dynamodb:ListStreams\",\"Effect\":\"Allow\",\"Resource\":\"*\"},{\"Action\":\"sqs:SendMessage\",\"Effect\":\"Allow\",\"Resource\":\"arn:aws:sqs:us-east-1:831569350010:aft-account-request.fifo\"},{\"Action\":\"ssm:GetParameter\",\"Effect\":\"Allow\",\"Resource\":[\"arn:aws:ssm:us-east-1:831569350010:parameter/aft/*\"]},{\"Action\":[\"kms:GenerateDataKey\",\"kms:Encrypt\",\"kms:Decrypt\"],\"Effect\":\"Allow\",\"Resource\":[\"arn:aws:kms:us-east-1:831569350010:key/4c37dd67-0bc8-4877-83d6-47031c1aca28\",\"arn:aws:kms:us-east-1:831569350010:alias/aws/sns\"]},{\"Action\":[\"sns:Publish\"],\"Effect\":\"Allow\",\"Resource\":[\"arn:aws:sns:us-east-1:831569350010:aft-notifications\",\"arn:aws:sns:us-east-1:831569350010:aft-failure-notifications\"]}]}",
            "role": "aft-lambda-account-request-audit-trigger"
          },
          "sensitive_attributes": [],
          "private": "bnVsbA==",
          "dependencies": [
            "module.aft.data.aws_partition.current",
            "module.aft.module.aft_account_request_framework.aws_dynamodb_table.aft_request",
            "module.aft.module.aft_account_request_framework.aws_dynamodb_table.aft_request_audit",
            "module.aft.module.aft_account_request_framework.aws_iam_role.aft_account_request_audit_trigger",
            "module.aft.module.aft_account_request_framework.aws_kms_alias.aft",
            "module.aft.module.aft_account_request_framework.aws_kms_key.aft",
            "module.aft.module.aft_account_request_framework.aws_sns_topic.aft_failure_notifications",
            "module.aft.module.aft_account_request_framework.aws_sns_topic.aft_notifications",
            "module.aft.module.aft_account_request_framework.aws_sqs_queue.aft_account_request",
            "module.aft.module.aft_account_request_framework.aws_sqs_queue.aft_account_request_dlq",
            "module.aft.module.aft_account_request_framework.data.aws_caller_identity.aft-management",
            "module.aft.module.aft_account_request_framework.data.aws_partition.current",
            "module.aft.module.aft_account_request_framework.data.aws_region.aft-management"
          ]
        }
      ]
    },
    {
      "module": "module.aft.module.aft_account_request_framework",
      "mode": "managed",
      "type": "aws_iam_role_policy",
      "name": "aft_account_request_processor",
      "provider": "module.aft.provider[\"registry.terraform.io/hashicorp/aws\"].aft_management",
      "instances": [
        {
          "schema_version": 0,
          "attributes": {
            "id": "aft-lambda-account-request-processor:aft-account-request-processor",
            "name": "aft-account-request-processor",
            "name_prefix": null,
            "policy": "{\"Version\":\"2012-10-17\",\"Statement\":[{\"Action\":[\"sqs:DeleteMessage\",\"sts:AssumeRole\",\"sns:Publish\",\"sqs:ReceiveMessage\"],\"Effect\":\"Allow\",\"Resource\":[\"arn:aws:sns:us-east-1:831569350010:aft-notifications\",\"arn:aws:sns:us-east-1:831569350010:aft-failure-notifications\",\"arn:aws:iam::831569350010:role/AWSAFTAdmin\",\"arn:aws:sqs:us-east-1:831569350010:aft-account-request.fifo\"]},{\"Action\":\"sts:GetCallerIdentity\",\"Effect\":\"Allow\",\"Resource\":\"*\"},{\"Action\":\"ssm:GetParameter\",\"Effect\":\"Allow\",\"Resource\":[\"arn:aws:ssm:us-east-1:831569350010:parameter/aft/*\"]},{\"Action\":[\"kms:GenerateDataKey\",\"kms:Encrypt\",\"kms:Decrypt\"],\"Effect\":\"Allow\",\"Resource\":[\"arn:aws:kms:us-east-1:831569350010:key/4c37dd67-0bc8-4877-83d6-47031c1aca28\",\"arn:aws:kms:us-east-1:831569350010:alias/aws/sns\"]}]}",
            "role": "aft-lambda-account-request-processor"
          },
          "sensitive_attributes": [],
          "private": "bnVsbA==",
          "dependencies": [
            "module.aft.data.aws_partition.current",
            "module.aft.module.aft_account_request_framework.aws_iam_role.aft_account_request_processor",
            "module.aft.module.aft_account_request_framework.aws_kms_alias.aft",
            "module.aft.module.aft_account_request_framework.aws_kms_key.aft",
            "module.aft.module.aft_account_request_framework.aws_sns_topic.aft_failure_notifications",
            "module.aft.module.aft_account_request_framework.aws_sns_topic.aft_notifications",
            "module.aft.module.aft_account_request_framework.aws_sqs_queue.aft_account_request",
            "module.aft.module.aft_account_request_framework.aws_sqs_queue.aft_account_request_dlq",
            "module.aft.module.aft_account_request_framework.data.aws_caller_identity.aft-management",
            "module.aft.module.aft_account_request_framework.data.aws_partition.current",
            "module.aft.module.aft_account_request_framework.data.aws_region.aft-management"
          ]
        }
      ]
    },
    {
      "module": "module.aft.module.aft_account_request_framework",
      "mode": "managed",
      "type": "aws_iam_role_policy",
      "name": "aft_cleanup_resources",
      "provider": "module.aft.provider[\"registry.terraform.io/hashicorp/aws\"].aft_management",
      "instances": [
        {
          "schema_version": 0,
          "attributes": {
            "id": "aft-lambda-cleanup-resources:aft-cleanup-resources",
            "name": "aft-cleanup-resources",
            "name_prefix": null,
            "policy": "{\"Version\":\"2012-10-17\",\"Statement\":[{\"Action\":[\"dynamodb:GetItem\",\"dynamodb:DeleteItem\"],\"Effect\":\"Allow\",\"Resource\":[\"arn:aws:dynamodb:us-east-1:831569350010:table/aft-request-metadata\"]},{\"Action\":[\"codepipeline:ListPipelineExecutions\",\"codepipeline:ListPipelines\",\"codepipeline:ListTagsForResource\",\"codepipeline:DeletePipeline\"],\"Effect\":\"Allow\",\"Resource\":[\"arn:aws:codepipeline:us-east-1:831569350010:*\"]},{\"Action\":\"ssm:GetParameter\",\"Effect\":\"Allow\",\"Resource\":[\"arn:aws:ssm:us-east-1:831569350010:parameter/aft/*\"]},{\"Action\":[\"sts:AssumeRole\"],\"Effect\":\"Allow\",\"Resource\":[\"arn:aws:iam::831569350010:role/AWSAFTAdmin\"]},{\"Action\":\"sts:GetCallerIdentity\",\"Effect\":\"Allow\",\"Resource\":\"*\"},{\"Action\":[\"sns:Publish\"],\"Effect\":\"Allow\",\"Resource\":[\"arn:aws:sns:us-east-1:831569350010:aft-notifications\",\"arn:aws:sns:us-east-1:831569350010:aft-failure-notifications\"]},{\"Action\":[\"kms:GenerateDataKey\",\"kms:Encrypt\",\"kms:Decrypt\"],\"Effect\":\"Allow\",\"Resource\":[\"arn:aws:kms:us-east-1:831569350010:key/4c37dd67-0bc8-4877-83d6-47031c1aca28\",\"arn:aws:kms:us-east-1:831569350010:alias/aws/sns\"]}]}",
            "role": "aft-lambda-cleanup-resources"
          },
          "sensitive_attributes": [],
          "private": "bnVsbA==",
          "dependencies": [
            "module.aft.data.aws_partition.current",
            "module.aft.module.aft_account_request_framework.aws_dynamodb_table.aft_request_metadata",
            "module.aft.module.aft_account_request_framework.aws_iam_role.aft_cleanup_resources",
            "module.aft.module.aft_account_request_framework.aws_kms_key.aft",
            "module.aft.module.aft_account_request_framework.aws_sns_topic.aft_failure_notifications",
            "module.aft.module.aft_account_request_framework.aws_sns_topic.aft_notifications",
            "module.aft.module.aft_account_request_framework.data.aws_caller_identity.aft-management",
            "module.aft.module.aft_account_request_framework.data.aws_partition.current",
            "module.aft.module.aft_account_request_framework.data.aws_region.aft-management"
          ]
        }
      ]
    },
    {
      "module": "module.aft.module.aft_account_request_framework",
      "mode": "managed",
      "type": "aws_iam_role_policy",
      "name": "aft_controltower_event_logger",
      "provider": "module.aft.provider[\"registry.terraform.io/hashicorp/aws\"].aft_management",
      "instances": [
        {
          "schema_version": 0,
          "attributes": {
            "id": "aft-lambda-controltower-event-logger:aft-controltower-event-logger",
            "name": "aft-controltower-event-logger",
            "name_prefix": null,
            "policy": "{\"Version\":\"2012-10-17\",\"Statement\":[{\"Action\":[\"dynamodb:PutItem\"],\"Effect\":\"Allow\",\"Resource\":[\"arn:aws:dynamodb:us-east-1:831569350010:table/aft-controltower-events\"]},{\"Action\":\"ssm:GetParameter\",\"Effect\":\"Allow\",\"Resource\":[\"arn:aws:ssm:us-east-1:831569350010:parameter/aft/*\"]},{\"Action\":[\"sns:Publish\"],\"Effect\":\"Allow\",\"Resource\":[\"arn:aws:sns:us-east-1:831569350010:aft-notifications\",\"arn:aws:sns:us-east-1:831569350010:aft-failure-notifications\"]},{\"Action\":[\"kms:GenerateDataKey\",\"kms:Encrypt\",\"kms:Decrypt\"],\"Effect\":\"Allow\",\"Resource\":[\"arn:aws:kms:us-east-1:831569350010:key/4c37dd67-0bc8-4877-83d6-47031c1aca28\",\"arn:aws:kms:us-east-1:831569350010:alias/aws/sns\"]}]}",
            "role": "aft-lambda-controltower-event-logger"
          },
          "sensitive_attributes": [],
          "private": "bnVsbA==",
          "dependencies": [
            "module.aft.data.aws_partition.current",
            "module.aft.module.aft_account_request_framework.aws_dynamodb_table.aft_controltower_events",
            "module.aft.module.aft_account_request_framework.aws_iam_role.aft_controltower_event_logger",
            "module.aft.module.aft_account_request_framework.aws_kms_key.aft",
            "module.aft.module.aft_account_request_framework.aws_sns_topic.aft_failure_notifications",
            "module.aft.module.aft_account_request_framework.aws_sns_topic.aft_notifications",
            "module.aft.module.aft_account_request_framework.data.aws_caller_identity.aft-management",
            "module.aft.module.aft_account_request_framework.data.aws_partition.current",
            "module.aft.module.aft_account_request_framework.data.aws_region.aft-management"
          ]
        }
      ]
    },
    {
      "module": "module.aft.module.aft_account_request_framework",
      "mode": "managed",
      "type": "aws_iam_role_policy",
      "name": "aft_invoke_aft_account_provisioning_framework",
      "provider": "module.aft.provider[\"registry.terraform.io/hashicorp/aws\"].aft_management",
      "instances": [
        {
          "schema_version": 0,
          "attributes": {
            "id": "aft-lambda-invoke-aft-account-provisioning-framework:aft-invoke-account-provisioning-framework",
            "name": "aft-invoke-account-provisioning-framework",
            "name_prefix": null,
            "policy": "{\"Version\":\"2012-10-17\",\"Statement\":[{\"Action\":[\"dynamodb:GetItem\"],\"Effect\":\"Allow\",\"Resource\":[\"arn:aws:dynamodb:us-east-1:831569350010:table/aft-request\"]},{\"Action\":\"ssm:GetParameter\",\"Effect\":\"Allow\",\"Resource\":[\"arn:aws:ssm:us-east-1:831569350010:parameter/aft/*\"]},{\"Action\":[\"sts:AssumeRole\",\"sns:Publish\"],\"Effect\":\"Allow\",\"Resource\":[\"arn:aws:iam::831569350010:role/AWSAFTAdmin\"]},{\"Action\":\"sts:GetCallerIdentity\",\"Effect\":\"Allow\",\"Resource\":\"*\"},{\"Action\":\"states:StartExecution\",\"Effect\":\"Allow\",\"Resource\":\"arn:aws:states:us-east-1:831569350010:stateMachine:aft-account-provisioning-framework\"},{\"Action\":[\"sns:Publish\"],\"Effect\":\"Allow\",\"Resource\":[\"arn:aws:sns:us-east-1:831569350010:aft-notifications\",\"arn:aws:sns:us-east-1:831569350010:aft-failure-notifications\"]},{\"Action\":[\"kms:GenerateDataKey\",\"kms:Encrypt\",\"kms:Decrypt\"],\"Effect\":\"Allow\",\"Resource\":[\"arn:aws:kms:us-east-1:831569350010:key/4c37dd67-0bc8-4877-83d6-47031c1aca28\",\"arn:aws:kms:us-east-1:831569350010:alias/aws/sns\"]}]}",
            "role": "aft-lambda-invoke-aft-account-provisioning-framework"
          },
          "sensitive_attributes": [],
          "private": "bnVsbA==",
          "dependencies": [
            "module.aft.data.aws_partition.current",
            "module.aft.module.aft_account_request_framework.aws_dynamodb_table.aft_request",
            "module.aft.module.aft_account_request_framework.aws_iam_role.aft_invoke_aft_account_provisioning_framework",
            "module.aft.module.aft_account_request_framework.aws_kms_key.aft",
            "module.aft.module.aft_account_request_framework.aws_sns_topic.aft_failure_notifications",
            "module.aft.module.aft_account_request_framework.aws_sns_topic.aft_notifications",
            "module.aft.module.aft_account_request_framework.data.aws_caller_identity.aft-management",
            "module.aft.module.aft_account_request_framework.data.aws_partition.current",
            "module.aft.module.aft_account_request_framework.data.aws_region.aft-management"
          ]
        }
      ]
    },
    {
      "module": "module.aft.module.aft_account_request_framework",
      "mode": "managed",
      "type": "aws_iam_role_policy",
      "name": "control_tower_events",
      "provider": "module.aft.provider[\"registry.terraform.io/hashicorp/aws\"].ct_management",
      "instances": [
        {
          "schema_version": 0,
          "attributes": {
            "id": "aft-control-tower-events-rule:control-tower-events",
            "name": "control-tower-events",
            "name_prefix": null,
            "policy": "{\"Version\":\"2012-10-17\",\"Statement\":[{\"Action\":[\"events:PutEvents\"],\"Effect\":\"Allow\",\"Resource\":[\"arn:aws:events:us-east-1:831569350010:event-bus/aft-events-from-ct-management\"]}]}",
            "role": "aft-control-tower-events-rule"
          },
          "sensitive_attributes": [],
          "private": "bnVsbA==",
          "dependencies": [
            "module.aft.data.aws_partition.current",
            "module.aft.module.aft_account_request_framework.aws_cloudwatch_event_bus.aft_from_ct_management",
            "module.aft.module.aft_account_request_framework.aws_iam_role.aft_control_tower_events"
          ]
        }
      ]
    },
    {
      "module": "module.aft.module.aft_account_request_framework",
      "mode": "managed",
      "type": "aws_iam_role_policy_attachment",
      "name": "account_request_processor",
      "provider": "module.aft.provider[\"registry.terraform.io/hashicorp/aws\"].aft_management",
      "instances": [
        {
          "index_key": 0,
          "schema_version": 0,
          "attributes": {
            "id": "aft-lambda-account-request-processor-20230528055107492600000019",
            "policy_arn": "arn:aws:iam::aws:policy/service-role/AWSLambdaBasicExecutionRole",
            "role": "aft-lambda-account-request-processor"
          },
          "sensitive_attributes": [],
          "private": "bnVsbA==",
          "dependencies": [
            "module.aft.data.aws_partition.current",
            "module.aft.module.aft_account_request_framework.aws_iam_role.aft_account_request_processor",
            "module.aft.module.aft_account_request_framework.data.aws_iam_policy.AWSLambdaBasicExecutionRole",
            "module.aft.module.aft_account_request_framework.data.aws_iam_policy.AWSLambdaVPCAccessExecutionRole"
          ]
        },
        {
          "index_key": 1,
          "schema_version": 0,
          "attributes": {
            "id": "aft-lambda-account-request-processor-2023052805510812350000001c",
            "policy_arn": "arn:aws:iam::aws:policy/service-role/AWSLambdaVPCAccessExecutionRole",
            "role": "aft-lambda-account-request-processor"
          },
          "sensitive_attributes": [],
          "private": "bnVsbA==",
          "dependencies": [
            "module.aft.data.aws_partition.current",
            "module.aft.module.aft_account_request_framework.aws_iam_role.aft_account_request_processor",
            "module.aft.module.aft_account_request_framework.data.aws_iam_policy.AWSLambdaBasicExecutionRole",
            "module.aft.module.aft_account_request_framework.data.aws_iam_policy.AWSLambdaVPCAccessExecutionRole"
          ]
        }
      ]
    },
    {
      "module": "module.aft.module.aft_account_request_framework",
      "mode": "managed",
      "type": "aws_iam_role_policy_attachment",
      "name": "aft_account_request_action_trigger",
      "provider": "module.aft.provider[\"registry.terraform.io/hashicorp/aws\"].aft_management",
      "instances": [
        {
          "index_key": 0,
          "schema_version": 0,
          "attributes": {
            "id": "aft-lambda-account-request-action-trigger-20230528055107446200000017",
            "policy_arn": "arn:aws:iam::aws:policy/service-role/AWSLambdaBasicExecutionRole",
            "role": "aft-lambda-account-request-action-trigger"
          },
          "sensitive_attributes": [],
          "private": "bnVsbA==",
          "dependencies": [
            "module.aft.data.aws_partition.current",
            "module.aft.module.aft_account_request_framework.aws_iam_role.aft_account_request_action_trigger",
            "module.aft.module.aft_account_request_framework.data.aws_iam_policy.AWSLambdaBasicExecutionRole",
            "module.aft.module.aft_account_request_framework.data.aws_iam_policy.AWSLambdaVPCAccessExecutionRole"
          ]
        },
        {
          "index_key": 1,
          "schema_version": 0,
          "attributes": {
            "id": "aft-lambda-account-request-action-trigger-20230528055106734200000013",
            "policy_arn": "arn:aws:iam::aws:policy/service-role/AWSLambdaVPCAccessExecutionRole",
            "role": "aft-lambda-account-request-action-trigger"
          },
          "sensitive_attributes": [],
          "private": "bnVsbA==",
          "dependencies": [
            "module.aft.data.aws_partition.current",
            "module.aft.module.aft_account_request_framework.aws_iam_role.aft_account_request_action_trigger",
            "module.aft.module.aft_account_request_framework.data.aws_iam_policy.AWSLambdaBasicExecutionRole",
            "module.aft.module.aft_account_request_framework.data.aws_iam_policy.AWSLambdaVPCAccessExecutionRole"
          ]
        }
      ]
    },
    {
      "module": "module.aft.module.aft_account_request_framework",
      "mode": "managed",
      "type": "aws_iam_role_policy_attachment",
      "name": "aft_account_request_audit_trigger",
      "provider": "module.aft.provider[\"registry.terraform.io/hashicorp/aws\"].aft_management",
      "instances": [
        {
          "index_key": 0,
          "schema_version": 0,
          "attributes": {
            "id": "aft-lambda-account-request-audit-trigger-2023052805510828700000001f",
            "policy_arn": "arn:aws:iam::aws:policy/service-role/AWSLambdaBasicExecutionRole",
            "role": "aft-lambda-account-request-audit-trigger"
          },
          "sensitive_attributes": [],
          "private": "bnVsbA==",
          "dependencies": [
            "module.aft.data.aws_partition.current",
            "module.aft.module.aft_account_request_framework.aws_iam_role.aft_account_request_audit_trigger",
            "module.aft.module.aft_account_request_framework.data.aws_iam_policy.AWSLambdaBasicExecutionRole",
            "module.aft.module.aft_account_request_framework.data.aws_iam_policy.AWSLambdaVPCAccessExecutionRole"
          ]
        },
        {
          "index_key": 1,
          "schema_version": 0,
          "attributes": {
            "id": "aft-lambda-account-request-audit-trigger-2023052805510807740000001b",
            "policy_arn": "arn:aws:iam::aws:policy/service-role/AWSLambdaVPCAccessExecutionRole",
            "role": "aft-lambda-account-request-audit-trigger"
          },
          "sensitive_attributes": [],
          "private": "bnVsbA==",
          "dependencies": [
            "module.aft.data.aws_partition.current",
            "module.aft.module.aft_account_request_framework.aws_iam_role.aft_account_request_audit_trigger",
            "module.aft.module.aft_account_request_framework.data.aws_iam_policy.AWSLambdaBasicExecutionRole",
            "module.aft.module.aft_account_request_framework.data.aws_iam_policy.AWSLambdaVPCAccessExecutionRole"
          ]
        }
      ]
    },
    {
      "module": "module.aft.module.aft_account_request_framework",
      "mode": "managed",
      "type": "aws_iam_role_policy_attachment",
      "name": "aft_aws_backup_service_role",
      "provider": "module.aft.provider[\"registry.terraform.io/hashicorp/aws\"].aft_management",
      "instances": [
        {
          "schema_version": 0,
          "attributes": {
            "id": "aft-aws-backup-20230528055028636900000002",
            "policy_arn": "arn:aws:iam::aws:policy/service-role/AWSBackupServiceRolePolicyForBackup",
            "role": "aft-aws-backup"
          },
          "sensitive_attributes": [],
          "private": "bnVsbA==",
          "dependencies": [
            "module.aft.data.aws_partition.current",
            "module.aft.module.aft_account_request_framework.aws_iam_role.aft_aws_backup",
            "module.aft.module.aft_account_request_framework.data.aws_partition.current"
          ]
        }
      ]
    },
    {
      "module": "module.aft.module.aft_account_request_framework",
      "mode": "managed",
      "type": "aws_iam_role_policy_attachment",
      "name": "aft_cleanup_resources",
      "provider": "module.aft.provider[\"registry.terraform.io/hashicorp/aws\"].aft_management",
      "instances": [
        {
          "index_key": 0,
          "schema_version": 0,
          "attributes": {
            "id": "aft-lambda-cleanup-resources-20230528055107469900000018",
            "policy_arn": "arn:aws:iam::aws:policy/service-role/AWSLambdaBasicExecutionRole",
            "role": "aft-lambda-cleanup-resources"
          },
          "sensitive_attributes": [],
          "private": "bnVsbA==",
          "dependencies": [
            "module.aft.data.aws_partition.current",
            "module.aft.module.aft_account_request_framework.aws_iam_role.aft_cleanup_resources",
            "module.aft.module.aft_account_request_framework.data.aws_iam_policy.AWSLambdaBasicExecutionRole",
            "module.aft.module.aft_account_request_framework.data.aws_iam_policy.AWSLambdaVPCAccessExecutionRole"
          ]
        },
        {
          "index_key": 1,
          "schema_version": 0,
          "attributes": {
            "id": "aft-lambda-cleanup-resources-20230528055107119100000016",
            "policy_arn": "arn:aws:iam::aws:policy/service-role/AWSLambdaVPCAccessExecutionRole",
            "role": "aft-lambda-cleanup-resources"
          },
          "sensitive_attributes": [],
          "private": "bnVsbA==",
          "dependencies": [
            "module.aft.data.aws_partition.current",
            "module.aft.module.aft_account_request_framework.aws_iam_role.aft_cleanup_resources",
            "module.aft.module.aft_account_request_framework.data.aws_iam_policy.AWSLambdaBasicExecutionRole",
            "module.aft.module.aft_account_request_framework.data.aws_iam_policy.AWSLambdaVPCAccessExecutionRole"
          ]
        }
      ]
    },
    {
      "module": "module.aft.module.aft_account_request_framework",
      "mode": "managed",
      "type": "aws_iam_role_policy_attachment",
      "name": "aft_controltower_event_logger",
      "provider": "module.aft.provider[\"registry.terraform.io/hashicorp/aws\"].aft_management",
      "instances": [
        {
          "index_key": 0,
          "schema_version": 0,
          "attributes": {
            "id": "aft-lambda-controltower-event-logger-2023052805510817850000001d",
            "policy_arn": "arn:aws:iam::aws:policy/service-role/AWSLambdaBasicExecutionRole",
            "role": "aft-lambda-controltower-event-logger"
          },
          "sensitive_attributes": [],
          "private": "bnVsbA==",
          "dependencies": [
            "module.aft.data.aws_partition.current",
            "module.aft.module.aft_account_request_framework.aws_iam_role.aft_controltower_event_logger",
            "module.aft.module.aft_account_request_framework.data.aws_iam_policy.AWSLambdaBasicExecutionRole",
            "module.aft.module.aft_account_request_framework.data.aws_iam_policy.AWSLambdaVPCAccessExecutionRole"
          ]
        },
        {
          "index_key": 1,
          "schema_version": 0,
          "attributes": {
            "id": "aft-lambda-controltower-event-logger-2023052805510769740000001a",
            "policy_arn": "arn:aws:iam::aws:policy/service-role/AWSLambdaVPCAccessExecutionRole",
            "role": "aft-lambda-controltower-event-logger"
          },
          "sensitive_attributes": [],
          "private": "bnVsbA==",
          "dependencies": [
            "module.aft.data.aws_partition.current",
            "module.aft.module.aft_account_request_framework.aws_iam_role.aft_controltower_event_logger",
            "module.aft.module.aft_account_request_framework.data.aws_iam_policy.AWSLambdaBasicExecutionRole",
            "module.aft.module.aft_account_request_framework.data.aws_iam_policy.AWSLambdaVPCAccessExecutionRole"
          ]
        }
      ]
    },
    {
      "module": "module.aft.module.aft_account_request_framework",
      "mode": "managed",
      "type": "aws_iam_role_policy_attachment",
      "name": "aft_invoke_aft_account_provisioning_framework",
      "provider": "module.aft.provider[\"registry.terraform.io/hashicorp/aws\"].aft_management",
      "instances": [
        {
          "index_key": 0,
          "schema_version": 0,
          "attributes": {
            "id": "aft-lambda-invoke-aft-account-provisioning-framework-20230528055108468900000020",
            "policy_arn": "arn:aws:iam::aws:policy/service-role/AWSLambdaBasicExecutionRole",
            "role": "aft-lambda-invoke-aft-account-provisioning-framework"
          },
          "sensitive_attributes": [],
          "private": "bnVsbA==",
          "dependencies": [
            "module.aft.data.aws_partition.current",
            "module.aft.module.aft_account_request_framework.aws_iam_role.aft_invoke_aft_account_provisioning_framework",
            "module.aft.module.aft_account_request_framework.data.aws_iam_policy.AWSLambdaBasicExecutionRole",
            "module.aft.module.aft_account_request_framework.data.aws_iam_policy.AWSLambdaVPCAccessExecutionRole"
          ]
        },
        {
          "index_key": 1,
          "schema_version": 0,
          "attributes": {
            "id": "aft-lambda-invoke-aft-account-provisioning-framework-2023052805510827680000001e",
            "policy_arn": "arn:aws:iam::aws:policy/service-role/AWSLambdaVPCAccessExecutionRole",
            "role": "aft-lambda-invoke-aft-account-provisioning-framework"
          },
          "sensitive_attributes": [],
          "private": "bnVsbA==",
          "dependencies": [
            "module.aft.data.aws_partition.current",
            "module.aft.module.aft_account_request_framework.aws_iam_role.aft_invoke_aft_account_provisioning_framework",
            "module.aft.module.aft_account_request_framework.data.aws_iam_policy.AWSLambdaBasicExecutionRole",
            "module.aft.module.aft_account_request_framework.data.aws_iam_policy.AWSLambdaVPCAccessExecutionRole"
          ]
        }
      ]
    },
    {
      "module": "module.aft.module.aft_account_request_framework",
      "mode": "managed",
      "type": "aws_internet_gateway",
      "name": "aft-vpc-igw",
      "provider": "module.aft.provider[\"registry.terraform.io/hashicorp/aws\"].aft_management",
      "instances": [
        {
          "schema_version": 0,
          "attributes": {
            "arn": "arn:aws:ec2:us-east-1:831569350010:internet-gateway/igw-02f71d73a78ae48d9",
            "id": "igw-02f71d73a78ae48d9",
            "owner_id": "831569350010",
            "tags": {
              "Name": "aft-vpc-igw"
            },
            "tags_all": {
              "Name": "aft-vpc-igw",
              "managed_by": "AFT"
            },
            "timeouts": null,
            "vpc_id": "vpc-06cdd138eab207cc9"
          },
          "sensitive_attributes": [],
          "private": "eyJlMmJmYjczMC1lY2FhLTExZTYtOGY4OC0zNDM2M2JjN2M0YzAiOnsiY3JlYXRlIjoxMjAwMDAwMDAwMDAwLCJkZWxldGUiOjEyMDAwMDAwMDAwMDAsInVwZGF0ZSI6MTIwMDAwMDAwMDAwMH19",
          "dependencies": [
            "module.aft.data.aws_partition.current",
            "module.aft.module.aft_account_request_framework.aws_vpc.aft_vpc"
          ]
        }
      ]
    },
    {
      "module": "module.aft.module.aft_account_request_framework",
      "mode": "managed",
      "type": "aws_kms_alias",
      "name": "aft",
      "provider": "module.aft.provider[\"registry.terraform.io/hashicorp/aws\"].aft_management",
      "instances": [
        {
          "schema_version": 0,
          "attributes": {
            "arn": "arn:aws:kms:us-east-1:831569350010:alias/aft",
            "id": "alias/aft",
            "name": "alias/aft",
            "name_prefix": "",
            "target_key_arn": "arn:aws:kms:us-east-1:831569350010:key/4c37dd67-0bc8-4877-83d6-47031c1aca28",
            "target_key_id": "4c37dd67-0bc8-4877-83d6-47031c1aca28"
          },
          "sensitive_attributes": [],
          "private": "bnVsbA==",
          "dependencies": [
            "module.aft.data.aws_partition.current",
            "module.aft.module.aft_account_request_framework.aws_kms_key.aft"
          ]
        }
      ]
    },
    {
      "module": "module.aft.module.aft_account_request_framework",
      "mode": "managed",
      "type": "aws_kms_key",
      "name": "aft",
      "provider": "module.aft.provider[\"registry.terraform.io/hashicorp/aws\"].aft_management",
      "instances": [
        {
          "schema_version": 0,
          "attributes": {
            "arn": "arn:aws:kms:us-east-1:831569350010:key/4c37dd67-0bc8-4877-83d6-47031c1aca28",
            "bypass_policy_lockout_safety_check": false,
            "custom_key_store_id": "",
            "customer_master_key_spec": "SYMMETRIC_DEFAULT",
            "deletion_window_in_days": null,
            "description": "AFT KMS key",
            "enable_key_rotation": true,
            "id": "4c37dd67-0bc8-4877-83d6-47031c1aca28",
            "is_enabled": true,
            "key_id": "4c37dd67-0bc8-4877-83d6-47031c1aca28",
            "key_usage": "ENCRYPT_DECRYPT",
            "multi_region": false,
            "policy": "{\"Id\":\"key-default-1\",\"Statement\":[{\"Action\":\"kms:*\",\"Effect\":\"Allow\",\"Principal\":{\"AWS\":\"arn:aws:iam::831569350010:root\"},\"Resource\":\"*\",\"Sid\":\"Enable IAM User Permissions\"}],\"Version\":\"2012-10-17\"}",
            "tags": null,
            "tags_all": {
              "managed_by": "AFT"
            }
          },
          "sensitive_attributes": [],
          "private": "bnVsbA==",
          "dependencies": [
            "module.aft.data.aws_partition.current"
          ],
          "create_before_destroy": true
        }
      ]
    },
    {
      "module": "module.aft.module.aft_account_request_framework",
      "mode": "managed",
      "type": "aws_lambda_event_source_mapping",
      "name": "aft_account_request_action_trigger",
      "provider": "module.aft.provider[\"registry.terraform.io/hashicorp/aws\"].aft_management",
      "instances": [
        {
          "schema_version": 0,
          "attributes": {
            "amazon_managed_kafka_event_source_config": [],
            "batch_size": 1,
            "bisect_batch_on_function_error": false,
            "destination_config": [
              {
                "on_failure": [
                  {
                    "destination_arn": null
                  }
                ]
              }
            ],
            "document_db_event_source_config": [],
            "enabled": true,
            "event_source_arn": "arn:aws:dynamodb:us-east-1:831569350010:table/aft-request/stream/2023-05-28T05:50:38.613",
            "filter_criteria": [],
            "function_arn": "arn:aws:lambda:us-east-1:831569350010:function:aft-account-request-action-trigger",
            "function_name": "arn:aws:lambda:us-east-1:831569350010:function:aft-account-request-action-trigger",
            "function_response_types": null,
            "id": "52f86422-a7de-4741-9ffa-b038a50fbbf3",
            "last_modified": "2023-05-28T06:01:00Z",
            "last_processing_result": "No records processed",
            "maximum_batching_window_in_seconds": 0,
            "maximum_record_age_in_seconds": -1,
            "maximum_retry_attempts": 1,
            "parallelization_factor": 1,
            "queues": null,
            "scaling_config": [],
            "self_managed_event_source": [],
            "self_managed_kafka_event_source_config": [],
            "source_access_configuration": [],
            "starting_position": "LATEST",
            "starting_position_timestamp": "",
            "state": "Enabled",
            "state_transition_reason": "User action",
            "topics": null,
            "tumbling_window_in_seconds": 0,
            "uuid": "52f86422-a7de-4741-9ffa-b038a50fbbf3"
          },
          "sensitive_attributes": [],
          "private": "bnVsbA==",
          "dependencies": [
            "module.aft.data.aws_partition.current",
            "module.aft.data.local_file.version",
            "module.aft.module.aft_account_request_framework.aws_dynamodb_table.aft_request",
            "module.aft.module.aft_account_request_framework.aws_iam_role.aft_account_request_action_trigger",
            "module.aft.module.aft_account_request_framework.aws_kms_key.aft",
            "module.aft.module.aft_account_request_framework.aws_lambda_function.aft_account_request_action_trigger",
            "module.aft.module.aft_account_request_framework.aws_security_group.aft_vpc_default_sg",
            "module.aft.module.aft_account_request_framework.aws_subnet.aft_vpc_private_subnet_01",
            "module.aft.module.aft_account_request_framework.aws_subnet.aft_vpc_private_subnet_02",
            "module.aft.module.aft_account_request_framework.aws_vpc.aft_vpc",
            "module.aft.module.aft_account_request_framework.data.aws_availability_zones.available",
            "module.aft.module.aft_customizations.aws_s3_bucket.aft_codepipeline_customizations_bucket",
            "module.aft.module.aft_customizations.data.aws_caller_identity.current",
            "module.aft.module.aft_lambda_layer.aws_codebuild_project.codebuild",
            "module.aft.module.aft_lambda_layer.aws_iam_role.codebuild",
            "module.aft.module.aft_lambda_layer.aws_iam_role.codebuild_invoker_lambda_role",
            "module.aft.module.aft_lambda_layer.aws_lambda_function.codebuild_invoker",
            "module.aft.module.aft_lambda_layer.aws_lambda_layer_version.layer_version",
            "module.aft.module.aft_lambda_layer.data.aws_lambda_invocation.invoke_codebuild_job",
            "module.aft.module.aft_lambda_layer.data.aws_partition.current",
            "module.aft.module.aft_lambda_layer.data.local_file.aft_lambda_layer",
            "module.aft.module.aft_lambda_layer.random_string.resource_suffix",
            "module.aft.module.packaging.data.archive_file.builder",
            "module.aft.module.packaging.data.archive_file.request_framework"
          ]
        }
      ]
    },
    {
      "module": "module.aft.module.aft_account_request_framework",
      "mode": "managed",
      "type": "aws_lambda_event_source_mapping",
      "name": "aft_account_request_audit_trigger",
      "provider": "module.aft.provider[\"registry.terraform.io/hashicorp/aws\"].aft_management",
      "instances": [
        {
          "schema_version": 0,
          "attributes": {
            "amazon_managed_kafka_event_source_config": [],
            "batch_size": 1,
            "bisect_batch_on_function_error": false,
            "destination_config": [
              {
                "on_failure": [
                  {
                    "destination_arn": null
                  }
                ]
              }
            ],
            "document_db_event_source_config": [],
            "enabled": true,
            "event_source_arn": "arn:aws:dynamodb:us-east-1:831569350010:table/aft-request/stream/2023-05-28T05:50:38.613",
            "filter_criteria": [],
            "function_arn": "arn:aws:lambda:us-east-1:831569350010:function:aft-account-request-audit-trigger",
            "function_name": "arn:aws:lambda:us-east-1:831569350010:function:aft-account-request-audit-trigger",
            "function_response_types": null,
            "id": "4e768d05-4488-43d3-bb43-8c8b2a4d74b3",
            "last_modified": "2023-05-28T06:02:00Z",
            "last_processing_result": "No records processed",
            "maximum_batching_window_in_seconds": 0,
            "maximum_record_age_in_seconds": -1,
            "maximum_retry_attempts": 1,
            "parallelization_factor": 1,
            "queues": null,
            "scaling_config": [],
            "self_managed_event_source": [],
            "self_managed_kafka_event_source_config": [],
            "source_access_configuration": [],
            "starting_position": "LATEST",
            "starting_position_timestamp": "",
            "state": "Enabled",
            "state_transition_reason": "User action",
            "topics": null,
            "tumbling_window_in_seconds": 0,
            "uuid": "4e768d05-4488-43d3-bb43-8c8b2a4d74b3"
          },
          "sensitive_attributes": [],
          "private": "bnVsbA==",
          "dependencies": [
            "module.aft.data.aws_partition.current",
            "module.aft.data.local_file.version",
            "module.aft.module.aft_account_request_framework.aws_dynamodb_table.aft_request",
            "module.aft.module.aft_account_request_framework.aws_iam_role.aft_account_request_audit_trigger",
            "module.aft.module.aft_account_request_framework.aws_kms_key.aft",
            "module.aft.module.aft_account_request_framework.aws_lambda_function.aft_account_request_audit_trigger",
            "module.aft.module.aft_account_request_framework.aws_security_group.aft_vpc_default_sg",
            "module.aft.module.aft_account_request_framework.aws_subnet.aft_vpc_private_subnet_01",
            "module.aft.module.aft_account_request_framework.aws_subnet.aft_vpc_private_subnet_02",
            "module.aft.module.aft_account_request_framework.aws_vpc.aft_vpc",
            "module.aft.module.aft_account_request_framework.data.aws_availability_zones.available",
            "module.aft.module.aft_account_request_framework.time_sleep.wait_60_seconds",
            "module.aft.module.aft_customizations.aws_s3_bucket.aft_codepipeline_customizations_bucket",
            "module.aft.module.aft_customizations.data.aws_caller_identity.current",
            "module.aft.module.aft_lambda_layer.aws_codebuild_project.codebuild",
            "module.aft.module.aft_lambda_layer.aws_iam_role.codebuild",
            "module.aft.module.aft_lambda_layer.aws_iam_role.codebuild_invoker_lambda_role",
            "module.aft.module.aft_lambda_layer.aws_lambda_function.codebuild_invoker",
            "module.aft.module.aft_lambda_layer.aws_lambda_layer_version.layer_version",
            "module.aft.module.aft_lambda_layer.data.aws_lambda_invocation.invoke_codebuild_job",
            "module.aft.module.aft_lambda_layer.data.aws_partition.current",
            "module.aft.module.aft_lambda_layer.data.local_file.aft_lambda_layer",
            "module.aft.module.aft_lambda_layer.random_string.resource_suffix",
            "module.aft.module.packaging.data.archive_file.builder",
            "module.aft.module.packaging.data.archive_file.request_framework"
          ]
        }
      ]
    },
    {
      "module": "module.aft.module.aft_account_request_framework",
      "mode": "managed",
      "type": "aws_lambda_function",
      "name": "aft_account_request_action_trigger",
      "provider": "module.aft.provider[\"registry.terraform.io/hashicorp/aws\"].aft_management",
      "instances": [
        {
          "schema_version": 0,
          "attributes": {
            "architectures": [
              "x86_64"
            ],
            "arn": "arn:aws:lambda:us-east-1:831569350010:function:aft-account-request-action-trigger",
            "code_signing_config_arn": "",
            "dead_letter_config": [],
            "description": "Receives trigger from DynamoDB aft-request table and determines action target - SQS or Lambda aft-invoke-aft-account-provisioning-framework",
            "environment": [],
            "ephemeral_storage": [
              {
                "size": 512
              }
            ],
            "file_system_config": [],
            "filename": ".terraform/modules/aft/modules/aft-archives/../../src/aft_lambda/aft_account_request_framework.zip",
            "function_name": "aft-account-request-action-trigger",
            "handler": "aft_account_request_action_trigger.lambda_handler",
            "id": "aft-account-request-action-trigger",
            "image_config": [],
            "image_uri": "",
            "invoke_arn": "arn:aws:apigateway:us-east-1:lambda:path/2015-03-31/functions/arn:aws:lambda:us-east-1:831569350010:function:aft-account-request-action-trigger/invocations",
            "kms_key_arn": "",
            "last_modified": "2023-05-28T06:00:07.817+0000",
            "layers": [
              "arn:aws:lambda:us-east-1:831569350010:layer:aft-common-1-10-3:1"
            ],
            "memory_size": 1024,
            "package_type": "Zip",
            "publish": false,
            "qualified_arn": "arn:aws:lambda:us-east-1:831569350010:function:aft-account-request-action-trigger:$LATEST",
            "qualified_invoke_arn": "arn:aws:apigateway:us-east-1:lambda:path/2015-03-31/functions/arn:aws:lambda:us-east-1:831569350010:function:aft-account-request-action-trigger:$LATEST/invocations",
            "replace_security_groups_on_destroy": null,
            "replacement_security_group_ids": null,
            "reserved_concurrent_executions": -1,
            "role": "arn:aws:iam::831569350010:role/aft-lambda-account-request-action-trigger",
            "runtime": "python3.9",
            "s3_bucket": null,
            "s3_key": null,
            "s3_object_version": null,
            "signing_job_arn": "",
            "signing_profile_version_arn": "",
            "skip_destroy": false,
            "snap_start": [],
            "source_code_hash": "8mHSZBYCD9szIQyqcb98RamAE8wk36hcWrrW52Ata1A=",
            "source_code_size": 7477,
            "tags": null,
            "tags_all": {
              "managed_by": "AFT"
            },
            "timeout": 300,
            "timeouts": null,
            "tracing_config": [
              {
                "mode": "PassThrough"
              }
            ],
            "version": "$LATEST",
            "vpc_config": [
              {
                "security_group_ids": [
                  "sg-0a4310c8034e66ff9"
                ],
                "subnet_ids": [
                  "subnet-003c841febb2163f5",
                  "subnet-0970ebe4f59507674"
                ],
                "vpc_id": "vpc-06cdd138eab207cc9"
              }
            ]
          },
          "sensitive_attributes": [],
          "private": "eyJlMmJmYjczMC1lY2FhLTExZTYtOGY4OC0zNDM2M2JjN2M0YzAiOnsiY3JlYXRlIjo2MDAwMDAwMDAwMDAsImRlbGV0ZSI6NjAwMDAwMDAwMDAwLCJ1cGRhdGUiOjYwMDAwMDAwMDAwMH19",
          "dependencies": [
            "module.aft.data.aws_partition.current",
            "module.aft.data.local_file.version",
            "module.aft.module.aft_account_request_framework.aws_iam_role.aft_account_request_action_trigger",
            "module.aft.module.aft_account_request_framework.aws_kms_key.aft",
            "module.aft.module.aft_account_request_framework.aws_security_group.aft_vpc_default_sg",
            "module.aft.module.aft_account_request_framework.aws_subnet.aft_vpc_private_subnet_01",
            "module.aft.module.aft_account_request_framework.aws_subnet.aft_vpc_private_subnet_02",
            "module.aft.module.aft_account_request_framework.aws_vpc.aft_vpc",
            "module.aft.module.aft_account_request_framework.data.aws_availability_zones.available",
            "module.aft.module.aft_customizations.aws_s3_bucket.aft_codepipeline_customizations_bucket",
            "module.aft.module.aft_customizations.data.aws_caller_identity.current",
            "module.aft.module.aft_lambda_layer.aws_codebuild_project.codebuild",
            "module.aft.module.aft_lambda_layer.aws_iam_role.codebuild",
            "module.aft.module.aft_lambda_layer.aws_iam_role.codebuild_invoker_lambda_role",
            "module.aft.module.aft_lambda_layer.aws_lambda_function.codebuild_invoker",
            "module.aft.module.aft_lambda_layer.aws_lambda_layer_version.layer_version",
            "module.aft.module.aft_lambda_layer.data.aws_lambda_invocation.invoke_codebuild_job",
            "module.aft.module.aft_lambda_layer.data.aws_partition.current",
            "module.aft.module.aft_lambda_layer.data.local_file.aft_lambda_layer",
            "module.aft.module.aft_lambda_layer.random_string.resource_suffix",
            "module.aft.module.packaging.data.archive_file.builder",
            "module.aft.module.packaging.data.archive_file.request_framework"
          ]
        }
      ]
    },
    {
      "module": "module.aft.module.aft_account_request_framework",
      "mode": "managed",
      "type": "aws_lambda_function",
      "name": "aft_account_request_audit_trigger",
      "provider": "module.aft.provider[\"registry.terraform.io/hashicorp/aws\"].aft_management",
      "instances": [
        {
          "schema_version": 0,
          "attributes": {
            "architectures": [
              "x86_64"
            ],
            "arn": "arn:aws:lambda:us-east-1:831569350010:function:aft-account-request-audit-trigger",
            "code_signing_config_arn": "",
            "dead_letter_config": [],
            "description": "Receives trigger from DynamoDB aft-request table and inserts the event into aft-request-audit table",
            "environment": [],
            "ephemeral_storage": [
              {
                "size": 512
              }
            ],
            "file_system_config": [],
            "filename": ".terraform/modules/aft/modules/aft-archives/../../src/aft_lambda/aft_account_request_framework.zip",
            "function_name": "aft-account-request-audit-trigger",
            "handler": "aft_account_request_audit_trigger.lambda_handler",
            "id": "aft-account-request-audit-trigger",
            "image_config": [],
            "image_uri": "",
            "invoke_arn": "arn:aws:apigateway:us-east-1:lambda:path/2015-03-31/functions/arn:aws:lambda:us-east-1:831569350010:function:aft-account-request-audit-trigger/invocations",
            "kms_key_arn": "",
            "last_modified": "2023-05-28T06:01:24.516+0000",
            "layers": [
              "arn:aws:lambda:us-east-1:831569350010:layer:aft-common-1-10-3:1"
            ],
            "memory_size": 1024,
            "package_type": "Zip",
            "publish": false,
            "qualified_arn": "arn:aws:lambda:us-east-1:831569350010:function:aft-account-request-audit-trigger:$LATEST",
            "qualified_invoke_arn": "arn:aws:apigateway:us-east-1:lambda:path/2015-03-31/functions/arn:aws:lambda:us-east-1:831569350010:function:aft-account-request-audit-trigger:$LATEST/invocations",
            "replace_security_groups_on_destroy": null,
            "replacement_security_group_ids": null,
            "reserved_concurrent_executions": -1,
            "role": "arn:aws:iam::831569350010:role/aft-lambda-account-request-audit-trigger",
            "runtime": "python3.9",
            "s3_bucket": null,
            "s3_key": null,
            "s3_object_version": null,
            "signing_job_arn": "",
            "signing_profile_version_arn": "",
            "skip_destroy": false,
            "snap_start": [],
            "source_code_hash": "8mHSZBYCD9szIQyqcb98RamAE8wk36hcWrrW52Ata1A=",
            "source_code_size": 7477,
            "tags": null,
            "tags_all": {
              "managed_by": "AFT"
            },
            "timeout": 300,
            "timeouts": null,
            "tracing_config": [
              {
                "mode": "PassThrough"
              }
            ],
            "version": "$LATEST",
            "vpc_config": [
              {
                "security_group_ids": [
                  "sg-0a4310c8034e66ff9"
                ],
                "subnet_ids": [
                  "subnet-003c841febb2163f5",
                  "subnet-0970ebe4f59507674"
                ],
                "vpc_id": "vpc-06cdd138eab207cc9"
              }
            ]
          },
          "sensitive_attributes": [],
          "private": "eyJlMmJmYjczMC1lY2FhLTExZTYtOGY4OC0zNDM2M2JjN2M0YzAiOnsiY3JlYXRlIjo2MDAwMDAwMDAwMDAsImRlbGV0ZSI6NjAwMDAwMDAwMDAwLCJ1cGRhdGUiOjYwMDAwMDAwMDAwMH19",
          "dependencies": [
            "module.aft.data.aws_partition.current",
            "module.aft.data.local_file.version",
            "module.aft.module.aft_account_request_framework.aws_iam_role.aft_account_request_audit_trigger",
            "module.aft.module.aft_account_request_framework.aws_kms_key.aft",
            "module.aft.module.aft_account_request_framework.aws_security_group.aft_vpc_default_sg",
            "module.aft.module.aft_account_request_framework.aws_subnet.aft_vpc_private_subnet_01",
            "module.aft.module.aft_account_request_framework.aws_subnet.aft_vpc_private_subnet_02",
            "module.aft.module.aft_account_request_framework.aws_vpc.aft_vpc",
            "module.aft.module.aft_account_request_framework.data.aws_availability_zones.available",
            "module.aft.module.aft_customizations.aws_s3_bucket.aft_codepipeline_customizations_bucket",
            "module.aft.module.aft_customizations.data.aws_caller_identity.current",
            "module.aft.module.aft_lambda_layer.aws_codebuild_project.codebuild",
            "module.aft.module.aft_lambda_layer.aws_iam_role.codebuild",
            "module.aft.module.aft_lambda_layer.aws_iam_role.codebuild_invoker_lambda_role",
            "module.aft.module.aft_lambda_layer.aws_lambda_function.codebuild_invoker",
            "module.aft.module.aft_lambda_layer.aws_lambda_layer_version.layer_version",
            "module.aft.module.aft_lambda_layer.data.aws_lambda_invocation.invoke_codebuild_job",
            "module.aft.module.aft_lambda_layer.data.aws_partition.current",
            "module.aft.module.aft_lambda_layer.data.local_file.aft_lambda_layer",
            "module.aft.module.aft_lambda_layer.random_string.resource_suffix",
            "module.aft.module.packaging.data.archive_file.builder",
            "module.aft.module.packaging.data.archive_file.request_framework"
          ]
        }
      ]
    },
    {
      "module": "module.aft.module.aft_account_request_framework",
      "mode": "managed",
      "type": "aws_lambda_function",
      "name": "aft_account_request_processor",
      "provider": "module.aft.provider[\"registry.terraform.io/hashicorp/aws\"].aft_management",
      "instances": [
        {
          "schema_version": 0,
          "attributes": {
            "architectures": [
              "x86_64"
            ],
            "arn": "arn:aws:lambda:us-east-1:831569350010:function:aft-account-request-processor",
            "code_signing_config_arn": "",
            "dead_letter_config": [],
            "description": "Triggered by CW Event, reads aft-account-request.fifo queue and performs needed action",
            "environment": [
              {
                "variables": {
                  "AFT_PROVISIONING_CONCURRENCY": "5"
                }
              }
            ],
            "ephemeral_storage": [
              {
                "size": 512
              }
            ],
            "file_system_config": [],
            "filename": ".terraform/modules/aft/modules/aft-archives/../../src/aft_lambda/aft_account_request_framework.zip",
            "function_name": "aft-account-request-processor",
            "handler": "aft_account_request_processor.lambda_handler",
            "id": "aft-account-request-processor",
            "image_config": [],
            "image_uri": "",
            "invoke_arn": "arn:aws:apigateway:us-east-1:lambda:path/2015-03-31/functions/arn:aws:lambda:us-east-1:831569350010:function:aft-account-request-processor/invocations",
            "kms_key_arn": "",
            "last_modified": "2023-05-28T06:01:36.369+0000",
            "layers": [
              "arn:aws:lambda:us-east-1:831569350010:layer:aft-common-1-10-3:1"
            ],
            "memory_size": 1024,
            "package_type": "Zip",
            "publish": false,
            "qualified_arn": "arn:aws:lambda:us-east-1:831569350010:function:aft-account-request-processor:$LATEST",
            "qualified_invoke_arn": "arn:aws:apigateway:us-east-1:lambda:path/2015-03-31/functions/arn:aws:lambda:us-east-1:831569350010:function:aft-account-request-processor:$LATEST/invocations",
            "replace_security_groups_on_destroy": null,
            "replacement_security_group_ids": null,
            "reserved_concurrent_executions": -1,
            "role": "arn:aws:iam::831569350010:role/aft-lambda-account-request-processor",
            "runtime": "python3.9",
            "s3_bucket": null,
            "s3_key": null,
            "s3_object_version": null,
            "signing_job_arn": "",
            "signing_profile_version_arn": "",
            "skip_destroy": false,
            "snap_start": [],
            "source_code_hash": "8mHSZBYCD9szIQyqcb98RamAE8wk36hcWrrW52Ata1A=",
            "source_code_size": 7477,
            "tags": null,
            "tags_all": {
              "managed_by": "AFT"
            },
            "timeout": 300,
            "timeouts": null,
            "tracing_config": [
              {
                "mode": "PassThrough"
              }
            ],
            "version": "$LATEST",
            "vpc_config": [
              {
                "security_group_ids": [
                  "sg-0a4310c8034e66ff9"
                ],
                "subnet_ids": [
                  "subnet-003c841febb2163f5",
                  "subnet-0970ebe4f59507674"
                ],
                "vpc_id": "vpc-06cdd138eab207cc9"
              }
            ]
          },
          "sensitive_attributes": [],
          "private": "eyJlMmJmYjczMC1lY2FhLTExZTYtOGY4OC0zNDM2M2JjN2M0YzAiOnsiY3JlYXRlIjo2MDAwMDAwMDAwMDAsImRlbGV0ZSI6NjAwMDAwMDAwMDAwLCJ1cGRhdGUiOjYwMDAwMDAwMDAwMH19",
          "dependencies": [
            "module.aft.data.aws_partition.current",
            "module.aft.data.local_file.version",
            "module.aft.module.aft_account_request_framework.aws_iam_role.aft_account_request_processor",
            "module.aft.module.aft_account_request_framework.aws_kms_key.aft",
            "module.aft.module.aft_account_request_framework.aws_security_group.aft_vpc_default_sg",
            "module.aft.module.aft_account_request_framework.aws_subnet.aft_vpc_private_subnet_01",
            "module.aft.module.aft_account_request_framework.aws_subnet.aft_vpc_private_subnet_02",
            "module.aft.module.aft_account_request_framework.aws_vpc.aft_vpc",
            "module.aft.module.aft_account_request_framework.data.aws_availability_zones.available",
            "module.aft.module.aft_customizations.aws_s3_bucket.aft_codepipeline_customizations_bucket",
            "module.aft.module.aft_customizations.data.aws_caller_identity.current",
            "module.aft.module.aft_lambda_layer.aws_codebuild_project.codebuild",
            "module.aft.module.aft_lambda_layer.aws_iam_role.codebuild",
            "module.aft.module.aft_lambda_layer.aws_iam_role.codebuild_invoker_lambda_role",
            "module.aft.module.aft_lambda_layer.aws_lambda_function.codebuild_invoker",
            "module.aft.module.aft_lambda_layer.aws_lambda_layer_version.layer_version",
            "module.aft.module.aft_lambda_layer.data.aws_lambda_invocation.invoke_codebuild_job",
            "module.aft.module.aft_lambda_layer.data.aws_partition.current",
            "module.aft.module.aft_lambda_layer.data.local_file.aft_lambda_layer",
            "module.aft.module.aft_lambda_layer.random_string.resource_suffix",
            "module.aft.module.packaging.data.archive_file.builder",
            "module.aft.module.packaging.data.archive_file.request_framework"
          ]
        }
      ]
    },
    {
      "module": "module.aft.module.aft_account_request_framework",
      "mode": "managed",
      "type": "aws_lambda_function",
      "name": "aft_cleanup_resources",
      "provider": "module.aft.provider[\"registry.terraform.io/hashicorp/aws\"].aft_management",
      "instances": [
        {
          "schema_version": 0,
          "attributes": {
            "architectures": [
              "x86_64"
            ],
            "arn": "arn:aws:lambda:us-east-1:831569350010:function:aft-cleanup-resources",
            "code_signing_config_arn": "",
            "dead_letter_config": [],
            "description": "Removes AFT pipeline resources when an account record is removed from the AFT repo",
            "environment": [],
            "ephemeral_storage": [
              {
                "size": 512
              }
            ],
            "file_system_config": [],
            "filename": ".terraform/modules/aft/modules/aft-archives/../../src/aft_lambda/aft_account_request_framework.zip",
            "function_name": "aft-cleanup-resources",
            "handler": "aft_cleanup_resources.lambda_handler",
            "id": "aft-cleanup-resources",
            "image_config": [],
            "image_uri": "",
            "invoke_arn": "arn:aws:apigateway:us-east-1:lambda:path/2015-03-31/functions/arn:aws:lambda:us-east-1:831569350010:function:aft-cleanup-resources/invocations",
            "kms_key_arn": "",
            "last_modified": "2023-05-28T06:00:31.607+0000",
            "layers": [
              "arn:aws:lambda:us-east-1:831569350010:layer:aft-common-1-10-3:1"
            ],
            "memory_size": 1024,
            "package_type": "Zip",
            "publish": false,
            "qualified_arn": "arn:aws:lambda:us-east-1:831569350010:function:aft-cleanup-resources:$LATEST",
            "qualified_invoke_arn": "arn:aws:apigateway:us-east-1:lambda:path/2015-03-31/functions/arn:aws:lambda:us-east-1:831569350010:function:aft-cleanup-resources:$LATEST/invocations",
            "replace_security_groups_on_destroy": null,
            "replacement_security_group_ids": null,
            "reserved_concurrent_executions": -1,
            "role": "arn:aws:iam::831569350010:role/aft-lambda-cleanup-resources",
            "runtime": "python3.9",
            "s3_bucket": null,
            "s3_key": null,
            "s3_object_version": null,
            "signing_job_arn": "",
            "signing_profile_version_arn": "",
            "skip_destroy": false,
            "snap_start": [],
            "source_code_hash": "8mHSZBYCD9szIQyqcb98RamAE8wk36hcWrrW52Ata1A=",
            "source_code_size": 7477,
            "tags": null,
            "tags_all": {
              "managed_by": "AFT"
            },
            "timeout": 300,
            "timeouts": null,
            "tracing_config": [
              {
                "mode": "PassThrough"
              }
            ],
            "version": "$LATEST",
            "vpc_config": [
              {
                "security_group_ids": [
                  "sg-0a4310c8034e66ff9"
                ],
                "subnet_ids": [
                  "subnet-003c841febb2163f5",
                  "subnet-0970ebe4f59507674"
                ],
                "vpc_id": "vpc-06cdd138eab207cc9"
              }
            ]
          },
          "sensitive_attributes": [],
          "private": "eyJlMmJmYjczMC1lY2FhLTExZTYtOGY4OC0zNDM2M2JjN2M0YzAiOnsiY3JlYXRlIjo2MDAwMDAwMDAwMDAsImRlbGV0ZSI6NjAwMDAwMDAwMDAwLCJ1cGRhdGUiOjYwMDAwMDAwMDAwMH19",
          "dependencies": [
            "module.aft.data.aws_partition.current",
            "module.aft.data.local_file.version",
            "module.aft.module.aft_account_request_framework.aws_iam_role.aft_cleanup_resources",
            "module.aft.module.aft_account_request_framework.aws_kms_key.aft",
            "module.aft.module.aft_account_request_framework.aws_security_group.aft_vpc_default_sg",
            "module.aft.module.aft_account_request_framework.aws_subnet.aft_vpc_private_subnet_01",
            "module.aft.module.aft_account_request_framework.aws_subnet.aft_vpc_private_subnet_02",
            "module.aft.module.aft_account_request_framework.aws_vpc.aft_vpc",
            "module.aft.module.aft_account_request_framework.data.aws_availability_zones.available",
            "module.aft.module.aft_customizations.aws_s3_bucket.aft_codepipeline_customizations_bucket",
            "module.aft.module.aft_customizations.data.aws_caller_identity.current",
            "module.aft.module.aft_lambda_layer.aws_codebuild_project.codebuild",
            "module.aft.module.aft_lambda_layer.aws_iam_role.codebuild",
            "module.aft.module.aft_lambda_layer.aws_iam_role.codebuild_invoker_lambda_role",
            "module.aft.module.aft_lambda_layer.aws_lambda_function.codebuild_invoker",
            "module.aft.module.aft_lambda_layer.aws_lambda_layer_version.layer_version",
            "module.aft.module.aft_lambda_layer.data.aws_lambda_invocation.invoke_codebuild_job",
            "module.aft.module.aft_lambda_layer.data.aws_partition.current",
            "module.aft.module.aft_lambda_layer.data.local_file.aft_lambda_layer",
            "module.aft.module.aft_lambda_layer.random_string.resource_suffix",
            "module.aft.module.packaging.data.archive_file.builder",
            "module.aft.module.packaging.data.archive_file.request_framework"
          ]
        }
      ]
    },
    {
      "module": "module.aft.module.aft_account_request_framework",
      "mode": "managed",
      "type": "aws_lambda_function",
      "name": "aft_controltower_event_logger",
      "provider": "module.aft.provider[\"registry.terraform.io/hashicorp/aws\"].aft_management",
      "instances": [
        {
          "schema_version": 0,
          "attributes": {
            "architectures": [
              "x86_64"
            ],
            "arn": "arn:aws:lambda:us-east-1:831569350010:function:aft-controltower-event-logger",
            "code_signing_config_arn": "",
            "dead_letter_config": [],
            "description": "Receives Control Tower events through dedicated event bus event and writes event to aft-controltower-events table",
            "environment": [],
            "ephemeral_storage": [
              {
                "size": 512
              }
            ],
            "file_system_config": [],
            "filename": ".terraform/modules/aft/modules/aft-archives/../../src/aft_lambda/aft_account_request_framework.zip",
            "function_name": "aft-controltower-event-logger",
            "handler": "aft_controltower_event_logger.lambda_handler",
            "id": "aft-controltower-event-logger",
            "image_config": [],
            "image_uri": "",
            "invoke_arn": "arn:aws:apigateway:us-east-1:lambda:path/2015-03-31/functions/arn:aws:lambda:us-east-1:831569350010:function:aft-controltower-event-logger/invocations",
            "kms_key_arn": "",
            "last_modified": "2023-05-28T05:59:35.963+0000",
            "layers": [
              "arn:aws:lambda:us-east-1:831569350010:layer:aft-common-1-10-3:1"
            ],
            "memory_size": 1024,
            "package_type": "Zip",
            "publish": false,
            "qualified_arn": "arn:aws:lambda:us-east-1:831569350010:function:aft-controltower-event-logger:$LATEST",
            "qualified_invoke_arn": "arn:aws:apigateway:us-east-1:lambda:path/2015-03-31/functions/arn:aws:lambda:us-east-1:831569350010:function:aft-controltower-event-logger:$LATEST/invocations",
            "replace_security_groups_on_destroy": null,
            "replacement_security_group_ids": null,
            "reserved_concurrent_executions": -1,
            "role": "arn:aws:iam::831569350010:role/aft-lambda-controltower-event-logger",
            "runtime": "python3.9",
            "s3_bucket": null,
            "s3_key": null,
            "s3_object_version": null,
            "signing_job_arn": "",
            "signing_profile_version_arn": "",
            "skip_destroy": false,
            "snap_start": [],
            "source_code_hash": "8mHSZBYCD9szIQyqcb98RamAE8wk36hcWrrW52Ata1A=",
            "source_code_size": 7477,
            "tags": null,
            "tags_all": {
              "managed_by": "AFT"
            },
            "timeout": 300,
            "timeouts": null,
            "tracing_config": [
              {
                "mode": "PassThrough"
              }
            ],
            "version": "$LATEST",
            "vpc_config": [
              {
                "security_group_ids": [
                  "sg-0a4310c8034e66ff9"
                ],
                "subnet_ids": [
                  "subnet-003c841febb2163f5",
                  "subnet-0970ebe4f59507674"
                ],
                "vpc_id": "vpc-06cdd138eab207cc9"
              }
            ]
          },
          "sensitive_attributes": [],
          "private": "eyJlMmJmYjczMC1lY2FhLTExZTYtOGY4OC0zNDM2M2JjN2M0YzAiOnsiY3JlYXRlIjo2MDAwMDAwMDAwMDAsImRlbGV0ZSI6NjAwMDAwMDAwMDAwLCJ1cGRhdGUiOjYwMDAwMDAwMDAwMH19",
          "dependencies": [
            "module.aft.data.aws_partition.current",
            "module.aft.data.local_file.version",
            "module.aft.module.aft_account_request_framework.aws_iam_role.aft_controltower_event_logger",
            "module.aft.module.aft_account_request_framework.aws_kms_key.aft",
            "module.aft.module.aft_account_request_framework.aws_security_group.aft_vpc_default_sg",
            "module.aft.module.aft_account_request_framework.aws_subnet.aft_vpc_private_subnet_01",
            "module.aft.module.aft_account_request_framework.aws_subnet.aft_vpc_private_subnet_02",
            "module.aft.module.aft_account_request_framework.aws_vpc.aft_vpc",
            "module.aft.module.aft_account_request_framework.data.aws_availability_zones.available",
            "module.aft.module.aft_customizations.aws_s3_bucket.aft_codepipeline_customizations_bucket",
            "module.aft.module.aft_customizations.data.aws_caller_identity.current",
            "module.aft.module.aft_lambda_layer.aws_codebuild_project.codebuild",
            "module.aft.module.aft_lambda_layer.aws_iam_role.codebuild",
            "module.aft.module.aft_lambda_layer.aws_iam_role.codebuild_invoker_lambda_role",
            "module.aft.module.aft_lambda_layer.aws_lambda_function.codebuild_invoker",
            "module.aft.module.aft_lambda_layer.aws_lambda_layer_version.layer_version",
            "module.aft.module.aft_lambda_layer.data.aws_lambda_invocation.invoke_codebuild_job",
            "module.aft.module.aft_lambda_layer.data.aws_partition.current",
            "module.aft.module.aft_lambda_layer.data.local_file.aft_lambda_layer",
            "module.aft.module.aft_lambda_layer.random_string.resource_suffix",
            "module.aft.module.packaging.data.archive_file.builder",
            "module.aft.module.packaging.data.archive_file.request_framework"
          ]
        }
      ]
    },
    {
      "module": "module.aft.module.aft_account_request_framework",
      "mode": "managed",
      "type": "aws_lambda_function",
      "name": "aft_invoke_aft_account_provisioning_framework",
      "provider": "module.aft.provider[\"registry.terraform.io/hashicorp/aws\"].aft_management",
      "instances": [
        {
          "schema_version": 0,
          "attributes": {
            "architectures": [
              "x86_64"
            ],
            "arn": "arn:aws:lambda:us-east-1:831569350010:function:aft-invoke-aft-account-provisioning-framework",
            "code_signing_config_arn": "",
            "dead_letter_config": [],
            "description": "Calls AFT Account Provisioning Framework Step Function based on a formatted incoming event from Lambda or CW Event",
            "environment": [],
            "ephemeral_storage": [
              {
                "size": 512
              }
            ],
            "file_system_config": [],
            "filename": ".terraform/modules/aft/modules/aft-archives/../../src/aft_lambda/aft_account_request_framework.zip",
            "function_name": "aft-invoke-aft-account-provisioning-framework",
            "handler": "aft_invoke_aft_account_provisioning_framework.lambda_handler",
            "id": "aft-invoke-aft-account-provisioning-framework",
            "image_config": [],
            "image_uri": "",
            "invoke_arn": "arn:aws:apigateway:us-east-1:lambda:path/2015-03-31/functions/arn:aws:lambda:us-east-1:831569350010:function:aft-invoke-aft-account-provisioning-framework/invocations",
            "kms_key_arn": "",
            "last_modified": "2023-05-28T06:00:52.071+0000",
            "layers": [
              "arn:aws:lambda:us-east-1:831569350010:layer:aft-common-1-10-3:1"
            ],
            "memory_size": 1024,
            "package_type": "Zip",
            "publish": false,
            "qualified_arn": "arn:aws:lambda:us-east-1:831569350010:function:aft-invoke-aft-account-provisioning-framework:$LATEST",
            "qualified_invoke_arn": "arn:aws:apigateway:us-east-1:lambda:path/2015-03-31/functions/arn:aws:lambda:us-east-1:831569350010:function:aft-invoke-aft-account-provisioning-framework:$LATEST/invocations",
            "replace_security_groups_on_destroy": null,
            "replacement_security_group_ids": null,
            "reserved_concurrent_executions": -1,
            "role": "arn:aws:iam::831569350010:role/aft-lambda-invoke-aft-account-provisioning-framework",
            "runtime": "python3.9",
            "s3_bucket": null,
            "s3_key": null,
            "s3_object_version": null,
            "signing_job_arn": "",
            "signing_profile_version_arn": "",
            "skip_destroy": false,
            "snap_start": [],
            "source_code_hash": "8mHSZBYCD9szIQyqcb98RamAE8wk36hcWrrW52Ata1A=",
            "source_code_size": 7477,
            "tags": null,
            "tags_all": {
              "managed_by": "AFT"
            },
            "timeout": 300,
            "timeouts": null,
            "tracing_config": [
              {
                "mode": "PassThrough"
              }
            ],
            "version": "$LATEST",
            "vpc_config": [
              {
                "security_group_ids": [
                  "sg-0a4310c8034e66ff9"
                ],
                "subnet_ids": [
                  "subnet-003c841febb2163f5",
                  "subnet-0970ebe4f59507674"
                ],
                "vpc_id": "vpc-06cdd138eab207cc9"
              }
            ]
          },
          "sensitive_attributes": [],
          "private": "eyJlMmJmYjczMC1lY2FhLTExZTYtOGY4OC0zNDM2M2JjN2M0YzAiOnsiY3JlYXRlIjo2MDAwMDAwMDAwMDAsImRlbGV0ZSI6NjAwMDAwMDAwMDAwLCJ1cGRhdGUiOjYwMDAwMDAwMDAwMH19",
          "dependencies": [
            "module.aft.data.aws_partition.current",
            "module.aft.data.local_file.version",
            "module.aft.module.aft_account_request_framework.aws_iam_role.aft_invoke_aft_account_provisioning_framework",
            "module.aft.module.aft_account_request_framework.aws_kms_key.aft",
            "module.aft.module.aft_account_request_framework.aws_security_group.aft_vpc_default_sg",
            "module.aft.module.aft_account_request_framework.aws_subnet.aft_vpc_private_subnet_01",
            "module.aft.module.aft_account_request_framework.aws_subnet.aft_vpc_private_subnet_02",
            "module.aft.module.aft_account_request_framework.aws_vpc.aft_vpc",
            "module.aft.module.aft_account_request_framework.data.aws_availability_zones.available",
            "module.aft.module.aft_customizations.aws_s3_bucket.aft_codepipeline_customizations_bucket",
            "module.aft.module.aft_customizations.data.aws_caller_identity.current",
            "module.aft.module.aft_lambda_layer.aws_codebuild_project.codebuild",
            "module.aft.module.aft_lambda_layer.aws_iam_role.codebuild",
            "module.aft.module.aft_lambda_layer.aws_iam_role.codebuild_invoker_lambda_role",
            "module.aft.module.aft_lambda_layer.aws_lambda_function.codebuild_invoker",
            "module.aft.module.aft_lambda_layer.aws_lambda_layer_version.layer_version",
            "module.aft.module.aft_lambda_layer.data.aws_lambda_invocation.invoke_codebuild_job",
            "module.aft.module.aft_lambda_layer.data.aws_partition.current",
            "module.aft.module.aft_lambda_layer.data.local_file.aft_lambda_layer",
            "module.aft.module.aft_lambda_layer.random_string.resource_suffix",
            "module.aft.module.packaging.data.archive_file.builder",
            "module.aft.module.packaging.data.archive_file.request_framework"
          ]
        }
      ]
    },
    {
      "module": "module.aft.module.aft_account_request_framework",
      "mode": "managed",
      "type": "aws_lambda_permission",
      "name": "aft_account_request_processor",
      "provider": "module.aft.provider[\"registry.terraform.io/hashicorp/aws\"].aft_management",
      "instances": [
        {
          "schema_version": 0,
          "attributes": {
            "action": "lambda:InvokeFunction",
            "event_source_token": null,
            "function_name": "aft-account-request-processor",
            "function_url_auth_type": null,
            "id": "AllowExecutionFromCloudWatch",
            "principal": "events.amazonaws.com",
            "principal_org_id": null,
            "qualifier": "",
            "source_account": null,
            "source_arn": "arn:aws:events:us-east-1:831569350010:rule/aft-lambda-account-request-processor",
            "statement_id": "AllowExecutionFromCloudWatch",
            "statement_id_prefix": ""
          },
          "sensitive_attributes": [],
          "private": "bnVsbA==",
          "dependencies": [
            "module.aft.data.aws_partition.current",
            "module.aft.data.local_file.version",
            "module.aft.module.aft_account_request_framework.aws_cloudwatch_event_rule.aft_account_request_processor",
            "module.aft.module.aft_account_request_framework.aws_iam_role.aft_account_request_processor",
            "module.aft.module.aft_account_request_framework.aws_kms_key.aft",
            "module.aft.module.aft_account_request_framework.aws_lambda_function.aft_account_request_processor",
            "module.aft.module.aft_account_request_framework.aws_security_group.aft_vpc_default_sg",
            "module.aft.module.aft_account_request_framework.aws_subnet.aft_vpc_private_subnet_01",
            "module.aft.module.aft_account_request_framework.aws_subnet.aft_vpc_private_subnet_02",
            "module.aft.module.aft_account_request_framework.aws_vpc.aft_vpc",
            "module.aft.module.aft_account_request_framework.data.aws_availability_zones.available",
            "module.aft.module.aft_customizations.aws_s3_bucket.aft_codepipeline_customizations_bucket",
            "module.aft.module.aft_customizations.data.aws_caller_identity.current",
            "module.aft.module.aft_lambda_layer.aws_codebuild_project.codebuild",
            "module.aft.module.aft_lambda_layer.aws_iam_role.codebuild",
            "module.aft.module.aft_lambda_layer.aws_iam_role.codebuild_invoker_lambda_role",
            "module.aft.module.aft_lambda_layer.aws_lambda_function.codebuild_invoker",
            "module.aft.module.aft_lambda_layer.aws_lambda_layer_version.layer_version",
            "module.aft.module.aft_lambda_layer.data.aws_lambda_invocation.invoke_codebuild_job",
            "module.aft.module.aft_lambda_layer.data.aws_partition.current",
            "module.aft.module.aft_lambda_layer.data.local_file.aft_lambda_layer",
            "module.aft.module.aft_lambda_layer.random_string.resource_suffix",
            "module.aft.module.packaging.data.archive_file.builder",
            "module.aft.module.packaging.data.archive_file.request_framework"
          ]
        }
      ]
    },
    {
      "module": "module.aft.module.aft_account_request_framework",
      "mode": "managed",
      "type": "aws_lambda_permission",
      "name": "aft_controltower_event_logger",
      "provider": "module.aft.provider[\"registry.terraform.io/hashicorp/aws\"].aft_management",
      "instances": [
        {
          "schema_version": 0,
          "attributes": {
            "action": "lambda:InvokeFunction",
            "event_source_token": null,
            "function_name": "aft-controltower-event-logger",
            "function_url_auth_type": null,
            "id": "AllowExecutionFromCloudWatch",
            "principal": "events.amazonaws.com",
            "principal_org_id": null,
            "qualifier": "",
            "source_account": null,
            "source_arn": "arn:aws:events:us-east-1:831569350010:rule/aft-events-from-ct-management/aft-controltower-event-logger",
            "statement_id": "AllowExecutionFromCloudWatch",
            "statement_id_prefix": ""
          },
          "sensitive_attributes": [],
          "private": "bnVsbA==",
          "dependencies": [
            "module.aft.data.aws_partition.current",
            "module.aft.data.local_file.version",
            "module.aft.module.aft_account_request_framework.aws_cloudwatch_event_bus.aft_from_ct_management",
            "module.aft.module.aft_account_request_framework.aws_cloudwatch_event_rule.aft_controltower_event_trigger",
            "module.aft.module.aft_account_request_framework.aws_iam_role.aft_controltower_event_logger",
            "module.aft.module.aft_account_request_framework.aws_kms_key.aft",
            "module.aft.module.aft_account_request_framework.aws_lambda_function.aft_controltower_event_logger",
            "module.aft.module.aft_account_request_framework.aws_security_group.aft_vpc_default_sg",
            "module.aft.module.aft_account_request_framework.aws_subnet.aft_vpc_private_subnet_01",
            "module.aft.module.aft_account_request_framework.aws_subnet.aft_vpc_private_subnet_02",
            "module.aft.module.aft_account_request_framework.aws_vpc.aft_vpc",
            "module.aft.module.aft_account_request_framework.data.aws_availability_zones.available",
            "module.aft.module.aft_account_request_framework.data.aws_caller_identity.ct-management",
            "module.aft.module.aft_customizations.aws_s3_bucket.aft_codepipeline_customizations_bucket",
            "module.aft.module.aft_customizations.data.aws_caller_identity.current",
            "module.aft.module.aft_lambda_layer.aws_codebuild_project.codebuild",
            "module.aft.module.aft_lambda_layer.aws_iam_role.codebuild",
            "module.aft.module.aft_lambda_layer.aws_iam_role.codebuild_invoker_lambda_role",
            "module.aft.module.aft_lambda_layer.aws_lambda_function.codebuild_invoker",
            "module.aft.module.aft_lambda_layer.aws_lambda_layer_version.layer_version",
            "module.aft.module.aft_lambda_layer.data.aws_lambda_invocation.invoke_codebuild_job",
            "module.aft.module.aft_lambda_layer.data.aws_partition.current",
            "module.aft.module.aft_lambda_layer.data.local_file.aft_lambda_layer",
            "module.aft.module.aft_lambda_layer.random_string.resource_suffix",
            "module.aft.module.packaging.data.archive_file.builder",
            "module.aft.module.packaging.data.archive_file.request_framework"
          ]
        }
      ]
    },
    {
      "module": "module.aft.module.aft_account_request_framework",
      "mode": "managed",
      "type": "aws_lambda_permission",
      "name": "aft_invoke_aft_account_provisioning_framework",
      "provider": "module.aft.provider[\"registry.terraform.io/hashicorp/aws\"].aft_management",
      "instances": [
        {
          "schema_version": 0,
          "attributes": {
            "action": "lambda:InvokeFunction",
            "event_source_token": null,
            "function_name": "aft-invoke-aft-account-provisioning-framework",
            "function_url_auth_type": null,
            "id": "AllowExecutionFromCloudWatch",
            "principal": "events.amazonaws.com",
            "principal_org_id": null,
            "qualifier": "",
            "source_account": null,
            "source_arn": "arn:aws:events:us-east-1:831569350010:rule/aft-events-from-ct-management/aft-controltower-event-logger",
            "statement_id": "AllowExecutionFromCloudWatch",
            "statement_id_prefix": ""
          },
          "sensitive_attributes": [],
          "private": "bnVsbA==",
          "dependencies": [
            "module.aft.data.aws_partition.current",
            "module.aft.data.local_file.version",
            "module.aft.module.aft_account_request_framework.aws_cloudwatch_event_bus.aft_from_ct_management",
            "module.aft.module.aft_account_request_framework.aws_cloudwatch_event_rule.aft_controltower_event_trigger",
            "module.aft.module.aft_account_request_framework.aws_iam_role.aft_invoke_aft_account_provisioning_framework",
            "module.aft.module.aft_account_request_framework.aws_kms_key.aft",
            "module.aft.module.aft_account_request_framework.aws_lambda_function.aft_invoke_aft_account_provisioning_framework",
            "module.aft.module.aft_account_request_framework.aws_security_group.aft_vpc_default_sg",
            "module.aft.module.aft_account_request_framework.aws_subnet.aft_vpc_private_subnet_01",
            "module.aft.module.aft_account_request_framework.aws_subnet.aft_vpc_private_subnet_02",
            "module.aft.module.aft_account_request_framework.aws_vpc.aft_vpc",
            "module.aft.module.aft_account_request_framework.data.aws_availability_zones.available",
            "module.aft.module.aft_account_request_framework.data.aws_caller_identity.ct-management",
            "module.aft.module.aft_customizations.aws_s3_bucket.aft_codepipeline_customizations_bucket",
            "module.aft.module.aft_customizations.data.aws_caller_identity.current",
            "module.aft.module.aft_lambda_layer.aws_codebuild_project.codebuild",
            "module.aft.module.aft_lambda_layer.aws_iam_role.codebuild",
            "module.aft.module.aft_lambda_layer.aws_iam_role.codebuild_invoker_lambda_role",
            "module.aft.module.aft_lambda_layer.aws_lambda_function.codebuild_invoker",
            "module.aft.module.aft_lambda_layer.aws_lambda_layer_version.layer_version",
            "module.aft.module.aft_lambda_layer.data.aws_lambda_invocation.invoke_codebuild_job",
            "module.aft.module.aft_lambda_layer.data.aws_partition.current",
            "module.aft.module.aft_lambda_layer.data.local_file.aft_lambda_layer",
            "module.aft.module.aft_lambda_layer.random_string.resource_suffix",
            "module.aft.module.packaging.data.archive_file.builder",
            "module.aft.module.packaging.data.archive_file.request_framework"
          ]
        }
      ]
    },
    {
      "module": "module.aft.module.aft_account_request_framework",
      "mode": "managed",
      "type": "aws_nat_gateway",
      "name": "aft-vpc-natgw-01",
      "provider": "module.aft.provider[\"registry.terraform.io/hashicorp/aws\"].aft_management",
      "instances": [
        {
          "schema_version": 0,
          "attributes": {
            "allocation_id": "eipalloc-00a8d89dd3406f6a5",
            "association_id": "eipassoc-00cc9a30129c8e826",
            "connectivity_type": "public",
            "id": "nat-01641fb40e6fc2ff3",
            "network_interface_id": "eni-031102927b777c8cd",
            "private_ip": "192.168.2.123",
            "public_ip": "54.159.216.223",
            "subnet_id": "subnet-09ad9123c874f2007",
            "tags": {
              "Name": "aft-vpc-natgw-01"
            },
            "tags_all": {
              "Name": "aft-vpc-natgw-01",
              "managed_by": "AFT"
            }
          },
          "sensitive_attributes": [],
          "private": "bnVsbA==",
          "dependencies": [
            "module.aft.data.aws_partition.current",
            "module.aft.module.aft_account_request_framework.aws_eip.aft-vpc-natgw-01",
            "module.aft.module.aft_account_request_framework.aws_internet_gateway.aft-vpc-igw",
            "module.aft.module.aft_account_request_framework.aws_subnet.aft_vpc_public_subnet_01",
            "module.aft.module.aft_account_request_framework.aws_vpc.aft_vpc",
            "module.aft.module.aft_account_request_framework.data.aws_availability_zones.available"
          ]
        }
      ]
    },
    {
      "module": "module.aft.module.aft_account_request_framework",
      "mode": "managed",
      "type": "aws_nat_gateway",
      "name": "aft-vpc-natgw-02",
      "provider": "module.aft.provider[\"registry.terraform.io/hashicorp/aws\"].aft_management",
      "instances": [
        {
          "schema_version": 0,
          "attributes": {
            "allocation_id": "eipalloc-0ce0982c891ecb4fb",
            "association_id": "eipassoc-03beff7d99e0ed660",
            "connectivity_type": "public",
            "id": "nat-05ab4e935ebebc8b6",
            "network_interface_id": "eni-0378cea8d220dcf98",
            "private_ip": "192.168.2.213",
            "public_ip": "44.193.140.179",
            "subnet_id": "subnet-01ce66e9a82e30592",
            "tags": {
              "Name": "aft-vpc-natgw-02"
            },
            "tags_all": {
              "Name": "aft-vpc-natgw-02",
              "managed_by": "AFT"
            }
          },
          "sensitive_attributes": [],
          "private": "bnVsbA==",
          "dependencies": [
            "module.aft.data.aws_partition.current",
            "module.aft.module.aft_account_request_framework.aws_eip.aft-vpc-natgw-02",
            "module.aft.module.aft_account_request_framework.aws_internet_gateway.aft-vpc-igw",
            "module.aft.module.aft_account_request_framework.aws_subnet.aft_vpc_public_subnet_02",
            "module.aft.module.aft_account_request_framework.aws_vpc.aft_vpc",
            "module.aft.module.aft_account_request_framework.data.aws_availability_zones.available"
          ]
        }
      ]
    },
    {
      "module": "module.aft.module.aft_account_request_framework",
      "mode": "managed",
      "type": "aws_route_table",
      "name": "aft_vpc_private_subnet_01",
      "provider": "module.aft.provider[\"registry.terraform.io/hashicorp/aws\"].aft_management",
      "instances": [
        {
          "schema_version": 0,
          "attributes": {
            "arn": "arn:aws:ec2:us-east-1:831569350010:route-table/rtb-09dfd5017a60cb0e0",
            "id": "rtb-09dfd5017a60cb0e0",
            "owner_id": "831569350010",
            "propagating_vgws": [],
            "route": [
              {
                "carrier_gateway_id": "",
                "cidr_block": "0.0.0.0/0",
                "core_network_arn": "",
                "destination_prefix_list_id": "",
                "egress_only_gateway_id": "",
                "gateway_id": "",
                "instance_id": "",
                "ipv6_cidr_block": "",
                "local_gateway_id": "",
                "nat_gateway_id": "nat-01641fb40e6fc2ff3",
                "network_interface_id": "",
                "transit_gateway_id": "",
                "vpc_endpoint_id": "",
                "vpc_peering_connection_id": ""
              }
            ],
            "tags": {
              "Name": "aft-vpc-private-subnet-01"
            },
            "tags_all": {
              "Name": "aft-vpc-private-subnet-01",
              "managed_by": "AFT"
            },
            "timeouts": null,
            "vpc_id": "vpc-06cdd138eab207cc9"
          },
          "sensitive_attributes": [],
          "private": "eyJlMmJmYjczMC1lY2FhLTExZTYtOGY4OC0zNDM2M2JjN2M0YzAiOnsiY3JlYXRlIjozMDAwMDAwMDAwMDAsImRlbGV0ZSI6MzAwMDAwMDAwMDAwLCJ1cGRhdGUiOjEyMDAwMDAwMDAwMH19",
          "dependencies": [
            "module.aft.data.aws_partition.current",
            "module.aft.module.aft_account_request_framework.aws_eip.aft-vpc-natgw-01",
            "module.aft.module.aft_account_request_framework.aws_internet_gateway.aft-vpc-igw",
            "module.aft.module.aft_account_request_framework.aws_nat_gateway.aft-vpc-natgw-01",
            "module.aft.module.aft_account_request_framework.aws_subnet.aft_vpc_public_subnet_01",
            "module.aft.module.aft_account_request_framework.aws_vpc.aft_vpc",
            "module.aft.module.aft_account_request_framework.data.aws_availability_zones.available"
          ]
        }
      ]
    },
    {
      "module": "module.aft.module.aft_account_request_framework",
      "mode": "managed",
      "type": "aws_route_table",
      "name": "aft_vpc_private_subnet_02",
      "provider": "module.aft.provider[\"registry.terraform.io/hashicorp/aws\"].aft_management",
      "instances": [
        {
          "schema_version": 0,
          "attributes": {
            "arn": "arn:aws:ec2:us-east-1:831569350010:route-table/rtb-0cd1d8492865ebb22",
            "id": "rtb-0cd1d8492865ebb22",
            "owner_id": "831569350010",
            "propagating_vgws": [],
            "route": [
              {
                "carrier_gateway_id": "",
                "cidr_block": "0.0.0.0/0",
                "core_network_arn": "",
                "destination_prefix_list_id": "",
                "egress_only_gateway_id": "",
                "gateway_id": "",
                "instance_id": "",
                "ipv6_cidr_block": "",
                "local_gateway_id": "",
                "nat_gateway_id": "nat-05ab4e935ebebc8b6",
                "network_interface_id": "",
                "transit_gateway_id": "",
                "vpc_endpoint_id": "",
                "vpc_peering_connection_id": ""
              }
            ],
            "tags": {
              "Name": "aft-vpc-private-subnet-02"
            },
            "tags_all": {
              "Name": "aft-vpc-private-subnet-02",
              "managed_by": "AFT"
            },
            "timeouts": null,
            "vpc_id": "vpc-06cdd138eab207cc9"
          },
          "sensitive_attributes": [],
          "private": "eyJlMmJmYjczMC1lY2FhLTExZTYtOGY4OC0zNDM2M2JjN2M0YzAiOnsiY3JlYXRlIjozMDAwMDAwMDAwMDAsImRlbGV0ZSI6MzAwMDAwMDAwMDAwLCJ1cGRhdGUiOjEyMDAwMDAwMDAwMH19",
          "dependencies": [
            "module.aft.data.aws_partition.current",
            "module.aft.module.aft_account_request_framework.aws_eip.aft-vpc-natgw-02",
            "module.aft.module.aft_account_request_framework.aws_internet_gateway.aft-vpc-igw",
            "module.aft.module.aft_account_request_framework.aws_nat_gateway.aft-vpc-natgw-02",
            "module.aft.module.aft_account_request_framework.aws_subnet.aft_vpc_public_subnet_02",
            "module.aft.module.aft_account_request_framework.aws_vpc.aft_vpc",
            "module.aft.module.aft_account_request_framework.data.aws_availability_zones.available"
          ]
        }
      ]
    },
    {
      "module": "module.aft.module.aft_account_request_framework",
      "mode": "managed",
      "type": "aws_route_table",
      "name": "aft_vpc_public_subnet_01",
      "provider": "module.aft.provider[\"registry.terraform.io/hashicorp/aws\"].aft_management",
      "instances": [
        {
          "schema_version": 0,
          "attributes": {
            "arn": "arn:aws:ec2:us-east-1:831569350010:route-table/rtb-077ab0be6f7c41608",
            "id": "rtb-077ab0be6f7c41608",
            "owner_id": "831569350010",
            "propagating_vgws": [],
            "route": [
              {
                "carrier_gateway_id": "",
                "cidr_block": "0.0.0.0/0",
                "core_network_arn": "",
                "destination_prefix_list_id": "",
                "egress_only_gateway_id": "",
                "gateway_id": "igw-02f71d73a78ae48d9",
                "instance_id": "",
                "ipv6_cidr_block": "",
                "local_gateway_id": "",
                "nat_gateway_id": "",
                "network_interface_id": "",
                "transit_gateway_id": "",
                "vpc_endpoint_id": "",
                "vpc_peering_connection_id": ""
              }
            ],
            "tags": {
              "Name": "aft-vpc-public-subnet-01"
            },
            "tags_all": {
              "Name": "aft-vpc-public-subnet-01",
              "managed_by": "AFT"
            },
            "timeouts": null,
            "vpc_id": "vpc-06cdd138eab207cc9"
          },
          "sensitive_attributes": [],
          "private": "eyJlMmJmYjczMC1lY2FhLTExZTYtOGY4OC0zNDM2M2JjN2M0YzAiOnsiY3JlYXRlIjozMDAwMDAwMDAwMDAsImRlbGV0ZSI6MzAwMDAwMDAwMDAwLCJ1cGRhdGUiOjEyMDAwMDAwMDAwMH19",
          "dependencies": [
            "module.aft.data.aws_partition.current",
            "module.aft.module.aft_account_request_framework.aws_internet_gateway.aft-vpc-igw",
            "module.aft.module.aft_account_request_framework.aws_vpc.aft_vpc"
          ]
        }
      ]
    },
    {
      "module": "module.aft.module.aft_account_request_framework",
      "mode": "managed",
      "type": "aws_route_table_association",
      "name": "aft_vpc_private_subnet_01",
      "provider": "module.aft.provider[\"registry.terraform.io/hashicorp/aws\"].aft_management",
      "instances": [
        {
          "schema_version": 0,
          "attributes": {
            "gateway_id": "",
            "id": "rtbassoc-04e52370ee97f385c",
            "route_table_id": "rtb-09dfd5017a60cb0e0",
            "subnet_id": "subnet-003c841febb2163f5",
            "timeouts": null
          },
          "sensitive_attributes": [],
          "private": "eyJlMmJmYjczMC1lY2FhLTExZTYtOGY4OC0zNDM2M2JjN2M0YzAiOnsiY3JlYXRlIjozMDAwMDAwMDAwMDAsImRlbGV0ZSI6MzAwMDAwMDAwMDAwLCJ1cGRhdGUiOjEyMDAwMDAwMDAwMH19",
          "dependencies": [
            "module.aft.data.aws_partition.current",
            "module.aft.module.aft_account_request_framework.aws_eip.aft-vpc-natgw-01",
            "module.aft.module.aft_account_request_framework.aws_internet_gateway.aft-vpc-igw",
            "module.aft.module.aft_account_request_framework.aws_nat_gateway.aft-vpc-natgw-01",
            "module.aft.module.aft_account_request_framework.aws_route_table.aft_vpc_private_subnet_01",
            "module.aft.module.aft_account_request_framework.aws_subnet.aft_vpc_private_subnet_01",
            "module.aft.module.aft_account_request_framework.aws_subnet.aft_vpc_public_subnet_01",
            "module.aft.module.aft_account_request_framework.aws_vpc.aft_vpc",
            "module.aft.module.aft_account_request_framework.data.aws_availability_zones.available"
          ]
        }
      ]
    },
    {
      "module": "module.aft.module.aft_account_request_framework",
      "mode": "managed",
      "type": "aws_route_table_association",
      "name": "aft_vpc_private_subnet_02",
      "provider": "module.aft.provider[\"registry.terraform.io/hashicorp/aws\"].aft_management",
      "instances": [
        {
          "schema_version": 0,
          "attributes": {
            "gateway_id": "",
            "id": "rtbassoc-0cf1786b5e7d043e6",
            "route_table_id": "rtb-0cd1d8492865ebb22",
            "subnet_id": "subnet-0970ebe4f59507674",
            "timeouts": null
          },
          "sensitive_attributes": [],
          "private": "eyJlMmJmYjczMC1lY2FhLTExZTYtOGY4OC0zNDM2M2JjN2M0YzAiOnsiY3JlYXRlIjozMDAwMDAwMDAwMDAsImRlbGV0ZSI6MzAwMDAwMDAwMDAwLCJ1cGRhdGUiOjEyMDAwMDAwMDAwMH19",
          "dependencies": [
            "module.aft.data.aws_partition.current",
            "module.aft.module.aft_account_request_framework.aws_eip.aft-vpc-natgw-02",
            "module.aft.module.aft_account_request_framework.aws_internet_gateway.aft-vpc-igw",
            "module.aft.module.aft_account_request_framework.aws_nat_gateway.aft-vpc-natgw-02",
            "module.aft.module.aft_account_request_framework.aws_route_table.aft_vpc_private_subnet_02",
            "module.aft.module.aft_account_request_framework.aws_subnet.aft_vpc_private_subnet_02",
            "module.aft.module.aft_account_request_framework.aws_subnet.aft_vpc_public_subnet_02",
            "module.aft.module.aft_account_request_framework.aws_vpc.aft_vpc",
            "module.aft.module.aft_account_request_framework.data.aws_availability_zones.available"
          ]
        }
      ]
    },
    {
      "module": "module.aft.module.aft_account_request_framework",
      "mode": "managed",
      "type": "aws_route_table_association",
      "name": "aft_vpc_public_subnet_01",
      "provider": "module.aft.provider[\"registry.terraform.io/hashicorp/aws\"].aft_management",
      "instances": [
        {
          "schema_version": 0,
          "attributes": {
            "gateway_id": "",
            "id": "rtbassoc-0fecbdc1abd76c37d",
            "route_table_id": "rtb-077ab0be6f7c41608",
            "subnet_id": "subnet-09ad9123c874f2007",
            "timeouts": null
          },
          "sensitive_attributes": [],
          "private": "eyJlMmJmYjczMC1lY2FhLTExZTYtOGY4OC0zNDM2M2JjN2M0YzAiOnsiY3JlYXRlIjozMDAwMDAwMDAwMDAsImRlbGV0ZSI6MzAwMDAwMDAwMDAwLCJ1cGRhdGUiOjEyMDAwMDAwMDAwMH19",
          "dependencies": [
            "module.aft.data.aws_partition.current",
            "module.aft.module.aft_account_request_framework.aws_internet_gateway.aft-vpc-igw",
            "module.aft.module.aft_account_request_framework.aws_route_table.aft_vpc_public_subnet_01",
            "module.aft.module.aft_account_request_framework.aws_subnet.aft_vpc_public_subnet_01",
            "module.aft.module.aft_account_request_framework.aws_vpc.aft_vpc",
            "module.aft.module.aft_account_request_framework.data.aws_availability_zones.available"
          ]
        }
      ]
    },
    {
      "module": "module.aft.module.aft_account_request_framework",
      "mode": "managed",
      "type": "aws_route_table_association",
      "name": "aft_vpc_public_subnet_02",
      "provider": "module.aft.provider[\"registry.terraform.io/hashicorp/aws\"].aft_management",
      "instances": [
        {
          "schema_version": 0,
          "attributes": {
            "gateway_id": "",
            "id": "rtbassoc-0b4784edca0c88499",
            "route_table_id": "rtb-077ab0be6f7c41608",
            "subnet_id": "subnet-01ce66e9a82e30592",
            "timeouts": null
          },
          "sensitive_attributes": [],
          "private": "eyJlMmJmYjczMC1lY2FhLTExZTYtOGY4OC0zNDM2M2JjN2M0YzAiOnsiY3JlYXRlIjozMDAwMDAwMDAwMDAsImRlbGV0ZSI6MzAwMDAwMDAwMDAwLCJ1cGRhdGUiOjEyMDAwMDAwMDAwMH19",
          "dependencies": [
            "module.aft.data.aws_partition.current",
            "module.aft.module.aft_account_request_framework.aws_internet_gateway.aft-vpc-igw",
            "module.aft.module.aft_account_request_framework.aws_route_table.aft_vpc_public_subnet_01",
            "module.aft.module.aft_account_request_framework.aws_subnet.aft_vpc_public_subnet_02",
            "module.aft.module.aft_account_request_framework.aws_vpc.aft_vpc",
            "module.aft.module.aft_account_request_framework.data.aws_availability_zones.available"
          ]
        }
      ]
    },
    {
      "module": "module.aft.module.aft_account_request_framework",
      "mode": "managed",
      "type": "aws_security_group",
      "name": "aft_vpc_default_sg",
      "provider": "module.aft.provider[\"registry.terraform.io/hashicorp/aws\"].aft_management",
      "instances": [
        {
          "schema_version": 1,
          "attributes": {
            "arn": "arn:aws:ec2:us-east-1:831569350010:security-group/sg-0a4310c8034e66ff9",
            "description": "Allow outbound traffic",
            "egress": [
              {
                "cidr_blocks": [
                  "0.0.0.0/0"
                ],
                "description": "Allow outbound traffic to internet",
                "from_port": 0,
                "ipv6_cidr_blocks": [
                  "::/0"
                ],
                "prefix_list_ids": [],
                "protocol": "-1",
                "security_groups": [],
                "self": false,
                "to_port": 0
              }
            ],
            "id": "sg-0a4310c8034e66ff9",
            "ingress": [],
            "name": "aft-default-sg",
            "name_prefix": "",
            "owner_id": "831569350010",
            "revoke_rules_on_delete": false,
            "tags": null,
            "tags_all": {
              "managed_by": "AFT"
            },
            "timeouts": null,
            "vpc_id": "vpc-06cdd138eab207cc9"
          },
          "sensitive_attributes": [],
          "private": "eyJlMmJmYjczMC1lY2FhLTExZTYtOGY4OC0zNDM2M2JjN2M0YzAiOnsiY3JlYXRlIjo2MDAwMDAwMDAwMDAsImRlbGV0ZSI6OTAwMDAwMDAwMDAwfSwic2NoZW1hX3ZlcnNpb24iOiIxIn0=",
          "dependencies": [
            "module.aft.data.aws_partition.current",
            "module.aft.module.aft_account_request_framework.aws_vpc.aft_vpc"
          ],
          "create_before_destroy": true
        }
      ]
    },
    {
      "module": "module.aft.module.aft_account_request_framework",
      "mode": "managed",
      "type": "aws_security_group",
      "name": "aft_vpc_endpoint_sg",
      "provider": "module.aft.provider[\"registry.terraform.io/hashicorp/aws\"].aft_management",
      "instances": [
        {
          "schema_version": 1,
          "attributes": {
            "arn": "arn:aws:ec2:us-east-1:831569350010:security-group/sg-0edee7d858e8ebee4",
            "description": "Allow inbound HTTPS traffic and all Outbound",
            "egress": [
              {
                "cidr_blocks": [
                  "0.0.0.0/0"
                ],
                "description": "Allow outbound traffic to internet",
                "from_port": 0,
                "ipv6_cidr_blocks": [
                  "::/0"
                ],
                "prefix_list_ids": [],
                "protocol": "-1",
                "security_groups": [],
                "self": false,
                "to_port": 0
              }
            ],
            "id": "sg-0edee7d858e8ebee4",
            "ingress": [
              {
                "cidr_blocks": [
                  "192.168.0.0/22"
                ],
                "description": "Allow inbound SSH",
                "from_port": 22,
                "ipv6_cidr_blocks": [],
                "prefix_list_ids": [],
                "protocol": "tcp",
                "security_groups": [],
                "self": false,
                "to_port": 22
              },
              {
                "cidr_blocks": [
                  "192.168.0.0/22"
                ],
                "description": "Allow inbound TLS",
                "from_port": 443,
                "ipv6_cidr_blocks": [],
                "prefix_list_ids": [],
                "protocol": "tcp",
                "security_groups": [],
                "self": false,
                "to_port": 443
              }
            ],
            "name": "aft-endpoint-sg",
            "name_prefix": "",
            "owner_id": "831569350010",
            "revoke_rules_on_delete": false,
            "tags": null,
            "tags_all": {
              "managed_by": "AFT"
            },
            "timeouts": null,
            "vpc_id": "vpc-06cdd138eab207cc9"
          },
          "sensitive_attributes": [],
          "private": "eyJlMmJmYjczMC1lY2FhLTExZTYtOGY4OC0zNDM2M2JjN2M0YzAiOnsiY3JlYXRlIjo2MDAwMDAwMDAwMDAsImRlbGV0ZSI6OTAwMDAwMDAwMDAwfSwic2NoZW1hX3ZlcnNpb24iOiIxIn0=",
          "dependencies": [
            "module.aft.data.aws_partition.current",
            "module.aft.module.aft_account_request_framework.aws_vpc.aft_vpc"
          ]
        }
      ]
    },
    {
      "module": "module.aft.module.aft_account_request_framework",
      "mode": "managed",
      "type": "aws_sns_topic",
      "name": "aft_failure_notifications",
      "provider": "module.aft.provider[\"registry.terraform.io/hashicorp/aws\"].aft_management",
      "instances": [
        {
          "schema_version": 0,
          "attributes": {
            "application_failure_feedback_role_arn": "",
            "application_success_feedback_role_arn": "",
            "application_success_feedback_sample_rate": 0,
            "arn": "arn:aws:sns:us-east-1:831569350010:aft-failure-notifications",
            "content_based_deduplication": false,
            "delivery_policy": "",
            "display_name": "",
            "fifo_topic": false,
            "firehose_failure_feedback_role_arn": "",
            "firehose_success_feedback_role_arn": "",
            "firehose_success_feedback_sample_rate": 0,
            "http_failure_feedback_role_arn": "",
            "http_success_feedback_role_arn": "",
            "http_success_feedback_sample_rate": 0,
            "id": "arn:aws:sns:us-east-1:831569350010:aft-failure-notifications",
            "kms_master_key_id": "alias/aws/sns",
            "lambda_failure_feedback_role_arn": "",
            "lambda_success_feedback_role_arn": "",
            "lambda_success_feedback_sample_rate": 0,
            "name": "aft-failure-notifications",
            "name_prefix": "",
            "owner": "831569350010",
            "policy": "{\"Id\":\"__default_policy_ID\",\"Statement\":[{\"Action\":[\"SNS:GetTopicAttributes\",\"SNS:SetTopicAttributes\",\"SNS:AddPermission\",\"SNS:RemovePermission\",\"SNS:DeleteTopic\",\"SNS:Subscribe\",\"SNS:ListSubscriptionsByTopic\",\"SNS:Publish\"],\"Condition\":{\"StringEquals\":{\"AWS:SourceOwner\":\"831569350010\"}},\"Effect\":\"Allow\",\"Principal\":{\"AWS\":\"*\"},\"Resource\":\"arn:aws:sns:us-east-1:831569350010:aft-failure-notifications\",\"Sid\":\"__default_statement_ID\"}],\"Version\":\"2008-10-17\"}",
            "signature_version": 0,
            "sqs_failure_feedback_role_arn": "",
            "sqs_success_feedback_role_arn": "",
            "sqs_success_feedback_sample_rate": 0,
            "tags": null,
            "tags_all": {
              "managed_by": "AFT"
            },
            "tracing_config": ""
          },
          "sensitive_attributes": [],
          "private": "bnVsbA==",
          "dependencies": [
            "module.aft.data.aws_partition.current"
          ]
        }
      ]
    },
    {
      "module": "module.aft.module.aft_account_request_framework",
      "mode": "managed",
      "type": "aws_sns_topic",
      "name": "aft_notifications",
      "provider": "module.aft.provider[\"registry.terraform.io/hashicorp/aws\"].aft_management",
      "instances": [
        {
          "schema_version": 0,
          "attributes": {
            "application_failure_feedback_role_arn": "",
            "application_success_feedback_role_arn": "",
            "application_success_feedback_sample_rate": 0,
            "arn": "arn:aws:sns:us-east-1:831569350010:aft-notifications",
            "content_based_deduplication": false,
            "delivery_policy": "",
            "display_name": "",
            "fifo_topic": false,
            "firehose_failure_feedback_role_arn": "",
            "firehose_success_feedback_role_arn": "",
            "firehose_success_feedback_sample_rate": 0,
            "http_failure_feedback_role_arn": "",
            "http_success_feedback_role_arn": "",
            "http_success_feedback_sample_rate": 0,
            "id": "arn:aws:sns:us-east-1:831569350010:aft-notifications",
            "kms_master_key_id": "alias/aws/sns",
            "lambda_failure_feedback_role_arn": "",
            "lambda_success_feedback_role_arn": "",
            "lambda_success_feedback_sample_rate": 0,
            "name": "aft-notifications",
            "name_prefix": "",
            "owner": "831569350010",
            "policy": "{\"Id\":\"__default_policy_ID\",\"Statement\":[{\"Action\":[\"SNS:GetTopicAttributes\",\"SNS:SetTopicAttributes\",\"SNS:AddPermission\",\"SNS:RemovePermission\",\"SNS:DeleteTopic\",\"SNS:Subscribe\",\"SNS:ListSubscriptionsByTopic\",\"SNS:Publish\"],\"Condition\":{\"StringEquals\":{\"AWS:SourceOwner\":\"831569350010\"}},\"Effect\":\"Allow\",\"Principal\":{\"AWS\":\"*\"},\"Resource\":\"arn:aws:sns:us-east-1:831569350010:aft-notifications\",\"Sid\":\"__default_statement_ID\"}],\"Version\":\"2008-10-17\"}",
            "signature_version": 0,
            "sqs_failure_feedback_role_arn": "",
            "sqs_success_feedback_role_arn": "",
            "sqs_success_feedback_sample_rate": 0,
            "tags": null,
            "tags_all": {
              "managed_by": "AFT"
            },
            "tracing_config": ""
          },
          "sensitive_attributes": [],
          "private": "bnVsbA==",
          "dependencies": [
            "module.aft.data.aws_partition.current"
          ]
        }
      ]
    },
    {
      "module": "module.aft.module.aft_account_request_framework",
      "mode": "managed",
      "type": "aws_sqs_queue",
      "name": "aft_account_request",
      "provider": "module.aft.provider[\"registry.terraform.io/hashicorp/aws\"].aft_management",
      "instances": [
        {
          "schema_version": 0,
          "attributes": {
            "arn": "arn:aws:sqs:us-east-1:831569350010:aft-account-request.fifo",
            "content_based_deduplication": false,
            "deduplication_scope": "queue",
            "delay_seconds": 0,
            "fifo_queue": true,
            "fifo_throughput_limit": "perQueue",
            "id": "https://sqs.us-east-1.amazonaws.com/831569350010/aft-account-request.fifo",
            "kms_data_key_reuse_period_seconds": 300,
            "kms_master_key_id": "alias/aft",
            "max_message_size": 262144,
            "message_retention_seconds": 345600,
            "name": "aft-account-request.fifo",
            "name_prefix": "",
            "policy": "",
            "receive_wait_time_seconds": 0,
            "redrive_allow_policy": "",
            "redrive_policy": "{\"deadLetterTargetArn\":\"arn:aws:sqs:us-east-1:831569350010:aft-account-request-dlq.fifo\",\"maxReceiveCount\":1}",
            "sqs_managed_sse_enabled": false,
            "tags": null,
            "tags_all": {
              "managed_by": "AFT"
            },
            "url": "https://sqs.us-east-1.amazonaws.com/831569350010/aft-account-request.fifo",
            "visibility_timeout_seconds": 240
          },
          "sensitive_attributes": [],
          "private": "bnVsbA==",
          "dependencies": [
            "module.aft.data.aws_partition.current",
            "module.aft.module.aft_account_request_framework.aws_kms_alias.aft",
            "module.aft.module.aft_account_request_framework.aws_kms_key.aft",
            "module.aft.module.aft_account_request_framework.aws_sqs_queue.aft_account_request_dlq"
          ]
        }
      ]
    },
    {
      "module": "module.aft.module.aft_account_request_framework",
      "mode": "managed",
      "type": "aws_sqs_queue",
      "name": "aft_account_request_dlq",
      "provider": "module.aft.provider[\"registry.terraform.io/hashicorp/aws\"].aft_management",
      "instances": [
        {
          "schema_version": 0,
          "attributes": {
            "arn": "arn:aws:sqs:us-east-1:831569350010:aft-account-request-dlq.fifo",
            "content_based_deduplication": false,
            "deduplication_scope": "queue",
            "delay_seconds": 0,
            "fifo_queue": true,
            "fifo_throughput_limit": "perQueue",
            "id": "https://sqs.us-east-1.amazonaws.com/831569350010/aft-account-request-dlq.fifo",
            "kms_data_key_reuse_period_seconds": 300,
            "kms_master_key_id": "alias/aft",
            "max_message_size": 262144,
            "message_retention_seconds": 345600,
            "name": "aft-account-request-dlq.fifo",
            "name_prefix": "",
            "policy": "",
            "receive_wait_time_seconds": 0,
            "redrive_allow_policy": "",
            "redrive_policy": "",
            "sqs_managed_sse_enabled": false,
            "tags": null,
            "tags_all": {
              "managed_by": "AFT"
            },
            "url": "https://sqs.us-east-1.amazonaws.com/831569350010/aft-account-request-dlq.fifo",
            "visibility_timeout_seconds": 30
          },
          "sensitive_attributes": [],
          "private": "bnVsbA==",
          "dependencies": [
            "module.aft.data.aws_partition.current",
            "module.aft.module.aft_account_request_framework.aws_kms_alias.aft",
            "module.aft.module.aft_account_request_framework.aws_kms_key.aft"
          ]
        }
      ]
    },
    {
      "module": "module.aft.module.aft_account_request_framework",
      "mode": "managed",
      "type": "aws_subnet",
      "name": "aft_vpc_private_subnet_01",
      "provider": "module.aft.provider[\"registry.terraform.io/hashicorp/aws\"].aft_management",
      "instances": [
        {
          "schema_version": 1,
          "attributes": {
            "arn": "arn:aws:ec2:us-east-1:831569350010:subnet/subnet-003c841febb2163f5",
            "assign_ipv6_address_on_creation": false,
            "availability_zone": "us-east-1a",
            "availability_zone_id": "use1-az6",
            "cidr_block": "192.168.0.0/24",
            "customer_owned_ipv4_pool": "",
            "enable_dns64": false,
            "enable_lni_at_device_index": 0,
            "enable_resource_name_dns_a_record_on_launch": false,
            "enable_resource_name_dns_aaaa_record_on_launch": false,
            "id": "subnet-003c841febb2163f5",
            "ipv6_cidr_block": "",
            "ipv6_cidr_block_association_id": "",
            "ipv6_native": false,
            "map_customer_owned_ip_on_launch": false,
            "map_public_ip_on_launch": false,
            "outpost_arn": "",
            "owner_id": "831569350010",
            "private_dns_hostname_type_on_launch": "ip-name",
            "tags": {
              "Name": "aft-vpc-private-subnet-01"
            },
            "tags_all": {
              "Name": "aft-vpc-private-subnet-01",
              "managed_by": "AFT"
            },
            "timeouts": null,
            "vpc_id": "vpc-06cdd138eab207cc9"
          },
          "sensitive_attributes": [],
          "private": "eyJlMmJmYjczMC1lY2FhLTExZTYtOGY4OC0zNDM2M2JjN2M0YzAiOnsiY3JlYXRlIjo2MDAwMDAwMDAwMDAsImRlbGV0ZSI6MTIwMDAwMDAwMDAwMH0sInNjaGVtYV92ZXJzaW9uIjoiMSJ9",
          "dependencies": [
            "module.aft.data.aws_partition.current",
            "module.aft.module.aft_account_request_framework.aws_vpc.aft_vpc",
            "module.aft.module.aft_account_request_framework.data.aws_availability_zones.available"
          ],
          "create_before_destroy": true
        }
      ]
    },
    {
      "module": "module.aft.module.aft_account_request_framework",
      "mode": "managed",
      "type": "aws_subnet",
      "name": "aft_vpc_private_subnet_02",
      "provider": "module.aft.provider[\"registry.terraform.io/hashicorp/aws\"].aft_management",
      "instances": [
        {
          "schema_version": 1,
          "attributes": {
            "arn": "arn:aws:ec2:us-east-1:831569350010:subnet/subnet-0970ebe4f59507674",
            "assign_ipv6_address_on_creation": false,
            "availability_zone": "us-east-1b",
            "availability_zone_id": "use1-az1",
            "cidr_block": "192.168.1.0/24",
            "customer_owned_ipv4_pool": "",
            "enable_dns64": false,
            "enable_lni_at_device_index": 0,
            "enable_resource_name_dns_a_record_on_launch": false,
            "enable_resource_name_dns_aaaa_record_on_launch": false,
            "id": "subnet-0970ebe4f59507674",
            "ipv6_cidr_block": "",
            "ipv6_cidr_block_association_id": "",
            "ipv6_native": false,
            "map_customer_owned_ip_on_launch": false,
            "map_public_ip_on_launch": false,
            "outpost_arn": "",
            "owner_id": "831569350010",
            "private_dns_hostname_type_on_launch": "ip-name",
            "tags": {
              "Name": "aft-vpc-private-subnet-02"
            },
            "tags_all": {
              "Name": "aft-vpc-private-subnet-02",
              "managed_by": "AFT"
            },
            "timeouts": null,
            "vpc_id": "vpc-06cdd138eab207cc9"
          },
          "sensitive_attributes": [],
          "private": "eyJlMmJmYjczMC1lY2FhLTExZTYtOGY4OC0zNDM2M2JjN2M0YzAiOnsiY3JlYXRlIjo2MDAwMDAwMDAwMDAsImRlbGV0ZSI6MTIwMDAwMDAwMDAwMH0sInNjaGVtYV92ZXJzaW9uIjoiMSJ9",
          "dependencies": [
            "module.aft.data.aws_partition.current",
            "module.aft.module.aft_account_request_framework.aws_vpc.aft_vpc",
            "module.aft.module.aft_account_request_framework.data.aws_availability_zones.available"
          ],
          "create_before_destroy": true
        }
      ]
    },
    {
      "module": "module.aft.module.aft_account_request_framework",
      "mode": "managed",
      "type": "aws_subnet",
      "name": "aft_vpc_public_subnet_01",
      "provider": "module.aft.provider[\"registry.terraform.io/hashicorp/aws\"].aft_management",
      "instances": [
        {
          "schema_version": 1,
          "attributes": {
            "arn": "arn:aws:ec2:us-east-1:831569350010:subnet/subnet-09ad9123c874f2007",
            "assign_ipv6_address_on_creation": false,
            "availability_zone": "us-east-1a",
            "availability_zone_id": "use1-az6",
            "cidr_block": "192.168.2.0/25",
            "customer_owned_ipv4_pool": "",
            "enable_dns64": false,
            "enable_lni_at_device_index": 0,
            "enable_resource_name_dns_a_record_on_launch": false,
            "enable_resource_name_dns_aaaa_record_on_launch": false,
            "id": "subnet-09ad9123c874f2007",
            "ipv6_cidr_block": "",
            "ipv6_cidr_block_association_id": "",
            "ipv6_native": false,
            "map_customer_owned_ip_on_launch": false,
            "map_public_ip_on_launch": false,
            "outpost_arn": "",
            "owner_id": "831569350010",
            "private_dns_hostname_type_on_launch": "ip-name",
            "tags": {
              "Name": "aft-vpc-public-subnet-01"
            },
            "tags_all": {
              "Name": "aft-vpc-public-subnet-01",
              "managed_by": "AFT"
            },
            "timeouts": null,
            "vpc_id": "vpc-06cdd138eab207cc9"
          },
          "sensitive_attributes": [],
          "private": "eyJlMmJmYjczMC1lY2FhLTExZTYtOGY4OC0zNDM2M2JjN2M0YzAiOnsiY3JlYXRlIjo2MDAwMDAwMDAwMDAsImRlbGV0ZSI6MTIwMDAwMDAwMDAwMH0sInNjaGVtYV92ZXJzaW9uIjoiMSJ9",
          "dependencies": [
            "module.aft.data.aws_partition.current",
            "module.aft.module.aft_account_request_framework.aws_vpc.aft_vpc",
            "module.aft.module.aft_account_request_framework.data.aws_availability_zones.available"
          ]
        }
      ]
    },
    {
      "module": "module.aft.module.aft_account_request_framework",
      "mode": "managed",
      "type": "aws_subnet",
      "name": "aft_vpc_public_subnet_02",
      "provider": "module.aft.provider[\"registry.terraform.io/hashicorp/aws\"].aft_management",
      "instances": [
        {
          "schema_version": 1,
          "attributes": {
            "arn": "arn:aws:ec2:us-east-1:831569350010:subnet/subnet-01ce66e9a82e30592",
            "assign_ipv6_address_on_creation": false,
            "availability_zone": "us-east-1b",
            "availability_zone_id": "use1-az1",
            "cidr_block": "192.168.2.128/25",
            "customer_owned_ipv4_pool": "",
            "enable_dns64": false,
            "enable_lni_at_device_index": 0,
            "enable_resource_name_dns_a_record_on_launch": false,
            "enable_resource_name_dns_aaaa_record_on_launch": false,
            "id": "subnet-01ce66e9a82e30592",
            "ipv6_cidr_block": "",
            "ipv6_cidr_block_association_id": "",
            "ipv6_native": false,
            "map_customer_owned_ip_on_launch": false,
            "map_public_ip_on_launch": false,
            "outpost_arn": "",
            "owner_id": "831569350010",
            "private_dns_hostname_type_on_launch": "ip-name",
            "tags": {
              "Name": "aft-vpc-public-subnet-02"
            },
            "tags_all": {
              "Name": "aft-vpc-public-subnet-02",
              "managed_by": "AFT"
            },
            "timeouts": null,
            "vpc_id": "vpc-06cdd138eab207cc9"
          },
          "sensitive_attributes": [],
          "private": "eyJlMmJmYjczMC1lY2FhLTExZTYtOGY4OC0zNDM2M2JjN2M0YzAiOnsiY3JlYXRlIjo2MDAwMDAwMDAwMDAsImRlbGV0ZSI6MTIwMDAwMDAwMDAwMH0sInNjaGVtYV92ZXJzaW9uIjoiMSJ9",
          "dependencies": [
            "module.aft.data.aws_partition.current",
            "module.aft.module.aft_account_request_framework.aws_vpc.aft_vpc",
            "module.aft.module.aft_account_request_framework.data.aws_availability_zones.available"
          ]
        }
      ]
    },
    {
      "module": "module.aft.module.aft_account_request_framework",
      "mode": "managed",
      "type": "aws_vpc",
      "name": "aft_vpc",
      "provider": "module.aft.provider[\"registry.terraform.io/hashicorp/aws\"].aft_management",
      "instances": [
        {
          "schema_version": 1,
          "attributes": {
            "arn": "arn:aws:ec2:us-east-1:831569350010:vpc/vpc-06cdd138eab207cc9",
            "assign_generated_ipv6_cidr_block": false,
            "cidr_block": "192.168.0.0/22",
            "default_network_acl_id": "acl-0b2fdf394ff64a095",
            "default_route_table_id": "rtb-09f7602f80fde4f76",
            "default_security_group_id": "sg-00fc8438005eb19d1",
            "dhcp_options_id": "dopt-0b7685d22027d6b0e",
            "enable_classiclink": false,
            "enable_classiclink_dns_support": false,
            "enable_dns_hostnames": true,
            "enable_dns_support": true,
            "enable_network_address_usage_metrics": false,
            "id": "vpc-06cdd138eab207cc9",
            "instance_tenancy": "default",
            "ipv4_ipam_pool_id": null,
            "ipv4_netmask_length": null,
            "ipv6_association_id": "",
            "ipv6_cidr_block": "",
            "ipv6_cidr_block_network_border_group": "",
            "ipv6_ipam_pool_id": "",
            "ipv6_netmask_length": 0,
            "main_route_table_id": "rtb-09f7602f80fde4f76",
            "owner_id": "831569350010",
            "tags": {
              "Name": "aft-management-vpc"
            },
            "tags_all": {
              "Name": "aft-management-vpc",
              "managed_by": "AFT"
            }
          },
          "sensitive_attributes": [],
          "private": "eyJzY2hlbWFfdmVyc2lvbiI6IjEifQ==",
          "dependencies": [
            "module.aft.data.aws_partition.current"
          ],
          "create_before_destroy": true
        }
      ]
    },
    {
      "module": "module.aft.module.aft_account_request_framework",
      "mode": "managed",
      "type": "aws_vpc_endpoint",
      "name": "codebuild",
      "provider": "module.aft.provider[\"registry.terraform.io/hashicorp/aws\"].aft_management",
      "instances": [
        {
          "index_key": 0,
          "schema_version": 0,
          "attributes": {
            "arn": "arn:aws:ec2:us-east-1:831569350010:vpc-endpoint/vpce-00ddee917507fc2d4",
            "auto_accept": null,
            "cidr_blocks": [],
            "dns_entry": [
              {
                "dns_name": "vpce-00ddee917507fc2d4-xvldi31u.codebuild.us-east-1.vpce.amazonaws.com",
                "hosted_zone_id": "Z7HUB22UULQXV"
              },
              {
                "dns_name": "vpce-00ddee917507fc2d4-xvldi31u-us-east-1a.codebuild.us-east-1.vpce.amazonaws.com",
                "hosted_zone_id": "Z7HUB22UULQXV"
              },
              {
                "dns_name": "vpce-00ddee917507fc2d4-xvldi31u-us-east-1b.codebuild.us-east-1.vpce.amazonaws.com",
                "hosted_zone_id": "Z7HUB22UULQXV"
              },
              {
                "dns_name": "codebuild.us-east-1.amazonaws.com",
                "hosted_zone_id": "Z10436041GAFS69EX0W4B"
              }
            ],
            "dns_options": [
              {
                "dns_record_ip_type": "ipv4"
              }
            ],
            "id": "vpce-00ddee917507fc2d4",
            "ip_address_type": "ipv4",
            "network_interface_ids": [
              "eni-001904a180a400e61",
              "eni-03a3b635b1cfb782b"
            ],
            "owner_id": "831569350010",
            "policy": "{\"Statement\":[{\"Action\":\"*\",\"Effect\":\"Allow\",\"Principal\":\"*\",\"Resource\":\"*\"}]}",
            "prefix_list_id": null,
            "private_dns_enabled": true,
            "requester_managed": false,
            "route_table_ids": [],
            "security_group_ids": [
              "sg-0edee7d858e8ebee4"
            ],
            "service_name": "com.amazonaws.us-east-1.codebuild",
            "state": "available",
            "subnet_ids": [
              "subnet-003c841febb2163f5",
              "subnet-0970ebe4f59507674"
            ],
            "tags": null,
            "tags_all": {
              "managed_by": "AFT"
            },
            "timeouts": null,
            "vpc_endpoint_type": "Interface",
            "vpc_id": "vpc-06cdd138eab207cc9"
          },
          "sensitive_attributes": [],
          "private": "eyJlMmJmYjczMC1lY2FhLTExZTYtOGY4OC0zNDM2M2JjN2M0YzAiOnsiY3JlYXRlIjo2MDAwMDAwMDAwMDAsImRlbGV0ZSI6NjAwMDAwMDAwMDAwLCJ1cGRhdGUiOjYwMDAwMDAwMDAwMH19",
          "dependencies": [
            "module.aft.data.aws_partition.current",
            "module.aft.module.aft_account_request_framework.aws_security_group.aft_vpc_endpoint_sg",
            "module.aft.module.aft_account_request_framework.aws_subnet.aft_vpc_private_subnet_01",
            "module.aft.module.aft_account_request_framework.aws_subnet.aft_vpc_private_subnet_02",
            "module.aft.module.aft_account_request_framework.aws_vpc.aft_vpc",
            "module.aft.module.aft_account_request_framework.data.aws_availability_zones.available",
            "module.aft.module.aft_account_request_framework.data.aws_subnets.codebuild",
            "module.aft.module.aft_account_request_framework.data.aws_vpc_endpoint_service.codebuild"
          ]
        }
      ]
    },
    {
      "module": "module.aft.module.aft_account_request_framework",
      "mode": "managed",
      "type": "aws_vpc_endpoint",
      "name": "codecommit",
      "provider": "module.aft.provider[\"registry.terraform.io/hashicorp/aws\"].aft_management",
      "instances": [
        {
          "index_key": 0,
          "schema_version": 0,
          "attributes": {
            "arn": "arn:aws:ec2:us-east-1:831569350010:vpc-endpoint/vpce-0e4eab66f5e1c26ee",
            "auto_accept": null,
            "cidr_blocks": [],
            "dns_entry": [
              {
                "dns_name": "vpce-0e4eab66f5e1c26ee-bzpnwujf.codecommit.us-east-1.vpce.amazonaws.com",
                "hosted_zone_id": "Z7HUB22UULQXV"
              },
              {
                "dns_name": "vpce-0e4eab66f5e1c26ee-bzpnwujf-us-east-1b.codecommit.us-east-1.vpce.amazonaws.com",
                "hosted_zone_id": "Z7HUB22UULQXV"
              },
              {
                "dns_name": "vpce-0e4eab66f5e1c26ee-bzpnwujf-us-east-1a.codecommit.us-east-1.vpce.amazonaws.com",
                "hosted_zone_id": "Z7HUB22UULQXV"
              },
              {
                "dns_name": "codecommit.us-east-1.amazonaws.com",
                "hosted_zone_id": "Z06762883NLMVYRL5F97K"
              }
            ],
            "dns_options": [
              {
                "dns_record_ip_type": "ipv4"
              }
            ],
            "id": "vpce-0e4eab66f5e1c26ee",
            "ip_address_type": "ipv4",
            "network_interface_ids": [
              "eni-0390992162e1f5ab9",
              "eni-09c97ee7f323afbde"
            ],
            "owner_id": "831569350010",
            "policy": "{\"Statement\":[{\"Action\":\"*\",\"Effect\":\"Allow\",\"Principal\":\"*\",\"Resource\":\"*\"}]}",
            "prefix_list_id": null,
            "private_dns_enabled": true,
            "requester_managed": false,
            "route_table_ids": [],
            "security_group_ids": [
              "sg-0edee7d858e8ebee4"
            ],
            "service_name": "com.amazonaws.us-east-1.codecommit",
            "state": "available",
            "subnet_ids": [
              "subnet-003c841febb2163f5",
              "subnet-0970ebe4f59507674"
            ],
            "tags": null,
            "tags_all": {
              "managed_by": "AFT"
            },
            "timeouts": null,
            "vpc_endpoint_type": "Interface",
            "vpc_id": "vpc-06cdd138eab207cc9"
          },
          "sensitive_attributes": [],
          "private": "eyJlMmJmYjczMC1lY2FhLTExZTYtOGY4OC0zNDM2M2JjN2M0YzAiOnsiY3JlYXRlIjo2MDAwMDAwMDAwMDAsImRlbGV0ZSI6NjAwMDAwMDAwMDAwLCJ1cGRhdGUiOjYwMDAwMDAwMDAwMH19",
          "dependencies": [
            "module.aft.data.aws_partition.current",
            "module.aft.module.aft_account_request_framework.aws_security_group.aft_vpc_endpoint_sg",
            "module.aft.module.aft_account_request_framework.aws_subnet.aft_vpc_private_subnet_01",
            "module.aft.module.aft_account_request_framework.aws_subnet.aft_vpc_private_subnet_02",
            "module.aft.module.aft_account_request_framework.aws_vpc.aft_vpc",
            "module.aft.module.aft_account_request_framework.data.aws_availability_zones.available",
            "module.aft.module.aft_account_request_framework.data.aws_subnets.codecommit",
            "module.aft.module.aft_account_request_framework.data.aws_vpc_endpoint_service.codecommit"
          ]
        }
      ]
    },
    {
      "module": "module.aft.module.aft_account_request_framework",
      "mode": "managed",
      "type": "aws_vpc_endpoint",
      "name": "codepipeline",
      "provider": "module.aft.provider[\"registry.terraform.io/hashicorp/aws\"].aft_management",
      "instances": [
        {
          "index_key": 0,
          "schema_version": 0,
          "attributes": {
            "arn": "arn:aws:ec2:us-east-1:831569350010:vpc-endpoint/vpce-01d012fce267e3d2c",
            "auto_accept": null,
            "cidr_blocks": [],
            "dns_entry": [
              {
                "dns_name": "vpce-01d012fce267e3d2c-nympsjta.codepipeline.us-east-1.vpce.amazonaws.com",
                "hosted_zone_id": "Z7HUB22UULQXV"
              },
              {
                "dns_name": "vpce-01d012fce267e3d2c-nympsjta-us-east-1b.codepipeline.us-east-1.vpce.amazonaws.com",
                "hosted_zone_id": "Z7HUB22UULQXV"
              },
              {
                "dns_name": "vpce-01d012fce267e3d2c-nympsjta-us-east-1a.codepipeline.us-east-1.vpce.amazonaws.com",
                "hosted_zone_id": "Z7HUB22UULQXV"
              },
              {
                "dns_name": "codepipeline.us-east-1.amazonaws.com",
                "hosted_zone_id": "Z05548232QYYABME1P92A"
              }
            ],
            "dns_options": [
              {
                "dns_record_ip_type": "ipv4"
              }
            ],
            "id": "vpce-01d012fce267e3d2c",
            "ip_address_type": "ipv4",
            "network_interface_ids": [
              "eni-06ce43c56d8079b0e",
              "eni-0cef4e80482cf92b2"
            ],
            "owner_id": "831569350010",
            "policy": "{\"Statement\":[{\"Action\":\"*\",\"Effect\":\"Allow\",\"Principal\":\"*\",\"Resource\":\"*\"}]}",
            "prefix_list_id": null,
            "private_dns_enabled": true,
            "requester_managed": false,
            "route_table_ids": [],
            "security_group_ids": [
              "sg-0edee7d858e8ebee4"
            ],
            "service_name": "com.amazonaws.us-east-1.codepipeline",
            "state": "available",
            "subnet_ids": [
              "subnet-003c841febb2163f5",
              "subnet-0970ebe4f59507674"
            ],
            "tags": null,
            "tags_all": {
              "managed_by": "AFT"
            },
            "timeouts": null,
            "vpc_endpoint_type": "Interface",
            "vpc_id": "vpc-06cdd138eab207cc9"
          },
          "sensitive_attributes": [],
          "private": "eyJlMmJmYjczMC1lY2FhLTExZTYtOGY4OC0zNDM2M2JjN2M0YzAiOnsiY3JlYXRlIjo2MDAwMDAwMDAwMDAsImRlbGV0ZSI6NjAwMDAwMDAwMDAwLCJ1cGRhdGUiOjYwMDAwMDAwMDAwMH19",
          "dependencies": [
            "module.aft.data.aws_partition.current",
            "module.aft.module.aft_account_request_framework.aws_security_group.aft_vpc_endpoint_sg",
            "module.aft.module.aft_account_request_framework.aws_subnet.aft_vpc_private_subnet_01",
            "module.aft.module.aft_account_request_framework.aws_subnet.aft_vpc_private_subnet_02",
            "module.aft.module.aft_account_request_framework.aws_vpc.aft_vpc",
            "module.aft.module.aft_account_request_framework.data.aws_availability_zones.available",
            "module.aft.module.aft_account_request_framework.data.aws_subnets.codepipeline",
            "module.aft.module.aft_account_request_framework.data.aws_vpc_endpoint_service.codepipeline"
          ]
        }
      ]
    },
    {
      "module": "module.aft.module.aft_account_request_framework",
      "mode": "managed",
      "type": "aws_vpc_endpoint",
      "name": "dynamodb",
      "provider": "module.aft.provider[\"registry.terraform.io/hashicorp/aws\"].aft_management",
      "instances": [
        {
          "index_key": 0,
          "schema_version": 0,
          "attributes": {
            "arn": "arn:aws:ec2:us-east-1:831569350010:vpc-endpoint/vpce-0716c60334c1146f3",
            "auto_accept": null,
            "cidr_blocks": [
              "35.71.70.0/24",
              "3.218.182.0/24",
              "3.218.180.0/23",
              "35.71.68.0/23",
              "52.94.0.0/22",
              "52.119.224.0/20"
            ],
            "dns_entry": [],
            "dns_options": [],
            "id": "vpce-0716c60334c1146f3",
            "ip_address_type": "",
            "network_interface_ids": [],
            "owner_id": "831569350010",
            "policy": "{\"Statement\":[{\"Action\":\"*\",\"Effect\":\"Allow\",\"Principal\":\"*\",\"Resource\":\"*\"}],\"Version\":\"2008-10-17\"}",
            "prefix_list_id": "pl-02cd2c6b",
            "private_dns_enabled": false,
            "requester_managed": false,
            "route_table_ids": [
              "rtb-077ab0be6f7c41608",
              "rtb-09dfd5017a60cb0e0",
              "rtb-0cd1d8492865ebb22"
            ],
            "security_group_ids": [],
            "service_name": "com.amazonaws.us-east-1.dynamodb",
            "state": "available",
            "subnet_ids": [],
            "tags": null,
            "tags_all": {
              "managed_by": "AFT"
            },
            "timeouts": null,
            "vpc_endpoint_type": "Gateway",
            "vpc_id": "vpc-06cdd138eab207cc9"
          },
          "sensitive_attributes": [],
          "private": "eyJlMmJmYjczMC1lY2FhLTExZTYtOGY4OC0zNDM2M2JjN2M0YzAiOnsiY3JlYXRlIjo2MDAwMDAwMDAwMDAsImRlbGV0ZSI6NjAwMDAwMDAwMDAwLCJ1cGRhdGUiOjYwMDAwMDAwMDAwMH19",
          "dependencies": [
            "module.aft.data.aws_partition.current",
            "module.aft.module.aft_account_request_framework.aws_eip.aft-vpc-natgw-01",
            "module.aft.module.aft_account_request_framework.aws_eip.aft-vpc-natgw-02",
            "module.aft.module.aft_account_request_framework.aws_internet_gateway.aft-vpc-igw",
            "module.aft.module.aft_account_request_framework.aws_nat_gateway.aft-vpc-natgw-01",
            "module.aft.module.aft_account_request_framework.aws_nat_gateway.aft-vpc-natgw-02",
            "module.aft.module.aft_account_request_framework.aws_route_table.aft_vpc_private_subnet_01",
            "module.aft.module.aft_account_request_framework.aws_route_table.aft_vpc_private_subnet_02",
            "module.aft.module.aft_account_request_framework.aws_route_table.aft_vpc_public_subnet_01",
            "module.aft.module.aft_account_request_framework.aws_subnet.aft_vpc_public_subnet_01",
            "module.aft.module.aft_account_request_framework.aws_subnet.aft_vpc_public_subnet_02",
            "module.aft.module.aft_account_request_framework.aws_vpc.aft_vpc",
            "module.aft.module.aft_account_request_framework.data.aws_availability_zones.available",
            "module.aft.module.aft_account_request_framework.data.aws_region.aft-management"
          ]
        }
      ]
    },
    {
      "module": "module.aft.module.aft_account_request_framework",
      "mode": "managed",
      "type": "aws_vpc_endpoint",
      "name": "events",
      "provider": "module.aft.provider[\"registry.terraform.io/hashicorp/aws\"].aft_management",
      "instances": [
        {
          "index_key": 0,
          "schema_version": 0,
          "attributes": {
            "arn": "arn:aws:ec2:us-east-1:831569350010:vpc-endpoint/vpce-053f328568d3c88dc",
            "auto_accept": null,
            "cidr_blocks": [],
            "dns_entry": [
              {
                "dns_name": "vpce-053f328568d3c88dc-xez7rcr4.events.us-east-1.vpce.amazonaws.com",
                "hosted_zone_id": "Z7HUB22UULQXV"
              },
              {
                "dns_name": "vpce-053f328568d3c88dc-xez7rcr4-us-east-1b.events.us-east-1.vpce.amazonaws.com",
                "hosted_zone_id": "Z7HUB22UULQXV"
              },
              {
                "dns_name": "vpce-053f328568d3c88dc-xez7rcr4-us-east-1a.events.us-east-1.vpce.amazonaws.com",
                "hosted_zone_id": "Z7HUB22UULQXV"
              },
              {
                "dns_name": "events.us-east-1.amazonaws.com",
                "hosted_zone_id": "Z05560163D8J1L2R04UIH"
              }
            ],
            "dns_options": [
              {
                "dns_record_ip_type": "ipv4"
              }
            ],
            "id": "vpce-053f328568d3c88dc",
            "ip_address_type": "ipv4",
            "network_interface_ids": [
              "eni-0bc5e182963523200",
              "eni-0d4137b7c30c3580e"
            ],
            "owner_id": "831569350010",
            "policy": "{\"Statement\":[{\"Action\":\"*\",\"Effect\":\"Allow\",\"Principal\":\"*\",\"Resource\":\"*\"}]}",
            "prefix_list_id": null,
            "private_dns_enabled": true,
            "requester_managed": false,
            "route_table_ids": [],
            "security_group_ids": [
              "sg-0edee7d858e8ebee4"
            ],
            "service_name": "com.amazonaws.us-east-1.events",
            "state": "available",
            "subnet_ids": [
              "subnet-003c841febb2163f5",
              "subnet-0970ebe4f59507674"
            ],
            "tags": null,
            "tags_all": {
              "managed_by": "AFT"
            },
            "timeouts": null,
            "vpc_endpoint_type": "Interface",
            "vpc_id": "vpc-06cdd138eab207cc9"
          },
          "sensitive_attributes": [],
          "private": "eyJlMmJmYjczMC1lY2FhLTExZTYtOGY4OC0zNDM2M2JjN2M0YzAiOnsiY3JlYXRlIjo2MDAwMDAwMDAwMDAsImRlbGV0ZSI6NjAwMDAwMDAwMDAwLCJ1cGRhdGUiOjYwMDAwMDAwMDAwMH19",
          "dependencies": [
            "module.aft.data.aws_partition.current",
            "module.aft.module.aft_account_request_framework.aws_security_group.aft_vpc_endpoint_sg",
            "module.aft.module.aft_account_request_framework.aws_subnet.aft_vpc_private_subnet_01",
            "module.aft.module.aft_account_request_framework.aws_subnet.aft_vpc_private_subnet_02",
            "module.aft.module.aft_account_request_framework.aws_vpc.aft_vpc",
            "module.aft.module.aft_account_request_framework.data.aws_availability_zones.available",
            "module.aft.module.aft_account_request_framework.data.aws_subnets.events",
            "module.aft.module.aft_account_request_framework.data.aws_vpc_endpoint_service.events"
          ]
        }
      ]
    },
    {
      "module": "module.aft.module.aft_account_request_framework",
      "mode": "managed",
      "type": "aws_vpc_endpoint",
      "name": "git-codecommit",
      "provider": "module.aft.provider[\"registry.terraform.io/hashicorp/aws\"].aft_management",
      "instances": [
        {
          "index_key": 0,
          "schema_version": 0,
          "attributes": {
            "arn": "arn:aws:ec2:us-east-1:831569350010:vpc-endpoint/vpce-0ce437859deb31344",
            "auto_accept": null,
            "cidr_blocks": [],
            "dns_entry": [
              {
                "dns_name": "vpce-0ce437859deb31344-ax9ia3eq.git-codecommit.us-east-1.vpce.amazonaws.com",
                "hosted_zone_id": "Z7HUB22UULQXV"
              },
              {
                "dns_name": "vpce-0ce437859deb31344-ax9ia3eq-us-east-1b.git-codecommit.us-east-1.vpce.amazonaws.com",
                "hosted_zone_id": "Z7HUB22UULQXV"
              },
              {
                "dns_name": "vpce-0ce437859deb31344-ax9ia3eq-us-east-1a.git-codecommit.us-east-1.vpce.amazonaws.com",
                "hosted_zone_id": "Z7HUB22UULQXV"
              },
              {
                "dns_name": "git-codecommit.us-east-1.amazonaws.com",
                "hosted_zone_id": "Z055664412GTT332ZI5BE"
              }
            ],
            "dns_options": [
              {
                "dns_record_ip_type": "ipv4"
              }
            ],
            "id": "vpce-0ce437859deb31344",
            "ip_address_type": "ipv4",
            "network_interface_ids": [
              "eni-05fce729d1d821728",
              "eni-06c4517178064a7cc"
            ],
            "owner_id": "831569350010",
            "policy": "{\"Statement\":[{\"Action\":\"*\",\"Effect\":\"Allow\",\"Principal\":\"*\",\"Resource\":\"*\"}]}",
            "prefix_list_id": null,
            "private_dns_enabled": true,
            "requester_managed": false,
            "route_table_ids": [],
            "security_group_ids": [
              "sg-0edee7d858e8ebee4"
            ],
            "service_name": "com.amazonaws.us-east-1.git-codecommit",
            "state": "available",
            "subnet_ids": [
              "subnet-003c841febb2163f5",
              "subnet-0970ebe4f59507674"
            ],
            "tags": null,
            "tags_all": {
              "managed_by": "AFT"
            },
            "timeouts": null,
            "vpc_endpoint_type": "Interface",
            "vpc_id": "vpc-06cdd138eab207cc9"
          },
          "sensitive_attributes": [],
          "private": "eyJlMmJmYjczMC1lY2FhLTExZTYtOGY4OC0zNDM2M2JjN2M0YzAiOnsiY3JlYXRlIjo2MDAwMDAwMDAwMDAsImRlbGV0ZSI6NjAwMDAwMDAwMDAwLCJ1cGRhdGUiOjYwMDAwMDAwMDAwMH19",
          "dependencies": [
            "module.aft.data.aws_partition.current",
            "module.aft.module.aft_account_request_framework.aws_security_group.aft_vpc_endpoint_sg",
            "module.aft.module.aft_account_request_framework.aws_subnet.aft_vpc_private_subnet_01",
            "module.aft.module.aft_account_request_framework.aws_subnet.aft_vpc_private_subnet_02",
            "module.aft.module.aft_account_request_framework.aws_vpc.aft_vpc",
            "module.aft.module.aft_account_request_framework.data.aws_availability_zones.available",
            "module.aft.module.aft_account_request_framework.data.aws_subnets.git-codecommit",
            "module.aft.module.aft_account_request_framework.data.aws_vpc_endpoint_service.git-codecommit"
          ]
        }
      ]
    },
    {
      "module": "module.aft.module.aft_account_request_framework",
      "mode": "managed",
      "type": "aws_vpc_endpoint",
      "name": "kms",
      "provider": "module.aft.provider[\"registry.terraform.io/hashicorp/aws\"].aft_management",
      "instances": [
        {
          "index_key": 0,
          "schema_version": 0,
          "attributes": {
            "arn": "arn:aws:ec2:us-east-1:831569350010:vpc-endpoint/vpce-09514d7831f3d18bf",
            "auto_accept": null,
            "cidr_blocks": [],
            "dns_entry": [
              {
                "dns_name": "vpce-09514d7831f3d18bf-66tkuz90.kms.us-east-1.vpce.amazonaws.com",
                "hosted_zone_id": "Z7HUB22UULQXV"
              },
              {
                "dns_name": "vpce-09514d7831f3d18bf-66tkuz90-us-east-1b.kms.us-east-1.vpce.amazonaws.com",
                "hosted_zone_id": "Z7HUB22UULQXV"
              },
              {
                "dns_name": "vpce-09514d7831f3d18bf-66tkuz90-us-east-1a.kms.us-east-1.vpce.amazonaws.com",
                "hosted_zone_id": "Z7HUB22UULQXV"
              },
              {
                "dns_name": "kms.us-east-1.amazonaws.com",
                "hosted_zone_id": "Z006586515JOPYSF2TTIP"
              }
            ],
            "dns_options": [
              {
                "dns_record_ip_type": "ipv4"
              }
            ],
            "id": "vpce-09514d7831f3d18bf",
            "ip_address_type": "ipv4",
            "network_interface_ids": [
              "eni-001e7b75129dec3b1",
              "eni-00b3575196b1e1e40"
            ],
            "owner_id": "831569350010",
            "policy": "{\"Statement\":[{\"Action\":\"*\",\"Effect\":\"Allow\",\"Principal\":\"*\",\"Resource\":\"*\"}]}",
            "prefix_list_id": null,
            "private_dns_enabled": true,
            "requester_managed": false,
            "route_table_ids": [],
            "security_group_ids": [
              "sg-0edee7d858e8ebee4"
            ],
            "service_name": "com.amazonaws.us-east-1.kms",
            "state": "available",
            "subnet_ids": [
              "subnet-003c841febb2163f5",
              "subnet-0970ebe4f59507674"
            ],
            "tags": null,
            "tags_all": {
              "managed_by": "AFT"
            },
            "timeouts": null,
            "vpc_endpoint_type": "Interface",
            "vpc_id": "vpc-06cdd138eab207cc9"
          },
          "sensitive_attributes": [],
          "private": "eyJlMmJmYjczMC1lY2FhLTExZTYtOGY4OC0zNDM2M2JjN2M0YzAiOnsiY3JlYXRlIjo2MDAwMDAwMDAwMDAsImRlbGV0ZSI6NjAwMDAwMDAwMDAwLCJ1cGRhdGUiOjYwMDAwMDAwMDAwMH19",
          "dependencies": [
            "module.aft.data.aws_partition.current",
            "module.aft.module.aft_account_request_framework.aws_security_group.aft_vpc_endpoint_sg",
            "module.aft.module.aft_account_request_framework.aws_subnet.aft_vpc_private_subnet_01",
            "module.aft.module.aft_account_request_framework.aws_subnet.aft_vpc_private_subnet_02",
            "module.aft.module.aft_account_request_framework.aws_vpc.aft_vpc",
            "module.aft.module.aft_account_request_framework.data.aws_availability_zones.available",
            "module.aft.module.aft_account_request_framework.data.aws_subnets.kms",
            "module.aft.module.aft_account_request_framework.data.aws_vpc_endpoint_service.kms"
          ]
        }
      ]
    },
    {
      "module": "module.aft.module.aft_account_request_framework",
      "mode": "managed",
      "type": "aws_vpc_endpoint",
      "name": "lambda",
      "provider": "module.aft.provider[\"registry.terraform.io/hashicorp/aws\"].aft_management",
      "instances": [
        {
          "index_key": 0,
          "schema_version": 0,
          "attributes": {
            "arn": "arn:aws:ec2:us-east-1:831569350010:vpc-endpoint/vpce-06d87fbfb99d0ebb6",
            "auto_accept": null,
            "cidr_blocks": [],
            "dns_entry": [
              {
                "dns_name": "vpce-06d87fbfb99d0ebb6-v96abu61.lambda.us-east-1.vpce.amazonaws.com",
                "hosted_zone_id": "Z7HUB22UULQXV"
              },
              {
                "dns_name": "vpce-06d87fbfb99d0ebb6-v96abu61-us-east-1a.lambda.us-east-1.vpce.amazonaws.com",
                "hosted_zone_id": "Z7HUB22UULQXV"
              },
              {
                "dns_name": "vpce-06d87fbfb99d0ebb6-v96abu61-us-east-1b.lambda.us-east-1.vpce.amazonaws.com",
                "hosted_zone_id": "Z7HUB22UULQXV"
              },
              {
                "dns_name": "lambda.us-east-1.amazonaws.com",
                "hosted_zone_id": "Z06758811R9VB7OSMRS0Y"
              },
              {
                "dns_name": "lambda.us-east-1.api.aws",
                "hosted_zone_id": "Z0073577U4M3YB0ZWA09"
              }
            ],
            "dns_options": [
              {
                "dns_record_ip_type": "ipv4"
              }
            ],
            "id": "vpce-06d87fbfb99d0ebb6",
            "ip_address_type": "ipv4",
            "network_interface_ids": [
              "eni-029b49ec88702258a",
              "eni-0ffba172fda24c265"
            ],
            "owner_id": "831569350010",
            "policy": "{\"Statement\":[{\"Action\":\"*\",\"Effect\":\"Allow\",\"Principal\":\"*\",\"Resource\":\"*\"}]}",
            "prefix_list_id": null,
            "private_dns_enabled": true,
            "requester_managed": false,
            "route_table_ids": [],
            "security_group_ids": [
              "sg-0edee7d858e8ebee4"
            ],
            "service_name": "com.amazonaws.us-east-1.lambda",
            "state": "available",
            "subnet_ids": [
              "subnet-003c841febb2163f5",
              "subnet-0970ebe4f59507674"
            ],
            "tags": null,
            "tags_all": {
              "managed_by": "AFT"
            },
            "timeouts": null,
            "vpc_endpoint_type": "Interface",
            "vpc_id": "vpc-06cdd138eab207cc9"
          },
          "sensitive_attributes": [],
          "private": "eyJlMmJmYjczMC1lY2FhLTExZTYtOGY4OC0zNDM2M2JjN2M0YzAiOnsiY3JlYXRlIjo2MDAwMDAwMDAwMDAsImRlbGV0ZSI6NjAwMDAwMDAwMDAwLCJ1cGRhdGUiOjYwMDAwMDAwMDAwMH19",
          "dependencies": [
            "module.aft.data.aws_partition.current",
            "module.aft.module.aft_account_request_framework.aws_security_group.aft_vpc_endpoint_sg",
            "module.aft.module.aft_account_request_framework.aws_subnet.aft_vpc_private_subnet_01",
            "module.aft.module.aft_account_request_framework.aws_subnet.aft_vpc_private_subnet_02",
            "module.aft.module.aft_account_request_framework.aws_vpc.aft_vpc",
            "module.aft.module.aft_account_request_framework.data.aws_availability_zones.available",
            "module.aft.module.aft_account_request_framework.data.aws_subnets.lambda",
            "module.aft.module.aft_account_request_framework.data.aws_vpc_endpoint_service.lambda"
          ]
        }
      ]
    },
    {
      "module": "module.aft.module.aft_account_request_framework",
      "mode": "managed",
      "type": "aws_vpc_endpoint",
      "name": "logs",
      "provider": "module.aft.provider[\"registry.terraform.io/hashicorp/aws\"].aft_management",
      "instances": [
        {
          "index_key": 0,
          "schema_version": 0,
          "attributes": {
            "arn": "arn:aws:ec2:us-east-1:831569350010:vpc-endpoint/vpce-03cb27f8929221ea9",
            "auto_accept": null,
            "cidr_blocks": [],
            "dns_entry": [
              {
                "dns_name": "vpce-03cb27f8929221ea9-6goy228a.logs.us-east-1.vpce.amazonaws.com",
                "hosted_zone_id": "Z7HUB22UULQXV"
              },
              {
                "dns_name": "vpce-03cb27f8929221ea9-6goy228a-us-east-1a.logs.us-east-1.vpce.amazonaws.com",
                "hosted_zone_id": "Z7HUB22UULQXV"
              },
              {
                "dns_name": "vpce-03cb27f8929221ea9-6goy228a-us-east-1b.logs.us-east-1.vpce.amazonaws.com",
                "hosted_zone_id": "Z7HUB22UULQXV"
              },
              {
                "dns_name": "logs.us-east-1.amazonaws.com",
                "hosted_zone_id": "Z1043103297KAWVOP701C"
              }
            ],
            "dns_options": [
              {
                "dns_record_ip_type": "ipv4"
              }
            ],
            "id": "vpce-03cb27f8929221ea9",
            "ip_address_type": "ipv4",
            "network_interface_ids": [
              "eni-03665110add1a7762",
              "eni-0e53e8bc866b420bb"
            ],
            "owner_id": "831569350010",
            "policy": "{\"Statement\":[{\"Action\":\"*\",\"Effect\":\"Allow\",\"Principal\":\"*\",\"Resource\":\"*\"}]}",
            "prefix_list_id": null,
            "private_dns_enabled": true,
            "requester_managed": false,
            "route_table_ids": [],
            "security_group_ids": [
              "sg-0edee7d858e8ebee4"
            ],
            "service_name": "com.amazonaws.us-east-1.logs",
            "state": "available",
            "subnet_ids": [
              "subnet-003c841febb2163f5",
              "subnet-0970ebe4f59507674"
            ],
            "tags": null,
            "tags_all": {
              "managed_by": "AFT"
            },
            "timeouts": null,
            "vpc_endpoint_type": "Interface",
            "vpc_id": "vpc-06cdd138eab207cc9"
          },
          "sensitive_attributes": [],
          "private": "eyJlMmJmYjczMC1lY2FhLTExZTYtOGY4OC0zNDM2M2JjN2M0YzAiOnsiY3JlYXRlIjo2MDAwMDAwMDAwMDAsImRlbGV0ZSI6NjAwMDAwMDAwMDAwLCJ1cGRhdGUiOjYwMDAwMDAwMDAwMH19",
          "dependencies": [
            "module.aft.data.aws_partition.current",
            "module.aft.module.aft_account_request_framework.aws_security_group.aft_vpc_endpoint_sg",
            "module.aft.module.aft_account_request_framework.aws_subnet.aft_vpc_private_subnet_01",
            "module.aft.module.aft_account_request_framework.aws_subnet.aft_vpc_private_subnet_02",
            "module.aft.module.aft_account_request_framework.aws_vpc.aft_vpc",
            "module.aft.module.aft_account_request_framework.data.aws_availability_zones.available",
            "module.aft.module.aft_account_request_framework.data.aws_subnets.logs",
            "module.aft.module.aft_account_request_framework.data.aws_vpc_endpoint_service.logs"
          ]
        }
      ]
    },
    {
      "module": "module.aft.module.aft_account_request_framework",
      "mode": "managed",
      "type": "aws_vpc_endpoint",
      "name": "s3",
      "provider": "module.aft.provider[\"registry.terraform.io/hashicorp/aws\"].aft_management",
      "instances": [
        {
          "index_key": 0,
          "schema_version": 0,
          "attributes": {
            "arn": "arn:aws:ec2:us-east-1:831569350010:vpc-endpoint/vpce-028ec5cbad26ee2e6",
            "auto_accept": null,
            "cidr_blocks": [
              "16.182.0.0/16",
              "18.34.0.0/19",
              "52.216.0.0/15",
              "54.231.0.0/16",
              "3.5.0.0/19",
              "18.34.232.0/21"
            ],
            "dns_entry": [],
            "dns_options": [],
            "id": "vpce-028ec5cbad26ee2e6",
            "ip_address_type": "",
            "network_interface_ids": [],
            "owner_id": "831569350010",
            "policy": "{\"Statement\":[{\"Action\":\"*\",\"Effect\":\"Allow\",\"Principal\":\"*\",\"Resource\":\"*\"}],\"Version\":\"2008-10-17\"}",
            "prefix_list_id": "pl-63a5400a",
            "private_dns_enabled": false,
            "requester_managed": false,
            "route_table_ids": [
              "rtb-077ab0be6f7c41608",
              "rtb-09dfd5017a60cb0e0",
              "rtb-0cd1d8492865ebb22"
            ],
            "security_group_ids": [],
            "service_name": "com.amazonaws.us-east-1.s3",
            "state": "available",
            "subnet_ids": [],
            "tags": null,
            "tags_all": {
              "managed_by": "AFT"
            },
            "timeouts": null,
            "vpc_endpoint_type": "Gateway",
            "vpc_id": "vpc-06cdd138eab207cc9"
          },
          "sensitive_attributes": [],
          "private": "eyJlMmJmYjczMC1lY2FhLTExZTYtOGY4OC0zNDM2M2JjN2M0YzAiOnsiY3JlYXRlIjo2MDAwMDAwMDAwMDAsImRlbGV0ZSI6NjAwMDAwMDAwMDAwLCJ1cGRhdGUiOjYwMDAwMDAwMDAwMH19",
          "dependencies": [
            "module.aft.data.aws_partition.current",
            "module.aft.module.aft_account_request_framework.aws_eip.aft-vpc-natgw-01",
            "module.aft.module.aft_account_request_framework.aws_eip.aft-vpc-natgw-02",
            "module.aft.module.aft_account_request_framework.aws_internet_gateway.aft-vpc-igw",
            "module.aft.module.aft_account_request_framework.aws_nat_gateway.aft-vpc-natgw-01",
            "module.aft.module.aft_account_request_framework.aws_nat_gateway.aft-vpc-natgw-02",
            "module.aft.module.aft_account_request_framework.aws_route_table.aft_vpc_private_subnet_01",
            "module.aft.module.aft_account_request_framework.aws_route_table.aft_vpc_private_subnet_02",
            "module.aft.module.aft_account_request_framework.aws_route_table.aft_vpc_public_subnet_01",
            "module.aft.module.aft_account_request_framework.aws_subnet.aft_vpc_public_subnet_01",
            "module.aft.module.aft_account_request_framework.aws_subnet.aft_vpc_public_subnet_02",
            "module.aft.module.aft_account_request_framework.aws_vpc.aft_vpc",
            "module.aft.module.aft_account_request_framework.data.aws_availability_zones.available",
            "module.aft.module.aft_account_request_framework.data.aws_region.aft-management"
          ]
        }
      ]
    },
    {
      "module": "module.aft.module.aft_account_request_framework",
      "mode": "managed",
      "type": "aws_vpc_endpoint",
      "name": "servicecatalog",
      "provider": "module.aft.provider[\"registry.terraform.io/hashicorp/aws\"].aft_management",
      "instances": [
        {
          "index_key": 0,
          "schema_version": 0,
          "attributes": {
            "arn": "arn:aws:ec2:us-east-1:831569350010:vpc-endpoint/vpce-086764a56be49ec31",
            "auto_accept": null,
            "cidr_blocks": [],
            "dns_entry": [
              {
                "dns_name": "vpce-086764a56be49ec31-arjbhvog.servicecatalog.us-east-1.vpce.amazonaws.com",
                "hosted_zone_id": "Z7HUB22UULQXV"
              },
              {
                "dns_name": "vpce-086764a56be49ec31-arjbhvog-us-east-1a.servicecatalog.us-east-1.vpce.amazonaws.com",
                "hosted_zone_id": "Z7HUB22UULQXV"
              },
              {
                "dns_name": "vpce-086764a56be49ec31-arjbhvog-us-east-1b.servicecatalog.us-east-1.vpce.amazonaws.com",
                "hosted_zone_id": "Z7HUB22UULQXV"
              },
              {
                "dns_name": "servicecatalog.us-east-1.amazonaws.com",
                "hosted_zone_id": "Z06767781LXZSWPICC8SE"
              }
            ],
            "dns_options": [
              {
                "dns_record_ip_type": "ipv4"
              }
            ],
            "id": "vpce-086764a56be49ec31",
            "ip_address_type": "ipv4",
            "network_interface_ids": [
              "eni-08baf872f2447c874",
              "eni-0ff48a42c92303b9a"
            ],
            "owner_id": "831569350010",
            "policy": "{\"Statement\":[{\"Action\":\"*\",\"Effect\":\"Allow\",\"Principal\":\"*\",\"Resource\":\"*\"}]}",
            "prefix_list_id": null,
            "private_dns_enabled": true,
            "requester_managed": false,
            "route_table_ids": [],
            "security_group_ids": [
              "sg-0edee7d858e8ebee4"
            ],
            "service_name": "com.amazonaws.us-east-1.servicecatalog",
            "state": "available",
            "subnet_ids": [
              "subnet-003c841febb2163f5",
              "subnet-0970ebe4f59507674"
            ],
            "tags": null,
            "tags_all": {
              "managed_by": "AFT"
            },
            "timeouts": null,
            "vpc_endpoint_type": "Interface",
            "vpc_id": "vpc-06cdd138eab207cc9"
          },
          "sensitive_attributes": [],
          "private": "eyJlMmJmYjczMC1lY2FhLTExZTYtOGY4OC0zNDM2M2JjN2M0YzAiOnsiY3JlYXRlIjo2MDAwMDAwMDAwMDAsImRlbGV0ZSI6NjAwMDAwMDAwMDAwLCJ1cGRhdGUiOjYwMDAwMDAwMDAwMH19",
          "dependencies": [
            "module.aft.data.aws_partition.current",
            "module.aft.module.aft_account_request_framework.aws_security_group.aft_vpc_endpoint_sg",
            "module.aft.module.aft_account_request_framework.aws_subnet.aft_vpc_private_subnet_01",
            "module.aft.module.aft_account_request_framework.aws_subnet.aft_vpc_private_subnet_02",
            "module.aft.module.aft_account_request_framework.aws_vpc.aft_vpc",
            "module.aft.module.aft_account_request_framework.data.aws_availability_zones.available",
            "module.aft.module.aft_account_request_framework.data.aws_subnets.servicecatalog",
            "module.aft.module.aft_account_request_framework.data.aws_vpc_endpoint_service.servicecatalog"
          ]
        }
      ]
    },
    {
      "module": "module.aft.module.aft_account_request_framework",
      "mode": "managed",
      "type": "aws_vpc_endpoint",
      "name": "sns",
      "provider": "module.aft.provider[\"registry.terraform.io/hashicorp/aws\"].aft_management",
      "instances": [
        {
          "index_key": 0,
          "schema_version": 0,
          "attributes": {
            "arn": "arn:aws:ec2:us-east-1:831569350010:vpc-endpoint/vpce-0e77d13c2d8c401a5",
            "auto_accept": null,
            "cidr_blocks": [],
            "dns_entry": [
              {
                "dns_name": "vpce-0e77d13c2d8c401a5-m1zarxcb.sns.us-east-1.vpce.amazonaws.com",
                "hosted_zone_id": "Z7HUB22UULQXV"
              },
              {
                "dns_name": "vpce-0e77d13c2d8c401a5-m1zarxcb-us-east-1a.sns.us-east-1.vpce.amazonaws.com",
                "hosted_zone_id": "Z7HUB22UULQXV"
              },
              {
                "dns_name": "vpce-0e77d13c2d8c401a5-m1zarxcb-us-east-1b.sns.us-east-1.vpce.amazonaws.com",
                "hosted_zone_id": "Z7HUB22UULQXV"
              },
              {
                "dns_name": "sns.us-east-1.amazonaws.com",
                "hosted_zone_id": "Z07001963OG0RU0LZRNSM"
              }
            ],
            "dns_options": [
              {
                "dns_record_ip_type": "ipv4"
              }
            ],
            "id": "vpce-0e77d13c2d8c401a5",
            "ip_address_type": "ipv4",
            "network_interface_ids": [
              "eni-008a05ebd535b462b",
              "eni-03427b8335c42d3b3"
            ],
            "owner_id": "831569350010",
            "policy": "{\"Statement\":[{\"Action\":\"*\",\"Effect\":\"Allow\",\"Principal\":\"*\",\"Resource\":\"*\"}]}",
            "prefix_list_id": null,
            "private_dns_enabled": true,
            "requester_managed": false,
            "route_table_ids": [],
            "security_group_ids": [
              "sg-0edee7d858e8ebee4"
            ],
            "service_name": "com.amazonaws.us-east-1.sns",
            "state": "available",
            "subnet_ids": [
              "subnet-003c841febb2163f5",
              "subnet-0970ebe4f59507674"
            ],
            "tags": null,
            "tags_all": {
              "managed_by": "AFT"
            },
            "timeouts": null,
            "vpc_endpoint_type": "Interface",
            "vpc_id": "vpc-06cdd138eab207cc9"
          },
          "sensitive_attributes": [],
          "private": "eyJlMmJmYjczMC1lY2FhLTExZTYtOGY4OC0zNDM2M2JjN2M0YzAiOnsiY3JlYXRlIjo2MDAwMDAwMDAwMDAsImRlbGV0ZSI6NjAwMDAwMDAwMDAwLCJ1cGRhdGUiOjYwMDAwMDAwMDAwMH19",
          "dependencies": [
            "module.aft.data.aws_partition.current",
            "module.aft.module.aft_account_request_framework.aws_security_group.aft_vpc_endpoint_sg",
            "module.aft.module.aft_account_request_framework.aws_subnet.aft_vpc_private_subnet_01",
            "module.aft.module.aft_account_request_framework.aws_subnet.aft_vpc_private_subnet_02",
            "module.aft.module.aft_account_request_framework.aws_vpc.aft_vpc",
            "module.aft.module.aft_account_request_framework.data.aws_availability_zones.available",
            "module.aft.module.aft_account_request_framework.data.aws_subnets.sns",
            "module.aft.module.aft_account_request_framework.data.aws_vpc_endpoint_service.sns"
          ]
        }
      ]
    },
    {
      "module": "module.aft.module.aft_account_request_framework",
      "mode": "managed",
      "type": "aws_vpc_endpoint",
      "name": "sqs",
      "provider": "module.aft.provider[\"registry.terraform.io/hashicorp/aws\"].aft_management",
      "instances": [
        {
          "index_key": 0,
          "schema_version": 0,
          "attributes": {
            "arn": "arn:aws:ec2:us-east-1:831569350010:vpc-endpoint/vpce-017402d361effa795",
            "auto_accept": null,
            "cidr_blocks": [],
            "dns_entry": [
              {
                "dns_name": "vpce-017402d361effa795-qwp728z5.sqs.us-east-1.vpce.amazonaws.com",
                "hosted_zone_id": "Z7HUB22UULQXV"
              },
              {
                "dns_name": "vpce-017402d361effa795-qwp728z5-us-east-1b.sqs.us-east-1.vpce.amazonaws.com",
                "hosted_zone_id": "Z7HUB22UULQXV"
              },
              {
                "dns_name": "vpce-017402d361effa795-qwp728z5-us-east-1a.sqs.us-east-1.vpce.amazonaws.com",
                "hosted_zone_id": "Z7HUB22UULQXV"
              },
              {
                "dns_name": "sqs.us-east-1.amazonaws.com",
                "hosted_zone_id": "Z0699163EW4I4TFQ7UVY"
              }
            ],
            "dns_options": [
              {
                "dns_record_ip_type": "ipv4"
              }
            ],
            "id": "vpce-017402d361effa795",
            "ip_address_type": "ipv4",
            "network_interface_ids": [
              "eni-08d039fb1b76bf410",
              "eni-0eedc5194b7225352"
            ],
            "owner_id": "831569350010",
            "policy": "{\"Statement\":[{\"Action\":\"*\",\"Effect\":\"Allow\",\"Principal\":\"*\",\"Resource\":\"*\"}]}",
            "prefix_list_id": null,
            "private_dns_enabled": true,
            "requester_managed": false,
            "route_table_ids": [],
            "security_group_ids": [
              "sg-0edee7d858e8ebee4"
            ],
            "service_name": "com.amazonaws.us-east-1.sqs",
            "state": "available",
            "subnet_ids": [
              "subnet-003c841febb2163f5",
              "subnet-0970ebe4f59507674"
            ],
            "tags": null,
            "tags_all": {
              "managed_by": "AFT"
            },
            "timeouts": null,
            "vpc_endpoint_type": "Interface",
            "vpc_id": "vpc-06cdd138eab207cc9"
          },
          "sensitive_attributes": [],
          "private": "eyJlMmJmYjczMC1lY2FhLTExZTYtOGY4OC0zNDM2M2JjN2M0YzAiOnsiY3JlYXRlIjo2MDAwMDAwMDAwMDAsImRlbGV0ZSI6NjAwMDAwMDAwMDAwLCJ1cGRhdGUiOjYwMDAwMDAwMDAwMH19",
          "dependencies": [
            "module.aft.data.aws_partition.current",
            "module.aft.module.aft_account_request_framework.aws_security_group.aft_vpc_endpoint_sg",
            "module.aft.module.aft_account_request_framework.aws_subnet.aft_vpc_private_subnet_01",
            "module.aft.module.aft_account_request_framework.aws_subnet.aft_vpc_private_subnet_02",
            "module.aft.module.aft_account_request_framework.aws_vpc.aft_vpc",
            "module.aft.module.aft_account_request_framework.data.aws_availability_zones.available",
            "module.aft.module.aft_account_request_framework.data.aws_subnets.sqs",
            "module.aft.module.aft_account_request_framework.data.aws_vpc_endpoint_service.sqs"
          ]
        }
      ]
    },
    {
      "module": "module.aft.module.aft_account_request_framework",
      "mode": "managed",
      "type": "aws_vpc_endpoint",
      "name": "ssm",
      "provider": "module.aft.provider[\"registry.terraform.io/hashicorp/aws\"].aft_management",
      "instances": [
        {
          "index_key": 0,
          "schema_version": 0,
          "attributes": {
            "arn": "arn:aws:ec2:us-east-1:831569350010:vpc-endpoint/vpce-02f8e1b7785afaa77",
            "auto_accept": null,
            "cidr_blocks": [],
            "dns_entry": [
              {
                "dns_name": "vpce-02f8e1b7785afaa77-rbsak3zh.ssm.us-east-1.vpce.amazonaws.com",
                "hosted_zone_id": "Z7HUB22UULQXV"
              },
              {
                "dns_name": "vpce-02f8e1b7785afaa77-rbsak3zh-us-east-1b.ssm.us-east-1.vpce.amazonaws.com",
                "hosted_zone_id": "Z7HUB22UULQXV"
              },
              {
                "dns_name": "vpce-02f8e1b7785afaa77-rbsak3zh-us-east-1a.ssm.us-east-1.vpce.amazonaws.com",
                "hosted_zone_id": "Z7HUB22UULQXV"
              },
              {
                "dns_name": "ssm.us-east-1.amazonaws.com",
                "hosted_zone_id": "Z06998802RZNJN3TLM2VN"
              }
            ],
            "dns_options": [
              {
                "dns_record_ip_type": "ipv4"
              }
            ],
            "id": "vpce-02f8e1b7785afaa77",
            "ip_address_type": "ipv4",
            "network_interface_ids": [
              "eni-03b5d83550214296a",
              "eni-0a284e6a0a99d6e66"
            ],
            "owner_id": "831569350010",
            "policy": "{\"Statement\":[{\"Action\":\"*\",\"Effect\":\"Allow\",\"Principal\":\"*\",\"Resource\":\"*\"}]}",
            "prefix_list_id": null,
            "private_dns_enabled": true,
            "requester_managed": false,
            "route_table_ids": [],
            "security_group_ids": [
              "sg-0edee7d858e8ebee4"
            ],
            "service_name": "com.amazonaws.us-east-1.ssm",
            "state": "available",
            "subnet_ids": [
              "subnet-003c841febb2163f5",
              "subnet-0970ebe4f59507674"
            ],
            "tags": null,
            "tags_all": {
              "managed_by": "AFT"
            },
            "timeouts": null,
            "vpc_endpoint_type": "Interface",
            "vpc_id": "vpc-06cdd138eab207cc9"
          },
          "sensitive_attributes": [],
          "private": "eyJlMmJmYjczMC1lY2FhLTExZTYtOGY4OC0zNDM2M2JjN2M0YzAiOnsiY3JlYXRlIjo2MDAwMDAwMDAwMDAsImRlbGV0ZSI6NjAwMDAwMDAwMDAwLCJ1cGRhdGUiOjYwMDAwMDAwMDAwMH19",
          "dependencies": [
            "module.aft.data.aws_partition.current",
            "module.aft.module.aft_account_request_framework.aws_security_group.aft_vpc_endpoint_sg",
            "module.aft.module.aft_account_request_framework.aws_subnet.aft_vpc_private_subnet_01",
            "module.aft.module.aft_account_request_framework.aws_subnet.aft_vpc_private_subnet_02",
            "module.aft.module.aft_account_request_framework.aws_vpc.aft_vpc",
            "module.aft.module.aft_account_request_framework.data.aws_availability_zones.available",
            "module.aft.module.aft_account_request_framework.data.aws_subnets.ssm",
            "module.aft.module.aft_account_request_framework.data.aws_vpc_endpoint_service.ssm"
          ]
        }
      ]
    },
    {
      "module": "module.aft.module.aft_account_request_framework",
      "mode": "managed",
      "type": "aws_vpc_endpoint",
      "name": "states",
      "provider": "module.aft.provider[\"registry.terraform.io/hashicorp/aws\"].aft_management",
      "instances": [
        {
          "index_key": 0,
          "schema_version": 0,
          "attributes": {
            "arn": "arn:aws:ec2:us-east-1:831569350010:vpc-endpoint/vpce-08e922f109a12445a",
            "auto_accept": null,
            "cidr_blocks": [],
            "dns_entry": [
              {
                "dns_name": "vpce-08e922f109a12445a-7upi9ho5.states.us-east-1.vpce.amazonaws.com",
                "hosted_zone_id": "Z7HUB22UULQXV"
              },
              {
                "dns_name": "vpce-08e922f109a12445a-7upi9ho5-us-east-1a.states.us-east-1.vpce.amazonaws.com",
                "hosted_zone_id": "Z7HUB22UULQXV"
              },
              {
                "dns_name": "vpce-08e922f109a12445a-7upi9ho5-us-east-1b.states.us-east-1.vpce.amazonaws.com",
                "hosted_zone_id": "Z7HUB22UULQXV"
              },
              {
                "dns_name": "states.us-east-1.amazonaws.com",
                "hosted_zone_id": "Z10430452L5F7CC20R4AQ"
              }
            ],
            "dns_options": [
              {
                "dns_record_ip_type": "ipv4"
              }
            ],
            "id": "vpce-08e922f109a12445a",
            "ip_address_type": "ipv4",
            "network_interface_ids": [
              "eni-0c81640e5f37fdb1c",
              "eni-0f5404565a0e3105e"
            ],
            "owner_id": "831569350010",
            "policy": "{\"Statement\":[{\"Action\":\"*\",\"Effect\":\"Allow\",\"Principal\":\"*\",\"Resource\":\"*\"}]}",
            "prefix_list_id": null,
            "private_dns_enabled": true,
            "requester_managed": false,
            "route_table_ids": [],
            "security_group_ids": [
              "sg-0edee7d858e8ebee4"
            ],
            "service_name": "com.amazonaws.us-east-1.states",
            "state": "available",
            "subnet_ids": [
              "subnet-003c841febb2163f5",
              "subnet-0970ebe4f59507674"
            ],
            "tags": null,
            "tags_all": {
              "managed_by": "AFT"
            },
            "timeouts": null,
            "vpc_endpoint_type": "Interface",
            "vpc_id": "vpc-06cdd138eab207cc9"
          },
          "sensitive_attributes": [],
          "private": "eyJlMmJmYjczMC1lY2FhLTExZTYtOGY4OC0zNDM2M2JjN2M0YzAiOnsiY3JlYXRlIjo2MDAwMDAwMDAwMDAsImRlbGV0ZSI6NjAwMDAwMDAwMDAwLCJ1cGRhdGUiOjYwMDAwMDAwMDAwMH19",
          "dependencies": [
            "module.aft.data.aws_partition.current",
            "module.aft.module.aft_account_request_framework.aws_security_group.aft_vpc_endpoint_sg",
            "module.aft.module.aft_account_request_framework.aws_subnet.aft_vpc_private_subnet_01",
            "module.aft.module.aft_account_request_framework.aws_subnet.aft_vpc_private_subnet_02",
            "module.aft.module.aft_account_request_framework.aws_vpc.aft_vpc",
            "module.aft.module.aft_account_request_framework.data.aws_availability_zones.available",
            "module.aft.module.aft_account_request_framework.data.aws_subnets.states",
            "module.aft.module.aft_account_request_framework.data.aws_vpc_endpoint_service.states"
          ]
        }
      ]
    },
    {
      "module": "module.aft.module.aft_account_request_framework",
      "mode": "managed",
      "type": "aws_vpc_endpoint",
      "name": "sts",
      "provider": "module.aft.provider[\"registry.terraform.io/hashicorp/aws\"].aft_management",
      "instances": [
        {
          "index_key": 0,
          "schema_version": 0,
          "attributes": {
            "arn": "arn:aws:ec2:us-east-1:831569350010:vpc-endpoint/vpce-0830e181ece2be311",
            "auto_accept": null,
            "cidr_blocks": [],
            "dns_entry": [
              {
                "dns_name": "vpce-0830e181ece2be311-nh07k2jj.sts.us-east-1.vpce.amazonaws.com",
                "hosted_zone_id": "Z7HUB22UULQXV"
              },
              {
                "dns_name": "vpce-0830e181ece2be311-nh07k2jj-us-east-1a.sts.us-east-1.vpce.amazonaws.com",
                "hosted_zone_id": "Z7HUB22UULQXV"
              },
              {
                "dns_name": "vpce-0830e181ece2be311-nh07k2jj-us-east-1b.sts.us-east-1.vpce.amazonaws.com",
                "hosted_zone_id": "Z7HUB22UULQXV"
              },
              {
                "dns_name": "sts.us-east-1.amazonaws.com",
                "hosted_zone_id": "Z06765893SSHX3PN384A9"
              }
            ],
            "dns_options": [
              {
                "dns_record_ip_type": "ipv4"
              }
            ],
            "id": "vpce-0830e181ece2be311",
            "ip_address_type": "ipv4",
            "network_interface_ids": [
              "eni-08b068287c802015c",
              "eni-0cde577d96c8cd045"
            ],
            "owner_id": "831569350010",
            "policy": "{\"Statement\":[{\"Action\":\"*\",\"Effect\":\"Allow\",\"Principal\":\"*\",\"Resource\":\"*\"}]}",
            "prefix_list_id": null,
            "private_dns_enabled": true,
            "requester_managed": false,
            "route_table_ids": [],
            "security_group_ids": [
              "sg-0edee7d858e8ebee4"
            ],
            "service_name": "com.amazonaws.us-east-1.sts",
            "state": "available",
            "subnet_ids": [
              "subnet-003c841febb2163f5",
              "subnet-0970ebe4f59507674"
            ],
            "tags": null,
            "tags_all": {
              "managed_by": "AFT"
            },
            "timeouts": null,
            "vpc_endpoint_type": "Interface",
            "vpc_id": "vpc-06cdd138eab207cc9"
          },
          "sensitive_attributes": [],
          "private": "eyJlMmJmYjczMC1lY2FhLTExZTYtOGY4OC0zNDM2M2JjN2M0YzAiOnsiY3JlYXRlIjo2MDAwMDAwMDAwMDAsImRlbGV0ZSI6NjAwMDAwMDAwMDAwLCJ1cGRhdGUiOjYwMDAwMDAwMDAwMH19",
          "dependencies": [
            "module.aft.data.aws_partition.current",
            "module.aft.module.aft_account_request_framework.aws_security_group.aft_vpc_endpoint_sg",
            "module.aft.module.aft_account_request_framework.aws_subnet.aft_vpc_private_subnet_01",
            "module.aft.module.aft_account_request_framework.aws_subnet.aft_vpc_private_subnet_02",
            "module.aft.module.aft_account_request_framework.aws_vpc.aft_vpc",
            "module.aft.module.aft_account_request_framework.data.aws_availability_zones.available",
            "module.aft.module.aft_account_request_framework.data.aws_subnets.sts",
            "module.aft.module.aft_account_request_framework.data.aws_vpc_endpoint_service.sts"
          ]
        }
      ]
    },
    {
      "module": "module.aft.module.aft_account_request_framework",
      "mode": "managed",
      "type": "time_sleep",
      "name": "wait_60_seconds",
      "provider": "provider[\"registry.terraform.io/hashicorp/time\"]",
      "instances": [
        {
          "schema_version": 0,
          "attributes": {
            "create_duration": "60s",
            "destroy_duration": null,
            "id": "2023-05-28T06:02:36Z",
            "triggers": null
          },
          "sensitive_attributes": [],
          "dependencies": [
            "module.aft.data.aws_partition.current",
            "module.aft.data.local_file.version",
            "module.aft.module.aft_account_request_framework.aws_dynamodb_table.aft_request",
            "module.aft.module.aft_account_request_framework.aws_iam_role.aft_account_request_audit_trigger",
            "module.aft.module.aft_account_request_framework.aws_kms_key.aft",
            "module.aft.module.aft_account_request_framework.aws_lambda_function.aft_account_request_audit_trigger",
            "module.aft.module.aft_account_request_framework.aws_security_group.aft_vpc_default_sg",
            "module.aft.module.aft_account_request_framework.aws_subnet.aft_vpc_private_subnet_01",
            "module.aft.module.aft_account_request_framework.aws_subnet.aft_vpc_private_subnet_02",
            "module.aft.module.aft_account_request_framework.aws_vpc.aft_vpc",
            "module.aft.module.aft_account_request_framework.data.aws_availability_zones.available",
            "module.aft.module.aft_customizations.aws_s3_bucket.aft_codepipeline_customizations_bucket",
            "module.aft.module.aft_customizations.data.aws_caller_identity.current",
            "module.aft.module.aft_lambda_layer.aws_codebuild_project.codebuild",
            "module.aft.module.aft_lambda_layer.aws_iam_role.codebuild",
            "module.aft.module.aft_lambda_layer.aws_iam_role.codebuild_invoker_lambda_role",
            "module.aft.module.aft_lambda_layer.aws_lambda_function.codebuild_invoker",
            "module.aft.module.aft_lambda_layer.aws_lambda_layer_version.layer_version",
            "module.aft.module.aft_lambda_layer.data.aws_lambda_invocation.invoke_codebuild_job",
            "module.aft.module.aft_lambda_layer.data.aws_partition.current",
            "module.aft.module.aft_lambda_layer.data.local_file.aft_lambda_layer",
            "module.aft.module.aft_lambda_layer.random_string.resource_suffix",
            "module.aft.module.packaging.data.archive_file.builder",
            "module.aft.module.packaging.data.archive_file.request_framework"
          ]
        }
      ]
    },
    {
      "module": "module.aft.module.aft_backend",
      "mode": "data",
      "type": "aws_caller_identity",
      "name": "current",
      "provider": "module.aft.provider[\"registry.terraform.io/hashicorp/aws\"].aft_management",
      "instances": [
        {
          "schema_version": 0,
          "attributes": {
            "account_id": "831569350010",
            "arn": "arn:aws:sts::831569350010:assumed-role/AWSControlTowerExecution/AWSAFT-Session",
            "id": "831569350010",
            "user_id": "AROA4DHLFJV5N4XQRN7FN:AWSAFT-Session"
          },
          "sensitive_attributes": []
        }
      ]
    },
    {
      "module": "module.aft.module.aft_backend",
      "mode": "managed",
      "type": "aws_dynamodb_table",
      "name": "lock-table",
      "provider": "module.aft.provider[\"registry.terraform.io/hashicorp/aws\"].aft_management",
      "instances": [
        {
          "schema_version": 1,
          "attributes": {
            "arn": "arn:aws:dynamodb:us-east-1:831569350010:table/aft-backend-831569350010",
            "attribute": [
              {
                "name": "LockID",
                "type": "S"
              }
            ],
            "billing_mode": "PAY_PER_REQUEST",
            "deletion_protection_enabled": false,
            "global_secondary_index": [],
            "hash_key": "LockID",
            "id": "aft-backend-831569350010",
            "local_secondary_index": [],
            "name": "aft-backend-831569350010",
            "point_in_time_recovery": [
              {
                "enabled": false
              }
            ],
            "range_key": null,
            "read_capacity": 0,
            "replica": [
              {
                "arn": "arn:aws:dynamodb:us-east-2:831569350010:table/aft-backend-831569350010",
                "kms_key_arn": "",
                "point_in_time_recovery": false,
                "propagate_tags": false,
                "region_name": "us-east-2",
                "stream_arn": "arn:aws:dynamodb:us-east-2:831569350010:table/aft-backend-831569350010/stream/2023-05-28T05:51:24.995",
                "stream_label": "2023-05-28T05:51:24.995"
              }
            ],
            "restore_date_time": null,
            "restore_source_name": null,
            "restore_to_latest_time": null,
            "server_side_encryption": [],
            "stream_arn": "arn:aws:dynamodb:us-east-1:831569350010:table/aft-backend-831569350010/stream/2023-05-28T05:50:27.738",
            "stream_enabled": true,
            "stream_label": "2023-05-28T05:50:27.738",
            "stream_view_type": "NEW_AND_OLD_IMAGES",
            "table_class": "STANDARD",
            "tags": {
              "Name": "aft-backend-831569350010"
            },
            "tags_all": {
              "Name": "aft-backend-831569350010",
              "managed_by": "AFT"
            },
            "timeouts": null,
            "ttl": [
              {
                "attribute_name": "",
                "enabled": false
              }
            ],
            "write_capacity": 0
          },
          "sensitive_attributes": [],
          "private": "eyJlMmJmYjczMC1lY2FhLTExZTYtOGY4OC0zNDM2M2JjN2M0YzAiOnsiY3JlYXRlIjoxODAwMDAwMDAwMDAwLCJkZWxldGUiOjYwMDAwMDAwMDAwMCwidXBkYXRlIjozNjAwMDAwMDAwMDAwfSwic2NoZW1hX3ZlcnNpb24iOiIxIn0=",
          "dependencies": [
            "module.aft.data.aws_partition.current",
            "module.aft.module.aft_backend.data.aws_caller_identity.current"
          ]
        }
      ]
    },
    {
      "module": "module.aft.module.aft_backend",
      "mode": "managed",
      "type": "aws_iam_policy",
      "name": "replication",
      "provider": "module.aft.provider[\"registry.terraform.io/hashicorp/aws\"].aft_management",
      "instances": [
        {
          "index_key": 0,
          "schema_version": 0,
          "attributes": {
            "arn": "arn:aws:iam::831569350010:policy/aft-s3-terraform-backend-replication-policy",
            "description": "",
            "id": "arn:aws:iam::831569350010:policy/aft-s3-terraform-backend-replication-policy",
            "name": "aft-s3-terraform-backend-replication-policy",
            "name_prefix": "",
            "path": "/",
            "policy": "{\"Statement\":[{\"Action\":[\"s3:GetReplicationConfiguration\",\"s3:ListBucket\"],\"Effect\":\"Allow\",\"Resource\":[\"arn:aws:s3:::aft-backend-831569350010-primary-region\"]},{\"Action\":[\"s3:GetObjectVersionForReplication\",\"s3:GetObjectVersionAcl\",\"s3:GetObjectVersionTagging\"],\"Effect\":\"Allow\",\"Resource\":[\"arn:aws:s3:::aft-backend-831569350010-primary-region/*\"]},{\"Action\":[\"s3:ReplicateObject\",\"s3:ReplicateDelete\",\"s3:ReplicateTags\"],\"Condition\":{\"StringLikeIfExists\":{\"s3:x-amz-server-side-encryption\":[\"aws:kms\",\"AES256\"],\"s3:x-amz-server-side-encryption-aws-kms-key-id\":[\"arn:aws:kms:us-east-2:831569350010:key/52fae7ff-0a4f-4afb-ba72-15139e374f59\"]}},\"Effect\":\"Allow\",\"Resource\":\"arn:aws:s3:::aft-backend-831569350010-secondary-region/*\"},{\"Action\":[\"kms:Decrypt\"],\"Condition\":{\"StringLike\":{\"kms:EncryptionContext:aws:s3:arn\":[\"arn:aws:s3:::aft-backend-831569350010-primary-region/*\"],\"kms:ViaService\":\"s3.us-east-1.amazonaws.com\"}},\"Effect\":\"Allow\",\"Resource\":[\"arn:aws:kms:us-east-1:831569350010:key/2920b1c4-a45f-4891-a659-443998cf33f4\"]},{\"Action\":[\"kms:Encrypt\"],\"Condition\":{\"StringLike\":{\"kms:EncryptionContext:aws:s3:arn\":[\"arn:aws:s3:::aft-backend-831569350010-primary-region/*\"],\"kms:ViaService\":\"s3.us-east-1.amazonaws.com\"}},\"Effect\":\"Allow\",\"Resource\":[\"arn:aws:kms:us-east-1:831569350010:key/2920b1c4-a45f-4891-a659-443998cf33f4\"]},{\"Action\":[\"kms:Encrypt\"],\"Condition\":{\"StringLike\":{\"kms:EncryptionContext:aws:s3:arn\":[\"arn:aws:s3:::aft-backend-831569350010-secondary-region/*\"],\"kms:ViaService\":\"s3.us-east-2.amazonaws.com\"}},\"Effect\":\"Allow\",\"Resource\":[\"arn:aws:kms:us-east-2:831569350010:key/52fae7ff-0a4f-4afb-ba72-15139e374f59\"]}],\"Version\":\"2012-10-17\"}",
            "policy_id": "ANPA4DHLFJV5HCO4VZZOV",
            "tags": null,
            "tags_all": {
              "managed_by": "AFT"
            }
          },
          "sensitive_attributes": [],
          "private": "bnVsbA==",
          "dependencies": [
            "module.aft.data.aws_partition.current",
            "module.aft.module.aft_backend.aws_kms_key.encrypt-primary-region",
            "module.aft.module.aft_backend.aws_kms_key.encrypt-secondary-region",
            "module.aft.module.aft_backend.aws_s3_bucket.primary-backend-bucket",
            "module.aft.module.aft_backend.aws_s3_bucket.secondary-backend-bucket",
            "module.aft.module.aft_backend.data.aws_caller_identity.current"
          ]
        }
      ]
    },
    {
      "module": "module.aft.module.aft_backend",
      "mode": "managed",
      "type": "aws_iam_role",
      "name": "replication",
      "provider": "module.aft.provider[\"registry.terraform.io/hashicorp/aws\"].aft_management",
      "instances": [
        {
          "index_key": 0,
          "schema_version": 0,
          "attributes": {
            "arn": "arn:aws:iam::831569350010:role/aft-s3-terraform-backend-replication",
            "assume_role_policy": "{\"Statement\":[{\"Action\":\"sts:AssumeRole\",\"Effect\":\"Allow\",\"Principal\":{\"Service\":\"s3.amazonaws.com\"}}],\"Version\":\"2012-10-17\"}",
            "create_date": "2023-05-28T05:50:25Z",
            "description": "",
            "force_detach_policies": false,
            "id": "aft-s3-terraform-backend-replication",
            "inline_policy": [],
            "managed_policy_arns": [],
            "max_session_duration": 3600,
            "name": "aft-s3-terraform-backend-replication",
            "name_prefix": "",
            "path": "/",
            "permissions_boundary": null,
            "role_last_used": [
              {
                "last_used_date": "",
                "region": ""
              }
            ],
            "tags": null,
            "tags_all": {
              "managed_by": "AFT"
            },
            "unique_id": "AROA4DHLFJV5M5EOVL67E"
          },
          "sensitive_attributes": [],
          "private": "bnVsbA==",
          "dependencies": [
            "module.aft.data.aws_partition.current"
          ]
        }
      ]
    },
    {
      "module": "module.aft.module.aft_backend",
      "mode": "managed",
      "type": "aws_iam_role_policy_attachment",
      "name": "replication",
      "provider": "module.aft.provider[\"registry.terraform.io/hashicorp/aws\"].aft_management",
      "instances": [
        {
          "index_key": 0,
          "schema_version": 0,
          "attributes": {
            "id": "aft-s3-terraform-backend-replication-20230528055118027400000026",
            "policy_arn": "arn:aws:iam::831569350010:policy/aft-s3-terraform-backend-replication-policy",
            "role": "aft-s3-terraform-backend-replication"
          },
          "sensitive_attributes": [],
          "private": "bnVsbA==",
          "dependencies": [
            "module.aft.data.aws_partition.current",
            "module.aft.module.aft_backend.aws_iam_policy.replication",
            "module.aft.module.aft_backend.aws_iam_role.replication",
            "module.aft.module.aft_backend.aws_kms_key.encrypt-primary-region",
            "module.aft.module.aft_backend.aws_kms_key.encrypt-secondary-region",
            "module.aft.module.aft_backend.aws_s3_bucket.primary-backend-bucket",
            "module.aft.module.aft_backend.aws_s3_bucket.secondary-backend-bucket",
            "module.aft.module.aft_backend.data.aws_caller_identity.current"
          ]
        }
      ]
    },
    {
      "module": "module.aft.module.aft_backend",
      "mode": "managed",
      "type": "aws_kms_alias",
      "name": "encrypt-alias-primary-region",
      "provider": "module.aft.provider[\"registry.terraform.io/hashicorp/aws\"].aft_management",
      "instances": [
        {
          "schema_version": 0,
          "attributes": {
            "arn": "arn:aws:kms:us-east-1:831569350010:alias/aft-backend-831569350010-kms-key",
            "id": "alias/aft-backend-831569350010-kms-key",
            "name": "alias/aft-backend-831569350010-kms-key",
            "name_prefix": "",
            "target_key_arn": "arn:aws:kms:us-east-1:831569350010:key/2920b1c4-a45f-4891-a659-443998cf33f4",
            "target_key_id": "2920b1c4-a45f-4891-a659-443998cf33f4"
          },
          "sensitive_attributes": [],
          "private": "bnVsbA==",
          "dependencies": [
            "module.aft.data.aws_partition.current",
            "module.aft.module.aft_backend.aws_kms_key.encrypt-primary-region",
            "module.aft.module.aft_backend.data.aws_caller_identity.current"
          ]
        }
      ]
    },
    {
      "module": "module.aft.module.aft_backend",
      "mode": "managed",
      "type": "aws_kms_alias",
      "name": "encrypt-alias-secondary-region",
      "provider": "module.aft.provider[\"registry.terraform.io/hashicorp/aws\"].tf_backend_secondary_region",
      "instances": [
        {
          "index_key": 0,
          "schema_version": 0,
          "attributes": {
            "arn": "arn:aws:kms:us-east-2:831569350010:alias/aft-backend-831569350010-kms-key",
            "id": "alias/aft-backend-831569350010-kms-key",
            "name": "alias/aft-backend-831569350010-kms-key",
            "name_prefix": "",
            "target_key_arn": "arn:aws:kms:us-east-2:831569350010:key/52fae7ff-0a4f-4afb-ba72-15139e374f59",
            "target_key_id": "52fae7ff-0a4f-4afb-ba72-15139e374f59"
          },
          "sensitive_attributes": [],
          "private": "bnVsbA==",
          "dependencies": [
            "module.aft.data.aws_partition.current",
            "module.aft.module.aft_backend.aws_kms_key.encrypt-secondary-region",
            "module.aft.module.aft_backend.data.aws_caller_identity.current"
          ]
        }
      ]
    },
    {
      "module": "module.aft.module.aft_backend",
      "mode": "managed",
      "type": "aws_kms_key",
      "name": "encrypt-primary-region",
      "provider": "module.aft.provider[\"registry.terraform.io/hashicorp/aws\"].aft_management",
      "instances": [
        {
          "schema_version": 0,
          "attributes": {
            "arn": "arn:aws:kms:us-east-1:831569350010:key/2920b1c4-a45f-4891-a659-443998cf33f4",
            "bypass_policy_lockout_safety_check": false,
            "custom_key_store_id": "",
            "customer_master_key_spec": "SYMMETRIC_DEFAULT",
            "deletion_window_in_days": 30,
            "description": "Terraform backend KMS key.",
            "enable_key_rotation": true,
            "id": "2920b1c4-a45f-4891-a659-443998cf33f4",
            "is_enabled": true,
            "key_id": "2920b1c4-a45f-4891-a659-443998cf33f4",
            "key_usage": "ENCRYPT_DECRYPT",
            "multi_region": false,
            "policy": "{\"Id\":\"key-default-1\",\"Statement\":[{\"Action\":\"kms:*\",\"Effect\":\"Allow\",\"Principal\":{\"AWS\":\"arn:aws:iam::831569350010:root\"},\"Resource\":\"*\",\"Sid\":\"Enable IAM User Permissions\"}],\"Version\":\"2012-10-17\"}",
            "tags": {
              "Name": "aft-backend-831569350010-primary-region-kms-key"
            },
            "tags_all": {
              "Name": "aft-backend-831569350010-primary-region-kms-key",
              "managed_by": "AFT"
            }
          },
          "sensitive_attributes": [],
          "private": "bnVsbA==",
          "dependencies": [
            "module.aft.data.aws_partition.current",
            "module.aft.module.aft_backend.data.aws_caller_identity.current"
          ]
        }
      ]
    },
    {
      "module": "module.aft.module.aft_backend",
      "mode": "managed",
      "type": "aws_kms_key",
      "name": "encrypt-secondary-region",
      "provider": "module.aft.provider[\"registry.terraform.io/hashicorp/aws\"].tf_backend_secondary_region",
      "instances": [
        {
          "index_key": 0,
          "schema_version": 0,
          "attributes": {
            "arn": "arn:aws:kms:us-east-2:831569350010:key/52fae7ff-0a4f-4afb-ba72-15139e374f59",
            "bypass_policy_lockout_safety_check": false,
            "custom_key_store_id": "",
            "customer_master_key_spec": "SYMMETRIC_DEFAULT",
            "deletion_window_in_days": 30,
            "description": "Terraform backend KMS key.",
            "enable_key_rotation": true,
            "id": "52fae7ff-0a4f-4afb-ba72-15139e374f59",
            "is_enabled": true,
            "key_id": "52fae7ff-0a4f-4afb-ba72-15139e374f59",
            "key_usage": "ENCRYPT_DECRYPT",
            "multi_region": false,
            "policy": "{\"Id\":\"key-default-1\",\"Statement\":[{\"Action\":\"kms:*\",\"Effect\":\"Allow\",\"Principal\":{\"AWS\":\"arn:aws:iam::831569350010:root\"},\"Resource\":\"*\",\"Sid\":\"Enable IAM User Permissions\"}],\"Version\":\"2012-10-17\"}",
            "tags": {
              "Name": "aft-backend-831569350010-secondary-region-kms-key"
            },
            "tags_all": {
              "Name": "aft-backend-831569350010-secondary-region-kms-key",
              "managed_by": "AFT"
            }
          },
          "sensitive_attributes": [],
          "private": "bnVsbA==",
          "dependencies": [
            "module.aft.data.aws_partition.current",
            "module.aft.module.aft_backend.data.aws_caller_identity.current"
          ]
        }
      ]
    },
    {
      "module": "module.aft.module.aft_backend",
      "mode": "managed",
      "type": "aws_s3_bucket",
      "name": "primary-backend-bucket",
      "provider": "module.aft.provider[\"registry.terraform.io/hashicorp/aws\"].aft_management",
      "instances": [
        {
          "schema_version": 0,
          "attributes": {
            "acceleration_status": "",
            "acl": null,
            "arn": "arn:aws:s3:::aft-backend-831569350010-primary-region",
            "bucket": "aft-backend-831569350010-primary-region",
            "bucket_domain_name": "aft-backend-831569350010-primary-region.s3.amazonaws.com",
            "bucket_prefix": "",
            "bucket_regional_domain_name": "aft-backend-831569350010-primary-region.s3.amazonaws.com",
            "cors_rule": [],
            "force_destroy": false,
            "grant": [
              {
                "id": "2ac32062b333d194ecb8b725a7098f549f866dbc68857dafeeedd85c4482b55b",
                "permissions": [
                  "FULL_CONTROL"
                ],
                "type": "CanonicalUser",
                "uri": ""
              }
            ],
            "hosted_zone_id": "Z3AQBSTGFYJSTF",
            "id": "aft-backend-831569350010-primary-region",
            "lifecycle_rule": [],
            "logging": [],
            "object_lock_configuration": [],
            "object_lock_enabled": false,
            "policy": "",
            "region": "us-east-1",
            "replication_configuration": [],
            "request_payer": "BucketOwner",
            "server_side_encryption_configuration": [
              {
                "rule": [
                  {
                    "apply_server_side_encryption_by_default": [
                      {
                        "kms_master_key_id": "",
                        "sse_algorithm": "AES256"
                      }
                    ],
                    "bucket_key_enabled": false
                  }
                ]
              }
            ],
            "tags": {
              "Name": "aft-backend-831569350010-primary-region"
            },
            "tags_all": {
              "Name": "aft-backend-831569350010-primary-region",
              "managed_by": "AFT"
            },
            "timeouts": null,
            "versioning": [
              {
                "enabled": false,
                "mfa_delete": false
              }
            ],
            "website": [],
            "website_domain": null,
            "website_endpoint": null
          },
          "sensitive_attributes": [],
          "private": "eyJlMmJmYjczMC1lY2FhLTExZTYtOGY4OC0zNDM2M2JjN2M0YzAiOnsiY3JlYXRlIjoxMjAwMDAwMDAwMDAwLCJkZWxldGUiOjM2MDAwMDAwMDAwMDAsInJlYWQiOjEyMDAwMDAwMDAwMDAsInVwZGF0ZSI6MTIwMDAwMDAwMDAwMH19",
          "dependencies": [
            "module.aft.data.aws_partition.current",
            "module.aft.module.aft_backend.data.aws_caller_identity.current"
          ]
        }
      ]
    },
    {
      "module": "module.aft.module.aft_backend",
      "mode": "managed",
      "type": "aws_s3_bucket",
      "name": "secondary-backend-bucket",
      "provider": "module.aft.provider[\"registry.terraform.io/hashicorp/aws\"].tf_backend_secondary_region",
      "instances": [
        {
          "index_key": 0,
          "schema_version": 0,
          "attributes": {
            "acceleration_status": "",
            "acl": null,
            "arn": "arn:aws:s3:::aft-backend-831569350010-secondary-region",
            "bucket": "aft-backend-831569350010-secondary-region",
            "bucket_domain_name": "aft-backend-831569350010-secondary-region.s3.amazonaws.com",
            "bucket_prefix": "",
            "bucket_regional_domain_name": "aft-backend-831569350010-secondary-region.s3.us-east-2.amazonaws.com",
            "cors_rule": [],
            "force_destroy": false,
            "grant": [
              {
                "id": "2ac32062b333d194ecb8b725a7098f549f866dbc68857dafeeedd85c4482b55b",
                "permissions": [
                  "FULL_CONTROL"
                ],
                "type": "CanonicalUser",
                "uri": ""
              }
            ],
            "hosted_zone_id": "Z2O1EMRO9K5GLX",
            "id": "aft-backend-831569350010-secondary-region",
            "lifecycle_rule": [],
            "logging": [],
            "object_lock_configuration": [],
            "object_lock_enabled": false,
            "policy": "",
            "region": "us-east-2",
            "replication_configuration": [],
            "request_payer": "BucketOwner",
            "server_side_encryption_configuration": [
              {
                "rule": [
                  {
                    "apply_server_side_encryption_by_default": [
                      {
                        "kms_master_key_id": "",
                        "sse_algorithm": "AES256"
                      }
                    ],
                    "bucket_key_enabled": false
                  }
                ]
              }
            ],
            "tags": {
              "Name": "aft-backend-831569350010-secondary-region"
            },
            "tags_all": {
              "Name": "aft-backend-831569350010-secondary-region",
              "managed_by": "AFT"
            },
            "timeouts": null,
            "versioning": [
              {
                "enabled": false,
                "mfa_delete": false
              }
            ],
            "website": [],
            "website_domain": null,
            "website_endpoint": null
          },
          "sensitive_attributes": [],
          "private": "eyJlMmJmYjczMC1lY2FhLTExZTYtOGY4OC0zNDM2M2JjN2M0YzAiOnsiY3JlYXRlIjoxMjAwMDAwMDAwMDAwLCJkZWxldGUiOjM2MDAwMDAwMDAwMDAsInJlYWQiOjEyMDAwMDAwMDAwMDAsInVwZGF0ZSI6MTIwMDAwMDAwMDAwMH19",
          "dependencies": [
            "module.aft.data.aws_partition.current",
            "module.aft.module.aft_backend.data.aws_caller_identity.current"
          ]
        }
      ]
    },
    {
      "module": "module.aft.module.aft_backend",
      "mode": "managed",
      "type": "aws_s3_bucket_public_access_block",
      "name": "primary-backend-bucket",
      "provider": "module.aft.provider[\"registry.terraform.io/hashicorp/aws\"].aft_management",
      "instances": [
        {
          "schema_version": 0,
          "attributes": {
            "block_public_acls": true,
            "block_public_policy": true,
            "bucket": "aft-backend-831569350010-primary-region",
            "id": "aft-backend-831569350010-primary-region",
            "ignore_public_acls": true,
            "restrict_public_buckets": true
          },
          "sensitive_attributes": [],
          "private": "bnVsbA==",
          "dependencies": [
            "module.aft.data.aws_partition.current",
            "module.aft.module.aft_backend.aws_s3_bucket.primary-backend-bucket",
            "module.aft.module.aft_backend.data.aws_caller_identity.current"
          ]
        }
      ]
    },
    {
      "module": "module.aft.module.aft_backend",
      "mode": "managed",
      "type": "aws_s3_bucket_public_access_block",
      "name": "secondary-backend-bucket",
      "provider": "module.aft.provider[\"registry.terraform.io/hashicorp/aws\"].tf_backend_secondary_region",
      "instances": [
        {
          "index_key": 0,
          "schema_version": 0,
          "attributes": {
            "block_public_acls": true,
            "block_public_policy": true,
            "bucket": "aft-backend-831569350010-secondary-region",
            "id": "aft-backend-831569350010-secondary-region",
            "ignore_public_acls": true,
            "restrict_public_buckets": true
          },
          "sensitive_attributes": [],
          "private": "bnVsbA==",
          "dependencies": [
            "module.aft.data.aws_partition.current",
            "module.aft.module.aft_backend.aws_s3_bucket.secondary-backend-bucket",
            "module.aft.module.aft_backend.data.aws_caller_identity.current"
          ]
        }
      ]
    },
    {
      "module": "module.aft.module.aft_backend",
      "mode": "managed",
      "type": "aws_s3_bucket_replication_configuration",
      "name": "primary-backend-bucket-replication",
      "provider": "module.aft.provider[\"registry.terraform.io/hashicorp/aws\"].aft_management",
      "instances": [
        {
          "index_key": 0,
          "schema_version": 0,
          "attributes": {
            "bucket": "aft-backend-831569350010-primary-region",
            "id": "aft-backend-831569350010-primary-region",
            "role": "arn:aws:iam::831569350010:role/aft-s3-terraform-backend-replication",
            "rule": [
              {
                "delete_marker_replication": [],
                "destination": [
                  {
                    "access_control_translation": [],
                    "account": "",
                    "bucket": "arn:aws:s3:::aft-backend-831569350010-secondary-region",
                    "encryption_configuration": [
                      {
                        "replica_kms_key_id": "arn:aws:kms:us-east-2:831569350010:key/52fae7ff-0a4f-4afb-ba72-15139e374f59"
                      }
                    ],
                    "metrics": [],
                    "replication_time": [],
                    "storage_class": "STANDARD"
                  }
                ],
                "existing_object_replication": [],
                "filter": [],
                "id": "0",
                "prefix": "",
                "priority": 0,
                "source_selection_criteria": [
                  {
                    "replica_modifications": [],
                    "sse_kms_encrypted_objects": [
                      {
                        "status": "Enabled"
                      }
                    ]
                  }
                ],
                "status": "Enabled"
              }
            ],
            "token": null
          },
          "sensitive_attributes": [],
          "private": "bnVsbA==",
          "dependencies": [
            "module.aft.data.aws_partition.current",
            "module.aft.module.aft_backend.aws_iam_role.replication",
            "module.aft.module.aft_backend.aws_kms_key.encrypt-secondary-region",
            "module.aft.module.aft_backend.aws_s3_bucket.primary-backend-bucket",
            "module.aft.module.aft_backend.aws_s3_bucket.secondary-backend-bucket",
            "module.aft.module.aft_backend.data.aws_caller_identity.current"
          ]
        }
      ]
    },
    {
      "module": "module.aft.module.aft_backend",
      "mode": "managed",
      "type": "aws_s3_bucket_server_side_encryption_configuration",
      "name": "primary-backend-bucket-encryption",
      "provider": "module.aft.provider[\"registry.terraform.io/hashicorp/aws\"].aft_management",
      "instances": [
        {
          "schema_version": 0,
          "attributes": {
            "bucket": "aft-backend-831569350010-primary-region",
            "expected_bucket_owner": "",
            "id": "aft-backend-831569350010-primary-region",
            "rule": [
              {
                "apply_server_side_encryption_by_default": [
                  {
                    "kms_master_key_id": "arn:aws:kms:us-east-1:831569350010:key/2920b1c4-a45f-4891-a659-443998cf33f4",
                    "sse_algorithm": "aws:kms"
                  }
                ],
                "bucket_key_enabled": null
              }
            ]
          },
          "sensitive_attributes": [],
          "private": "bnVsbA==",
          "dependencies": [
            "module.aft.data.aws_partition.current",
            "module.aft.module.aft_backend.aws_kms_key.encrypt-primary-region",
            "module.aft.module.aft_backend.aws_s3_bucket.primary-backend-bucket",
            "module.aft.module.aft_backend.data.aws_caller_identity.current"
          ]
        }
      ]
    },
    {
      "module": "module.aft.module.aft_backend",
      "mode": "managed",
      "type": "aws_s3_bucket_server_side_encryption_configuration",
      "name": "secondary-backend-bucket-encryption",
      "provider": "module.aft.provider[\"registry.terraform.io/hashicorp/aws\"].tf_backend_secondary_region",
      "instances": [
        {
          "index_key": 0,
          "schema_version": 0,
          "attributes": {
            "bucket": "aft-backend-831569350010-secondary-region",
            "expected_bucket_owner": "",
            "id": "aft-backend-831569350010-secondary-region",
            "rule": [
              {
                "apply_server_side_encryption_by_default": [
                  {
                    "kms_master_key_id": "arn:aws:kms:us-east-2:831569350010:key/52fae7ff-0a4f-4afb-ba72-15139e374f59",
                    "sse_algorithm": "aws:kms"
                  }
                ],
                "bucket_key_enabled": null
              }
            ]
          },
          "sensitive_attributes": [],
          "private": "bnVsbA==",
          "dependencies": [
            "module.aft.data.aws_partition.current",
            "module.aft.module.aft_backend.aws_kms_key.encrypt-secondary-region",
            "module.aft.module.aft_backend.aws_s3_bucket.secondary-backend-bucket",
            "module.aft.module.aft_backend.data.aws_caller_identity.current"
          ]
        }
      ]
    },
    {
      "module": "module.aft.module.aft_backend",
      "mode": "managed",
      "type": "aws_s3_bucket_versioning",
      "name": "primary-backend-bucket-versioning",
      "provider": "module.aft.provider[\"registry.terraform.io/hashicorp/aws\"].aft_management",
      "instances": [
        {
          "schema_version": 0,
          "attributes": {
            "bucket": "aft-backend-831569350010-primary-region",
            "expected_bucket_owner": "",
            "id": "aft-backend-831569350010-primary-region",
            "mfa": null,
            "versioning_configuration": [
              {
                "mfa_delete": "",
                "status": "Enabled"
              }
            ]
          },
          "sensitive_attributes": [],
          "private": "bnVsbA==",
          "dependencies": [
            "module.aft.data.aws_partition.current",
            "module.aft.module.aft_backend.aws_s3_bucket.primary-backend-bucket",
            "module.aft.module.aft_backend.data.aws_caller_identity.current"
          ]
        }
      ]
    },
    {
      "module": "module.aft.module.aft_backend",
      "mode": "managed",
      "type": "aws_s3_bucket_versioning",
      "name": "secondary-backend-bucket-versioning",
      "provider": "module.aft.provider[\"registry.terraform.io/hashicorp/aws\"].tf_backend_secondary_region",
      "instances": [
        {
          "index_key": 0,
          "schema_version": 0,
          "attributes": {
            "bucket": "aft-backend-831569350010-secondary-region",
            "expected_bucket_owner": "",
            "id": "aft-backend-831569350010-secondary-region",
            "mfa": null,
            "versioning_configuration": [
              {
                "mfa_delete": "",
                "status": "Enabled"
              }
            ]
          },
          "sensitive_attributes": [],
          "private": "bnVsbA==",
          "dependencies": [
            "module.aft.data.aws_partition.current",
            "module.aft.module.aft_backend.aws_s3_bucket.secondary-backend-bucket",
            "module.aft.module.aft_backend.data.aws_caller_identity.current"
          ]
        }
      ]
    },
    {
      "module": "module.aft.module.aft_code_repositories",
      "mode": "data",
      "type": "aws_caller_identity",
      "name": "current",
      "provider": "module.aft.provider[\"registry.terraform.io/hashicorp/aws\"].aft_management",
      "instances": [
        {
          "schema_version": 0,
          "attributes": {
            "account_id": "831569350010",
            "arn": "arn:aws:sts::831569350010:assumed-role/AWSControlTowerExecution/AWSAFT-Session",
            "id": "831569350010",
            "user_id": "AROA4DHLFJV5N4XQRN7FN:AWSAFT-Session"
          },
          "sensitive_attributes": []
        }
      ]
    },
    {
      "module": "module.aft.module.aft_code_repositories",
      "mode": "data",
      "type": "aws_partition",
      "name": "current",
      "provider": "module.aft.provider[\"registry.terraform.io/hashicorp/aws\"].aft_management",
      "instances": [
        {
          "schema_version": 0,
          "attributes": {
            "dns_suffix": "amazonaws.com",
            "id": "aws",
            "partition": "aws",
            "reverse_dns_prefix": "com.amazonaws"
          },
          "sensitive_attributes": []
        }
      ]
    },
    {
      "module": "module.aft.module.aft_code_repositories",
      "mode": "data",
      "type": "aws_region",
      "name": "current",
      "provider": "module.aft.provider[\"registry.terraform.io/hashicorp/aws\"].aft_management",
      "instances": [
        {
          "schema_version": 0,
          "attributes": {
            "description": "US East (N. Virginia)",
            "endpoint": "ec2.us-east-1.amazonaws.com",
            "id": "us-east-1",
            "name": "us-east-1"
          },
          "sensitive_attributes": []
        }
      ]
    },
    {
      "module": "module.aft.module.aft_code_repositories",
      "mode": "data",
      "type": "local_file",
      "name": "account_provisioning_customizations_buildspec",
      "provider": "provider[\"registry.terraform.io/hashicorp/local\"]",
      "instances": [
        {
          "schema_version": 0,
          "attributes": {
            "content": "# Copyright Amazon.com, Inc. or its affiliates. All rights reserved.\n# SPDX-License-Identifier: Apache-2.0\n#\nversion: 0.2\n\nphases:\n  pre_build:\n    commands:\n      - DEFAULT_PATH=$(pwd)\n      - TIMESTAMP=$(date '+%Y-%m-%d %H:%M:%S')\n      - AWS_MODULE_SOURCE=$(aws ssm get-parameter --name \"/aft/config/aft-pipeline-code-source/repo-url\" --query \"Parameter.Value\" --output text)\n      - AWS_MODULE_GIT_REF=$(aws ssm get-parameter --name \"/aft/config/aft-pipeline-code-source/repo-git-ref\" --query \"Parameter.Value\" --output text)\n      - TF_VERSION=$(aws ssm get-parameter --name \"/aft/config/terraform/version\" --query \"Parameter.Value\" --output text)\n      - TF_DISTRIBUTION=$(aws ssm get-parameter --name \"/aft/config/terraform/distribution\" --query \"Parameter.Value\" --output text)\n      - CT_MGMT_REGION=$(aws ssm get-parameter --name \"/aft/config/ct-management-region\" --query \"Parameter.Value\" --output text)\n      - AFT_MGMT_ACCOUNT=$(aws sts get-caller-identity --query Account --output text)\n      - AFT_EXEC_ROLE_ARN=arn:$AWS_PARTITION:iam::$AFT_MGMT_ACCOUNT:role/AWSAFTExecution\n      - AFT_ADMIN_ROLE_NAME=$(aws ssm get-parameter --name /aft/resources/iam/aft-administrator-role-name | jq --raw-output \".Parameter.Value\")\n      - AFT_ADMIN_ROLE_ARN=arn:$AWS_PARTITION:iam::$AFT_MGMT_ACCOUNT:role/$AFT_ADMIN_ROLE_NAME\n      - ROLE_SESSION_NAME=$(aws ssm get-parameter --name /aft/resources/iam/aft-session-name | jq --raw-output \".Parameter.Value\")\n      - |\n        ssh_key_parameter=$(aws ssm get-parameter --name /aft/config/aft-ssh-key --with-decryption 2\u003e /dev/null || echo \"None\")\n        if [[ $ssh_key_parameter != \"None\" ]]; then\n          ssh_key=$(jq --raw-output \".Parameter.Value\" \u003c\u003c\u003c $ssh_key_parameter)\n          mkdir -p ~/.ssh\n          echo \"Host *\" \u003e\u003e ~/.ssh/config\n          echo \"StrictHostKeyChecking no\" \u003e\u003e ~/.ssh/config\n          echo \"UserKnownHostsFile=/dev/null\" \u003e\u003e ~/.ssh/config\n          echo \"$ssh_key\" \u003e ~/.ssh/ssh_key\n          echo -e \"\\n\\n\" \u003e\u003e  ~/.ssh/ssh_key\n          chmod 600 ~/.ssh/ssh_key\n          eval \"$(ssh-agent -s)\"\n          ssh-add ~/.ssh/ssh_key\n        fi\n      - git config --global credential.helper '!aws codecommit credential-helper $@'\n      - git config --global credential.UseHttpPath true\n      - git clone -b $AWS_MODULE_GIT_REF $AWS_MODULE_SOURCE aws-aft-core-framework\n      - python3 -m venv ./venv\n      - source ./venv/bin/activate\n      - pip install jinja2-cli==0.7.0 Jinja2==3.0.1 MarkupSafe==2.0.1 boto3==1.18.56 requests==2.26.0\n      - |\n        if [ $TF_DISTRIBUTION = \"oss\" ]; then\n          TF_BACKEND_REGION=$(aws ssm get-parameter --name \"/aft/config/oss-backend/primary-region\" --query \"Parameter.Value\" --output text)\n          TF_KMS_KEY_ID=$(aws ssm get-parameter --name \"/aft/config/oss-backend/kms-key-id\" --query \"Parameter.Value\" --output text)\n          TF_DDB_TABLE=$(aws ssm get-parameter --name \"/aft/config/oss-backend/table-id\" --query \"Parameter.Value\" --output text)\n          TF_S3_BUCKET=$(aws ssm get-parameter --name \"/aft/config/oss-backend/bucket-id\" --query \"Parameter.Value\" --output text)\n          TF_S3_KEY=account-provisioning-customizations/terraform.tfstate\n          cd /tmp\n          echo \"Installing Terraform\"\n          curl -o terraform_${TF_VERSION}_linux_amd64.zip https://releases.hashicorp.com/terraform/${TF_VERSION}/terraform_${TF_VERSION}_linux_amd64.zip\n          unzip -o terraform_${TF_VERSION}_linux_amd64.zip \u0026\u0026 mv terraform /usr/bin\n          terraform -no-color --version\n          cd $DEFAULT_PATH/terraform\n          for f in *.jinja; do jinja2 $f -D timestamp=\"$TIMESTAMP\" -D tf_distribution_type=$TF_DISTRIBUTION -D region=$TF_BACKEND_REGION -D provider_region=$CT_MGMT_REGION -D bucket=$TF_S3_BUCKET -D key=$TF_S3_KEY -D dynamodb_table=$TF_DDB_TABLE -D kms_key_id=$TF_KMS_KEY_ID -D aft_admin_role_arn=$AFT_EXEC_ROLE_ARN \u003e\u003e ./$(basename $f .jinja).tf; done\n          for f in *.tf; do echo \"\\n \\n\"; echo $f; cat $f; done\n          JSON=$(aws sts assume-role --role-arn ${AFT_ADMIN_ROLE_ARN} --role-session-name ${ROLE_SESSION_NAME})\n          #Make newly assumed role default session\n          export AWS_ACCESS_KEY_ID=$(echo ${JSON} | jq --raw-output \".Credentials[\\\"AccessKeyId\\\"]\")\n          export AWS_SECRET_ACCESS_KEY=$(echo ${JSON} | jq --raw-output \".Credentials[\\\"SecretAccessKey\\\"]\")\n          export AWS_SESSION_TOKEN=$(echo ${JSON} | jq --raw-output \".Credentials[\\\"SessionToken\\\"]\")\n          terraform init -no-color\n        else\n          TF_BACKEND_REGION=$(aws ssm get-parameter --name \"/aft/config/oss-backend/primary-region\" --query \"Parameter.Value\" --output text)\n          TF_ORG_NAME=$(aws ssm get-parameter --name \"/aft/config/terraform/org-name\" --query \"Parameter.Value\" --output text)\n          TF_TOKEN=$(aws ssm get-parameter --name \"/aft/config/terraform/token\" --with-decryption --query \"Parameter.Value\" --output text)\n          TF_ENDPOINT=$(aws ssm get-parameter --name \"/aft/config/terraform/api-endpoint\" --query \"Parameter.Value\" --output text)\n          TF_WORKSPACE_NAME=\"ct-aft-account-provisioning-customizations\"\n          TF_CONFIG_PATH=\"./temp_configuration_file.tar.gz\"\n          cd $DEFAULT_PATH/terraform\n          for f in *.jinja; do jinja2 $f -D timestamp=\"$TIMESTAMP\" -D provider_region=$CT_MGMT_REGION -D tf_distribution_type=$TF_DISTRIBUTION -D terraform_org_name=$TF_ORG_NAME -D terraform_workspace_name=$TF_WORKSPACE_NAME -D aft_admin_role_arn=$AFT_EXEC_ROLE_ARN \u003e\u003e ./$(basename $f .jinja).tf; done\n          for f in *.tf; do echo \"\\n \\n\"; echo $f; cat $f; done\n          cd $DEFAULT_PATH\n          tar -czf temp_configuration_file.tar.gz -C terraform --exclude .git --exclude venv .\n          python3 $DEFAULT_PATH/aws-aft-core-framework/sources/scripts/workspace_manager.py --operation \"deploy\" --organization_name $TF_ORG_NAME --workspace_name $TF_WORKSPACE_NAME --assume_role_arn $AFT_ADMIN_ROLE_ARN --assume_role_session_name $ROLE_SESSION_NAME --api_endpoint $TF_ENDPOINT --api_token $TF_TOKEN --terraform_version $TF_VERSION --config_file $TF_CONFIG_PATH\n        fi\n\n  build:\n    commands:\n      - |\n        if [ $TF_DISTRIBUTION = \"oss\" ]; then\n          terraform apply -no-color --auto-approve\n        fi\n  post_build:\n    commands:\n      - echo \"Post-Build\"\n",
            "content_base64": "IyBDb3B5cmlnaHQgQW1hem9uLmNvbSwgSW5jLiBvciBpdHMgYWZmaWxpYXRlcy4gQWxsIHJpZ2h0cyByZXNlcnZlZC4KIyBTUERYLUxpY2Vuc2UtSWRlbnRpZmllcjogQXBhY2hlLTIuMAojCnZlcnNpb246IDAuMgoKcGhhc2VzOgogIHByZV9idWlsZDoKICAgIGNvbW1hbmRzOgogICAgICAtIERFRkFVTFRfUEFUSD0kKHB3ZCkKICAgICAgLSBUSU1FU1RBTVA9JChkYXRlICcrJVktJW0tJWQgJUg6JU06JVMnKQogICAgICAtIEFXU19NT0RVTEVfU09VUkNFPSQoYXdzIHNzbSBnZXQtcGFyYW1ldGVyIC0tbmFtZSAiL2FmdC9jb25maWcvYWZ0LXBpcGVsaW5lLWNvZGUtc291cmNlL3JlcG8tdXJsIiAtLXF1ZXJ5ICJQYXJhbWV0ZXIuVmFsdWUiIC0tb3V0cHV0IHRleHQpCiAgICAgIC0gQVdTX01PRFVMRV9HSVRfUkVGPSQoYXdzIHNzbSBnZXQtcGFyYW1ldGVyIC0tbmFtZSAiL2FmdC9jb25maWcvYWZ0LXBpcGVsaW5lLWNvZGUtc291cmNlL3JlcG8tZ2l0LXJlZiIgLS1xdWVyeSAiUGFyYW1ldGVyLlZhbHVlIiAtLW91dHB1dCB0ZXh0KQogICAgICAtIFRGX1ZFUlNJT049JChhd3Mgc3NtIGdldC1wYXJhbWV0ZXIgLS1uYW1lICIvYWZ0L2NvbmZpZy90ZXJyYWZvcm0vdmVyc2lvbiIgLS1xdWVyeSAiUGFyYW1ldGVyLlZhbHVlIiAtLW91dHB1dCB0ZXh0KQogICAgICAtIFRGX0RJU1RSSUJVVElPTj0kKGF3cyBzc20gZ2V0LXBhcmFtZXRlciAtLW5hbWUgIi9hZnQvY29uZmlnL3RlcnJhZm9ybS9kaXN0cmlidXRpb24iIC0tcXVlcnkgIlBhcmFtZXRlci5WYWx1ZSIgLS1vdXRwdXQgdGV4dCkKICAgICAgLSBDVF9NR01UX1JFR0lPTj0kKGF3cyBzc20gZ2V0LXBhcmFtZXRlciAtLW5hbWUgIi9hZnQvY29uZmlnL2N0LW1hbmFnZW1lbnQtcmVnaW9uIiAtLXF1ZXJ5ICJQYXJhbWV0ZXIuVmFsdWUiIC0tb3V0cHV0IHRleHQpCiAgICAgIC0gQUZUX01HTVRfQUNDT1VOVD0kKGF3cyBzdHMgZ2V0LWNhbGxlci1pZGVudGl0eSAtLXF1ZXJ5IEFjY291bnQgLS1vdXRwdXQgdGV4dCkKICAgICAgLSBBRlRfRVhFQ19ST0xFX0FSTj1hcm46JEFXU19QQVJUSVRJT046aWFtOjokQUZUX01HTVRfQUNDT1VOVDpyb2xlL0FXU0FGVEV4ZWN1dGlvbgogICAgICAtIEFGVF9BRE1JTl9ST0xFX05BTUU9JChhd3Mgc3NtIGdldC1wYXJhbWV0ZXIgLS1uYW1lIC9hZnQvcmVzb3VyY2VzL2lhbS9hZnQtYWRtaW5pc3RyYXRvci1yb2xlLW5hbWUgfCBqcSAtLXJhdy1vdXRwdXQgIi5QYXJhbWV0ZXIuVmFsdWUiKQogICAgICAtIEFGVF9BRE1JTl9ST0xFX0FSTj1hcm46JEFXU19QQVJUSVRJT046aWFtOjokQUZUX01HTVRfQUNDT1VOVDpyb2xlLyRBRlRfQURNSU5fUk9MRV9OQU1FCiAgICAgIC0gUk9MRV9TRVNTSU9OX05BTUU9JChhd3Mgc3NtIGdldC1wYXJhbWV0ZXIgLS1uYW1lIC9hZnQvcmVzb3VyY2VzL2lhbS9hZnQtc2Vzc2lvbi1uYW1lIHwganEgLS1yYXctb3V0cHV0ICIuUGFyYW1ldGVyLlZhbHVlIikKICAgICAgLSB8CiAgICAgICAgc3NoX2tleV9wYXJhbWV0ZXI9JChhd3Mgc3NtIGdldC1wYXJhbWV0ZXIgLS1uYW1lIC9hZnQvY29uZmlnL2FmdC1zc2gta2V5IC0td2l0aC1kZWNyeXB0aW9uIDI+IC9kZXYvbnVsbCB8fCBlY2hvICJOb25lIikKICAgICAgICBpZiBbWyAkc3NoX2tleV9wYXJhbWV0ZXIgIT0gIk5vbmUiIF1dOyB0aGVuCiAgICAgICAgICBzc2hfa2V5PSQoanEgLS1yYXctb3V0cHV0ICIuUGFyYW1ldGVyLlZhbHVlIiA8PDwgJHNzaF9rZXlfcGFyYW1ldGVyKQogICAgICAgICAgbWtkaXIgLXAgfi8uc3NoCiAgICAgICAgICBlY2hvICJIb3N0ICoiID4+IH4vLnNzaC9jb25maWcKICAgICAgICAgIGVjaG8gIlN0cmljdEhvc3RLZXlDaGVja2luZyBubyIgPj4gfi8uc3NoL2NvbmZpZwogICAgICAgICAgZWNobyAiVXNlcktub3duSG9zdHNGaWxlPS9kZXYvbnVsbCIgPj4gfi8uc3NoL2NvbmZpZwogICAgICAgICAgZWNobyAiJHNzaF9rZXkiID4gfi8uc3NoL3NzaF9rZXkKICAgICAgICAgIGVjaG8gLWUgIlxuXG4iID4+ICB+Ly5zc2gvc3NoX2tleQogICAgICAgICAgY2htb2QgNjAwIH4vLnNzaC9zc2hfa2V5CiAgICAgICAgICBldmFsICIkKHNzaC1hZ2VudCAtcykiCiAgICAgICAgICBzc2gtYWRkIH4vLnNzaC9zc2hfa2V5CiAgICAgICAgZmkKICAgICAgLSBnaXQgY29uZmlnIC0tZ2xvYmFsIGNyZWRlbnRpYWwuaGVscGVyICchYXdzIGNvZGVjb21taXQgY3JlZGVudGlhbC1oZWxwZXIgJEAnCiAgICAgIC0gZ2l0IGNvbmZpZyAtLWdsb2JhbCBjcmVkZW50aWFsLlVzZUh0dHBQYXRoIHRydWUKICAgICAgLSBnaXQgY2xvbmUgLWIgJEFXU19NT0RVTEVfR0lUX1JFRiAkQVdTX01PRFVMRV9TT1VSQ0UgYXdzLWFmdC1jb3JlLWZyYW1ld29yawogICAgICAtIHB5dGhvbjMgLW0gdmVudiAuL3ZlbnYKICAgICAgLSBzb3VyY2UgLi92ZW52L2Jpbi9hY3RpdmF0ZQogICAgICAtIHBpcCBpbnN0YWxsIGppbmphMi1jbGk9PTAuNy4wIEppbmphMj09My4wLjEgTWFya3VwU2FmZT09Mi4wLjEgYm90bzM9PTEuMTguNTYgcmVxdWVzdHM9PTIuMjYuMAogICAgICAtIHwKICAgICAgICBpZiBbICRURl9ESVNUUklCVVRJT04gPSAib3NzIiBdOyB0aGVuCiAgICAgICAgICBURl9CQUNLRU5EX1JFR0lPTj0kKGF3cyBzc20gZ2V0LXBhcmFtZXRlciAtLW5hbWUgIi9hZnQvY29uZmlnL29zcy1iYWNrZW5kL3ByaW1hcnktcmVnaW9uIiAtLXF1ZXJ5ICJQYXJhbWV0ZXIuVmFsdWUiIC0tb3V0cHV0IHRleHQpCiAgICAgICAgICBURl9LTVNfS0VZX0lEPSQoYXdzIHNzbSBnZXQtcGFyYW1ldGVyIC0tbmFtZSAiL2FmdC9jb25maWcvb3NzLWJhY2tlbmQva21zLWtleS1pZCIgLS1xdWVyeSAiUGFyYW1ldGVyLlZhbHVlIiAtLW91dHB1dCB0ZXh0KQogICAgICAgICAgVEZfRERCX1RBQkxFPSQoYXdzIHNzbSBnZXQtcGFyYW1ldGVyIC0tbmFtZSAiL2FmdC9jb25maWcvb3NzLWJhY2tlbmQvdGFibGUtaWQiIC0tcXVlcnkgIlBhcmFtZXRlci5WYWx1ZSIgLS1vdXRwdXQgdGV4dCkKICAgICAgICAgIFRGX1MzX0JVQ0tFVD0kKGF3cyBzc20gZ2V0LXBhcmFtZXRlciAtLW5hbWUgIi9hZnQvY29uZmlnL29zcy1iYWNrZW5kL2J1Y2tldC1pZCIgLS1xdWVyeSAiUGFyYW1ldGVyLlZhbHVlIiAtLW91dHB1dCB0ZXh0KQogICAgICAgICAgVEZfUzNfS0VZPWFjY291bnQtcHJvdmlzaW9uaW5nLWN1c3RvbWl6YXRpb25zL3RlcnJhZm9ybS50ZnN0YXRlCiAgICAgICAgICBjZCAvdG1wCiAgICAgICAgICBlY2hvICJJbnN0YWxsaW5nIFRlcnJhZm9ybSIKICAgICAgICAgIGN1cmwgLW8gdGVycmFmb3JtXyR7VEZfVkVSU0lPTn1fbGludXhfYW1kNjQuemlwIGh0dHBzOi8vcmVsZWFzZXMuaGFzaGljb3JwLmNvbS90ZXJyYWZvcm0vJHtURl9WRVJTSU9OfS90ZXJyYWZvcm1fJHtURl9WRVJTSU9OfV9saW51eF9hbWQ2NC56aXAKICAgICAgICAgIHVuemlwIC1vIHRlcnJhZm9ybV8ke1RGX1ZFUlNJT059X2xpbnV4X2FtZDY0LnppcCAmJiBtdiB0ZXJyYWZvcm0gL3Vzci9iaW4KICAgICAgICAgIHRlcnJhZm9ybSAtbm8tY29sb3IgLS12ZXJzaW9uCiAgICAgICAgICBjZCAkREVGQVVMVF9QQVRIL3RlcnJhZm9ybQogICAgICAgICAgZm9yIGYgaW4gKi5qaW5qYTsgZG8gamluamEyICRmIC1EIHRpbWVzdGFtcD0iJFRJTUVTVEFNUCIgLUQgdGZfZGlzdHJpYnV0aW9uX3R5cGU9JFRGX0RJU1RSSUJVVElPTiAtRCByZWdpb249JFRGX0JBQ0tFTkRfUkVHSU9OIC1EIHByb3ZpZGVyX3JlZ2lvbj0kQ1RfTUdNVF9SRUdJT04gLUQgYnVja2V0PSRURl9TM19CVUNLRVQgLUQga2V5PSRURl9TM19LRVkgLUQgZHluYW1vZGJfdGFibGU9JFRGX0REQl9UQUJMRSAtRCBrbXNfa2V5X2lkPSRURl9LTVNfS0VZX0lEIC1EIGFmdF9hZG1pbl9yb2xlX2Fybj0kQUZUX0VYRUNfUk9MRV9BUk4gPj4gLi8kKGJhc2VuYW1lICRmIC5qaW5qYSkudGY7IGRvbmUKICAgICAgICAgIGZvciBmIGluICoudGY7IGRvIGVjaG8gIlxuIFxuIjsgZWNobyAkZjsgY2F0ICRmOyBkb25lCiAgICAgICAgICBKU09OPSQoYXdzIHN0cyBhc3N1bWUtcm9sZSAtLXJvbGUtYXJuICR7QUZUX0FETUlOX1JPTEVfQVJOfSAtLXJvbGUtc2Vzc2lvbi1uYW1lICR7Uk9MRV9TRVNTSU9OX05BTUV9KQogICAgICAgICAgI01ha2UgbmV3bHkgYXNzdW1lZCByb2xlIGRlZmF1bHQgc2Vzc2lvbgogICAgICAgICAgZXhwb3J0IEFXU19BQ0NFU1NfS0VZX0lEPSQoZWNobyAke0pTT059IHwganEgLS1yYXctb3V0cHV0ICIuQ3JlZGVudGlhbHNbXCJBY2Nlc3NLZXlJZFwiXSIpCiAgICAgICAgICBleHBvcnQgQVdTX1NFQ1JFVF9BQ0NFU1NfS0VZPSQoZWNobyAke0pTT059IHwganEgLS1yYXctb3V0cHV0ICIuQ3JlZGVudGlhbHNbXCJTZWNyZXRBY2Nlc3NLZXlcIl0iKQogICAgICAgICAgZXhwb3J0IEFXU19TRVNTSU9OX1RPS0VOPSQoZWNobyAke0pTT059IHwganEgLS1yYXctb3V0cHV0ICIuQ3JlZGVudGlhbHNbXCJTZXNzaW9uVG9rZW5cIl0iKQogICAgICAgICAgdGVycmFmb3JtIGluaXQgLW5vLWNvbG9yCiAgICAgICAgZWxzZQogICAgICAgICAgVEZfQkFDS0VORF9SRUdJT049JChhd3Mgc3NtIGdldC1wYXJhbWV0ZXIgLS1uYW1lICIvYWZ0L2NvbmZpZy9vc3MtYmFja2VuZC9wcmltYXJ5LXJlZ2lvbiIgLS1xdWVyeSAiUGFyYW1ldGVyLlZhbHVlIiAtLW91dHB1dCB0ZXh0KQogICAgICAgICAgVEZfT1JHX05BTUU9JChhd3Mgc3NtIGdldC1wYXJhbWV0ZXIgLS1uYW1lICIvYWZ0L2NvbmZpZy90ZXJyYWZvcm0vb3JnLW5hbWUiIC0tcXVlcnkgIlBhcmFtZXRlci5WYWx1ZSIgLS1vdXRwdXQgdGV4dCkKICAgICAgICAgIFRGX1RPS0VOPSQoYXdzIHNzbSBnZXQtcGFyYW1ldGVyIC0tbmFtZSAiL2FmdC9jb25maWcvdGVycmFmb3JtL3Rva2VuIiAtLXdpdGgtZGVjcnlwdGlvbiAtLXF1ZXJ5ICJQYXJhbWV0ZXIuVmFsdWUiIC0tb3V0cHV0IHRleHQpCiAgICAgICAgICBURl9FTkRQT0lOVD0kKGF3cyBzc20gZ2V0LXBhcmFtZXRlciAtLW5hbWUgIi9hZnQvY29uZmlnL3RlcnJhZm9ybS9hcGktZW5kcG9pbnQiIC0tcXVlcnkgIlBhcmFtZXRlci5WYWx1ZSIgLS1vdXRwdXQgdGV4dCkKICAgICAgICAgIFRGX1dPUktTUEFDRV9OQU1FPSJjdC1hZnQtYWNjb3VudC1wcm92aXNpb25pbmctY3VzdG9taXphdGlvbnMiCiAgICAgICAgICBURl9DT05GSUdfUEFUSD0iLi90ZW1wX2NvbmZpZ3VyYXRpb25fZmlsZS50YXIuZ3oiCiAgICAgICAgICBjZCAkREVGQVVMVF9QQVRIL3RlcnJhZm9ybQogICAgICAgICAgZm9yIGYgaW4gKi5qaW5qYTsgZG8gamluamEyICRmIC1EIHRpbWVzdGFtcD0iJFRJTUVTVEFNUCIgLUQgcHJvdmlkZXJfcmVnaW9uPSRDVF9NR01UX1JFR0lPTiAtRCB0Zl9kaXN0cmlidXRpb25fdHlwZT0kVEZfRElTVFJJQlVUSU9OIC1EIHRlcnJhZm9ybV9vcmdfbmFtZT0kVEZfT1JHX05BTUUgLUQgdGVycmFmb3JtX3dvcmtzcGFjZV9uYW1lPSRURl9XT1JLU1BBQ0VfTkFNRSAtRCBhZnRfYWRtaW5fcm9sZV9hcm49JEFGVF9FWEVDX1JPTEVfQVJOID4+IC4vJChiYXNlbmFtZSAkZiAuamluamEpLnRmOyBkb25lCiAgICAgICAgICBmb3IgZiBpbiAqLnRmOyBkbyBlY2hvICJcbiBcbiI7IGVjaG8gJGY7IGNhdCAkZjsgZG9uZQogICAgICAgICAgY2QgJERFRkFVTFRfUEFUSAogICAgICAgICAgdGFyIC1jemYgdGVtcF9jb25maWd1cmF0aW9uX2ZpbGUudGFyLmd6IC1DIHRlcnJhZm9ybSAtLWV4Y2x1ZGUgLmdpdCAtLWV4Y2x1ZGUgdmVudiAuCiAgICAgICAgICBweXRob24zICRERUZBVUxUX1BBVEgvYXdzLWFmdC1jb3JlLWZyYW1ld29yay9zb3VyY2VzL3NjcmlwdHMvd29ya3NwYWNlX21hbmFnZXIucHkgLS1vcGVyYXRpb24gImRlcGxveSIgLS1vcmdhbml6YXRpb25fbmFtZSAkVEZfT1JHX05BTUUgLS13b3Jrc3BhY2VfbmFtZSAkVEZfV09SS1NQQUNFX05BTUUgLS1hc3N1bWVfcm9sZV9hcm4gJEFGVF9BRE1JTl9ST0xFX0FSTiAtLWFzc3VtZV9yb2xlX3Nlc3Npb25fbmFtZSAkUk9MRV9TRVNTSU9OX05BTUUgLS1hcGlfZW5kcG9pbnQgJFRGX0VORFBPSU5UIC0tYXBpX3Rva2VuICRURl9UT0tFTiAtLXRlcnJhZm9ybV92ZXJzaW9uICRURl9WRVJTSU9OIC0tY29uZmlnX2ZpbGUgJFRGX0NPTkZJR19QQVRICiAgICAgICAgZmkKCiAgYnVpbGQ6CiAgICBjb21tYW5kczoKICAgICAgLSB8CiAgICAgICAgaWYgWyAkVEZfRElTVFJJQlVUSU9OID0gIm9zcyIgXTsgdGhlbgogICAgICAgICAgdGVycmFmb3JtIGFwcGx5IC1uby1jb2xvciAtLWF1dG8tYXBwcm92ZQogICAgICAgIGZpCiAgcG9zdF9idWlsZDoKICAgIGNvbW1hbmRzOgogICAgICAtIGVjaG8gIlBvc3QtQnVpbGQiCg==",
            "content_base64sha256": "z7wZcsKGVdvqCd2mS8MK2sF5X4y2uubSZUcWLnu2OQs=",
            "content_base64sha512": "0SUf5ypanj8NGgPCgr3j3qmUoDhJDSBKlzUxXp568hNYlaV4QBebXO2b3erSNLWWBASrJqZ5Nl9mJsPw6ajixQ==",
            "content_md5": "dea39fde87fd279ebaaa933ecb208e28",
            "content_sha1": "5436f8e60863aade6c9fd5a88a4d8a7e2dd1169d",
            "content_sha256": "cfbc1972c28655dbea09dda64bc30adac1795f8cb6bae6d26547162e7bb6390b",
            "content_sha512": "d1251fe72a5a9e3f0d1a03c282bde3dea994a038490d204a9735315e9e7af2135895a57840179b5ced9bddead234b5960404ab26a679365f6626c3f0e9a8e2c5",
            "filename": ".terraform/modules/aft/modules/aft-code-repositories/buildspecs/ct-aft-account-provisioning-customizations.yml",
            "id": "5436f8e60863aade6c9fd5a88a4d8a7e2dd1169d"
          },
          "sensitive_attributes": []
        }
      ]
    },
    {
      "module": "module.aft.module.aft_code_repositories",
      "mode": "data",
      "type": "local_file",
      "name": "account_request_buildspec",
      "provider": "provider[\"registry.terraform.io/hashicorp/local\"]",
      "instances": [
        {
          "schema_version": 0,
          "attributes": {
            "content": "# Copyright Amazon.com, Inc. or its affiliates. All rights reserved.\n# SPDX-License-Identifier: Apache-2.0\n#\nversion: 0.2\n\nphases:\n  pre_build:\n    commands:\n      - DEFAULT_PATH=$(pwd)\n      - TIMESTAMP=$(date '+%Y-%m-%d %H:%M:%S')\n      - AWS_MODULE_SOURCE=$(aws ssm get-parameter --name \"/aft/config/aft-pipeline-code-source/repo-url\" --query \"Parameter.Value\" --output text)\n      - AWS_MODULE_GIT_REF=$(aws ssm get-parameter --name \"/aft/config/aft-pipeline-code-source/repo-git-ref\" --query \"Parameter.Value\" --output text)\n      - TF_VERSION=$(aws ssm get-parameter --name \"/aft/config/terraform/version\" --query \"Parameter.Value\" --output text)\n      - TF_DISTRIBUTION=$(aws ssm get-parameter --name \"/aft/config/terraform/distribution\" --query \"Parameter.Value\" --output text)\n      - CT_MGMT_REGION=$(aws ssm get-parameter --name \"/aft/config/ct-management-region\" --query \"Parameter.Value\" --output text)\n      - AFT_MGMT_ACCOUNT=$(aws sts get-caller-identity --query Account --output text)\n      - AFT_EXEC_ROLE_ARN=arn:$AWS_PARTITION:iam::$AFT_MGMT_ACCOUNT:role/AWSAFTExecution\n      - AFT_ADMIN_ROLE_NAME=$(aws ssm get-parameter --name /aft/resources/iam/aft-administrator-role-name | jq --raw-output \".Parameter.Value\")\n      - AFT_ADMIN_ROLE_ARN=arn:$AWS_PARTITION:iam::$AFT_MGMT_ACCOUNT:role/$AFT_ADMIN_ROLE_NAME\n      - ROLE_SESSION_NAME=$(aws ssm get-parameter --name /aft/resources/iam/aft-session-name | jq --raw-output \".Parameter.Value\")\n      - |\n        ssh_key_parameter=$(aws ssm get-parameter --name /aft/config/aft-ssh-key --with-decryption 2\u003e /dev/null || echo \"None\")\n        if [[ $ssh_key_parameter != \"None\" ]]; then\n          ssh_key=$(jq --raw-output \".Parameter.Value\" \u003c\u003c\u003c $ssh_key_parameter)\n          mkdir -p ~/.ssh\n          echo \"Host *\" \u003e\u003e ~/.ssh/config\n          echo \"StrictHostKeyChecking no\" \u003e\u003e ~/.ssh/config\n          echo \"UserKnownHostsFile=/dev/null\" \u003e\u003e ~/.ssh/config\n          echo \"$ssh_key\" \u003e ~/.ssh/ssh_key\n          echo -e \"\\n\\n\" \u003e\u003e  ~/.ssh/ssh_key\n          chmod 600 ~/.ssh/ssh_key\n          eval \"$(ssh-agent -s)\"\n          ssh-add ~/.ssh/ssh_key\n        fi\n      - git config --global credential.helper '!aws codecommit credential-helper $@'\n      - git config --global credential.UseHttpPath true\n      - git clone -b $AWS_MODULE_GIT_REF $AWS_MODULE_SOURCE aws-aft-core-framework\n      - python3 -m venv ./venv\n      - source ./venv/bin/activate\n      - pip install jinja2-cli==0.7.0 Jinja2==3.0.1 MarkupSafe==2.0.1 boto3==1.18.56 requests==2.26.0\n      - |\n        if [ $TF_DISTRIBUTION = \"oss\" ]; then\n          TF_BACKEND_REGION=$(aws ssm get-parameter --name \"/aft/config/oss-backend/primary-region\" --query \"Parameter.Value\" --output text)\n          TF_KMS_KEY_ID=$(aws ssm get-parameter --name \"/aft/config/oss-backend/kms-key-id\" --query \"Parameter.Value\" --output text)\n          TF_DDB_TABLE=$(aws ssm get-parameter --name \"/aft/config/oss-backend/table-id\" --query \"Parameter.Value\" --output text)\n          TF_S3_BUCKET=$(aws ssm get-parameter --name \"/aft/config/oss-backend/bucket-id\" --query \"Parameter.Value\" --output text)\n          TF_S3_KEY=account-request/terraform.tfstate\n          cd /tmp\n          echo \"Installing Terraform\"\n          curl -o terraform_${TF_VERSION}_linux_amd64.zip https://releases.hashicorp.com/terraform/${TF_VERSION}/terraform_${TF_VERSION}_linux_amd64.zip\n          unzip -o terraform_${TF_VERSION}_linux_amd64.zip \u0026\u0026 mv terraform /usr/bin\n          terraform --version\n          cd $DEFAULT_PATH/terraform\n          for f in *.jinja; do jinja2 $f -D timestamp=\"$TIMESTAMP\" -D tf_distribution_type=$TF_DISTRIBUTION -D provider_region=$CT_MGMT_REGION -D region=$TF_BACKEND_REGION -D bucket=$TF_S3_BUCKET -D key=$TF_S3_KEY -D dynamodb_table=$TF_DDB_TABLE -D kms_key_id=$TF_KMS_KEY_ID -D aft_admin_role_arn=$AFT_EXEC_ROLE_ARN \u003e\u003e ./$(basename $f .jinja).tf; done\n          for f in *.tf; do echo \"\\n \\n\"; echo $f; cat $f; done\n          JSON=$(aws sts assume-role --role-arn ${AFT_ADMIN_ROLE_ARN} --role-session-name ${ROLE_SESSION_NAME})\n          #Make newly assumed role default session\n          export AWS_ACCESS_KEY_ID=$(echo ${JSON} | jq --raw-output \".Credentials[\\\"AccessKeyId\\\"]\")\n          export AWS_SECRET_ACCESS_KEY=$(echo ${JSON} | jq --raw-output \".Credentials[\\\"SecretAccessKey\\\"]\")\n          export AWS_SESSION_TOKEN=$(echo ${JSON} | jq --raw-output \".Credentials[\\\"SessionToken\\\"]\")\n          terraform init -no-color\n        else\n          TF_ORG_NAME=$(aws ssm get-parameter --name \"/aft/config/terraform/org-name\" --query \"Parameter.Value\" --output text)\n          TF_TOKEN=$(aws ssm get-parameter --name \"/aft/config/terraform/token\" --with-decryption --query \"Parameter.Value\" --output text)\n          TF_ENDPOINT=$(aws ssm get-parameter --name \"/aft/config/terraform/api-endpoint\" --query \"Parameter.Value\" --output text)\n          TF_WORKSPACE_NAME=\"ct-aft-account-request\"\n          TF_CONFIG_PATH=\"./temp_configuration_file.tar.gz\"\n          cd $DEFAULT_PATH/terraform\n          for f in *.jinja; do jinja2 $f -D timestamp=\"$TIMESTAMP\" -D provider_region=$CT_MGMT_REGION -D tf_distribution_type=$TF_DISTRIBUTION -D terraform_org_name=$TF_ORG_NAME -D terraform_workspace_name=$TF_WORKSPACE_NAME -D aft_admin_role_arn=$AFT_EXEC_ROLE_ARN \u003e\u003e ./$(basename $f .jinja).tf; done\n          for f in *.tf; do echo \"\\n \\n\"; echo $f; cat $f; done\n          cd $DEFAULT_PATH\n          tar -czf temp_configuration_file.tar.gz -C terraform --exclude .git --exclude venv .\n          python3 $DEFAULT_PATH/aws-aft-core-framework/sources/scripts/workspace_manager.py --operation \"deploy\" --organization_name $TF_ORG_NAME --workspace_name $TF_WORKSPACE_NAME --assume_role_arn $AFT_ADMIN_ROLE_ARN --assume_role_session_name $ROLE_SESSION_NAME --api_endpoint $TF_ENDPOINT --api_token $TF_TOKEN --terraform_version $TF_VERSION --config_file $TF_CONFIG_PATH\n        fi\n\n  build:\n    commands:\n      - |\n        if [ $TF_DISTRIBUTION = \"oss\" ]; then\n          terraform apply -no-color --auto-approve\n        fi\n  post_build:\n    commands:\n      - echo \"Post-Build\"\n",
            "content_base64": "IyBDb3B5cmlnaHQgQW1hem9uLmNvbSwgSW5jLiBvciBpdHMgYWZmaWxpYXRlcy4gQWxsIHJpZ2h0cyByZXNlcnZlZC4KIyBTUERYLUxpY2Vuc2UtSWRlbnRpZmllcjogQXBhY2hlLTIuMAojCnZlcnNpb246IDAuMgoKcGhhc2VzOgogIHByZV9idWlsZDoKICAgIGNvbW1hbmRzOgogICAgICAtIERFRkFVTFRfUEFUSD0kKHB3ZCkKICAgICAgLSBUSU1FU1RBTVA9JChkYXRlICcrJVktJW0tJWQgJUg6JU06JVMnKQogICAgICAtIEFXU19NT0RVTEVfU09VUkNFPSQoYXdzIHNzbSBnZXQtcGFyYW1ldGVyIC0tbmFtZSAiL2FmdC9jb25maWcvYWZ0LXBpcGVsaW5lLWNvZGUtc291cmNlL3JlcG8tdXJsIiAtLXF1ZXJ5ICJQYXJhbWV0ZXIuVmFsdWUiIC0tb3V0cHV0IHRleHQpCiAgICAgIC0gQVdTX01PRFVMRV9HSVRfUkVGPSQoYXdzIHNzbSBnZXQtcGFyYW1ldGVyIC0tbmFtZSAiL2FmdC9jb25maWcvYWZ0LXBpcGVsaW5lLWNvZGUtc291cmNlL3JlcG8tZ2l0LXJlZiIgLS1xdWVyeSAiUGFyYW1ldGVyLlZhbHVlIiAtLW91dHB1dCB0ZXh0KQogICAgICAtIFRGX1ZFUlNJT049JChhd3Mgc3NtIGdldC1wYXJhbWV0ZXIgLS1uYW1lICIvYWZ0L2NvbmZpZy90ZXJyYWZvcm0vdmVyc2lvbiIgLS1xdWVyeSAiUGFyYW1ldGVyLlZhbHVlIiAtLW91dHB1dCB0ZXh0KQogICAgICAtIFRGX0RJU1RSSUJVVElPTj0kKGF3cyBzc20gZ2V0LXBhcmFtZXRlciAtLW5hbWUgIi9hZnQvY29uZmlnL3RlcnJhZm9ybS9kaXN0cmlidXRpb24iIC0tcXVlcnkgIlBhcmFtZXRlci5WYWx1ZSIgLS1vdXRwdXQgdGV4dCkKICAgICAgLSBDVF9NR01UX1JFR0lPTj0kKGF3cyBzc20gZ2V0LXBhcmFtZXRlciAtLW5hbWUgIi9hZnQvY29uZmlnL2N0LW1hbmFnZW1lbnQtcmVnaW9uIiAtLXF1ZXJ5ICJQYXJhbWV0ZXIuVmFsdWUiIC0tb3V0cHV0IHRleHQpCiAgICAgIC0gQUZUX01HTVRfQUNDT1VOVD0kKGF3cyBzdHMgZ2V0LWNhbGxlci1pZGVudGl0eSAtLXF1ZXJ5IEFjY291bnQgLS1vdXRwdXQgdGV4dCkKICAgICAgLSBBRlRfRVhFQ19ST0xFX0FSTj1hcm46JEFXU19QQVJUSVRJT046aWFtOjokQUZUX01HTVRfQUNDT1VOVDpyb2xlL0FXU0FGVEV4ZWN1dGlvbgogICAgICAtIEFGVF9BRE1JTl9ST0xFX05BTUU9JChhd3Mgc3NtIGdldC1wYXJhbWV0ZXIgLS1uYW1lIC9hZnQvcmVzb3VyY2VzL2lhbS9hZnQtYWRtaW5pc3RyYXRvci1yb2xlLW5hbWUgfCBqcSAtLXJhdy1vdXRwdXQgIi5QYXJhbWV0ZXIuVmFsdWUiKQogICAgICAtIEFGVF9BRE1JTl9ST0xFX0FSTj1hcm46JEFXU19QQVJUSVRJT046aWFtOjokQUZUX01HTVRfQUNDT1VOVDpyb2xlLyRBRlRfQURNSU5fUk9MRV9OQU1FCiAgICAgIC0gUk9MRV9TRVNTSU9OX05BTUU9JChhd3Mgc3NtIGdldC1wYXJhbWV0ZXIgLS1uYW1lIC9hZnQvcmVzb3VyY2VzL2lhbS9hZnQtc2Vzc2lvbi1uYW1lIHwganEgLS1yYXctb3V0cHV0ICIuUGFyYW1ldGVyLlZhbHVlIikKICAgICAgLSB8CiAgICAgICAgc3NoX2tleV9wYXJhbWV0ZXI9JChhd3Mgc3NtIGdldC1wYXJhbWV0ZXIgLS1uYW1lIC9hZnQvY29uZmlnL2FmdC1zc2gta2V5IC0td2l0aC1kZWNyeXB0aW9uIDI+IC9kZXYvbnVsbCB8fCBlY2hvICJOb25lIikKICAgICAgICBpZiBbWyAkc3NoX2tleV9wYXJhbWV0ZXIgIT0gIk5vbmUiIF1dOyB0aGVuCiAgICAgICAgICBzc2hfa2V5PSQoanEgLS1yYXctb3V0cHV0ICIuUGFyYW1ldGVyLlZhbHVlIiA8PDwgJHNzaF9rZXlfcGFyYW1ldGVyKQogICAgICAgICAgbWtkaXIgLXAgfi8uc3NoCiAgICAgICAgICBlY2hvICJIb3N0ICoiID4+IH4vLnNzaC9jb25maWcKICAgICAgICAgIGVjaG8gIlN0cmljdEhvc3RLZXlDaGVja2luZyBubyIgPj4gfi8uc3NoL2NvbmZpZwogICAgICAgICAgZWNobyAiVXNlcktub3duSG9zdHNGaWxlPS9kZXYvbnVsbCIgPj4gfi8uc3NoL2NvbmZpZwogICAgICAgICAgZWNobyAiJHNzaF9rZXkiID4gfi8uc3NoL3NzaF9rZXkKICAgICAgICAgIGVjaG8gLWUgIlxuXG4iID4+ICB+Ly5zc2gvc3NoX2tleQogICAgICAgICAgY2htb2QgNjAwIH4vLnNzaC9zc2hfa2V5CiAgICAgICAgICBldmFsICIkKHNzaC1hZ2VudCAtcykiCiAgICAgICAgICBzc2gtYWRkIH4vLnNzaC9zc2hfa2V5CiAgICAgICAgZmkKICAgICAgLSBnaXQgY29uZmlnIC0tZ2xvYmFsIGNyZWRlbnRpYWwuaGVscGVyICchYXdzIGNvZGVjb21taXQgY3JlZGVudGlhbC1oZWxwZXIgJEAnCiAgICAgIC0gZ2l0IGNvbmZpZyAtLWdsb2JhbCBjcmVkZW50aWFsLlVzZUh0dHBQYXRoIHRydWUKICAgICAgLSBnaXQgY2xvbmUgLWIgJEFXU19NT0RVTEVfR0lUX1JFRiAkQVdTX01PRFVMRV9TT1VSQ0UgYXdzLWFmdC1jb3JlLWZyYW1ld29yawogICAgICAtIHB5dGhvbjMgLW0gdmVudiAuL3ZlbnYKICAgICAgLSBzb3VyY2UgLi92ZW52L2Jpbi9hY3RpdmF0ZQogICAgICAtIHBpcCBpbnN0YWxsIGppbmphMi1jbGk9PTAuNy4wIEppbmphMj09My4wLjEgTWFya3VwU2FmZT09Mi4wLjEgYm90bzM9PTEuMTguNTYgcmVxdWVzdHM9PTIuMjYuMAogICAgICAtIHwKICAgICAgICBpZiBbICRURl9ESVNUUklCVVRJT04gPSAib3NzIiBdOyB0aGVuCiAgICAgICAgICBURl9CQUNLRU5EX1JFR0lPTj0kKGF3cyBzc20gZ2V0LXBhcmFtZXRlciAtLW5hbWUgIi9hZnQvY29uZmlnL29zcy1iYWNrZW5kL3ByaW1hcnktcmVnaW9uIiAtLXF1ZXJ5ICJQYXJhbWV0ZXIuVmFsdWUiIC0tb3V0cHV0IHRleHQpCiAgICAgICAgICBURl9LTVNfS0VZX0lEPSQoYXdzIHNzbSBnZXQtcGFyYW1ldGVyIC0tbmFtZSAiL2FmdC9jb25maWcvb3NzLWJhY2tlbmQva21zLWtleS1pZCIgLS1xdWVyeSAiUGFyYW1ldGVyLlZhbHVlIiAtLW91dHB1dCB0ZXh0KQogICAgICAgICAgVEZfRERCX1RBQkxFPSQoYXdzIHNzbSBnZXQtcGFyYW1ldGVyIC0tbmFtZSAiL2FmdC9jb25maWcvb3NzLWJhY2tlbmQvdGFibGUtaWQiIC0tcXVlcnkgIlBhcmFtZXRlci5WYWx1ZSIgLS1vdXRwdXQgdGV4dCkKICAgICAgICAgIFRGX1MzX0JVQ0tFVD0kKGF3cyBzc20gZ2V0LXBhcmFtZXRlciAtLW5hbWUgIi9hZnQvY29uZmlnL29zcy1iYWNrZW5kL2J1Y2tldC1pZCIgLS1xdWVyeSAiUGFyYW1ldGVyLlZhbHVlIiAtLW91dHB1dCB0ZXh0KQogICAgICAgICAgVEZfUzNfS0VZPWFjY291bnQtcmVxdWVzdC90ZXJyYWZvcm0udGZzdGF0ZQogICAgICAgICAgY2QgL3RtcAogICAgICAgICAgZWNobyAiSW5zdGFsbGluZyBUZXJyYWZvcm0iCiAgICAgICAgICBjdXJsIC1vIHRlcnJhZm9ybV8ke1RGX1ZFUlNJT059X2xpbnV4X2FtZDY0LnppcCBodHRwczovL3JlbGVhc2VzLmhhc2hpY29ycC5jb20vdGVycmFmb3JtLyR7VEZfVkVSU0lPTn0vdGVycmFmb3JtXyR7VEZfVkVSU0lPTn1fbGludXhfYW1kNjQuemlwCiAgICAgICAgICB1bnppcCAtbyB0ZXJyYWZvcm1fJHtURl9WRVJTSU9OfV9saW51eF9hbWQ2NC56aXAgJiYgbXYgdGVycmFmb3JtIC91c3IvYmluCiAgICAgICAgICB0ZXJyYWZvcm0gLS12ZXJzaW9uCiAgICAgICAgICBjZCAkREVGQVVMVF9QQVRIL3RlcnJhZm9ybQogICAgICAgICAgZm9yIGYgaW4gKi5qaW5qYTsgZG8gamluamEyICRmIC1EIHRpbWVzdGFtcD0iJFRJTUVTVEFNUCIgLUQgdGZfZGlzdHJpYnV0aW9uX3R5cGU9JFRGX0RJU1RSSUJVVElPTiAtRCBwcm92aWRlcl9yZWdpb249JENUX01HTVRfUkVHSU9OIC1EIHJlZ2lvbj0kVEZfQkFDS0VORF9SRUdJT04gLUQgYnVja2V0PSRURl9TM19CVUNLRVQgLUQga2V5PSRURl9TM19LRVkgLUQgZHluYW1vZGJfdGFibGU9JFRGX0REQl9UQUJMRSAtRCBrbXNfa2V5X2lkPSRURl9LTVNfS0VZX0lEIC1EIGFmdF9hZG1pbl9yb2xlX2Fybj0kQUZUX0VYRUNfUk9MRV9BUk4gPj4gLi8kKGJhc2VuYW1lICRmIC5qaW5qYSkudGY7IGRvbmUKICAgICAgICAgIGZvciBmIGluICoudGY7IGRvIGVjaG8gIlxuIFxuIjsgZWNobyAkZjsgY2F0ICRmOyBkb25lCiAgICAgICAgICBKU09OPSQoYXdzIHN0cyBhc3N1bWUtcm9sZSAtLXJvbGUtYXJuICR7QUZUX0FETUlOX1JPTEVfQVJOfSAtLXJvbGUtc2Vzc2lvbi1uYW1lICR7Uk9MRV9TRVNTSU9OX05BTUV9KQogICAgICAgICAgI01ha2UgbmV3bHkgYXNzdW1lZCByb2xlIGRlZmF1bHQgc2Vzc2lvbgogICAgICAgICAgZXhwb3J0IEFXU19BQ0NFU1NfS0VZX0lEPSQoZWNobyAke0pTT059IHwganEgLS1yYXctb3V0cHV0ICIuQ3JlZGVudGlhbHNbXCJBY2Nlc3NLZXlJZFwiXSIpCiAgICAgICAgICBleHBvcnQgQVdTX1NFQ1JFVF9BQ0NFU1NfS0VZPSQoZWNobyAke0pTT059IHwganEgLS1yYXctb3V0cHV0ICIuQ3JlZGVudGlhbHNbXCJTZWNyZXRBY2Nlc3NLZXlcIl0iKQogICAgICAgICAgZXhwb3J0IEFXU19TRVNTSU9OX1RPS0VOPSQoZWNobyAke0pTT059IHwganEgLS1yYXctb3V0cHV0ICIuQ3JlZGVudGlhbHNbXCJTZXNzaW9uVG9rZW5cIl0iKQogICAgICAgICAgdGVycmFmb3JtIGluaXQgLW5vLWNvbG9yCiAgICAgICAgZWxzZQogICAgICAgICAgVEZfT1JHX05BTUU9JChhd3Mgc3NtIGdldC1wYXJhbWV0ZXIgLS1uYW1lICIvYWZ0L2NvbmZpZy90ZXJyYWZvcm0vb3JnLW5hbWUiIC0tcXVlcnkgIlBhcmFtZXRlci5WYWx1ZSIgLS1vdXRwdXQgdGV4dCkKICAgICAgICAgIFRGX1RPS0VOPSQoYXdzIHNzbSBnZXQtcGFyYW1ldGVyIC0tbmFtZSAiL2FmdC9jb25maWcvdGVycmFmb3JtL3Rva2VuIiAtLXdpdGgtZGVjcnlwdGlvbiAtLXF1ZXJ5ICJQYXJhbWV0ZXIuVmFsdWUiIC0tb3V0cHV0IHRleHQpCiAgICAgICAgICBURl9FTkRQT0lOVD0kKGF3cyBzc20gZ2V0LXBhcmFtZXRlciAtLW5hbWUgIi9hZnQvY29uZmlnL3RlcnJhZm9ybS9hcGktZW5kcG9pbnQiIC0tcXVlcnkgIlBhcmFtZXRlci5WYWx1ZSIgLS1vdXRwdXQgdGV4dCkKICAgICAgICAgIFRGX1dPUktTUEFDRV9OQU1FPSJjdC1hZnQtYWNjb3VudC1yZXF1ZXN0IgogICAgICAgICAgVEZfQ09ORklHX1BBVEg9Ii4vdGVtcF9jb25maWd1cmF0aW9uX2ZpbGUudGFyLmd6IgogICAgICAgICAgY2QgJERFRkFVTFRfUEFUSC90ZXJyYWZvcm0KICAgICAgICAgIGZvciBmIGluICouamluamE7IGRvIGppbmphMiAkZiAtRCB0aW1lc3RhbXA9IiRUSU1FU1RBTVAiIC1EIHByb3ZpZGVyX3JlZ2lvbj0kQ1RfTUdNVF9SRUdJT04gLUQgdGZfZGlzdHJpYnV0aW9uX3R5cGU9JFRGX0RJU1RSSUJVVElPTiAtRCB0ZXJyYWZvcm1fb3JnX25hbWU9JFRGX09SR19OQU1FIC1EIHRlcnJhZm9ybV93b3Jrc3BhY2VfbmFtZT0kVEZfV09SS1NQQUNFX05BTUUgLUQgYWZ0X2FkbWluX3JvbGVfYXJuPSRBRlRfRVhFQ19ST0xFX0FSTiA+PiAuLyQoYmFzZW5hbWUgJGYgLmppbmphKS50ZjsgZG9uZQogICAgICAgICAgZm9yIGYgaW4gKi50ZjsgZG8gZWNobyAiXG4gXG4iOyBlY2hvICRmOyBjYXQgJGY7IGRvbmUKICAgICAgICAgIGNkICRERUZBVUxUX1BBVEgKICAgICAgICAgIHRhciAtY3pmIHRlbXBfY29uZmlndXJhdGlvbl9maWxlLnRhci5neiAtQyB0ZXJyYWZvcm0gLS1leGNsdWRlIC5naXQgLS1leGNsdWRlIHZlbnYgLgogICAgICAgICAgcHl0aG9uMyAkREVGQVVMVF9QQVRIL2F3cy1hZnQtY29yZS1mcmFtZXdvcmsvc291cmNlcy9zY3JpcHRzL3dvcmtzcGFjZV9tYW5hZ2VyLnB5IC0tb3BlcmF0aW9uICJkZXBsb3kiIC0tb3JnYW5pemF0aW9uX25hbWUgJFRGX09SR19OQU1FIC0td29ya3NwYWNlX25hbWUgJFRGX1dPUktTUEFDRV9OQU1FIC0tYXNzdW1lX3JvbGVfYXJuICRBRlRfQURNSU5fUk9MRV9BUk4gLS1hc3N1bWVfcm9sZV9zZXNzaW9uX25hbWUgJFJPTEVfU0VTU0lPTl9OQU1FIC0tYXBpX2VuZHBvaW50ICRURl9FTkRQT0lOVCAtLWFwaV90b2tlbiAkVEZfVE9LRU4gLS10ZXJyYWZvcm1fdmVyc2lvbiAkVEZfVkVSU0lPTiAtLWNvbmZpZ19maWxlICRURl9DT05GSUdfUEFUSAogICAgICAgIGZpCgogIGJ1aWxkOgogICAgY29tbWFuZHM6CiAgICAgIC0gfAogICAgICAgIGlmIFsgJFRGX0RJU1RSSUJVVElPTiA9ICJvc3MiIF07IHRoZW4KICAgICAgICAgIHRlcnJhZm9ybSBhcHBseSAtbm8tY29sb3IgLS1hdXRvLWFwcHJvdmUKICAgICAgICBmaQogIHBvc3RfYnVpbGQ6CiAgICBjb21tYW5kczoKICAgICAgLSBlY2hvICJQb3N0LUJ1aWxkIgo=",
            "content_base64sha256": "75NuiXDs6GsI1n3uFuAsJ0dj+vcjM4lvIjg5XXS/Z20=",
            "content_base64sha512": "Ew3xIkX7WiQTTj1CUeFmzdz9y4w90h5xNGOpu4kZqKu3No1bfI3KSW1+6v83Fs4Iu2TZe6y8eyGrshdwfCzHxQ==",
            "content_md5": "a1c390bb50db7c25db1d907431fc58f2",
            "content_sha1": "8f74e0ea3ed2be05cfa0d20d230dead874fa34c5",
            "content_sha256": "ef936e8970ece86b08d67dee16e02c274763faf72333896f2238395d74bf676d",
            "content_sha512": "130df12245fb5a24134e3d4251e166cddcfdcb8c3dd21e713463a9bb8919a8abb7368d5b7c8dca496d7eeaff3716ce08bb64d97bacbc7b21abb217707c2cc7c5",
            "filename": ".terraform/modules/aft/modules/aft-code-repositories/buildspecs/ct-aft-account-request.yml",
            "id": "8f74e0ea3ed2be05cfa0d20d230dead874fa34c5"
          },
          "sensitive_attributes": []
        }
      ]
    },
    {
      "module": "module.aft.module.aft_code_repositories",
      "mode": "managed",
      "type": "aws_cloudwatch_log_group",
      "name": "account_provisioning_customizations",
      "provider": "module.aft.provider[\"registry.terraform.io/hashicorp/aws\"].aft_management",
      "instances": [
        {
          "schema_version": 0,
          "attributes": {
            "arn": "arn:aws:logs:us-east-1:831569350010:log-group:/aws/codebuild/ct-aft-account-provisioning-customizations",
            "id": "/aws/codebuild/ct-aft-account-provisioning-customizations",
            "kms_key_id": "",
            "name": "/aws/codebuild/ct-aft-account-provisioning-customizations",
            "name_prefix": "",
            "retention_in_days": 0,
            "skip_destroy": false,
            "tags": null,
            "tags_all": {
              "managed_by": "AFT"
            }
          },
          "sensitive_attributes": [],
          "private": "bnVsbA==",
          "dependencies": [
            "module.aft.data.aws_partition.current"
          ]
        }
      ]
    },
    {
      "module": "module.aft.module.aft_code_repositories",
      "mode": "managed",
      "type": "aws_cloudwatch_log_group",
      "name": "account_request",
      "provider": "module.aft.provider[\"registry.terraform.io/hashicorp/aws\"].aft_management",
      "instances": [
        {
          "schema_version": 0,
          "attributes": {
            "arn": "arn:aws:logs:us-east-1:831569350010:log-group:/aws/codebuild/ct-aft-account-request",
            "id": "/aws/codebuild/ct-aft-account-request",
            "kms_key_id": "",
            "name": "/aws/codebuild/ct-aft-account-request",
            "name_prefix": "",
            "retention_in_days": 0,
            "skip_destroy": false,
            "tags": null,
            "tags_all": {
              "managed_by": "AFT"
            }
          },
          "sensitive_attributes": [],
          "private": "bnVsbA==",
          "dependencies": [
            "module.aft.data.aws_partition.current"
          ]
        }
      ]
    },
    {
      "module": "module.aft.module.aft_code_repositories",
      "mode": "managed",
      "type": "aws_codebuild_project",
      "name": "account_provisioning_customizations_pipeline",
      "provider": "module.aft.provider[\"registry.terraform.io/hashicorp/aws\"].aft_management",
      "instances": [
        {
          "schema_version": 0,
          "attributes": {
            "arn": "arn:aws:codebuild:us-east-1:831569350010:project/ct-aft-account-provisioning-customizations",
            "artifacts": [
              {
                "artifact_identifier": "",
                "bucket_owner_access": "",
                "encryption_disabled": false,
                "location": "",
                "name": "ct-aft-account-provisioning-customizations",
                "namespace_type": "",
                "override_artifact_name": false,
                "packaging": "NONE",
                "path": "",
                "type": "CODEPIPELINE"
              }
            ],
            "badge_enabled": false,
            "badge_url": "",
            "build_batch_config": [],
            "build_timeout": 60,
            "cache": [
              {
                "location": "",
                "modes": [],
                "type": "NO_CACHE"
              }
            ],
            "concurrent_build_limit": 0,
            "description": "Deploys the Account Provisioning Customizations terraform project",
            "encryption_key": "arn:aws:kms:us-east-1:831569350010:key/4c37dd67-0bc8-4877-83d6-47031c1aca28",
            "environment": [
              {
                "certificate": "",
                "compute_type": "BUILD_GENERAL1_MEDIUM",
                "environment_variable": [
                  {
                    "name": "AWS_PARTITION",
                    "type": "PLAINTEXT",
                    "value": "aws"
                  }
                ],
                "image": "aws/codebuild/amazonlinux2-x86_64-standard:4.0",
                "image_pull_credentials_type": "CODEBUILD",
                "privileged_mode": false,
                "registry_credential": [],
                "type": "LINUX_CONTAINER"
              }
            ],
            "file_system_locations": [],
            "id": "arn:aws:codebuild:us-east-1:831569350010:project/ct-aft-account-provisioning-customizations",
            "logs_config": [
              {
                "cloudwatch_logs": [
                  {
                    "group_name": "/aws/codebuild/ct-aft-account-provisioning-customizations",
                    "status": "ENABLED",
                    "stream_name": ""
                  }
                ],
                "s3_logs": [
                  {
                    "bucket_owner_access": "",
                    "encryption_disabled": false,
                    "location": "aft-customizations-pipeline-831569350010/ct-aft-account-provisioning-customization-logs",
                    "status": "ENABLED"
                  }
                ]
              }
            ],
            "name": "ct-aft-account-provisioning-customizations",
            "project_visibility": "PRIVATE",
            "public_project_alias": "",
            "queued_timeout": 480,
            "resource_access_role": "",
            "secondary_artifacts": [],
            "secondary_source_version": [],
            "secondary_sources": [],
            "service_role": "arn:aws:iam::831569350010:role/ct-aft-codebuild-account-provisioning-customizations-role",
            "source": [
              {
                "auth": [],
                "build_status_config": [],
                "buildspec": "# Copyright Amazon.com, Inc. or its affiliates. All rights reserved.\n# SPDX-License-Identifier: Apache-2.0\n#\nversion: 0.2\n\nphases:\n  pre_build:\n    commands:\n      - DEFAULT_PATH=$(pwd)\n      - TIMESTAMP=$(date '+%Y-%m-%d %H:%M:%S')\n      - AWS_MODULE_SOURCE=$(aws ssm get-parameter --name \"/aft/config/aft-pipeline-code-source/repo-url\" --query \"Parameter.Value\" --output text)\n      - AWS_MODULE_GIT_REF=$(aws ssm get-parameter --name \"/aft/config/aft-pipeline-code-source/repo-git-ref\" --query \"Parameter.Value\" --output text)\n      - TF_VERSION=$(aws ssm get-parameter --name \"/aft/config/terraform/version\" --query \"Parameter.Value\" --output text)\n      - TF_DISTRIBUTION=$(aws ssm get-parameter --name \"/aft/config/terraform/distribution\" --query \"Parameter.Value\" --output text)\n      - CT_MGMT_REGION=$(aws ssm get-parameter --name \"/aft/config/ct-management-region\" --query \"Parameter.Value\" --output text)\n      - AFT_MGMT_ACCOUNT=$(aws sts get-caller-identity --query Account --output text)\n      - AFT_EXEC_ROLE_ARN=arn:$AWS_PARTITION:iam::$AFT_MGMT_ACCOUNT:role/AWSAFTExecution\n      - AFT_ADMIN_ROLE_NAME=$(aws ssm get-parameter --name /aft/resources/iam/aft-administrator-role-name | jq --raw-output \".Parameter.Value\")\n      - AFT_ADMIN_ROLE_ARN=arn:$AWS_PARTITION:iam::$AFT_MGMT_ACCOUNT:role/$AFT_ADMIN_ROLE_NAME\n      - ROLE_SESSION_NAME=$(aws ssm get-parameter --name /aft/resources/iam/aft-session-name | jq --raw-output \".Parameter.Value\")\n      - |\n        ssh_key_parameter=$(aws ssm get-parameter --name /aft/config/aft-ssh-key --with-decryption 2\u003e /dev/null || echo \"None\")\n        if [[ $ssh_key_parameter != \"None\" ]]; then\n          ssh_key=$(jq --raw-output \".Parameter.Value\" \u003c\u003c\u003c $ssh_key_parameter)\n          mkdir -p ~/.ssh\n          echo \"Host *\" \u003e\u003e ~/.ssh/config\n          echo \"StrictHostKeyChecking no\" \u003e\u003e ~/.ssh/config\n          echo \"UserKnownHostsFile=/dev/null\" \u003e\u003e ~/.ssh/config\n          echo \"$ssh_key\" \u003e ~/.ssh/ssh_key\n          echo -e \"\\n\\n\" \u003e\u003e  ~/.ssh/ssh_key\n          chmod 600 ~/.ssh/ssh_key\n          eval \"$(ssh-agent -s)\"\n          ssh-add ~/.ssh/ssh_key\n        fi\n      - git config --global credential.helper '!aws codecommit credential-helper $@'\n      - git config --global credential.UseHttpPath true\n      - git clone -b $AWS_MODULE_GIT_REF $AWS_MODULE_SOURCE aws-aft-core-framework\n      - python3 -m venv ./venv\n      - source ./venv/bin/activate\n      - pip install jinja2-cli==0.7.0 Jinja2==3.0.1 MarkupSafe==2.0.1 boto3==1.18.56 requests==2.26.0\n      - |\n        if [ $TF_DISTRIBUTION = \"oss\" ]; then\n          TF_BACKEND_REGION=$(aws ssm get-parameter --name \"/aft/config/oss-backend/primary-region\" --query \"Parameter.Value\" --output text)\n          TF_KMS_KEY_ID=$(aws ssm get-parameter --name \"/aft/config/oss-backend/kms-key-id\" --query \"Parameter.Value\" --output text)\n          TF_DDB_TABLE=$(aws ssm get-parameter --name \"/aft/config/oss-backend/table-id\" --query \"Parameter.Value\" --output text)\n          TF_S3_BUCKET=$(aws ssm get-parameter --name \"/aft/config/oss-backend/bucket-id\" --query \"Parameter.Value\" --output text)\n          TF_S3_KEY=account-provisioning-customizations/terraform.tfstate\n          cd /tmp\n          echo \"Installing Terraform\"\n          curl -o terraform_${TF_VERSION}_linux_amd64.zip https://releases.hashicorp.com/terraform/${TF_VERSION}/terraform_${TF_VERSION}_linux_amd64.zip\n          unzip -o terraform_${TF_VERSION}_linux_amd64.zip \u0026\u0026 mv terraform /usr/bin\n          terraform -no-color --version\n          cd $DEFAULT_PATH/terraform\n          for f in *.jinja; do jinja2 $f -D timestamp=\"$TIMESTAMP\" -D tf_distribution_type=$TF_DISTRIBUTION -D region=$TF_BACKEND_REGION -D provider_region=$CT_MGMT_REGION -D bucket=$TF_S3_BUCKET -D key=$TF_S3_KEY -D dynamodb_table=$TF_DDB_TABLE -D kms_key_id=$TF_KMS_KEY_ID -D aft_admin_role_arn=$AFT_EXEC_ROLE_ARN \u003e\u003e ./$(basename $f .jinja).tf; done\n          for f in *.tf; do echo \"\\n \\n\"; echo $f; cat $f; done\n          JSON=$(aws sts assume-role --role-arn ${AFT_ADMIN_ROLE_ARN} --role-session-name ${ROLE_SESSION_NAME})\n          #Make newly assumed role default session\n          export AWS_ACCESS_KEY_ID=$(echo ${JSON} | jq --raw-output \".Credentials[\\\"AccessKeyId\\\"]\")\n          export AWS_SECRET_ACCESS_KEY=$(echo ${JSON} | jq --raw-output \".Credentials[\\\"SecretAccessKey\\\"]\")\n          export AWS_SESSION_TOKEN=$(echo ${JSON} | jq --raw-output \".Credentials[\\\"SessionToken\\\"]\")\n          terraform init -no-color\n        else\n          TF_BACKEND_REGION=$(aws ssm get-parameter --name \"/aft/config/oss-backend/primary-region\" --query \"Parameter.Value\" --output text)\n          TF_ORG_NAME=$(aws ssm get-parameter --name \"/aft/config/terraform/org-name\" --query \"Parameter.Value\" --output text)\n          TF_TOKEN=$(aws ssm get-parameter --name \"/aft/config/terraform/token\" --with-decryption --query \"Parameter.Value\" --output text)\n          TF_ENDPOINT=$(aws ssm get-parameter --name \"/aft/config/terraform/api-endpoint\" --query \"Parameter.Value\" --output text)\n          TF_WORKSPACE_NAME=\"ct-aft-account-provisioning-customizations\"\n          TF_CONFIG_PATH=\"./temp_configuration_file.tar.gz\"\n          cd $DEFAULT_PATH/terraform\n          for f in *.jinja; do jinja2 $f -D timestamp=\"$TIMESTAMP\" -D provider_region=$CT_MGMT_REGION -D tf_distribution_type=$TF_DISTRIBUTION -D terraform_org_name=$TF_ORG_NAME -D terraform_workspace_name=$TF_WORKSPACE_NAME -D aft_admin_role_arn=$AFT_EXEC_ROLE_ARN \u003e\u003e ./$(basename $f .jinja).tf; done\n          for f in *.tf; do echo \"\\n \\n\"; echo $f; cat $f; done\n          cd $DEFAULT_PATH\n          tar -czf temp_configuration_file.tar.gz -C terraform --exclude .git --exclude venv .\n          python3 $DEFAULT_PATH/aws-aft-core-framework/sources/scripts/workspace_manager.py --operation \"deploy\" --organization_name $TF_ORG_NAME --workspace_name $TF_WORKSPACE_NAME --assume_role_arn $AFT_ADMIN_ROLE_ARN --assume_role_session_name $ROLE_SESSION_NAME --api_endpoint $TF_ENDPOINT --api_token $TF_TOKEN --terraform_version $TF_VERSION --config_file $TF_CONFIG_PATH\n        fi\n\n  build:\n    commands:\n      - |\n        if [ $TF_DISTRIBUTION = \"oss\" ]; then\n          terraform apply -no-color --auto-approve\n        fi\n  post_build:\n    commands:\n      - echo \"Post-Build\"\n",
                "git_clone_depth": 0,
                "git_submodules_config": [],
                "insecure_ssl": false,
                "location": "",
                "report_build_status": false,
                "type": "CODEPIPELINE"
              }
            ],
            "source_version": "",
            "tags": null,
            "tags_all": {
              "managed_by": "AFT"
            },
            "vpc_config": [
              {
                "security_group_ids": [
                  "sg-0a4310c8034e66ff9"
                ],
                "subnets": [
                  "subnet-003c841febb2163f5",
                  "subnet-0970ebe4f59507674"
                ],
                "vpc_id": "vpc-06cdd138eab207cc9"
              }
            ]
          },
          "sensitive_attributes": [],
          "private": "bnVsbA==",
          "dependencies": [
            "module.aft.data.aws_partition.current",
            "module.aft.module.aft_account_request_framework.aws_kms_key.aft",
            "module.aft.module.aft_account_request_framework.aws_security_group.aft_vpc_default_sg",
            "module.aft.module.aft_account_request_framework.aws_subnet.aft_vpc_private_subnet_01",
            "module.aft.module.aft_account_request_framework.aws_subnet.aft_vpc_private_subnet_02",
            "module.aft.module.aft_account_request_framework.aws_vpc.aft_vpc",
            "module.aft.module.aft_account_request_framework.data.aws_availability_zones.available",
            "module.aft.module.aft_code_repositories.aws_cloudwatch_log_group.account_provisioning_customizations",
            "module.aft.module.aft_code_repositories.aws_cloudwatch_log_group.account_request",
            "module.aft.module.aft_code_repositories.aws_iam_role.account_provisioning_customizations_codebuild_role",
            "module.aft.module.aft_code_repositories.data.aws_partition.current",
            "module.aft.module.aft_code_repositories.data.local_file.account_provisioning_customizations_buildspec",
            "module.aft.module.aft_customizations.aws_s3_bucket.aft_codepipeline_customizations_bucket",
            "module.aft.module.aft_customizations.data.aws_caller_identity.current"
          ]
        }
      ]
    },
    {
      "module": "module.aft.module.aft_code_repositories",
      "mode": "managed",
      "type": "aws_codebuild_project",
      "name": "account_request",
      "provider": "module.aft.provider[\"registry.terraform.io/hashicorp/aws\"].aft_management",
      "instances": [
        {
          "schema_version": 0,
          "attributes": {
            "arn": "arn:aws:codebuild:us-east-1:831569350010:project/ct-aft-account-request",
            "artifacts": [
              {
                "artifact_identifier": "",
                "bucket_owner_access": "",
                "encryption_disabled": false,
                "location": "",
                "name": "ct-aft-account-request",
                "namespace_type": "",
                "override_artifact_name": false,
                "packaging": "NONE",
                "path": "",
                "type": "CODEPIPELINE"
              }
            ],
            "badge_enabled": false,
            "badge_url": "",
            "build_batch_config": [],
            "build_timeout": 60,
            "cache": [
              {
                "location": "",
                "modes": [],
                "type": "NO_CACHE"
              }
            ],
            "concurrent_build_limit": 0,
            "description": "Job to apply Terraform for Account Requests",
            "encryption_key": "arn:aws:kms:us-east-1:831569350010:key/4c37dd67-0bc8-4877-83d6-47031c1aca28",
            "environment": [
              {
                "certificate": "",
                "compute_type": "BUILD_GENERAL1_MEDIUM",
                "environment_variable": [
                  {
                    "name": "AWS_PARTITION",
                    "type": "PLAINTEXT",
                    "value": "aws"
                  }
                ],
                "image": "aws/codebuild/amazonlinux2-x86_64-standard:4.0",
                "image_pull_credentials_type": "CODEBUILD",
                "privileged_mode": false,
                "registry_credential": [],
                "type": "LINUX_CONTAINER"
              }
            ],
            "file_system_locations": [],
            "id": "arn:aws:codebuild:us-east-1:831569350010:project/ct-aft-account-request",
            "logs_config": [
              {
                "cloudwatch_logs": [
                  {
                    "group_name": "/aws/codebuild/ct-aft-account-request",
                    "status": "ENABLED",
                    "stream_name": ""
                  }
                ],
                "s3_logs": [
                  {
                    "bucket_owner_access": "",
                    "encryption_disabled": false,
                    "location": "aft-customizations-pipeline-831569350010/ct-aft-account-request-logs",
                    "status": "ENABLED"
                  }
                ]
              }
            ],
            "name": "ct-aft-account-request",
            "project_visibility": "PRIVATE",
            "public_project_alias": "",
            "queued_timeout": 480,
            "resource_access_role": "",
            "secondary_artifacts": [],
            "secondary_source_version": [],
            "secondary_sources": [],
            "service_role": "arn:aws:iam::831569350010:role/ct-aft-codebuild-account-request-role",
            "source": [
              {
                "auth": [],
                "build_status_config": [],
                "buildspec": "# Copyright Amazon.com, Inc. or its affiliates. All rights reserved.\n# SPDX-License-Identifier: Apache-2.0\n#\nversion: 0.2\n\nphases:\n  pre_build:\n    commands:\n      - DEFAULT_PATH=$(pwd)\n      - TIMESTAMP=$(date '+%Y-%m-%d %H:%M:%S')\n      - AWS_MODULE_SOURCE=$(aws ssm get-parameter --name \"/aft/config/aft-pipeline-code-source/repo-url\" --query \"Parameter.Value\" --output text)\n      - AWS_MODULE_GIT_REF=$(aws ssm get-parameter --name \"/aft/config/aft-pipeline-code-source/repo-git-ref\" --query \"Parameter.Value\" --output text)\n      - TF_VERSION=$(aws ssm get-parameter --name \"/aft/config/terraform/version\" --query \"Parameter.Value\" --output text)\n      - TF_DISTRIBUTION=$(aws ssm get-parameter --name \"/aft/config/terraform/distribution\" --query \"Parameter.Value\" --output text)\n      - CT_MGMT_REGION=$(aws ssm get-parameter --name \"/aft/config/ct-management-region\" --query \"Parameter.Value\" --output text)\n      - AFT_MGMT_ACCOUNT=$(aws sts get-caller-identity --query Account --output text)\n      - AFT_EXEC_ROLE_ARN=arn:$AWS_PARTITION:iam::$AFT_MGMT_ACCOUNT:role/AWSAFTExecution\n      - AFT_ADMIN_ROLE_NAME=$(aws ssm get-parameter --name /aft/resources/iam/aft-administrator-role-name | jq --raw-output \".Parameter.Value\")\n      - AFT_ADMIN_ROLE_ARN=arn:$AWS_PARTITION:iam::$AFT_MGMT_ACCOUNT:role/$AFT_ADMIN_ROLE_NAME\n      - ROLE_SESSION_NAME=$(aws ssm get-parameter --name /aft/resources/iam/aft-session-name | jq --raw-output \".Parameter.Value\")\n      - |\n        ssh_key_parameter=$(aws ssm get-parameter --name /aft/config/aft-ssh-key --with-decryption 2\u003e /dev/null || echo \"None\")\n        if [[ $ssh_key_parameter != \"None\" ]]; then\n          ssh_key=$(jq --raw-output \".Parameter.Value\" \u003c\u003c\u003c $ssh_key_parameter)\n          mkdir -p ~/.ssh\n          echo \"Host *\" \u003e\u003e ~/.ssh/config\n          echo \"StrictHostKeyChecking no\" \u003e\u003e ~/.ssh/config\n          echo \"UserKnownHostsFile=/dev/null\" \u003e\u003e ~/.ssh/config\n          echo \"$ssh_key\" \u003e ~/.ssh/ssh_key\n          echo -e \"\\n\\n\" \u003e\u003e  ~/.ssh/ssh_key\n          chmod 600 ~/.ssh/ssh_key\n          eval \"$(ssh-agent -s)\"\n          ssh-add ~/.ssh/ssh_key\n        fi\n      - git config --global credential.helper '!aws codecommit credential-helper $@'\n      - git config --global credential.UseHttpPath true\n      - git clone -b $AWS_MODULE_GIT_REF $AWS_MODULE_SOURCE aws-aft-core-framework\n      - python3 -m venv ./venv\n      - source ./venv/bin/activate\n      - pip install jinja2-cli==0.7.0 Jinja2==3.0.1 MarkupSafe==2.0.1 boto3==1.18.56 requests==2.26.0\n      - |\n        if [ $TF_DISTRIBUTION = \"oss\" ]; then\n          TF_BACKEND_REGION=$(aws ssm get-parameter --name \"/aft/config/oss-backend/primary-region\" --query \"Parameter.Value\" --output text)\n          TF_KMS_KEY_ID=$(aws ssm get-parameter --name \"/aft/config/oss-backend/kms-key-id\" --query \"Parameter.Value\" --output text)\n          TF_DDB_TABLE=$(aws ssm get-parameter --name \"/aft/config/oss-backend/table-id\" --query \"Parameter.Value\" --output text)\n          TF_S3_BUCKET=$(aws ssm get-parameter --name \"/aft/config/oss-backend/bucket-id\" --query \"Parameter.Value\" --output text)\n          TF_S3_KEY=account-request/terraform.tfstate\n          cd /tmp\n          echo \"Installing Terraform\"\n          curl -o terraform_${TF_VERSION}_linux_amd64.zip https://releases.hashicorp.com/terraform/${TF_VERSION}/terraform_${TF_VERSION}_linux_amd64.zip\n          unzip -o terraform_${TF_VERSION}_linux_amd64.zip \u0026\u0026 mv terraform /usr/bin\n          terraform --version\n          cd $DEFAULT_PATH/terraform\n          for f in *.jinja; do jinja2 $f -D timestamp=\"$TIMESTAMP\" -D tf_distribution_type=$TF_DISTRIBUTION -D provider_region=$CT_MGMT_REGION -D region=$TF_BACKEND_REGION -D bucket=$TF_S3_BUCKET -D key=$TF_S3_KEY -D dynamodb_table=$TF_DDB_TABLE -D kms_key_id=$TF_KMS_KEY_ID -D aft_admin_role_arn=$AFT_EXEC_ROLE_ARN \u003e\u003e ./$(basename $f .jinja).tf; done\n          for f in *.tf; do echo \"\\n \\n\"; echo $f; cat $f; done\n          JSON=$(aws sts assume-role --role-arn ${AFT_ADMIN_ROLE_ARN} --role-session-name ${ROLE_SESSION_NAME})\n          #Make newly assumed role default session\n          export AWS_ACCESS_KEY_ID=$(echo ${JSON} | jq --raw-output \".Credentials[\\\"AccessKeyId\\\"]\")\n          export AWS_SECRET_ACCESS_KEY=$(echo ${JSON} | jq --raw-output \".Credentials[\\\"SecretAccessKey\\\"]\")\n          export AWS_SESSION_TOKEN=$(echo ${JSON} | jq --raw-output \".Credentials[\\\"SessionToken\\\"]\")\n          terraform init -no-color\n        else\n          TF_ORG_NAME=$(aws ssm get-parameter --name \"/aft/config/terraform/org-name\" --query \"Parameter.Value\" --output text)\n          TF_TOKEN=$(aws ssm get-parameter --name \"/aft/config/terraform/token\" --with-decryption --query \"Parameter.Value\" --output text)\n          TF_ENDPOINT=$(aws ssm get-parameter --name \"/aft/config/terraform/api-endpoint\" --query \"Parameter.Value\" --output text)\n          TF_WORKSPACE_NAME=\"ct-aft-account-request\"\n          TF_CONFIG_PATH=\"./temp_configuration_file.tar.gz\"\n          cd $DEFAULT_PATH/terraform\n          for f in *.jinja; do jinja2 $f -D timestamp=\"$TIMESTAMP\" -D provider_region=$CT_MGMT_REGION -D tf_distribution_type=$TF_DISTRIBUTION -D terraform_org_name=$TF_ORG_NAME -D terraform_workspace_name=$TF_WORKSPACE_NAME -D aft_admin_role_arn=$AFT_EXEC_ROLE_ARN \u003e\u003e ./$(basename $f .jinja).tf; done\n          for f in *.tf; do echo \"\\n \\n\"; echo $f; cat $f; done\n          cd $DEFAULT_PATH\n          tar -czf temp_configuration_file.tar.gz -C terraform --exclude .git --exclude venv .\n          python3 $DEFAULT_PATH/aws-aft-core-framework/sources/scripts/workspace_manager.py --operation \"deploy\" --organization_name $TF_ORG_NAME --workspace_name $TF_WORKSPACE_NAME --assume_role_arn $AFT_ADMIN_ROLE_ARN --assume_role_session_name $ROLE_SESSION_NAME --api_endpoint $TF_ENDPOINT --api_token $TF_TOKEN --terraform_version $TF_VERSION --config_file $TF_CONFIG_PATH\n        fi\n\n  build:\n    commands:\n      - |\n        if [ $TF_DISTRIBUTION = \"oss\" ]; then\n          terraform apply -no-color --auto-approve\n        fi\n  post_build:\n    commands:\n      - echo \"Post-Build\"\n",
                "git_clone_depth": 0,
                "git_submodules_config": [],
                "insecure_ssl": false,
                "location": "",
                "report_build_status": false,
                "type": "CODEPIPELINE"
              }
            ],
            "source_version": "",
            "tags": null,
            "tags_all": {
              "managed_by": "AFT"
            },
            "vpc_config": [
              {
                "security_group_ids": [
                  "sg-0a4310c8034e66ff9"
                ],
                "subnets": [
                  "subnet-003c841febb2163f5",
                  "subnet-0970ebe4f59507674"
                ],
                "vpc_id": "vpc-06cdd138eab207cc9"
              }
            ]
          },
          "sensitive_attributes": [],
          "private": "bnVsbA==",
          "dependencies": [
            "module.aft.data.aws_partition.current",
            "module.aft.module.aft_account_request_framework.aws_kms_key.aft",
            "module.aft.module.aft_account_request_framework.aws_security_group.aft_vpc_default_sg",
            "module.aft.module.aft_account_request_framework.aws_subnet.aft_vpc_private_subnet_01",
            "module.aft.module.aft_account_request_framework.aws_subnet.aft_vpc_private_subnet_02",
            "module.aft.module.aft_account_request_framework.aws_vpc.aft_vpc",
            "module.aft.module.aft_account_request_framework.data.aws_availability_zones.available",
            "module.aft.module.aft_code_repositories.aws_cloudwatch_log_group.account_request",
            "module.aft.module.aft_code_repositories.aws_iam_role.account_request_codebuild_role",
            "module.aft.module.aft_code_repositories.data.aws_partition.current",
            "module.aft.module.aft_code_repositories.data.local_file.account_request_buildspec",
            "module.aft.module.aft_customizations.aws_s3_bucket.aft_codepipeline_customizations_bucket",
            "module.aft.module.aft_customizations.data.aws_caller_identity.current"
          ]
        }
      ]
    },
    {
      "module": "module.aft.module.aft_code_repositories",
      "mode": "managed",
      "type": "aws_codepipeline",
      "name": "codestar_account_provisioning_customizations",
      "provider": "module.aft.provider[\"registry.terraform.io/hashicorp/aws\"].aft_management",
      "instances": [
        {
          "index_key": 0,
          "schema_version": 0,
          "attributes": {
            "arn": "arn:aws:codepipeline:us-east-1:831569350010:ct-aft-account-provisioning-customizations",
            "artifact_store": [
              {
                "encryption_key": [
                  {
                    "id": "arn:aws:kms:us-east-1:831569350010:key/4c37dd67-0bc8-4877-83d6-47031c1aca28",
                    "type": "KMS"
                  }
                ],
                "location": "aft-customizations-pipeline-831569350010",
                "region": "",
                "type": "S3"
              }
            ],
            "id": "ct-aft-account-provisioning-customizations",
            "name": "ct-aft-account-provisioning-customizations",
            "role_arn": "arn:aws:iam::831569350010:role/ct-aft-codepipeline-account-provisioning-customizations-role",
            "stage": [
              {
                "action": [
                  {
                    "category": "Source",
                    "configuration": {
                      "BranchName": "main",
                      "ConnectionArn": "arn:aws:codestar-connections:us-east-1:831569350010:connection/8fc9c899-1790-4a30-b686-2829a6b50f3f",
                      "DetectChanges": "true",
                      "FullRepositoryId": "santudata99/learn-terraform-aft-account-provisioning-customizations",
                      "OutputArtifactFormat": "CODE_ZIP"
                    },
                    "input_artifacts": null,
                    "name": "account-provisioning-customizations",
                    "namespace": "",
                    "output_artifacts": [
                      "account-provisioning-customizations"
                    ],
                    "owner": "AWS",
                    "provider": "CodeStarSourceConnection",
                    "region": "",
                    "role_arn": "",
                    "run_order": 1,
                    "version": "1"
                  }
                ],
                "name": "Source"
              },
              {
                "action": [
                  {
                    "category": "Build",
                    "configuration": {
                      "ProjectName": "ct-aft-account-provisioning-customizations"
                    },
                    "input_artifacts": [
                      "account-provisioning-customizations"
                    ],
                    "name": "Apply-Terraform",
                    "namespace": "",
                    "output_artifacts": [
                      "account-provisioning-customizations-output"
                    ],
                    "owner": "AWS",
                    "provider": "CodeBuild",
                    "region": "",
                    "role_arn": "",
                    "run_order": 2,
                    "version": "1"
                  }
                ],
                "name": "terraform-apply"
              }
            ],
            "tags": null,
            "tags_all": {
              "managed_by": "AFT"
            }
          },
          "sensitive_attributes": [],
          "private": "bnVsbA==",
          "dependencies": [
            "module.aft.data.aws_partition.current",
            "module.aft.module.aft_account_request_framework.aws_kms_key.aft",
            "module.aft.module.aft_account_request_framework.aws_security_group.aft_vpc_default_sg",
            "module.aft.module.aft_account_request_framework.aws_subnet.aft_vpc_private_subnet_01",
            "module.aft.module.aft_account_request_framework.aws_subnet.aft_vpc_private_subnet_02",
            "module.aft.module.aft_account_request_framework.aws_vpc.aft_vpc",
            "module.aft.module.aft_account_request_framework.data.aws_availability_zones.available",
            "module.aft.module.aft_code_repositories.aws_cloudwatch_log_group.account_provisioning_customizations",
            "module.aft.module.aft_code_repositories.aws_cloudwatch_log_group.account_request",
            "module.aft.module.aft_code_repositories.aws_codebuild_project.account_provisioning_customizations_pipeline",
            "module.aft.module.aft_code_repositories.aws_codestarconnections_connection.bitbucket",
            "module.aft.module.aft_code_repositories.aws_codestarconnections_connection.github",
            "module.aft.module.aft_code_repositories.aws_codestarconnections_connection.githubenterprise",
            "module.aft.module.aft_code_repositories.aws_iam_role.account_provisioning_customizations_codebuild_role",
            "module.aft.module.aft_code_repositories.aws_iam_role.account_provisioning_customizations_codepipeline_role",
            "module.aft.module.aft_code_repositories.data.aws_partition.current",
            "module.aft.module.aft_code_repositories.data.local_file.account_provisioning_customizations_buildspec",
            "module.aft.module.aft_customizations.aws_s3_bucket.aft_codepipeline_customizations_bucket",
            "module.aft.module.aft_customizations.data.aws_caller_identity.current"
          ]
        }
      ]
    },
    {
      "module": "module.aft.module.aft_code_repositories",
      "mode": "managed",
      "type": "aws_codepipeline",
      "name": "codestar_account_request",
      "provider": "module.aft.provider[\"registry.terraform.io/hashicorp/aws\"].aft_management",
      "instances": [
        {
          "index_key": 0,
          "schema_version": 0,
          "attributes": {
            "arn": "arn:aws:codepipeline:us-east-1:831569350010:ct-aft-account-request",
            "artifact_store": [
              {
                "encryption_key": [
                  {
                    "id": "arn:aws:kms:us-east-1:831569350010:key/4c37dd67-0bc8-4877-83d6-47031c1aca28",
                    "type": "KMS"
                  }
                ],
                "location": "aft-customizations-pipeline-831569350010",
                "region": "",
                "type": "S3"
              }
            ],
            "id": "ct-aft-account-request",
            "name": "ct-aft-account-request",
            "role_arn": "arn:aws:iam::831569350010:role/ct-aft-codepipeline-account-request-role",
            "stage": [
              {
                "action": [
                  {
                    "category": "Source",
                    "configuration": {
                      "BranchName": "main",
                      "ConnectionArn": "arn:aws:codestar-connections:us-east-1:831569350010:connection/8fc9c899-1790-4a30-b686-2829a6b50f3f",
                      "DetectChanges": "true",
                      "FullRepositoryId": "santudata99/learn-terraform-aft-account-request",
                      "OutputArtifactFormat": "CODE_ZIP"
                    },
                    "input_artifacts": null,
                    "name": "account-request",
                    "namespace": "",
                    "output_artifacts": [
                      "account-request"
                    ],
                    "owner": "AWS",
                    "provider": "CodeStarSourceConnection",
                    "region": "",
                    "role_arn": "",
                    "run_order": 1,
                    "version": "1"
                  }
                ],
                "name": "Source"
              },
              {
                "action": [
                  {
                    "category": "Build",
                    "configuration": {
                      "ProjectName": "ct-aft-account-request"
                    },
                    "input_artifacts": [
                      "account-request"
                    ],
                    "name": "Apply-Terraform",
                    "namespace": "",
                    "output_artifacts": [
                      "account-request-terraform"
                    ],
                    "owner": "AWS",
                    "provider": "CodeBuild",
                    "region": "",
                    "role_arn": "",
                    "run_order": 2,
                    "version": "1"
                  }
                ],
                "name": "terraform-apply"
              }
            ],
            "tags": null,
            "tags_all": {
              "managed_by": "AFT"
            }
          },
          "sensitive_attributes": [],
          "private": "bnVsbA==",
          "dependencies": [
            "module.aft.data.aws_partition.current",
            "module.aft.module.aft_account_request_framework.aws_kms_key.aft",
            "module.aft.module.aft_account_request_framework.aws_security_group.aft_vpc_default_sg",
            "module.aft.module.aft_account_request_framework.aws_subnet.aft_vpc_private_subnet_01",
            "module.aft.module.aft_account_request_framework.aws_subnet.aft_vpc_private_subnet_02",
            "module.aft.module.aft_account_request_framework.aws_vpc.aft_vpc",
            "module.aft.module.aft_account_request_framework.data.aws_availability_zones.available",
            "module.aft.module.aft_code_repositories.aws_cloudwatch_log_group.account_request",
            "module.aft.module.aft_code_repositories.aws_codebuild_project.account_request",
            "module.aft.module.aft_code_repositories.aws_codestarconnections_connection.bitbucket",
            "module.aft.module.aft_code_repositories.aws_codestarconnections_connection.github",
            "module.aft.module.aft_code_repositories.aws_codestarconnections_connection.githubenterprise",
            "module.aft.module.aft_code_repositories.aws_iam_role.account_request_codebuild_role",
            "module.aft.module.aft_code_repositories.aws_iam_role.account_request_codepipeline_role",
            "module.aft.module.aft_code_repositories.data.aws_partition.current",
            "module.aft.module.aft_code_repositories.data.local_file.account_request_buildspec",
            "module.aft.module.aft_customizations.aws_s3_bucket.aft_codepipeline_customizations_bucket",
            "module.aft.module.aft_customizations.data.aws_caller_identity.current"
          ]
        }
      ]
    },
    {
      "module": "module.aft.module.aft_code_repositories",
      "mode": "managed",
      "type": "aws_codestarconnections_connection",
      "name": "github",
      "provider": "module.aft.provider[\"registry.terraform.io/hashicorp/aws\"].aft_management",
      "instances": [
        {
          "index_key": 0,
          "schema_version": 0,
          "attributes": {
            "arn": "arn:aws:codestar-connections:us-east-1:831569350010:connection/8fc9c899-1790-4a30-b686-2829a6b50f3f",
            "connection_status": "PENDING",
            "host_arn": "",
            "id": "arn:aws:codestar-connections:us-east-1:831569350010:connection/8fc9c899-1790-4a30-b686-2829a6b50f3f",
            "name": "ct-aft-github-connection",
            "provider_type": "GitHub",
            "tags": null,
            "tags_all": {
              "managed_by": "AFT"
            }
          },
          "sensitive_attributes": [],
          "private": "bnVsbA==",
          "dependencies": [
            "module.aft.data.aws_partition.current"
          ]
        }
      ]
    },
    {
      "module": "module.aft.module.aft_code_repositories",
      "mode": "managed",
      "type": "aws_iam_role",
      "name": "account_provisioning_customizations_codebuild_role",
      "provider": "module.aft.provider[\"registry.terraform.io/hashicorp/aws\"].aft_management",
      "instances": [
        {
          "schema_version": 0,
          "attributes": {
            "arn": "arn:aws:iam::831569350010:role/ct-aft-codebuild-account-provisioning-customizations-role",
            "assume_role_policy": "{\"Statement\":[{\"Action\":\"sts:AssumeRole\",\"Effect\":\"Allow\",\"Principal\":{\"Service\":\"codebuild.amazonaws.com\"}}],\"Version\":\"2012-10-17\"}",
            "create_date": "2023-05-28T05:50:12Z",
            "description": "",
            "force_detach_policies": false,
            "id": "ct-aft-codebuild-account-provisioning-customizations-role",
            "inline_policy": [],
            "managed_policy_arns": [],
            "max_session_duration": 3600,
            "name": "ct-aft-codebuild-account-provisioning-customizations-role",
            "name_prefix": "",
            "path": "/",
            "permissions_boundary": null,
            "role_last_used": [
              {
                "last_used_date": "",
                "region": ""
              }
            ],
            "tags": null,
            "tags_all": {
              "managed_by": "AFT"
            },
            "unique_id": "AROA4DHLFJV5IYXCNAXWN"
          },
          "sensitive_attributes": [],
          "private": "bnVsbA==",
          "dependencies": [
            "module.aft.data.aws_partition.current"
          ]
        }
      ]
    },
    {
      "module": "module.aft.module.aft_code_repositories",
      "mode": "managed",
      "type": "aws_iam_role",
      "name": "account_provisioning_customizations_codepipeline_role",
      "provider": "module.aft.provider[\"registry.terraform.io/hashicorp/aws\"].aft_management",
      "instances": [
        {
          "schema_version": 0,
          "attributes": {
            "arn": "arn:aws:iam::831569350010:role/ct-aft-codepipeline-account-provisioning-customizations-role",
            "assume_role_policy": "{\"Statement\":[{\"Action\":\"sts:AssumeRole\",\"Effect\":\"Allow\",\"Principal\":{\"Service\":\"codepipeline.amazonaws.com\"}}],\"Version\":\"2012-10-17\"}",
            "create_date": "2023-05-28T05:50:26Z",
            "description": "",
            "force_detach_policies": false,
            "id": "ct-aft-codepipeline-account-provisioning-customizations-role",
            "inline_policy": [],
            "managed_policy_arns": [],
            "max_session_duration": 3600,
            "name": "ct-aft-codepipeline-account-provisioning-customizations-role",
            "name_prefix": "",
            "path": "/",
            "permissions_boundary": null,
            "role_last_used": [
              {
                "last_used_date": "",
                "region": ""
              }
            ],
            "tags": null,
            "tags_all": {
              "managed_by": "AFT"
            },
            "unique_id": "AROA4DHLFJV5P3WPV6DRD"
          },
          "sensitive_attributes": [],
          "private": "bnVsbA==",
          "dependencies": [
            "module.aft.data.aws_partition.current"
          ]
        }
      ]
    },
    {
      "module": "module.aft.module.aft_code_repositories",
      "mode": "managed",
      "type": "aws_iam_role",
      "name": "account_request_codebuild_role",
      "provider": "module.aft.provider[\"registry.terraform.io/hashicorp/aws\"].aft_management",
      "instances": [
        {
          "schema_version": 0,
          "attributes": {
            "arn": "arn:aws:iam::831569350010:role/ct-aft-codebuild-account-request-role",
            "assume_role_policy": "{\"Statement\":[{\"Action\":\"sts:AssumeRole\",\"Effect\":\"Allow\",\"Principal\":{\"Service\":\"codebuild.amazonaws.com\"}}],\"Version\":\"2012-10-17\"}",
            "create_date": "2023-05-28T05:50:12Z",
            "description": "",
            "force_detach_policies": false,
            "id": "ct-aft-codebuild-account-request-role",
            "inline_policy": [],
            "managed_policy_arns": [],
            "max_session_duration": 3600,
            "name": "ct-aft-codebuild-account-request-role",
            "name_prefix": "",
            "path": "/",
            "permissions_boundary": null,
            "role_last_used": [
              {
                "last_used_date": "",
                "region": ""
              }
            ],
            "tags": null,
            "tags_all": {
              "managed_by": "AFT"
            },
            "unique_id": "AROA4DHLFJV5CYXJBFRM6"
          },
          "sensitive_attributes": [],
          "private": "bnVsbA==",
          "dependencies": [
            "module.aft.data.aws_partition.current"
          ]
        }
      ]
    },
    {
      "module": "module.aft.module.aft_code_repositories",
      "mode": "managed",
      "type": "aws_iam_role",
      "name": "account_request_codepipeline_role",
      "provider": "module.aft.provider[\"registry.terraform.io/hashicorp/aws\"].aft_management",
      "instances": [
        {
          "schema_version": 0,
          "attributes": {
            "arn": "arn:aws:iam::831569350010:role/ct-aft-codepipeline-account-request-role",
            "assume_role_policy": "{\"Statement\":[{\"Action\":\"sts:AssumeRole\",\"Effect\":\"Allow\",\"Principal\":{\"Service\":\"codepipeline.amazonaws.com\"}}],\"Version\":\"2012-10-17\"}",
            "create_date": "2023-05-28T05:50:20Z",
            "description": "",
            "force_detach_policies": false,
            "id": "ct-aft-codepipeline-account-request-role",
            "inline_policy": [],
            "managed_policy_arns": [],
            "max_session_duration": 3600,
            "name": "ct-aft-codepipeline-account-request-role",
            "name_prefix": "",
            "path": "/",
            "permissions_boundary": null,
            "role_last_used": [
              {
                "last_used_date": "",
                "region": ""
              }
            ],
            "tags": null,
            "tags_all": {
              "managed_by": "AFT"
            },
            "unique_id": "AROA4DHLFJV5AHKAJERWB"
          },
          "sensitive_attributes": [],
          "private": "bnVsbA==",
          "dependencies": [
            "module.aft.data.aws_partition.current"
          ]
        }
      ]
    },
    {
      "module": "module.aft.module.aft_code_repositories",
      "mode": "managed",
      "type": "aws_iam_role_policy",
      "name": "account_provisioning_customizations_codebuild_policy",
      "provider": "module.aft.provider[\"registry.terraform.io/hashicorp/aws\"].aft_management",
      "instances": [
        {
          "schema_version": 0,
          "attributes": {
            "id": "ct-aft-codebuild-account-provisioning-customizations-role:ct-aft-codebuild-account-provisioning-customizations-policy",
            "name": "ct-aft-codebuild-account-provisioning-customizations-policy",
            "name_prefix": null,
            "policy": "{\"Version\":\"2012-10-17\",\"Statement\":[{\"Action\":[\"logs:CreateLogStream\",\"logs:PutLogEvents\"],\"Effect\":\"Allow\",\"Resource\":\"arn:aws:logs:us-east-1:831569350010:log-group:/aws/codebuild/ct-aft*\"},{\"Action\":[\"ec2:CreateNetworkInterface\",\"ec2:DescribeDhcpOptions\",\"ec2:DescribeNetworkInterfaces\",\"ec2:DeleteNetworkInterface\",\"ec2:DescribeSubnets\",\"ec2:DescribeSecurityGroups\",\"ec2:DescribeVpcs\"],\"Effect\":\"Allow\",\"Resource\":\"*\"},{\"Action\":[\"ec2:CreateNetworkInterfacePermission\"],\"Effect\":\"Allow\",\"Resource\":[\"arn:aws:ec2:us-east-1:831569350010:network-interface/*\"]},{\"Action\":[\"dynamodb:*Item\"],\"Effect\":\"Allow\",\"Resource\":[\"arn:aws:dynamodb:us-east-1:831569350010:table/aft-request\"]},{\"Action\":[\"s3:GetObject\",\"s3:GetObjectVersion\",\"s3:GetBucketVersioning\",\"s3:List*\",\"s3:PutObjectAcl\",\"s3:PutObject\"],\"Effect\":\"Allow\",\"Resource\":[\"arn:aws:s3:::aft-customizations-pipeline-831569350010\",\"arn:aws:s3:::aft-customizations-pipeline-831569350010/*\"]},{\"Action\":[\"kms:Decrypt\",\"kms:Encrypt\",\"kms:GenerateDataKey\"],\"Effect\":\"Allow\",\"Resource\":\"arn:aws:kms:us-east-1:831569350010:key/4c37dd67-0bc8-4877-83d6-47031c1aca28\"},{\"Action\":[\"ssm:GetParameters\",\"ssm:GetParameter\"],\"Effect\":\"Allow\",\"Resource\":[\"arn:aws:ssm:us-east-1:831569350010:parameter/aft/*\"]},{\"Action\":[\"codecommit:GetBranch\",\"codecommit:GetRepository\",\"codecommit:GetCommit\",\"codecommit:GitPull\",\"codecommit:UploadArchive\",\"codecommit:GetUploadArchiveStatus\",\"codecommit:CancelUploadArchive\"],\"Effect\":\"Allow\",\"Resource\":\"arn:aws:codecommit:us-east-1:831569350010:*account-request*\"},{\"Action\":[\"sts:AssumeRole\"],\"Effect\":\"Allow\",\"Resource\":[\"arn:aws:iam::831569350010:role/AWSAFTAdmin\"]}]}",
            "role": "ct-aft-codebuild-account-provisioning-customizations-role"
          },
          "sensitive_attributes": [],
          "private": "bnVsbA==",
          "dependencies": [
            "module.aft.data.aws_partition.current",
            "module.aft.module.aft_account_request_framework.aws_dynamodb_table.aft_request",
            "module.aft.module.aft_account_request_framework.aws_kms_key.aft",
            "module.aft.module.aft_code_repositories.aws_iam_role.account_provisioning_customizations_codebuild_role",
            "module.aft.module.aft_code_repositories.data.aws_caller_identity.current",
            "module.aft.module.aft_code_repositories.data.aws_partition.current",
            "module.aft.module.aft_code_repositories.data.aws_region.current",
            "module.aft.module.aft_customizations.aws_s3_bucket.aft_codepipeline_customizations_bucket",
            "module.aft.module.aft_customizations.data.aws_caller_identity.current"
          ]
        }
      ]
    },
    {
      "module": "module.aft.module.aft_code_repositories",
      "mode": "managed",
      "type": "aws_iam_role_policy",
      "name": "account_provisioning_customizations_codepipeline_policy",
      "provider": "module.aft.provider[\"registry.terraform.io/hashicorp/aws\"].aft_management",
      "instances": [
        {
          "schema_version": 0,
          "attributes": {
            "id": "ct-aft-codepipeline-account-provisioning-customizations-role:ct-aft-codepipeline-account-provisioning-customizations-policy",
            "name": "ct-aft-codepipeline-account-provisioning-customizations-policy",
            "name_prefix": null,
            "policy": "{\"Version\":\"2012-10-17\",\"Statement\":[{\"Action\":[\"s3:GetObject\",\"s3:GetObjectVersion\",\"s3:GetBucketVersioning\",\"s3:List*\",\"s3:PutObjectAcl\",\"s3:PutObject\"],\"Effect\":\"Allow\",\"Resource\":[\"arn:aws:s3:::aft-customizations-pipeline-831569350010\",\"arn:aws:s3:::aft-customizations-pipeline-831569350010/*\"]},{\"Action\":[\"codebuild:BatchGetBuilds\",\"codebuild:StartBuild\"],\"Effect\":\"Allow\",\"Resource\":\"arn:aws:codebuild:us-east-1:831569350010:*account-provisioning*\"},{\"Action\":[\"codecommit:GetBranch\",\"codecommit:GetRepository\",\"codecommit:GetCommit\",\"codecommit:GitPull\",\"codecommit:UploadArchive\",\"codecommit:GetUploadArchiveStatus\",\"codecommit:CancelUploadArchive\"],\"Effect\":\"Allow\",\"Resource\":\"arn:aws:codecommit:us-east-1:831569350010:*account-provisioning*\"},{\"Action\":[\"kms:Decrypt\",\"kms:Encrypt\",\"kms:GenerateDataKey\"],\"Effect\":\"Allow\",\"Resource\":\"arn:aws:kms:us-east-1:831569350010:key/4c37dd67-0bc8-4877-83d6-47031c1aca28\"},{\"Action\":\"codestar-connections:UseConnection\",\"Effect\":\"Allow\",\"Resource\":\"*\"}]}",
            "role": "ct-aft-codepipeline-account-provisioning-customizations-role"
          },
          "sensitive_attributes": [],
          "private": "bnVsbA==",
          "dependencies": [
            "module.aft.data.aws_partition.current",
            "module.aft.module.aft_account_request_framework.aws_kms_key.aft",
            "module.aft.module.aft_code_repositories.aws_iam_role.account_provisioning_customizations_codepipeline_role",
            "module.aft.module.aft_code_repositories.data.aws_caller_identity.current",
            "module.aft.module.aft_code_repositories.data.aws_partition.current",
            "module.aft.module.aft_code_repositories.data.aws_region.current",
            "module.aft.module.aft_customizations.aws_s3_bucket.aft_codepipeline_customizations_bucket",
            "module.aft.module.aft_customizations.data.aws_caller_identity.current"
          ]
        }
      ]
    },
    {
      "module": "module.aft.module.aft_code_repositories",
      "mode": "managed",
      "type": "aws_iam_role_policy",
      "name": "account_request_codebuild_policy",
      "provider": "module.aft.provider[\"registry.terraform.io/hashicorp/aws\"].aft_management",
      "instances": [
        {
          "schema_version": 0,
          "attributes": {
            "id": "ct-aft-codebuild-account-request-role:ct-aft-codebuild-account-request-policy",
            "name": "ct-aft-codebuild-account-request-policy",
            "name_prefix": null,
            "policy": "{\"Version\":\"2012-10-17\",\"Statement\":[{\"Action\":[\"logs:CreateLogStream\",\"logs:PutLogEvents\"],\"Effect\":\"Allow\",\"Resource\":\"arn:aws:logs:us-east-1:831569350010:log-group:/aws/codebuild/ct-aft*\"},{\"Action\":[\"ec2:CreateNetworkInterface\",\"ec2:DescribeDhcpOptions\",\"ec2:DescribeNetworkInterfaces\",\"ec2:DeleteNetworkInterface\",\"ec2:DescribeSubnets\",\"ec2:DescribeSecurityGroups\",\"ec2:DescribeVpcs\"],\"Effect\":\"Allow\",\"Resource\":\"*\"},{\"Action\":[\"ec2:CreateNetworkInterfacePermission\"],\"Effect\":\"Allow\",\"Resource\":[\"arn:aws:ec2:us-east-1:831569350010:network-interface/*\"]},{\"Action\":[\"dynamodb:*Item\"],\"Effect\":\"Allow\",\"Resource\":[\"arn:aws:dynamodb:us-east-1:831569350010:table/aft-request\"]},{\"Action\":[\"s3:GetObject\",\"s3:GetObjectVersion\",\"s3:GetBucketVersioning\",\"s3:List*\",\"s3:PutObjectAcl\",\"s3:PutObject\"],\"Effect\":\"Allow\",\"Resource\":[\"arn:aws:s3:::aft-customizations-pipeline-831569350010\",\"arn:aws:s3:::aft-customizations-pipeline-831569350010/*\"]},{\"Action\":[\"kms:Decrypt\",\"kms:Encrypt\",\"kms:GenerateDataKey\"],\"Effect\":\"Allow\",\"Resource\":\"arn:aws:kms:us-east-1:831569350010:key/4c37dd67-0bc8-4877-83d6-47031c1aca28\"},{\"Action\":[\"ssm:GetParameters\",\"ssm:GetParameter\"],\"Effect\":\"Allow\",\"Resource\":[\"arn:aws:ssm:us-east-1:831569350010:parameter/aft/*\"]},{\"Action\":[\"codecommit:GetBranch\",\"codecommit:GetRepository\",\"codecommit:GetCommit\",\"codecommit:GitPull\",\"codecommit:UploadArchive\",\"codecommit:GetUploadArchiveStatus\",\"codecommit:CancelUploadArchive\"],\"Effect\":\"Allow\",\"Resource\":\"arn:aws:codecommit:us-east-1:831569350010:*account-request*\"},{\"Action\":[\"sts:AssumeRole\"],\"Effect\":\"Allow\",\"Resource\":[\"arn:aws:iam::831569350010:role/AWSAFTAdmin\"]}]}",
            "role": "ct-aft-codebuild-account-request-role"
          },
          "sensitive_attributes": [],
          "private": "bnVsbA==",
          "dependencies": [
            "module.aft.data.aws_partition.current",
            "module.aft.module.aft_account_request_framework.aws_dynamodb_table.aft_request",
            "module.aft.module.aft_account_request_framework.aws_kms_key.aft",
            "module.aft.module.aft_code_repositories.aws_iam_role.account_request_codebuild_role",
            "module.aft.module.aft_code_repositories.data.aws_caller_identity.current",
            "module.aft.module.aft_code_repositories.data.aws_partition.current",
            "module.aft.module.aft_code_repositories.data.aws_region.current",
            "module.aft.module.aft_customizations.aws_s3_bucket.aft_codepipeline_customizations_bucket",
            "module.aft.module.aft_customizations.data.aws_caller_identity.current"
          ]
        }
      ]
    },
    {
      "module": "module.aft.module.aft_code_repositories",
      "mode": "managed",
      "type": "aws_iam_role_policy",
      "name": "account_request_codepipeline_policy",
      "provider": "module.aft.provider[\"registry.terraform.io/hashicorp/aws\"].aft_management",
      "instances": [
        {
          "schema_version": 0,
          "attributes": {
            "id": "ct-aft-codepipeline-account-request-role:ct-aft-codepipeline-account-request-policy",
            "name": "ct-aft-codepipeline-account-request-policy",
            "name_prefix": null,
            "policy": "{\"Version\":\"2012-10-17\",\"Statement\":[{\"Action\":[\"s3:GetObject\",\"s3:GetObjectVersion\",\"s3:GetBucketVersioning\",\"s3:List*\",\"s3:PutObjectAcl\",\"s3:PutObject\"],\"Effect\":\"Allow\",\"Resource\":[\"arn:aws:s3:::aft-customizations-pipeline-831569350010\",\"arn:aws:s3:::aft-customizations-pipeline-831569350010/*\"]},{\"Action\":[\"codebuild:BatchGetBuilds\",\"codebuild:StartBuild\"],\"Effect\":\"Allow\",\"Resource\":\"arn:aws:codebuild:us-east-1:831569350010:*account-request*\"},{\"Action\":[\"codecommit:GetBranch\",\"codecommit:GetRepository\",\"codecommit:GetCommit\",\"codecommit:GitPull\",\"codecommit:UploadArchive\",\"codecommit:GetUploadArchiveStatus\",\"codecommit:CancelUploadArchive\"],\"Effect\":\"Allow\",\"Resource\":\"arn:aws:codecommit:us-east-1:831569350010:*account-request*\"},{\"Action\":[\"kms:Decrypt\",\"kms:Encrypt\",\"kms:GenerateDataKey\"],\"Effect\":\"Allow\",\"Resource\":\"arn:aws:kms:us-east-1:831569350010:key/4c37dd67-0bc8-4877-83d6-47031c1aca28\"},{\"Action\":\"codestar-connections:UseConnection\",\"Effect\":\"Allow\",\"Resource\":\"*\"}]}",
            "role": "ct-aft-codepipeline-account-request-role"
          },
          "sensitive_attributes": [],
          "private": "bnVsbA==",
          "dependencies": [
            "module.aft.data.aws_partition.current",
            "module.aft.module.aft_account_request_framework.aws_kms_key.aft",
            "module.aft.module.aft_code_repositories.aws_iam_role.account_request_codepipeline_role",
            "module.aft.module.aft_code_repositories.data.aws_caller_identity.current",
            "module.aft.module.aft_code_repositories.data.aws_partition.current",
            "module.aft.module.aft_code_repositories.data.aws_region.current",
            "module.aft.module.aft_customizations.aws_s3_bucket.aft_codepipeline_customizations_bucket",
            "module.aft.module.aft_customizations.data.aws_caller_identity.current"
          ]
        }
      ]
    },
    {
      "module": "module.aft.module.aft_code_repositories",
      "mode": "managed",
      "type": "aws_iam_role_policy",
      "name": "terraform_oss_backend_account_provisioning_customizations_codebuild_policy",
      "provider": "module.aft.provider[\"registry.terraform.io/hashicorp/aws\"].aft_management",
      "instances": [
        {
          "index_key": 0,
          "schema_version": 0,
          "attributes": {
            "id": "ct-aft-codebuild-account-provisioning-customizations-role:ct-aft-codebuild-terraform-oss-backend-policy",
            "name": "ct-aft-codebuild-terraform-oss-backend-policy",
            "name_prefix": null,
            "policy": "{\"Version\":\"2012-10-17\",\"Statement\":[{\"Action\":[\"dynamodb:*Item\"],\"Effect\":\"Allow\",\"Resource\":[\"arn:aws:dynamodb:us-east-1:831569350010:table/aft-backend-831569350010\"]},{\"Action\":[\"s3:GetObject\",\"s3:GetObjectVersion\",\"s3:GetBucketVersioning\",\"s3:List*\",\"s3:PutObjectAcl\",\"s3:PutObject\"],\"Effect\":\"Allow\",\"Resource\":[\"arn:aws:s3:::aft-backend-831569350010-primary-region\",\"arn:aws:s3:::aft-backend-831569350010-primary-region/*\"]},{\"Action\":[\"kms:Decrypt\",\"kms:Encrypt\",\"kms:GenerateDataKey\"],\"Effect\":\"Allow\",\"Resource\":\"arn:aws:kms:us-east-1:831569350010:key/2920b1c4-a45f-4891-a659-443998cf33f4\"}]}",
            "role": "ct-aft-codebuild-account-provisioning-customizations-role"
          },
          "sensitive_attributes": [],
          "private": "bnVsbA==",
          "dependencies": [
            "module.aft.data.aws_partition.current",
            "module.aft.module.aft_backend.aws_dynamodb_table.lock-table",
            "module.aft.module.aft_backend.aws_kms_key.encrypt-primary-region",
            "module.aft.module.aft_backend.aws_s3_bucket.primary-backend-bucket",
            "module.aft.module.aft_backend.data.aws_caller_identity.current",
            "module.aft.module.aft_code_repositories.aws_iam_role.account_provisioning_customizations_codebuild_role",
            "module.aft.module.aft_code_repositories.data.aws_caller_identity.current",
            "module.aft.module.aft_code_repositories.data.aws_partition.current",
            "module.aft.module.aft_code_repositories.data.aws_region.current"
          ]
        }
      ]
    },
    {
      "module": "module.aft.module.aft_code_repositories",
      "mode": "managed",
      "type": "aws_iam_role_policy",
      "name": "terraform_oss_backend_account_request_codebuild_policy",
      "provider": "module.aft.provider[\"registry.terraform.io/hashicorp/aws\"].aft_management",
      "instances": [
        {
          "index_key": 0,
          "schema_version": 0,
          "attributes": {
            "id": "ct-aft-codebuild-account-request-role:ct-aft-codebuild-terraform-oss-backend-policy",
            "name": "ct-aft-codebuild-terraform-oss-backend-policy",
            "name_prefix": null,
            "policy": "{\"Version\":\"2012-10-17\",\"Statement\":[{\"Action\":[\"dynamodb:*Item\"],\"Effect\":\"Allow\",\"Resource\":[\"arn:aws:dynamodb:us-east-1:831569350010:table/aft-backend-831569350010\"]},{\"Action\":[\"s3:GetObject\",\"s3:GetObjectVersion\",\"s3:GetBucketVersioning\",\"s3:List*\",\"s3:PutObjectAcl\",\"s3:PutObject\"],\"Effect\":\"Allow\",\"Resource\":[\"arn:aws:s3:::aft-backend-831569350010-primary-region\",\"arn:aws:s3:::aft-backend-831569350010-primary-region/*\"]},{\"Action\":[\"kms:Decrypt\",\"kms:Encrypt\",\"kms:GenerateDataKey\"],\"Effect\":\"Allow\",\"Resource\":\"arn:aws:kms:us-east-1:831569350010:key/2920b1c4-a45f-4891-a659-443998cf33f4\"}]}",
            "role": "ct-aft-codebuild-account-request-role"
          },
          "sensitive_attributes": [],
          "private": "bnVsbA==",
          "dependencies": [
            "module.aft.data.aws_partition.current",
            "module.aft.module.aft_backend.aws_dynamodb_table.lock-table",
            "module.aft.module.aft_backend.aws_kms_key.encrypt-primary-region",
            "module.aft.module.aft_backend.aws_s3_bucket.primary-backend-bucket",
            "module.aft.module.aft_backend.data.aws_caller_identity.current",
            "module.aft.module.aft_code_repositories.aws_iam_role.account_request_codebuild_role",
            "module.aft.module.aft_code_repositories.data.aws_caller_identity.current",
            "module.aft.module.aft_code_repositories.data.aws_partition.current",
            "module.aft.module.aft_code_repositories.data.aws_region.current"
          ]
        }
      ]
    },
    {
      "module": "module.aft.module.aft_customizations",
      "mode": "data",
      "type": "aws_caller_identity",
      "name": "aft_management",
      "provider": "module.aft.provider[\"registry.terraform.io/hashicorp/aws\"].aft_management",
      "instances": [
        {
          "schema_version": 0,
          "attributes": {
            "account_id": "831569350010",
            "arn": "arn:aws:sts::831569350010:assumed-role/AWSControlTowerExecution/AWSAFT-Session",
            "id": "831569350010",
            "user_id": "AROA4DHLFJV5N4XQRN7FN:AWSAFT-Session"
          },
          "sensitive_attributes": []
        }
      ]
    },
    {
      "module": "module.aft.module.aft_customizations",
      "mode": "data",
      "type": "aws_caller_identity",
      "name": "current",
      "provider": "module.aft.provider[\"registry.terraform.io/hashicorp/aws\"].aft_management",
      "instances": [
        {
          "schema_version": 0,
          "attributes": {
            "account_id": "831569350010",
            "arn": "arn:aws:sts::831569350010:assumed-role/AWSControlTowerExecution/AWSAFT-Session",
            "id": "831569350010",
            "user_id": "AROA4DHLFJV5N4XQRN7FN:AWSAFT-Session"
          },
          "sensitive_attributes": []
        }
      ]
    },
    {
      "module": "module.aft.module.aft_customizations",
      "mode": "data",
      "type": "aws_iam_policy",
      "name": "AWSLambdaBasicExecutionRole",
      "provider": "module.aft.provider[\"registry.terraform.io/hashicorp/aws\"].aft_management",
      "instances": [
        {
          "schema_version": 0,
          "attributes": {
            "arn": "arn:aws:iam::aws:policy/service-role/AWSLambdaBasicExecutionRole",
            "description": "Provides write permissions to CloudWatch Logs.",
            "id": "arn:aws:iam::aws:policy/service-role/AWSLambdaBasicExecutionRole",
            "name": "AWSLambdaBasicExecutionRole",
            "path": "/service-role/",
            "path_prefix": null,
            "policy": "{\n  \"Version\": \"2012-10-17\",\n  \"Statement\": [\n    {\n      \"Effect\": \"Allow\",\n      \"Action\": [\n        \"logs:CreateLogGroup\",\n        \"logs:CreateLogStream\",\n        \"logs:PutLogEvents\"\n      ],\n      \"Resource\": \"*\"\n    }\n  ]\n}",
            "policy_id": "ANPAJNCQGXC42545SKXIK",
            "tags": {}
          },
          "sensitive_attributes": []
        }
      ]
    },
    {
      "module": "module.aft.module.aft_customizations",
      "mode": "data",
      "type": "aws_iam_policy",
      "name": "AWSLambdaVPCAccessExecutionRole",
      "provider": "module.aft.provider[\"registry.terraform.io/hashicorp/aws\"].aft_management",
      "instances": [
        {
          "schema_version": 0,
          "attributes": {
            "arn": "arn:aws:iam::aws:policy/service-role/AWSLambdaVPCAccessExecutionRole",
            "description": "Provides minimum permissions for a Lambda function to execute while accessing a resource within a VPC - create, describe, delete network interfaces and write permissions to CloudWatch Logs. ",
            "id": "arn:aws:iam::aws:policy/service-role/AWSLambdaVPCAccessExecutionRole",
            "name": "AWSLambdaVPCAccessExecutionRole",
            "path": "/service-role/",
            "path_prefix": null,
            "policy": "{\n  \"Version\": \"2012-10-17\",\n  \"Statement\": [\n    {\n      \"Effect\": \"Allow\",\n      \"Action\": [\n        \"logs:CreateLogGroup\",\n        \"logs:CreateLogStream\",\n        \"logs:PutLogEvents\",\n        \"ec2:CreateNetworkInterface\",\n        \"ec2:DescribeNetworkInterfaces\",\n        \"ec2:DeleteNetworkInterface\",\n        \"ec2:AssignPrivateIpAddresses\",\n        \"ec2:UnassignPrivateIpAddresses\"\n      ],\n      \"Resource\": \"*\"\n    }\n  ]\n}",
            "policy_id": "ANPAJVTME3YLVNL72YR2K",
            "tags": {}
          },
          "sensitive_attributes": []
        }
      ]
    },
    {
      "module": "module.aft.module.aft_customizations",
      "mode": "data",
      "type": "aws_partition",
      "name": "current",
      "provider": "module.aft.provider[\"registry.terraform.io/hashicorp/aws\"].aft_management",
      "instances": [
        {
          "schema_version": 0,
          "attributes": {
            "dns_suffix": "amazonaws.com",
            "id": "aws",
            "partition": "aws",
            "reverse_dns_prefix": "com.amazonaws"
          },
          "sensitive_attributes": []
        }
      ]
    },
    {
      "module": "module.aft.module.aft_customizations",
      "mode": "data",
      "type": "aws_region",
      "name": "aft_management",
      "provider": "module.aft.provider[\"registry.terraform.io/hashicorp/aws\"].aft_management",
      "instances": [
        {
          "schema_version": 0,
          "attributes": {
            "description": "US East (N. Virginia)",
            "endpoint": "ec2.us-east-1.amazonaws.com",
            "id": "us-east-1",
            "name": "us-east-1"
          },
          "sensitive_attributes": []
        }
      ]
    },
    {
      "module": "module.aft.module.aft_customizations",
      "mode": "data",
      "type": "aws_region",
      "name": "current",
      "provider": "module.aft.provider[\"registry.terraform.io/hashicorp/aws\"].aft_management",
      "instances": [
        {
          "schema_version": 0,
          "attributes": {
            "description": "US East (N. Virginia)",
            "endpoint": "ec2.us-east-1.amazonaws.com",
            "id": "us-east-1",
            "name": "us-east-1"
          },
          "sensitive_attributes": []
        }
      ]
    },
    {
      "module": "module.aft.module.aft_customizations",
      "mode": "data",
      "type": "local_file",
      "name": "aft_account_customizations_terraform",
      "provider": "provider[\"registry.terraform.io/hashicorp/local\"]",
      "instances": [
        {
          "schema_version": 0,
          "attributes": {
            "content": "# Copyright Amazon.com, Inc. or its affiliates. All rights reserved.\n# SPDX-License-Identifier: Apache-2.0\n#\nversion: 0.2\n\nphases:\n  install:\n    on-failure: ABORT\n    commands:\n      - set -e\n      # Populate Required Variables\n      - DEFAULT_PATH=$(pwd)\n      - TIMESTAMP=$(date '+%Y-%m-%d %H:%M:%S')\n      - TF_VERSION=$(aws ssm get-parameter --name \"/aft/config/terraform/version\" --query \"Parameter.Value\" --output text)\n      - TF_DISTRIBUTION=$(aws ssm get-parameter --name \"/aft/config/terraform/distribution\" --query \"Parameter.Value\" --output text)\n      - CT_MGMT_REGION=$(aws ssm get-parameter --name \"/aft/config/ct-management-region\" --query \"Parameter.Value\" --output text)\n      - AFT_MGMT_ACCOUNT=$(aws ssm get-parameter --name \"/aft/account/aft-management/account-id\" --query \"Parameter.Value\" --output text)\n      - AFT_EXEC_ROLE_ARN=arn:$AWS_PARTITION:iam::$AFT_MGMT_ACCOUNT:role/AWSAFTExecution\n      - VENDED_EXEC_ROLE_ARN=arn:$AWS_PARTITION:iam::$VENDED_ACCOUNT_ID:role/AWSAFTExecution\n      - AFT_ADMIN_ROLE_NAME=$(aws ssm get-parameter --name /aft/resources/iam/aft-administrator-role-name | jq --raw-output \".Parameter.Value\")\n      - AFT_ADMIN_ROLE_ARN=arn:$AWS_PARTITION:iam::$AFT_MGMT_ACCOUNT:role/$AFT_ADMIN_ROLE_NAME\n      - ROLE_SESSION_NAME=$(aws ssm get-parameter --name /aft/resources/iam/aft-session-name | jq --raw-output \".Parameter.Value\")\n      - |\n        CUSTOMIZATION=$(aws dynamodb get-item --table-name aft-request-metadata --key \"{\\\"id\\\": {\\\"S\\\": \\\"$VENDED_ACCOUNT_ID\\\"}}\" --attributes-to-get \"account_customizations_name\" | jq --raw-output \".Item.account_customizations_name.S\")\n\n      # Check if customization directory exists       \n      - |\n        if [[ ! -z \"$CUSTOMIZATION\" ]]; then  \n          if [[ ! -d \"$DEFAULT_PATH/$CUSTOMIZATION\" ]]; then\n            echo \"Error: ${CUSTOMIZATION} directory does not exist\"\n            exit 1\n          fi\n          \n          echo \"Found customization\" $CUSTOMIZATION\n\n          # Configure Development SSH Key\n          ssh_key_parameter=$(aws ssm get-parameter --name /aft/config/aft-ssh-key --with-decryption 2\u003e /dev/null || echo \"None\")\n\n          if [[ $ssh_key_parameter != \"None\" ]]; then\n            ssh_key=$(jq --raw-output \".Parameter.Value\" \u003c\u003c\u003c $ssh_key_parameter)\n            mkdir -p ~/.ssh\n            echo \"Host *\" \u003e\u003e ~/.ssh/config\n            echo \"StrictHostKeyChecking no\" \u003e\u003e ~/.ssh/config\n            echo \"UserKnownHostsFile=/dev/null\" \u003e\u003e ~/.ssh/config\n            echo \"$ssh_key\" \u003e ~/.ssh/ssh_key\n            echo -e \"\\n\\n\" \u003e\u003e  ~/.ssh/ssh_key\n            chmod 600 ~/.ssh/ssh_key\n            eval \"$(ssh-agent -s)\"\n            ssh-add ~/.ssh/ssh_key\n          fi   \n\n          # Clone AFT\n          AWS_MODULE_SOURCE=$(aws ssm get-parameter --name \"/aft/config/aft-pipeline-code-source/repo-url\" --query \"Parameter.Value\" --output text)\n          AWS_MODULE_GIT_REF=$(aws ssm get-parameter --name \"/aft/config/aft-pipeline-code-source/repo-git-ref\" --query \"Parameter.Value\" --output text)\n          git config --global credential.helper '!aws codecommit credential-helper $@'\n          git config --global credential.UseHttpPath true\n          git clone --quiet -b $AWS_MODULE_GIT_REF $AWS_MODULE_SOURCE aws-aft-core-framework\n\n          # Install AFT Python Dependencies\n          python3 -m venv $DEFAULT_PATH/aft-venv\n          $DEFAULT_PATH/aft-venv/bin/pip install pip==22.1.2\n          $DEFAULT_PATH/aft-venv/bin/pip install jinja2-cli==0.7.0 Jinja2==3.0.1 MarkupSafe==2.0.1 boto3==1.18.56 requests==2.26.0\n\n          # Install API Helper Python Dependencies\n          python3 -m venv $DEFAULT_PATH/api-helpers-venv\n          $DEFAULT_PATH/api-helpers-venv/bin/pip install -r $DEFAULT_PATH/$CUSTOMIZATION/api_helpers/python/requirements.txt\n\n          # Mark helper scripts as executable\n          chmod +x $DEFAULT_PATH/$CUSTOMIZATION/api_helpers/pre-api-helpers.sh\n          chmod +x $DEFAULT_PATH/$CUSTOMIZATION/api_helpers/post-api-helpers.sh\n\n          # Generate session profiles\n          chmod +x $DEFAULT_PATH/aws-aft-core-framework/sources/scripts/creds.sh\n          $DEFAULT_PATH/aws-aft-core-framework/sources/scripts/creds.sh\n        fi\n\n\n  pre_build:\n    on-failure: ABORT\n    commands:\n      - |\n        if [[ ! -z \"$CUSTOMIZATION\" ]]; then \n          source $DEFAULT_PATH/api-helpers-venv/bin/activate\n          export AWS_PROFILE=aft-target\n          $DEFAULT_PATH/$CUSTOMIZATION/api_helpers/pre-api-helpers.sh\n          unset AWS_PROFILE\n        fi\n\n  build:\n    on-failure: CONTINUE\n    commands:\n      # Apply Customizations\n      - |\n        if [[ ! -z \"$CUSTOMIZATION\" ]]; then \n          source $DEFAULT_PATH/aft-venv/bin/activate\n          if [ $TF_DISTRIBUTION = \"oss\" ]; then\n            TF_BACKEND_REGION=$(aws ssm get-parameter --name \"/aft/config/oss-backend/primary-region\" --query \"Parameter.Value\" --output text)\n            TF_KMS_KEY_ID=$(aws ssm get-parameter --name \"/aft/config/oss-backend/kms-key-id\" --query \"Parameter.Value\" --output text)\n            TF_DDB_TABLE=$(aws ssm get-parameter --name \"/aft/config/oss-backend/table-id\" --query \"Parameter.Value\" --output text)\n            TF_S3_BUCKET=$(aws ssm get-parameter --name \"/aft/config/oss-backend/bucket-id\" --query \"Parameter.Value\" --output text)\n            TF_S3_KEY=$VENDED_ACCOUNT_ID-aft-account-customizations/terraform.tfstate\n\n            cd /tmp\n            echo \"Installing Terraform\"\n            curl -q -o terraform_${TF_VERSION}_linux_amd64.zip https://releases.hashicorp.com/terraform/${TF_VERSION}/terraform_${TF_VERSION}_linux_amd64.zip\n            mkdir -p /opt/aft/bin\n            unzip -q -o terraform_${TF_VERSION}_linux_amd64.zip \n            mv terraform /opt/aft/bin\n            /opt/aft/bin/terraform -no-color --version\n\n            cd $DEFAULT_PATH/$CUSTOMIZATION/terraform\n            for f in *.jinja; do jinja2 $f -D timestamp=\"$TIMESTAMP\" -D tf_distribution_type=$TF_DISTRIBUTION -D provider_region=$CT_MGMT_REGION -D region=$TF_BACKEND_REGION -D aft_admin_role_arn=$AFT_EXEC_ROLE_ARN -D target_admin_role_arn=$VENDED_EXEC_ROLE_ARN -D bucket=$TF_S3_BUCKET -D key=$TF_S3_KEY -D dynamodb_table=$TF_DDB_TABLE -D kms_key_id=$TF_KMS_KEY_ID \u003e\u003e ./$(basename $f .jinja).tf; done\n            for f in *.tf; do echo \"\\n \\n\"; echo $f; cat $f; done\n            \n            cd $DEFAULT_PATH/$CUSTOMIZATION/terraform\n            export AWS_PROFILE=aft-management-admin\n            /opt/aft/bin/terraform init -no-color\n            /opt/aft/bin/terraform apply -no-color --auto-approve\n          else\n            TF_BACKEND_REGION=$(aws ssm get-parameter --name \"/aft/config/oss-backend/primary-region\" --query \"Parameter.Value\" --output text)\n            TF_ORG_NAME=$(aws ssm get-parameter --name \"/aft/config/terraform/org-name\" --query \"Parameter.Value\" --output text)\n            TF_TOKEN=$(aws ssm get-parameter --name \"/aft/config/terraform/token\" --with-decryption --query \"Parameter.Value\" --output text)\n            TF_ENDPOINT=$(aws ssm get-parameter --name \"/aft/config/terraform/api-endpoint\" --query \"Parameter.Value\" --output text)\n            TF_WORKSPACE_NAME=$VENDED_ACCOUNT_ID-aft-account-customizations\n            TF_CONFIG_PATH=\"./temp_configuration_file.tar.gz\"\n\n            cd $DEFAULT_PATH/$CUSTOMIZATION/terraform\n            for f in *.jinja; do jinja2 $f -D timestamp=\"$TIMESTAMP\" -D provider_region=$CT_MGMT_REGION -D tf_distribution_type=$TF_DISTRIBUTION -D aft_admin_role_arn=$AFT_EXEC_ROLE_ARN -D target_admin_role_arn=$VENDED_EXEC_ROLE_ARN -D terraform_org_name=$TF_ORG_NAME -D terraform_workspace_name=$TF_WORKSPACE_NAME  \u003e\u003e ./$(basename $f .jinja).tf; done\n            for f in *.tf; do echo \"\\n \\n\"; echo $f; cat $f; done\n            \n            cd $DEFAULT_PATH/$CUSTOMIZATION\n            tar -czf temp_configuration_file.tar.gz -C terraform --exclude .git --exclude venv .\n            python3 $DEFAULT_PATH/aws-aft-core-framework/sources/scripts/workspace_manager.py --operation \"deploy\" --organization_name $TF_ORG_NAME --workspace_name $TF_WORKSPACE_NAME --assume_role_arn $AFT_ADMIN_ROLE_ARN --assume_role_session_name $ROLE_SESSION_NAME --api_endpoint $TF_ENDPOINT --api_token $TF_TOKEN --terraform_version $TF_VERSION --config_file $TF_CONFIG_PATH\n          fi\n        fi\n  post_build:\n    on-failure: ABORT\n    commands:\n      - |\n        if [[ ! -z \"$CUSTOMIZATION\" ]]; then\n          export PYTHONPATH=\"$DEFAULT_PATH/aws-aft-core-framework/sources/aft-lambda-layer:$PYTHONPATH\"\n          export AWS_PROFILE=aft-management\n          python3 $DEFAULT_PATH/aws-aft-core-framework/sources/aft-lambda-layer/aft_common/metrics.py --codebuild-name \"aft-account-customizations\" --codebuild-status $CODEBUILD_BUILD_SUCCEEDING\n          unset AWS_PROFILE\n        fi\n      - |\n        if [[ $CODEBUILD_BUILD_SUCCEEDING == 0 ]]; then\n          exit 1\n        fi\n      - |\n        if [[ ! -z \"$CUSTOMIZATION\" ]]; then \n          source $DEFAULT_PATH/api-helpers-venv/bin/activate\n          export AWS_PROFILE=aft-target\n          $DEFAULT_PATH/$CUSTOMIZATION/api_helpers/post-api-helpers.sh\n        fi\n",
            "content_base64": "IyBDb3B5cmlnaHQgQW1hem9uLmNvbSwgSW5jLiBvciBpdHMgYWZmaWxpYXRlcy4gQWxsIHJpZ2h0cyByZXNlcnZlZC4KIyBTUERYLUxpY2Vuc2UtSWRlbnRpZmllcjogQXBhY2hlLTIuMAojCnZlcnNpb246IDAuMgoKcGhhc2VzOgogIGluc3RhbGw6CiAgICBvbi1mYWlsdXJlOiBBQk9SVAogICAgY29tbWFuZHM6CiAgICAgIC0gc2V0IC1lCiAgICAgICMgUG9wdWxhdGUgUmVxdWlyZWQgVmFyaWFibGVzCiAgICAgIC0gREVGQVVMVF9QQVRIPSQocHdkKQogICAgICAtIFRJTUVTVEFNUD0kKGRhdGUgJyslWS0lbS0lZCAlSDolTTolUycpCiAgICAgIC0gVEZfVkVSU0lPTj0kKGF3cyBzc20gZ2V0LXBhcmFtZXRlciAtLW5hbWUgIi9hZnQvY29uZmlnL3RlcnJhZm9ybS92ZXJzaW9uIiAtLXF1ZXJ5ICJQYXJhbWV0ZXIuVmFsdWUiIC0tb3V0cHV0IHRleHQpCiAgICAgIC0gVEZfRElTVFJJQlVUSU9OPSQoYXdzIHNzbSBnZXQtcGFyYW1ldGVyIC0tbmFtZSAiL2FmdC9jb25maWcvdGVycmFmb3JtL2Rpc3RyaWJ1dGlvbiIgLS1xdWVyeSAiUGFyYW1ldGVyLlZhbHVlIiAtLW91dHB1dCB0ZXh0KQogICAgICAtIENUX01HTVRfUkVHSU9OPSQoYXdzIHNzbSBnZXQtcGFyYW1ldGVyIC0tbmFtZSAiL2FmdC9jb25maWcvY3QtbWFuYWdlbWVudC1yZWdpb24iIC0tcXVlcnkgIlBhcmFtZXRlci5WYWx1ZSIgLS1vdXRwdXQgdGV4dCkKICAgICAgLSBBRlRfTUdNVF9BQ0NPVU5UPSQoYXdzIHNzbSBnZXQtcGFyYW1ldGVyIC0tbmFtZSAiL2FmdC9hY2NvdW50L2FmdC1tYW5hZ2VtZW50L2FjY291bnQtaWQiIC0tcXVlcnkgIlBhcmFtZXRlci5WYWx1ZSIgLS1vdXRwdXQgdGV4dCkKICAgICAgLSBBRlRfRVhFQ19ST0xFX0FSTj1hcm46JEFXU19QQVJUSVRJT046aWFtOjokQUZUX01HTVRfQUNDT1VOVDpyb2xlL0FXU0FGVEV4ZWN1dGlvbgogICAgICAtIFZFTkRFRF9FWEVDX1JPTEVfQVJOPWFybjokQVdTX1BBUlRJVElPTjppYW06OiRWRU5ERURfQUNDT1VOVF9JRDpyb2xlL0FXU0FGVEV4ZWN1dGlvbgogICAgICAtIEFGVF9BRE1JTl9ST0xFX05BTUU9JChhd3Mgc3NtIGdldC1wYXJhbWV0ZXIgLS1uYW1lIC9hZnQvcmVzb3VyY2VzL2lhbS9hZnQtYWRtaW5pc3RyYXRvci1yb2xlLW5hbWUgfCBqcSAtLXJhdy1vdXRwdXQgIi5QYXJhbWV0ZXIuVmFsdWUiKQogICAgICAtIEFGVF9BRE1JTl9ST0xFX0FSTj1hcm46JEFXU19QQVJUSVRJT046aWFtOjokQUZUX01HTVRfQUNDT1VOVDpyb2xlLyRBRlRfQURNSU5fUk9MRV9OQU1FCiAgICAgIC0gUk9MRV9TRVNTSU9OX05BTUU9JChhd3Mgc3NtIGdldC1wYXJhbWV0ZXIgLS1uYW1lIC9hZnQvcmVzb3VyY2VzL2lhbS9hZnQtc2Vzc2lvbi1uYW1lIHwganEgLS1yYXctb3V0cHV0ICIuUGFyYW1ldGVyLlZhbHVlIikKICAgICAgLSB8CiAgICAgICAgQ1VTVE9NSVpBVElPTj0kKGF3cyBkeW5hbW9kYiBnZXQtaXRlbSAtLXRhYmxlLW5hbWUgYWZ0LXJlcXVlc3QtbWV0YWRhdGEgLS1rZXkgIntcImlkXCI6IHtcIlNcIjogXCIkVkVOREVEX0FDQ09VTlRfSURcIn19IiAtLWF0dHJpYnV0ZXMtdG8tZ2V0ICJhY2NvdW50X2N1c3RvbWl6YXRpb25zX25hbWUiIHwganEgLS1yYXctb3V0cHV0ICIuSXRlbS5hY2NvdW50X2N1c3RvbWl6YXRpb25zX25hbWUuUyIpCgogICAgICAjIENoZWNrIGlmIGN1c3RvbWl6YXRpb24gZGlyZWN0b3J5IGV4aXN0cyAgICAgICAKICAgICAgLSB8CiAgICAgICAgaWYgW1sgISAteiAiJENVU1RPTUlaQVRJT04iIF1dOyB0aGVuICAKICAgICAgICAgIGlmIFtbICEgLWQgIiRERUZBVUxUX1BBVEgvJENVU1RPTUlaQVRJT04iIF1dOyB0aGVuCiAgICAgICAgICAgIGVjaG8gIkVycm9yOiAke0NVU1RPTUlaQVRJT059IGRpcmVjdG9yeSBkb2VzIG5vdCBleGlzdCIKICAgICAgICAgICAgZXhpdCAxCiAgICAgICAgICBmaQogICAgICAgICAgCiAgICAgICAgICBlY2hvICJGb3VuZCBjdXN0b21pemF0aW9uIiAkQ1VTVE9NSVpBVElPTgoKICAgICAgICAgICMgQ29uZmlndXJlIERldmVsb3BtZW50IFNTSCBLZXkKICAgICAgICAgIHNzaF9rZXlfcGFyYW1ldGVyPSQoYXdzIHNzbSBnZXQtcGFyYW1ldGVyIC0tbmFtZSAvYWZ0L2NvbmZpZy9hZnQtc3NoLWtleSAtLXdpdGgtZGVjcnlwdGlvbiAyPiAvZGV2L251bGwgfHwgZWNobyAiTm9uZSIpCgogICAgICAgICAgaWYgW1sgJHNzaF9rZXlfcGFyYW1ldGVyICE9ICJOb25lIiBdXTsgdGhlbgogICAgICAgICAgICBzc2hfa2V5PSQoanEgLS1yYXctb3V0cHV0ICIuUGFyYW1ldGVyLlZhbHVlIiA8PDwgJHNzaF9rZXlfcGFyYW1ldGVyKQogICAgICAgICAgICBta2RpciAtcCB+Ly5zc2gKICAgICAgICAgICAgZWNobyAiSG9zdCAqIiA+PiB+Ly5zc2gvY29uZmlnCiAgICAgICAgICAgIGVjaG8gIlN0cmljdEhvc3RLZXlDaGVja2luZyBubyIgPj4gfi8uc3NoL2NvbmZpZwogICAgICAgICAgICBlY2hvICJVc2VyS25vd25Ib3N0c0ZpbGU9L2Rldi9udWxsIiA+PiB+Ly5zc2gvY29uZmlnCiAgICAgICAgICAgIGVjaG8gIiRzc2hfa2V5IiA+IH4vLnNzaC9zc2hfa2V5CiAgICAgICAgICAgIGVjaG8gLWUgIlxuXG4iID4+ICB+Ly5zc2gvc3NoX2tleQogICAgICAgICAgICBjaG1vZCA2MDAgfi8uc3NoL3NzaF9rZXkKICAgICAgICAgICAgZXZhbCAiJChzc2gtYWdlbnQgLXMpIgogICAgICAgICAgICBzc2gtYWRkIH4vLnNzaC9zc2hfa2V5CiAgICAgICAgICBmaSAgIAoKICAgICAgICAgICMgQ2xvbmUgQUZUCiAgICAgICAgICBBV1NfTU9EVUxFX1NPVVJDRT0kKGF3cyBzc20gZ2V0LXBhcmFtZXRlciAtLW5hbWUgIi9hZnQvY29uZmlnL2FmdC1waXBlbGluZS1jb2RlLXNvdXJjZS9yZXBvLXVybCIgLS1xdWVyeSAiUGFyYW1ldGVyLlZhbHVlIiAtLW91dHB1dCB0ZXh0KQogICAgICAgICAgQVdTX01PRFVMRV9HSVRfUkVGPSQoYXdzIHNzbSBnZXQtcGFyYW1ldGVyIC0tbmFtZSAiL2FmdC9jb25maWcvYWZ0LXBpcGVsaW5lLWNvZGUtc291cmNlL3JlcG8tZ2l0LXJlZiIgLS1xdWVyeSAiUGFyYW1ldGVyLlZhbHVlIiAtLW91dHB1dCB0ZXh0KQogICAgICAgICAgZ2l0IGNvbmZpZyAtLWdsb2JhbCBjcmVkZW50aWFsLmhlbHBlciAnIWF3cyBjb2RlY29tbWl0IGNyZWRlbnRpYWwtaGVscGVyICRAJwogICAgICAgICAgZ2l0IGNvbmZpZyAtLWdsb2JhbCBjcmVkZW50aWFsLlVzZUh0dHBQYXRoIHRydWUKICAgICAgICAgIGdpdCBjbG9uZSAtLXF1aWV0IC1iICRBV1NfTU9EVUxFX0dJVF9SRUYgJEFXU19NT0RVTEVfU09VUkNFIGF3cy1hZnQtY29yZS1mcmFtZXdvcmsKCiAgICAgICAgICAjIEluc3RhbGwgQUZUIFB5dGhvbiBEZXBlbmRlbmNpZXMKICAgICAgICAgIHB5dGhvbjMgLW0gdmVudiAkREVGQVVMVF9QQVRIL2FmdC12ZW52CiAgICAgICAgICAkREVGQVVMVF9QQVRIL2FmdC12ZW52L2Jpbi9waXAgaW5zdGFsbCBwaXA9PTIyLjEuMgogICAgICAgICAgJERFRkFVTFRfUEFUSC9hZnQtdmVudi9iaW4vcGlwIGluc3RhbGwgamluamEyLWNsaT09MC43LjAgSmluamEyPT0zLjAuMSBNYXJrdXBTYWZlPT0yLjAuMSBib3RvMz09MS4xOC41NiByZXF1ZXN0cz09Mi4yNi4wCgogICAgICAgICAgIyBJbnN0YWxsIEFQSSBIZWxwZXIgUHl0aG9uIERlcGVuZGVuY2llcwogICAgICAgICAgcHl0aG9uMyAtbSB2ZW52ICRERUZBVUxUX1BBVEgvYXBpLWhlbHBlcnMtdmVudgogICAgICAgICAgJERFRkFVTFRfUEFUSC9hcGktaGVscGVycy12ZW52L2Jpbi9waXAgaW5zdGFsbCAtciAkREVGQVVMVF9QQVRILyRDVVNUT01JWkFUSU9OL2FwaV9oZWxwZXJzL3B5dGhvbi9yZXF1aXJlbWVudHMudHh0CgogICAgICAgICAgIyBNYXJrIGhlbHBlciBzY3JpcHRzIGFzIGV4ZWN1dGFibGUKICAgICAgICAgIGNobW9kICt4ICRERUZBVUxUX1BBVEgvJENVU1RPTUlaQVRJT04vYXBpX2hlbHBlcnMvcHJlLWFwaS1oZWxwZXJzLnNoCiAgICAgICAgICBjaG1vZCAreCAkREVGQVVMVF9QQVRILyRDVVNUT01JWkFUSU9OL2FwaV9oZWxwZXJzL3Bvc3QtYXBpLWhlbHBlcnMuc2gKCiAgICAgICAgICAjIEdlbmVyYXRlIHNlc3Npb24gcHJvZmlsZXMKICAgICAgICAgIGNobW9kICt4ICRERUZBVUxUX1BBVEgvYXdzLWFmdC1jb3JlLWZyYW1ld29yay9zb3VyY2VzL3NjcmlwdHMvY3JlZHMuc2gKICAgICAgICAgICRERUZBVUxUX1BBVEgvYXdzLWFmdC1jb3JlLWZyYW1ld29yay9zb3VyY2VzL3NjcmlwdHMvY3JlZHMuc2gKICAgICAgICBmaQoKCiAgcHJlX2J1aWxkOgogICAgb24tZmFpbHVyZTogQUJPUlQKICAgIGNvbW1hbmRzOgogICAgICAtIHwKICAgICAgICBpZiBbWyAhIC16ICIkQ1VTVE9NSVpBVElPTiIgXV07IHRoZW4gCiAgICAgICAgICBzb3VyY2UgJERFRkFVTFRfUEFUSC9hcGktaGVscGVycy12ZW52L2Jpbi9hY3RpdmF0ZQogICAgICAgICAgZXhwb3J0IEFXU19QUk9GSUxFPWFmdC10YXJnZXQKICAgICAgICAgICRERUZBVUxUX1BBVEgvJENVU1RPTUlaQVRJT04vYXBpX2hlbHBlcnMvcHJlLWFwaS1oZWxwZXJzLnNoCiAgICAgICAgICB1bnNldCBBV1NfUFJPRklMRQogICAgICAgIGZpCgogIGJ1aWxkOgogICAgb24tZmFpbHVyZTogQ09OVElOVUUKICAgIGNvbW1hbmRzOgogICAgICAjIEFwcGx5IEN1c3RvbWl6YXRpb25zCiAgICAgIC0gfAogICAgICAgIGlmIFtbICEgLXogIiRDVVNUT01JWkFUSU9OIiBdXTsgdGhlbiAKICAgICAgICAgIHNvdXJjZSAkREVGQVVMVF9QQVRIL2FmdC12ZW52L2Jpbi9hY3RpdmF0ZQogICAgICAgICAgaWYgWyAkVEZfRElTVFJJQlVUSU9OID0gIm9zcyIgXTsgdGhlbgogICAgICAgICAgICBURl9CQUNLRU5EX1JFR0lPTj0kKGF3cyBzc20gZ2V0LXBhcmFtZXRlciAtLW5hbWUgIi9hZnQvY29uZmlnL29zcy1iYWNrZW5kL3ByaW1hcnktcmVnaW9uIiAtLXF1ZXJ5ICJQYXJhbWV0ZXIuVmFsdWUiIC0tb3V0cHV0IHRleHQpCiAgICAgICAgICAgIFRGX0tNU19LRVlfSUQ9JChhd3Mgc3NtIGdldC1wYXJhbWV0ZXIgLS1uYW1lICIvYWZ0L2NvbmZpZy9vc3MtYmFja2VuZC9rbXMta2V5LWlkIiAtLXF1ZXJ5ICJQYXJhbWV0ZXIuVmFsdWUiIC0tb3V0cHV0IHRleHQpCiAgICAgICAgICAgIFRGX0REQl9UQUJMRT0kKGF3cyBzc20gZ2V0LXBhcmFtZXRlciAtLW5hbWUgIi9hZnQvY29uZmlnL29zcy1iYWNrZW5kL3RhYmxlLWlkIiAtLXF1ZXJ5ICJQYXJhbWV0ZXIuVmFsdWUiIC0tb3V0cHV0IHRleHQpCiAgICAgICAgICAgIFRGX1MzX0JVQ0tFVD0kKGF3cyBzc20gZ2V0LXBhcmFtZXRlciAtLW5hbWUgIi9hZnQvY29uZmlnL29zcy1iYWNrZW5kL2J1Y2tldC1pZCIgLS1xdWVyeSAiUGFyYW1ldGVyLlZhbHVlIiAtLW91dHB1dCB0ZXh0KQogICAgICAgICAgICBURl9TM19LRVk9JFZFTkRFRF9BQ0NPVU5UX0lELWFmdC1hY2NvdW50LWN1c3RvbWl6YXRpb25zL3RlcnJhZm9ybS50ZnN0YXRlCgogICAgICAgICAgICBjZCAvdG1wCiAgICAgICAgICAgIGVjaG8gIkluc3RhbGxpbmcgVGVycmFmb3JtIgogICAgICAgICAgICBjdXJsIC1xIC1vIHRlcnJhZm9ybV8ke1RGX1ZFUlNJT059X2xpbnV4X2FtZDY0LnppcCBodHRwczovL3JlbGVhc2VzLmhhc2hpY29ycC5jb20vdGVycmFmb3JtLyR7VEZfVkVSU0lPTn0vdGVycmFmb3JtXyR7VEZfVkVSU0lPTn1fbGludXhfYW1kNjQuemlwCiAgICAgICAgICAgIG1rZGlyIC1wIC9vcHQvYWZ0L2JpbgogICAgICAgICAgICB1bnppcCAtcSAtbyB0ZXJyYWZvcm1fJHtURl9WRVJTSU9OfV9saW51eF9hbWQ2NC56aXAgCiAgICAgICAgICAgIG12IHRlcnJhZm9ybSAvb3B0L2FmdC9iaW4KICAgICAgICAgICAgL29wdC9hZnQvYmluL3RlcnJhZm9ybSAtbm8tY29sb3IgLS12ZXJzaW9uCgogICAgICAgICAgICBjZCAkREVGQVVMVF9QQVRILyRDVVNUT01JWkFUSU9OL3RlcnJhZm9ybQogICAgICAgICAgICBmb3IgZiBpbiAqLmppbmphOyBkbyBqaW5qYTIgJGYgLUQgdGltZXN0YW1wPSIkVElNRVNUQU1QIiAtRCB0Zl9kaXN0cmlidXRpb25fdHlwZT0kVEZfRElTVFJJQlVUSU9OIC1EIHByb3ZpZGVyX3JlZ2lvbj0kQ1RfTUdNVF9SRUdJT04gLUQgcmVnaW9uPSRURl9CQUNLRU5EX1JFR0lPTiAtRCBhZnRfYWRtaW5fcm9sZV9hcm49JEFGVF9FWEVDX1JPTEVfQVJOIC1EIHRhcmdldF9hZG1pbl9yb2xlX2Fybj0kVkVOREVEX0VYRUNfUk9MRV9BUk4gLUQgYnVja2V0PSRURl9TM19CVUNLRVQgLUQga2V5PSRURl9TM19LRVkgLUQgZHluYW1vZGJfdGFibGU9JFRGX0REQl9UQUJMRSAtRCBrbXNfa2V5X2lkPSRURl9LTVNfS0VZX0lEID4+IC4vJChiYXNlbmFtZSAkZiAuamluamEpLnRmOyBkb25lCiAgICAgICAgICAgIGZvciBmIGluICoudGY7IGRvIGVjaG8gIlxuIFxuIjsgZWNobyAkZjsgY2F0ICRmOyBkb25lCiAgICAgICAgICAgIAogICAgICAgICAgICBjZCAkREVGQVVMVF9QQVRILyRDVVNUT01JWkFUSU9OL3RlcnJhZm9ybQogICAgICAgICAgICBleHBvcnQgQVdTX1BST0ZJTEU9YWZ0LW1hbmFnZW1lbnQtYWRtaW4KICAgICAgICAgICAgL29wdC9hZnQvYmluL3RlcnJhZm9ybSBpbml0IC1uby1jb2xvcgogICAgICAgICAgICAvb3B0L2FmdC9iaW4vdGVycmFmb3JtIGFwcGx5IC1uby1jb2xvciAtLWF1dG8tYXBwcm92ZQogICAgICAgICAgZWxzZQogICAgICAgICAgICBURl9CQUNLRU5EX1JFR0lPTj0kKGF3cyBzc20gZ2V0LXBhcmFtZXRlciAtLW5hbWUgIi9hZnQvY29uZmlnL29zcy1iYWNrZW5kL3ByaW1hcnktcmVnaW9uIiAtLXF1ZXJ5ICJQYXJhbWV0ZXIuVmFsdWUiIC0tb3V0cHV0IHRleHQpCiAgICAgICAgICAgIFRGX09SR19OQU1FPSQoYXdzIHNzbSBnZXQtcGFyYW1ldGVyIC0tbmFtZSAiL2FmdC9jb25maWcvdGVycmFmb3JtL29yZy1uYW1lIiAtLXF1ZXJ5ICJQYXJhbWV0ZXIuVmFsdWUiIC0tb3V0cHV0IHRleHQpCiAgICAgICAgICAgIFRGX1RPS0VOPSQoYXdzIHNzbSBnZXQtcGFyYW1ldGVyIC0tbmFtZSAiL2FmdC9jb25maWcvdGVycmFmb3JtL3Rva2VuIiAtLXdpdGgtZGVjcnlwdGlvbiAtLXF1ZXJ5ICJQYXJhbWV0ZXIuVmFsdWUiIC0tb3V0cHV0IHRleHQpCiAgICAgICAgICAgIFRGX0VORFBPSU5UPSQoYXdzIHNzbSBnZXQtcGFyYW1ldGVyIC0tbmFtZSAiL2FmdC9jb25maWcvdGVycmFmb3JtL2FwaS1lbmRwb2ludCIgLS1xdWVyeSAiUGFyYW1ldGVyLlZhbHVlIiAtLW91dHB1dCB0ZXh0KQogICAgICAgICAgICBURl9XT1JLU1BBQ0VfTkFNRT0kVkVOREVEX0FDQ09VTlRfSUQtYWZ0LWFjY291bnQtY3VzdG9taXphdGlvbnMKICAgICAgICAgICAgVEZfQ09ORklHX1BBVEg9Ii4vdGVtcF9jb25maWd1cmF0aW9uX2ZpbGUudGFyLmd6IgoKICAgICAgICAgICAgY2QgJERFRkFVTFRfUEFUSC8kQ1VTVE9NSVpBVElPTi90ZXJyYWZvcm0KICAgICAgICAgICAgZm9yIGYgaW4gKi5qaW5qYTsgZG8gamluamEyICRmIC1EIHRpbWVzdGFtcD0iJFRJTUVTVEFNUCIgLUQgcHJvdmlkZXJfcmVnaW9uPSRDVF9NR01UX1JFR0lPTiAtRCB0Zl9kaXN0cmlidXRpb25fdHlwZT0kVEZfRElTVFJJQlVUSU9OIC1EIGFmdF9hZG1pbl9yb2xlX2Fybj0kQUZUX0VYRUNfUk9MRV9BUk4gLUQgdGFyZ2V0X2FkbWluX3JvbGVfYXJuPSRWRU5ERURfRVhFQ19ST0xFX0FSTiAtRCB0ZXJyYWZvcm1fb3JnX25hbWU9JFRGX09SR19OQU1FIC1EIHRlcnJhZm9ybV93b3Jrc3BhY2VfbmFtZT0kVEZfV09SS1NQQUNFX05BTUUgID4+IC4vJChiYXNlbmFtZSAkZiAuamluamEpLnRmOyBkb25lCiAgICAgICAgICAgIGZvciBmIGluICoudGY7IGRvIGVjaG8gIlxuIFxuIjsgZWNobyAkZjsgY2F0ICRmOyBkb25lCiAgICAgICAgICAgIAogICAgICAgICAgICBjZCAkREVGQVVMVF9QQVRILyRDVVNUT01JWkFUSU9OCiAgICAgICAgICAgIHRhciAtY3pmIHRlbXBfY29uZmlndXJhdGlvbl9maWxlLnRhci5neiAtQyB0ZXJyYWZvcm0gLS1leGNsdWRlIC5naXQgLS1leGNsdWRlIHZlbnYgLgogICAgICAgICAgICBweXRob24zICRERUZBVUxUX1BBVEgvYXdzLWFmdC1jb3JlLWZyYW1ld29yay9zb3VyY2VzL3NjcmlwdHMvd29ya3NwYWNlX21hbmFnZXIucHkgLS1vcGVyYXRpb24gImRlcGxveSIgLS1vcmdhbml6YXRpb25fbmFtZSAkVEZfT1JHX05BTUUgLS13b3Jrc3BhY2VfbmFtZSAkVEZfV09SS1NQQUNFX05BTUUgLS1hc3N1bWVfcm9sZV9hcm4gJEFGVF9BRE1JTl9ST0xFX0FSTiAtLWFzc3VtZV9yb2xlX3Nlc3Npb25fbmFtZSAkUk9MRV9TRVNTSU9OX05BTUUgLS1hcGlfZW5kcG9pbnQgJFRGX0VORFBPSU5UIC0tYXBpX3Rva2VuICRURl9UT0tFTiAtLXRlcnJhZm9ybV92ZXJzaW9uICRURl9WRVJTSU9OIC0tY29uZmlnX2ZpbGUgJFRGX0NPTkZJR19QQVRICiAgICAgICAgICBmaQogICAgICAgIGZpCiAgcG9zdF9idWlsZDoKICAgIG9uLWZhaWx1cmU6IEFCT1JUCiAgICBjb21tYW5kczoKICAgICAgLSB8CiAgICAgICAgaWYgW1sgISAteiAiJENVU1RPTUlaQVRJT04iIF1dOyB0aGVuCiAgICAgICAgICBleHBvcnQgUFlUSE9OUEFUSD0iJERFRkFVTFRfUEFUSC9hd3MtYWZ0LWNvcmUtZnJhbWV3b3JrL3NvdXJjZXMvYWZ0LWxhbWJkYS1sYXllcjokUFlUSE9OUEFUSCIKICAgICAgICAgIGV4cG9ydCBBV1NfUFJPRklMRT1hZnQtbWFuYWdlbWVudAogICAgICAgICAgcHl0aG9uMyAkREVGQVVMVF9QQVRIL2F3cy1hZnQtY29yZS1mcmFtZXdvcmsvc291cmNlcy9hZnQtbGFtYmRhLWxheWVyL2FmdF9jb21tb24vbWV0cmljcy5weSAtLWNvZGVidWlsZC1uYW1lICJhZnQtYWNjb3VudC1jdXN0b21pemF0aW9ucyIgLS1jb2RlYnVpbGQtc3RhdHVzICRDT0RFQlVJTERfQlVJTERfU1VDQ0VFRElORwogICAgICAgICAgdW5zZXQgQVdTX1BST0ZJTEUKICAgICAgICBmaQogICAgICAtIHwKICAgICAgICBpZiBbWyAkQ09ERUJVSUxEX0JVSUxEX1NVQ0NFRURJTkcgPT0gMCBdXTsgdGhlbgogICAgICAgICAgZXhpdCAxCiAgICAgICAgZmkKICAgICAgLSB8CiAgICAgICAgaWYgW1sgISAteiAiJENVU1RPTUlaQVRJT04iIF1dOyB0aGVuIAogICAgICAgICAgc291cmNlICRERUZBVUxUX1BBVEgvYXBpLWhlbHBlcnMtdmVudi9iaW4vYWN0aXZhdGUKICAgICAgICAgIGV4cG9ydCBBV1NfUFJPRklMRT1hZnQtdGFyZ2V0CiAgICAgICAgICAkREVGQVVMVF9QQVRILyRDVVNUT01JWkFUSU9OL2FwaV9oZWxwZXJzL3Bvc3QtYXBpLWhlbHBlcnMuc2gKICAgICAgICBmaQo=",
            "content_base64sha256": "zF106EqyHjg1RjZaw3Lr7gyylzFGS0tmJgCX6A7Bp8k=",
            "content_base64sha512": "hg0E/XsDQZJFAp0gj0fyk56keA0SmnLtPxLa4eiFEuSw1nWkrvSl+DPFq7o4rrMwwTjjXJERVYPn3T7G0hd3GQ==",
            "content_md5": "7f718d8cefeef03cceaf7aa87c9ae130",
            "content_sha1": "0c9481639271c84dd59e9e6c286081029425fc26",
            "content_sha256": "cc5d74e84ab21e383546365ac372ebee0cb29731464b4b66260097e80ec1a7c9",
            "content_sha512": "860d04fd7b03419245029d208f47f2939ea4780d129a72ed3f12dae1e88512e4b0d675a4aef4a5f833c5abba38aeb330c138e35c91115583e7dd3ec6d2177719",
            "filename": ".terraform/modules/aft/modules/aft-customizations/buildspecs/aft-account-customizations-terraform.yml",
            "id": "0c9481639271c84dd59e9e6c286081029425fc26"
          },
          "sensitive_attributes": []
        }
      ]
    },
    {
      "module": "module.aft.module.aft_customizations",
      "mode": "data",
      "type": "local_file",
      "name": "aft_create_pipeline",
      "provider": "provider[\"registry.terraform.io/hashicorp/local\"]",
      "instances": [
        {
          "schema_version": 0,
          "attributes": {
            "content": "# Copyright Amazon.com, Inc. or its affiliates. All rights reserved.\n# SPDX-License-Identifier: Apache-2.0\n#\nversion: 0.2\n\nphases:\n  install:\n    commands:\n      - set -e\n      # Populate Required Variables\n      - DEFAULT_PATH=$(pwd)\n      - TIMESTAMP=$(date '+%Y-%m-%d %H:%M:%S')\n      - TF_S3_BUCKET=$(aws ssm get-parameter --name $SSM_TF_S3_BUCKET --query \"Parameter.Value\" --output text)\n      - TF_S3_KEY=$VENDED_ACCOUNT_ID-customizations-pipeline/terraform.tfstate\n      - TF_BACKEND_REGION=$(aws ssm get-parameter --name $SSM_TF_BACKEND_REGION --query \"Parameter.Value\" --output text)\n      - TF_KMS_KEY_ID=$(aws ssm get-parameter --name $SSM_TF_KMS_KEY_ID --query \"Parameter.Value\" --output text)\n      - TF_DDB_TABLE=$(aws ssm get-parameter --name $SSM_TF_DDB_TABLE --query \"Parameter.Value\" --output text)\n      - TF_VERSION=$(aws ssm get-parameter --name $SSM_TF_VERSION --query \"Parameter.Value\" --output text)\n\n\n      # Configure Development SSH Key\n      - |\n        ssh_key_parameter=$(aws ssm get-parameter --name /aft/config/aft-ssh-key --with-decryption 2\u003e /dev/null || echo \"None\")\n        if [[ $ssh_key_parameter != \"None\" ]]; then\n          ssh_key=$(jq --raw-output \".Parameter.Value\" \u003c\u003c\u003c $ssh_key_parameter)\n          mkdir -p ~/.ssh\n          echo \"Host *\" \u003e\u003e ~/.ssh/config\n          echo \"StrictHostKeyChecking no\" \u003e\u003e ~/.ssh/config\n          echo \"UserKnownHostsFile=/dev/null\" \u003e\u003e ~/.ssh/config\n          echo \"$ssh_key\" \u003e ~/.ssh/ssh_key\n          echo -e \"\\n\\n\" \u003e\u003e  ~/.ssh/ssh_key\n          chmod 600 ~/.ssh/ssh_key\n          eval \"$(ssh-agent -s)\"\n          ssh-add ~/.ssh/ssh_key\n        fi\n\n      # Clone AFT\n      - AWS_MODULE_SOURCE=$(aws ssm get-parameter --name $SSM_AWS_MODULE_SOURCE --query \"Parameter.Value\" --output text)\n      - AWS_MODULE_GIT_REF=$(aws ssm get-parameter --name $SSM_AWS_MODULE_GIT_REF --query \"Parameter.Value\" --output text)\n      - git config --global credential.helper '!aws codecommit credential-helper $@'\n      - git config --global credential.UseHttpPath true\n      - git clone --quiet -b $AWS_MODULE_GIT_REF $AWS_MODULE_SOURCE aws-aft-core-framework\n\n      # Generate session profiles\n      - chmod +x $DEFAULT_PATH/aws-aft-core-framework/sources/scripts/creds.sh\n      - $DEFAULT_PATH/aws-aft-core-framework/sources/scripts/creds.sh\n\n      # Install Terraform\n      - cd /tmp\n      - echo \"Installing Terraform\"\n      - curl -q -o terraform_${TF_VERSION}_linux_amd64.zip https://releases.hashicorp.com/terraform/${TF_VERSION}/terraform_${TF_VERSION}_linux_amd64.zip\n      - unzip -q -o terraform_${TF_VERSION}_linux_amd64.zip \u0026\u0026 mv terraform /usr/bin\n      - terraform --version\n\n      # Install Python Dependencies\n      - python3 -m venv ./venv\n      - source ./venv/bin/activate\n      - pip install pip==22.1.2\n      - pip install jinja2-cli==0.7.0 Jinja2==3.0.1\n\n  pre_build:\n    on-failure: ABORT\n    commands:\n      - cd $DEFAULT_PATH/aws-aft-core-framework/sources/aft-customizations-common/templates/customizations_pipeline\n      - for f in *.jinja; do jinja2 $f -D timestamp=\"$TIMESTAMP\" -D region=$TF_BACKEND_REGION -D bucket=$TF_S3_BUCKET -D key=$TF_S3_KEY -D dynamodb_table=$TF_DDB_TABLE -D kms_key_id=$TF_KMS_KEY_ID \u003e\u003e $(basename $f .jinja).tf; done\n      - for f in *.tf; do echo \"\\n \\n\"; echo $f; cat $f; done\n  build:\n    on-failure: ABORT\n    commands:\n      - export AWS_PROFILE=aft-management-admin\n      - terraform init -no-color\n      - terraform apply -var=\"account_id=$VENDED_ACCOUNT_ID\" -no-color --auto-approve\n",
            "content_base64": "IyBDb3B5cmlnaHQgQW1hem9uLmNvbSwgSW5jLiBvciBpdHMgYWZmaWxpYXRlcy4gQWxsIHJpZ2h0cyByZXNlcnZlZC4KIyBTUERYLUxpY2Vuc2UtSWRlbnRpZmllcjogQXBhY2hlLTIuMAojCnZlcnNpb246IDAuMgoKcGhhc2VzOgogIGluc3RhbGw6CiAgICBjb21tYW5kczoKICAgICAgLSBzZXQgLWUKICAgICAgIyBQb3B1bGF0ZSBSZXF1aXJlZCBWYXJpYWJsZXMKICAgICAgLSBERUZBVUxUX1BBVEg9JChwd2QpCiAgICAgIC0gVElNRVNUQU1QPSQoZGF0ZSAnKyVZLSVtLSVkICVIOiVNOiVTJykKICAgICAgLSBURl9TM19CVUNLRVQ9JChhd3Mgc3NtIGdldC1wYXJhbWV0ZXIgLS1uYW1lICRTU01fVEZfUzNfQlVDS0VUIC0tcXVlcnkgIlBhcmFtZXRlci5WYWx1ZSIgLS1vdXRwdXQgdGV4dCkKICAgICAgLSBURl9TM19LRVk9JFZFTkRFRF9BQ0NPVU5UX0lELWN1c3RvbWl6YXRpb25zLXBpcGVsaW5lL3RlcnJhZm9ybS50ZnN0YXRlCiAgICAgIC0gVEZfQkFDS0VORF9SRUdJT049JChhd3Mgc3NtIGdldC1wYXJhbWV0ZXIgLS1uYW1lICRTU01fVEZfQkFDS0VORF9SRUdJT04gLS1xdWVyeSAiUGFyYW1ldGVyLlZhbHVlIiAtLW91dHB1dCB0ZXh0KQogICAgICAtIFRGX0tNU19LRVlfSUQ9JChhd3Mgc3NtIGdldC1wYXJhbWV0ZXIgLS1uYW1lICRTU01fVEZfS01TX0tFWV9JRCAtLXF1ZXJ5ICJQYXJhbWV0ZXIuVmFsdWUiIC0tb3V0cHV0IHRleHQpCiAgICAgIC0gVEZfRERCX1RBQkxFPSQoYXdzIHNzbSBnZXQtcGFyYW1ldGVyIC0tbmFtZSAkU1NNX1RGX0REQl9UQUJMRSAtLXF1ZXJ5ICJQYXJhbWV0ZXIuVmFsdWUiIC0tb3V0cHV0IHRleHQpCiAgICAgIC0gVEZfVkVSU0lPTj0kKGF3cyBzc20gZ2V0LXBhcmFtZXRlciAtLW5hbWUgJFNTTV9URl9WRVJTSU9OIC0tcXVlcnkgIlBhcmFtZXRlci5WYWx1ZSIgLS1vdXRwdXQgdGV4dCkKCgogICAgICAjIENvbmZpZ3VyZSBEZXZlbG9wbWVudCBTU0ggS2V5CiAgICAgIC0gfAogICAgICAgIHNzaF9rZXlfcGFyYW1ldGVyPSQoYXdzIHNzbSBnZXQtcGFyYW1ldGVyIC0tbmFtZSAvYWZ0L2NvbmZpZy9hZnQtc3NoLWtleSAtLXdpdGgtZGVjcnlwdGlvbiAyPiAvZGV2L251bGwgfHwgZWNobyAiTm9uZSIpCiAgICAgICAgaWYgW1sgJHNzaF9rZXlfcGFyYW1ldGVyICE9ICJOb25lIiBdXTsgdGhlbgogICAgICAgICAgc3NoX2tleT0kKGpxIC0tcmF3LW91dHB1dCAiLlBhcmFtZXRlci5WYWx1ZSIgPDw8ICRzc2hfa2V5X3BhcmFtZXRlcikKICAgICAgICAgIG1rZGlyIC1wIH4vLnNzaAogICAgICAgICAgZWNobyAiSG9zdCAqIiA+PiB+Ly5zc2gvY29uZmlnCiAgICAgICAgICBlY2hvICJTdHJpY3RIb3N0S2V5Q2hlY2tpbmcgbm8iID4+IH4vLnNzaC9jb25maWcKICAgICAgICAgIGVjaG8gIlVzZXJLbm93bkhvc3RzRmlsZT0vZGV2L251bGwiID4+IH4vLnNzaC9jb25maWcKICAgICAgICAgIGVjaG8gIiRzc2hfa2V5IiA+IH4vLnNzaC9zc2hfa2V5CiAgICAgICAgICBlY2hvIC1lICJcblxuIiA+PiAgfi8uc3NoL3NzaF9rZXkKICAgICAgICAgIGNobW9kIDYwMCB+Ly5zc2gvc3NoX2tleQogICAgICAgICAgZXZhbCAiJChzc2gtYWdlbnQgLXMpIgogICAgICAgICAgc3NoLWFkZCB+Ly5zc2gvc3NoX2tleQogICAgICAgIGZpCgogICAgICAjIENsb25lIEFGVAogICAgICAtIEFXU19NT0RVTEVfU09VUkNFPSQoYXdzIHNzbSBnZXQtcGFyYW1ldGVyIC0tbmFtZSAkU1NNX0FXU19NT0RVTEVfU09VUkNFIC0tcXVlcnkgIlBhcmFtZXRlci5WYWx1ZSIgLS1vdXRwdXQgdGV4dCkKICAgICAgLSBBV1NfTU9EVUxFX0dJVF9SRUY9JChhd3Mgc3NtIGdldC1wYXJhbWV0ZXIgLS1uYW1lICRTU01fQVdTX01PRFVMRV9HSVRfUkVGIC0tcXVlcnkgIlBhcmFtZXRlci5WYWx1ZSIgLS1vdXRwdXQgdGV4dCkKICAgICAgLSBnaXQgY29uZmlnIC0tZ2xvYmFsIGNyZWRlbnRpYWwuaGVscGVyICchYXdzIGNvZGVjb21taXQgY3JlZGVudGlhbC1oZWxwZXIgJEAnCiAgICAgIC0gZ2l0IGNvbmZpZyAtLWdsb2JhbCBjcmVkZW50aWFsLlVzZUh0dHBQYXRoIHRydWUKICAgICAgLSBnaXQgY2xvbmUgLS1xdWlldCAtYiAkQVdTX01PRFVMRV9HSVRfUkVGICRBV1NfTU9EVUxFX1NPVVJDRSBhd3MtYWZ0LWNvcmUtZnJhbWV3b3JrCgogICAgICAjIEdlbmVyYXRlIHNlc3Npb24gcHJvZmlsZXMKICAgICAgLSBjaG1vZCAreCAkREVGQVVMVF9QQVRIL2F3cy1hZnQtY29yZS1mcmFtZXdvcmsvc291cmNlcy9zY3JpcHRzL2NyZWRzLnNoCiAgICAgIC0gJERFRkFVTFRfUEFUSC9hd3MtYWZ0LWNvcmUtZnJhbWV3b3JrL3NvdXJjZXMvc2NyaXB0cy9jcmVkcy5zaAoKICAgICAgIyBJbnN0YWxsIFRlcnJhZm9ybQogICAgICAtIGNkIC90bXAKICAgICAgLSBlY2hvICJJbnN0YWxsaW5nIFRlcnJhZm9ybSIKICAgICAgLSBjdXJsIC1xIC1vIHRlcnJhZm9ybV8ke1RGX1ZFUlNJT059X2xpbnV4X2FtZDY0LnppcCBodHRwczovL3JlbGVhc2VzLmhhc2hpY29ycC5jb20vdGVycmFmb3JtLyR7VEZfVkVSU0lPTn0vdGVycmFmb3JtXyR7VEZfVkVSU0lPTn1fbGludXhfYW1kNjQuemlwCiAgICAgIC0gdW56aXAgLXEgLW8gdGVycmFmb3JtXyR7VEZfVkVSU0lPTn1fbGludXhfYW1kNjQuemlwICYmIG12IHRlcnJhZm9ybSAvdXNyL2JpbgogICAgICAtIHRlcnJhZm9ybSAtLXZlcnNpb24KCiAgICAgICMgSW5zdGFsbCBQeXRob24gRGVwZW5kZW5jaWVzCiAgICAgIC0gcHl0aG9uMyAtbSB2ZW52IC4vdmVudgogICAgICAtIHNvdXJjZSAuL3ZlbnYvYmluL2FjdGl2YXRlCiAgICAgIC0gcGlwIGluc3RhbGwgcGlwPT0yMi4xLjIKICAgICAgLSBwaXAgaW5zdGFsbCBqaW5qYTItY2xpPT0wLjcuMCBKaW5qYTI9PTMuMC4xCgogIHByZV9idWlsZDoKICAgIG9uLWZhaWx1cmU6IEFCT1JUCiAgICBjb21tYW5kczoKICAgICAgLSBjZCAkREVGQVVMVF9QQVRIL2F3cy1hZnQtY29yZS1mcmFtZXdvcmsvc291cmNlcy9hZnQtY3VzdG9taXphdGlvbnMtY29tbW9uL3RlbXBsYXRlcy9jdXN0b21pemF0aW9uc19waXBlbGluZQogICAgICAtIGZvciBmIGluICouamluamE7IGRvIGppbmphMiAkZiAtRCB0aW1lc3RhbXA9IiRUSU1FU1RBTVAiIC1EIHJlZ2lvbj0kVEZfQkFDS0VORF9SRUdJT04gLUQgYnVja2V0PSRURl9TM19CVUNLRVQgLUQga2V5PSRURl9TM19LRVkgLUQgZHluYW1vZGJfdGFibGU9JFRGX0REQl9UQUJMRSAtRCBrbXNfa2V5X2lkPSRURl9LTVNfS0VZX0lEID4+ICQoYmFzZW5hbWUgJGYgLmppbmphKS50ZjsgZG9uZQogICAgICAtIGZvciBmIGluICoudGY7IGRvIGVjaG8gIlxuIFxuIjsgZWNobyAkZjsgY2F0ICRmOyBkb25lCiAgYnVpbGQ6CiAgICBvbi1mYWlsdXJlOiBBQk9SVAogICAgY29tbWFuZHM6CiAgICAgIC0gZXhwb3J0IEFXU19QUk9GSUxFPWFmdC1tYW5hZ2VtZW50LWFkbWluCiAgICAgIC0gdGVycmFmb3JtIGluaXQgLW5vLWNvbG9yCiAgICAgIC0gdGVycmFmb3JtIGFwcGx5IC12YXI9ImFjY291bnRfaWQ9JFZFTkRFRF9BQ0NPVU5UX0lEIiAtbm8tY29sb3IgLS1hdXRvLWFwcHJvdmUK",
            "content_base64sha256": "VcP+LmwCtr1EZYDSLdk0bvTvquiH/oynwvrbSu7S5qI=",
            "content_base64sha512": "8dqUjXOOf5ZEI20a2FDGjPTwjDXmr5j7MuWxxUrPRXDNXCc9rc7XM7sx9ZEfQgKyJCDuDyDB9WquiwbQmRR7GQ==",
            "content_md5": "d46a0d7b64fc8132ec7b0484102242ad",
            "content_sha1": "fb253e19f18418f01ac015e7ea0cca40061b06fa",
            "content_sha256": "55c3fe2e6c02b6bd446580d22dd9346ef4efaae887fe8ca7c2fadb4aeed2e6a2",
            "content_sha512": "f1da948d738e7f9644236d1ad850c68cf4f08c35e6af98fb32e5b1c54acf4570cd5c273dadced733bb31f5911f4202b22420ee0f20c1f56aae8b06d099147b19",
            "filename": ".terraform/modules/aft/modules/aft-customizations/buildspecs/aft-create-pipeline.yml",
            "id": "fb253e19f18418f01ac015e7ea0cca40061b06fa"
          },
          "sensitive_attributes": []
        }
      ]
    },
    {
      "module": "module.aft.module.aft_customizations",
      "mode": "data",
      "type": "local_file",
      "name": "aft_global_customizations_terraform",
      "provider": "provider[\"registry.terraform.io/hashicorp/local\"]",
      "instances": [
        {
          "schema_version": 0,
          "attributes": {
            "content": "# Copyright Amazon.com, Inc. or its affiliates. All rights reserved.\n# SPDX-License-Identifier: Apache-2.0\n#\nversion: 0.2\n\nphases:\n  install:\n    commands:\n      - set -e\n      # Populate Required Variables\n      - DEFAULT_PATH=$(pwd)\n      - TIMESTAMP=$(date '+%Y-%m-%d %H:%M:%S')\n      - TF_VERSION=$(aws ssm get-parameter --name \"/aft/config/terraform/version\" --query \"Parameter.Value\" --output text)\n      - TF_DISTRIBUTION=$(aws ssm get-parameter --name \"/aft/config/terraform/distribution\" --query \"Parameter.Value\" --output text)\n      - CT_MGMT_REGION=$(aws ssm get-parameter --name \"/aft/config/ct-management-region\" --query \"Parameter.Value\" --output text)\n      - AFT_MGMT_ACCOUNT=$(aws ssm get-parameter --name \"/aft/account/aft-management/account-id\" --query \"Parameter.Value\" --output text)\n      - AFT_EXEC_ROLE_ARN=arn:$AWS_PARTITION:iam::$AFT_MGMT_ACCOUNT:role/AWSAFTExecution\n      - VENDED_EXEC_ROLE_ARN=arn:$AWS_PARTITION:iam::$VENDED_ACCOUNT_ID:role/AWSAFTExecution\n      - AFT_ADMIN_ROLE_NAME=$(aws ssm get-parameter --name /aft/resources/iam/aft-administrator-role-name | jq --raw-output \".Parameter.Value\")\n      - AFT_ADMIN_ROLE_ARN=arn:$AWS_PARTITION:iam::$AFT_MGMT_ACCOUNT:role/$AFT_ADMIN_ROLE_NAME\n      - ROLE_SESSION_NAME=$(aws ssm get-parameter --name /aft/resources/iam/aft-session-name | jq --raw-output \".Parameter.Value\")\n\n      # Configure Development SSH Key\n      - |\n        ssh_key_parameter=$(aws ssm get-parameter --name /aft/config/aft-ssh-key --with-decryption 2\u003e /dev/null || echo \"None\")\n        if [[ $ssh_key_parameter != \"None\" ]]; then\n          ssh_key=$(jq --raw-output \".Parameter.Value\" \u003c\u003c\u003c $ssh_key_parameter)\n          mkdir -p ~/.ssh\n          echo \"Host *\" \u003e\u003e ~/.ssh/config\n          echo \"StrictHostKeyChecking no\" \u003e\u003e ~/.ssh/config\n          echo \"UserKnownHostsFile=/dev/null\" \u003e\u003e ~/.ssh/config\n          echo \"$ssh_key\" \u003e ~/.ssh/ssh_key\n          echo -e \"\\n\\n\" \u003e\u003e  ~/.ssh/ssh_key\n          chmod 600 ~/.ssh/ssh_key\n          eval \"$(ssh-agent -s)\"\n          ssh-add ~/.ssh/ssh_key\n        fi\n\n      # Clone AFT\n      - AWS_MODULE_SOURCE=$(aws ssm get-parameter --name \"/aft/config/aft-pipeline-code-source/repo-url\" --query \"Parameter.Value\" --output text)\n      - AWS_MODULE_GIT_REF=$(aws ssm get-parameter --name \"/aft/config/aft-pipeline-code-source/repo-git-ref\" --query \"Parameter.Value\" --output text)\n      - git config --global credential.helper '!aws codecommit credential-helper $@'\n      - git config --global credential.UseHttpPath true\n      - git clone --quiet -b $AWS_MODULE_GIT_REF $AWS_MODULE_SOURCE aws-aft-core-framework\n\n      # Generate session profiles\n      - chmod +x $DEFAULT_PATH/aws-aft-core-framework/sources/scripts/creds.sh\n      - $DEFAULT_PATH/aws-aft-core-framework/sources/scripts/creds.sh\n\n      # Install AFT Python Dependencies\n      - python3 -m venv $DEFAULT_PATH/aft-venv\n      - $DEFAULT_PATH/aft-venv/bin/pip install pip==22.1.2\n      - $DEFAULT_PATH/aft-venv/bin/pip install jinja2-cli==0.7.0 Jinja2==3.0.1 MarkupSafe==2.0.1 boto3==1.18.56 requests==2.26.0\n\n      # Install API Helper Python Dependencies\n      - python3 -m venv $DEFAULT_PATH/api-helpers-venv\n      - $DEFAULT_PATH/api-helpers-venv/bin/pip install -r $DEFAULT_PATH/api_helpers/python/requirements.txt\n\n      # Mark helper scripts as executable\n      - chmod +x $DEFAULT_PATH/api_helpers/pre-api-helpers.sh\n      - chmod +x $DEFAULT_PATH/api_helpers/post-api-helpers.sh\n      \n  pre_build:\n    on-failure: ABORT\n    commands:\n      - source $DEFAULT_PATH/api-helpers-venv/bin/activate\n      - export AWS_PROFILE=aft-target\n      - $DEFAULT_PATH/api_helpers/pre-api-helpers.sh\n      - unset AWS_PROFILE\n\n  build:\n    on-failure: CONTINUE\n    commands:\n      # Apply customizations\n      - source $DEFAULT_PATH/aft-venv/bin/activate\n      - |\n        if [ $TF_DISTRIBUTION = \"oss\" ]; then\n          TF_BACKEND_REGION=$(aws ssm get-parameter --name \"/aft/config/oss-backend/primary-region\" --query \"Parameter.Value\" --output text)\n          TF_KMS_KEY_ID=$(aws ssm get-parameter --name \"/aft/config/oss-backend/kms-key-id\" --query \"Parameter.Value\" --output text)\n          TF_DDB_TABLE=$(aws ssm get-parameter --name \"/aft/config/oss-backend/table-id\" --query \"Parameter.Value\" --output text)\n          TF_S3_BUCKET=$(aws ssm get-parameter --name \"/aft/config/oss-backend/bucket-id\" --query \"Parameter.Value\" --output text)\n          TF_S3_KEY=$VENDED_ACCOUNT_ID-aft-global-customizations/terraform.tfstate\n\n          cd /tmp\n          echo \"Installing Terraform\"\n          curl -q -o terraform_${TF_VERSION}_linux_amd64.zip https://releases.hashicorp.com/terraform/${TF_VERSION}/terraform_${TF_VERSION}_linux_amd64.zip\n          mkdir -p /opt/aft/bin\n          unzip -q -o terraform_${TF_VERSION}_linux_amd64.zip\n          mv terraform /opt/aft/bin\n          /opt/aft/bin/terraform -no-color --version\n\n          # Move back to customization module\n          cd $DEFAULT_PATH/terraform\n          for f in *.jinja; do jinja2 $f -D timestamp=\"$TIMESTAMP\" -D tf_distribution_type=$TF_DISTRIBUTION -D provider_region=$CT_MGMT_REGION -D region=$TF_BACKEND_REGION -D aft_admin_role_arn=$AFT_EXEC_ROLE_ARN -D target_admin_role_arn=$VENDED_EXEC_ROLE_ARN -D bucket=$TF_S3_BUCKET -D key=$TF_S3_KEY -D dynamodb_table=$TF_DDB_TABLE -D kms_key_id=$TF_KMS_KEY_ID \u003e\u003e ./$(basename $f .jinja).tf; done\n          for f in *.tf; do echo \"\\n \\n\"; echo $f; cat $f; done\n\n          cd $DEFAULT_PATH/terraform\n          export AWS_PROFILE=aft-management-admin\n          /opt/aft/bin/terraform init -no-color\n          /opt/aft/bin/terraform apply -no-color --auto-approve\n        else\n          TF_ORG_NAME=$(aws ssm get-parameter --name \"/aft/config/terraform/org-name\" --query \"Parameter.Value\" --output text)\n          TF_TOKEN=$(aws ssm get-parameter --name \"/aft/config/terraform/token\" --with-decryption --query \"Parameter.Value\" --output text)\n          TF_ENDPOINT=$(aws ssm get-parameter --name \"/aft/config/terraform/api-endpoint\" --query \"Parameter.Value\" --output text)\n          TF_WORKSPACE_NAME=$VENDED_ACCOUNT_ID-aft-global-customizations\n          TF_CONFIG_PATH=\"./temp_configuration_file.tar.gz\"\n          cd $DEFAULT_PATH/terraform\n          for f in *.jinja; do jinja2 $f -D timestamp=\"$TIMESTAMP\" -D provider_region=$CT_MGMT_REGION -D tf_distribution_type=$TF_DISTRIBUTION -D aft_admin_role_arn=$AFT_EXEC_ROLE_ARN -D target_admin_role_arn=$VENDED_EXEC_ROLE_ARN -D terraform_org_name=$TF_ORG_NAME -D terraform_workspace_name=$TF_WORKSPACE_NAME  \u003e\u003e ./$(basename $f .jinja).tf; done\n          for f in *.tf; do echo \"\\n \\n\"; echo $f; cat $f; done\n          cd $DEFAULT_PATH\n          tar -czf temp_configuration_file.tar.gz -C terraform --exclude .git --exclude venv .\n          python3 $DEFAULT_PATH/aws-aft-core-framework/sources/scripts/workspace_manager.py --operation \"deploy\" --organization_name $TF_ORG_NAME --workspace_name $TF_WORKSPACE_NAME --assume_role_arn $AFT_ADMIN_ROLE_ARN --assume_role_session_name $ROLE_SESSION_NAME --api_endpoint $TF_ENDPOINT --api_token $TF_TOKEN --terraform_version $TF_VERSION --config_file $TF_CONFIG_PATH\n        fi\n\n  post_build:\n    on-failure: ABORT\n    commands:\n      - export PYTHONPATH=\"$DEFAULT_PATH/aws-aft-core-framework/sources/aft-lambda-layer:$PYTHONPATH\"\n      - export AWS_PROFILE=aft-management\n      - python3 $DEFAULT_PATH/aws-aft-core-framework/sources/aft-lambda-layer/aft_common/metrics.py --codebuild-name \"aft-global-customizations\" --codebuild-status $CODEBUILD_BUILD_SUCCEEDING\n      - unset AWS_PROFILE\n      - |\n        if [[ $CODEBUILD_BUILD_SUCCEEDING == 0 ]]; then\n          exit 1\n        fi\n      - source $DEFAULT_PATH/api-helpers-venv/bin/activate\n      - export AWS_PROFILE=aft-target\n      - $DEFAULT_PATH/api_helpers/post-api-helpers.sh\n",
            "content_base64": "IyBDb3B5cmlnaHQgQW1hem9uLmNvbSwgSW5jLiBvciBpdHMgYWZmaWxpYXRlcy4gQWxsIHJpZ2h0cyByZXNlcnZlZC4KIyBTUERYLUxpY2Vuc2UtSWRlbnRpZmllcjogQXBhY2hlLTIuMAojCnZlcnNpb246IDAuMgoKcGhhc2VzOgogIGluc3RhbGw6CiAgICBjb21tYW5kczoKICAgICAgLSBzZXQgLWUKICAgICAgIyBQb3B1bGF0ZSBSZXF1aXJlZCBWYXJpYWJsZXMKICAgICAgLSBERUZBVUxUX1BBVEg9JChwd2QpCiAgICAgIC0gVElNRVNUQU1QPSQoZGF0ZSAnKyVZLSVtLSVkICVIOiVNOiVTJykKICAgICAgLSBURl9WRVJTSU9OPSQoYXdzIHNzbSBnZXQtcGFyYW1ldGVyIC0tbmFtZSAiL2FmdC9jb25maWcvdGVycmFmb3JtL3ZlcnNpb24iIC0tcXVlcnkgIlBhcmFtZXRlci5WYWx1ZSIgLS1vdXRwdXQgdGV4dCkKICAgICAgLSBURl9ESVNUUklCVVRJT049JChhd3Mgc3NtIGdldC1wYXJhbWV0ZXIgLS1uYW1lICIvYWZ0L2NvbmZpZy90ZXJyYWZvcm0vZGlzdHJpYnV0aW9uIiAtLXF1ZXJ5ICJQYXJhbWV0ZXIuVmFsdWUiIC0tb3V0cHV0IHRleHQpCiAgICAgIC0gQ1RfTUdNVF9SRUdJT049JChhd3Mgc3NtIGdldC1wYXJhbWV0ZXIgLS1uYW1lICIvYWZ0L2NvbmZpZy9jdC1tYW5hZ2VtZW50LXJlZ2lvbiIgLS1xdWVyeSAiUGFyYW1ldGVyLlZhbHVlIiAtLW91dHB1dCB0ZXh0KQogICAgICAtIEFGVF9NR01UX0FDQ09VTlQ9JChhd3Mgc3NtIGdldC1wYXJhbWV0ZXIgLS1uYW1lICIvYWZ0L2FjY291bnQvYWZ0LW1hbmFnZW1lbnQvYWNjb3VudC1pZCIgLS1xdWVyeSAiUGFyYW1ldGVyLlZhbHVlIiAtLW91dHB1dCB0ZXh0KQogICAgICAtIEFGVF9FWEVDX1JPTEVfQVJOPWFybjokQVdTX1BBUlRJVElPTjppYW06OiRBRlRfTUdNVF9BQ0NPVU5UOnJvbGUvQVdTQUZURXhlY3V0aW9uCiAgICAgIC0gVkVOREVEX0VYRUNfUk9MRV9BUk49YXJuOiRBV1NfUEFSVElUSU9OOmlhbTo6JFZFTkRFRF9BQ0NPVU5UX0lEOnJvbGUvQVdTQUZURXhlY3V0aW9uCiAgICAgIC0gQUZUX0FETUlOX1JPTEVfTkFNRT0kKGF3cyBzc20gZ2V0LXBhcmFtZXRlciAtLW5hbWUgL2FmdC9yZXNvdXJjZXMvaWFtL2FmdC1hZG1pbmlzdHJhdG9yLXJvbGUtbmFtZSB8IGpxIC0tcmF3LW91dHB1dCAiLlBhcmFtZXRlci5WYWx1ZSIpCiAgICAgIC0gQUZUX0FETUlOX1JPTEVfQVJOPWFybjokQVdTX1BBUlRJVElPTjppYW06OiRBRlRfTUdNVF9BQ0NPVU5UOnJvbGUvJEFGVF9BRE1JTl9ST0xFX05BTUUKICAgICAgLSBST0xFX1NFU1NJT05fTkFNRT0kKGF3cyBzc20gZ2V0LXBhcmFtZXRlciAtLW5hbWUgL2FmdC9yZXNvdXJjZXMvaWFtL2FmdC1zZXNzaW9uLW5hbWUgfCBqcSAtLXJhdy1vdXRwdXQgIi5QYXJhbWV0ZXIuVmFsdWUiKQoKICAgICAgIyBDb25maWd1cmUgRGV2ZWxvcG1lbnQgU1NIIEtleQogICAgICAtIHwKICAgICAgICBzc2hfa2V5X3BhcmFtZXRlcj0kKGF3cyBzc20gZ2V0LXBhcmFtZXRlciAtLW5hbWUgL2FmdC9jb25maWcvYWZ0LXNzaC1rZXkgLS13aXRoLWRlY3J5cHRpb24gMj4gL2Rldi9udWxsIHx8IGVjaG8gIk5vbmUiKQogICAgICAgIGlmIFtbICRzc2hfa2V5X3BhcmFtZXRlciAhPSAiTm9uZSIgXV07IHRoZW4KICAgICAgICAgIHNzaF9rZXk9JChqcSAtLXJhdy1vdXRwdXQgIi5QYXJhbWV0ZXIuVmFsdWUiIDw8PCAkc3NoX2tleV9wYXJhbWV0ZXIpCiAgICAgICAgICBta2RpciAtcCB+Ly5zc2gKICAgICAgICAgIGVjaG8gIkhvc3QgKiIgPj4gfi8uc3NoL2NvbmZpZwogICAgICAgICAgZWNobyAiU3RyaWN0SG9zdEtleUNoZWNraW5nIG5vIiA+PiB+Ly5zc2gvY29uZmlnCiAgICAgICAgICBlY2hvICJVc2VyS25vd25Ib3N0c0ZpbGU9L2Rldi9udWxsIiA+PiB+Ly5zc2gvY29uZmlnCiAgICAgICAgICBlY2hvICIkc3NoX2tleSIgPiB+Ly5zc2gvc3NoX2tleQogICAgICAgICAgZWNobyAtZSAiXG5cbiIgPj4gIH4vLnNzaC9zc2hfa2V5CiAgICAgICAgICBjaG1vZCA2MDAgfi8uc3NoL3NzaF9rZXkKICAgICAgICAgIGV2YWwgIiQoc3NoLWFnZW50IC1zKSIKICAgICAgICAgIHNzaC1hZGQgfi8uc3NoL3NzaF9rZXkKICAgICAgICBmaQoKICAgICAgIyBDbG9uZSBBRlQKICAgICAgLSBBV1NfTU9EVUxFX1NPVVJDRT0kKGF3cyBzc20gZ2V0LXBhcmFtZXRlciAtLW5hbWUgIi9hZnQvY29uZmlnL2FmdC1waXBlbGluZS1jb2RlLXNvdXJjZS9yZXBvLXVybCIgLS1xdWVyeSAiUGFyYW1ldGVyLlZhbHVlIiAtLW91dHB1dCB0ZXh0KQogICAgICAtIEFXU19NT0RVTEVfR0lUX1JFRj0kKGF3cyBzc20gZ2V0LXBhcmFtZXRlciAtLW5hbWUgIi9hZnQvY29uZmlnL2FmdC1waXBlbGluZS1jb2RlLXNvdXJjZS9yZXBvLWdpdC1yZWYiIC0tcXVlcnkgIlBhcmFtZXRlci5WYWx1ZSIgLS1vdXRwdXQgdGV4dCkKICAgICAgLSBnaXQgY29uZmlnIC0tZ2xvYmFsIGNyZWRlbnRpYWwuaGVscGVyICchYXdzIGNvZGVjb21taXQgY3JlZGVudGlhbC1oZWxwZXIgJEAnCiAgICAgIC0gZ2l0IGNvbmZpZyAtLWdsb2JhbCBjcmVkZW50aWFsLlVzZUh0dHBQYXRoIHRydWUKICAgICAgLSBnaXQgY2xvbmUgLS1xdWlldCAtYiAkQVdTX01PRFVMRV9HSVRfUkVGICRBV1NfTU9EVUxFX1NPVVJDRSBhd3MtYWZ0LWNvcmUtZnJhbWV3b3JrCgogICAgICAjIEdlbmVyYXRlIHNlc3Npb24gcHJvZmlsZXMKICAgICAgLSBjaG1vZCAreCAkREVGQVVMVF9QQVRIL2F3cy1hZnQtY29yZS1mcmFtZXdvcmsvc291cmNlcy9zY3JpcHRzL2NyZWRzLnNoCiAgICAgIC0gJERFRkFVTFRfUEFUSC9hd3MtYWZ0LWNvcmUtZnJhbWV3b3JrL3NvdXJjZXMvc2NyaXB0cy9jcmVkcy5zaAoKICAgICAgIyBJbnN0YWxsIEFGVCBQeXRob24gRGVwZW5kZW5jaWVzCiAgICAgIC0gcHl0aG9uMyAtbSB2ZW52ICRERUZBVUxUX1BBVEgvYWZ0LXZlbnYKICAgICAgLSAkREVGQVVMVF9QQVRIL2FmdC12ZW52L2Jpbi9waXAgaW5zdGFsbCBwaXA9PTIyLjEuMgogICAgICAtICRERUZBVUxUX1BBVEgvYWZ0LXZlbnYvYmluL3BpcCBpbnN0YWxsIGppbmphMi1jbGk9PTAuNy4wIEppbmphMj09My4wLjEgTWFya3VwU2FmZT09Mi4wLjEgYm90bzM9PTEuMTguNTYgcmVxdWVzdHM9PTIuMjYuMAoKICAgICAgIyBJbnN0YWxsIEFQSSBIZWxwZXIgUHl0aG9uIERlcGVuZGVuY2llcwogICAgICAtIHB5dGhvbjMgLW0gdmVudiAkREVGQVVMVF9QQVRIL2FwaS1oZWxwZXJzLXZlbnYKICAgICAgLSAkREVGQVVMVF9QQVRIL2FwaS1oZWxwZXJzLXZlbnYvYmluL3BpcCBpbnN0YWxsIC1yICRERUZBVUxUX1BBVEgvYXBpX2hlbHBlcnMvcHl0aG9uL3JlcXVpcmVtZW50cy50eHQKCiAgICAgICMgTWFyayBoZWxwZXIgc2NyaXB0cyBhcyBleGVjdXRhYmxlCiAgICAgIC0gY2htb2QgK3ggJERFRkFVTFRfUEFUSC9hcGlfaGVscGVycy9wcmUtYXBpLWhlbHBlcnMuc2gKICAgICAgLSBjaG1vZCAreCAkREVGQVVMVF9QQVRIL2FwaV9oZWxwZXJzL3Bvc3QtYXBpLWhlbHBlcnMuc2gKICAgICAgCiAgcHJlX2J1aWxkOgogICAgb24tZmFpbHVyZTogQUJPUlQKICAgIGNvbW1hbmRzOgogICAgICAtIHNvdXJjZSAkREVGQVVMVF9QQVRIL2FwaS1oZWxwZXJzLXZlbnYvYmluL2FjdGl2YXRlCiAgICAgIC0gZXhwb3J0IEFXU19QUk9GSUxFPWFmdC10YXJnZXQKICAgICAgLSAkREVGQVVMVF9QQVRIL2FwaV9oZWxwZXJzL3ByZS1hcGktaGVscGVycy5zaAogICAgICAtIHVuc2V0IEFXU19QUk9GSUxFCgogIGJ1aWxkOgogICAgb24tZmFpbHVyZTogQ09OVElOVUUKICAgIGNvbW1hbmRzOgogICAgICAjIEFwcGx5IGN1c3RvbWl6YXRpb25zCiAgICAgIC0gc291cmNlICRERUZBVUxUX1BBVEgvYWZ0LXZlbnYvYmluL2FjdGl2YXRlCiAgICAgIC0gfAogICAgICAgIGlmIFsgJFRGX0RJU1RSSUJVVElPTiA9ICJvc3MiIF07IHRoZW4KICAgICAgICAgIFRGX0JBQ0tFTkRfUkVHSU9OPSQoYXdzIHNzbSBnZXQtcGFyYW1ldGVyIC0tbmFtZSAiL2FmdC9jb25maWcvb3NzLWJhY2tlbmQvcHJpbWFyeS1yZWdpb24iIC0tcXVlcnkgIlBhcmFtZXRlci5WYWx1ZSIgLS1vdXRwdXQgdGV4dCkKICAgICAgICAgIFRGX0tNU19LRVlfSUQ9JChhd3Mgc3NtIGdldC1wYXJhbWV0ZXIgLS1uYW1lICIvYWZ0L2NvbmZpZy9vc3MtYmFja2VuZC9rbXMta2V5LWlkIiAtLXF1ZXJ5ICJQYXJhbWV0ZXIuVmFsdWUiIC0tb3V0cHV0IHRleHQpCiAgICAgICAgICBURl9EREJfVEFCTEU9JChhd3Mgc3NtIGdldC1wYXJhbWV0ZXIgLS1uYW1lICIvYWZ0L2NvbmZpZy9vc3MtYmFja2VuZC90YWJsZS1pZCIgLS1xdWVyeSAiUGFyYW1ldGVyLlZhbHVlIiAtLW91dHB1dCB0ZXh0KQogICAgICAgICAgVEZfUzNfQlVDS0VUPSQoYXdzIHNzbSBnZXQtcGFyYW1ldGVyIC0tbmFtZSAiL2FmdC9jb25maWcvb3NzLWJhY2tlbmQvYnVja2V0LWlkIiAtLXF1ZXJ5ICJQYXJhbWV0ZXIuVmFsdWUiIC0tb3V0cHV0IHRleHQpCiAgICAgICAgICBURl9TM19LRVk9JFZFTkRFRF9BQ0NPVU5UX0lELWFmdC1nbG9iYWwtY3VzdG9taXphdGlvbnMvdGVycmFmb3JtLnRmc3RhdGUKCiAgICAgICAgICBjZCAvdG1wCiAgICAgICAgICBlY2hvICJJbnN0YWxsaW5nIFRlcnJhZm9ybSIKICAgICAgICAgIGN1cmwgLXEgLW8gdGVycmFmb3JtXyR7VEZfVkVSU0lPTn1fbGludXhfYW1kNjQuemlwIGh0dHBzOi8vcmVsZWFzZXMuaGFzaGljb3JwLmNvbS90ZXJyYWZvcm0vJHtURl9WRVJTSU9OfS90ZXJyYWZvcm1fJHtURl9WRVJTSU9OfV9saW51eF9hbWQ2NC56aXAKICAgICAgICAgIG1rZGlyIC1wIC9vcHQvYWZ0L2JpbgogICAgICAgICAgdW56aXAgLXEgLW8gdGVycmFmb3JtXyR7VEZfVkVSU0lPTn1fbGludXhfYW1kNjQuemlwCiAgICAgICAgICBtdiB0ZXJyYWZvcm0gL29wdC9hZnQvYmluCiAgICAgICAgICAvb3B0L2FmdC9iaW4vdGVycmFmb3JtIC1uby1jb2xvciAtLXZlcnNpb24KCiAgICAgICAgICAjIE1vdmUgYmFjayB0byBjdXN0b21pemF0aW9uIG1vZHVsZQogICAgICAgICAgY2QgJERFRkFVTFRfUEFUSC90ZXJyYWZvcm0KICAgICAgICAgIGZvciBmIGluICouamluamE7IGRvIGppbmphMiAkZiAtRCB0aW1lc3RhbXA9IiRUSU1FU1RBTVAiIC1EIHRmX2Rpc3RyaWJ1dGlvbl90eXBlPSRURl9ESVNUUklCVVRJT04gLUQgcHJvdmlkZXJfcmVnaW9uPSRDVF9NR01UX1JFR0lPTiAtRCByZWdpb249JFRGX0JBQ0tFTkRfUkVHSU9OIC1EIGFmdF9hZG1pbl9yb2xlX2Fybj0kQUZUX0VYRUNfUk9MRV9BUk4gLUQgdGFyZ2V0X2FkbWluX3JvbGVfYXJuPSRWRU5ERURfRVhFQ19ST0xFX0FSTiAtRCBidWNrZXQ9JFRGX1MzX0JVQ0tFVCAtRCBrZXk9JFRGX1MzX0tFWSAtRCBkeW5hbW9kYl90YWJsZT0kVEZfRERCX1RBQkxFIC1EIGttc19rZXlfaWQ9JFRGX0tNU19LRVlfSUQgPj4gLi8kKGJhc2VuYW1lICRmIC5qaW5qYSkudGY7IGRvbmUKICAgICAgICAgIGZvciBmIGluICoudGY7IGRvIGVjaG8gIlxuIFxuIjsgZWNobyAkZjsgY2F0ICRmOyBkb25lCgogICAgICAgICAgY2QgJERFRkFVTFRfUEFUSC90ZXJyYWZvcm0KICAgICAgICAgIGV4cG9ydCBBV1NfUFJPRklMRT1hZnQtbWFuYWdlbWVudC1hZG1pbgogICAgICAgICAgL29wdC9hZnQvYmluL3RlcnJhZm9ybSBpbml0IC1uby1jb2xvcgogICAgICAgICAgL29wdC9hZnQvYmluL3RlcnJhZm9ybSBhcHBseSAtbm8tY29sb3IgLS1hdXRvLWFwcHJvdmUKICAgICAgICBlbHNlCiAgICAgICAgICBURl9PUkdfTkFNRT0kKGF3cyBzc20gZ2V0LXBhcmFtZXRlciAtLW5hbWUgIi9hZnQvY29uZmlnL3RlcnJhZm9ybS9vcmctbmFtZSIgLS1xdWVyeSAiUGFyYW1ldGVyLlZhbHVlIiAtLW91dHB1dCB0ZXh0KQogICAgICAgICAgVEZfVE9LRU49JChhd3Mgc3NtIGdldC1wYXJhbWV0ZXIgLS1uYW1lICIvYWZ0L2NvbmZpZy90ZXJyYWZvcm0vdG9rZW4iIC0td2l0aC1kZWNyeXB0aW9uIC0tcXVlcnkgIlBhcmFtZXRlci5WYWx1ZSIgLS1vdXRwdXQgdGV4dCkKICAgICAgICAgIFRGX0VORFBPSU5UPSQoYXdzIHNzbSBnZXQtcGFyYW1ldGVyIC0tbmFtZSAiL2FmdC9jb25maWcvdGVycmFmb3JtL2FwaS1lbmRwb2ludCIgLS1xdWVyeSAiUGFyYW1ldGVyLlZhbHVlIiAtLW91dHB1dCB0ZXh0KQogICAgICAgICAgVEZfV09SS1NQQUNFX05BTUU9JFZFTkRFRF9BQ0NPVU5UX0lELWFmdC1nbG9iYWwtY3VzdG9taXphdGlvbnMKICAgICAgICAgIFRGX0NPTkZJR19QQVRIPSIuL3RlbXBfY29uZmlndXJhdGlvbl9maWxlLnRhci5neiIKICAgICAgICAgIGNkICRERUZBVUxUX1BBVEgvdGVycmFmb3JtCiAgICAgICAgICBmb3IgZiBpbiAqLmppbmphOyBkbyBqaW5qYTIgJGYgLUQgdGltZXN0YW1wPSIkVElNRVNUQU1QIiAtRCBwcm92aWRlcl9yZWdpb249JENUX01HTVRfUkVHSU9OIC1EIHRmX2Rpc3RyaWJ1dGlvbl90eXBlPSRURl9ESVNUUklCVVRJT04gLUQgYWZ0X2FkbWluX3JvbGVfYXJuPSRBRlRfRVhFQ19ST0xFX0FSTiAtRCB0YXJnZXRfYWRtaW5fcm9sZV9hcm49JFZFTkRFRF9FWEVDX1JPTEVfQVJOIC1EIHRlcnJhZm9ybV9vcmdfbmFtZT0kVEZfT1JHX05BTUUgLUQgdGVycmFmb3JtX3dvcmtzcGFjZV9uYW1lPSRURl9XT1JLU1BBQ0VfTkFNRSAgPj4gLi8kKGJhc2VuYW1lICRmIC5qaW5qYSkudGY7IGRvbmUKICAgICAgICAgIGZvciBmIGluICoudGY7IGRvIGVjaG8gIlxuIFxuIjsgZWNobyAkZjsgY2F0ICRmOyBkb25lCiAgICAgICAgICBjZCAkREVGQVVMVF9QQVRICiAgICAgICAgICB0YXIgLWN6ZiB0ZW1wX2NvbmZpZ3VyYXRpb25fZmlsZS50YXIuZ3ogLUMgdGVycmFmb3JtIC0tZXhjbHVkZSAuZ2l0IC0tZXhjbHVkZSB2ZW52IC4KICAgICAgICAgIHB5dGhvbjMgJERFRkFVTFRfUEFUSC9hd3MtYWZ0LWNvcmUtZnJhbWV3b3JrL3NvdXJjZXMvc2NyaXB0cy93b3Jrc3BhY2VfbWFuYWdlci5weSAtLW9wZXJhdGlvbiAiZGVwbG95IiAtLW9yZ2FuaXphdGlvbl9uYW1lICRURl9PUkdfTkFNRSAtLXdvcmtzcGFjZV9uYW1lICRURl9XT1JLU1BBQ0VfTkFNRSAtLWFzc3VtZV9yb2xlX2FybiAkQUZUX0FETUlOX1JPTEVfQVJOIC0tYXNzdW1lX3JvbGVfc2Vzc2lvbl9uYW1lICRST0xFX1NFU1NJT05fTkFNRSAtLWFwaV9lbmRwb2ludCAkVEZfRU5EUE9JTlQgLS1hcGlfdG9rZW4gJFRGX1RPS0VOIC0tdGVycmFmb3JtX3ZlcnNpb24gJFRGX1ZFUlNJT04gLS1jb25maWdfZmlsZSAkVEZfQ09ORklHX1BBVEgKICAgICAgICBmaQoKICBwb3N0X2J1aWxkOgogICAgb24tZmFpbHVyZTogQUJPUlQKICAgIGNvbW1hbmRzOgogICAgICAtIGV4cG9ydCBQWVRIT05QQVRIPSIkREVGQVVMVF9QQVRIL2F3cy1hZnQtY29yZS1mcmFtZXdvcmsvc291cmNlcy9hZnQtbGFtYmRhLWxheWVyOiRQWVRIT05QQVRIIgogICAgICAtIGV4cG9ydCBBV1NfUFJPRklMRT1hZnQtbWFuYWdlbWVudAogICAgICAtIHB5dGhvbjMgJERFRkFVTFRfUEFUSC9hd3MtYWZ0LWNvcmUtZnJhbWV3b3JrL3NvdXJjZXMvYWZ0LWxhbWJkYS1sYXllci9hZnRfY29tbW9uL21ldHJpY3MucHkgLS1jb2RlYnVpbGQtbmFtZSAiYWZ0LWdsb2JhbC1jdXN0b21pemF0aW9ucyIgLS1jb2RlYnVpbGQtc3RhdHVzICRDT0RFQlVJTERfQlVJTERfU1VDQ0VFRElORwogICAgICAtIHVuc2V0IEFXU19QUk9GSUxFCiAgICAgIC0gfAogICAgICAgIGlmIFtbICRDT0RFQlVJTERfQlVJTERfU1VDQ0VFRElORyA9PSAwIF1dOyB0aGVuCiAgICAgICAgICBleGl0IDEKICAgICAgICBmaQogICAgICAtIHNvdXJjZSAkREVGQVVMVF9QQVRIL2FwaS1oZWxwZXJzLXZlbnYvYmluL2FjdGl2YXRlCiAgICAgIC0gZXhwb3J0IEFXU19QUk9GSUxFPWFmdC10YXJnZXQKICAgICAgLSAkREVGQVVMVF9QQVRIL2FwaV9oZWxwZXJzL3Bvc3QtYXBpLWhlbHBlcnMuc2gK",
            "content_base64sha256": "sb8UNRNQNN37Vv0BRuYGnY7rsSbtpSYzyEqsgD+Ddug=",
            "content_base64sha512": "jWfgUe9O5vPWgRZVCfam7PYK3muK8EOBBJrmqGMbu53wbf4qEgQ45rg+oDANiC/wAQb+4jt7E8VwbzqYeEINeA==",
            "content_md5": "87c18d2252f5b7fa07da0139d391a2a0",
            "content_sha1": "81cf67e51f47555db52bd111dfbe9e110dd98b1b",
            "content_sha256": "b1bf1435135034ddfb56fd0146e6069d8eebb126eda52633c84aac803f8376e8",
            "content_sha512": "8d67e051ef4ee6f3d681165509f6a6ecf60ade6b8af04381049ae6a8631bbb9df06dfe2a120438e6b83ea0300d882ff00106fee23b7b13c5706f3a9878420d78",
            "filename": ".terraform/modules/aft/modules/aft-customizations/buildspecs/aft-global-customizations-terraform.yml",
            "id": "81cf67e51f47555db52bd111dfbe9e110dd98b1b"
          },
          "sensitive_attributes": []
        }
      ]
    },
    {
      "module": "module.aft.module.aft_customizations",
      "mode": "managed",
      "type": "aws_cloudwatch_log_group",
      "name": "aft_account_customizations_api_helpers",
      "provider": "module.aft.provider[\"registry.terraform.io/hashicorp/aws\"].aft_management",
      "instances": [
        {
          "schema_version": 0,
          "attributes": {
            "arn": "arn:aws:logs:us-east-1:831569350010:log-group:/aws/codebuild/aft-account-customizations-api-helpers",
            "id": "/aws/codebuild/aft-account-customizations-api-helpers",
            "kms_key_id": "",
            "name": "/aws/codebuild/aft-account-customizations-api-helpers",
            "name_prefix": "",
            "retention_in_days": 0,
            "skip_destroy": false,
            "tags": null,
            "tags_all": {
              "managed_by": "AFT"
            }
          },
          "sensitive_attributes": [],
          "private": "bnVsbA==",
          "dependencies": [
            "module.aft.data.aws_partition.current"
          ]
        }
      ]
    },
    {
      "module": "module.aft.module.aft_customizations",
      "mode": "managed",
      "type": "aws_cloudwatch_log_group",
      "name": "aft_account_customizations_terraform",
      "provider": "module.aft.provider[\"registry.terraform.io/hashicorp/aws\"].aft_management",
      "instances": [
        {
          "schema_version": 0,
          "attributes": {
            "arn": "arn:aws:logs:us-east-1:831569350010:log-group:/aws/codebuild/aft-account-customizations-terraform",
            "id": "/aws/codebuild/aft-account-customizations-terraform",
            "kms_key_id": "",
            "name": "/aws/codebuild/aft-account-customizations-terraform",
            "name_prefix": "",
            "retention_in_days": 0,
            "skip_destroy": false,
            "tags": null,
            "tags_all": {
              "managed_by": "AFT"
            }
          },
          "sensitive_attributes": [],
          "private": "bnVsbA==",
          "dependencies": [
            "module.aft.data.aws_partition.current"
          ]
        }
      ]
    },
    {
      "module": "module.aft.module.aft_customizations",
      "mode": "managed",
      "type": "aws_cloudwatch_log_group",
      "name": "aft_create_pipeline",
      "provider": "module.aft.provider[\"registry.terraform.io/hashicorp/aws\"].aft_management",
      "instances": [
        {
          "schema_version": 0,
          "attributes": {
            "arn": "arn:aws:logs:us-east-1:831569350010:log-group:/aws/codebuild/aft-create-pipeline",
            "id": "/aws/codebuild/aft-create-pipeline",
            "kms_key_id": "",
            "name": "/aws/codebuild/aft-create-pipeline",
            "name_prefix": "",
            "retention_in_days": 0,
            "skip_destroy": false,
            "tags": null,
            "tags_all": {
              "managed_by": "AFT"
            }
          },
          "sensitive_attributes": [],
          "private": "bnVsbA==",
          "dependencies": [
            "module.aft.data.aws_partition.current"
          ]
        }
      ]
    },
    {
      "module": "module.aft.module.aft_customizations",
      "mode": "managed",
      "type": "aws_cloudwatch_log_group",
      "name": "aft_customizations_identify_targets",
      "provider": "module.aft.provider[\"registry.terraform.io/hashicorp/aws\"].aft_management",
      "instances": [
        {
          "schema_version": 0,
          "attributes": {
            "arn": "arn:aws:logs:us-east-1:831569350010:log-group:/aws/lambda/aft-customizations-identify-targets",
            "id": "/aws/lambda/aft-customizations-identify-targets",
            "kms_key_id": "",
            "name": "/aws/lambda/aft-customizations-identify-targets",
            "name_prefix": "",
            "retention_in_days": 0,
            "skip_destroy": false,
            "tags": null,
            "tags_all": {
              "managed_by": "AFT"
            }
          },
          "sensitive_attributes": [],
          "private": "bnVsbA==",
          "dependencies": [
            "module.aft.data.aws_partition.current",
            "module.aft.data.local_file.version",
            "module.aft.module.aft_account_request_framework.aws_kms_key.aft",
            "module.aft.module.aft_account_request_framework.aws_security_group.aft_vpc_default_sg",
            "module.aft.module.aft_account_request_framework.aws_subnet.aft_vpc_private_subnet_01",
            "module.aft.module.aft_account_request_framework.aws_subnet.aft_vpc_private_subnet_02",
            "module.aft.module.aft_account_request_framework.aws_vpc.aft_vpc",
            "module.aft.module.aft_account_request_framework.data.aws_availability_zones.available",
            "module.aft.module.aft_customizations.aws_iam_role.aft_customizations_identify_targets_lambda",
            "module.aft.module.aft_customizations.aws_lambda_function.aft_customizations_identify_targets",
            "module.aft.module.aft_customizations.aws_s3_bucket.aft_codepipeline_customizations_bucket",
            "module.aft.module.aft_customizations.data.aws_caller_identity.current",
            "module.aft.module.aft_lambda_layer.aws_codebuild_project.codebuild",
            "module.aft.module.aft_lambda_layer.aws_iam_role.codebuild",
            "module.aft.module.aft_lambda_layer.aws_iam_role.codebuild_invoker_lambda_role",
            "module.aft.module.aft_lambda_layer.aws_lambda_function.codebuild_invoker",
            "module.aft.module.aft_lambda_layer.aws_lambda_layer_version.layer_version",
            "module.aft.module.aft_lambda_layer.data.aws_lambda_invocation.invoke_codebuild_job",
            "module.aft.module.aft_lambda_layer.data.aws_partition.current",
            "module.aft.module.aft_lambda_layer.data.local_file.aft_lambda_layer",
            "module.aft.module.aft_lambda_layer.random_string.resource_suffix",
            "module.aft.module.packaging.data.archive_file.builder",
            "module.aft.module.packaging.data.archive_file.customizations"
          ]
        }
      ]
    },
    {
      "module": "module.aft.module.aft_customizations",
      "mode": "managed",
      "type": "aws_cloudwatch_log_group",
      "name": "aft_customizations_invoke_account_provisioning",
      "provider": "module.aft.provider[\"registry.terraform.io/hashicorp/aws\"].aft_management",
      "instances": [
        {
          "schema_version": 0,
          "attributes": {
            "arn": "arn:aws:logs:us-east-1:831569350010:log-group:/aws/lambda/aft-customizations-invoke-account-provisioning",
            "id": "/aws/lambda/aft-customizations-invoke-account-provisioning",
            "kms_key_id": "",
            "name": "/aws/lambda/aft-customizations-invoke-account-provisioning",
            "name_prefix": "",
            "retention_in_days": 0,
            "skip_destroy": false,
            "tags": null,
            "tags_all": {
              "managed_by": "AFT"
            }
          },
          "sensitive_attributes": [],
          "private": "bnVsbA==",
          "dependencies": [
            "module.aft.data.aws_partition.current"
          ]
        }
      ]
    },
    {
      "module": "module.aft.module.aft_customizations",
      "mode": "managed",
      "type": "aws_cloudwatch_log_group",
      "name": "aft_execute_pipeline",
      "provider": "module.aft.provider[\"registry.terraform.io/hashicorp/aws\"].aft_management",
      "instances": [
        {
          "schema_version": 0,
          "attributes": {
            "arn": "arn:aws:logs:us-east-1:831569350010:log-group:/aws/lambda/aft-customizations-execute-pipeline",
            "id": "/aws/lambda/aft-customizations-execute-pipeline",
            "kms_key_id": "",
            "name": "/aws/lambda/aft-customizations-execute-pipeline",
            "name_prefix": "",
            "retention_in_days": 0,
            "skip_destroy": false,
            "tags": null,
            "tags_all": {
              "managed_by": "AFT"
            }
          },
          "sensitive_attributes": [],
          "private": "bnVsbA==",
          "dependencies": [
            "module.aft.data.aws_partition.current",
            "module.aft.data.local_file.version",
            "module.aft.module.aft_account_request_framework.aws_kms_key.aft",
            "module.aft.module.aft_account_request_framework.aws_security_group.aft_vpc_default_sg",
            "module.aft.module.aft_account_request_framework.aws_subnet.aft_vpc_private_subnet_01",
            "module.aft.module.aft_account_request_framework.aws_subnet.aft_vpc_private_subnet_02",
            "module.aft.module.aft_account_request_framework.aws_vpc.aft_vpc",
            "module.aft.module.aft_account_request_framework.data.aws_availability_zones.available",
            "module.aft.module.aft_customizations.aws_iam_role.aft_customizations_execute_pipeline_lambda",
            "module.aft.module.aft_customizations.aws_lambda_function.aft_customizations_execute_pipeline",
            "module.aft.module.aft_customizations.aws_s3_bucket.aft_codepipeline_customizations_bucket",
            "module.aft.module.aft_customizations.data.aws_caller_identity.current",
            "module.aft.module.aft_lambda_layer.aws_codebuild_project.codebuild",
            "module.aft.module.aft_lambda_layer.aws_iam_role.codebuild",
            "module.aft.module.aft_lambda_layer.aws_iam_role.codebuild_invoker_lambda_role",
            "module.aft.module.aft_lambda_layer.aws_lambda_function.codebuild_invoker",
            "module.aft.module.aft_lambda_layer.aws_lambda_layer_version.layer_version",
            "module.aft.module.aft_lambda_layer.data.aws_lambda_invocation.invoke_codebuild_job",
            "module.aft.module.aft_lambda_layer.data.aws_partition.current",
            "module.aft.module.aft_lambda_layer.data.local_file.aft_lambda_layer",
            "module.aft.module.aft_lambda_layer.random_string.resource_suffix",
            "module.aft.module.packaging.data.archive_file.builder",
            "module.aft.module.packaging.data.archive_file.customizations"
          ]
        }
      ]
    },
    {
      "module": "module.aft.module.aft_customizations",
      "mode": "managed",
      "type": "aws_cloudwatch_log_group",
      "name": "aft_get_pipeline_executions",
      "provider": "module.aft.provider[\"registry.terraform.io/hashicorp/aws\"].aft_management",
      "instances": [
        {
          "schema_version": 0,
          "attributes": {
            "arn": "arn:aws:logs:us-east-1:831569350010:log-group:/aws/lambda/aft-customizations-get-pipeline-executions",
            "id": "/aws/lambda/aft-customizations-get-pipeline-executions",
            "kms_key_id": "",
            "name": "/aws/lambda/aft-customizations-get-pipeline-executions",
            "name_prefix": "",
            "retention_in_days": 0,
            "skip_destroy": false,
            "tags": null,
            "tags_all": {
              "managed_by": "AFT"
            }
          },
          "sensitive_attributes": [],
          "private": "bnVsbA==",
          "dependencies": [
            "module.aft.data.aws_partition.current",
            "module.aft.data.local_file.version",
            "module.aft.module.aft_account_request_framework.aws_kms_key.aft",
            "module.aft.module.aft_account_request_framework.aws_security_group.aft_vpc_default_sg",
            "module.aft.module.aft_account_request_framework.aws_subnet.aft_vpc_private_subnet_01",
            "module.aft.module.aft_account_request_framework.aws_subnet.aft_vpc_private_subnet_02",
            "module.aft.module.aft_account_request_framework.aws_vpc.aft_vpc",
            "module.aft.module.aft_account_request_framework.data.aws_availability_zones.available",
            "module.aft.module.aft_customizations.aws_iam_role.aft_customizations_get_pipeline_executions_lambda",
            "module.aft.module.aft_customizations.aws_lambda_function.aft_customizations_get_pipeline_executions",
            "module.aft.module.aft_customizations.aws_s3_bucket.aft_codepipeline_customizations_bucket",
            "module.aft.module.aft_customizations.data.aws_caller_identity.current",
            "module.aft.module.aft_lambda_layer.aws_codebuild_project.codebuild",
            "module.aft.module.aft_lambda_layer.aws_iam_role.codebuild",
            "module.aft.module.aft_lambda_layer.aws_iam_role.codebuild_invoker_lambda_role",
            "module.aft.module.aft_lambda_layer.aws_lambda_function.codebuild_invoker",
            "module.aft.module.aft_lambda_layer.aws_lambda_layer_version.layer_version",
            "module.aft.module.aft_lambda_layer.data.aws_lambda_invocation.invoke_codebuild_job",
            "module.aft.module.aft_lambda_layer.data.aws_partition.current",
            "module.aft.module.aft_lambda_layer.data.local_file.aft_lambda_layer",
            "module.aft.module.aft_lambda_layer.random_string.resource_suffix",
            "module.aft.module.packaging.data.archive_file.builder",
            "module.aft.module.packaging.data.archive_file.customizations"
          ]
        }
      ]
    },
    {
      "module": "module.aft.module.aft_customizations",
      "mode": "managed",
      "type": "aws_cloudwatch_log_group",
      "name": "aft_global_customizations_api_helpers",
      "provider": "module.aft.provider[\"registry.terraform.io/hashicorp/aws\"].aft_management",
      "instances": [
        {
          "schema_version": 0,
          "attributes": {
            "arn": "arn:aws:logs:us-east-1:831569350010:log-group:/aws/codebuild/aft-global-customizations-api-helpers",
            "id": "/aws/codebuild/aft-global-customizations-api-helpers",
            "kms_key_id": "",
            "name": "/aws/codebuild/aft-global-customizations-api-helpers",
            "name_prefix": "",
            "retention_in_days": 0,
            "skip_destroy": false,
            "tags": null,
            "tags_all": {
              "managed_by": "AFT"
            }
          },
          "sensitive_attributes": [],
          "private": "bnVsbA==",
          "dependencies": [
            "module.aft.data.aws_partition.current"
          ]
        }
      ]
    },
    {
      "module": "module.aft.module.aft_customizations",
      "mode": "managed",
      "type": "aws_cloudwatch_log_group",
      "name": "aft_global_customizations_terraform",
      "provider": "module.aft.provider[\"registry.terraform.io/hashicorp/aws\"].aft_management",
      "instances": [
        {
          "schema_version": 0,
          "attributes": {
            "arn": "arn:aws:logs:us-east-1:831569350010:log-group:/aws/codebuild/aft-global-customizations-terraform",
            "id": "/aws/codebuild/aft-global-customizations-terraform",
            "kms_key_id": "",
            "name": "/aws/codebuild/aft-global-customizations-terraform",
            "name_prefix": "",
            "retention_in_days": 0,
            "skip_destroy": false,
            "tags": null,
            "tags_all": {
              "managed_by": "AFT"
            }
          },
          "sensitive_attributes": [],
          "private": "bnVsbA==",
          "dependencies": [
            "module.aft.data.aws_partition.current"
          ]
        }
      ]
    },
    {
      "module": "module.aft.module.aft_customizations",
      "mode": "managed",
      "type": "aws_codebuild_project",
      "name": "aft_account_customizations_terraform",
      "provider": "module.aft.provider[\"registry.terraform.io/hashicorp/aws\"].aft_management",
      "instances": [
        {
          "schema_version": 0,
          "attributes": {
            "arn": "arn:aws:codebuild:us-east-1:831569350010:project/aft-account-customizations-terraform",
            "artifacts": [
              {
                "artifact_identifier": "",
                "bucket_owner_access": "",
                "encryption_disabled": false,
                "location": "",
                "name": "aft-account-customizations-terraform",
                "namespace_type": "",
                "override_artifact_name": false,
                "packaging": "NONE",
                "path": "",
                "type": "CODEPIPELINE"
              }
            ],
            "badge_enabled": false,
            "badge_url": "",
            "build_batch_config": [],
            "build_timeout": 60,
            "cache": [
              {
                "location": "",
                "modes": [],
                "type": "NO_CACHE"
              }
            ],
            "concurrent_build_limit": 0,
            "description": "Job to apply Terraform provided by the customer account customizations repo",
            "encryption_key": "arn:aws:kms:us-east-1:831569350010:key/4c37dd67-0bc8-4877-83d6-47031c1aca28",
            "environment": [
              {
                "certificate": "",
                "compute_type": "BUILD_GENERAL1_MEDIUM",
                "environment_variable": [
                  {
                    "name": "AWS_PARTITION",
                    "type": "PLAINTEXT",
                    "value": "aws"
                  }
                ],
                "image": "aws/codebuild/amazonlinux2-x86_64-standard:4.0",
                "image_pull_credentials_type": "CODEBUILD",
                "privileged_mode": false,
                "registry_credential": [],
                "type": "LINUX_CONTAINER"
              }
            ],
            "file_system_locations": [],
            "id": "arn:aws:codebuild:us-east-1:831569350010:project/aft-account-customizations-terraform",
            "logs_config": [
              {
                "cloudwatch_logs": [
                  {
                    "group_name": "/aws/codebuild/aft-account-customizations-terraform",
                    "status": "ENABLED",
                    "stream_name": ""
                  }
                ],
                "s3_logs": [
                  {
                    "bucket_owner_access": "",
                    "encryption_disabled": false,
                    "location": "aft-customizations-pipeline-831569350010/aft-account-customizations-terraform-logs",
                    "status": "ENABLED"
                  }
                ]
              }
            ],
            "name": "aft-account-customizations-terraform",
            "project_visibility": "PRIVATE",
            "public_project_alias": "",
            "queued_timeout": 480,
            "resource_access_role": "",
            "secondary_artifacts": [],
            "secondary_source_version": [],
            "secondary_sources": [],
            "service_role": "arn:aws:iam::831569350010:role/aft-codebuild-customizations-role",
            "source": [
              {
                "auth": [],
                "build_status_config": [],
                "buildspec": "# Copyright Amazon.com, Inc. or its affiliates. All rights reserved.\n# SPDX-License-Identifier: Apache-2.0\n#\nversion: 0.2\n\nphases:\n  install:\n    on-failure: ABORT\n    commands:\n      - set -e\n      # Populate Required Variables\n      - DEFAULT_PATH=$(pwd)\n      - TIMESTAMP=$(date '+%Y-%m-%d %H:%M:%S')\n      - TF_VERSION=$(aws ssm get-parameter --name \"/aft/config/terraform/version\" --query \"Parameter.Value\" --output text)\n      - TF_DISTRIBUTION=$(aws ssm get-parameter --name \"/aft/config/terraform/distribution\" --query \"Parameter.Value\" --output text)\n      - CT_MGMT_REGION=$(aws ssm get-parameter --name \"/aft/config/ct-management-region\" --query \"Parameter.Value\" --output text)\n      - AFT_MGMT_ACCOUNT=$(aws ssm get-parameter --name \"/aft/account/aft-management/account-id\" --query \"Parameter.Value\" --output text)\n      - AFT_EXEC_ROLE_ARN=arn:$AWS_PARTITION:iam::$AFT_MGMT_ACCOUNT:role/AWSAFTExecution\n      - VENDED_EXEC_ROLE_ARN=arn:$AWS_PARTITION:iam::$VENDED_ACCOUNT_ID:role/AWSAFTExecution\n      - AFT_ADMIN_ROLE_NAME=$(aws ssm get-parameter --name /aft/resources/iam/aft-administrator-role-name | jq --raw-output \".Parameter.Value\")\n      - AFT_ADMIN_ROLE_ARN=arn:$AWS_PARTITION:iam::$AFT_MGMT_ACCOUNT:role/$AFT_ADMIN_ROLE_NAME\n      - ROLE_SESSION_NAME=$(aws ssm get-parameter --name /aft/resources/iam/aft-session-name | jq --raw-output \".Parameter.Value\")\n      - |\n        CUSTOMIZATION=$(aws dynamodb get-item --table-name aft-request-metadata --key \"{\\\"id\\\": {\\\"S\\\": \\\"$VENDED_ACCOUNT_ID\\\"}}\" --attributes-to-get \"account_customizations_name\" | jq --raw-output \".Item.account_customizations_name.S\")\n\n      # Check if customization directory exists       \n      - |\n        if [[ ! -z \"$CUSTOMIZATION\" ]]; then  \n          if [[ ! -d \"$DEFAULT_PATH/$CUSTOMIZATION\" ]]; then\n            echo \"Error: ${CUSTOMIZATION} directory does not exist\"\n            exit 1\n          fi\n          \n          echo \"Found customization\" $CUSTOMIZATION\n\n          # Configure Development SSH Key\n          ssh_key_parameter=$(aws ssm get-parameter --name /aft/config/aft-ssh-key --with-decryption 2\u003e /dev/null || echo \"None\")\n\n          if [[ $ssh_key_parameter != \"None\" ]]; then\n            ssh_key=$(jq --raw-output \".Parameter.Value\" \u003c\u003c\u003c $ssh_key_parameter)\n            mkdir -p ~/.ssh\n            echo \"Host *\" \u003e\u003e ~/.ssh/config\n            echo \"StrictHostKeyChecking no\" \u003e\u003e ~/.ssh/config\n            echo \"UserKnownHostsFile=/dev/null\" \u003e\u003e ~/.ssh/config\n            echo \"$ssh_key\" \u003e ~/.ssh/ssh_key\n            echo -e \"\\n\\n\" \u003e\u003e  ~/.ssh/ssh_key\n            chmod 600 ~/.ssh/ssh_key\n            eval \"$(ssh-agent -s)\"\n            ssh-add ~/.ssh/ssh_key\n          fi   \n\n          # Clone AFT\n          AWS_MODULE_SOURCE=$(aws ssm get-parameter --name \"/aft/config/aft-pipeline-code-source/repo-url\" --query \"Parameter.Value\" --output text)\n          AWS_MODULE_GIT_REF=$(aws ssm get-parameter --name \"/aft/config/aft-pipeline-code-source/repo-git-ref\" --query \"Parameter.Value\" --output text)\n          git config --global credential.helper '!aws codecommit credential-helper $@'\n          git config --global credential.UseHttpPath true\n          git clone --quiet -b $AWS_MODULE_GIT_REF $AWS_MODULE_SOURCE aws-aft-core-framework\n\n          # Install AFT Python Dependencies\n          python3 -m venv $DEFAULT_PATH/aft-venv\n          $DEFAULT_PATH/aft-venv/bin/pip install pip==22.1.2\n          $DEFAULT_PATH/aft-venv/bin/pip install jinja2-cli==0.7.0 Jinja2==3.0.1 MarkupSafe==2.0.1 boto3==1.18.56 requests==2.26.0\n\n          # Install API Helper Python Dependencies\n          python3 -m venv $DEFAULT_PATH/api-helpers-venv\n          $DEFAULT_PATH/api-helpers-venv/bin/pip install -r $DEFAULT_PATH/$CUSTOMIZATION/api_helpers/python/requirements.txt\n\n          # Mark helper scripts as executable\n          chmod +x $DEFAULT_PATH/$CUSTOMIZATION/api_helpers/pre-api-helpers.sh\n          chmod +x $DEFAULT_PATH/$CUSTOMIZATION/api_helpers/post-api-helpers.sh\n\n          # Generate session profiles\n          chmod +x $DEFAULT_PATH/aws-aft-core-framework/sources/scripts/creds.sh\n          $DEFAULT_PATH/aws-aft-core-framework/sources/scripts/creds.sh\n        fi\n\n\n  pre_build:\n    on-failure: ABORT\n    commands:\n      - |\n        if [[ ! -z \"$CUSTOMIZATION\" ]]; then \n          source $DEFAULT_PATH/api-helpers-venv/bin/activate\n          export AWS_PROFILE=aft-target\n          $DEFAULT_PATH/$CUSTOMIZATION/api_helpers/pre-api-helpers.sh\n          unset AWS_PROFILE\n        fi\n\n  build:\n    on-failure: CONTINUE\n    commands:\n      # Apply Customizations\n      - |\n        if [[ ! -z \"$CUSTOMIZATION\" ]]; then \n          source $DEFAULT_PATH/aft-venv/bin/activate\n          if [ $TF_DISTRIBUTION = \"oss\" ]; then\n            TF_BACKEND_REGION=$(aws ssm get-parameter --name \"/aft/config/oss-backend/primary-region\" --query \"Parameter.Value\" --output text)\n            TF_KMS_KEY_ID=$(aws ssm get-parameter --name \"/aft/config/oss-backend/kms-key-id\" --query \"Parameter.Value\" --output text)\n            TF_DDB_TABLE=$(aws ssm get-parameter --name \"/aft/config/oss-backend/table-id\" --query \"Parameter.Value\" --output text)\n            TF_S3_BUCKET=$(aws ssm get-parameter --name \"/aft/config/oss-backend/bucket-id\" --query \"Parameter.Value\" --output text)\n            TF_S3_KEY=$VENDED_ACCOUNT_ID-aft-account-customizations/terraform.tfstate\n\n            cd /tmp\n            echo \"Installing Terraform\"\n            curl -q -o terraform_${TF_VERSION}_linux_amd64.zip https://releases.hashicorp.com/terraform/${TF_VERSION}/terraform_${TF_VERSION}_linux_amd64.zip\n            mkdir -p /opt/aft/bin\n            unzip -q -o terraform_${TF_VERSION}_linux_amd64.zip \n            mv terraform /opt/aft/bin\n            /opt/aft/bin/terraform -no-color --version\n\n            cd $DEFAULT_PATH/$CUSTOMIZATION/terraform\n            for f in *.jinja; do jinja2 $f -D timestamp=\"$TIMESTAMP\" -D tf_distribution_type=$TF_DISTRIBUTION -D provider_region=$CT_MGMT_REGION -D region=$TF_BACKEND_REGION -D aft_admin_role_arn=$AFT_EXEC_ROLE_ARN -D target_admin_role_arn=$VENDED_EXEC_ROLE_ARN -D bucket=$TF_S3_BUCKET -D key=$TF_S3_KEY -D dynamodb_table=$TF_DDB_TABLE -D kms_key_id=$TF_KMS_KEY_ID \u003e\u003e ./$(basename $f .jinja).tf; done\n            for f in *.tf; do echo \"\\n \\n\"; echo $f; cat $f; done\n            \n            cd $DEFAULT_PATH/$CUSTOMIZATION/terraform\n            export AWS_PROFILE=aft-management-admin\n            /opt/aft/bin/terraform init -no-color\n            /opt/aft/bin/terraform apply -no-color --auto-approve\n          else\n            TF_BACKEND_REGION=$(aws ssm get-parameter --name \"/aft/config/oss-backend/primary-region\" --query \"Parameter.Value\" --output text)\n            TF_ORG_NAME=$(aws ssm get-parameter --name \"/aft/config/terraform/org-name\" --query \"Parameter.Value\" --output text)\n            TF_TOKEN=$(aws ssm get-parameter --name \"/aft/config/terraform/token\" --with-decryption --query \"Parameter.Value\" --output text)\n            TF_ENDPOINT=$(aws ssm get-parameter --name \"/aft/config/terraform/api-endpoint\" --query \"Parameter.Value\" --output text)\n            TF_WORKSPACE_NAME=$VENDED_ACCOUNT_ID-aft-account-customizations\n            TF_CONFIG_PATH=\"./temp_configuration_file.tar.gz\"\n\n            cd $DEFAULT_PATH/$CUSTOMIZATION/terraform\n            for f in *.jinja; do jinja2 $f -D timestamp=\"$TIMESTAMP\" -D provider_region=$CT_MGMT_REGION -D tf_distribution_type=$TF_DISTRIBUTION -D aft_admin_role_arn=$AFT_EXEC_ROLE_ARN -D target_admin_role_arn=$VENDED_EXEC_ROLE_ARN -D terraform_org_name=$TF_ORG_NAME -D terraform_workspace_name=$TF_WORKSPACE_NAME  \u003e\u003e ./$(basename $f .jinja).tf; done\n            for f in *.tf; do echo \"\\n \\n\"; echo $f; cat $f; done\n            \n            cd $DEFAULT_PATH/$CUSTOMIZATION\n            tar -czf temp_configuration_file.tar.gz -C terraform --exclude .git --exclude venv .\n            python3 $DEFAULT_PATH/aws-aft-core-framework/sources/scripts/workspace_manager.py --operation \"deploy\" --organization_name $TF_ORG_NAME --workspace_name $TF_WORKSPACE_NAME --assume_role_arn $AFT_ADMIN_ROLE_ARN --assume_role_session_name $ROLE_SESSION_NAME --api_endpoint $TF_ENDPOINT --api_token $TF_TOKEN --terraform_version $TF_VERSION --config_file $TF_CONFIG_PATH\n          fi\n        fi\n  post_build:\n    on-failure: ABORT\n    commands:\n      - |\n        if [[ ! -z \"$CUSTOMIZATION\" ]]; then\n          export PYTHONPATH=\"$DEFAULT_PATH/aws-aft-core-framework/sources/aft-lambda-layer:$PYTHONPATH\"\n          export AWS_PROFILE=aft-management\n          python3 $DEFAULT_PATH/aws-aft-core-framework/sources/aft-lambda-layer/aft_common/metrics.py --codebuild-name \"aft-account-customizations\" --codebuild-status $CODEBUILD_BUILD_SUCCEEDING\n          unset AWS_PROFILE\n        fi\n      - |\n        if [[ $CODEBUILD_BUILD_SUCCEEDING == 0 ]]; then\n          exit 1\n        fi\n      - |\n        if [[ ! -z \"$CUSTOMIZATION\" ]]; then \n          source $DEFAULT_PATH/api-helpers-venv/bin/activate\n          export AWS_PROFILE=aft-target\n          $DEFAULT_PATH/$CUSTOMIZATION/api_helpers/post-api-helpers.sh\n        fi\n",
                "git_clone_depth": 0,
                "git_submodules_config": [],
                "insecure_ssl": false,
                "location": "",
                "report_build_status": false,
                "type": "CODEPIPELINE"
              }
            ],
            "source_version": "",
            "tags": null,
            "tags_all": {
              "managed_by": "AFT"
            },
            "vpc_config": [
              {
                "security_group_ids": [
                  "sg-0a4310c8034e66ff9"
                ],
                "subnets": [
                  "subnet-003c841febb2163f5",
                  "subnet-0970ebe4f59507674"
                ],
                "vpc_id": "vpc-06cdd138eab207cc9"
              }
            ]
          },
          "sensitive_attributes": [],
          "private": "bnVsbA==",
          "dependencies": [
            "module.aft.data.aws_partition.current",
            "module.aft.module.aft_account_request_framework.aws_kms_key.aft",
            "module.aft.module.aft_account_request_framework.aws_security_group.aft_vpc_default_sg",
            "module.aft.module.aft_account_request_framework.aws_subnet.aft_vpc_private_subnet_01",
            "module.aft.module.aft_account_request_framework.aws_subnet.aft_vpc_private_subnet_02",
            "module.aft.module.aft_account_request_framework.aws_vpc.aft_vpc",
            "module.aft.module.aft_account_request_framework.data.aws_availability_zones.available",
            "module.aft.module.aft_customizations.aws_cloudwatch_log_group.aft_account_customizations_terraform",
            "module.aft.module.aft_customizations.aws_iam_role.aft_codebuild_customizations_role",
            "module.aft.module.aft_customizations.aws_s3_bucket.aft_codepipeline_customizations_bucket",
            "module.aft.module.aft_customizations.data.aws_caller_identity.current",
            "module.aft.module.aft_customizations.data.aws_partition.current",
            "module.aft.module.aft_customizations.data.local_file.aft_account_customizations_terraform"
          ]
        }
      ]
    },
    {
      "module": "module.aft.module.aft_customizations",
      "mode": "managed",
      "type": "aws_codebuild_project",
      "name": "aft_create_pipeline",
      "provider": "module.aft.provider[\"registry.terraform.io/hashicorp/aws\"].aft_management",
      "instances": [
        {
          "schema_version": 0,
          "attributes": {
            "arn": "arn:aws:codebuild:us-east-1:831569350010:project/aft-create-pipeline",
            "artifacts": [
              {
                "artifact_identifier": "",
                "bucket_owner_access": "",
                "encryption_disabled": false,
                "location": "",
                "name": "",
                "namespace_type": "",
                "override_artifact_name": false,
                "packaging": "",
                "path": "",
                "type": "NO_ARTIFACTS"
              }
            ],
            "badge_enabled": false,
            "badge_url": "",
            "build_batch_config": [],
            "build_timeout": 60,
            "cache": [
              {
                "location": "",
                "modes": [],
                "type": "NO_CACHE"
              }
            ],
            "concurrent_build_limit": 0,
            "description": "Job to run Terraform required to create account specific customizations pipeline",
            "encryption_key": "arn:aws:kms:us-east-1:831569350010:key/4c37dd67-0bc8-4877-83d6-47031c1aca28",
            "environment": [
              {
                "certificate": "",
                "compute_type": "BUILD_GENERAL1_MEDIUM",
                "environment_variable": [
                  {
                    "name": "ACCOUNT_ID",
                    "type": "PLAINTEXT",
                    "value": "TBD"
                  },
                  {
                    "name": "SSM_TF_S3_BUCKET",
                    "type": "PLAINTEXT",
                    "value": "/aft/config/oss-backend/bucket-id"
                  },
                  {
                    "name": "SSM_TF_BACKEND_REGION",
                    "type": "PLAINTEXT",
                    "value": "/aft/config/oss-backend/primary-region"
                  },
                  {
                    "name": "SSM_TF_KMS_KEY_ID",
                    "type": "PLAINTEXT",
                    "value": "/aft/config/oss-backend/kms-key-id"
                  },
                  {
                    "name": "SSM_TF_DDB_TABLE",
                    "type": "PLAINTEXT",
                    "value": "/aft/config/oss-backend/table-id"
                  },
                  {
                    "name": "SSM_AWS_MODULE_SOURCE",
                    "type": "PLAINTEXT",
                    "value": "/aft/config/aft-pipeline-code-source/repo-url"
                  },
                  {
                    "name": "SSM_AWS_MODULE_GIT_REF",
                    "type": "PLAINTEXT",
                    "value": "/aft/config/aft-pipeline-code-source/repo-git-ref"
                  },
                  {
                    "name": "SSM_TF_VERSION",
                    "type": "PLAINTEXT",
                    "value": "/aft/config/terraform/version"
                  },
                  {
                    "name": "AWS_PARTITION",
                    "type": "PLAINTEXT",
                    "value": "aws"
                  }
                ],
                "image": "aws/codebuild/amazonlinux2-x86_64-standard:4.0",
                "image_pull_credentials_type": "CODEBUILD",
                "privileged_mode": false,
                "registry_credential": [],
                "type": "LINUX_CONTAINER"
              }
            ],
            "file_system_locations": [],
            "id": "arn:aws:codebuild:us-east-1:831569350010:project/aft-create-pipeline",
            "logs_config": [
              {
                "cloudwatch_logs": [
                  {
                    "group_name": "/aws/codebuild/aft-create-pipeline",
                    "status": "ENABLED",
                    "stream_name": ""
                  }
                ],
                "s3_logs": [
                  {
                    "bucket_owner_access": "",
                    "encryption_disabled": false,
                    "location": "aft-customizations-pipeline-831569350010/aft-create-pipeline-logs",
                    "status": "ENABLED"
                  }
                ]
              }
            ],
            "name": "aft-create-pipeline",
            "project_visibility": "PRIVATE",
            "public_project_alias": "",
            "queued_timeout": 480,
            "resource_access_role": "",
            "secondary_artifacts": [],
            "secondary_source_version": [],
            "secondary_sources": [],
            "service_role": "arn:aws:iam::831569350010:role/aft-codebuild-customizations-role",
            "source": [
              {
                "auth": [],
                "build_status_config": [],
                "buildspec": "# Copyright Amazon.com, Inc. or its affiliates. All rights reserved.\n# SPDX-License-Identifier: Apache-2.0\n#\nversion: 0.2\n\nphases:\n  install:\n    commands:\n      - set -e\n      # Populate Required Variables\n      - DEFAULT_PATH=$(pwd)\n      - TIMESTAMP=$(date '+%Y-%m-%d %H:%M:%S')\n      - TF_S3_BUCKET=$(aws ssm get-parameter --name $SSM_TF_S3_BUCKET --query \"Parameter.Value\" --output text)\n      - TF_S3_KEY=$VENDED_ACCOUNT_ID-customizations-pipeline/terraform.tfstate\n      - TF_BACKEND_REGION=$(aws ssm get-parameter --name $SSM_TF_BACKEND_REGION --query \"Parameter.Value\" --output text)\n      - TF_KMS_KEY_ID=$(aws ssm get-parameter --name $SSM_TF_KMS_KEY_ID --query \"Parameter.Value\" --output text)\n      - TF_DDB_TABLE=$(aws ssm get-parameter --name $SSM_TF_DDB_TABLE --query \"Parameter.Value\" --output text)\n      - TF_VERSION=$(aws ssm get-parameter --name $SSM_TF_VERSION --query \"Parameter.Value\" --output text)\n\n\n      # Configure Development SSH Key\n      - |\n        ssh_key_parameter=$(aws ssm get-parameter --name /aft/config/aft-ssh-key --with-decryption 2\u003e /dev/null || echo \"None\")\n        if [[ $ssh_key_parameter != \"None\" ]]; then\n          ssh_key=$(jq --raw-output \".Parameter.Value\" \u003c\u003c\u003c $ssh_key_parameter)\n          mkdir -p ~/.ssh\n          echo \"Host *\" \u003e\u003e ~/.ssh/config\n          echo \"StrictHostKeyChecking no\" \u003e\u003e ~/.ssh/config\n          echo \"UserKnownHostsFile=/dev/null\" \u003e\u003e ~/.ssh/config\n          echo \"$ssh_key\" \u003e ~/.ssh/ssh_key\n          echo -e \"\\n\\n\" \u003e\u003e  ~/.ssh/ssh_key\n          chmod 600 ~/.ssh/ssh_key\n          eval \"$(ssh-agent -s)\"\n          ssh-add ~/.ssh/ssh_key\n        fi\n\n      # Clone AFT\n      - AWS_MODULE_SOURCE=$(aws ssm get-parameter --name $SSM_AWS_MODULE_SOURCE --query \"Parameter.Value\" --output text)\n      - AWS_MODULE_GIT_REF=$(aws ssm get-parameter --name $SSM_AWS_MODULE_GIT_REF --query \"Parameter.Value\" --output text)\n      - git config --global credential.helper '!aws codecommit credential-helper $@'\n      - git config --global credential.UseHttpPath true\n      - git clone --quiet -b $AWS_MODULE_GIT_REF $AWS_MODULE_SOURCE aws-aft-core-framework\n\n      # Generate session profiles\n      - chmod +x $DEFAULT_PATH/aws-aft-core-framework/sources/scripts/creds.sh\n      - $DEFAULT_PATH/aws-aft-core-framework/sources/scripts/creds.sh\n\n      # Install Terraform\n      - cd /tmp\n      - echo \"Installing Terraform\"\n      - curl -q -o terraform_${TF_VERSION}_linux_amd64.zip https://releases.hashicorp.com/terraform/${TF_VERSION}/terraform_${TF_VERSION}_linux_amd64.zip\n      - unzip -q -o terraform_${TF_VERSION}_linux_amd64.zip \u0026\u0026 mv terraform /usr/bin\n      - terraform --version\n\n      # Install Python Dependencies\n      - python3 -m venv ./venv\n      - source ./venv/bin/activate\n      - pip install pip==22.1.2\n      - pip install jinja2-cli==0.7.0 Jinja2==3.0.1\n\n  pre_build:\n    on-failure: ABORT\n    commands:\n      - cd $DEFAULT_PATH/aws-aft-core-framework/sources/aft-customizations-common/templates/customizations_pipeline\n      - for f in *.jinja; do jinja2 $f -D timestamp=\"$TIMESTAMP\" -D region=$TF_BACKEND_REGION -D bucket=$TF_S3_BUCKET -D key=$TF_S3_KEY -D dynamodb_table=$TF_DDB_TABLE -D kms_key_id=$TF_KMS_KEY_ID \u003e\u003e $(basename $f .jinja).tf; done\n      - for f in *.tf; do echo \"\\n \\n\"; echo $f; cat $f; done\n  build:\n    on-failure: ABORT\n    commands:\n      - export AWS_PROFILE=aft-management-admin\n      - terraform init -no-color\n      - terraform apply -var=\"account_id=$VENDED_ACCOUNT_ID\" -no-color --auto-approve\n",
                "git_clone_depth": 0,
                "git_submodules_config": [],
                "insecure_ssl": false,
                "location": "",
                "report_build_status": false,
                "type": "NO_SOURCE"
              }
            ],
            "source_version": "",
            "tags": null,
            "tags_all": {
              "managed_by": "AFT"
            },
            "vpc_config": [
              {
                "security_group_ids": [
                  "sg-0a4310c8034e66ff9"
                ],
                "subnets": [
                  "subnet-003c841febb2163f5",
                  "subnet-0970ebe4f59507674"
                ],
                "vpc_id": "vpc-06cdd138eab207cc9"
              }
            ]
          },
          "sensitive_attributes": [],
          "private": "bnVsbA==",
          "dependencies": [
            "module.aft.data.aws_partition.current",
            "module.aft.module.aft_account_request_framework.aws_kms_key.aft",
            "module.aft.module.aft_account_request_framework.aws_security_group.aft_vpc_default_sg",
            "module.aft.module.aft_account_request_framework.aws_subnet.aft_vpc_private_subnet_01",
            "module.aft.module.aft_account_request_framework.aws_subnet.aft_vpc_private_subnet_02",
            "module.aft.module.aft_account_request_framework.aws_vpc.aft_vpc",
            "module.aft.module.aft_account_request_framework.data.aws_availability_zones.available",
            "module.aft.module.aft_customizations.aws_cloudwatch_log_group.aft_create_pipeline",
            "module.aft.module.aft_customizations.aws_iam_role.aft_codebuild_customizations_role",
            "module.aft.module.aft_customizations.aws_s3_bucket.aft_codepipeline_customizations_bucket",
            "module.aft.module.aft_customizations.data.aws_caller_identity.current",
            "module.aft.module.aft_customizations.data.aws_partition.current",
            "module.aft.module.aft_customizations.data.local_file.aft_create_pipeline"
          ]
        }
      ]
    },
    {
      "module": "module.aft.module.aft_customizations",
      "mode": "managed",
      "type": "aws_codebuild_project",
      "name": "aft_global_customizations_terraform",
      "provider": "module.aft.provider[\"registry.terraform.io/hashicorp/aws\"].aft_management",
      "instances": [
        {
          "schema_version": 0,
          "attributes": {
            "arn": "arn:aws:codebuild:us-east-1:831569350010:project/aft-global-customizations-terraform",
            "artifacts": [
              {
                "artifact_identifier": "",
                "bucket_owner_access": "",
                "encryption_disabled": false,
                "location": "",
                "name": "aft-global-customizations-terraform",
                "namespace_type": "",
                "override_artifact_name": false,
                "packaging": "NONE",
                "path": "",
                "type": "CODEPIPELINE"
              }
            ],
            "badge_enabled": false,
            "badge_url": "",
            "build_batch_config": [],
            "build_timeout": 60,
            "cache": [
              {
                "location": "",
                "modes": [],
                "type": "NO_CACHE"
              }
            ],
            "concurrent_build_limit": 0,
            "description": "Job to apply Terraform provided by the customer global customizations repo",
            "encryption_key": "arn:aws:kms:us-east-1:831569350010:key/4c37dd67-0bc8-4877-83d6-47031c1aca28",
            "environment": [
              {
                "certificate": "",
                "compute_type": "BUILD_GENERAL1_MEDIUM",
                "environment_variable": [
                  {
                    "name": "AWS_PARTITION",
                    "type": "PLAINTEXT",
                    "value": "aws"
                  }
                ],
                "image": "aws/codebuild/amazonlinux2-x86_64-standard:4.0",
                "image_pull_credentials_type": "CODEBUILD",
                "privileged_mode": false,
                "registry_credential": [],
                "type": "LINUX_CONTAINER"
              }
            ],
            "file_system_locations": [],
            "id": "arn:aws:codebuild:us-east-1:831569350010:project/aft-global-customizations-terraform",
            "logs_config": [
              {
                "cloudwatch_logs": [
                  {
                    "group_name": "/aws/codebuild/aft-global-customizations-terraform",
                    "status": "ENABLED",
                    "stream_name": ""
                  }
                ],
                "s3_logs": [
                  {
                    "bucket_owner_access": "",
                    "encryption_disabled": false,
                    "location": "aft-customizations-pipeline-831569350010/aft-global-customizations-terraform-logs",
                    "status": "ENABLED"
                  }
                ]
              }
            ],
            "name": "aft-global-customizations-terraform",
            "project_visibility": "PRIVATE",
            "public_project_alias": "",
            "queued_timeout": 480,
            "resource_access_role": "",
            "secondary_artifacts": [],
            "secondary_source_version": [],
            "secondary_sources": [],
            "service_role": "arn:aws:iam::831569350010:role/aft-codebuild-customizations-role",
            "source": [
              {
                "auth": [],
                "build_status_config": [],
                "buildspec": "# Copyright Amazon.com, Inc. or its affiliates. All rights reserved.\n# SPDX-License-Identifier: Apache-2.0\n#\nversion: 0.2\n\nphases:\n  install:\n    commands:\n      - set -e\n      # Populate Required Variables\n      - DEFAULT_PATH=$(pwd)\n      - TIMESTAMP=$(date '+%Y-%m-%d %H:%M:%S')\n      - TF_VERSION=$(aws ssm get-parameter --name \"/aft/config/terraform/version\" --query \"Parameter.Value\" --output text)\n      - TF_DISTRIBUTION=$(aws ssm get-parameter --name \"/aft/config/terraform/distribution\" --query \"Parameter.Value\" --output text)\n      - CT_MGMT_REGION=$(aws ssm get-parameter --name \"/aft/config/ct-management-region\" --query \"Parameter.Value\" --output text)\n      - AFT_MGMT_ACCOUNT=$(aws ssm get-parameter --name \"/aft/account/aft-management/account-id\" --query \"Parameter.Value\" --output text)\n      - AFT_EXEC_ROLE_ARN=arn:$AWS_PARTITION:iam::$AFT_MGMT_ACCOUNT:role/AWSAFTExecution\n      - VENDED_EXEC_ROLE_ARN=arn:$AWS_PARTITION:iam::$VENDED_ACCOUNT_ID:role/AWSAFTExecution\n      - AFT_ADMIN_ROLE_NAME=$(aws ssm get-parameter --name /aft/resources/iam/aft-administrator-role-name | jq --raw-output \".Parameter.Value\")\n      - AFT_ADMIN_ROLE_ARN=arn:$AWS_PARTITION:iam::$AFT_MGMT_ACCOUNT:role/$AFT_ADMIN_ROLE_NAME\n      - ROLE_SESSION_NAME=$(aws ssm get-parameter --name /aft/resources/iam/aft-session-name | jq --raw-output \".Parameter.Value\")\n\n      # Configure Development SSH Key\n      - |\n        ssh_key_parameter=$(aws ssm get-parameter --name /aft/config/aft-ssh-key --with-decryption 2\u003e /dev/null || echo \"None\")\n        if [[ $ssh_key_parameter != \"None\" ]]; then\n          ssh_key=$(jq --raw-output \".Parameter.Value\" \u003c\u003c\u003c $ssh_key_parameter)\n          mkdir -p ~/.ssh\n          echo \"Host *\" \u003e\u003e ~/.ssh/config\n          echo \"StrictHostKeyChecking no\" \u003e\u003e ~/.ssh/config\n          echo \"UserKnownHostsFile=/dev/null\" \u003e\u003e ~/.ssh/config\n          echo \"$ssh_key\" \u003e ~/.ssh/ssh_key\n          echo -e \"\\n\\n\" \u003e\u003e  ~/.ssh/ssh_key\n          chmod 600 ~/.ssh/ssh_key\n          eval \"$(ssh-agent -s)\"\n          ssh-add ~/.ssh/ssh_key\n        fi\n\n      # Clone AFT\n      - AWS_MODULE_SOURCE=$(aws ssm get-parameter --name \"/aft/config/aft-pipeline-code-source/repo-url\" --query \"Parameter.Value\" --output text)\n      - AWS_MODULE_GIT_REF=$(aws ssm get-parameter --name \"/aft/config/aft-pipeline-code-source/repo-git-ref\" --query \"Parameter.Value\" --output text)\n      - git config --global credential.helper '!aws codecommit credential-helper $@'\n      - git config --global credential.UseHttpPath true\n      - git clone --quiet -b $AWS_MODULE_GIT_REF $AWS_MODULE_SOURCE aws-aft-core-framework\n\n      # Generate session profiles\n      - chmod +x $DEFAULT_PATH/aws-aft-core-framework/sources/scripts/creds.sh\n      - $DEFAULT_PATH/aws-aft-core-framework/sources/scripts/creds.sh\n\n      # Install AFT Python Dependencies\n      - python3 -m venv $DEFAULT_PATH/aft-venv\n      - $DEFAULT_PATH/aft-venv/bin/pip install pip==22.1.2\n      - $DEFAULT_PATH/aft-venv/bin/pip install jinja2-cli==0.7.0 Jinja2==3.0.1 MarkupSafe==2.0.1 boto3==1.18.56 requests==2.26.0\n\n      # Install API Helper Python Dependencies\n      - python3 -m venv $DEFAULT_PATH/api-helpers-venv\n      - $DEFAULT_PATH/api-helpers-venv/bin/pip install -r $DEFAULT_PATH/api_helpers/python/requirements.txt\n\n      # Mark helper scripts as executable\n      - chmod +x $DEFAULT_PATH/api_helpers/pre-api-helpers.sh\n      - chmod +x $DEFAULT_PATH/api_helpers/post-api-helpers.sh\n      \n  pre_build:\n    on-failure: ABORT\n    commands:\n      - source $DEFAULT_PATH/api-helpers-venv/bin/activate\n      - export AWS_PROFILE=aft-target\n      - $DEFAULT_PATH/api_helpers/pre-api-helpers.sh\n      - unset AWS_PROFILE\n\n  build:\n    on-failure: CONTINUE\n    commands:\n      # Apply customizations\n      - source $DEFAULT_PATH/aft-venv/bin/activate\n      - |\n        if [ $TF_DISTRIBUTION = \"oss\" ]; then\n          TF_BACKEND_REGION=$(aws ssm get-parameter --name \"/aft/config/oss-backend/primary-region\" --query \"Parameter.Value\" --output text)\n          TF_KMS_KEY_ID=$(aws ssm get-parameter --name \"/aft/config/oss-backend/kms-key-id\" --query \"Parameter.Value\" --output text)\n          TF_DDB_TABLE=$(aws ssm get-parameter --name \"/aft/config/oss-backend/table-id\" --query \"Parameter.Value\" --output text)\n          TF_S3_BUCKET=$(aws ssm get-parameter --name \"/aft/config/oss-backend/bucket-id\" --query \"Parameter.Value\" --output text)\n          TF_S3_KEY=$VENDED_ACCOUNT_ID-aft-global-customizations/terraform.tfstate\n\n          cd /tmp\n          echo \"Installing Terraform\"\n          curl -q -o terraform_${TF_VERSION}_linux_amd64.zip https://releases.hashicorp.com/terraform/${TF_VERSION}/terraform_${TF_VERSION}_linux_amd64.zip\n          mkdir -p /opt/aft/bin\n          unzip -q -o terraform_${TF_VERSION}_linux_amd64.zip\n          mv terraform /opt/aft/bin\n          /opt/aft/bin/terraform -no-color --version\n\n          # Move back to customization module\n          cd $DEFAULT_PATH/terraform\n          for f in *.jinja; do jinja2 $f -D timestamp=\"$TIMESTAMP\" -D tf_distribution_type=$TF_DISTRIBUTION -D provider_region=$CT_MGMT_REGION -D region=$TF_BACKEND_REGION -D aft_admin_role_arn=$AFT_EXEC_ROLE_ARN -D target_admin_role_arn=$VENDED_EXEC_ROLE_ARN -D bucket=$TF_S3_BUCKET -D key=$TF_S3_KEY -D dynamodb_table=$TF_DDB_TABLE -D kms_key_id=$TF_KMS_KEY_ID \u003e\u003e ./$(basename $f .jinja).tf; done\n          for f in *.tf; do echo \"\\n \\n\"; echo $f; cat $f; done\n\n          cd $DEFAULT_PATH/terraform\n          export AWS_PROFILE=aft-management-admin\n          /opt/aft/bin/terraform init -no-color\n          /opt/aft/bin/terraform apply -no-color --auto-approve\n        else\n          TF_ORG_NAME=$(aws ssm get-parameter --name \"/aft/config/terraform/org-name\" --query \"Parameter.Value\" --output text)\n          TF_TOKEN=$(aws ssm get-parameter --name \"/aft/config/terraform/token\" --with-decryption --query \"Parameter.Value\" --output text)\n          TF_ENDPOINT=$(aws ssm get-parameter --name \"/aft/config/terraform/api-endpoint\" --query \"Parameter.Value\" --output text)\n          TF_WORKSPACE_NAME=$VENDED_ACCOUNT_ID-aft-global-customizations\n          TF_CONFIG_PATH=\"./temp_configuration_file.tar.gz\"\n          cd $DEFAULT_PATH/terraform\n          for f in *.jinja; do jinja2 $f -D timestamp=\"$TIMESTAMP\" -D provider_region=$CT_MGMT_REGION -D tf_distribution_type=$TF_DISTRIBUTION -D aft_admin_role_arn=$AFT_EXEC_ROLE_ARN -D target_admin_role_arn=$VENDED_EXEC_ROLE_ARN -D terraform_org_name=$TF_ORG_NAME -D terraform_workspace_name=$TF_WORKSPACE_NAME  \u003e\u003e ./$(basename $f .jinja).tf; done\n          for f in *.tf; do echo \"\\n \\n\"; echo $f; cat $f; done\n          cd $DEFAULT_PATH\n          tar -czf temp_configuration_file.tar.gz -C terraform --exclude .git --exclude venv .\n          python3 $DEFAULT_PATH/aws-aft-core-framework/sources/scripts/workspace_manager.py --operation \"deploy\" --organization_name $TF_ORG_NAME --workspace_name $TF_WORKSPACE_NAME --assume_role_arn $AFT_ADMIN_ROLE_ARN --assume_role_session_name $ROLE_SESSION_NAME --api_endpoint $TF_ENDPOINT --api_token $TF_TOKEN --terraform_version $TF_VERSION --config_file $TF_CONFIG_PATH\n        fi\n\n  post_build:\n    on-failure: ABORT\n    commands:\n      - export PYTHONPATH=\"$DEFAULT_PATH/aws-aft-core-framework/sources/aft-lambda-layer:$PYTHONPATH\"\n      - export AWS_PROFILE=aft-management\n      - python3 $DEFAULT_PATH/aws-aft-core-framework/sources/aft-lambda-layer/aft_common/metrics.py --codebuild-name \"aft-global-customizations\" --codebuild-status $CODEBUILD_BUILD_SUCCEEDING\n      - unset AWS_PROFILE\n      - |\n        if [[ $CODEBUILD_BUILD_SUCCEEDING == 0 ]]; then\n          exit 1\n        fi\n      - source $DEFAULT_PATH/api-helpers-venv/bin/activate\n      - export AWS_PROFILE=aft-target\n      - $DEFAULT_PATH/api_helpers/post-api-helpers.sh\n",
                "git_clone_depth": 0,
                "git_submodules_config": [],
                "insecure_ssl": false,
                "location": "",
                "report_build_status": false,
                "type": "CODEPIPELINE"
              }
            ],
            "source_version": "",
            "tags": null,
            "tags_all": {
              "managed_by": "AFT"
            },
            "vpc_config": [
              {
                "security_group_ids": [
                  "sg-0a4310c8034e66ff9"
                ],
                "subnets": [
                  "subnet-003c841febb2163f5",
                  "subnet-0970ebe4f59507674"
                ],
                "vpc_id": "vpc-06cdd138eab207cc9"
              }
            ]
          },
          "sensitive_attributes": [],
          "private": "bnVsbA==",
          "dependencies": [
            "module.aft.data.aws_partition.current",
            "module.aft.module.aft_account_request_framework.aws_kms_key.aft",
            "module.aft.module.aft_account_request_framework.aws_security_group.aft_vpc_default_sg",
            "module.aft.module.aft_account_request_framework.aws_subnet.aft_vpc_private_subnet_01",
            "module.aft.module.aft_account_request_framework.aws_subnet.aft_vpc_private_subnet_02",
            "module.aft.module.aft_account_request_framework.aws_vpc.aft_vpc",
            "module.aft.module.aft_account_request_framework.data.aws_availability_zones.available",
            "module.aft.module.aft_customizations.aws_cloudwatch_log_group.aft_global_customizations_terraform",
            "module.aft.module.aft_customizations.aws_iam_role.aft_codebuild_customizations_role",
            "module.aft.module.aft_customizations.aws_s3_bucket.aft_codepipeline_customizations_bucket",
            "module.aft.module.aft_customizations.data.aws_caller_identity.current",
            "module.aft.module.aft_customizations.data.aws_partition.current",
            "module.aft.module.aft_customizations.data.local_file.aft_global_customizations_terraform"
          ]
        }
      ]
    },
    {
      "module": "module.aft.module.aft_customizations",
      "mode": "managed",
      "type": "aws_iam_role",
      "name": "aft_codebuild_customizations_role",
      "provider": "module.aft.provider[\"registry.terraform.io/hashicorp/aws\"].aft_management",
      "instances": [
        {
          "schema_version": 0,
          "attributes": {
            "arn": "arn:aws:iam::831569350010:role/aft-codebuild-customizations-role",
            "assume_role_policy": "{\"Statement\":[{\"Action\":\"sts:AssumeRole\",\"Effect\":\"Allow\",\"Principal\":{\"Service\":\"codebuild.amazonaws.com\"}}],\"Version\":\"2012-10-17\"}",
            "create_date": "2023-05-28T05:50:17Z",
            "description": "",
            "force_detach_policies": false,
            "id": "aft-codebuild-customizations-role",
            "inline_policy": [],
            "managed_policy_arns": [],
            "max_session_duration": 3600,
            "name": "aft-codebuild-customizations-role",
            "name_prefix": "",
            "path": "/",
            "permissions_boundary": null,
            "role_last_used": [
              {
                "last_used_date": "",
                "region": ""
              }
            ],
            "tags": null,
            "tags_all": {
              "managed_by": "AFT"
            },
            "unique_id": "AROA4DHLFJV5LDNTE5GCO"
          },
          "sensitive_attributes": [],
          "private": "bnVsbA==",
          "dependencies": [
            "module.aft.data.aws_partition.current"
          ]
        }
      ]
    },
    {
      "module": "module.aft.module.aft_customizations",
      "mode": "managed",
      "type": "aws_iam_role",
      "name": "aft_codepipeline_customizations_role",
      "provider": "module.aft.provider[\"registry.terraform.io/hashicorp/aws\"].aft_management",
      "instances": [
        {
          "schema_version": 0,
          "attributes": {
            "arn": "arn:aws:iam::831569350010:role/aft-codepipeline-customizations-role",
            "assume_role_policy": "{\"Statement\":[{\"Action\":\"sts:AssumeRole\",\"Effect\":\"Allow\",\"Principal\":{\"Service\":\"codepipeline.amazonaws.com\"}}],\"Version\":\"2012-10-17\"}",
            "create_date": "2023-05-28T05:50:23Z",
            "description": "",
            "force_detach_policies": false,
            "id": "aft-codepipeline-customizations-role",
            "inline_policy": [],
            "managed_policy_arns": [],
            "max_session_duration": 3600,
            "name": "aft-codepipeline-customizations-role",
            "name_prefix": "",
            "path": "/",
            "permissions_boundary": null,
            "role_last_used": [
              {
                "last_used_date": "",
                "region": ""
              }
            ],
            "tags": null,
            "tags_all": {
              "managed_by": "AFT"
            },
            "unique_id": "AROA4DHLFJV5JG3PHRYNL"
          },
          "sensitive_attributes": [],
          "private": "bnVsbA==",
          "dependencies": [
            "module.aft.data.aws_partition.current"
          ]
        }
      ]
    },
    {
      "module": "module.aft.module.aft_customizations",
      "mode": "managed",
      "type": "aws_iam_role",
      "name": "aft_customizations_execute_pipeline_lambda",
      "provider": "module.aft.provider[\"registry.terraform.io/hashicorp/aws\"].aft_management",
      "instances": [
        {
          "schema_version": 0,
          "attributes": {
            "arn": "arn:aws:iam::831569350010:role/aft-execute-pipeline-execution-role",
            "assume_role_policy": "{\"Statement\":[{\"Action\":\"sts:AssumeRole\",\"Effect\":\"Allow\",\"Principal\":{\"Service\":\"lambda.amazonaws.com\"}}],\"Version\":\"2012-10-17\"}",
            "create_date": "2023-05-28T05:50:23Z",
            "description": "",
            "force_detach_policies": false,
            "id": "aft-execute-pipeline-execution-role",
            "inline_policy": [],
            "managed_policy_arns": [],
            "max_session_duration": 3600,
            "name": "aft-execute-pipeline-execution-role",
            "name_prefix": "",
            "path": "/",
            "permissions_boundary": null,
            "role_last_used": [
              {
                "last_used_date": "",
                "region": ""
              }
            ],
            "tags": null,
            "tags_all": {
              "managed_by": "AFT"
            },
            "unique_id": "AROA4DHLFJV5CA7BGEQMN"
          },
          "sensitive_attributes": [],
          "private": "bnVsbA==",
          "dependencies": [
            "module.aft.data.aws_partition.current"
          ]
        }
      ]
    },
    {
      "module": "module.aft.module.aft_customizations",
      "mode": "managed",
      "type": "aws_iam_role",
      "name": "aft_customizations_get_pipeline_executions_lambda",
      "provider": "module.aft.provider[\"registry.terraform.io/hashicorp/aws\"].aft_management",
      "instances": [
        {
          "schema_version": 0,
          "attributes": {
            "arn": "arn:aws:iam::831569350010:role/aft-get-pipeline-status-execution-role",
            "assume_role_policy": "{\"Statement\":[{\"Action\":\"sts:AssumeRole\",\"Effect\":\"Allow\",\"Principal\":{\"Service\":\"lambda.amazonaws.com\"}}],\"Version\":\"2012-10-17\"}",
            "create_date": "2023-05-28T05:50:10Z",
            "description": "",
            "force_detach_policies": false,
            "id": "aft-get-pipeline-status-execution-role",
            "inline_policy": [],
            "managed_policy_arns": [],
            "max_session_duration": 3600,
            "name": "aft-get-pipeline-status-execution-role",
            "name_prefix": "",
            "path": "/",
            "permissions_boundary": null,
            "role_last_used": [
              {
                "last_used_date": "",
                "region": ""
              }
            ],
            "tags": null,
            "tags_all": {
              "managed_by": "AFT"
            },
            "unique_id": "AROA4DHLFJV5G6IUP6QCY"
          },
          "sensitive_attributes": [],
          "private": "bnVsbA==",
          "dependencies": [
            "module.aft.data.aws_partition.current"
          ]
        }
      ]
    },
    {
      "module": "module.aft.module.aft_customizations",
      "mode": "managed",
      "type": "aws_iam_role",
      "name": "aft_customizations_identify_targets_lambda",
      "provider": "module.aft.provider[\"registry.terraform.io/hashicorp/aws\"].aft_management",
      "instances": [
        {
          "schema_version": 0,
          "attributes": {
            "arn": "arn:aws:iam::831569350010:role/aft-identify-targets-execution-role",
            "assume_role_policy": "{\"Statement\":[{\"Action\":\"sts:AssumeRole\",\"Effect\":\"Allow\",\"Principal\":{\"Service\":\"lambda.amazonaws.com\"}}],\"Version\":\"2012-10-17\"}",
            "create_date": "2023-05-28T05:50:24Z",
            "description": "",
            "force_detach_policies": false,
            "id": "aft-identify-targets-execution-role",
            "inline_policy": [],
            "managed_policy_arns": [],
            "max_session_duration": 3600,
            "name": "aft-identify-targets-execution-role",
            "name_prefix": "",
            "path": "/",
            "permissions_boundary": null,
            "role_last_used": [
              {
                "last_used_date": "",
                "region": ""
              }
            ],
            "tags": null,
            "tags_all": {
              "managed_by": "AFT"
            },
            "unique_id": "AROA4DHLFJV5F4B4WDRVS"
          },
          "sensitive_attributes": [],
          "private": "bnVsbA==",
          "dependencies": [
            "module.aft.data.aws_partition.current"
          ]
        }
      ]
    },
    {
      "module": "module.aft.module.aft_customizations",
      "mode": "managed",
      "type": "aws_iam_role",
      "name": "aft_invoke_customizations_sfn",
      "provider": "module.aft.provider[\"registry.terraform.io/hashicorp/aws\"].aft_management",
      "instances": [
        {
          "schema_version": 0,
          "attributes": {
            "arn": "arn:aws:iam::831569350010:role/aft-invoke-customizations-execution-role",
            "assume_role_policy": "{\"Statement\":[{\"Action\":\"sts:AssumeRole\",\"Effect\":\"Allow\",\"Principal\":{\"Service\":\"states.amazonaws.com\"}}],\"Version\":\"2012-10-17\"}",
            "create_date": "2023-05-28T05:50:24Z",
            "description": "",
            "force_detach_policies": false,
            "id": "aft-invoke-customizations-execution-role",
            "inline_policy": [],
            "managed_policy_arns": [],
            "max_session_duration": 3600,
            "name": "aft-invoke-customizations-execution-role",
            "name_prefix": "",
            "path": "/",
            "permissions_boundary": null,
            "role_last_used": [
              {
                "last_used_date": "",
                "region": ""
              }
            ],
            "tags": null,
            "tags_all": {
              "managed_by": "AFT"
            },
            "unique_id": "AROA4DHLFJV5AFGZCTGGB"
          },
          "sensitive_attributes": [],
          "private": "bnVsbA==",
          "dependencies": [
            "module.aft.data.aws_partition.current"
          ]
        }
      ]
    },
    {
      "module": "module.aft.module.aft_customizations",
      "mode": "managed",
      "type": "aws_iam_role_policy",
      "name": "aft_codebuild_customizations_policy",
      "provider": "module.aft.provider[\"registry.terraform.io/hashicorp/aws\"].aft_management",
      "instances": [
        {
          "schema_version": 0,
          "attributes": {
            "id": "aft-codebuild-customizations-role:terraform-20230528055322735200000035",
            "name": "terraform-20230528055322735200000035",
            "name_prefix": null,
            "policy": "{\"Version\":\"2012-10-17\",\"Statement\":[{\"Action\":[\"logs:CreateLogStream\",\"logs:PutLogEvents\"],\"Effect\":\"Allow\",\"Resource\":\"arn:aws:logs:us-east-1:831569350010:log-group:/aws/codebuild/aft*\"},{\"Action\":[\"ec2:CreateNetworkInterface\",\"ec2:DescribeDhcpOptions\",\"ec2:DescribeNetworkInterfaces\",\"ec2:DeleteNetworkInterface\",\"ec2:DescribeSubnets\",\"ec2:DescribeSecurityGroups\",\"ec2:DescribeVpcs\"],\"Effect\":\"Allow\",\"Resource\":\"*\"},{\"Action\":[\"ec2:CreateNetworkInterfacePermission\"],\"Effect\":\"Allow\",\"Resource\":[\"arn:aws:ec2:us-east-1:831569350010:network-interface/*\"]},{\"Action\":[\"s3:GetObject\",\"s3:GetObjectVersion\",\"s3:GetBucketVersioning\",\"s3:List*\",\"s3:PutObjectAcl\",\"s3:PutObject\"],\"Effect\":\"Allow\",\"Resource\":[\"arn:aws:s3:::aft-customizations-pipeline-831569350010\",\"arn:aws:s3:::aft-customizations-pipeline-831569350010/*\"]},{\"Action\":[\"kms:Decrypt\",\"kms:Encrypt\",\"kms:GenerateDataKey\"],\"Effect\":\"Allow\",\"Resource\":\"arn:aws:kms:us-east-1:831569350010:key/4c37dd67-0bc8-4877-83d6-47031c1aca28\"},{\"Action\":[\"ssm:GetParameters\",\"ssm:GetParameter\"],\"Effect\":\"Allow\",\"Resource\":[\"arn:aws:ssm:us-east-1:831569350010:parameter/aft/*\"]},{\"Action\":[\"codecommit:GetBranch\",\"codecommit:GetRepository\",\"codecommit:GetCommit\",\"codecommit:GitPull\",\"codecommit:UploadArchive\",\"codecommit:GetUploadArchiveStatus\",\"codecommit:CancelUploadArchive\"],\"Effect\":\"Allow\",\"Resource\":\"arn:aws:codecommit:us-east-1:831569350010:*customizations*\"},{\"Action\":[\"dynamodb:*Item\"],\"Effect\":\"Allow\",\"Resource\":[\"arn:aws:dynamodb:us-east-1:831569350010:table/aft-request-metadata\"]},{\"Action\":[\"sts:AssumeRole\"],\"Effect\":\"Allow\",\"Resource\":[\"arn:aws:iam::831569350010:role/AWSAFTAdmin\"]},{\"Action\":[\"dynamodb:GetItem\"],\"Effect\":\"Allow\",\"Resource\":[\"arn:aws:dynamodb:us-east-1:831569350010:table/aft*\"]}]}",
            "role": "aft-codebuild-customizations-role"
          },
          "sensitive_attributes": [],
          "private": "bnVsbA==",
          "dependencies": [
            "module.aft.data.aws_partition.current",
            "module.aft.module.aft_account_request_framework.aws_dynamodb_table.aft_request_metadata",
            "module.aft.module.aft_account_request_framework.aws_kms_key.aft",
            "module.aft.module.aft_customizations.aws_iam_role.aft_codebuild_customizations_role",
            "module.aft.module.aft_customizations.aws_s3_bucket.aft_codepipeline_customizations_bucket",
            "module.aft.module.aft_customizations.data.aws_caller_identity.current",
            "module.aft.module.aft_customizations.data.aws_partition.current",
            "module.aft.module.aft_customizations.data.aws_region.current"
          ]
        }
      ]
    },
    {
      "module": "module.aft.module.aft_customizations",
      "mode": "managed",
      "type": "aws_iam_role_policy",
      "name": "aft_codepipeline_customizations_policy",
      "provider": "module.aft.provider[\"registry.terraform.io/hashicorp/aws\"].aft_management",
      "instances": [
        {
          "schema_version": 0,
          "attributes": {
            "id": "aft-codepipeline-customizations-role:aft-codepipeline-customizations-policy",
            "name": "aft-codepipeline-customizations-policy",
            "name_prefix": null,
            "policy": "{\"Version\":\"2012-10-17\",\"Statement\":[{\"Action\":[\"s3:Get*\",\"s3:List*\",\"s3:Put*\"],\"Effect\":\"Allow\",\"Resource\":[\"arn:aws:s3:::aft-customizations-pipeline-831569350010\",\"arn:aws:s3:::aft-customizations-pipeline-831569350010/*\"]},{\"Action\":[\"codebuild:BatchGetBuilds\",\"codebuild:StartBuild\"],\"Effect\":\"Allow\",\"Resource\":\"arn:aws:codebuild:us-east-1:831569350010:*customizations*\"},{\"Action\":[\"codecommit:GetBranch\",\"codecommit:GetRepository\",\"codecommit:GetCommit\",\"codecommit:GitPull\",\"codecommit:UploadArchive\",\"codecommit:GetUploadArchiveStatus\",\"codecommit:CancelUploadArchive\"],\"Effect\":\"Allow\",\"Resource\":\"arn:aws:codecommit:us-east-1:831569350010:*\"},{\"Action\":[\"kms:Decrypt\",\"kms:Encrypt\",\"kms:GenerateDataKey\"],\"Effect\":\"Allow\",\"Resource\":\"arn:aws:kms:us-east-1:831569350010:key/4c37dd67-0bc8-4877-83d6-47031c1aca28\"},{\"Action\":\"codestar-connections:UseConnection\",\"Effect\":\"Allow\",\"Resource\":\"*\"}]}",
            "role": "aft-codepipeline-customizations-role"
          },
          "sensitive_attributes": [],
          "private": "bnVsbA==",
          "dependencies": [
            "module.aft.data.aws_partition.current",
            "module.aft.module.aft_account_request_framework.aws_kms_key.aft",
            "module.aft.module.aft_customizations.aws_iam_role.aft_codepipeline_customizations_role",
            "module.aft.module.aft_customizations.aws_s3_bucket.aft_codepipeline_customizations_bucket",
            "module.aft.module.aft_customizations.data.aws_caller_identity.current",
            "module.aft.module.aft_customizations.data.aws_partition.current",
            "module.aft.module.aft_customizations.data.aws_region.current"
          ]
        }
      ]
    },
    {
      "module": "module.aft.module.aft_customizations",
      "mode": "managed",
      "type": "aws_iam_role_policy",
      "name": "aft_execute_pipeline_lambda",
      "provider": "module.aft.provider[\"registry.terraform.io/hashicorp/aws\"].aft_management",
      "instances": [
        {
          "schema_version": 0,
          "attributes": {
            "id": "aft-execute-pipeline-execution-role:aft-execute-pipeline-policy",
            "name": "aft-execute-pipeline-policy",
            "name_prefix": null,
            "policy": "{\"Version\":\"2012-10-17\",\"Statement\":[{\"Action\":[\"codepipeline:StartPipelineExecution\",\"codepipeline:ListPipelineExecutions\",\"codepipeline:ListPipelines\",\"ssm:GetParameter\",\"codepipeline:ListTagsForResource\"],\"Effect\":\"Allow\",\"Resource\":[\"arn:aws:codepipeline:us-east-1:831569350010:*\",\"arn:aws:ssm:us-east-1:831569350010:parameter/aft/*\"]},{\"Action\":[\"kms:GenerateDataKey\",\"kms:Encrypt\",\"kms:Decrypt\"],\"Effect\":\"Allow\",\"Resource\":[\"arn:aws:kms:us-east-1:831569350010:key/4c37dd67-0bc8-4877-83d6-47031c1aca28\"]},{\"Action\":\"sts:GetCallerIdentity\",\"Effect\":\"Allow\",\"Resource\":\"*\"},{\"Action\":[\"sns:Publish\"],\"Effect\":\"Allow\",\"Resource\":[\"arn:aws:sns:us-east-1:831569350010:aft-notifications\",\"arn:aws:sns:us-east-1:831569350010:aft-failure-notifications\"]}]}",
            "role": "aft-execute-pipeline-execution-role"
          },
          "sensitive_attributes": [],
          "private": "bnVsbA==",
          "dependencies": [
            "module.aft.data.aws_partition.current",
            "module.aft.module.aft_account_request_framework.aws_kms_key.aft",
            "module.aft.module.aft_account_request_framework.aws_sns_topic.aft_failure_notifications",
            "module.aft.module.aft_account_request_framework.aws_sns_topic.aft_notifications",
            "module.aft.module.aft_customizations.aws_iam_role.aft_customizations_execute_pipeline_lambda",
            "module.aft.module.aft_customizations.data.aws_caller_identity.current",
            "module.aft.module.aft_customizations.data.aws_partition.current",
            "module.aft.module.aft_customizations.data.aws_region.current"
          ]
        }
      ]
    },
    {
      "module": "module.aft.module.aft_customizations",
      "mode": "managed",
      "type": "aws_iam_role_policy",
      "name": "aft_get_pipeline_executions_lambda",
      "provider": "module.aft.provider[\"registry.terraform.io/hashicorp/aws\"].aft_management",
      "instances": [
        {
          "schema_version": 0,
          "attributes": {
            "id": "aft-get-pipeline-status-execution-role:aft-get-pipeline-status-policy",
            "name": "aft-get-pipeline-status-policy",
            "name_prefix": null,
            "policy": "{\"Version\":\"2012-10-17\",\"Statement\":[{\"Action\":\"codepipeline:ListPipelineExecutions\",\"Effect\":\"Allow\",\"Resource\":\"arn:aws:codepipeline:us-east-1:831569350010:*\"},{\"Action\":\"codepipeline:ListPipelines\",\"Effect\":\"Allow\",\"Resource\":\"*\"},{\"Action\":[\"kms:GenerateDataKey\",\"kms:Encrypt\",\"kms:Decrypt\"],\"Effect\":\"Allow\",\"Resource\":[\"arn:aws:kms:us-east-1:831569350010:key/4c37dd67-0bc8-4877-83d6-47031c1aca28\"]},{\"Action\":[\"sns:Publish\"],\"Effect\":\"Allow\",\"Resource\":[\"arn:aws:sns:us-east-1:831569350010:aft-notifications\",\"arn:aws:sns:us-east-1:831569350010:aft-failure-notifications\"]},{\"Action\":[\"ssm:GetParameter\"],\"Effect\":\"Allow\",\"Resource\":[\"arn:aws:ssm:us-east-1:831569350010:parameter/aft/*\"]}]}",
            "role": "aft-get-pipeline-status-execution-role"
          },
          "sensitive_attributes": [],
          "private": "bnVsbA==",
          "dependencies": [
            "module.aft.data.aws_partition.current",
            "module.aft.module.aft_account_request_framework.aws_kms_key.aft",
            "module.aft.module.aft_account_request_framework.aws_sns_topic.aft_failure_notifications",
            "module.aft.module.aft_account_request_framework.aws_sns_topic.aft_notifications",
            "module.aft.module.aft_customizations.aws_iam_role.aft_customizations_get_pipeline_executions_lambda",
            "module.aft.module.aft_customizations.data.aws_caller_identity.current",
            "module.aft.module.aft_customizations.data.aws_partition.current",
            "module.aft.module.aft_customizations.data.aws_region.current"
          ]
        }
      ]
    },
    {
      "module": "module.aft.module.aft_customizations",
      "mode": "managed",
      "type": "aws_iam_role_policy",
      "name": "aft_identify_targets_lambda",
      "provider": "module.aft.provider[\"registry.terraform.io/hashicorp/aws\"].aft_management",
      "instances": [
        {
          "schema_version": 0,
          "attributes": {
            "id": "aft-identify-targets-execution-role:aft-identify-targets-policy",
            "name": "aft-identify-targets-policy",
            "name_prefix": null,
            "policy": "{\"Version\":\"2012-10-17\",\"Statement\":[{\"Action\":[\"sts:AssumeRole\"],\"Effect\":\"Allow\",\"Resource\":[\"arn:aws:iam::831569350010:role/AWSAFTAdmin\"]},{\"Action\":\"sts:GetCallerIdentity\",\"Effect\":\"Allow\",\"Resource\":\"*\"},{\"Action\":\"ssm:GetParameter\",\"Effect\":\"Allow\",\"Resource\":[\"arn:aws:ssm:us-east-1:831569350010:parameter/aft/*\"]},{\"Action\":[\"kms:GenerateDataKey\",\"kms:Encrypt\",\"kms:Decrypt\"],\"Effect\":\"Allow\",\"Resource\":[\"arn:aws:kms:us-east-1:831569350010:key/4c37dd67-0bc8-4877-83d6-47031c1aca28\"]},{\"Action\":[\"dynamodb:GetItem\",\"dynamodb:Scan\"],\"Effect\":\"Allow\",\"Resource\":[\"arn:aws:dynamodb:us-east-1:831569350010:table/aft-request-metadata\",\"arn:aws:dynamodb:us-east-1:831569350010:table/aft-request\"]},{\"Action\":[\"sns:Publish\"],\"Effect\":\"Allow\",\"Resource\":[\"arn:aws:sns:us-east-1:831569350010:aft-notifications\",\"arn:aws:sns:us-east-1:831569350010:aft-failure-notifications\"]}]}",
            "role": "aft-identify-targets-execution-role"
          },
          "sensitive_attributes": [],
          "private": "bnVsbA==",
          "dependencies": [
            "module.aft.data.aws_partition.current",
            "module.aft.data.local_file.version",
            "module.aft.module.aft_account_provisioning_framework.aws_iam_role.aft_lambda_aft_account_provisioning_framework_create_role",
            "module.aft.module.aft_account_provisioning_framework.aws_iam_role.aft_lambda_aft_account_provisioning_framework_persist_metadata",
            "module.aft.module.aft_account_provisioning_framework.aws_iam_role.aft_lambda_aft_account_provisioning_framework_tag_account",
            "module.aft.module.aft_account_provisioning_framework.aws_iam_role.aft_states",
            "module.aft.module.aft_account_provisioning_framework.aws_lambda_function.account_metadata_ssm",
            "module.aft.module.aft_account_provisioning_framework.aws_lambda_function.create_role",
            "module.aft.module.aft_account_provisioning_framework.aws_lambda_function.persist_metadata",
            "module.aft.module.aft_account_provisioning_framework.aws_lambda_function.tag_account",
            "module.aft.module.aft_account_provisioning_framework.aws_sfn_state_machine.aft_account_provisioning_framework_sfn",
            "module.aft.module.aft_account_provisioning_framework.data.aws_caller_identity.aft_management",
            "module.aft.module.aft_account_provisioning_framework.data.aws_partition.current",
            "module.aft.module.aft_account_provisioning_framework.data.aws_region.aft_management",
            "module.aft.module.aft_account_request_framework.aws_dynamodb_table.aft_request",
            "module.aft.module.aft_account_request_framework.aws_dynamodb_table.aft_request_metadata",
            "module.aft.module.aft_account_request_framework.aws_kms_key.aft",
            "module.aft.module.aft_account_request_framework.aws_security_group.aft_vpc_default_sg",
            "module.aft.module.aft_account_request_framework.aws_sns_topic.aft_failure_notifications",
            "module.aft.module.aft_account_request_framework.aws_sns_topic.aft_notifications",
            "module.aft.module.aft_account_request_framework.aws_subnet.aft_vpc_private_subnet_01",
            "module.aft.module.aft_account_request_framework.aws_subnet.aft_vpc_private_subnet_02",
            "module.aft.module.aft_account_request_framework.aws_vpc.aft_vpc",
            "module.aft.module.aft_account_request_framework.data.aws_availability_zones.available",
            "module.aft.module.aft_customizations.aws_iam_role.aft_customizations_identify_targets_lambda",
            "module.aft.module.aft_customizations.aws_s3_bucket.aft_codepipeline_customizations_bucket",
            "module.aft.module.aft_customizations.data.aws_caller_identity.current",
            "module.aft.module.aft_customizations.data.aws_partition.current",
            "module.aft.module.aft_customizations.data.aws_region.current",
            "module.aft.module.aft_lambda_layer.aws_codebuild_project.codebuild",
            "module.aft.module.aft_lambda_layer.aws_iam_role.codebuild",
            "module.aft.module.aft_lambda_layer.aws_iam_role.codebuild_invoker_lambda_role",
            "module.aft.module.aft_lambda_layer.aws_lambda_function.codebuild_invoker",
            "module.aft.module.aft_lambda_layer.aws_lambda_layer_version.layer_version",
            "module.aft.module.aft_lambda_layer.data.aws_lambda_invocation.invoke_codebuild_job",
            "module.aft.module.aft_lambda_layer.data.aws_partition.current",
            "module.aft.module.aft_lambda_layer.data.local_file.aft_lambda_layer",
            "module.aft.module.aft_lambda_layer.random_string.resource_suffix",
            "module.aft.module.packaging.data.archive_file.builder",
            "module.aft.module.packaging.data.archive_file.provisioning_framework"
          ]
        }
      ]
    },
    {
      "module": "module.aft.module.aft_customizations",
      "mode": "managed",
      "type": "aws_iam_role_policy",
      "name": "aft_invoke_customizations_sfn",
      "provider": "module.aft.provider[\"registry.terraform.io/hashicorp/aws\"].aft_management",
      "instances": [
        {
          "schema_version": 0,
          "attributes": {
            "id": "aft-invoke-customizations-execution-role:aft-invoke-customizations-policy",
            "name": "aft-invoke-customizations-policy",
            "name_prefix": null,
            "policy": "{\"Version\":\"2012-10-17\",\"Statement\":[{\"Action\":[\"lambda:InvokeFunction\"],\"Effect\":\"Allow\",\"Resource\":[\"arn:aws:lambda:us-east-1:831569350010:function:aft-*\"]},{\"Action\":[\"sns:Publish\"],\"Effect\":\"Allow\",\"Resource\":[\"arn:aws:sns:us-east-1:831569350010:aft-*\"]},{\"Action\":[\"states:StartExecution\",\"states:StopExecution\"],\"Effect\":\"Allow\",\"Resource\":[\"arn:aws:states:us-east-1:831569350010:stateMachine:aft-*\"]},{\"Action\":[\"events:PutTargets\",\"events:PutRule\",\"events:DescribeRule\"],\"Effect\":\"Allow\",\"Resource\":[\"arn:aws:events:us-east-1:831569350010:*\"]},{\"Action\":[\"states:DescribeExecution\"],\"Effect\":\"Allow\",\"Resource\":[\"arn:aws:states:us-east-1:831569350010:execution:aft-*\"]}]}",
            "role": "aft-invoke-customizations-execution-role"
          },
          "sensitive_attributes": [],
          "private": "bnVsbA==",
          "dependencies": [
            "module.aft.data.aws_partition.current",
            "module.aft.data.local_file.version",
            "module.aft.module.aft_account_provisioning_framework.aws_iam_role.aft_lambda_aft_account_provisioning_framework_create_role",
            "module.aft.module.aft_account_provisioning_framework.aws_iam_role.aft_lambda_aft_account_provisioning_framework_persist_metadata",
            "module.aft.module.aft_account_provisioning_framework.aws_iam_role.aft_lambda_aft_account_provisioning_framework_tag_account",
            "module.aft.module.aft_account_provisioning_framework.aws_iam_role.aft_states",
            "module.aft.module.aft_account_provisioning_framework.aws_lambda_function.account_metadata_ssm",
            "module.aft.module.aft_account_provisioning_framework.aws_lambda_function.create_role",
            "module.aft.module.aft_account_provisioning_framework.aws_lambda_function.persist_metadata",
            "module.aft.module.aft_account_provisioning_framework.aws_lambda_function.tag_account",
            "module.aft.module.aft_account_provisioning_framework.aws_sfn_state_machine.aft_account_provisioning_framework_sfn",
            "module.aft.module.aft_account_provisioning_framework.data.aws_caller_identity.aft_management",
            "module.aft.module.aft_account_provisioning_framework.data.aws_partition.current",
            "module.aft.module.aft_account_provisioning_framework.data.aws_region.aft_management",
            "module.aft.module.aft_account_request_framework.aws_kms_key.aft",
            "module.aft.module.aft_account_request_framework.aws_security_group.aft_vpc_default_sg",
            "module.aft.module.aft_account_request_framework.aws_sns_topic.aft_failure_notifications",
            "module.aft.module.aft_account_request_framework.aws_sns_topic.aft_notifications",
            "module.aft.module.aft_account_request_framework.aws_subnet.aft_vpc_private_subnet_01",
            "module.aft.module.aft_account_request_framework.aws_subnet.aft_vpc_private_subnet_02",
            "module.aft.module.aft_account_request_framework.aws_vpc.aft_vpc",
            "module.aft.module.aft_account_request_framework.data.aws_availability_zones.available",
            "module.aft.module.aft_customizations.aws_iam_role.aft_invoke_customizations_sfn",
            "module.aft.module.aft_customizations.aws_s3_bucket.aft_codepipeline_customizations_bucket",
            "module.aft.module.aft_customizations.data.aws_caller_identity.aft_management",
            "module.aft.module.aft_customizations.data.aws_caller_identity.current",
            "module.aft.module.aft_customizations.data.aws_partition.current",
            "module.aft.module.aft_customizations.data.aws_region.aft_management",
            "module.aft.module.aft_lambda_layer.aws_codebuild_project.codebuild",
            "module.aft.module.aft_lambda_layer.aws_iam_role.codebuild",
            "module.aft.module.aft_lambda_layer.aws_iam_role.codebuild_invoker_lambda_role",
            "module.aft.module.aft_lambda_layer.aws_lambda_function.codebuild_invoker",
            "module.aft.module.aft_lambda_layer.aws_lambda_layer_version.layer_version",
            "module.aft.module.aft_lambda_layer.data.aws_lambda_invocation.invoke_codebuild_job",
            "module.aft.module.aft_lambda_layer.data.aws_partition.current",
            "module.aft.module.aft_lambda_layer.data.local_file.aft_lambda_layer",
            "module.aft.module.aft_lambda_layer.random_string.resource_suffix",
            "module.aft.module.packaging.data.archive_file.builder",
            "module.aft.module.packaging.data.archive_file.provisioning_framework"
          ]
        }
      ]
    },
    {
      "module": "module.aft.module.aft_customizations",
      "mode": "managed",
      "type": "aws_iam_role_policy",
      "name": "terraform_oss_backend_codebuild_customizations_policy",
      "provider": "module.aft.provider[\"registry.terraform.io/hashicorp/aws\"].aft_management",
      "instances": [
        {
          "index_key": 0,
          "schema_version": 0,
          "attributes": {
            "id": "aft-codebuild-customizations-role:ct-aft-codebuild-customizations-terraform-oss-backend-policy",
            "name": "ct-aft-codebuild-customizations-terraform-oss-backend-policy",
            "name_prefix": null,
            "policy": "{\"Version\":\"2012-10-17\",\"Statement\":[{\"Action\":[\"dynamodb:*Item\"],\"Effect\":\"Allow\",\"Resource\":[\"arn:aws:dynamodb:us-east-1:831569350010:table/aft-backend-831569350010\"]},{\"Action\":[\"s3:GetObject\",\"s3:GetObjectVersion\",\"s3:GetBucketVersioning\",\"s3:List*\",\"s3:PutObjectAcl\",\"s3:PutObject\"],\"Effect\":\"Allow\",\"Resource\":[\"arn:aws:s3:::aft-backend-831569350010-primary-region\",\"arn:aws:s3:::aft-backend-831569350010-primary-region/*\"]},{\"Action\":[\"kms:Decrypt\",\"kms:Encrypt\",\"kms:GenerateDataKey\"],\"Effect\":\"Allow\",\"Resource\":\"arn:aws:kms:us-east-1:831569350010:key/2920b1c4-a45f-4891-a659-443998cf33f4\"}]}",
            "role": "aft-codebuild-customizations-role"
          },
          "sensitive_attributes": [],
          "private": "bnVsbA==",
          "dependencies": [
            "module.aft.data.aws_partition.current",
            "module.aft.module.aft_backend.aws_dynamodb_table.lock-table",
            "module.aft.module.aft_backend.aws_kms_key.encrypt-primary-region",
            "module.aft.module.aft_backend.aws_s3_bucket.primary-backend-bucket",
            "module.aft.module.aft_backend.data.aws_caller_identity.current",
            "module.aft.module.aft_customizations.aws_iam_role.aft_codebuild_customizations_role",
            "module.aft.module.aft_customizations.data.aws_caller_identity.current",
            "module.aft.module.aft_customizations.data.aws_partition.current",
            "module.aft.module.aft_customizations.data.aws_region.current"
          ]
        }
      ]
    },
    {
      "module": "module.aft.module.aft_customizations",
      "mode": "managed",
      "type": "aws_iam_role_policy_attachment",
      "name": "aft_execute_pipeline_lambda",
      "provider": "module.aft.provider[\"registry.terraform.io/hashicorp/aws\"].aft_management",
      "instances": [
        {
          "index_key": 0,
          "schema_version": 0,
          "attributes": {
            "id": "aft-execute-pipeline-execution-role-2023052805510610590000000f",
            "policy_arn": "arn:aws:iam::aws:policy/service-role/AWSLambdaBasicExecutionRole",
            "role": "aft-execute-pipeline-execution-role"
          },
          "sensitive_attributes": [],
          "private": "bnVsbA==",
          "dependencies": [
            "module.aft.data.aws_partition.current",
            "module.aft.module.aft_customizations.aws_iam_role.aft_customizations_execute_pipeline_lambda",
            "module.aft.module.aft_customizations.data.aws_iam_policy.AWSLambdaBasicExecutionRole",
            "module.aft.module.aft_customizations.data.aws_iam_policy.AWSLambdaVPCAccessExecutionRole"
          ]
        },
        {
          "index_key": 1,
          "schema_version": 0,
          "attributes": {
            "id": "aft-execute-pipeline-execution-role-20230528055106229600000011",
            "policy_arn": "arn:aws:iam::aws:policy/service-role/AWSLambdaVPCAccessExecutionRole",
            "role": "aft-execute-pipeline-execution-role"
          },
          "sensitive_attributes": [],
          "private": "bnVsbA==",
          "dependencies": [
            "module.aft.data.aws_partition.current",
            "module.aft.module.aft_customizations.aws_iam_role.aft_customizations_execute_pipeline_lambda",
            "module.aft.module.aft_customizations.data.aws_iam_policy.AWSLambdaBasicExecutionRole",
            "module.aft.module.aft_customizations.data.aws_iam_policy.AWSLambdaVPCAccessExecutionRole"
          ]
        }
      ]
    },
    {
      "module": "module.aft.module.aft_customizations",
      "mode": "managed",
      "type": "aws_iam_role_policy_attachment",
      "name": "aft_get_pipeline_executions_lambda",
      "provider": "module.aft.provider[\"registry.terraform.io/hashicorp/aws\"].aft_management",
      "instances": [
        {
          "index_key": 0,
          "schema_version": 0,
          "attributes": {
            "id": "aft-get-pipeline-status-execution-role-20230528055106789000000015",
            "policy_arn": "arn:aws:iam::aws:policy/service-role/AWSLambdaBasicExecutionRole",
            "role": "aft-get-pipeline-status-execution-role"
          },
          "sensitive_attributes": [],
          "private": "bnVsbA==",
          "dependencies": [
            "module.aft.data.aws_partition.current",
            "module.aft.module.aft_customizations.aws_iam_role.aft_customizations_get_pipeline_executions_lambda",
            "module.aft.module.aft_customizations.data.aws_iam_policy.AWSLambdaBasicExecutionRole",
            "module.aft.module.aft_customizations.data.aws_iam_policy.AWSLambdaVPCAccessExecutionRole"
          ]
        },
        {
          "index_key": 1,
          "schema_version": 0,
          "attributes": {
            "id": "aft-get-pipeline-status-execution-role-20230528055106518800000012",
            "policy_arn": "arn:aws:iam::aws:policy/service-role/AWSLambdaVPCAccessExecutionRole",
            "role": "aft-get-pipeline-status-execution-role"
          },
          "sensitive_attributes": [],
          "private": "bnVsbA==",
          "dependencies": [
            "module.aft.data.aws_partition.current",
            "module.aft.module.aft_customizations.aws_iam_role.aft_customizations_get_pipeline_executions_lambda",
            "module.aft.module.aft_customizations.data.aws_iam_policy.AWSLambdaBasicExecutionRole",
            "module.aft.module.aft_customizations.data.aws_iam_policy.AWSLambdaVPCAccessExecutionRole"
          ]
        }
      ]
    },
    {
      "module": "module.aft.module.aft_customizations",
      "mode": "managed",
      "type": "aws_iam_role_policy_attachment",
      "name": "aft_identify_targets_lambda",
      "provider": "module.aft.provider[\"registry.terraform.io/hashicorp/aws\"].aft_management",
      "instances": [
        {
          "index_key": 0,
          "schema_version": 0,
          "attributes": {
            "id": "aft-identify-targets-execution-role-20230528055106750900000014",
            "policy_arn": "arn:aws:iam::aws:policy/service-role/AWSLambdaBasicExecutionRole",
            "role": "aft-identify-targets-execution-role"
          },
          "sensitive_attributes": [],
          "private": "bnVsbA==",
          "dependencies": [
            "module.aft.data.aws_partition.current",
            "module.aft.module.aft_customizations.aws_iam_role.aft_customizations_identify_targets_lambda",
            "module.aft.module.aft_customizations.data.aws_iam_policy.AWSLambdaBasicExecutionRole",
            "module.aft.module.aft_customizations.data.aws_iam_policy.AWSLambdaVPCAccessExecutionRole"
          ]
        },
        {
          "index_key": 1,
          "schema_version": 0,
          "attributes": {
            "id": "aft-identify-targets-execution-role-20230528055106171100000010",
            "policy_arn": "arn:aws:iam::aws:policy/service-role/AWSLambdaVPCAccessExecutionRole",
            "role": "aft-identify-targets-execution-role"
          },
          "sensitive_attributes": [],
          "private": "bnVsbA==",
          "dependencies": [
            "module.aft.data.aws_partition.current",
            "module.aft.module.aft_customizations.aws_iam_role.aft_customizations_identify_targets_lambda",
            "module.aft.module.aft_customizations.data.aws_iam_policy.AWSLambdaBasicExecutionRole",
            "module.aft.module.aft_customizations.data.aws_iam_policy.AWSLambdaVPCAccessExecutionRole"
          ]
        }
      ]
    },
    {
      "module": "module.aft.module.aft_customizations",
      "mode": "managed",
      "type": "aws_lambda_function",
      "name": "aft_customizations_execute_pipeline",
      "provider": "module.aft.provider[\"registry.terraform.io/hashicorp/aws\"].aft_management",
      "instances": [
        {
          "schema_version": 0,
          "attributes": {
            "architectures": [
              "x86_64"
            ],
            "arn": "arn:aws:lambda:us-east-1:831569350010:function:aft-customizations-execute-pipeline",
            "code_signing_config_arn": "",
            "dead_letter_config": [],
            "description": "Executes the CodePipeline for account baselining. Called from aft-trigger-customizations SFN",
            "environment": [],
            "ephemeral_storage": [
              {
                "size": 512
              }
            ],
            "file_system_config": [],
            "filename": ".terraform/modules/aft/modules/aft-archives/../../src/aft_lambda/aft_customizations.zip",
            "function_name": "aft-customizations-execute-pipeline",
            "handler": "aft_customizations_execute_pipeline.lambda_handler",
            "id": "aft-customizations-execute-pipeline",
            "image_config": [],
            "image_uri": "",
            "invoke_arn": "arn:aws:apigateway:us-east-1:lambda:path/2015-03-31/functions/arn:aws:lambda:us-east-1:831569350010:function:aft-customizations-execute-pipeline/invocations",
            "kms_key_arn": "",
            "last_modified": "2023-05-28T06:02:05.110+0000",
            "layers": [
              "arn:aws:lambda:us-east-1:831569350010:layer:aft-common-1-10-3:1"
            ],
            "memory_size": 1024,
            "package_type": "Zip",
            "publish": false,
            "qualified_arn": "arn:aws:lambda:us-east-1:831569350010:function:aft-customizations-execute-pipeline:$LATEST",
            "qualified_invoke_arn": "arn:aws:apigateway:us-east-1:lambda:path/2015-03-31/functions/arn:aws:lambda:us-east-1:831569350010:function:aft-customizations-execute-pipeline:$LATEST/invocations",
            "replace_security_groups_on_destroy": null,
            "replacement_security_group_ids": null,
            "reserved_concurrent_executions": -1,
            "role": "arn:aws:iam::831569350010:role/aft-execute-pipeline-execution-role",
            "runtime": "python3.9",
            "s3_bucket": null,
            "s3_key": null,
            "s3_object_version": null,
            "signing_job_arn": "",
            "signing_profile_version_arn": "",
            "skip_destroy": false,
            "snap_start": [],
            "source_code_hash": "stzPIqTCnAA2VZpXXNHOZpzWY5zYgH+9vaNsT2NTI4Q=",
            "source_code_size": 3528,
            "tags": null,
            "tags_all": {
              "managed_by": "AFT"
            },
            "timeout": 300,
            "timeouts": null,
            "tracing_config": [
              {
                "mode": "PassThrough"
              }
            ],
            "version": "$LATEST",
            "vpc_config": [
              {
                "security_group_ids": [
                  "sg-0a4310c8034e66ff9"
                ],
                "subnet_ids": [
                  "subnet-003c841febb2163f5",
                  "subnet-0970ebe4f59507674"
                ],
                "vpc_id": "vpc-06cdd138eab207cc9"
              }
            ]
          },
          "sensitive_attributes": [],
          "private": "eyJlMmJmYjczMC1lY2FhLTExZTYtOGY4OC0zNDM2M2JjN2M0YzAiOnsiY3JlYXRlIjo2MDAwMDAwMDAwMDAsImRlbGV0ZSI6NjAwMDAwMDAwMDAwLCJ1cGRhdGUiOjYwMDAwMDAwMDAwMH19",
          "dependencies": [
            "module.aft.data.aws_partition.current",
            "module.aft.data.local_file.version",
            "module.aft.module.aft_account_request_framework.aws_kms_key.aft",
            "module.aft.module.aft_account_request_framework.aws_security_group.aft_vpc_default_sg",
            "module.aft.module.aft_account_request_framework.aws_subnet.aft_vpc_private_subnet_01",
            "module.aft.module.aft_account_request_framework.aws_subnet.aft_vpc_private_subnet_02",
            "module.aft.module.aft_account_request_framework.aws_vpc.aft_vpc",
            "module.aft.module.aft_account_request_framework.data.aws_availability_zones.available",
            "module.aft.module.aft_customizations.aws_iam_role.aft_customizations_execute_pipeline_lambda",
            "module.aft.module.aft_customizations.aws_s3_bucket.aft_codepipeline_customizations_bucket",
            "module.aft.module.aft_customizations.data.aws_caller_identity.current",
            "module.aft.module.aft_lambda_layer.aws_codebuild_project.codebuild",
            "module.aft.module.aft_lambda_layer.aws_iam_role.codebuild",
            "module.aft.module.aft_lambda_layer.aws_iam_role.codebuild_invoker_lambda_role",
            "module.aft.module.aft_lambda_layer.aws_lambda_function.codebuild_invoker",
            "module.aft.module.aft_lambda_layer.aws_lambda_layer_version.layer_version",
            "module.aft.module.aft_lambda_layer.data.aws_lambda_invocation.invoke_codebuild_job",
            "module.aft.module.aft_lambda_layer.data.aws_partition.current",
            "module.aft.module.aft_lambda_layer.data.local_file.aft_lambda_layer",
            "module.aft.module.aft_lambda_layer.random_string.resource_suffix",
            "module.aft.module.packaging.data.archive_file.builder",
            "module.aft.module.packaging.data.archive_file.customizations"
          ]
        }
      ]
    },
    {
      "module": "module.aft.module.aft_customizations",
      "mode": "managed",
      "type": "aws_lambda_function",
      "name": "aft_customizations_get_pipeline_executions",
      "provider": "module.aft.provider[\"registry.terraform.io/hashicorp/aws\"].aft_management",
      "instances": [
        {
          "schema_version": 0,
          "attributes": {
            "architectures": [
              "x86_64"
            ],
            "arn": "arn:aws:lambda:us-east-1:831569350010:function:aft-customizations-get-pipeline-executions",
            "code_signing_config_arn": "",
            "dead_letter_config": [],
            "description": "Gets status of executing pipelines for baselining. Called from aft-trigger-customizations SFN",
            "environment": [],
            "ephemeral_storage": [
              {
                "size": 512
              }
            ],
            "file_system_config": [],
            "filename": ".terraform/modules/aft/modules/aft-archives/../../src/aft_lambda/aft_customizations.zip",
            "function_name": "aft-customizations-get-pipeline-executions",
            "handler": "aft_customizations_get_pipeline_executions.lambda_handler",
            "id": "aft-customizations-get-pipeline-executions",
            "image_config": [],
            "image_uri": "",
            "invoke_arn": "arn:aws:apigateway:us-east-1:lambda:path/2015-03-31/functions/arn:aws:lambda:us-east-1:831569350010:function:aft-customizations-get-pipeline-executions/invocations",
            "kms_key_arn": "",
            "last_modified": "2023-05-28T06:02:16.580+0000",
            "layers": [
              "arn:aws:lambda:us-east-1:831569350010:layer:aft-common-1-10-3:1"
            ],
            "memory_size": 1024,
            "package_type": "Zip",
            "publish": false,
            "qualified_arn": "arn:aws:lambda:us-east-1:831569350010:function:aft-customizations-get-pipeline-executions:$LATEST",
            "qualified_invoke_arn": "arn:aws:apigateway:us-east-1:lambda:path/2015-03-31/functions/arn:aws:lambda:us-east-1:831569350010:function:aft-customizations-get-pipeline-executions:$LATEST/invocations",
            "replace_security_groups_on_destroy": null,
            "replacement_security_group_ids": null,
            "reserved_concurrent_executions": -1,
            "role": "arn:aws:iam::831569350010:role/aft-get-pipeline-status-execution-role",
            "runtime": "python3.9",
            "s3_bucket": null,
            "s3_key": null,
            "s3_object_version": null,
            "signing_job_arn": "",
            "signing_profile_version_arn": "",
            "skip_destroy": false,
            "snap_start": [],
            "source_code_hash": "stzPIqTCnAA2VZpXXNHOZpzWY5zYgH+9vaNsT2NTI4Q=",
            "source_code_size": 3528,
            "tags": null,
            "tags_all": {
              "managed_by": "AFT"
            },
            "timeout": 300,
            "timeouts": null,
            "tracing_config": [
              {
                "mode": "PassThrough"
              }
            ],
            "version": "$LATEST",
            "vpc_config": [
              {
                "security_group_ids": [
                  "sg-0a4310c8034e66ff9"
                ],
                "subnet_ids": [
                  "subnet-003c841febb2163f5",
                  "subnet-0970ebe4f59507674"
                ],
                "vpc_id": "vpc-06cdd138eab207cc9"
              }
            ]
          },
          "sensitive_attributes": [],
          "private": "eyJlMmJmYjczMC1lY2FhLTExZTYtOGY4OC0zNDM2M2JjN2M0YzAiOnsiY3JlYXRlIjo2MDAwMDAwMDAwMDAsImRlbGV0ZSI6NjAwMDAwMDAwMDAwLCJ1cGRhdGUiOjYwMDAwMDAwMDAwMH19",
          "dependencies": [
            "module.aft.data.aws_partition.current",
            "module.aft.data.local_file.version",
            "module.aft.module.aft_account_request_framework.aws_kms_key.aft",
            "module.aft.module.aft_account_request_framework.aws_security_group.aft_vpc_default_sg",
            "module.aft.module.aft_account_request_framework.aws_subnet.aft_vpc_private_subnet_01",
            "module.aft.module.aft_account_request_framework.aws_subnet.aft_vpc_private_subnet_02",
            "module.aft.module.aft_account_request_framework.aws_vpc.aft_vpc",
            "module.aft.module.aft_account_request_framework.data.aws_availability_zones.available",
            "module.aft.module.aft_customizations.aws_iam_role.aft_customizations_get_pipeline_executions_lambda",
            "module.aft.module.aft_customizations.aws_s3_bucket.aft_codepipeline_customizations_bucket",
            "module.aft.module.aft_customizations.data.aws_caller_identity.current",
            "module.aft.module.aft_lambda_layer.aws_codebuild_project.codebuild",
            "module.aft.module.aft_lambda_layer.aws_iam_role.codebuild",
            "module.aft.module.aft_lambda_layer.aws_iam_role.codebuild_invoker_lambda_role",
            "module.aft.module.aft_lambda_layer.aws_lambda_function.codebuild_invoker",
            "module.aft.module.aft_lambda_layer.aws_lambda_layer_version.layer_version",
            "module.aft.module.aft_lambda_layer.data.aws_lambda_invocation.invoke_codebuild_job",
            "module.aft.module.aft_lambda_layer.data.aws_partition.current",
            "module.aft.module.aft_lambda_layer.data.local_file.aft_lambda_layer",
            "module.aft.module.aft_lambda_layer.random_string.resource_suffix",
            "module.aft.module.packaging.data.archive_file.builder",
            "module.aft.module.packaging.data.archive_file.customizations"
          ]
        }
      ]
    },
    {
      "module": "module.aft.module.aft_customizations",
      "mode": "managed",
      "type": "aws_lambda_function",
      "name": "aft_customizations_identify_targets",
      "provider": "module.aft.provider[\"registry.terraform.io/hashicorp/aws\"].aft_management",
      "instances": [
        {
          "schema_version": 0,
          "attributes": {
            "architectures": [
              "x86_64"
            ],
            "arn": "arn:aws:lambda:us-east-1:831569350010:function:aft-customizations-identify-targets",
            "code_signing_config_arn": "",
            "dead_letter_config": [],
            "description": "Identifies targets to be customized. Called from aft-trigger-customizations SFN.",
            "environment": [],
            "ephemeral_storage": [
              {
                "size": 512
              }
            ],
            "file_system_config": [],
            "filename": ".terraform/modules/aft/modules/aft-archives/../../src/aft_lambda/aft_customizations.zip",
            "function_name": "aft-customizations-identify-targets",
            "handler": "aft_customizations_identify_targets.lambda_handler",
            "id": "aft-customizations-identify-targets",
            "image_config": [],
            "image_uri": "",
            "invoke_arn": "arn:aws:apigateway:us-east-1:lambda:path/2015-03-31/functions/arn:aws:lambda:us-east-1:831569350010:function:aft-customizations-identify-targets/invocations",
            "kms_key_arn": "",
            "last_modified": "2023-05-28T05:59:55.784+0000",
            "layers": [
              "arn:aws:lambda:us-east-1:831569350010:layer:aft-common-1-10-3:1"
            ],
            "memory_size": 1024,
            "package_type": "Zip",
            "publish": false,
            "qualified_arn": "arn:aws:lambda:us-east-1:831569350010:function:aft-customizations-identify-targets:$LATEST",
            "qualified_invoke_arn": "arn:aws:apigateway:us-east-1:lambda:path/2015-03-31/functions/arn:aws:lambda:us-east-1:831569350010:function:aft-customizations-identify-targets:$LATEST/invocations",
            "replace_security_groups_on_destroy": null,
            "replacement_security_group_ids": null,
            "reserved_concurrent_executions": -1,
            "role": "arn:aws:iam::831569350010:role/aft-identify-targets-execution-role",
            "runtime": "python3.9",
            "s3_bucket": null,
            "s3_key": null,
            "s3_object_version": null,
            "signing_job_arn": "",
            "signing_profile_version_arn": "",
            "skip_destroy": false,
            "snap_start": [],
            "source_code_hash": "stzPIqTCnAA2VZpXXNHOZpzWY5zYgH+9vaNsT2NTI4Q=",
            "source_code_size": 3528,
            "tags": null,
            "tags_all": {
              "managed_by": "AFT"
            },
            "timeout": 300,
            "timeouts": null,
            "tracing_config": [
              {
                "mode": "PassThrough"
              }
            ],
            "version": "$LATEST",
            "vpc_config": [
              {
                "security_group_ids": [
                  "sg-0a4310c8034e66ff9"
                ],
                "subnet_ids": [
                  "subnet-003c841febb2163f5",
                  "subnet-0970ebe4f59507674"
                ],
                "vpc_id": "vpc-06cdd138eab207cc9"
              }
            ]
          },
          "sensitive_attributes": [],
          "private": "eyJlMmJmYjczMC1lY2FhLTExZTYtOGY4OC0zNDM2M2JjN2M0YzAiOnsiY3JlYXRlIjo2MDAwMDAwMDAwMDAsImRlbGV0ZSI6NjAwMDAwMDAwMDAwLCJ1cGRhdGUiOjYwMDAwMDAwMDAwMH19",
          "dependencies": [
            "module.aft.data.aws_partition.current",
            "module.aft.data.local_file.version",
            "module.aft.module.aft_account_request_framework.aws_kms_key.aft",
            "module.aft.module.aft_account_request_framework.aws_security_group.aft_vpc_default_sg",
            "module.aft.module.aft_account_request_framework.aws_subnet.aft_vpc_private_subnet_01",
            "module.aft.module.aft_account_request_framework.aws_subnet.aft_vpc_private_subnet_02",
            "module.aft.module.aft_account_request_framework.aws_vpc.aft_vpc",
            "module.aft.module.aft_account_request_framework.data.aws_availability_zones.available",
            "module.aft.module.aft_customizations.aws_iam_role.aft_customizations_identify_targets_lambda",
            "module.aft.module.aft_customizations.aws_s3_bucket.aft_codepipeline_customizations_bucket",
            "module.aft.module.aft_customizations.data.aws_caller_identity.current",
            "module.aft.module.aft_lambda_layer.aws_codebuild_project.codebuild",
            "module.aft.module.aft_lambda_layer.aws_iam_role.codebuild",
            "module.aft.module.aft_lambda_layer.aws_iam_role.codebuild_invoker_lambda_role",
            "module.aft.module.aft_lambda_layer.aws_lambda_function.codebuild_invoker",
            "module.aft.module.aft_lambda_layer.aws_lambda_layer_version.layer_version",
            "module.aft.module.aft_lambda_layer.data.aws_lambda_invocation.invoke_codebuild_job",
            "module.aft.module.aft_lambda_layer.data.aws_partition.current",
            "module.aft.module.aft_lambda_layer.data.local_file.aft_lambda_layer",
            "module.aft.module.aft_lambda_layer.random_string.resource_suffix",
            "module.aft.module.packaging.data.archive_file.builder",
            "module.aft.module.packaging.data.archive_file.customizations"
          ]
        }
      ]
    },
    {
      "module": "module.aft.module.aft_customizations",
      "mode": "managed",
      "type": "aws_s3_bucket",
      "name": "aft_codepipeline_customizations_bucket",
      "provider": "module.aft.provider[\"registry.terraform.io/hashicorp/aws\"].aft_management",
      "instances": [
        {
          "schema_version": 0,
          "attributes": {
            "acceleration_status": "",
            "acl": null,
            "arn": "arn:aws:s3:::aft-customizations-pipeline-831569350010",
            "bucket": "aft-customizations-pipeline-831569350010",
            "bucket_domain_name": "aft-customizations-pipeline-831569350010.s3.amazonaws.com",
            "bucket_prefix": "",
            "bucket_regional_domain_name": "aft-customizations-pipeline-831569350010.s3.amazonaws.com",
            "cors_rule": [],
            "force_destroy": false,
            "grant": [
              {
                "id": "2ac32062b333d194ecb8b725a7098f549f866dbc68857dafeeedd85c4482b55b",
                "permissions": [
                  "FULL_CONTROL"
                ],
                "type": "CanonicalUser",
                "uri": ""
              }
            ],
            "hosted_zone_id": "Z3AQBSTGFYJSTF",
            "id": "aft-customizations-pipeline-831569350010",
            "lifecycle_rule": [],
            "logging": [],
            "object_lock_configuration": [],
            "object_lock_enabled": false,
            "policy": "",
            "region": "us-east-1",
            "replication_configuration": [],
            "request_payer": "BucketOwner",
            "server_side_encryption_configuration": [
              {
                "rule": [
                  {
                    "apply_server_side_encryption_by_default": [
                      {
                        "kms_master_key_id": "",
                        "sse_algorithm": "AES256"
                      }
                    ],
                    "bucket_key_enabled": false
                  }
                ]
              }
            ],
            "tags": null,
            "tags_all": {
              "managed_by": "AFT"
            },
            "timeouts": null,
            "versioning": [
              {
                "enabled": false,
                "mfa_delete": false
              }
            ],
            "website": [],
            "website_domain": null,
            "website_endpoint": null
          },
          "sensitive_attributes": [],
          "private": "eyJlMmJmYjczMC1lY2FhLTExZTYtOGY4OC0zNDM2M2JjN2M0YzAiOnsiY3JlYXRlIjoxMjAwMDAwMDAwMDAwLCJkZWxldGUiOjM2MDAwMDAwMDAwMDAsInJlYWQiOjEyMDAwMDAwMDAwMDAsInVwZGF0ZSI6MTIwMDAwMDAwMDAwMH19",
          "dependencies": [
            "module.aft.data.aws_partition.current",
            "module.aft.module.aft_customizations.data.aws_caller_identity.current"
          ],
          "create_before_destroy": true
        }
      ]
    },
    {
      "module": "module.aft.module.aft_customizations",
      "mode": "managed",
      "type": "aws_s3_bucket_public_access_block",
      "name": "aft-codepipeline-customizations-block-public-access",
      "provider": "module.aft.provider[\"registry.terraform.io/hashicorp/aws\"].aft_management",
      "instances": [
        {
          "schema_version": 0,
          "attributes": {
            "block_public_acls": true,
            "block_public_policy": true,
            "bucket": "aft-customizations-pipeline-831569350010",
            "id": "aft-customizations-pipeline-831569350010",
            "ignore_public_acls": true,
            "restrict_public_buckets": true
          },
          "sensitive_attributes": [],
          "private": "bnVsbA==",
          "dependencies": [
            "module.aft.data.aws_partition.current",
            "module.aft.module.aft_customizations.aws_s3_bucket.aft_codepipeline_customizations_bucket",
            "module.aft.module.aft_customizations.data.aws_caller_identity.current"
          ]
        }
      ]
    },
    {
      "module": "module.aft.module.aft_customizations",
      "mode": "managed",
      "type": "aws_s3_bucket_server_side_encryption_configuration",
      "name": "aft-codepipeline-customizations-bucket-encryption",
      "provider": "module.aft.provider[\"registry.terraform.io/hashicorp/aws\"].aft_management",
      "instances": [
        {
          "schema_version": 0,
          "attributes": {
            "bucket": "aft-customizations-pipeline-831569350010",
            "expected_bucket_owner": "",
            "id": "aft-customizations-pipeline-831569350010",
            "rule": [
              {
                "apply_server_side_encryption_by_default": [
                  {
                    "kms_master_key_id": "4c37dd67-0bc8-4877-83d6-47031c1aca28",
                    "sse_algorithm": "aws:kms"
                  }
                ],
                "bucket_key_enabled": null
              }
            ]
          },
          "sensitive_attributes": [],
          "private": "bnVsbA==",
          "dependencies": [
            "module.aft.data.aws_partition.current",
            "module.aft.module.aft_account_request_framework.aws_kms_key.aft",
            "module.aft.module.aft_customizations.aws_s3_bucket.aft_codepipeline_customizations_bucket",
            "module.aft.module.aft_customizations.data.aws_caller_identity.current"
          ]
        }
      ]
    },
    {
      "module": "module.aft.module.aft_customizations",
      "mode": "managed",
      "type": "aws_s3_bucket_versioning",
      "name": "aft-codepipeline-customizations-bucket-versioning",
      "provider": "module.aft.provider[\"registry.terraform.io/hashicorp/aws\"].aft_management",
      "instances": [
        {
          "schema_version": 0,
          "attributes": {
            "bucket": "aft-customizations-pipeline-831569350010",
            "expected_bucket_owner": "",
            "id": "aft-customizations-pipeline-831569350010",
            "mfa": null,
            "versioning_configuration": [
              {
                "mfa_delete": "",
                "status": "Enabled"
              }
            ]
          },
          "sensitive_attributes": [],
          "private": "bnVsbA==",
          "dependencies": [
            "module.aft.data.aws_partition.current",
            "module.aft.module.aft_customizations.aws_s3_bucket.aft_codepipeline_customizations_bucket",
            "module.aft.module.aft_customizations.data.aws_caller_identity.current"
          ]
        }
      ]
    },
    {
      "module": "module.aft.module.aft_customizations",
      "mode": "managed",
      "type": "aws_sfn_state_machine",
      "name": "aft_invoke_customizations_sfn",
      "provider": "module.aft.provider[\"registry.terraform.io/hashicorp/aws\"].aft_management",
      "instances": [
        {
          "schema_version": 0,
          "attributes": {
            "arn": "arn:aws:states:us-east-1:831569350010:stateMachine:aft-invoke-customizations",
            "creation_date": "2023-05-28T06:02:25Z",
            "definition": "{\n  \"StartAt\": \"Identify Targets\",\n  \"States\": {\n    \"Identify Targets\": {\n      \"Next\": \"Invoke Provisioning Framework\",\n      \"Type\": \"Task\",\n      \"Resource\": \"arn:aws:lambda:us-east-1:831569350010:function:aft-customizations-identify-targets\",\n      \"ResultPath\": \"$.targets\",\n      \"Catch\": [\n        {\n          \"ErrorEquals\": [\"States.ALL\"],\n          \"Next\": \"Notify Failure\"\n        }\n      ]\n    },\n    \"Invoke Provisioning Framework\": {\n      \"Type\": \"Map\",\n      \"Next\": \"Get Pipeline Executions\",\n      \"MaxConcurrency\": 25,\n      \"InputPath\": \"$.targets\",\n      \"ItemsPath\": \"$.target_accounts_info\",\n      \"Parameters\": {\n        \"info.$\": \"$$.Map.Item.Value\"\n      },\n      \"Iterator\": {\n        \"StartAt\": \"Invoke Account provisioning Step Function\",\n        \"States\": {\n          \"Invoke Account provisioning Step Function\": {\n            \"Type\": \"Task\",\n            \"Resource\": \"arn:aws:states:::states:startExecution.sync:2\",\n            \"Parameters\": {\n              \"StateMachineArn\": \"arn:aws:states:us-east-1:831569350010:stateMachine:aft-account-provisioning-framework\",\n              \"Input.$\": \"$.info\" \n            },\n            \"End\": true\n          }\n        }\n      },\n      \"ResultPath\": null\n    },\n    \"Get Pipeline Executions\": {\n      \"Next\": \"Pending Pipeline Executions?\",\n      \"Type\": \"Task\",\n      \"Resource\": \"arn:aws:lambda:us-east-1:831569350010:function:aft-customizations-get-pipeline-executions\",\n      \"ResultPath\": \"$.running_executions\",\n      \"Catch\": [\n        {\n          \"ErrorEquals\": [\"States.ALL\"],\n          \"Next\": \"Notify Failure\"\n        }\n      ]\n    },\n    \"Pending Pipeline Executions?\": {\n      \"Type\": \"Choice\",\n      \"Choices\": [\n        {\n          \"Variable\": \"$.targets.number_pending_accounts\",\n          \"NumericEquals\": 0,\n          \"Next\": \"Notify Success\"\n        }\n      ],\n      \"Default\": \"Below Maximum Execution Threshold?\"\n    },\n    \"Below Maximum Execution Threshold?\": {\n      \"Type\": \"Choice\",\n      \"Choices\": [\n        {\n          \"Variable\": \"$.running_executions.running_pipelines\",\n          \"NumericLessThan\": 5,\n          \"Next\": \"Execute Pipelines\"\n        }\n      ],\n      \"Default\": \"Wait on Pipeline Executions\"\n    },\n    \"Execute Pipelines\": {\n      \"Next\": \"Wait on Pipeline Executions\",\n      \"Type\": \"Task\",\n      \"Resource\": \"arn:aws:lambda:us-east-1:831569350010:function:aft-customizations-execute-pipeline\",\n      \"ResultPath\": \"$.targets\",\n      \"Catch\": [\n        {\n          \"ErrorEquals\": [\"States.ALL\"],\n          \"Next\": \"Notify Failure\"\n        }\n      ]\n    },\n    \"Wait on Pipeline Executions\": {\n      \"Type\": \"Wait\",\n      \"Seconds\": 30,\n      \"Next\": \"Get Pipeline Executions\"\n    },\n    \"Notify Success\": {\n      \"Type\": \"Task\",\n      \"Resource\": \"arn:aws:states:::sns:publish\",\n      \"Parameters\": {\n        \"TopicArn\": \"arn:aws:sns:us-east-1:831569350010:aft-notifications\",\n        \"Message.$\": \"$\"\n      },\n      \"End\": true\n    },\n    \"Notify Failure\": {\n      \"Type\": \"Task\",\n      \"Resource\": \"arn:aws:states:::sns:publish\",\n      \"Parameters\": {\n        \"TopicArn\": \"arn:aws:sns:us-east-1:831569350010:aft-failure-notifications\",\n        \"Message.$\": \"$.Cause\"\n      },\n      \"Next\": \"Failed\"\n    },\n    \"Failed\": {\n      \"Type\": \"Fail\"\n    }\n  }\n}\n",
            "id": "arn:aws:states:us-east-1:831569350010:stateMachine:aft-invoke-customizations",
            "logging_configuration": [
              {
                "include_execution_data": false,
                "level": "OFF",
                "log_destination": ""
              }
            ],
            "name": "aft-invoke-customizations",
            "name_prefix": "",
            "role_arn": "arn:aws:iam::831569350010:role/aft-invoke-customizations-execution-role",
            "status": "ACTIVE",
            "tags": null,
            "tags_all": {
              "managed_by": "AFT"
            },
            "timeouts": null,
            "tracing_configuration": [
              {
                "enabled": false
              }
            ],
            "type": "STANDARD"
          },
          "sensitive_attributes": [],
          "private": "eyJlMmJmYjczMC1lY2FhLTExZTYtOGY4OC0zNDM2M2JjN2M0YzAiOnsiY3JlYXRlIjozMDAwMDAwMDAwMDAsImRlbGV0ZSI6MzAwMDAwMDAwMDAwLCJ1cGRhdGUiOjYwMDAwMDAwMDAwfX0=",
          "dependencies": [
            "module.aft.data.aws_partition.current",
            "module.aft.data.local_file.version",
            "module.aft.module.aft_account_provisioning_framework.aws_iam_role.aft_lambda_aft_account_provisioning_framework_create_role",
            "module.aft.module.aft_account_provisioning_framework.aws_iam_role.aft_lambda_aft_account_provisioning_framework_persist_metadata",
            "module.aft.module.aft_account_provisioning_framework.aws_iam_role.aft_lambda_aft_account_provisioning_framework_tag_account",
            "module.aft.module.aft_account_provisioning_framework.aws_iam_role.aft_states",
            "module.aft.module.aft_account_provisioning_framework.aws_lambda_function.account_metadata_ssm",
            "module.aft.module.aft_account_provisioning_framework.aws_lambda_function.create_role",
            "module.aft.module.aft_account_provisioning_framework.aws_lambda_function.persist_metadata",
            "module.aft.module.aft_account_provisioning_framework.aws_lambda_function.tag_account",
            "module.aft.module.aft_account_provisioning_framework.aws_sfn_state_machine.aft_account_provisioning_framework_sfn",
            "module.aft.module.aft_account_provisioning_framework.data.aws_caller_identity.aft_management",
            "module.aft.module.aft_account_provisioning_framework.data.aws_partition.current",
            "module.aft.module.aft_account_provisioning_framework.data.aws_region.aft_management",
            "module.aft.module.aft_account_request_framework.aws_kms_key.aft",
            "module.aft.module.aft_account_request_framework.aws_security_group.aft_vpc_default_sg",
            "module.aft.module.aft_account_request_framework.aws_sns_topic.aft_failure_notifications",
            "module.aft.module.aft_account_request_framework.aws_sns_topic.aft_notifications",
            "module.aft.module.aft_account_request_framework.aws_subnet.aft_vpc_private_subnet_01",
            "module.aft.module.aft_account_request_framework.aws_subnet.aft_vpc_private_subnet_02",
            "module.aft.module.aft_account_request_framework.aws_vpc.aft_vpc",
            "module.aft.module.aft_account_request_framework.data.aws_availability_zones.available",
            "module.aft.module.aft_customizations.aws_iam_role.aft_customizations_execute_pipeline_lambda",
            "module.aft.module.aft_customizations.aws_iam_role.aft_customizations_get_pipeline_executions_lambda",
            "module.aft.module.aft_customizations.aws_iam_role.aft_customizations_identify_targets_lambda",
            "module.aft.module.aft_customizations.aws_iam_role.aft_invoke_customizations_sfn",
            "module.aft.module.aft_customizations.aws_lambda_function.aft_customizations_execute_pipeline",
            "module.aft.module.aft_customizations.aws_lambda_function.aft_customizations_get_pipeline_executions",
            "module.aft.module.aft_customizations.aws_lambda_function.aft_customizations_identify_targets",
            "module.aft.module.aft_customizations.aws_s3_bucket.aft_codepipeline_customizations_bucket",
            "module.aft.module.aft_customizations.data.aws_caller_identity.current",
            "module.aft.module.aft_customizations.data.aws_partition.current",
            "module.aft.module.aft_lambda_layer.aws_codebuild_project.codebuild",
            "module.aft.module.aft_lambda_layer.aws_iam_role.codebuild",
            "module.aft.module.aft_lambda_layer.aws_iam_role.codebuild_invoker_lambda_role",
            "module.aft.module.aft_lambda_layer.aws_lambda_function.codebuild_invoker",
            "module.aft.module.aft_lambda_layer.aws_lambda_layer_version.layer_version",
            "module.aft.module.aft_lambda_layer.data.aws_lambda_invocation.invoke_codebuild_job",
            "module.aft.module.aft_lambda_layer.data.aws_partition.current",
            "module.aft.module.aft_lambda_layer.data.local_file.aft_lambda_layer",
            "module.aft.module.aft_lambda_layer.random_string.resource_suffix",
            "module.aft.module.packaging.data.archive_file.builder",
            "module.aft.module.packaging.data.archive_file.customizations",
            "module.aft.module.packaging.data.archive_file.provisioning_framework"
          ]
        }
      ]
    },
    {
      "module": "module.aft.module.aft_feature_options",
      "mode": "data",
      "type": "aws_caller_identity",
      "name": "ct_audit",
      "provider": "module.aft.provider[\"registry.terraform.io/hashicorp/aws\"].audit",
      "instances": [
        {
          "schema_version": 0,
          "attributes": {
            "account_id": "017799390459",
            "arn": "arn:aws:sts::017799390459:assumed-role/AWSControlTowerExecution/AWSAFT-Session",
            "id": "017799390459",
            "user_id": "AROAQIJHNET57EUPQW3LR:AWSAFT-Session"
          },
          "sensitive_attributes": []
        }
      ]
    },
    {
      "module": "module.aft.module.aft_feature_options",
      "mode": "data",
      "type": "aws_caller_identity",
      "name": "ct_log",
      "provider": "module.aft.provider[\"registry.terraform.io/hashicorp/aws\"].log_archive",
      "instances": [
        {
          "schema_version": 0,
          "attributes": {
            "account_id": "031382445905",
            "arn": "arn:aws:sts::031382445905:assumed-role/AWSControlTowerExecution/AWSAFT-Session",
            "id": "031382445905",
            "user_id": "AROAQOTUKD5I4IYTN4BS6:AWSAFT-Session"
          },
          "sensitive_attributes": []
        }
      ]
    },
    {
      "module": "module.aft.module.aft_feature_options",
      "mode": "data",
      "type": "aws_caller_identity",
      "name": "ct_management",
      "provider": "module.aft.provider[\"registry.terraform.io/hashicorp/aws\"].ct_management",
      "instances": [
        {
          "schema_version": 0,
          "attributes": {
            "account_id": "165374174101",
            "arn": "arn:aws:iam::165374174101:user/santuaft",
            "id": "165374174101",
            "user_id": "AIDASNAIRUOK56M7P7OM5"
          },
          "sensitive_attributes": []
        }
      ]
    },
    {
      "module": "module.aft.module.aft_feature_options",
      "mode": "data",
      "type": "aws_caller_identity",
      "name": "current",
      "provider": "module.aft.provider[\"registry.terraform.io/hashicorp/aws\"].aft_management",
      "instances": [
        {
          "schema_version": 0,
          "attributes": {
            "account_id": "831569350010",
            "arn": "arn:aws:sts::831569350010:assumed-role/AWSControlTowerExecution/AWSAFT-Session",
            "id": "831569350010",
            "user_id": "AROA4DHLFJV5N4XQRN7FN:AWSAFT-Session"
          },
          "sensitive_attributes": []
        }
      ]
    },
    {
      "module": "module.aft.module.aft_feature_options",
      "mode": "data",
      "type": "aws_iam_policy",
      "name": "AWSLambdaBasicExecutionRole",
      "provider": "module.aft.provider[\"registry.terraform.io/hashicorp/aws\"].aft_management",
      "instances": [
        {
          "schema_version": 0,
          "attributes": {
            "arn": "arn:aws:iam::aws:policy/service-role/AWSLambdaBasicExecutionRole",
            "description": "Provides write permissions to CloudWatch Logs.",
            "id": "arn:aws:iam::aws:policy/service-role/AWSLambdaBasicExecutionRole",
            "name": "AWSLambdaBasicExecutionRole",
            "path": "/service-role/",
            "path_prefix": null,
            "policy": "{\n  \"Version\": \"2012-10-17\",\n  \"Statement\": [\n    {\n      \"Effect\": \"Allow\",\n      \"Action\": [\n        \"logs:CreateLogGroup\",\n        \"logs:CreateLogStream\",\n        \"logs:PutLogEvents\"\n      ],\n      \"Resource\": \"*\"\n    }\n  ]\n}",
            "policy_id": "ANPAJNCQGXC42545SKXIK",
            "tags": {}
          },
          "sensitive_attributes": []
        }
      ]
    },
    {
      "module": "module.aft.module.aft_feature_options",
      "mode": "data",
      "type": "aws_iam_policy",
      "name": "AWSLambdaVPCAccessExecutionRole",
      "provider": "module.aft.provider[\"registry.terraform.io/hashicorp/aws\"].aft_management",
      "instances": [
        {
          "schema_version": 0,
          "attributes": {
            "arn": "arn:aws:iam::aws:policy/service-role/AWSLambdaVPCAccessExecutionRole",
            "description": "Provides minimum permissions for a Lambda function to execute while accessing a resource within a VPC - create, describe, delete network interfaces and write permissions to CloudWatch Logs. ",
            "id": "arn:aws:iam::aws:policy/service-role/AWSLambdaVPCAccessExecutionRole",
            "name": "AWSLambdaVPCAccessExecutionRole",
            "path": "/service-role/",
            "path_prefix": null,
            "policy": "{\n  \"Version\": \"2012-10-17\",\n  \"Statement\": [\n    {\n      \"Effect\": \"Allow\",\n      \"Action\": [\n        \"logs:CreateLogGroup\",\n        \"logs:CreateLogStream\",\n        \"logs:PutLogEvents\",\n        \"ec2:CreateNetworkInterface\",\n        \"ec2:DescribeNetworkInterfaces\",\n        \"ec2:DeleteNetworkInterface\",\n        \"ec2:AssignPrivateIpAddresses\",\n        \"ec2:UnassignPrivateIpAddresses\"\n      ],\n      \"Resource\": \"*\"\n    }\n  ]\n}",
            "policy_id": "ANPAJVTME3YLVNL72YR2K",
            "tags": {}
          },
          "sensitive_attributes": []
        }
      ]
    },
    {
      "module": "module.aft.module.aft_feature_options",
      "mode": "data",
      "type": "aws_organizations_organization",
      "name": "aft_organization",
      "provider": "module.aft.provider[\"registry.terraform.io/hashicorp/aws\"].ct_management",
      "instances": [
        {
          "schema_version": 0,
          "attributes": {
            "accounts": [
              {
                "arn": "arn:aws:organizations::165374174101:account/o-kajbr50j3k/831569350010",
                "email": "santuaftdata@gmail.com",
                "id": "831569350010",
                "name": "Controller",
                "status": "ACTIVE"
              },
              {
                "arn": "arn:aws:organizations::165374174101:account/o-kajbr50j3k/031382445905",
                "email": "cloud5.ssti@gmail.com",
                "id": "031382445905",
                "name": "Log Archive",
                "status": "ACTIVE"
              },
              {
                "arn": "arn:aws:organizations::165374174101:account/o-kajbr50j3k/405064435466",
                "email": "santudataprod@thevjajer.com",
                "id": "405064435466",
                "name": "thevjajer-PROD",
                "status": "ACTIVE"
              },
              {
                "arn": "arn:aws:organizations::165374174101:account/o-kajbr50j3k/165374174101",
                "email": "santoshnp.vi@gmail.com",
                "id": "165374174101",
                "name": "santu459",
                "status": "ACTIVE"
              },
              {
                "arn": "arn:aws:organizations::165374174101:account/o-kajbr50j3k/017799390459",
                "email": "cloud5.sec08@gmail.com",
                "id": "017799390459",
                "name": "Audit",
                "status": "ACTIVE"
              },
              {
                "arn": "arn:aws:organizations::165374174101:account/o-kajbr50j3k/222576393738",
                "email": "santudata9@thevjajer.com",
                "id": "222576393738",
                "name": "thevjajer-Devops-Prod",
                "status": "SUSPENDED"
              },
              {
                "arn": "arn:aws:organizations::165374174101:account/o-kajbr50j3k/942489517380",
                "email": "santudata9@gmail.com",
                "id": "942489517380",
                "name": "thevjajer-IBG-PROD",
                "status": "ACTIVE"
              }
            ],
            "arn": "arn:aws:organizations::165374174101:organization/o-kajbr50j3k",
            "aws_service_access_principals": [
              "access-analyzer.amazonaws.com",
              "cloudtrail.amazonaws.com",
              "config.amazonaws.com",
              "controltower.amazonaws.com",
              "member.org.stacksets.cloudformation.amazonaws.com",
              "sso.amazonaws.com"
            ],
            "enabled_policy_types": [
              "SERVICE_CONTROL_POLICY"
            ],
            "feature_set": "ALL",
            "id": "o-kajbr50j3k",
            "master_account_arn": "arn:aws:organizations::165374174101:account/o-kajbr50j3k/165374174101",
            "master_account_email": "santoshnp.vi@gmail.com",
            "master_account_id": "165374174101",
            "non_master_accounts": [
              {
                "arn": "arn:aws:organizations::165374174101:account/o-kajbr50j3k/831569350010",
                "email": "santuaftdata@gmail.com",
                "id": "831569350010",
                "name": "Controller",
                "status": "ACTIVE"
              },
              {
                "arn": "arn:aws:organizations::165374174101:account/o-kajbr50j3k/031382445905",
                "email": "cloud5.ssti@gmail.com",
                "id": "031382445905",
                "name": "Log Archive",
                "status": "ACTIVE"
              },
              {
                "arn": "arn:aws:organizations::165374174101:account/o-kajbr50j3k/405064435466",
                "email": "santudataprod@thevjajer.com",
                "id": "405064435466",
                "name": "thevjajer-PROD",
                "status": "ACTIVE"
              },
              {
                "arn": "arn:aws:organizations::165374174101:account/o-kajbr50j3k/017799390459",
                "email": "cloud5.sec08@gmail.com",
                "id": "017799390459",
                "name": "Audit",
                "status": "ACTIVE"
              },
              {
                "arn": "arn:aws:organizations::165374174101:account/o-kajbr50j3k/222576393738",
                "email": "santudata9@thevjajer.com",
                "id": "222576393738",
                "name": "thevjajer-Devops-Prod",
                "status": "SUSPENDED"
              },
              {
                "arn": "arn:aws:organizations::165374174101:account/o-kajbr50j3k/942489517380",
                "email": "santudata9@gmail.com",
                "id": "942489517380",
                "name": "thevjajer-IBG-PROD",
                "status": "ACTIVE"
              }
            ],
            "roots": [
              {
                "arn": "arn:aws:organizations::165374174101:root/o-kajbr50j3k/r-h6nv",
                "id": "r-h6nv",
                "name": "Root",
                "policy_types": [
                  {
                    "status": "ENABLED",
                    "type": "SERVICE_CONTROL_POLICY"
                  }
                ]
              }
            ]
          },
          "sensitive_attributes": []
        }
      ]
    },
    {
      "module": "module.aft.module.aft_feature_options",
      "mode": "data",
      "type": "aws_partition",
      "name": "current",
      "provider": "provider[\"registry.terraform.io/hashicorp/aws\"]",
      "instances": [
        {
          "schema_version": 0,
          "attributes": {
            "dns_suffix": "amazonaws.com",
            "id": "aws",
            "partition": "aws",
            "reverse_dns_prefix": "com.amazonaws"
          },
          "sensitive_attributes": []
        }
      ]
    },
    {
      "module": "module.aft.module.aft_feature_options",
      "mode": "data",
      "type": "aws_region",
      "name": "current",
      "provider": "module.aft.provider[\"registry.terraform.io/hashicorp/aws\"].aft_management",
      "instances": [
        {
          "schema_version": 0,
          "attributes": {
            "description": "US East (N. Virginia)",
            "endpoint": "ec2.us-east-1.amazonaws.com",
            "id": "us-east-1",
            "name": "us-east-1"
          },
          "sensitive_attributes": []
        }
      ]
    },
    {
      "module": "module.aft.module.aft_feature_options",
      "mode": "managed",
      "type": "aws_cloudwatch_log_group",
      "name": "aft_delete_default_vpc",
      "provider": "module.aft.provider[\"registry.terraform.io/hashicorp/aws\"].aft_management",
      "instances": [
        {
          "schema_version": 0,
          "attributes": {
            "arn": "arn:aws:logs:us-east-1:831569350010:log-group:/aws/lambda/aft-delete-default-vpc",
            "id": "/aws/lambda/aft-delete-default-vpc",
            "kms_key_id": "",
            "name": "/aws/lambda/aft-delete-default-vpc",
            "name_prefix": "",
            "retention_in_days": 0,
            "skip_destroy": false,
            "tags": null,
            "tags_all": {
              "managed_by": "AFT"
            }
          },
          "sensitive_attributes": [],
          "private": "bnVsbA==",
          "dependencies": [
            "module.aft.data.aws_partition.current",
            "module.aft.data.local_file.version",
            "module.aft.module.aft_account_request_framework.aws_kms_key.aft",
            "module.aft.module.aft_account_request_framework.aws_security_group.aft_vpc_default_sg",
            "module.aft.module.aft_account_request_framework.aws_subnet.aft_vpc_private_subnet_01",
            "module.aft.module.aft_account_request_framework.aws_subnet.aft_vpc_private_subnet_02",
            "module.aft.module.aft_account_request_framework.aws_vpc.aft_vpc",
            "module.aft.module.aft_account_request_framework.data.aws_availability_zones.available",
            "module.aft.module.aft_customizations.aws_s3_bucket.aft_codepipeline_customizations_bucket",
            "module.aft.module.aft_customizations.data.aws_caller_identity.current",
            "module.aft.module.aft_feature_options.aws_iam_role.aft_delete_default_vpc_lambda",
            "module.aft.module.aft_feature_options.aws_lambda_function.aft_delete_default_vpc",
            "module.aft.module.aft_lambda_layer.aws_codebuild_project.codebuild",
            "module.aft.module.aft_lambda_layer.aws_iam_role.codebuild",
            "module.aft.module.aft_lambda_layer.aws_iam_role.codebuild_invoker_lambda_role",
            "module.aft.module.aft_lambda_layer.aws_lambda_function.codebuild_invoker",
            "module.aft.module.aft_lambda_layer.aws_lambda_layer_version.layer_version",
            "module.aft.module.aft_lambda_layer.data.aws_lambda_invocation.invoke_codebuild_job",
            "module.aft.module.aft_lambda_layer.data.aws_partition.current",
            "module.aft.module.aft_lambda_layer.data.local_file.aft_lambda_layer",
            "module.aft.module.aft_lambda_layer.random_string.resource_suffix",
            "module.aft.module.packaging.data.archive_file.builder",
            "module.aft.module.packaging.data.archive_file.feature_options"
          ]
        }
      ]
    },
    {
      "module": "module.aft.module.aft_feature_options",
      "mode": "managed",
      "type": "aws_cloudwatch_log_group",
      "name": "aft_enable_cloudtrail",
      "provider": "module.aft.provider[\"registry.terraform.io/hashicorp/aws\"].aft_management",
      "instances": [
        {
          "schema_version": 0,
          "attributes": {
            "arn": "arn:aws:logs:us-east-1:831569350010:log-group:/aws/lambda/aft-enable-cloudtrail",
            "id": "/aws/lambda/aft-enable-cloudtrail",
            "kms_key_id": "",
            "name": "/aws/lambda/aft-enable-cloudtrail",
            "name_prefix": "",
            "retention_in_days": 0,
            "skip_destroy": false,
            "tags": null,
            "tags_all": {
              "managed_by": "AFT"
            }
          },
          "sensitive_attributes": [],
          "private": "bnVsbA==",
          "dependencies": [
            "module.aft.data.aws_partition.current",
            "module.aft.data.local_file.version",
            "module.aft.module.aft_account_request_framework.aws_kms_key.aft",
            "module.aft.module.aft_account_request_framework.aws_security_group.aft_vpc_default_sg",
            "module.aft.module.aft_account_request_framework.aws_subnet.aft_vpc_private_subnet_01",
            "module.aft.module.aft_account_request_framework.aws_subnet.aft_vpc_private_subnet_02",
            "module.aft.module.aft_account_request_framework.aws_vpc.aft_vpc",
            "module.aft.module.aft_account_request_framework.data.aws_availability_zones.available",
            "module.aft.module.aft_customizations.aws_s3_bucket.aft_codepipeline_customizations_bucket",
            "module.aft.module.aft_customizations.data.aws_caller_identity.current",
            "module.aft.module.aft_feature_options.aws_iam_role.aft_enable_cloudtrail",
            "module.aft.module.aft_feature_options.aws_lambda_function.aft_enable_cloudtrail",
            "module.aft.module.aft_lambda_layer.aws_codebuild_project.codebuild",
            "module.aft.module.aft_lambda_layer.aws_iam_role.codebuild",
            "module.aft.module.aft_lambda_layer.aws_iam_role.codebuild_invoker_lambda_role",
            "module.aft.module.aft_lambda_layer.aws_lambda_function.codebuild_invoker",
            "module.aft.module.aft_lambda_layer.aws_lambda_layer_version.layer_version",
            "module.aft.module.aft_lambda_layer.data.aws_lambda_invocation.invoke_codebuild_job",
            "module.aft.module.aft_lambda_layer.data.aws_partition.current",
            "module.aft.module.aft_lambda_layer.data.local_file.aft_lambda_layer",
            "module.aft.module.aft_lambda_layer.random_string.resource_suffix",
            "module.aft.module.packaging.data.archive_file.builder",
            "module.aft.module.packaging.data.archive_file.feature_options"
          ]
        }
      ]
    },
    {
      "module": "module.aft.module.aft_feature_options",
      "mode": "managed",
      "type": "aws_cloudwatch_log_group",
      "name": "aft_enroll_support",
      "provider": "module.aft.provider[\"registry.terraform.io/hashicorp/aws\"].aft_management",
      "instances": [
        {
          "schema_version": 0,
          "attributes": {
            "arn": "arn:aws:logs:us-east-1:831569350010:log-group:/aws/lambda/aft-enroll-support",
            "id": "/aws/lambda/aft-enroll-support",
            "kms_key_id": "",
            "name": "/aws/lambda/aft-enroll-support",
            "name_prefix": "",
            "retention_in_days": 0,
            "skip_destroy": false,
            "tags": null,
            "tags_all": {
              "managed_by": "AFT"
            }
          },
          "sensitive_attributes": [],
          "private": "bnVsbA==",
          "dependencies": [
            "module.aft.data.aws_partition.current",
            "module.aft.data.local_file.version",
            "module.aft.module.aft_account_request_framework.aws_kms_key.aft",
            "module.aft.module.aft_account_request_framework.aws_security_group.aft_vpc_default_sg",
            "module.aft.module.aft_account_request_framework.aws_subnet.aft_vpc_private_subnet_01",
            "module.aft.module.aft_account_request_framework.aws_subnet.aft_vpc_private_subnet_02",
            "module.aft.module.aft_account_request_framework.aws_vpc.aft_vpc",
            "module.aft.module.aft_account_request_framework.data.aws_availability_zones.available",
            "module.aft.module.aft_customizations.aws_s3_bucket.aft_codepipeline_customizations_bucket",
            "module.aft.module.aft_customizations.data.aws_caller_identity.current",
            "module.aft.module.aft_feature_options.aws_iam_role.aft_enroll_support",
            "module.aft.module.aft_feature_options.aws_lambda_function.aft_enroll_support",
            "module.aft.module.aft_lambda_layer.aws_codebuild_project.codebuild",
            "module.aft.module.aft_lambda_layer.aws_iam_role.codebuild",
            "module.aft.module.aft_lambda_layer.aws_iam_role.codebuild_invoker_lambda_role",
            "module.aft.module.aft_lambda_layer.aws_lambda_function.codebuild_invoker",
            "module.aft.module.aft_lambda_layer.aws_lambda_layer_version.layer_version",
            "module.aft.module.aft_lambda_layer.data.aws_lambda_invocation.invoke_codebuild_job",
            "module.aft.module.aft_lambda_layer.data.aws_partition.current",
            "module.aft.module.aft_lambda_layer.data.local_file.aft_lambda_layer",
            "module.aft.module.aft_lambda_layer.random_string.resource_suffix",
            "module.aft.module.packaging.data.archive_file.builder",
            "module.aft.module.packaging.data.archive_file.feature_options"
          ]
        }
      ]
    },
    {
      "module": "module.aft.module.aft_feature_options",
      "mode": "managed",
      "type": "aws_iam_role",
      "name": "aft_delete_default_vpc_lambda",
      "provider": "module.aft.provider[\"registry.terraform.io/hashicorp/aws\"].aft_management",
      "instances": [
        {
          "schema_version": 0,
          "attributes": {
            "arn": "arn:aws:iam::831569350010:role/aft-delete-default-vpc-execution-role",
            "assume_role_policy": "{\"Statement\":[{\"Action\":\"sts:AssumeRole\",\"Effect\":\"Allow\",\"Principal\":{\"Service\":\"lambda.amazonaws.com\"}}],\"Version\":\"2012-10-17\"}",
            "create_date": "2023-05-28T05:50:10Z",
            "description": "",
            "force_detach_policies": false,
            "id": "aft-delete-default-vpc-execution-role",
            "inline_policy": [],
            "managed_policy_arns": [],
            "max_session_duration": 3600,
            "name": "aft-delete-default-vpc-execution-role",
            "name_prefix": "",
            "path": "/",
            "permissions_boundary": null,
            "role_last_used": [
              {
                "last_used_date": "",
                "region": ""
              }
            ],
            "tags": null,
            "tags_all": {
              "managed_by": "AFT"
            },
            "unique_id": "AROA4DHLFJV5MWQL3NXJB"
          },
          "sensitive_attributes": [],
          "private": "bnVsbA==",
          "dependencies": [
            "module.aft.data.aws_partition.current"
          ]
        }
      ]
    },
    {
      "module": "module.aft.module.aft_feature_options",
      "mode": "managed",
      "type": "aws_iam_role",
      "name": "aft_enable_cloudtrail",
      "provider": "module.aft.provider[\"registry.terraform.io/hashicorp/aws\"].aft_management",
      "instances": [
        {
          "schema_version": 0,
          "attributes": {
            "arn": "arn:aws:iam::831569350010:role/aft-enable-cloudtrail-execution-role",
            "assume_role_policy": "{\"Statement\":[{\"Action\":\"sts:AssumeRole\",\"Effect\":\"Allow\",\"Principal\":{\"Service\":\"lambda.amazonaws.com\"}}],\"Version\":\"2012-10-17\"}",
            "create_date": "2023-05-28T05:50:13Z",
            "description": "",
            "force_detach_policies": false,
            "id": "aft-enable-cloudtrail-execution-role",
            "inline_policy": [],
            "managed_policy_arns": [],
            "max_session_duration": 3600,
            "name": "aft-enable-cloudtrail-execution-role",
            "name_prefix": "",
            "path": "/",
            "permissions_boundary": null,
            "role_last_used": [
              {
                "last_used_date": "",
                "region": ""
              }
            ],
            "tags": null,
            "tags_all": {
              "managed_by": "AFT"
            },
            "unique_id": "AROA4DHLFJV5OG36BQERU"
          },
          "sensitive_attributes": [],
          "private": "bnVsbA==",
          "dependencies": [
            "module.aft.data.aws_partition.current"
          ]
        }
      ]
    },
    {
      "module": "module.aft.module.aft_feature_options",
      "mode": "managed",
      "type": "aws_iam_role",
      "name": "aft_enroll_support",
      "provider": "module.aft.provider[\"registry.terraform.io/hashicorp/aws\"].aft_management",
      "instances": [
        {
          "schema_version": 0,
          "attributes": {
            "arn": "arn:aws:iam::831569350010:role/aft-enroll-support-execution-role",
            "assume_role_policy": "{\"Statement\":[{\"Action\":\"sts:AssumeRole\",\"Effect\":\"Allow\",\"Principal\":{\"Service\":\"lambda.amazonaws.com\"}}],\"Version\":\"2012-10-17\"}",
            "create_date": "2023-05-28T05:50:13Z",
            "description": "",
            "force_detach_policies": false,
            "id": "aft-enroll-support-execution-role",
            "inline_policy": [],
            "managed_policy_arns": [],
            "max_session_duration": 3600,
            "name": "aft-enroll-support-execution-role",
            "name_prefix": "",
            "path": "/",
            "permissions_boundary": null,
            "role_last_used": [
              {
                "last_used_date": "",
                "region": ""
              }
            ],
            "tags": null,
            "tags_all": {
              "managed_by": "AFT"
            },
            "unique_id": "AROA4DHLFJV5D2F3U2N7S"
          },
          "sensitive_attributes": [],
          "private": "bnVsbA==",
          "dependencies": [
            "module.aft.data.aws_partition.current"
          ]
        }
      ]
    },
    {
      "module": "module.aft.module.aft_feature_options",
      "mode": "managed",
      "type": "aws_iam_role",
      "name": "aft_features_sfn",
      "provider": "module.aft.provider[\"registry.terraform.io/hashicorp/aws\"].aft_management",
      "instances": [
        {
          "schema_version": 0,
          "attributes": {
            "arn": "arn:aws:iam::831569350010:role/aft-features-execution-role",
            "assume_role_policy": "{\"Statement\":[{\"Action\":\"sts:AssumeRole\",\"Effect\":\"Allow\",\"Principal\":{\"Service\":\"states.amazonaws.com\"}}],\"Version\":\"2012-10-17\"}",
            "create_date": "2023-05-28T05:50:25Z",
            "description": "",
            "force_detach_policies": false,
            "id": "aft-features-execution-role",
            "inline_policy": [],
            "managed_policy_arns": [],
            "max_session_duration": 3600,
            "name": "aft-features-execution-role",
            "name_prefix": "",
            "path": "/",
            "permissions_boundary": null,
            "role_last_used": [
              {
                "last_used_date": "",
                "region": ""
              }
            ],
            "tags": null,
            "tags_all": {
              "managed_by": "AFT"
            },
            "unique_id": "AROA4DHLFJV5PHFNFQ3FF"
          },
          "sensitive_attributes": [],
          "private": "bnVsbA==",
          "dependencies": [
            "module.aft.data.aws_partition.current"
          ]
        }
      ]
    },
    {
      "module": "module.aft.module.aft_feature_options",
      "mode": "managed",
      "type": "aws_iam_role_policy",
      "name": "aft_delete_default_vpc_lambda",
      "provider": "module.aft.provider[\"registry.terraform.io/hashicorp/aws\"].aft_management",
      "instances": [
        {
          "schema_version": 0,
          "attributes": {
            "id": "aft-delete-default-vpc-execution-role:aft-delete-default-vpc-policy",
            "name": "aft-delete-default-vpc-policy",
            "name_prefix": null,
            "policy": "{\"Version\":\"2012-10-17\",\"Statement\":[{\"Action\":[\"ec2:DeleteSubnet\",\"ec2:DescribeRegions\",\"ec2:DetachInternetGateway\",\"ec2:DescribeSecurityGroups\",\"ec2:DeleteRouteTable\",\"ec2:DescribeInternetGateways\",\"ec2:DescribeVpcs\",\"ec2:DeleteSecurityGroup\",\"ec2:DeleteInternetGateway\",\"ec2:DeleteVpc\",\"ec2:DescribeSubnets\",\"ec2:DescribeNetworkAcls\",\"ec2:DescribeRouteTables\",\"ec2:DeleteNetworkAcl\"],\"Effect\":\"Allow\",\"Resource\":\"*\"},{\"Action\":\"ssm:GetParameter\",\"Effect\":\"Allow\",\"Resource\":[\"arn:aws:ssm:us-east-1:831569350010:parameter/aft/*\"]},{\"Action\":[\"kms:GenerateDataKey\",\"kms:Encrypt\",\"kms:Decrypt\"],\"Effect\":\"Allow\",\"Resource\":[\"arn:aws:kms:us-east-1:831569350010:key/4c37dd67-0bc8-4877-83d6-47031c1aca28\"]},{\"Action\":[\"sts:AssumeRole\"],\"Effect\":\"Allow\",\"Resource\":[\"arn:aws:iam::831569350010:role/AWSAFTAdmin\"]},{\"Action\":\"sts:GetCallerIdentity\",\"Effect\":\"Allow\",\"Resource\":\"*\"},{\"Action\":[\"sns:Publish\"],\"Effect\":\"Allow\",\"Resource\":[\"arn:aws:sns:us-east-1:831569350010:aft-notifications\",\"arn:aws:sns:us-east-1:831569350010:aft-failure-notifications\"]}]}",
            "role": "aft-delete-default-vpc-execution-role"
          },
          "sensitive_attributes": [],
          "private": "bnVsbA==",
          "dependencies": [
            "module.aft.data.aws_partition.current",
            "module.aft.module.aft_account_request_framework.aws_kms_key.aft",
            "module.aft.module.aft_account_request_framework.aws_sns_topic.aft_failure_notifications",
            "module.aft.module.aft_account_request_framework.aws_sns_topic.aft_notifications",
            "module.aft.module.aft_feature_options.aws_iam_role.aft_delete_default_vpc_lambda",
            "module.aft.module.aft_feature_options.data.aws_caller_identity.current",
            "module.aft.module.aft_feature_options.data.aws_partition.current",
            "module.aft.module.aft_feature_options.data.aws_region.current"
          ]
        }
      ]
    },
    {
      "module": "module.aft.module.aft_feature_options",
      "mode": "managed",
      "type": "aws_iam_role_policy",
      "name": "aft_enable_cloudtrail",
      "provider": "module.aft.provider[\"registry.terraform.io/hashicorp/aws\"].aft_management",
      "instances": [
        {
          "schema_version": 0,
          "attributes": {
            "id": "aft-enable-cloudtrail-execution-role:aft-enable-cloudtrail-policy",
            "name": "aft-enable-cloudtrail-policy",
            "name_prefix": null,
            "policy": "{\"Version\":\"2012-10-17\",\"Statement\":[{\"Action\":\"ssm:GetParameter\",\"Effect\":\"Allow\",\"Resource\":[\"arn:aws:ssm:us-east-1:831569350010:parameter/aft/*\"]},{\"Action\":[\"kms:GenerateDataKey\",\"kms:Encrypt\",\"kms:Decrypt\"],\"Effect\":\"Allow\",\"Resource\":[\"arn:aws:kms:us-east-1:831569350010:key/4c37dd67-0bc8-4877-83d6-47031c1aca28\"]},{\"Action\":[\"sts:AssumeRole\"],\"Effect\":\"Allow\",\"Resource\":[\"arn:aws:iam::831569350010:role/AWSAFTAdmin\"]},{\"Action\":\"sts:GetCallerIdentity\",\"Effect\":\"Allow\",\"Resource\":\"*\"},{\"Action\":[\"sns:Publish\"],\"Effect\":\"Allow\",\"Resource\":[\"arn:aws:sns:us-east-1:831569350010:aft-notifications\",\"arn:aws:sns:us-east-1:831569350010:aft-failure-notifications\"]}]}",
            "role": "aft-enable-cloudtrail-execution-role"
          },
          "sensitive_attributes": [],
          "private": "bnVsbA==",
          "dependencies": [
            "module.aft.data.aws_partition.current",
            "module.aft.module.aft_account_request_framework.aws_kms_key.aft",
            "module.aft.module.aft_account_request_framework.aws_sns_topic.aft_failure_notifications",
            "module.aft.module.aft_account_request_framework.aws_sns_topic.aft_notifications",
            "module.aft.module.aft_feature_options.aws_iam_role.aft_enable_cloudtrail",
            "module.aft.module.aft_feature_options.data.aws_caller_identity.current",
            "module.aft.module.aft_feature_options.data.aws_partition.current",
            "module.aft.module.aft_feature_options.data.aws_region.current"
          ]
        }
      ]
    },
    {
      "module": "module.aft.module.aft_feature_options",
      "mode": "managed",
      "type": "aws_iam_role_policy",
      "name": "aft_enroll_support",
      "provider": "module.aft.provider[\"registry.terraform.io/hashicorp/aws\"].aft_management",
      "instances": [
        {
          "schema_version": 0,
          "attributes": {
            "id": "aft-enroll-support-execution-role:aft-enroll-support-policy",
            "name": "aft-enroll-support-policy",
            "name_prefix": null,
            "policy": "{\"Version\":\"2012-10-17\",\"Statement\":[{\"Action\":\"ssm:GetParameter\",\"Effect\":\"Allow\",\"Resource\":[\"arn:aws:ssm:us-east-1:831569350010:parameter/aft/*\"]},{\"Action\":[\"kms:GenerateDataKey\",\"kms:Encrypt\",\"kms:Decrypt\"],\"Effect\":\"Allow\",\"Resource\":[\"arn:aws:kms:us-east-1:831569350010:key/4c37dd67-0bc8-4877-83d6-47031c1aca28\"]},{\"Action\":[\"sts:AssumeRole\"],\"Effect\":\"Allow\",\"Resource\":[\"arn:aws:iam::831569350010:role/AWSAFTAdmin\"]},{\"Action\":\"sts:GetCallerIdentity\",\"Effect\":\"Allow\",\"Resource\":\"*\"},{\"Action\":[\"sns:Publish\"],\"Effect\":\"Allow\",\"Resource\":[\"arn:aws:sns:us-east-1:831569350010:aft-notifications\",\"arn:aws:sns:us-east-1:831569350010:aft-failure-notifications\"]}]}",
            "role": "aft-enroll-support-execution-role"
          },
          "sensitive_attributes": [],
          "private": "bnVsbA==",
          "dependencies": [
            "module.aft.data.aws_partition.current",
            "module.aft.module.aft_account_request_framework.aws_kms_key.aft",
            "module.aft.module.aft_account_request_framework.aws_sns_topic.aft_failure_notifications",
            "module.aft.module.aft_account_request_framework.aws_sns_topic.aft_notifications",
            "module.aft.module.aft_feature_options.aws_iam_role.aft_enroll_support",
            "module.aft.module.aft_feature_options.data.aws_caller_identity.current",
            "module.aft.module.aft_feature_options.data.aws_partition.current",
            "module.aft.module.aft_feature_options.data.aws_region.current"
          ]
        }
      ]
    },
    {
      "module": "module.aft.module.aft_feature_options",
      "mode": "managed",
      "type": "aws_iam_role_policy",
      "name": "aft_features_sfn",
      "provider": "module.aft.provider[\"registry.terraform.io/hashicorp/aws\"].aft_management",
      "instances": [
        {
          "schema_version": 0,
          "attributes": {
            "id": "aft-features-execution-role:aft-features-policy",
            "name": "aft-features-policy",
            "name_prefix": null,
            "policy": "{\"Version\":\"2012-10-17\",\"Statement\":[{\"Action\":\"sns:Publish*\",\"Effect\":\"Allow\",\"Resource\":\"arn:aws:sns:us-east-1:831569350010:aft-*\"},{\"Action\":[\"lambda:InvokeFunction\"],\"Effect\":\"Allow\",\"Resource\":[\"arn:aws:lambda:us-east-1:831569350010:function:aft-*\"]}]}",
            "role": "aft-features-execution-role"
          },
          "sensitive_attributes": [],
          "private": "bnVsbA==",
          "dependencies": [
            "module.aft.data.aws_partition.current",
            "module.aft.module.aft_feature_options.aws_iam_role.aft_features_sfn",
            "module.aft.module.aft_feature_options.data.aws_caller_identity.current",
            "module.aft.module.aft_feature_options.data.aws_partition.current",
            "module.aft.module.aft_feature_options.data.aws_region.current"
          ]
        }
      ]
    },
    {
      "module": "module.aft.module.aft_feature_options",
      "mode": "managed",
      "type": "aws_iam_role_policy_attachment",
      "name": "aft_delete_default_vpc_lambda",
      "provider": "module.aft.provider[\"registry.terraform.io/hashicorp/aws\"].aft_management",
      "instances": [
        {
          "index_key": 0,
          "schema_version": 0,
          "attributes": {
            "id": "aft-delete-default-vpc-execution-role-2023052805505705680000000b",
            "policy_arn": "arn:aws:iam::aws:policy/service-role/AWSLambdaBasicExecutionRole",
            "role": "aft-delete-default-vpc-execution-role"
          },
          "sensitive_attributes": [],
          "private": "bnVsbA==",
          "dependencies": [
            "module.aft.data.aws_partition.current",
            "module.aft.module.aft_feature_options.aws_iam_role.aft_delete_default_vpc_lambda",
            "module.aft.module.aft_feature_options.data.aws_iam_policy.AWSLambdaBasicExecutionRole",
            "module.aft.module.aft_feature_options.data.aws_iam_policy.AWSLambdaVPCAccessExecutionRole"
          ]
        },
        {
          "index_key": 1,
          "schema_version": 0,
          "attributes": {
            "id": "aft-delete-default-vpc-execution-role-20230528055055127100000009",
            "policy_arn": "arn:aws:iam::aws:policy/service-role/AWSLambdaVPCAccessExecutionRole",
            "role": "aft-delete-default-vpc-execution-role"
          },
          "sensitive_attributes": [],
          "private": "bnVsbA==",
          "dependencies": [
            "module.aft.data.aws_partition.current",
            "module.aft.module.aft_feature_options.aws_iam_role.aft_delete_default_vpc_lambda",
            "module.aft.module.aft_feature_options.data.aws_iam_policy.AWSLambdaBasicExecutionRole",
            "module.aft.module.aft_feature_options.data.aws_iam_policy.AWSLambdaVPCAccessExecutionRole"
          ]
        }
      ]
    },
    {
      "module": "module.aft.module.aft_feature_options",
      "mode": "managed",
      "type": "aws_iam_role_policy_attachment",
      "name": "aft_enable_cloudtrail",
      "provider": "module.aft.provider[\"registry.terraform.io/hashicorp/aws\"].aft_management",
      "instances": [
        {
          "index_key": 0,
          "schema_version": 0,
          "attributes": {
            "id": "aft-enable-cloudtrail-execution-role-2023052805505777230000000e",
            "policy_arn": "arn:aws:iam::aws:policy/service-role/AWSLambdaBasicExecutionRole",
            "role": "aft-enable-cloudtrail-execution-role"
          },
          "sensitive_attributes": [],
          "private": "bnVsbA==",
          "dependencies": [
            "module.aft.data.aws_partition.current",
            "module.aft.module.aft_feature_options.aws_iam_role.aft_enable_cloudtrail",
            "module.aft.module.aft_feature_options.data.aws_iam_policy.AWSLambdaBasicExecutionRole",
            "module.aft.module.aft_feature_options.data.aws_iam_policy.AWSLambdaVPCAccessExecutionRole"
          ]
        },
        {
          "index_key": 1,
          "schema_version": 0,
          "attributes": {
            "id": "aft-enable-cloudtrail-execution-role-2023052805505737600000000c",
            "policy_arn": "arn:aws:iam::aws:policy/service-role/AWSLambdaVPCAccessExecutionRole",
            "role": "aft-enable-cloudtrail-execution-role"
          },
          "sensitive_attributes": [],
          "private": "bnVsbA==",
          "dependencies": [
            "module.aft.data.aws_partition.current",
            "module.aft.module.aft_feature_options.aws_iam_role.aft_enable_cloudtrail",
            "module.aft.module.aft_feature_options.data.aws_iam_policy.AWSLambdaBasicExecutionRole",
            "module.aft.module.aft_feature_options.data.aws_iam_policy.AWSLambdaVPCAccessExecutionRole"
          ]
        }
      ]
    },
    {
      "module": "module.aft.module.aft_feature_options",
      "mode": "managed",
      "type": "aws_iam_role_policy_attachment",
      "name": "aft_enroll_support",
      "provider": "module.aft.provider[\"registry.terraform.io/hashicorp/aws\"].aft_management",
      "instances": [
        {
          "index_key": 0,
          "schema_version": 0,
          "attributes": {
            "id": "aft-enroll-support-execution-role-2023052805505648390000000a",
            "policy_arn": "arn:aws:iam::aws:policy/service-role/AWSLambdaBasicExecutionRole",
            "role": "aft-enroll-support-execution-role"
          },
          "sensitive_attributes": [],
          "private": "bnVsbA==",
          "dependencies": [
            "module.aft.data.aws_partition.current",
            "module.aft.module.aft_feature_options.aws_iam_role.aft_enroll_support",
            "module.aft.module.aft_feature_options.data.aws_iam_policy.AWSLambdaBasicExecutionRole",
            "module.aft.module.aft_feature_options.data.aws_iam_policy.AWSLambdaVPCAccessExecutionRole"
          ]
        },
        {
          "index_key": 1,
          "schema_version": 0,
          "attributes": {
            "id": "aft-enroll-support-execution-role-2023052805505767860000000d",
            "policy_arn": "arn:aws:iam::aws:policy/service-role/AWSLambdaVPCAccessExecutionRole",
            "role": "aft-enroll-support-execution-role"
          },
          "sensitive_attributes": [],
          "private": "bnVsbA==",
          "dependencies": [
            "module.aft.data.aws_partition.current",
            "module.aft.module.aft_feature_options.aws_iam_role.aft_enroll_support",
            "module.aft.module.aft_feature_options.data.aws_iam_policy.AWSLambdaBasicExecutionRole",
            "module.aft.module.aft_feature_options.data.aws_iam_policy.AWSLambdaVPCAccessExecutionRole"
          ]
        }
      ]
    },
    {
      "module": "module.aft.module.aft_feature_options",
      "mode": "managed",
      "type": "aws_kms_alias",
      "name": "aft_log_key_alias",
      "provider": "module.aft.provider[\"registry.terraform.io/hashicorp/aws\"].log_archive",
      "instances": [
        {
          "schema_version": 0,
          "attributes": {
            "arn": "arn:aws:kms:us-east-1:031382445905:alias/aft",
            "id": "alias/aft",
            "name": "alias/aft",
            "name_prefix": "",
            "target_key_arn": "arn:aws:kms:us-east-1:031382445905:key/e3b7c255-d32b-4808-a680-0fb42daa6706",
            "target_key_id": "e3b7c255-d32b-4808-a680-0fb42daa6706"
          },
          "sensitive_attributes": [],
          "private": "bnVsbA==",
          "dependencies": [
            "module.aft.data.aws_partition.current",
            "module.aft.module.aft_feature_options.aws_kms_key.aft_log_key",
            "module.aft.module.aft_feature_options.data.aws_partition.current"
          ]
        }
      ]
    },
    {
      "module": "module.aft.module.aft_feature_options",
      "mode": "managed",
      "type": "aws_kms_key",
      "name": "aft_log_key",
      "provider": "module.aft.provider[\"registry.terraform.io/hashicorp/aws\"].log_archive",
      "instances": [
        {
          "schema_version": 0,
          "attributes": {
            "arn": "arn:aws:kms:us-east-1:031382445905:key/e3b7c255-d32b-4808-a680-0fb42daa6706",
            "bypass_policy_lockout_safety_check": false,
            "custom_key_store_id": "",
            "customer_master_key_spec": "SYMMETRIC_DEFAULT",
            "deletion_window_in_days": null,
            "description": "KMS key for encrypt/decrypt log files",
            "enable_key_rotation": true,
            "id": "e3b7c255-d32b-4808-a680-0fb42daa6706",
            "is_enabled": true,
            "key_id": "e3b7c255-d32b-4808-a680-0fb42daa6706",
            "key_usage": "ENCRYPT_DECRYPT",
            "multi_region": false,
            "policy": "{\"Statement\":[{\"Action\":[\"kms:ReEncrypt*\",\"kms:GenerateDataKey*\",\"kms:Encrypt\",\"kms:DescribeKey\",\"kms:Decrypt\"],\"Effect\":\"Allow\",\"Principal\":{\"Service\":[\"vpc-flow-logs.amazonaws.com\",\"delivery.logs.amazonaws.com\",\"cloudtrail.amazonaws.com\"]},\"Resource\":\"*\",\"Sid\":\"Allow AWS Services to Encrypt data\"},{\"Action\":\"kms:*\",\"Effect\":\"Allow\",\"Principal\":{\"AWS\":\"arn:aws:iam::031382445905:root\"},\"Resource\":\"*\",\"Sid\":\"Enable IAM User Permissions\"}],\"Version\":\"2012-10-17\"}",
            "tags": null,
            "tags_all": {
              "managed_by": "AFT"
            }
          },
          "sensitive_attributes": [],
          "private": "bnVsbA==",
          "dependencies": [
            "module.aft.data.aws_partition.current",
            "module.aft.module.aft_feature_options.data.aws_partition.current"
          ]
        }
      ]
    },
    {
      "module": "module.aft.module.aft_feature_options",
      "mode": "managed",
      "type": "aws_lambda_function",
      "name": "aft_delete_default_vpc",
      "provider": "module.aft.provider[\"registry.terraform.io/hashicorp/aws\"].aft_management",
      "instances": [
        {
          "schema_version": 0,
          "attributes": {
            "architectures": [
              "x86_64"
            ],
            "arn": "arn:aws:lambda:us-east-1:831569350010:function:aft-delete-default-vpc",
            "code_signing_config_arn": "",
            "dead_letter_config": [],
            "description": "Deletes default VPCs in all regions. Called from aft-features SFN.",
            "environment": [],
            "ephemeral_storage": [
              {
                "size": 512
              }
            ],
            "file_system_config": [],
            "filename": ".terraform/modules/aft/modules/aft-archives/../../src/aft_lambda/aft_feature_options.zip",
            "function_name": "aft-delete-default-vpc",
            "handler": "aft_delete_default_vpc.lambda_handler",
            "id": "aft-delete-default-vpc",
            "image_config": [],
            "image_uri": "",
            "invoke_arn": "arn:aws:apigateway:us-east-1:lambda:path/2015-03-31/functions/arn:aws:lambda:us-east-1:831569350010:function:aft-delete-default-vpc/invocations",
            "kms_key_arn": "",
            "last_modified": "2023-05-28T06:01:56.596+0000",
            "layers": [
              "arn:aws:lambda:us-east-1:831569350010:layer:aft-common-1-10-3:1"
            ],
            "memory_size": 1024,
            "package_type": "Zip",
            "publish": false,
            "qualified_arn": "arn:aws:lambda:us-east-1:831569350010:function:aft-delete-default-vpc:$LATEST",
            "qualified_invoke_arn": "arn:aws:apigateway:us-east-1:lambda:path/2015-03-31/functions/arn:aws:lambda:us-east-1:831569350010:function:aft-delete-default-vpc:$LATEST/invocations",
            "replace_security_groups_on_destroy": null,
            "replacement_security_group_ids": null,
            "reserved_concurrent_executions": -1,
            "role": "arn:aws:iam::831569350010:role/aft-delete-default-vpc-execution-role",
            "runtime": "python3.9",
            "s3_bucket": null,
            "s3_key": null,
            "s3_object_version": null,
            "signing_job_arn": "",
            "signing_profile_version_arn": "",
            "skip_destroy": false,
            "snap_start": [],
            "source_code_hash": "La0e0nEwwRQOD0WNhuj4//JYaHLSVl3dmbBDWYjmP8c=",
            "source_code_size": 3778,
            "tags": null,
            "tags_all": {
              "managed_by": "AFT"
            },
            "timeout": 300,
            "timeouts": null,
            "tracing_config": [
              {
                "mode": "PassThrough"
              }
            ],
            "version": "$LATEST",
            "vpc_config": [
              {
                "security_group_ids": [
                  "sg-0a4310c8034e66ff9"
                ],
                "subnet_ids": [
                  "subnet-003c841febb2163f5",
                  "subnet-0970ebe4f59507674"
                ],
                "vpc_id": "vpc-06cdd138eab207cc9"
              }
            ]
          },
          "sensitive_attributes": [],
          "private": "eyJlMmJmYjczMC1lY2FhLTExZTYtOGY4OC0zNDM2M2JjN2M0YzAiOnsiY3JlYXRlIjo2MDAwMDAwMDAwMDAsImRlbGV0ZSI6NjAwMDAwMDAwMDAwLCJ1cGRhdGUiOjYwMDAwMDAwMDAwMH19",
          "dependencies": [
            "module.aft.data.aws_partition.current",
            "module.aft.data.local_file.version",
            "module.aft.module.aft_account_request_framework.aws_kms_key.aft",
            "module.aft.module.aft_account_request_framework.aws_security_group.aft_vpc_default_sg",
            "module.aft.module.aft_account_request_framework.aws_subnet.aft_vpc_private_subnet_01",
            "module.aft.module.aft_account_request_framework.aws_subnet.aft_vpc_private_subnet_02",
            "module.aft.module.aft_account_request_framework.aws_vpc.aft_vpc",
            "module.aft.module.aft_account_request_framework.data.aws_availability_zones.available",
            "module.aft.module.aft_customizations.aws_s3_bucket.aft_codepipeline_customizations_bucket",
            "module.aft.module.aft_customizations.data.aws_caller_identity.current",
            "module.aft.module.aft_feature_options.aws_iam_role.aft_delete_default_vpc_lambda",
            "module.aft.module.aft_lambda_layer.aws_codebuild_project.codebuild",
            "module.aft.module.aft_lambda_layer.aws_iam_role.codebuild",
            "module.aft.module.aft_lambda_layer.aws_iam_role.codebuild_invoker_lambda_role",
            "module.aft.module.aft_lambda_layer.aws_lambda_function.codebuild_invoker",
            "module.aft.module.aft_lambda_layer.aws_lambda_layer_version.layer_version",
            "module.aft.module.aft_lambda_layer.data.aws_lambda_invocation.invoke_codebuild_job",
            "module.aft.module.aft_lambda_layer.data.aws_partition.current",
            "module.aft.module.aft_lambda_layer.data.local_file.aft_lambda_layer",
            "module.aft.module.aft_lambda_layer.random_string.resource_suffix",
            "module.aft.module.packaging.data.archive_file.builder",
            "module.aft.module.packaging.data.archive_file.feature_options"
          ]
        }
      ]
    },
    {
      "module": "module.aft.module.aft_feature_options",
      "mode": "managed",
      "type": "aws_lambda_function",
      "name": "aft_enable_cloudtrail",
      "provider": "module.aft.provider[\"registry.terraform.io/hashicorp/aws\"].aft_management",
      "instances": [
        {
          "schema_version": 0,
          "attributes": {
            "architectures": [
              "x86_64"
            ],
            "arn": "arn:aws:lambda:us-east-1:831569350010:function:aft-enable-cloudtrail",
            "code_signing_config_arn": "",
            "dead_letter_config": [],
            "description": "Creates an Org Trail to capture data events. Called from aft-features SFN.",
            "environment": [],
            "ephemeral_storage": [
              {
                "size": 512
              }
            ],
            "file_system_config": [],
            "filename": ".terraform/modules/aft/modules/aft-archives/../../src/aft_lambda/aft_feature_options.zip",
            "function_name": "aft-enable-cloudtrail",
            "handler": "aft_enable_cloudtrail.lambda_handler",
            "id": "aft-enable-cloudtrail",
            "image_config": [],
            "image_uri": "",
            "invoke_arn": "arn:aws:apigateway:us-east-1:lambda:path/2015-03-31/functions/arn:aws:lambda:us-east-1:831569350010:function:aft-enable-cloudtrail/invocations",
            "kms_key_arn": "",
            "last_modified": "2023-05-28T05:59:44.689+0000",
            "layers": [
              "arn:aws:lambda:us-east-1:831569350010:layer:aft-common-1-10-3:1"
            ],
            "memory_size": 1024,
            "package_type": "Zip",
            "publish": false,
            "qualified_arn": "arn:aws:lambda:us-east-1:831569350010:function:aft-enable-cloudtrail:$LATEST",
            "qualified_invoke_arn": "arn:aws:apigateway:us-east-1:lambda:path/2015-03-31/functions/arn:aws:lambda:us-east-1:831569350010:function:aft-enable-cloudtrail:$LATEST/invocations",
            "replace_security_groups_on_destroy": null,
            "replacement_security_group_ids": null,
            "reserved_concurrent_executions": -1,
            "role": "arn:aws:iam::831569350010:role/aft-enable-cloudtrail-execution-role",
            "runtime": "python3.9",
            "s3_bucket": null,
            "s3_key": null,
            "s3_object_version": null,
            "signing_job_arn": "",
            "signing_profile_version_arn": "",
            "skip_destroy": false,
            "snap_start": [],
            "source_code_hash": "La0e0nEwwRQOD0WNhuj4//JYaHLSVl3dmbBDWYjmP8c=",
            "source_code_size": 3778,
            "tags": null,
            "tags_all": {
              "managed_by": "AFT"
            },
            "timeout": 300,
            "timeouts": null,
            "tracing_config": [
              {
                "mode": "PassThrough"
              }
            ],
            "version": "$LATEST",
            "vpc_config": [
              {
                "security_group_ids": [
                  "sg-0a4310c8034e66ff9"
                ],
                "subnet_ids": [
                  "subnet-003c841febb2163f5",
                  "subnet-0970ebe4f59507674"
                ],
                "vpc_id": "vpc-06cdd138eab207cc9"
              }
            ]
          },
          "sensitive_attributes": [],
          "private": "eyJlMmJmYjczMC1lY2FhLTExZTYtOGY4OC0zNDM2M2JjN2M0YzAiOnsiY3JlYXRlIjo2MDAwMDAwMDAwMDAsImRlbGV0ZSI6NjAwMDAwMDAwMDAwLCJ1cGRhdGUiOjYwMDAwMDAwMDAwMH19",
          "dependencies": [
            "module.aft.data.aws_partition.current",
            "module.aft.data.local_file.version",
            "module.aft.module.aft_account_request_framework.aws_kms_key.aft",
            "module.aft.module.aft_account_request_framework.aws_security_group.aft_vpc_default_sg",
            "module.aft.module.aft_account_request_framework.aws_subnet.aft_vpc_private_subnet_01",
            "module.aft.module.aft_account_request_framework.aws_subnet.aft_vpc_private_subnet_02",
            "module.aft.module.aft_account_request_framework.aws_vpc.aft_vpc",
            "module.aft.module.aft_account_request_framework.data.aws_availability_zones.available",
            "module.aft.module.aft_customizations.aws_s3_bucket.aft_codepipeline_customizations_bucket",
            "module.aft.module.aft_customizations.data.aws_caller_identity.current",
            "module.aft.module.aft_feature_options.aws_iam_role.aft_enable_cloudtrail",
            "module.aft.module.aft_lambda_layer.aws_codebuild_project.codebuild",
            "module.aft.module.aft_lambda_layer.aws_iam_role.codebuild",
            "module.aft.module.aft_lambda_layer.aws_iam_role.codebuild_invoker_lambda_role",
            "module.aft.module.aft_lambda_layer.aws_lambda_function.codebuild_invoker",
            "module.aft.module.aft_lambda_layer.aws_lambda_layer_version.layer_version",
            "module.aft.module.aft_lambda_layer.data.aws_lambda_invocation.invoke_codebuild_job",
            "module.aft.module.aft_lambda_layer.data.aws_partition.current",
            "module.aft.module.aft_lambda_layer.data.local_file.aft_lambda_layer",
            "module.aft.module.aft_lambda_layer.random_string.resource_suffix",
            "module.aft.module.packaging.data.archive_file.builder",
            "module.aft.module.packaging.data.archive_file.feature_options"
          ]
        }
      ]
    },
    {
      "module": "module.aft.module.aft_feature_options",
      "mode": "managed",
      "type": "aws_lambda_function",
      "name": "aft_enroll_support",
      "provider": "module.aft.provider[\"registry.terraform.io/hashicorp/aws\"].aft_management",
      "instances": [
        {
          "schema_version": 0,
          "attributes": {
            "architectures": [
              "x86_64"
            ],
            "arn": "arn:aws:lambda:us-east-1:831569350010:function:aft-enroll-support",
            "code_signing_config_arn": "",
            "dead_letter_config": [],
            "description": "Creates request to enroll an account in Enterprise support. Called from aft-features SFN.",
            "environment": [],
            "ephemeral_storage": [
              {
                "size": 512
              }
            ],
            "file_system_config": [],
            "filename": ".terraform/modules/aft/modules/aft-archives/../../src/aft_lambda/aft_feature_options.zip",
            "function_name": "aft-enroll-support",
            "handler": "aft_enroll_support.lambda_handler",
            "id": "aft-enroll-support",
            "image_config": [],
            "image_uri": "",
            "invoke_arn": "arn:aws:apigateway:us-east-1:lambda:path/2015-03-31/functions/arn:aws:lambda:us-east-1:831569350010:function:aft-enroll-support/invocations",
            "kms_key_arn": "",
            "last_modified": "2023-05-28T06:01:48.004+0000",
            "layers": [
              "arn:aws:lambda:us-east-1:831569350010:layer:aft-common-1-10-3:1"
            ],
            "memory_size": 1024,
            "package_type": "Zip",
            "publish": false,
            "qualified_arn": "arn:aws:lambda:us-east-1:831569350010:function:aft-enroll-support:$LATEST",
            "qualified_invoke_arn": "arn:aws:apigateway:us-east-1:lambda:path/2015-03-31/functions/arn:aws:lambda:us-east-1:831569350010:function:aft-enroll-support:$LATEST/invocations",
            "replace_security_groups_on_destroy": null,
            "replacement_security_group_ids": null,
            "reserved_concurrent_executions": -1,
            "role": "arn:aws:iam::831569350010:role/aft-enroll-support-execution-role",
            "runtime": "python3.9",
            "s3_bucket": null,
            "s3_key": null,
            "s3_object_version": null,
            "signing_job_arn": "",
            "signing_profile_version_arn": "",
            "skip_destroy": false,
            "snap_start": [],
            "source_code_hash": "La0e0nEwwRQOD0WNhuj4//JYaHLSVl3dmbBDWYjmP8c=",
            "source_code_size": 3778,
            "tags": null,
            "tags_all": {
              "managed_by": "AFT"
            },
            "timeout": 300,
            "timeouts": null,
            "tracing_config": [
              {
                "mode": "PassThrough"
              }
            ],
            "version": "$LATEST",
            "vpc_config": [
              {
                "security_group_ids": [
                  "sg-0a4310c8034e66ff9"
                ],
                "subnet_ids": [
                  "subnet-003c841febb2163f5",
                  "subnet-0970ebe4f59507674"
                ],
                "vpc_id": "vpc-06cdd138eab207cc9"
              }
            ]
          },
          "sensitive_attributes": [],
          "private": "eyJlMmJmYjczMC1lY2FhLTExZTYtOGY4OC0zNDM2M2JjN2M0YzAiOnsiY3JlYXRlIjo2MDAwMDAwMDAwMDAsImRlbGV0ZSI6NjAwMDAwMDAwMDAwLCJ1cGRhdGUiOjYwMDAwMDAwMDAwMH19",
          "dependencies": [
            "module.aft.data.aws_partition.current",
            "module.aft.data.local_file.version",
            "module.aft.module.aft_account_request_framework.aws_kms_key.aft",
            "module.aft.module.aft_account_request_framework.aws_security_group.aft_vpc_default_sg",
            "module.aft.module.aft_account_request_framework.aws_subnet.aft_vpc_private_subnet_01",
            "module.aft.module.aft_account_request_framework.aws_subnet.aft_vpc_private_subnet_02",
            "module.aft.module.aft_account_request_framework.aws_vpc.aft_vpc",
            "module.aft.module.aft_account_request_framework.data.aws_availability_zones.available",
            "module.aft.module.aft_customizations.aws_s3_bucket.aft_codepipeline_customizations_bucket",
            "module.aft.module.aft_customizations.data.aws_caller_identity.current",
            "module.aft.module.aft_feature_options.aws_iam_role.aft_enroll_support",
            "module.aft.module.aft_lambda_layer.aws_codebuild_project.codebuild",
            "module.aft.module.aft_lambda_layer.aws_iam_role.codebuild",
            "module.aft.module.aft_lambda_layer.aws_iam_role.codebuild_invoker_lambda_role",
            "module.aft.module.aft_lambda_layer.aws_lambda_function.codebuild_invoker",
            "module.aft.module.aft_lambda_layer.aws_lambda_layer_version.layer_version",
            "module.aft.module.aft_lambda_layer.data.aws_lambda_invocation.invoke_codebuild_job",
            "module.aft.module.aft_lambda_layer.data.aws_partition.current",
            "module.aft.module.aft_lambda_layer.data.local_file.aft_lambda_layer",
            "module.aft.module.aft_lambda_layer.random_string.resource_suffix",
            "module.aft.module.packaging.data.archive_file.builder",
            "module.aft.module.packaging.data.archive_file.feature_options"
          ]
        }
      ]
    },
    {
      "module": "module.aft.module.aft_feature_options",
      "mode": "managed",
      "type": "aws_s3_bucket",
      "name": "aft_access_logs",
      "provider": "module.aft.provider[\"registry.terraform.io/hashicorp/aws\"].log_archive",
      "instances": [
        {
          "schema_version": 0,
          "attributes": {
            "acceleration_status": "",
            "acl": null,
            "arn": "arn:aws:s3:::aws-aft-s3-access-logs-031382445905-us-east-1",
            "bucket": "aws-aft-s3-access-logs-031382445905-us-east-1",
            "bucket_domain_name": "aws-aft-s3-access-logs-031382445905-us-east-1.s3.amazonaws.com",
            "bucket_prefix": "",
            "bucket_regional_domain_name": "aws-aft-s3-access-logs-031382445905-us-east-1.s3.amazonaws.com",
            "cors_rule": [],
            "force_destroy": false,
            "grant": [
              {
                "id": "5a009f5e588a0b4830b93ce3c9fe43f4acdf223728220f41ed7d586f0043e48b",
                "permissions": [
                  "FULL_CONTROL"
                ],
                "type": "CanonicalUser",
                "uri": ""
              }
            ],
            "hosted_zone_id": "Z3AQBSTGFYJSTF",
            "id": "aws-aft-s3-access-logs-031382445905-us-east-1",
            "lifecycle_rule": [],
            "logging": [],
            "object_lock_configuration": [],
            "object_lock_enabled": false,
            "policy": "",
            "region": "us-east-1",
            "replication_configuration": [],
            "request_payer": "BucketOwner",
            "server_side_encryption_configuration": [
              {
                "rule": [
                  {
                    "apply_server_side_encryption_by_default": [
                      {
                        "kms_master_key_id": "",
                        "sse_algorithm": "AES256"
                      }
                    ],
                    "bucket_key_enabled": false
                  }
                ]
              }
            ],
            "tags": null,
            "tags_all": {
              "managed_by": "AFT"
            },
            "timeouts": null,
            "versioning": [
              {
                "enabled": false,
                "mfa_delete": false
              }
            ],
            "website": [],
            "website_domain": null,
            "website_endpoint": null
          },
          "sensitive_attributes": [],
          "private": "eyJlMmJmYjczMC1lY2FhLTExZTYtOGY4OC0zNDM2M2JjN2M0YzAiOnsiY3JlYXRlIjoxMjAwMDAwMDAwMDAwLCJkZWxldGUiOjM2MDAwMDAwMDAwMDAsInJlYWQiOjEyMDAwMDAwMDAwMDAsInVwZGF0ZSI6MTIwMDAwMDAwMDAwMH19",
          "dependencies": [
            "module.aft.data.aws_partition.current",
            "module.aft.module.aft_feature_options.data.aws_region.current"
          ]
        }
      ]
    },
    {
      "module": "module.aft.module.aft_feature_options",
      "mode": "managed",
      "type": "aws_s3_bucket",
      "name": "aft_logging_bucket",
      "provider": "module.aft.provider[\"registry.terraform.io/hashicorp/aws\"].log_archive",
      "instances": [
        {
          "schema_version": 0,
          "attributes": {
            "acceleration_status": "",
            "acl": null,
            "arn": "arn:aws:s3:::aws-aft-logs-031382445905-us-east-1",
            "bucket": "aws-aft-logs-031382445905-us-east-1",
            "bucket_domain_name": "aws-aft-logs-031382445905-us-east-1.s3.amazonaws.com",
            "bucket_prefix": "",
            "bucket_regional_domain_name": "aws-aft-logs-031382445905-us-east-1.s3.amazonaws.com",
            "cors_rule": [],
            "force_destroy": false,
            "grant": [
              {
                "id": "5a009f5e588a0b4830b93ce3c9fe43f4acdf223728220f41ed7d586f0043e48b",
                "permissions": [
                  "FULL_CONTROL"
                ],
                "type": "CanonicalUser",
                "uri": ""
              }
            ],
            "hosted_zone_id": "Z3AQBSTGFYJSTF",
            "id": "aws-aft-logs-031382445905-us-east-1",
            "lifecycle_rule": [],
            "logging": [],
            "object_lock_configuration": [],
            "object_lock_enabled": false,
            "policy": "",
            "region": "us-east-1",
            "replication_configuration": [],
            "request_payer": "BucketOwner",
            "server_side_encryption_configuration": [
              {
                "rule": [
                  {
                    "apply_server_side_encryption_by_default": [
                      {
                        "kms_master_key_id": "",
                        "sse_algorithm": "AES256"
                      }
                    ],
                    "bucket_key_enabled": false
                  }
                ]
              }
            ],
            "tags": null,
            "tags_all": {
              "managed_by": "AFT"
            },
            "timeouts": null,
            "versioning": [
              {
                "enabled": false,
                "mfa_delete": false
              }
            ],
            "website": [],
            "website_domain": null,
            "website_endpoint": null
          },
          "sensitive_attributes": [],
          "private": "eyJlMmJmYjczMC1lY2FhLTExZTYtOGY4OC0zNDM2M2JjN2M0YzAiOnsiY3JlYXRlIjoxMjAwMDAwMDAwMDAwLCJkZWxldGUiOjM2MDAwMDAwMDAwMDAsInJlYWQiOjEyMDAwMDAwMDAwMDAsInVwZGF0ZSI6MTIwMDAwMDAwMDAwMH19",
          "dependencies": [
            "module.aft.data.aws_partition.current",
            "module.aft.module.aft_feature_options.data.aws_region.current"
          ]
        }
      ]
    },
    {
      "module": "module.aft.module.aft_feature_options",
      "mode": "managed",
      "type": "aws_s3_bucket_lifecycle_configuration",
      "name": "aft_access_logs_lifecycle_configuration",
      "provider": "module.aft.provider[\"registry.terraform.io/hashicorp/aws\"].log_archive",
      "instances": [
        {
          "schema_version": 0,
          "attributes": {
            "bucket": "aws-aft-s3-access-logs-031382445905-us-east-1",
            "expected_bucket_owner": "",
            "id": "aws-aft-s3-access-logs-031382445905-us-east-1",
            "rule": [
              {
                "abort_incomplete_multipart_upload": [],
                "expiration": [],
                "filter": [
                  {
                    "and": [],
                    "object_size_greater_than": "",
                    "object_size_less_than": "",
                    "prefix": "log/",
                    "tag": []
                  }
                ],
                "id": "aft_access_logs_lifecycle_configuration_rule",
                "noncurrent_version_expiration": [
                  {
                    "newer_noncurrent_versions": "",
                    "noncurrent_days": 365
                  }
                ],
                "noncurrent_version_transition": [],
                "prefix": "",
                "status": "Enabled",
                "transition": []
              }
            ]
          },
          "sensitive_attributes": [],
          "private": "bnVsbA==",
          "dependencies": [
            "module.aft.data.aws_partition.current",
            "module.aft.module.aft_feature_options.aws_s3_bucket.aft_access_logs",
            "module.aft.module.aft_feature_options.data.aws_region.current"
          ]
        }
      ]
    },
    {
      "module": "module.aft.module.aft_feature_options",
      "mode": "managed",
      "type": "aws_s3_bucket_lifecycle_configuration",
      "name": "aft_logging_bucket_lifecycle_configuration",
      "provider": "module.aft.provider[\"registry.terraform.io/hashicorp/aws\"].log_archive",
      "instances": [
        {
          "schema_version": 0,
          "attributes": {
            "bucket": "aws-aft-logs-031382445905-us-east-1",
            "expected_bucket_owner": "",
            "id": "aws-aft-logs-031382445905-us-east-1",
            "rule": [
              {
                "abort_incomplete_multipart_upload": [],
                "expiration": [],
                "filter": [
                  {
                    "and": [],
                    "object_size_greater_than": "",
                    "object_size_less_than": "",
                    "prefix": "",
                    "tag": []
                  }
                ],
                "id": "aft_logging_bucket_lifecycle_configuration_rule",
                "noncurrent_version_expiration": [
                  {
                    "newer_noncurrent_versions": "",
                    "noncurrent_days": 365
                  }
                ],
                "noncurrent_version_transition": [],
                "prefix": "",
                "status": "Enabled",
                "transition": []
              }
            ]
          },
          "sensitive_attributes": [],
          "private": "bnVsbA==",
          "dependencies": [
            "module.aft.data.aws_partition.current",
            "module.aft.module.aft_feature_options.aws_s3_bucket.aft_logging_bucket",
            "module.aft.module.aft_feature_options.data.aws_region.current"
          ]
        }
      ]
    },
    {
      "module": "module.aft.module.aft_feature_options",
      "mode": "managed",
      "type": "aws_s3_bucket_logging",
      "name": "aft_logging_bucket_logging",
      "provider": "module.aft.provider[\"registry.terraform.io/hashicorp/aws\"].log_archive",
      "instances": [
        {
          "schema_version": 0,
          "attributes": {
            "bucket": "aws-aft-logs-031382445905-us-east-1",
            "expected_bucket_owner": "",
            "id": "aws-aft-logs-031382445905-us-east-1",
            "target_bucket": "aws-aft-s3-access-logs-031382445905-us-east-1",
            "target_grant": [],
            "target_prefix": "log/"
          },
          "sensitive_attributes": [],
          "private": "bnVsbA==",
          "dependencies": [
            "module.aft.data.aws_partition.current",
            "module.aft.module.aft_feature_options.aws_s3_bucket.aft_access_logs",
            "module.aft.module.aft_feature_options.aws_s3_bucket.aft_logging_bucket",
            "module.aft.module.aft_feature_options.data.aws_region.current"
          ]
        }
      ]
    },
    {
      "module": "module.aft.module.aft_feature_options",
      "mode": "managed",
      "type": "aws_s3_bucket_policy",
      "name": "aft_access_logs",
      "provider": "module.aft.provider[\"registry.terraform.io/hashicorp/aws\"].log_archive",
      "instances": [
        {
          "schema_version": 0,
          "attributes": {
            "bucket": "aws-aft-s3-access-logs-031382445905-us-east-1",
            "id": "aws-aft-s3-access-logs-031382445905-us-east-1",
            "policy": "{\"Statement\":[{\"Action\":\"s3:PutObject\",\"Condition\":{\"ArnLike\":{\"aws:SourceArn\":\"arn:aws:s3:::aws-aft-logs-031382445905-us-east-1\"},\"StringEquals\":{\"aws:SourceAccount\":\"031382445905\"}},\"Effect\":\"Allow\",\"Principal\":{\"Service\":[\"logging.s3.amazonaws.com\"]},\"Resource\":[\"arn:aws:s3:::aws-aft-s3-access-logs-031382445905-us-east-1/*\"],\"Sid\":\"Allow PutObject\"}],\"Version\":\"2012-10-17\"}"
          },
          "sensitive_attributes": [],
          "private": "bnVsbA==",
          "dependencies": [
            "module.aft.data.aws_partition.current",
            "module.aft.module.aft_feature_options.aws_s3_bucket.aft_access_logs",
            "module.aft.module.aft_feature_options.aws_s3_bucket.aft_logging_bucket",
            "module.aft.module.aft_feature_options.data.aws_region.current"
          ]
        }
      ]
    },
    {
      "module": "module.aft.module.aft_feature_options",
      "mode": "managed",
      "type": "aws_s3_bucket_policy",
      "name": "aft_logging_bucket",
      "provider": "module.aft.provider[\"registry.terraform.io/hashicorp/aws\"].log_archive",
      "instances": [
        {
          "schema_version": 0,
          "attributes": {
            "bucket": "aws-aft-logs-031382445905-us-east-1",
            "id": "aws-aft-logs-031382445905-us-east-1",
            "policy": "{\"Statement\":[{\"Action\":[\"s3:ListBucket\",\"s3:GetBucketLocation\",\"s3:GetBucketAcl\"],\"Effect\":\"Allow\",\"Principal\":{\"Service\":[\"cloudtrail.amazonaws.com\",\"vpc-flow-logs.amazonaws.com\",\"delivery.logs.amazonaws.com\"]},\"Resource\":\"arn:aws:s3:::aws-aft-logs-031382445905-us-east-1\",\"Sid\":\"AWSBucketPermissionsCheck\"},{\"Action\":[\"s3:ListBucket\",\"s3:GetBucketLocation\",\"s3:GetBucketAcl\"],\"Condition\":{\"StringEquals\":{\"aws:PrincipalOrgID\":\"o-kajbr50j3k\"}},\"Effect\":\"Allow\",\"Principal\":\"*\",\"Resource\":\"arn:aws:s3:::aws-aft-logs-031382445905-us-east-1\",\"Sid\":\"AWSBucketPermissionsCheck-AuditAcct\"},{\"Action\":\"s3:PutObject\",\"Effect\":\"Allow\",\"Principal\":{\"Service\":[\"cloudtrail.amazonaws.com\",\"delivery.logs.amazonaws.com\",\"vpc-flow-logs.amazonaws.com\"]},\"Resource\":[\"arn:aws:s3:::aws-aft-logs-031382445905-us-east-1/AWSLogs*\",\"arn:aws:s3:::aws-aft-logs-031382445905-us-east-1/*\",\"arn:aws:s3:::aws-aft-logs-031382445905-us-east-1\"],\"Sid\":\"Allow PutObject\"},{\"Action\":\"s3:*\",\"Condition\":{\"Bool\":{\"aws:SecureTransport\":\"false\"}},\"Effect\":\"Deny\",\"Principal\":\"*\",\"Resource\":\"arn:aws:s3:::aws-aft-logs-031382445905-us-east-1/*\",\"Sid\":\"Deny non-HTTPS access\"}],\"Version\":\"2012-10-17\"}"
          },
          "sensitive_attributes": [],
          "private": "bnVsbA==",
          "dependencies": [
            "module.aft.data.aws_partition.current",
            "module.aft.module.aft_feature_options.aws_s3_bucket.aft_logging_bucket",
            "module.aft.module.aft_feature_options.data.aws_organizations_organization.aft_organization",
            "module.aft.module.aft_feature_options.data.aws_region.current"
          ]
        }
      ]
    },
    {
      "module": "module.aft.module.aft_feature_options",
      "mode": "managed",
      "type": "aws_s3_bucket_public_access_block",
      "name": "aft_access_logs",
      "provider": "module.aft.provider[\"registry.terraform.io/hashicorp/aws\"].log_archive",
      "instances": [
        {
          "schema_version": 0,
          "attributes": {
            "block_public_acls": true,
            "block_public_policy": true,
            "bucket": "aws-aft-s3-access-logs-031382445905-us-east-1",
            "id": "aws-aft-s3-access-logs-031382445905-us-east-1",
            "ignore_public_acls": true,
            "restrict_public_buckets": true
          },
          "sensitive_attributes": [],
          "private": "bnVsbA==",
          "dependencies": [
            "module.aft.data.aws_partition.current",
            "module.aft.module.aft_feature_options.aws_s3_bucket.aft_access_logs",
            "module.aft.module.aft_feature_options.data.aws_region.current"
          ]
        }
      ]
    },
    {
      "module": "module.aft.module.aft_feature_options",
      "mode": "managed",
      "type": "aws_s3_bucket_public_access_block",
      "name": "aft_logging_bucket",
      "provider": "module.aft.provider[\"registry.terraform.io/hashicorp/aws\"].log_archive",
      "instances": [
        {
          "schema_version": 0,
          "attributes": {
            "block_public_acls": true,
            "block_public_policy": true,
            "bucket": "aws-aft-logs-031382445905-us-east-1",
            "id": "aws-aft-logs-031382445905-us-east-1",
            "ignore_public_acls": true,
            "restrict_public_buckets": true
          },
          "sensitive_attributes": [],
          "private": "bnVsbA==",
          "dependencies": [
            "module.aft.data.aws_partition.current",
            "module.aft.module.aft_feature_options.aws_s3_bucket.aft_logging_bucket",
            "module.aft.module.aft_feature_options.data.aws_region.current"
          ]
        }
      ]
    },
    {
      "module": "module.aft.module.aft_feature_options",
      "mode": "managed",
      "type": "aws_s3_bucket_server_side_encryption_configuration",
      "name": "aft_access_logs_encryption",
      "provider": "module.aft.provider[\"registry.terraform.io/hashicorp/aws\"].log_archive",
      "instances": [
        {
          "schema_version": 0,
          "attributes": {
            "bucket": "aws-aft-s3-access-logs-031382445905-us-east-1",
            "expected_bucket_owner": "",
            "id": "aws-aft-s3-access-logs-031382445905-us-east-1",
            "rule": [
              {
                "apply_server_side_encryption_by_default": [
                  {
                    "kms_master_key_id": "",
                    "sse_algorithm": "AES256"
                  }
                ],
                "bucket_key_enabled": null
              }
            ]
          },
          "sensitive_attributes": [],
          "private": "bnVsbA==",
          "dependencies": [
            "module.aft.data.aws_partition.current",
            "module.aft.module.aft_feature_options.aws_s3_bucket.aft_access_logs",
            "module.aft.module.aft_feature_options.data.aws_region.current"
          ]
        }
      ]
    },
    {
      "module": "module.aft.module.aft_feature_options",
      "mode": "managed",
      "type": "aws_s3_bucket_server_side_encryption_configuration",
      "name": "aft_logging_bucket_encryption",
      "provider": "module.aft.provider[\"registry.terraform.io/hashicorp/aws\"].log_archive",
      "instances": [
        {
          "schema_version": 0,
          "attributes": {
            "bucket": "aws-aft-logs-031382445905-us-east-1",
            "expected_bucket_owner": "",
            "id": "aws-aft-logs-031382445905-us-east-1",
            "rule": [
              {
                "apply_server_side_encryption_by_default": [
                  {
                    "kms_master_key_id": "arn:aws:kms:us-east-1:031382445905:key/e3b7c255-d32b-4808-a680-0fb42daa6706",
                    "sse_algorithm": "aws:kms"
                  }
                ],
                "bucket_key_enabled": null
              }
            ]
          },
          "sensitive_attributes": [],
          "private": "bnVsbA==",
          "dependencies": [
            "module.aft.data.aws_partition.current",
            "module.aft.module.aft_feature_options.aws_kms_key.aft_log_key",
            "module.aft.module.aft_feature_options.aws_s3_bucket.aft_logging_bucket",
            "module.aft.module.aft_feature_options.data.aws_partition.current",
            "module.aft.module.aft_feature_options.data.aws_region.current"
          ]
        }
      ]
    },
    {
      "module": "module.aft.module.aft_feature_options",
      "mode": "managed",
      "type": "aws_s3_bucket_versioning",
      "name": "aft_access_logs_versioning",
      "provider": "module.aft.provider[\"registry.terraform.io/hashicorp/aws\"].log_archive",
      "instances": [
        {
          "schema_version": 0,
          "attributes": {
            "bucket": "aws-aft-s3-access-logs-031382445905-us-east-1",
            "expected_bucket_owner": "",
            "id": "aws-aft-s3-access-logs-031382445905-us-east-1",
            "mfa": null,
            "versioning_configuration": [
              {
                "mfa_delete": "",
                "status": "Enabled"
              }
            ]
          },
          "sensitive_attributes": [],
          "private": "bnVsbA==",
          "dependencies": [
            "module.aft.data.aws_partition.current",
            "module.aft.module.aft_feature_options.aws_s3_bucket.aft_access_logs",
            "module.aft.module.aft_feature_options.data.aws_region.current"
          ]
        }
      ]
    },
    {
      "module": "module.aft.module.aft_feature_options",
      "mode": "managed",
      "type": "aws_s3_bucket_versioning",
      "name": "aft_logging_bucket_versioning",
      "provider": "module.aft.provider[\"registry.terraform.io/hashicorp/aws\"].log_archive",
      "instances": [
        {
          "schema_version": 0,
          "attributes": {
            "bucket": "aws-aft-logs-031382445905-us-east-1",
            "expected_bucket_owner": "",
            "id": "aws-aft-logs-031382445905-us-east-1",
            "mfa": null,
            "versioning_configuration": [
              {
                "mfa_delete": "",
                "status": "Enabled"
              }
            ]
          },
          "sensitive_attributes": [],
          "private": "bnVsbA==",
          "dependencies": [
            "module.aft.data.aws_partition.current",
            "module.aft.module.aft_feature_options.aws_s3_bucket.aft_logging_bucket",
            "module.aft.module.aft_feature_options.data.aws_region.current"
          ]
        }
      ]
    },
    {
      "module": "module.aft.module.aft_feature_options",
      "mode": "managed",
      "type": "aws_sfn_state_machine",
      "name": "aft_features",
      "provider": "module.aft.provider[\"registry.terraform.io/hashicorp/aws\"].aft_management",
      "instances": [
        {
          "schema_version": 0,
          "attributes": {
            "arn": "arn:aws:states:us-east-1:831569350010:stateMachine:aft-feature-options",
            "creation_date": "2023-05-28T06:02:05Z",
            "definition": "{\n    \"StartAt\": \"Delete Default VPCs\",\n    \"States\": {\n      \"Delete Default VPCs\": {\n        \"Next\": \"Enroll Enterprise Support\",\n        \"Type\": \"Task\",\n        \"Resource\": \"arn:aws:lambda:us-east-1:831569350010:function:aft-delete-default-vpc\",\n        \"ResultPath\": \"$.targets\",\n        \"Catch\": [\n          {\n            \"ErrorEquals\": [\"States.ALL\"],\n            \"Next\": \"Notify Failure\"\n          }\n        ]\n      },\n      \"Enroll Enterprise Support\": {\n        \"Next\": \"Enable CloudTrail\",\n        \"Type\": \"Task\",\n        \"Resource\": \"arn:aws:lambda:us-east-1:831569350010:function:aft-enroll-support\",\n        \"ResultPath\": \"$.targets\",\n        \"Catch\": [\n          {\n            \"ErrorEquals\": [\"States.ALL\"],\n            \"Next\": \"Notify Failure\"\n          }\n        ]\n      },\n      \"Enable CloudTrail\": {\n        \"Next\": \"Notify Success\",\n        \"Type\": \"Task\",\n        \"Resource\": \"arn:aws:lambda:us-east-1:831569350010:function:aft-enable-cloudtrail\",\n        \"ResultPath\": \"$.targets\",\n        \"Catch\": [\n          {\n            \"ErrorEquals\": [\"States.ALL\"],\n            \"Next\": \"Notify Failure\"\n          }\n        ]\n      },\n        \"Notify Success\": {\n            \"Type\": \"Task\",\n            \"Resource\": \"arn:aws:states:::sns:publish\",\n            \"Parameters\": {\n              \"TopicArn\": \"arn:aws:sns:us-east-1:831569350010:aft-notifications\",\n              \"Message.$\": \"$\"\n            },\n            \"End\": true\n          },\n          \"Notify Failure\": {\n            \"Type\": \"Task\",\n            \"Resource\": \"arn:aws:states:::sns:publish\",\n            \"Parameters\": {\n              \"TopicArn\": \"arn:aws:sns:us-east-1:831569350010:aft-failure-notifications\",\n              \"Message.$\": \"$.Cause\"\n            },\n            \"Next\": \"Failed\"\n          },\n          \"Failed\": {\n            \"Type\": \"Fail\"\n          }\n    }\n}\n",
            "id": "arn:aws:states:us-east-1:831569350010:stateMachine:aft-feature-options",
            "logging_configuration": [
              {
                "include_execution_data": false,
                "level": "OFF",
                "log_destination": ""
              }
            ],
            "name": "aft-feature-options",
            "name_prefix": "",
            "role_arn": "arn:aws:iam::831569350010:role/aft-features-execution-role",
            "status": "ACTIVE",
            "tags": null,
            "tags_all": {
              "managed_by": "AFT"
            },
            "timeouts": null,
            "tracing_configuration": [
              {
                "enabled": false
              }
            ],
            "type": "STANDARD"
          },
          "sensitive_attributes": [],
          "private": "eyJlMmJmYjczMC1lY2FhLTExZTYtOGY4OC0zNDM2M2JjN2M0YzAiOnsiY3JlYXRlIjozMDAwMDAwMDAwMDAsImRlbGV0ZSI6MzAwMDAwMDAwMDAwLCJ1cGRhdGUiOjYwMDAwMDAwMDAwfX0=",
          "dependencies": [
            "module.aft.data.aws_partition.current",
            "module.aft.data.local_file.version",
            "module.aft.module.aft_account_request_framework.aws_kms_key.aft",
            "module.aft.module.aft_account_request_framework.aws_security_group.aft_vpc_default_sg",
            "module.aft.module.aft_account_request_framework.aws_sns_topic.aft_failure_notifications",
            "module.aft.module.aft_account_request_framework.aws_sns_topic.aft_notifications",
            "module.aft.module.aft_account_request_framework.aws_subnet.aft_vpc_private_subnet_01",
            "module.aft.module.aft_account_request_framework.aws_subnet.aft_vpc_private_subnet_02",
            "module.aft.module.aft_account_request_framework.aws_vpc.aft_vpc",
            "module.aft.module.aft_account_request_framework.data.aws_availability_zones.available",
            "module.aft.module.aft_customizations.aws_s3_bucket.aft_codepipeline_customizations_bucket",
            "module.aft.module.aft_customizations.data.aws_caller_identity.current",
            "module.aft.module.aft_feature_options.aws_iam_role.aft_delete_default_vpc_lambda",
            "module.aft.module.aft_feature_options.aws_iam_role.aft_enable_cloudtrail",
            "module.aft.module.aft_feature_options.aws_iam_role.aft_enroll_support",
            "module.aft.module.aft_feature_options.aws_iam_role.aft_features_sfn",
            "module.aft.module.aft_feature_options.aws_lambda_function.aft_delete_default_vpc",
            "module.aft.module.aft_feature_options.aws_lambda_function.aft_enable_cloudtrail",
            "module.aft.module.aft_feature_options.aws_lambda_function.aft_enroll_support",
            "module.aft.module.aft_feature_options.data.aws_partition.current",
            "module.aft.module.aft_lambda_layer.aws_codebuild_project.codebuild",
            "module.aft.module.aft_lambda_layer.aws_iam_role.codebuild",
            "module.aft.module.aft_lambda_layer.aws_iam_role.codebuild_invoker_lambda_role",
            "module.aft.module.aft_lambda_layer.aws_lambda_function.codebuild_invoker",
            "module.aft.module.aft_lambda_layer.aws_lambda_layer_version.layer_version",
            "module.aft.module.aft_lambda_layer.data.aws_lambda_invocation.invoke_codebuild_job",
            "module.aft.module.aft_lambda_layer.data.aws_partition.current",
            "module.aft.module.aft_lambda_layer.data.local_file.aft_lambda_layer",
            "module.aft.module.aft_lambda_layer.random_string.resource_suffix",
            "module.aft.module.packaging.data.archive_file.builder",
            "module.aft.module.packaging.data.archive_file.feature_options"
          ]
        }
      ]
    },
    {
      "module": "module.aft.module.aft_iam_roles",
      "mode": "data",
      "type": "aws_caller_identity",
      "name": "aft_management",
      "provider": "module.aft.provider[\"registry.terraform.io/hashicorp/aws\"].aft_management",
      "instances": [
        {
          "schema_version": 0,
          "attributes": {
            "account_id": "831569350010",
            "arn": "arn:aws:sts::831569350010:assumed-role/AWSControlTowerExecution/AWSAFT-Session",
            "id": "831569350010",
            "user_id": "AROA4DHLFJV5N4XQRN7FN:AWSAFT-Session"
          },
          "sensitive_attributes": []
        }
      ]
    },
    {
      "module": "module.aft.module.aft_iam_roles",
      "mode": "data",
      "type": "aws_partition",
      "name": "current",
      "provider": "provider[\"registry.terraform.io/hashicorp/aws\"]",
      "instances": [
        {
          "schema_version": 0,
          "attributes": {
            "dns_suffix": "amazonaws.com",
            "id": "aws",
            "partition": "aws",
            "reverse_dns_prefix": "com.amazonaws"
          },
          "sensitive_attributes": []
        }
      ]
    },
    {
      "module": "module.aft.module.aft_iam_roles",
      "mode": "managed",
      "type": "aws_iam_role",
      "name": "aft_admin_role",
      "provider": "module.aft.provider[\"registry.terraform.io/hashicorp/aws\"].aft_management",
      "instances": [
        {
          "schema_version": 0,
          "attributes": {
            "arn": "arn:aws:iam::831569350010:role/AWSAFTAdmin",
            "assume_role_policy": "{\"Statement\":[{\"Action\":\"sts:AssumeRole\",\"Effect\":\"Allow\",\"Principal\":{\"AWS\":\"arn:aws:iam::831569350010:root\"}}],\"Version\":\"2012-10-17\"}",
            "create_date": "2023-05-28T05:50:14Z",
            "description": "",
            "force_detach_policies": false,
            "id": "AWSAFTAdmin",
            "inline_policy": [],
            "managed_policy_arns": [],
            "max_session_duration": 3600,
            "name": "AWSAFTAdmin",
            "name_prefix": "",
            "path": "/",
            "permissions_boundary": null,
            "role_last_used": [
              {
                "last_used_date": "",
                "region": ""
              }
            ],
            "tags": null,
            "tags_all": {
              "managed_by": "AFT"
            },
            "unique_id": "AROA4DHLFJV5CQXYKQ2IW"
          },
          "sensitive_attributes": [],
          "private": "bnVsbA==",
          "dependencies": [
            "module.aft.data.aws_partition.current",
            "module.aft.module.aft_iam_roles.data.aws_caller_identity.aft_management",
            "module.aft.module.aft_iam_roles.data.aws_partition.current"
          ]
        }
      ]
    },
    {
      "module": "module.aft.module.aft_iam_roles",
      "mode": "managed",
      "type": "aws_iam_role_policy",
      "name": "aft_admin_role",
      "provider": "module.aft.provider[\"registry.terraform.io/hashicorp/aws\"].aft_management",
      "instances": [
        {
          "schema_version": 0,
          "attributes": {
            "id": "AWSAFTAdmin:aft_admin_role_policy",
            "name": "aft_admin_role_policy",
            "name_prefix": null,
            "policy": "{\"Version\":\"2012-10-17\",\"Statement\":[{\"Action\":\"sts:AssumeRole\",\"Effect\":\"Allow\",\"Resource\":[\"arn:aws:iam::*:role/AWSAFTExecution\",\"arn:aws:iam::*:role/AWSAFTService\"]}]}",
            "role": "AWSAFTAdmin"
          },
          "sensitive_attributes": [],
          "private": "bnVsbA==",
          "dependencies": [
            "module.aft.data.aws_partition.current",
            "module.aft.module.aft_iam_roles.aws_iam_role.aft_admin_role",
            "module.aft.module.aft_iam_roles.data.aws_caller_identity.aft_management",
            "module.aft.module.aft_iam_roles.data.aws_partition.current"
          ]
        }
      ]
    },
    {
      "module": "module.aft.module.aft_iam_roles.module.aft_exec_role",
      "mode": "data",
      "type": "aws_partition",
      "name": "current",
      "provider": "module.aft.provider[\"registry.terraform.io/hashicorp/aws\"].aft_management",
      "instances": [
        {
          "schema_version": 0,
          "attributes": {
            "dns_suffix": "amazonaws.com",
            "id": "aws",
            "partition": "aws",
            "reverse_dns_prefix": "com.amazonaws"
          },
          "sensitive_attributes": []
        }
      ]
    },
    {
      "module": "module.aft.module.aft_iam_roles.module.aft_exec_role",
      "mode": "managed",
      "type": "aws_iam_role",
      "name": "role",
      "provider": "module.aft.provider[\"registry.terraform.io/hashicorp/aws\"].aft_management",
      "instances": [
        {
          "schema_version": 0,
          "attributes": {
            "arn": "arn:aws:iam::831569350010:role/AWSAFTExecution",
            "assume_role_policy": "{\"Statement\":[{\"Action\":\"sts:AssumeRole\",\"Effect\":\"Allow\",\"Principal\":{\"AWS\":[\"arn:aws:iam::831569350010:role/AWSAFTAdmin\",\"arn:aws:sts::831569350010:assumed-role/AWSAFTAdmin/AWSAFT-Session\"]}}],\"Version\":\"2012-10-17\"}",
            "create_date": "2023-05-28T05:50:51Z",
            "description": "",
            "force_detach_policies": false,
            "id": "AWSAFTExecution",
            "inline_policy": [],
            "managed_policy_arns": [],
            "max_session_duration": 3600,
            "name": "AWSAFTExecution",
            "name_prefix": "",
            "path": "/",
            "permissions_boundary": null,
            "role_last_used": [
              {
                "last_used_date": "",
                "region": ""
              }
            ],
            "tags": null,
            "tags_all": {
              "managed_by": "AFT"
            },
            "unique_id": "AROA4DHLFJV5N4ZG4VK7Y"
          },
          "sensitive_attributes": [],
          "private": "bnVsbA==",
          "dependencies": [
            "module.aft.data.aws_partition.current",
            "module.aft.module.aft_iam_roles.aws_iam_role.aft_admin_role",
            "module.aft.module.aft_iam_roles.data.aws_caller_identity.aft_management",
            "module.aft.module.aft_iam_roles.data.aws_partition.current"
          ]
        }
      ]
    },
    {
      "module": "module.aft.module.aft_iam_roles.module.aft_exec_role",
      "mode": "managed",
      "type": "aws_iam_role_policy_attachment",
      "name": "administrator-access-attachment",
      "provider": "module.aft.provider[\"registry.terraform.io/hashicorp/aws\"].aft_management",
      "instances": [
        {
          "schema_version": 0,
          "attributes": {
            "id": "AWSAFTExecution-20230528055110166900000022",
            "policy_arn": "arn:aws:iam::aws:policy/AdministratorAccess",
            "role": "AWSAFTExecution"
          },
          "sensitive_attributes": [],
          "private": "bnVsbA==",
          "dependencies": [
            "module.aft.data.aws_partition.current",
            "module.aft.module.aft_iam_roles.aws_iam_role.aft_admin_role",
            "module.aft.module.aft_iam_roles.data.aws_caller_identity.aft_management",
            "module.aft.module.aft_iam_roles.data.aws_partition.current",
            "module.aft.module.aft_iam_roles.module.aft_exec_role.aws_iam_role.role",
            "module.aft.module.aft_iam_roles.module.aft_exec_role.data.aws_partition.current"
          ]
        }
      ]
    },
    {
      "module": "module.aft.module.aft_iam_roles.module.aft_service_role",
      "mode": "data",
      "type": "aws_partition",
      "name": "current",
      "provider": "module.aft.provider[\"registry.terraform.io/hashicorp/aws\"].aft_management",
      "instances": [
        {
          "schema_version": 0,
          "attributes": {
            "dns_suffix": "amazonaws.com",
            "id": "aws",
            "partition": "aws",
            "reverse_dns_prefix": "com.amazonaws"
          },
          "sensitive_attributes": []
        }
      ]
    },
    {
      "module": "module.aft.module.aft_iam_roles.module.aft_service_role",
      "mode": "managed",
      "type": "aws_iam_role",
      "name": "role",
      "provider": "module.aft.provider[\"registry.terraform.io/hashicorp/aws\"].aft_management",
      "instances": [
        {
          "schema_version": 0,
          "attributes": {
            "arn": "arn:aws:iam::831569350010:role/AWSAFTService",
            "assume_role_policy": "{\"Statement\":[{\"Action\":\"sts:AssumeRole\",\"Effect\":\"Allow\",\"Principal\":{\"AWS\":[\"arn:aws:iam::831569350010:role/AWSAFTAdmin\",\"arn:aws:sts::831569350010:assumed-role/AWSAFTAdmin/AWSAFT-Session\"]}}],\"Version\":\"2012-10-17\"}",
            "create_date": "2023-05-28T05:50:47Z",
            "description": "",
            "force_detach_policies": false,
            "id": "AWSAFTService",
            "inline_policy": [],
            "managed_policy_arns": [],
            "max_session_duration": 3600,
            "name": "AWSAFTService",
            "name_prefix": "",
            "path": "/",
            "permissions_boundary": null,
            "role_last_used": [
              {
                "last_used_date": "",
                "region": ""
              }
            ],
            "tags": null,
            "tags_all": {
              "managed_by": "AFT"
            },
            "unique_id": "AROA4DHLFJV5IAV5UAHCE"
          },
          "sensitive_attributes": [],
          "private": "bnVsbA==",
          "dependencies": [
            "module.aft.data.aws_partition.current",
            "module.aft.module.aft_iam_roles.aws_iam_role.aft_admin_role",
            "module.aft.module.aft_iam_roles.data.aws_caller_identity.aft_management",
            "module.aft.module.aft_iam_roles.data.aws_partition.current"
          ]
        }
      ]
    },
    {
      "module": "module.aft.module.aft_iam_roles.module.aft_service_role",
      "mode": "managed",
      "type": "aws_iam_role_policy_attachment",
      "name": "administrator-access-attachment",
      "provider": "module.aft.provider[\"registry.terraform.io/hashicorp/aws\"].aft_management",
      "instances": [
        {
          "schema_version": 0,
          "attributes": {
            "id": "AWSAFTService-20230528055109027200000021",
            "policy_arn": "arn:aws:iam::aws:policy/AdministratorAccess",
            "role": "AWSAFTService"
          },
          "sensitive_attributes": [],
          "private": "bnVsbA==",
          "dependencies": [
            "module.aft.data.aws_partition.current",
            "module.aft.module.aft_iam_roles.aws_iam_role.aft_admin_role",
            "module.aft.module.aft_iam_roles.data.aws_caller_identity.aft_management",
            "module.aft.module.aft_iam_roles.data.aws_partition.current",
            "module.aft.module.aft_iam_roles.module.aft_service_role.aws_iam_role.role",
            "module.aft.module.aft_iam_roles.module.aft_service_role.data.aws_partition.current"
          ]
        }
      ]
    },
    {
      "module": "module.aft.module.aft_iam_roles.module.audit_exec_role",
      "mode": "data",
      "type": "aws_partition",
      "name": "current",
      "provider": "module.aft.provider[\"registry.terraform.io/hashicorp/aws\"].audit",
      "instances": [
        {
          "schema_version": 0,
          "attributes": {
            "dns_suffix": "amazonaws.com",
            "id": "aws",
            "partition": "aws",
            "reverse_dns_prefix": "com.amazonaws"
          },
          "sensitive_attributes": []
        }
      ]
    },
    {
      "module": "module.aft.module.aft_iam_roles.module.audit_exec_role",
      "mode": "managed",
      "type": "aws_iam_role",
      "name": "role",
      "provider": "module.aft.provider[\"registry.terraform.io/hashicorp/aws\"].audit",
      "instances": [
        {
          "schema_version": 0,
          "attributes": {
            "arn": "arn:aws:iam::017799390459:role/AWSAFTExecution",
            "assume_role_policy": "{\"Statement\":[{\"Action\":\"sts:AssumeRole\",\"Effect\":\"Allow\",\"Principal\":{\"AWS\":[\"arn:aws:iam::831569350010:role/AWSAFTAdmin\",\"arn:aws:sts::831569350010:assumed-role/AWSAFTAdmin/AWSAFT-Session\"]}}],\"Version\":\"2012-10-17\"}",
            "create_date": "2023-05-28T05:50:53Z",
            "description": "",
            "force_detach_policies": false,
            "id": "AWSAFTExecution",
            "inline_policy": [],
            "managed_policy_arns": [],
            "max_session_duration": 3600,
            "name": "AWSAFTExecution",
            "name_prefix": "",
            "path": "/",
            "permissions_boundary": null,
            "role_last_used": [
              {
                "last_used_date": "",
                "region": ""
              }
            ],
            "tags": null,
            "tags_all": {
              "managed_by": "AFT"
            },
            "unique_id": "AROAQIJHNET5TE3QKAJKJ"
          },
          "sensitive_attributes": [],
          "private": "bnVsbA==",
          "dependencies": [
            "module.aft.data.aws_partition.current",
            "module.aft.module.aft_iam_roles.aws_iam_role.aft_admin_role",
            "module.aft.module.aft_iam_roles.data.aws_caller_identity.aft_management",
            "module.aft.module.aft_iam_roles.data.aws_partition.current"
          ]
        }
      ]
    },
    {
      "module": "module.aft.module.aft_iam_roles.module.audit_exec_role",
      "mode": "managed",
      "type": "aws_iam_role_policy_attachment",
      "name": "administrator-access-attachment",
      "provider": "module.aft.provider[\"registry.terraform.io/hashicorp/aws\"].audit",
      "instances": [
        {
          "schema_version": 0,
          "attributes": {
            "id": "AWSAFTExecution-20230528055110811600000001",
            "policy_arn": "arn:aws:iam::aws:policy/AdministratorAccess",
            "role": "AWSAFTExecution"
          },
          "sensitive_attributes": [],
          "private": "bnVsbA==",
          "dependencies": [
            "module.aft.data.aws_partition.current",
            "module.aft.module.aft_iam_roles.aws_iam_role.aft_admin_role",
            "module.aft.module.aft_iam_roles.data.aws_caller_identity.aft_management",
            "module.aft.module.aft_iam_roles.data.aws_partition.current",
            "module.aft.module.aft_iam_roles.module.audit_exec_role.aws_iam_role.role",
            "module.aft.module.aft_iam_roles.module.audit_exec_role.data.aws_partition.current"
          ]
        }
      ]
    },
    {
      "module": "module.aft.module.aft_iam_roles.module.audit_service_role",
      "mode": "data",
      "type": "aws_partition",
      "name": "current",
      "provider": "module.aft.provider[\"registry.terraform.io/hashicorp/aws\"].audit",
      "instances": [
        {
          "schema_version": 0,
          "attributes": {
            "dns_suffix": "amazonaws.com",
            "id": "aws",
            "partition": "aws",
            "reverse_dns_prefix": "com.amazonaws"
          },
          "sensitive_attributes": []
        }
      ]
    },
    {
      "module": "module.aft.module.aft_iam_roles.module.audit_service_role",
      "mode": "managed",
      "type": "aws_iam_role",
      "name": "role",
      "provider": "module.aft.provider[\"registry.terraform.io/hashicorp/aws\"].audit",
      "instances": [
        {
          "schema_version": 0,
          "attributes": {
            "arn": "arn:aws:iam::017799390459:role/AWSAFTService",
            "assume_role_policy": "{\"Statement\":[{\"Action\":\"sts:AssumeRole\",\"Effect\":\"Allow\",\"Principal\":{\"AWS\":[\"arn:aws:iam::831569350010:role/AWSAFTAdmin\",\"arn:aws:sts::831569350010:assumed-role/AWSAFTAdmin/AWSAFT-Session\"]}}],\"Version\":\"2012-10-17\"}",
            "create_date": "2023-05-28T05:50:53Z",
            "description": "",
            "force_detach_policies": false,
            "id": "AWSAFTService",
            "inline_policy": [],
            "managed_policy_arns": [],
            "max_session_duration": 3600,
            "name": "AWSAFTService",
            "name_prefix": "",
            "path": "/",
            "permissions_boundary": null,
            "role_last_used": [
              {
                "last_used_date": "",
                "region": ""
              }
            ],
            "tags": null,
            "tags_all": {
              "managed_by": "AFT"
            },
            "unique_id": "AROAQIJHNET5VWYKZP6X6"
          },
          "sensitive_attributes": [],
          "private": "bnVsbA==",
          "dependencies": [
            "module.aft.data.aws_partition.current",
            "module.aft.module.aft_iam_roles.aws_iam_role.aft_admin_role",
            "module.aft.module.aft_iam_roles.data.aws_caller_identity.aft_management",
            "module.aft.module.aft_iam_roles.data.aws_partition.current"
          ]
        }
      ]
    },
    {
      "module": "module.aft.module.aft_iam_roles.module.audit_service_role",
      "mode": "managed",
      "type": "aws_iam_role_policy_attachment",
      "name": "administrator-access-attachment",
      "provider": "module.aft.provider[\"registry.terraform.io/hashicorp/aws\"].audit",
      "instances": [
        {
          "schema_version": 0,
          "attributes": {
            "id": "AWSAFTService-20230528055111260000000002",
            "policy_arn": "arn:aws:iam::aws:policy/AdministratorAccess",
            "role": "AWSAFTService"
          },
          "sensitive_attributes": [],
          "private": "bnVsbA==",
          "dependencies": [
            "module.aft.data.aws_partition.current",
            "module.aft.module.aft_iam_roles.aws_iam_role.aft_admin_role",
            "module.aft.module.aft_iam_roles.data.aws_caller_identity.aft_management",
            "module.aft.module.aft_iam_roles.data.aws_partition.current",
            "module.aft.module.aft_iam_roles.module.audit_service_role.aws_iam_role.role",
            "module.aft.module.aft_iam_roles.module.audit_service_role.data.aws_partition.current"
          ]
        }
      ]
    },
    {
      "module": "module.aft.module.aft_iam_roles.module.ct_management_exec_role",
      "mode": "data",
      "type": "aws_partition",
      "name": "current",
      "provider": "module.aft.provider[\"registry.terraform.io/hashicorp/aws\"].ct_management",
      "instances": [
        {
          "schema_version": 0,
          "attributes": {
            "dns_suffix": "amazonaws.com",
            "id": "aws",
            "partition": "aws",
            "reverse_dns_prefix": "com.amazonaws"
          },
          "sensitive_attributes": []
        }
      ]
    },
    {
      "module": "module.aft.module.aft_iam_roles.module.ct_management_exec_role",
      "mode": "managed",
      "type": "aws_iam_role",
      "name": "role",
      "provider": "module.aft.provider[\"registry.terraform.io/hashicorp/aws\"].ct_management",
      "instances": [
        {
          "schema_version": 0,
          "attributes": {
            "arn": "arn:aws:iam::165374174101:role/AWSAFTExecution",
            "assume_role_policy": "{\"Statement\":[{\"Action\":\"sts:AssumeRole\",\"Effect\":\"Allow\",\"Principal\":{\"AWS\":[\"arn:aws:iam::831569350010:role/AWSAFTAdmin\",\"arn:aws:sts::831569350010:assumed-role/AWSAFTAdmin/AWSAFT-Session\"]}}],\"Version\":\"2012-10-17\"}",
            "create_date": "2023-05-28T05:50:50Z",
            "description": "",
            "force_detach_policies": false,
            "id": "AWSAFTExecution",
            "inline_policy": [],
            "managed_policy_arns": [],
            "max_session_duration": 3600,
            "name": "AWSAFTExecution",
            "name_prefix": "",
            "path": "/",
            "permissions_boundary": null,
            "role_last_used": [
              {
                "last_used_date": "",
                "region": ""
              }
            ],
            "tags": null,
            "tags_all": {
              "managed_by": "AFT"
            },
            "unique_id": "AROASNAIRUOK5ZFTIUE7E"
          },
          "sensitive_attributes": [],
          "private": "bnVsbA==",
          "dependencies": [
            "module.aft.data.aws_partition.current",
            "module.aft.module.aft_iam_roles.aws_iam_role.aft_admin_role",
            "module.aft.module.aft_iam_roles.data.aws_caller_identity.aft_management",
            "module.aft.module.aft_iam_roles.data.aws_partition.current"
          ]
        }
      ]
    },
    {
      "module": "module.aft.module.aft_iam_roles.module.ct_management_exec_role",
      "mode": "managed",
      "type": "aws_iam_role_policy_attachment",
      "name": "administrator-access-attachment",
      "provider": "module.aft.provider[\"registry.terraform.io/hashicorp/aws\"].ct_management",
      "instances": [
        {
          "schema_version": 0,
          "attributes": {
            "id": "AWSAFTExecution-20230528055109785100000003",
            "policy_arn": "arn:aws:iam::aws:policy/AdministratorAccess",
            "role": "AWSAFTExecution"
          },
          "sensitive_attributes": [],
          "private": "bnVsbA==",
          "dependencies": [
            "module.aft.data.aws_partition.current",
            "module.aft.module.aft_iam_roles.aws_iam_role.aft_admin_role",
            "module.aft.module.aft_iam_roles.data.aws_caller_identity.aft_management",
            "module.aft.module.aft_iam_roles.data.aws_partition.current",
            "module.aft.module.aft_iam_roles.module.ct_management_exec_role.aws_iam_role.role",
            "module.aft.module.aft_iam_roles.module.ct_management_exec_role.data.aws_partition.current"
          ]
        }
      ]
    },
    {
      "module": "module.aft.module.aft_iam_roles.module.ct_management_service_role",
      "mode": "data",
      "type": "aws_partition",
      "name": "current",
      "provider": "module.aft.provider[\"registry.terraform.io/hashicorp/aws\"].ct_management",
      "instances": [
        {
          "schema_version": 0,
          "attributes": {
            "dns_suffix": "amazonaws.com",
            "id": "aws",
            "partition": "aws",
            "reverse_dns_prefix": "com.amazonaws"
          },
          "sensitive_attributes": []
        }
      ]
    },
    {
      "module": "module.aft.module.aft_iam_roles.module.ct_management_service_role",
      "mode": "managed",
      "type": "aws_iam_role",
      "name": "role",
      "provider": "module.aft.provider[\"registry.terraform.io/hashicorp/aws\"].ct_management",
      "instances": [
        {
          "schema_version": 0,
          "attributes": {
            "arn": "arn:aws:iam::165374174101:role/AWSAFTService",
            "assume_role_policy": "{\"Statement\":[{\"Action\":\"sts:AssumeRole\",\"Effect\":\"Allow\",\"Principal\":{\"AWS\":[\"arn:aws:iam::831569350010:role/AWSAFTAdmin\",\"arn:aws:sts::831569350010:assumed-role/AWSAFTAdmin/AWSAFT-Session\"]}}],\"Version\":\"2012-10-17\"}",
            "create_date": "2023-05-28T05:50:47Z",
            "description": "",
            "force_detach_policies": false,
            "id": "AWSAFTService",
            "inline_policy": [],
            "managed_policy_arns": [],
            "max_session_duration": 3600,
            "name": "AWSAFTService",
            "name_prefix": "",
            "path": "/",
            "permissions_boundary": null,
            "role_last_used": [
              {
                "last_used_date": "",
                "region": ""
              }
            ],
            "tags": null,
            "tags_all": {
              "managed_by": "AFT"
            },
            "unique_id": "AROASNAIRUOK4SFA4VG7O"
          },
          "sensitive_attributes": [],
          "private": "bnVsbA==",
          "dependencies": [
            "module.aft.data.aws_partition.current",
            "module.aft.module.aft_iam_roles.aws_iam_role.aft_admin_role",
            "module.aft.module.aft_iam_roles.data.aws_caller_identity.aft_management",
            "module.aft.module.aft_iam_roles.data.aws_partition.current"
          ]
        }
      ]
    },
    {
      "module": "module.aft.module.aft_iam_roles.module.ct_management_service_role",
      "mode": "managed",
      "type": "aws_iam_role_policy_attachment",
      "name": "administrator-access-attachment",
      "provider": "module.aft.provider[\"registry.terraform.io/hashicorp/aws\"].ct_management",
      "instances": [
        {
          "schema_version": 0,
          "attributes": {
            "id": "AWSAFTService-20230528055108921700000002",
            "policy_arn": "arn:aws:iam::aws:policy/AdministratorAccess",
            "role": "AWSAFTService"
          },
          "sensitive_attributes": [],
          "private": "bnVsbA==",
          "dependencies": [
            "module.aft.data.aws_partition.current",
            "module.aft.module.aft_iam_roles.aws_iam_role.aft_admin_role",
            "module.aft.module.aft_iam_roles.data.aws_caller_identity.aft_management",
            "module.aft.module.aft_iam_roles.data.aws_partition.current",
            "module.aft.module.aft_iam_roles.module.ct_management_service_role.aws_iam_role.role",
            "module.aft.module.aft_iam_roles.module.ct_management_service_role.data.aws_partition.current"
          ]
        }
      ]
    },
    {
      "module": "module.aft.module.aft_iam_roles.module.log_archive_exec_role",
      "mode": "data",
      "type": "aws_partition",
      "name": "current",
      "provider": "module.aft.provider[\"registry.terraform.io/hashicorp/aws\"].log_archive",
      "instances": [
        {
          "schema_version": 0,
          "attributes": {
            "dns_suffix": "amazonaws.com",
            "id": "aws",
            "partition": "aws",
            "reverse_dns_prefix": "com.amazonaws"
          },
          "sensitive_attributes": []
        }
      ]
    },
    {
      "module": "module.aft.module.aft_iam_roles.module.log_archive_exec_role",
      "mode": "managed",
      "type": "aws_iam_role",
      "name": "role",
      "provider": "module.aft.provider[\"registry.terraform.io/hashicorp/aws\"].log_archive",
      "instances": [
        {
          "schema_version": 0,
          "attributes": {
            "arn": "arn:aws:iam::031382445905:role/AWSAFTExecution",
            "assume_role_policy": "{\"Statement\":[{\"Action\":\"sts:AssumeRole\",\"Effect\":\"Allow\",\"Principal\":{\"AWS\":[\"arn:aws:iam::831569350010:role/AWSAFTAdmin\",\"arn:aws:sts::831569350010:assumed-role/AWSAFTAdmin/AWSAFT-Session\"]}}],\"Version\":\"2012-10-17\"}",
            "create_date": "2023-05-28T05:50:52Z",
            "description": "",
            "force_detach_policies": false,
            "id": "AWSAFTExecution",
            "inline_policy": [],
            "managed_policy_arns": [],
            "max_session_duration": 3600,
            "name": "AWSAFTExecution",
            "name_prefix": "",
            "path": "/",
            "permissions_boundary": null,
            "role_last_used": [
              {
                "last_used_date": "",
                "region": ""
              }
            ],
            "tags": null,
            "tags_all": {
              "managed_by": "AFT"
            },
            "unique_id": "AROAQOTUKD5IR4CFHNSYD"
          },
          "sensitive_attributes": [],
          "private": "bnVsbA==",
          "dependencies": [
            "module.aft.data.aws_partition.current",
            "module.aft.module.aft_iam_roles.aws_iam_role.aft_admin_role",
            "module.aft.module.aft_iam_roles.data.aws_caller_identity.aft_management",
            "module.aft.module.aft_iam_roles.data.aws_partition.current"
          ]
        }
      ]
    },
    {
      "module": "module.aft.module.aft_iam_roles.module.log_archive_exec_role",
      "mode": "managed",
      "type": "aws_iam_role_policy_attachment",
      "name": "administrator-access-attachment",
      "provider": "module.aft.provider[\"registry.terraform.io/hashicorp/aws\"].log_archive",
      "instances": [
        {
          "schema_version": 0,
          "attributes": {
            "id": "AWSAFTExecution-20230528055110636700000001",
            "policy_arn": "arn:aws:iam::aws:policy/AdministratorAccess",
            "role": "AWSAFTExecution"
          },
          "sensitive_attributes": [],
          "private": "bnVsbA==",
          "dependencies": [
            "module.aft.data.aws_partition.current",
            "module.aft.module.aft_iam_roles.aws_iam_role.aft_admin_role",
            "module.aft.module.aft_iam_roles.data.aws_caller_identity.aft_management",
            "module.aft.module.aft_iam_roles.data.aws_partition.current",
            "module.aft.module.aft_iam_roles.module.log_archive_exec_role.aws_iam_role.role",
            "module.aft.module.aft_iam_roles.module.log_archive_exec_role.data.aws_partition.current"
          ]
        }
      ]
    },
    {
      "module": "module.aft.module.aft_iam_roles.module.log_archive_service_role",
      "mode": "data",
      "type": "aws_partition",
      "name": "current",
      "provider": "module.aft.provider[\"registry.terraform.io/hashicorp/aws\"].log_archive",
      "instances": [
        {
          "schema_version": 0,
          "attributes": {
            "dns_suffix": "amazonaws.com",
            "id": "aws",
            "partition": "aws",
            "reverse_dns_prefix": "com.amazonaws"
          },
          "sensitive_attributes": []
        }
      ]
    },
    {
      "module": "module.aft.module.aft_iam_roles.module.log_archive_service_role",
      "mode": "managed",
      "type": "aws_iam_role",
      "name": "role",
      "provider": "module.aft.provider[\"registry.terraform.io/hashicorp/aws\"].log_archive",
      "instances": [
        {
          "schema_version": 0,
          "attributes": {
            "arn": "arn:aws:iam::031382445905:role/AWSAFTService",
            "assume_role_policy": "{\"Statement\":[{\"Action\":\"sts:AssumeRole\",\"Effect\":\"Allow\",\"Principal\":{\"AWS\":[\"arn:aws:iam::831569350010:role/AWSAFTAdmin\",\"arn:aws:sts::831569350010:assumed-role/AWSAFTAdmin/AWSAFT-Session\"]}}],\"Version\":\"2012-10-17\"}",
            "create_date": "2023-05-28T05:50:52Z",
            "description": "",
            "force_detach_policies": false,
            "id": "AWSAFTService",
            "inline_policy": [],
            "managed_policy_arns": [],
            "max_session_duration": 3600,
            "name": "AWSAFTService",
            "name_prefix": "",
            "path": "/",
            "permissions_boundary": null,
            "role_last_used": [
              {
                "last_used_date": "",
                "region": ""
              }
            ],
            "tags": null,
            "tags_all": {
              "managed_by": "AFT"
            },
            "unique_id": "AROAQOTUKD5IXN6DYOANZ"
          },
          "sensitive_attributes": [],
          "private": "bnVsbA==",
          "dependencies": [
            "module.aft.data.aws_partition.current",
            "module.aft.module.aft_iam_roles.aws_iam_role.aft_admin_role",
            "module.aft.module.aft_iam_roles.data.aws_caller_identity.aft_management",
            "module.aft.module.aft_iam_roles.data.aws_partition.current"
          ]
        }
      ]
    },
    {
      "module": "module.aft.module.aft_iam_roles.module.log_archive_service_role",
      "mode": "managed",
      "type": "aws_iam_role_policy_attachment",
      "name": "administrator-access-attachment",
      "provider": "module.aft.provider[\"registry.terraform.io/hashicorp/aws\"].log_archive",
      "instances": [
        {
          "schema_version": 0,
          "attributes": {
            "id": "AWSAFTService-20230528055110758400000002",
            "policy_arn": "arn:aws:iam::aws:policy/AdministratorAccess",
            "role": "AWSAFTService"
          },
          "sensitive_attributes": [],
          "private": "bnVsbA==",
          "dependencies": [
            "module.aft.data.aws_partition.current",
            "module.aft.module.aft_iam_roles.aws_iam_role.aft_admin_role",
            "module.aft.module.aft_iam_roles.data.aws_caller_identity.aft_management",
            "module.aft.module.aft_iam_roles.data.aws_partition.current",
            "module.aft.module.aft_iam_roles.module.log_archive_service_role.aws_iam_role.role",
            "module.aft.module.aft_iam_roles.module.log_archive_service_role.data.aws_partition.current"
          ]
        }
      ]
    },
    {
      "module": "module.aft.module.aft_lambda_layer",
      "mode": "data",
      "type": "aws_caller_identity",
      "name": "session",
      "provider": "module.aft.provider[\"registry.terraform.io/hashicorp/aws\"].aft_management",
      "instances": [
        {
          "schema_version": 0,
          "attributes": {
            "account_id": "831569350010",
            "arn": "arn:aws:sts::831569350010:assumed-role/AWSControlTowerExecution/AWSAFT-Session",
            "id": "831569350010",
            "user_id": "AROA4DHLFJV5N4XQRN7FN:AWSAFT-Session"
          },
          "sensitive_attributes": []
        }
      ]
    },
    {
      "module": "module.aft.module.aft_lambda_layer",
      "mode": "data",
      "type": "aws_lambda_invocation",
      "name": "invoke_codebuild_job",
      "provider": "module.aft.provider[\"registry.terraform.io/hashicorp/aws\"].aft_management",
      "instances": [
        {
          "schema_version": 0,
          "attributes": {
            "function_name": "aft-lambda-layer-codebuild-invoker",
            "id": "aft-lambda-layer-codebuild-invoker_$LATEST_761d71c8268df0d4e4672193fc2ef22c",
            "input": "{\n  \"codebuild_project_name\": \"python-layer-builder-aft-common-vnj27hhz\"\n}\n",
            "qualifier": "$LATEST",
            "result": "{\"Status\": 200}"
          },
          "sensitive_attributes": []
        }
      ]
    },
    {
      "module": "module.aft.module.aft_lambda_layer",
      "mode": "data",
      "type": "aws_partition",
      "name": "current",
      "provider": "module.aft.provider[\"registry.terraform.io/hashicorp/aws\"].aft_management",
      "instances": [
        {
          "schema_version": 0,
          "attributes": {
            "dns_suffix": "amazonaws.com",
            "id": "aws",
            "partition": "aws",
            "reverse_dns_prefix": "com.amazonaws"
          },
          "sensitive_attributes": []
        }
      ]
    },
    {
      "module": "module.aft.module.aft_lambda_layer",
      "mode": "data",
      "type": "local_file",
      "name": "aft_lambda_layer",
      "provider": "provider[\"registry.terraform.io/hashicorp/local\"]",
      "instances": [
        {
          "schema_version": 0,
          "attributes": {
            "content": "# Copyright Amazon.com, Inc. or its affiliates. All rights reserved.\n# SPDX-License-Identifier: Apache-2.0\n#\nversion: 0.2\n\nphases:\n  install:\n    runtime-versions:\n      python: $PYTHON_VERSION\n    commands:\n      - DEFAULT_PATH=$(pwd)\n      - AWS_MODULE_SOURCE=$(aws ssm get-parameter --name $SSM_AWS_MODULE_SOURCE --query \"Parameter.Value\" --output text)\n      - AWS_MODULE_GIT_REF=$(aws ssm get-parameter --name $SSM_AWS_MODULE_GIT_REF --query \"Parameter.Value\" --output text)\n      # URL Without Access ID\n      - URL=$(echo \"$AWS_MODULE_SOURCE\" | awk '{split($0,a,\"@\"); print a[2]}')\n      - |\n        ssh_key_parameter=$(aws ssm get-parameter --name /aft/config/aft-ssh-key --with-decryption 2\u003e /dev/null || echo \"None\")\n        if [[ $ssh_key_parameter != \"None\" ]]; then\n          ssh_key=$(jq --raw-output \".Parameter.Value\" \u003c\u003c\u003c $ssh_key_parameter)\n          mkdir -p ~/.ssh\n          echo \"Host *\" \u003e\u003e ~/.ssh/config\n          echo \"StrictHostKeyChecking no\" \u003e\u003e ~/.ssh/config\n          echo \"UserKnownHostsFile=/dev/null\" \u003e\u003e ~/.ssh/config\n          echo \"$ssh_key\" \u003e ~/.ssh/ssh_key\n          echo -e \"\\n\\n\" \u003e\u003e  ~/.ssh/ssh_key\n          chmod 600 ~/.ssh/ssh_key\n          eval \"$(ssh-agent -s)\"\n          ssh-add ~/.ssh/ssh_key\n        fi\n      - git config --global credential.helper '!aws codecommit credential-helper $@'\n      - git config --global credential.UseHttpPath true\n      - echo \"Building aft_common from ${URL}:${AWS_MODULE_GIT_REF}\"\n      - git clone -b $AWS_MODULE_GIT_REF $AWS_MODULE_SOURCE aws-aft-core-framework\n      - python3 -m pip install virtualenv\n      - python3 -m venv .venv\n      - . .venv/bin/activate\n      - python3 -m pip install ./aws-aft-core-framework/sources/aft-lambda-layer\n  build:\n    commands:\n      - mkdir -p python\n      - ls\n      - mv -v ./.venv/lib/ ./python/\n      - zip -r layer.zip python\n      - aws s3 cp layer.zip s3://${BUCKET_NAME}/layer.zip\n",
            "content_base64": "IyBDb3B5cmlnaHQgQW1hem9uLmNvbSwgSW5jLiBvciBpdHMgYWZmaWxpYXRlcy4gQWxsIHJpZ2h0cyByZXNlcnZlZC4KIyBTUERYLUxpY2Vuc2UtSWRlbnRpZmllcjogQXBhY2hlLTIuMAojCnZlcnNpb246IDAuMgoKcGhhc2VzOgogIGluc3RhbGw6CiAgICBydW50aW1lLXZlcnNpb25zOgogICAgICBweXRob246ICRQWVRIT05fVkVSU0lPTgogICAgY29tbWFuZHM6CiAgICAgIC0gREVGQVVMVF9QQVRIPSQocHdkKQogICAgICAtIEFXU19NT0RVTEVfU09VUkNFPSQoYXdzIHNzbSBnZXQtcGFyYW1ldGVyIC0tbmFtZSAkU1NNX0FXU19NT0RVTEVfU09VUkNFIC0tcXVlcnkgIlBhcmFtZXRlci5WYWx1ZSIgLS1vdXRwdXQgdGV4dCkKICAgICAgLSBBV1NfTU9EVUxFX0dJVF9SRUY9JChhd3Mgc3NtIGdldC1wYXJhbWV0ZXIgLS1uYW1lICRTU01fQVdTX01PRFVMRV9HSVRfUkVGIC0tcXVlcnkgIlBhcmFtZXRlci5WYWx1ZSIgLS1vdXRwdXQgdGV4dCkKICAgICAgIyBVUkwgV2l0aG91dCBBY2Nlc3MgSUQKICAgICAgLSBVUkw9JChlY2hvICIkQVdTX01PRFVMRV9TT1VSQ0UiIHwgYXdrICd7c3BsaXQoJDAsYSwiQCIpOyBwcmludCBhWzJdfScpCiAgICAgIC0gfAogICAgICAgIHNzaF9rZXlfcGFyYW1ldGVyPSQoYXdzIHNzbSBnZXQtcGFyYW1ldGVyIC0tbmFtZSAvYWZ0L2NvbmZpZy9hZnQtc3NoLWtleSAtLXdpdGgtZGVjcnlwdGlvbiAyPiAvZGV2L251bGwgfHwgZWNobyAiTm9uZSIpCiAgICAgICAgaWYgW1sgJHNzaF9rZXlfcGFyYW1ldGVyICE9ICJOb25lIiBdXTsgdGhlbgogICAgICAgICAgc3NoX2tleT0kKGpxIC0tcmF3LW91dHB1dCAiLlBhcmFtZXRlci5WYWx1ZSIgPDw8ICRzc2hfa2V5X3BhcmFtZXRlcikKICAgICAgICAgIG1rZGlyIC1wIH4vLnNzaAogICAgICAgICAgZWNobyAiSG9zdCAqIiA+PiB+Ly5zc2gvY29uZmlnCiAgICAgICAgICBlY2hvICJTdHJpY3RIb3N0S2V5Q2hlY2tpbmcgbm8iID4+IH4vLnNzaC9jb25maWcKICAgICAgICAgIGVjaG8gIlVzZXJLbm93bkhvc3RzRmlsZT0vZGV2L251bGwiID4+IH4vLnNzaC9jb25maWcKICAgICAgICAgIGVjaG8gIiRzc2hfa2V5IiA+IH4vLnNzaC9zc2hfa2V5CiAgICAgICAgICBlY2hvIC1lICJcblxuIiA+PiAgfi8uc3NoL3NzaF9rZXkKICAgICAgICAgIGNobW9kIDYwMCB+Ly5zc2gvc3NoX2tleQogICAgICAgICAgZXZhbCAiJChzc2gtYWdlbnQgLXMpIgogICAgICAgICAgc3NoLWFkZCB+Ly5zc2gvc3NoX2tleQogICAgICAgIGZpCiAgICAgIC0gZ2l0IGNvbmZpZyAtLWdsb2JhbCBjcmVkZW50aWFsLmhlbHBlciAnIWF3cyBjb2RlY29tbWl0IGNyZWRlbnRpYWwtaGVscGVyICRAJwogICAgICAtIGdpdCBjb25maWcgLS1nbG9iYWwgY3JlZGVudGlhbC5Vc2VIdHRwUGF0aCB0cnVlCiAgICAgIC0gZWNobyAiQnVpbGRpbmcgYWZ0X2NvbW1vbiBmcm9tICR7VVJMfToke0FXU19NT0RVTEVfR0lUX1JFRn0iCiAgICAgIC0gZ2l0IGNsb25lIC1iICRBV1NfTU9EVUxFX0dJVF9SRUYgJEFXU19NT0RVTEVfU09VUkNFIGF3cy1hZnQtY29yZS1mcmFtZXdvcmsKICAgICAgLSBweXRob24zIC1tIHBpcCBpbnN0YWxsIHZpcnR1YWxlbnYKICAgICAgLSBweXRob24zIC1tIHZlbnYgLnZlbnYKICAgICAgLSAuIC52ZW52L2Jpbi9hY3RpdmF0ZQogICAgICAtIHB5dGhvbjMgLW0gcGlwIGluc3RhbGwgLi9hd3MtYWZ0LWNvcmUtZnJhbWV3b3JrL3NvdXJjZXMvYWZ0LWxhbWJkYS1sYXllcgogIGJ1aWxkOgogICAgY29tbWFuZHM6CiAgICAgIC0gbWtkaXIgLXAgcHl0aG9uCiAgICAgIC0gbHMKICAgICAgLSBtdiAtdiAuLy52ZW52L2xpYi8gLi9weXRob24vCiAgICAgIC0gemlwIC1yIGxheWVyLnppcCBweXRob24KICAgICAgLSBhd3MgczMgY3AgbGF5ZXIuemlwIHMzOi8vJHtCVUNLRVRfTkFNRX0vbGF5ZXIuemlwCg==",
            "content_base64sha256": "YGPKj+N/pSklODuwu0ePt3c6uGUC1r/G5tbcpAhTHzo=",
            "content_base64sha512": "/l3Ap15/PrvddegWBXvz511FNJY8DhvoBFc/HOU/kTqgz6zjy5JYGATcWzOWhS3qQspbzfkkR7eD4wPunJIF3Q==",
            "content_md5": "003fd844bdd62f4db23abeea92a9e792",
            "content_sha1": "e7cbe092e97f9311cd3330a8c7e2dbe5dbb13ea9",
            "content_sha256": "6063ca8fe37fa52925383bb0bb478fb7773ab86502d6bfc6e6d6dca408531f3a",
            "content_sha512": "fe5dc0a75e7f3ebbdd75e816057bf3e75d4534963c0e1be804573f1ce53f913aa0cface3cb92581804dc5b3396852dea42ca5bcdf92447b783e303ee9c9205dd",
            "filename": ".terraform/modules/aft/modules/aft-lambda-layer/buildspecs/aft-lambda-layer.yml",
            "id": "e7cbe092e97f9311cd3330a8c7e2dbe5dbb13ea9"
          },
          "sensitive_attributes": []
        }
      ]
    },
    {
      "module": "module.aft.module.aft_lambda_layer",
      "mode": "managed",
      "type": "aws_codebuild_project",
      "name": "codebuild",
      "provider": "module.aft.provider[\"registry.terraform.io/hashicorp/aws\"].aft_management",
      "instances": [
        {
          "schema_version": 0,
          "attributes": {
            "arn": "arn:aws:codebuild:us-east-1:831569350010:project/python-layer-builder-aft-common-vnj27hhz",
            "artifacts": [
              {
                "artifact_identifier": "",
                "bucket_owner_access": "",
                "encryption_disabled": false,
                "location": "",
                "name": "",
                "namespace_type": "",
                "override_artifact_name": false,
                "packaging": "",
                "path": "",
                "type": "NO_ARTIFACTS"
              }
            ],
            "badge_enabled": false,
            "badge_url": "",
            "build_batch_config": [],
            "build_timeout": 10,
            "cache": [
              {
                "location": "",
                "modes": [],
                "type": "NO_CACHE"
              }
            ],
            "concurrent_build_limit": 0,
            "description": "Codebuild project to create lambda layer aft-common",
            "encryption_key": "arn:aws:kms:us-east-1:831569350010:key/4c37dd67-0bc8-4877-83d6-47031c1aca28",
            "environment": [
              {
                "certificate": "",
                "compute_type": "BUILD_GENERAL1_MEDIUM",
                "environment_variable": [
                  {
                    "name": "PYTHON_VERSION",
                    "type": "PLAINTEXT",
                    "value": "3.9"
                  },
                  {
                    "name": "LAYER_NAME",
                    "type": "PLAINTEXT",
                    "value": "aft-common"
                  },
                  {
                    "name": "BUCKET_NAME",
                    "type": "PLAINTEXT",
                    "value": "aft-customizations-pipeline-831569350010"
                  },
                  {
                    "name": "EVENT_RULE_NAME",
                    "type": "PLAINTEXT",
                    "value": "python-layer-builder-aft-common-vnj27hhz-1-10-3"
                  },
                  {
                    "name": "EVENT_TARGET_ID",
                    "type": "PLAINTEXT",
                    "value": "trigger_build"
                  },
                  {
                    "name": "SSM_AWS_MODULE_SOURCE",
                    "type": "PLAINTEXT",
                    "value": "/aft/config/aft-pipeline-code-source/repo-url"
                  },
                  {
                    "name": "SSM_AWS_MODULE_GIT_REF",
                    "type": "PLAINTEXT",
                    "value": "/aft/config/aft-pipeline-code-source/repo-git-ref"
                  },
                  {
                    "name": "AWS_PARTITION",
                    "type": "PLAINTEXT",
                    "value": "aws"
                  }
                ],
                "image": "aws/codebuild/amazonlinux2-x86_64-standard:4.0",
                "image_pull_credentials_type": "CODEBUILD",
                "privileged_mode": false,
                "registry_credential": [],
                "type": "LINUX_CONTAINER"
              }
            ],
            "file_system_locations": [],
            "id": "arn:aws:codebuild:us-east-1:831569350010:project/python-layer-builder-aft-common-vnj27hhz",
            "logs_config": [
              {
                "cloudwatch_logs": [
                  {
                    "group_name": "python-layer-builder-aft-common-vnj27hhz",
                    "status": "ENABLED",
                    "stream_name": "build-logs"
                  }
                ],
                "s3_logs": [
                  {
                    "bucket_owner_access": "",
                    "encryption_disabled": false,
                    "location": "aft-customizations-pipeline-831569350010/aft-lambda-layer-builder-logs",
                    "status": "ENABLED"
                  }
                ]
              }
            ],
            "name": "python-layer-builder-aft-common-vnj27hhz",
            "project_visibility": "PRIVATE",
            "public_project_alias": "",
            "queued_timeout": 480,
            "resource_access_role": "",
            "secondary_artifacts": [],
            "secondary_source_version": [],
            "secondary_sources": [],
            "service_role": "arn:aws:iam::831569350010:role/python-layer-builder-aft-common-vnj27hhz",
            "source": [
              {
                "auth": [],
                "build_status_config": [],
                "buildspec": "# Copyright Amazon.com, Inc. or its affiliates. All rights reserved.\n# SPDX-License-Identifier: Apache-2.0\n#\nversion: 0.2\n\nphases:\n  install:\n    runtime-versions:\n      python: $PYTHON_VERSION\n    commands:\n      - DEFAULT_PATH=$(pwd)\n      - AWS_MODULE_SOURCE=$(aws ssm get-parameter --name $SSM_AWS_MODULE_SOURCE --query \"Parameter.Value\" --output text)\n      - AWS_MODULE_GIT_REF=$(aws ssm get-parameter --name $SSM_AWS_MODULE_GIT_REF --query \"Parameter.Value\" --output text)\n      # URL Without Access ID\n      - URL=$(echo \"$AWS_MODULE_SOURCE\" | awk '{split($0,a,\"@\"); print a[2]}')\n      - |\n        ssh_key_parameter=$(aws ssm get-parameter --name /aft/config/aft-ssh-key --with-decryption 2\u003e /dev/null || echo \"None\")\n        if [[ $ssh_key_parameter != \"None\" ]]; then\n          ssh_key=$(jq --raw-output \".Parameter.Value\" \u003c\u003c\u003c $ssh_key_parameter)\n          mkdir -p ~/.ssh\n          echo \"Host *\" \u003e\u003e ~/.ssh/config\n          echo \"StrictHostKeyChecking no\" \u003e\u003e ~/.ssh/config\n          echo \"UserKnownHostsFile=/dev/null\" \u003e\u003e ~/.ssh/config\n          echo \"$ssh_key\" \u003e ~/.ssh/ssh_key\n          echo -e \"\\n\\n\" \u003e\u003e  ~/.ssh/ssh_key\n          chmod 600 ~/.ssh/ssh_key\n          eval \"$(ssh-agent -s)\"\n          ssh-add ~/.ssh/ssh_key\n        fi\n      - git config --global credential.helper '!aws codecommit credential-helper $@'\n      - git config --global credential.UseHttpPath true\n      - echo \"Building aft_common from ${URL}:${AWS_MODULE_GIT_REF}\"\n      - git clone -b $AWS_MODULE_GIT_REF $AWS_MODULE_SOURCE aws-aft-core-framework\n      - python3 -m pip install virtualenv\n      - python3 -m venv .venv\n      - . .venv/bin/activate\n      - python3 -m pip install ./aws-aft-core-framework/sources/aft-lambda-layer\n  build:\n    commands:\n      - mkdir -p python\n      - ls\n      - mv -v ./.venv/lib/ ./python/\n      - zip -r layer.zip python\n      - aws s3 cp layer.zip s3://${BUCKET_NAME}/layer.zip\n",
                "git_clone_depth": 0,
                "git_submodules_config": [],
                "insecure_ssl": false,
                "location": "",
                "report_build_status": false,
                "type": "NO_SOURCE"
              }
            ],
            "source_version": "",
            "tags": null,
            "tags_all": {
              "managed_by": "AFT"
            },
            "vpc_config": [
              {
                "security_group_ids": [
                  "sg-0a4310c8034e66ff9"
                ],
                "subnets": [
                  "subnet-003c841febb2163f5",
                  "subnet-0970ebe4f59507674"
                ],
                "vpc_id": "vpc-06cdd138eab207cc9"
              }
            ]
          },
          "sensitive_attributes": [],
          "private": "bnVsbA==",
          "dependencies": [
            "module.aft.data.aws_partition.current",
            "module.aft.data.local_file.version",
            "module.aft.module.aft_account_request_framework.aws_kms_key.aft",
            "module.aft.module.aft_account_request_framework.aws_security_group.aft_vpc_default_sg",
            "module.aft.module.aft_account_request_framework.aws_subnet.aft_vpc_private_subnet_01",
            "module.aft.module.aft_account_request_framework.aws_subnet.aft_vpc_private_subnet_02",
            "module.aft.module.aft_account_request_framework.aws_vpc.aft_vpc",
            "module.aft.module.aft_account_request_framework.data.aws_availability_zones.available",
            "module.aft.module.aft_customizations.aws_s3_bucket.aft_codepipeline_customizations_bucket",
            "module.aft.module.aft_customizations.data.aws_caller_identity.current",
            "module.aft.module.aft_lambda_layer.aws_iam_role.codebuild",
            "module.aft.module.aft_lambda_layer.data.aws_partition.current",
            "module.aft.module.aft_lambda_layer.data.local_file.aft_lambda_layer",
            "module.aft.module.aft_lambda_layer.random_string.resource_suffix"
          ],
          "create_before_destroy": true
        }
      ]
    },
    {
      "module": "module.aft.module.aft_lambda_layer",
      "mode": "managed",
      "type": "aws_iam_role",
      "name": "codebuild",
      "provider": "module.aft.provider[\"registry.terraform.io/hashicorp/aws\"].aft_management",
      "instances": [
        {
          "schema_version": 0,
          "attributes": {
            "arn": "arn:aws:iam::831569350010:role/python-layer-builder-aft-common-vnj27hhz",
            "assume_role_policy": "{\"Statement\":[{\"Action\":\"sts:AssumeRole\",\"Effect\":\"Allow\",\"Principal\":{\"Service\":[\"codebuild.amazonaws.com\",\"events.amazonaws.com\"]}}],\"Version\":\"2012-10-17\"}",
            "create_date": "2023-05-28T05:50:13Z",
            "description": "",
            "force_detach_policies": false,
            "id": "python-layer-builder-aft-common-vnj27hhz",
            "inline_policy": [],
            "managed_policy_arns": [],
            "max_session_duration": 3600,
            "name": "python-layer-builder-aft-common-vnj27hhz",
            "name_prefix": "",
            "path": "/",
            "permissions_boundary": null,
            "role_last_used": [
              {
                "last_used_date": "",
                "region": ""
              }
            ],
            "tags": null,
            "tags_all": {
              "managed_by": "AFT"
            },
            "unique_id": "AROA4DHLFJV5OQXSC2NNN"
          },
          "sensitive_attributes": [],
          "private": "bnVsbA==",
          "dependencies": [
            "module.aft.data.aws_partition.current",
            "module.aft.module.aft_lambda_layer.random_string.resource_suffix"
          ],
          "create_before_destroy": true
        }
      ]
    },
    {
      "module": "module.aft.module.aft_lambda_layer",
      "mode": "managed",
      "type": "aws_iam_role",
      "name": "codebuild_invoker_lambda_role",
      "provider": "module.aft.provider[\"registry.terraform.io/hashicorp/aws\"].aft_management",
      "instances": [
        {
          "schema_version": 0,
          "attributes": {
            "arn": "arn:aws:iam::831569350010:role/codebuild_invoker_role",
            "assume_role_policy": "{\"Statement\":[{\"Action\":\"sts:AssumeRole\",\"Effect\":\"Allow\",\"Principal\":{\"Service\":[\"lambda.amazonaws.com\"]}}],\"Version\":\"2012-10-17\"}",
            "create_date": "2023-05-28T05:50:09Z",
            "description": "",
            "force_detach_policies": false,
            "id": "codebuild_invoker_role",
            "inline_policy": [],
            "managed_policy_arns": [],
            "max_session_duration": 3600,
            "name": "codebuild_invoker_role",
            "name_prefix": "",
            "path": "/",
            "permissions_boundary": null,
            "role_last_used": [
              {
                "last_used_date": "",
                "region": ""
              }
            ],
            "tags": null,
            "tags_all": {
              "managed_by": "AFT"
            },
            "unique_id": "AROA4DHLFJV5FFWEILY5K"
          },
          "sensitive_attributes": [],
          "private": "bnVsbA==",
          "dependencies": [
            "module.aft.data.aws_partition.current"
          ],
          "create_before_destroy": true
        }
      ]
    },
    {
      "module": "module.aft.module.aft_lambda_layer",
      "mode": "managed",
      "type": "aws_iam_role_policy",
      "name": "codebuild",
      "provider": "module.aft.provider[\"registry.terraform.io/hashicorp/aws\"].aft_management",
      "instances": [
        {
          "schema_version": 0,
          "attributes": {
            "id": "python-layer-builder-aft-common-vnj27hhz:terraform-20230528055117241200000025",
            "name": "terraform-20230528055117241200000025",
            "name_prefix": null,
            "policy": "{\"Version\":\"2012-10-17\",\"Statement\":[{\"Action\":[\"lambda:ListLayerVersions\",\"lambda:GetLayerVersion\",\"lambda:PublishLayerVersion\"],\"Effect\":\"Allow\",\"Resource\":\"arn:aws:lambda:us-east-1:831569350010:layer:aft-common:*\"},{\"Action\":[\"logs:CreateLogGroup\",\"logs:CreateLogStream\",\"logs:PutLogEvents\",\"events:DisableRule\"],\"Effect\":\"Allow\",\"Resource\":[\"*\"]},{\"Action\":[\"codebuild:StartBuild\",\"codebuild:StopBuild\",\"codebuild:BatchGet*\",\"codebuild:Get*\",\"codebuild:List*\",\"codecommit:GetBranch\",\"codecommit:GetCommit\",\"codecommit:GetRepository\",\"codecommit:ListBranches\"],\"Effect\":\"Allow\",\"Resource\":\"*\"},{\"Action\":[\"s3:*\"],\"Effect\":\"Allow\",\"Resource\":[\"arn:aws:s3:::aft-customizations-pipeline-831569350010\",\"arn:aws:s3:::aft-customizations-pipeline-831569350010/*\"]},{\"Action\":[\"ec2:CreateNetworkInterface\",\"ec2:DescribeDhcpOptions\",\"ec2:DescribeNetworkInterfaces\",\"ec2:DeleteNetworkInterface\",\"ec2:DescribeSubnets\",\"ec2:DescribeSecurityGroups\",\"ec2:DescribeVpcs\"],\"Effect\":\"Allow\",\"Resource\":\"*\"},{\"Action\":[\"ec2:CreateNetworkInterfacePermission\"],\"Effect\":\"Allow\",\"Resource\":[\"arn:aws:ec2:us-east-1:831569350010:network-interface/*\"]},{\"Action\":[\"ssm:GetParameters\",\"ssm:GetParameter\"],\"Effect\":\"Allow\",\"Resource\":[\"arn:aws:ssm:us-east-1:831569350010:parameter/aft/*\"]},{\"Action\":[\"kms:Decrypt\",\"kms:GenerateDataKey\"],\"Effect\":\"Allow\",\"Resource\":\"arn:aws:kms:us-east-1:831569350010:key/4c37dd67-0bc8-4877-83d6-47031c1aca28\"}]}",
            "role": "python-layer-builder-aft-common-vnj27hhz"
          },
          "sensitive_attributes": [],
          "private": "bnVsbA==",
          "dependencies": [
            "module.aft.data.aws_partition.current",
            "module.aft.module.aft_account_request_framework.aws_kms_key.aft",
            "module.aft.module.aft_customizations.aws_s3_bucket.aft_codepipeline_customizations_bucket",
            "module.aft.module.aft_customizations.data.aws_caller_identity.current",
            "module.aft.module.aft_lambda_layer.aws_iam_role.codebuild",
            "module.aft.module.aft_lambda_layer.data.aws_caller_identity.session",
            "module.aft.module.aft_lambda_layer.data.aws_partition.current",
            "module.aft.module.aft_lambda_layer.random_string.resource_suffix"
          ]
        }
      ]
    },
    {
      "module": "module.aft.module.aft_lambda_layer",
      "mode": "managed",
      "type": "aws_iam_role_policy",
      "name": "codebuild_invoker_policy",
      "provider": "module.aft.provider[\"registry.terraform.io/hashicorp/aws\"].aft_management",
      "instances": [
        {
          "schema_version": 0,
          "attributes": {
            "id": "codebuild_invoker_role:terraform-20230528055343655200000038",
            "name": "terraform-20230528055343655200000038",
            "name_prefix": null,
            "policy": "{\"Version\":\"2012-10-17\",\"Statement\":[{\"Action\":[\"codebuild:BatchGetBuilds\",\"codebuild:StartBuild\"],\"Effect\":\"Allow\",\"Resource\":\"arn:aws:codebuild:us-east-1:831569350010:project/python-layer-builder-aft-common-vnj27hhz\"},{\"Action\":[\"logs:CreateLogGroup\"],\"Effect\":\"Allow\",\"Resource\":\"arn:aws:logs:us-east-1:831569350010:*\"},{\"Action\":[\"logs:CreateLogGroup\",\"logs:PutLogEvents\"],\"Effect\":\"Allow\",\"Resource\":\"arn:aws:logs:us-east-1:831569350010:log-group:/aws/lambda/aft-lambda-layer-codebuild-invoker:*\"}]}",
            "role": "codebuild_invoker_role"
          },
          "sensitive_attributes": [],
          "private": "bnVsbA==",
          "dependencies": [
            "module.aft.data.aws_partition.current",
            "module.aft.data.local_file.version",
            "module.aft.module.aft_account_request_framework.aws_kms_key.aft",
            "module.aft.module.aft_account_request_framework.aws_security_group.aft_vpc_default_sg",
            "module.aft.module.aft_account_request_framework.aws_subnet.aft_vpc_private_subnet_01",
            "module.aft.module.aft_account_request_framework.aws_subnet.aft_vpc_private_subnet_02",
            "module.aft.module.aft_account_request_framework.aws_vpc.aft_vpc",
            "module.aft.module.aft_account_request_framework.data.aws_availability_zones.available",
            "module.aft.module.aft_customizations.aws_s3_bucket.aft_codepipeline_customizations_bucket",
            "module.aft.module.aft_customizations.data.aws_caller_identity.current",
            "module.aft.module.aft_lambda_layer.aws_codebuild_project.codebuild",
            "module.aft.module.aft_lambda_layer.aws_iam_role.codebuild",
            "module.aft.module.aft_lambda_layer.aws_iam_role.codebuild_invoker_lambda_role",
            "module.aft.module.aft_lambda_layer.data.aws_caller_identity.session",
            "module.aft.module.aft_lambda_layer.data.aws_partition.current",
            "module.aft.module.aft_lambda_layer.data.local_file.aft_lambda_layer",
            "module.aft.module.aft_lambda_layer.random_string.resource_suffix"
          ]
        }
      ]
    },
    {
      "module": "module.aft.module.aft_lambda_layer",
      "mode": "managed",
      "type": "aws_iam_role_policy_attachment",
      "name": "codebuild_invoker_VPC_access",
      "provider": "module.aft.provider[\"registry.terraform.io/hashicorp/aws\"].aft_management",
      "instances": [
        {
          "schema_version": 0,
          "attributes": {
            "id": "codebuild_invoker_role-20230528055027358800000001",
            "policy_arn": "arn:aws:iam::aws:policy/service-role/AWSLambdaVPCAccessExecutionRole",
            "role": "codebuild_invoker_role"
          },
          "sensitive_attributes": [],
          "private": "bnVsbA==",
          "dependencies": [
            "module.aft.data.aws_partition.current",
            "module.aft.module.aft_lambda_layer.aws_iam_role.codebuild_invoker_lambda_role",
            "module.aft.module.aft_lambda_layer.data.aws_partition.current"
          ]
        }
      ]
    },
    {
      "module": "module.aft.module.aft_lambda_layer",
      "mode": "managed",
      "type": "aws_lambda_function",
      "name": "codebuild_invoker",
      "provider": "module.aft.provider[\"registry.terraform.io/hashicorp/aws\"].aft_management",
      "instances": [
        {
          "schema_version": 0,
          "attributes": {
            "architectures": [
              "x86_64"
            ],
            "arn": "arn:aws:lambda:us-east-1:831569350010:function:aft-lambda-layer-codebuild-invoker",
            "code_signing_config_arn": "",
            "dead_letter_config": [],
            "description": "AFT Lambda Layer - CodeBuild Invoker",
            "environment": [],
            "ephemeral_storage": [
              {
                "size": 512
              }
            ],
            "file_system_config": [],
            "filename": ".terraform/modules/aft/modules/aft-archives/../../src/aft_lambda/aft_builder.zip",
            "function_name": "aft-lambda-layer-codebuild-invoker",
            "handler": "codebuild_invoker.lambda_handler",
            "id": "aft-lambda-layer-codebuild-invoker",
            "image_config": [],
            "image_uri": "",
            "invoke_arn": "arn:aws:apigateway:us-east-1:lambda:path/2015-03-31/functions/arn:aws:lambda:us-east-1:831569350010:function:aft-lambda-layer-codebuild-invoker/invocations",
            "kms_key_arn": "",
            "last_modified": "2023-05-28T05:53:40.804+0000",
            "layers": null,
            "memory_size": 1024,
            "package_type": "Zip",
            "publish": false,
            "qualified_arn": "arn:aws:lambda:us-east-1:831569350010:function:aft-lambda-layer-codebuild-invoker:$LATEST",
            "qualified_invoke_arn": "arn:aws:apigateway:us-east-1:lambda:path/2015-03-31/functions/arn:aws:lambda:us-east-1:831569350010:function:aft-lambda-layer-codebuild-invoker:$LATEST/invocations",
            "replace_security_groups_on_destroy": null,
            "replacement_security_group_ids": null,
            "reserved_concurrent_executions": -1,
            "role": "arn:aws:iam::831569350010:role/codebuild_invoker_role",
            "runtime": "python3.9",
            "s3_bucket": null,
            "s3_key": null,
            "s3_object_version": null,
            "signing_job_arn": "",
            "signing_profile_version_arn": "",
            "skip_destroy": false,
            "snap_start": [],
            "source_code_hash": "+tHwtIwfOn+sg1olp+OVSdAl/KIDtR4qQdZCZdRnBW8=",
            "source_code_size": 1083,
            "tags": null,
            "tags_all": {
              "managed_by": "AFT"
            },
            "timeout": 900,
            "timeouts": null,
            "tracing_config": [
              {
                "mode": "PassThrough"
              }
            ],
            "version": "$LATEST",
            "vpc_config": [
              {
                "security_group_ids": [
                  "sg-0a4310c8034e66ff9"
                ],
                "subnet_ids": [
                  "subnet-003c841febb2163f5",
                  "subnet-0970ebe4f59507674"
                ],
                "vpc_id": "vpc-06cdd138eab207cc9"
              }
            ]
          },
          "sensitive_attributes": [],
          "private": "eyJlMmJmYjczMC1lY2FhLTExZTYtOGY4OC0zNDM2M2JjN2M0YzAiOnsiY3JlYXRlIjo2MDAwMDAwMDAwMDAsImRlbGV0ZSI6NjAwMDAwMDAwMDAwLCJ1cGRhdGUiOjYwMDAwMDAwMDAwMH19",
          "dependencies": [
            "module.aft.data.aws_partition.current",
            "module.aft.module.aft_account_request_framework.aws_security_group.aft_vpc_default_sg",
            "module.aft.module.aft_account_request_framework.aws_subnet.aft_vpc_private_subnet_01",
            "module.aft.module.aft_account_request_framework.aws_subnet.aft_vpc_private_subnet_02",
            "module.aft.module.aft_account_request_framework.aws_vpc.aft_vpc",
            "module.aft.module.aft_account_request_framework.data.aws_availability_zones.available",
            "module.aft.module.aft_lambda_layer.aws_iam_role.codebuild_invoker_lambda_role",
            "module.aft.module.packaging.data.archive_file.builder"
          ],
          "create_before_destroy": true
        }
      ]
    },
    {
      "module": "module.aft.module.aft_lambda_layer",
      "mode": "managed",
      "type": "aws_lambda_layer_version",
      "name": "layer_version",
      "provider": "module.aft.provider[\"registry.terraform.io/hashicorp/aws\"].aft_management",
      "instances": [
        {
          "schema_version": 0,
          "attributes": {
            "arn": "arn:aws:lambda:us-east-1:831569350010:layer:aft-common-1-10-3:1",
            "compatible_architectures": null,
            "compatible_runtimes": [
              "python3.9"
            ],
            "created_date": "2023-05-28T05:59:29.358+0000",
            "description": "",
            "filename": null,
            "id": "arn:aws:lambda:us-east-1:831569350010:layer:aft-common-1-10-3:1",
            "layer_arn": "arn:aws:lambda:us-east-1:831569350010:layer:aft-common-1-10-3",
            "layer_name": "aft-common-1-10-3",
            "license_info": "",
            "s3_bucket": "aft-customizations-pipeline-831569350010",
            "s3_key": "layer.zip",
            "s3_object_version": null,
            "signing_job_arn": "",
            "signing_profile_version_arn": "",
            "skip_destroy": false,
            "source_code_hash": "PPFdRbWIqHKLU10SQ5N0p1kldwbwqYV9lOTv49k7pCY=",
            "source_code_size": 19182040,
            "version": "1"
          },
          "sensitive_attributes": [],
          "private": "bnVsbA==",
          "dependencies": [
            "module.aft.data.aws_partition.current",
            "module.aft.data.local_file.version",
            "module.aft.module.aft_account_request_framework.aws_kms_key.aft",
            "module.aft.module.aft_account_request_framework.aws_security_group.aft_vpc_default_sg",
            "module.aft.module.aft_account_request_framework.aws_subnet.aft_vpc_private_subnet_01",
            "module.aft.module.aft_account_request_framework.aws_subnet.aft_vpc_private_subnet_02",
            "module.aft.module.aft_account_request_framework.aws_vpc.aft_vpc",
            "module.aft.module.aft_account_request_framework.data.aws_availability_zones.available",
            "module.aft.module.aft_customizations.aws_s3_bucket.aft_codepipeline_customizations_bucket",
            "module.aft.module.aft_customizations.data.aws_caller_identity.current",
            "module.aft.module.aft_lambda_layer.aws_codebuild_project.codebuild",
            "module.aft.module.aft_lambda_layer.aws_iam_role.codebuild",
            "module.aft.module.aft_lambda_layer.aws_iam_role.codebuild_invoker_lambda_role",
            "module.aft.module.aft_lambda_layer.aws_lambda_function.codebuild_invoker",
            "module.aft.module.aft_lambda_layer.data.aws_lambda_invocation.invoke_codebuild_job",
            "module.aft.module.aft_lambda_layer.data.aws_partition.current",
            "module.aft.module.aft_lambda_layer.data.local_file.aft_lambda_layer",
            "module.aft.module.aft_lambda_layer.random_string.resource_suffix",
            "module.aft.module.packaging.data.archive_file.builder"
          ],
          "create_before_destroy": true
        }
      ]
    },
    {
      "module": "module.aft.module.aft_lambda_layer",
      "mode": "managed",
      "type": "random_string",
      "name": "resource_suffix",
      "provider": "provider[\"registry.terraform.io/hashicorp/random\"]",
      "instances": [
        {
          "schema_version": 2,
          "attributes": {
            "id": "vnj27hhz",
            "keepers": null,
            "length": 8,
            "lower": true,
            "min_lower": 0,
            "min_numeric": 0,
            "min_special": 0,
            "min_upper": 0,
            "number": true,
            "numeric": true,
            "override_special": null,
            "result": "vnj27hhz",
            "special": false,
            "upper": false
          },
          "sensitive_attributes": [],
          "create_before_destroy": true
        }
      ]
    },
    {
      "module": "module.aft.module.aft_ssm_parameters",
      "mode": "managed",
      "type": "aws_ssm_parameter",
      "name": "account_customizations_repo_branch",
      "provider": "module.aft.provider[\"registry.terraform.io/hashicorp/aws\"].aft_management",
      "instances": [
        {
          "schema_version": 0,
          "attributes": {
            "allowed_pattern": "",
            "arn": "arn:aws:ssm:us-east-1:831569350010:parameter/aft/config/account-customizations/repo-branch",
            "data_type": "text",
            "description": "",
            "id": "/aft/config/account-customizations/repo-branch",
            "insecure_value": null,
            "key_id": "",
            "name": "/aft/config/account-customizations/repo-branch",
            "overwrite": null,
            "tags": null,
            "tags_all": {
              "managed_by": "AFT"
            },
            "tier": "Standard",
            "type": "String",
            "value": "main",
            "version": 1
          },
          "sensitive_attributes": [],
          "private": "bnVsbA==",
          "dependencies": [
            "module.aft.data.aws_partition.current"
          ]
        }
      ]
    },
    {
      "module": "module.aft.module.aft_ssm_parameters",
      "mode": "managed",
      "type": "aws_ssm_parameter",
      "name": "account_customizations_repo_name",
      "provider": "module.aft.provider[\"registry.terraform.io/hashicorp/aws\"].aft_management",
      "instances": [
        {
          "schema_version": 0,
          "attributes": {
            "allowed_pattern": "",
            "arn": "arn:aws:ssm:us-east-1:831569350010:parameter/aft/config/account-customizations/repo-name",
            "data_type": "text",
            "description": "",
            "id": "/aft/config/account-customizations/repo-name",
            "insecure_value": null,
            "key_id": "",
            "name": "/aft/config/account-customizations/repo-name",
            "overwrite": null,
            "tags": null,
            "tags_all": {
              "managed_by": "AFT"
            },
            "tier": "Standard",
            "type": "String",
            "value": "santudata99/learn-terraform-aft-account-customizations",
            "version": 1
          },
          "sensitive_attributes": [],
          "private": "bnVsbA==",
          "dependencies": [
            "module.aft.data.aws_partition.current"
          ]
        }
      ]
    },
    {
      "module": "module.aft.module.aft_ssm_parameters",
      "mode": "managed",
      "type": "aws_ssm_parameter",
      "name": "account_provisioning_customizations_repo_branch",
      "provider": "module.aft.provider[\"registry.terraform.io/hashicorp/aws\"].aft_management",
      "instances": [
        {
          "schema_version": 0,
          "attributes": {
            "allowed_pattern": "",
            "arn": "arn:aws:ssm:us-east-1:831569350010:parameter/aft/config/account-provisioning-customizations/repo-branch",
            "data_type": "text",
            "description": "",
            "id": "/aft/config/account-provisioning-customizations/repo-branch",
            "insecure_value": null,
            "key_id": "",
            "name": "/aft/config/account-provisioning-customizations/repo-branch",
            "overwrite": null,
            "tags": null,
            "tags_all": {
              "managed_by": "AFT"
            },
            "tier": "Standard",
            "type": "String",
            "value": "main",
            "version": 1
          },
          "sensitive_attributes": [],
          "private": "bnVsbA==",
          "dependencies": [
            "module.aft.data.aws_partition.current"
          ]
        }
      ]
    },
    {
      "module": "module.aft.module.aft_ssm_parameters",
      "mode": "managed",
      "type": "aws_ssm_parameter",
      "name": "account_provisioning_customizations_repo_name",
      "provider": "module.aft.provider[\"registry.terraform.io/hashicorp/aws\"].aft_management",
      "instances": [
        {
          "schema_version": 0,
          "attributes": {
            "allowed_pattern": "",
            "arn": "arn:aws:ssm:us-east-1:831569350010:parameter/aft/config/account-provisioning-customizations/repo-name",
            "data_type": "text",
            "description": "",
            "id": "/aft/config/account-provisioning-customizations/repo-name",
            "insecure_value": null,
            "key_id": "",
            "name": "/aft/config/account-provisioning-customizations/repo-name",
            "overwrite": null,
            "tags": null,
            "tags_all": {
              "managed_by": "AFT"
            },
            "tier": "Standard",
            "type": "String",
            "value": "santudata99/learn-terraform-aft-account-provisioning-customizations",
            "version": 1
          },
          "sensitive_attributes": [],
          "private": "bnVsbA==",
          "dependencies": [
            "module.aft.data.aws_partition.current"
          ]
        }
      ]
    },
    {
      "module": "module.aft.module.aft_ssm_parameters",
      "mode": "managed",
      "type": "aws_ssm_parameter",
      "name": "account_request_repo_branch",
      "provider": "module.aft.provider[\"registry.terraform.io/hashicorp/aws\"].aft_management",
      "instances": [
        {
          "schema_version": 0,
          "attributes": {
            "allowed_pattern": "",
            "arn": "arn:aws:ssm:us-east-1:831569350010:parameter/aft/config/account-request/repo-branch",
            "data_type": "text",
            "description": "",
            "id": "/aft/config/account-request/repo-branch",
            "insecure_value": null,
            "key_id": "",
            "name": "/aft/config/account-request/repo-branch",
            "overwrite": null,
            "tags": null,
            "tags_all": {
              "managed_by": "AFT"
            },
            "tier": "Standard",
            "type": "String",
            "value": "main",
            "version": 1
          },
          "sensitive_attributes": [],
          "private": "bnVsbA==",
          "dependencies": [
            "module.aft.data.aws_partition.current"
          ]
        }
      ]
    },
    {
      "module": "module.aft.module.aft_ssm_parameters",
      "mode": "managed",
      "type": "aws_ssm_parameter",
      "name": "account_request_repo_name",
      "provider": "module.aft.provider[\"registry.terraform.io/hashicorp/aws\"].aft_management",
      "instances": [
        {
          "schema_version": 0,
          "attributes": {
            "allowed_pattern": "",
            "arn": "arn:aws:ssm:us-east-1:831569350010:parameter/aft/config/account-request/repo-name",
            "data_type": "text",
            "description": "",
            "id": "/aft/config/account-request/repo-name",
            "insecure_value": null,
            "key_id": "",
            "name": "/aft/config/account-request/repo-name",
            "overwrite": null,
            "tags": null,
            "tags_all": {
              "managed_by": "AFT"
            },
            "tier": "Standard",
            "type": "String",
            "value": "santudata99/learn-terraform-aft-account-request",
            "version": 1
          },
          "sensitive_attributes": [],
          "private": "bnVsbA==",
          "dependencies": [
            "module.aft.data.aws_partition.current"
          ]
        }
      ]
    },
    {
      "module": "module.aft.module.aft_ssm_parameters",
      "mode": "managed",
      "type": "aws_ssm_parameter",
      "name": "aft_account_factory_product_name",
      "provider": "module.aft.provider[\"registry.terraform.io/hashicorp/aws\"].aft_management",
      "instances": [
        {
          "schema_version": 0,
          "attributes": {
            "allowed_pattern": "",
            "arn": "arn:aws:ssm:us-east-1:831569350010:parameter/aft/resources/sc/account-factory-product-name",
            "data_type": "text",
            "description": "",
            "id": "/aft/resources/sc/account-factory-product-name",
            "insecure_value": null,
            "key_id": "",
            "name": "/aft/resources/sc/account-factory-product-name",
            "overwrite": null,
            "tags": null,
            "tags_all": {
              "managed_by": "AFT"
            },
            "tier": "Standard",
            "type": "String",
            "value": "AWS Control Tower Account Factory",
            "version": 1
          },
          "sensitive_attributes": [],
          "private": "bnVsbA==",
          "dependencies": [
            "module.aft.data.aws_partition.current"
          ]
        }
      ]
    },
    {
      "module": "module.aft.module.aft_ssm_parameters",
      "mode": "managed",
      "type": "aws_ssm_parameter",
      "name": "aft_account_provisioning_framework_sfn_name",
      "provider": "module.aft.provider[\"registry.terraform.io/hashicorp/aws\"].aft_management",
      "instances": [
        {
          "schema_version": 0,
          "attributes": {
            "allowed_pattern": "",
            "arn": "arn:aws:ssm:us-east-1:831569350010:parameter/aft/account/aft-management/sfn/aft-account-provisioning-framework-sfn-name",
            "data_type": "text",
            "description": "",
            "id": "/aft/account/aft-management/sfn/aft-account-provisioning-framework-sfn-name",
            "insecure_value": null,
            "key_id": "",
            "name": "/aft/account/aft-management/sfn/aft-account-provisioning-framework-sfn-name",
            "overwrite": null,
            "tags": null,
            "tags_all": {
              "managed_by": "AFT"
            },
            "tier": "Standard",
            "type": "String",
            "value": "aft-account-provisioning-framework",
            "version": 1
          },
          "sensitive_attributes": [],
          "private": "bnVsbA==",
          "dependencies": [
            "module.aft.data.aws_partition.current"
          ]
        }
      ]
    },
    {
      "module": "module.aft.module.aft_ssm_parameters",
      "mode": "managed",
      "type": "aws_ssm_parameter",
      "name": "aft_administrator_role_name",
      "provider": "module.aft.provider[\"registry.terraform.io/hashicorp/aws\"].aft_management",
      "instances": [
        {
          "schema_version": 0,
          "attributes": {
            "allowed_pattern": "",
            "arn": "arn:aws:ssm:us-east-1:831569350010:parameter/aft/resources/iam/aft-administrator-role-name",
            "data_type": "text",
            "description": "",
            "id": "/aft/resources/iam/aft-administrator-role-name",
            "insecure_value": null,
            "key_id": "",
            "name": "/aft/resources/iam/aft-administrator-role-name",
            "overwrite": null,
            "tags": null,
            "tags_all": {
              "managed_by": "AFT"
            },
            "tier": "Standard",
            "type": "String",
            "value": "AWSAFTAdmin",
            "version": 1
          },
          "sensitive_attributes": [],
          "private": "bnVsbA==",
          "dependencies": [
            "module.aft.data.aws_partition.current"
          ]
        }
      ]
    },
    {
      "module": "module.aft.module.aft_ssm_parameters",
      "mode": "managed",
      "type": "aws_ssm_parameter",
      "name": "aft_config_backend_bucket_id",
      "provider": "module.aft.provider[\"registry.terraform.io/hashicorp/aws\"].aft_management",
      "instances": [
        {
          "schema_version": 0,
          "attributes": {
            "allowed_pattern": "",
            "arn": "arn:aws:ssm:us-east-1:831569350010:parameter/aft/config/oss-backend/bucket-id",
            "data_type": "text",
            "description": "",
            "id": "/aft/config/oss-backend/bucket-id",
            "insecure_value": null,
            "key_id": "",
            "name": "/aft/config/oss-backend/bucket-id",
            "overwrite": null,
            "tags": null,
            "tags_all": {
              "managed_by": "AFT"
            },
            "tier": "Standard",
            "type": "String",
            "value": "aft-backend-831569350010-primary-region",
            "version": 1
          },
          "sensitive_attributes": [],
          "private": "bnVsbA==",
          "dependencies": [
            "module.aft.data.aws_partition.current",
            "module.aft.module.aft_backend.aws_s3_bucket.primary-backend-bucket",
            "module.aft.module.aft_backend.data.aws_caller_identity.current"
          ]
        }
      ]
    },
    {
      "module": "module.aft.module.aft_ssm_parameters",
      "mode": "managed",
      "type": "aws_ssm_parameter",
      "name": "aft_config_backend_kms_key_id",
      "provider": "module.aft.provider[\"registry.terraform.io/hashicorp/aws\"].aft_management",
      "instances": [
        {
          "schema_version": 0,
          "attributes": {
            "allowed_pattern": "",
            "arn": "arn:aws:ssm:us-east-1:831569350010:parameter/aft/config/oss-backend/kms-key-id",
            "data_type": "text",
            "description": "",
            "id": "/aft/config/oss-backend/kms-key-id",
            "insecure_value": null,
            "key_id": "",
            "name": "/aft/config/oss-backend/kms-key-id",
            "overwrite": null,
            "tags": null,
            "tags_all": {
              "managed_by": "AFT"
            },
            "tier": "Standard",
            "type": "String",
            "value": "2920b1c4-a45f-4891-a659-443998cf33f4",
            "version": 1
          },
          "sensitive_attributes": [],
          "private": "bnVsbA==",
          "dependencies": [
            "module.aft.data.aws_partition.current",
            "module.aft.module.aft_backend.aws_kms_key.encrypt-primary-region",
            "module.aft.module.aft_backend.data.aws_caller_identity.current"
          ]
        }
      ]
    },
    {
      "module": "module.aft.module.aft_ssm_parameters",
      "mode": "managed",
      "type": "aws_ssm_parameter",
      "name": "aft_config_backend_primary_region",
      "provider": "module.aft.provider[\"registry.terraform.io/hashicorp/aws\"].aft_management",
      "instances": [
        {
          "schema_version": 0,
          "attributes": {
            "allowed_pattern": "",
            "arn": "arn:aws:ssm:us-east-1:831569350010:parameter/aft/config/oss-backend/primary-region",
            "data_type": "text",
            "description": "",
            "id": "/aft/config/oss-backend/primary-region",
            "insecure_value": null,
            "key_id": "",
            "name": "/aft/config/oss-backend/primary-region",
            "overwrite": null,
            "tags": null,
            "tags_all": {
              "managed_by": "AFT"
            },
            "tier": "Standard",
            "type": "String",
            "value": "us-east-1",
            "version": 1
          },
          "sensitive_attributes": [],
          "private": "bnVsbA==",
          "dependencies": [
            "module.aft.data.aws_partition.current"
          ]
        }
      ]
    },
    {
      "module": "module.aft.module.aft_ssm_parameters",
      "mode": "managed",
      "type": "aws_ssm_parameter",
      "name": "aft_config_backend_secondary_region",
      "provider": "module.aft.provider[\"registry.terraform.io/hashicorp/aws\"].aft_management",
      "instances": [
        {
          "index_key": 0,
          "schema_version": 0,
          "attributes": {
            "allowed_pattern": "",
            "arn": "arn:aws:ssm:us-east-1:831569350010:parameter/aft/config/oss-backend/secondary-region",
            "data_type": "text",
            "description": "",
            "id": "/aft/config/oss-backend/secondary-region",
            "insecure_value": null,
            "key_id": "",
            "name": "/aft/config/oss-backend/secondary-region",
            "overwrite": null,
            "tags": null,
            "tags_all": {
              "managed_by": "AFT"
            },
            "tier": "Standard",
            "type": "String",
            "value": "us-east-2",
            "version": 1
          },
          "sensitive_attributes": [],
          "private": "bnVsbA==",
          "dependencies": [
            "module.aft.data.aws_partition.current"
          ]
        }
      ]
    },
    {
      "module": "module.aft.module.aft_ssm_parameters",
      "mode": "managed",
      "type": "aws_ssm_parameter",
      "name": "aft_config_backend_table_id",
      "provider": "module.aft.provider[\"registry.terraform.io/hashicorp/aws\"].aft_management",
      "instances": [
        {
          "schema_version": 0,
          "attributes": {
            "allowed_pattern": "",
            "arn": "arn:aws:ssm:us-east-1:831569350010:parameter/aft/config/oss-backend/table-id",
            "data_type": "text",
            "description": "",
            "id": "/aft/config/oss-backend/table-id",
            "insecure_value": null,
            "key_id": "",
            "name": "/aft/config/oss-backend/table-id",
            "overwrite": null,
            "tags": null,
            "tags_all": {
              "managed_by": "AFT"
            },
            "tier": "Standard",
            "type": "String",
            "value": "aft-backend-831569350010",
            "version": 1
          },
          "sensitive_attributes": [],
          "private": "bnVsbA==",
          "dependencies": [
            "module.aft.data.aws_partition.current",
            "module.aft.module.aft_backend.aws_dynamodb_table.lock-table",
            "module.aft.module.aft_backend.data.aws_caller_identity.current"
          ]
        }
      ]
    },
    {
      "module": "module.aft.module.aft_ssm_parameters",
      "mode": "managed",
      "type": "aws_ssm_parameter",
      "name": "aft_controltower_events_table_name",
      "provider": "module.aft.provider[\"registry.terraform.io/hashicorp/aws\"].aft_management",
      "instances": [
        {
          "schema_version": 0,
          "attributes": {
            "allowed_pattern": "",
            "arn": "arn:aws:ssm:us-east-1:831569350010:parameter/aft/resources/ddb/aft-controltower-events-table-name",
            "data_type": "text",
            "description": "",
            "id": "/aft/resources/ddb/aft-controltower-events-table-name",
            "insecure_value": null,
            "key_id": "",
            "name": "/aft/resources/ddb/aft-controltower-events-table-name",
            "overwrite": null,
            "tags": null,
            "tags_all": {
              "managed_by": "AFT"
            },
            "tier": "Standard",
            "type": "String",
            "value": "aft-controltower-events",
            "version": 1
          },
          "sensitive_attributes": [],
          "private": "bnVsbA==",
          "dependencies": [
            "module.aft.data.aws_partition.current",
            "module.aft.module.aft_account_request_framework.aws_dynamodb_table.aft_controltower_events",
            "module.aft.module.aft_account_request_framework.aws_kms_key.aft"
          ]
        }
      ]
    },
    {
      "module": "module.aft.module.aft_ssm_parameters",
      "mode": "managed",
      "type": "aws_ssm_parameter",
      "name": "aft_customizations_execute_pipeline_function_arn",
      "provider": "module.aft.provider[\"registry.terraform.io/hashicorp/aws\"].aft_management",
      "instances": [
        {
          "schema_version": 0,
          "attributes": {
            "allowed_pattern": "",
            "arn": "arn:aws:ssm:us-east-1:831569350010:parameter/aft/resources/lambda/aft-customizations-execute-pipeline-function-arn",
            "data_type": "text",
            "description": "",
            "id": "/aft/resources/lambda/aft-customizations-execute-pipeline-function-arn",
            "insecure_value": null,
            "key_id": "",
            "name": "/aft/resources/lambda/aft-customizations-execute-pipeline-function-arn",
            "overwrite": null,
            "tags": null,
            "tags_all": {
              "managed_by": "AFT"
            },
            "tier": "Standard",
            "type": "String",
            "value": "arn:aws:lambda:us-east-1:831569350010:function:aft-customizations-execute-pipeline",
            "version": 1
          },
          "sensitive_attributes": [],
          "private": "bnVsbA==",
          "dependencies": [
            "module.aft.data.aws_partition.current",
            "module.aft.data.local_file.version",
            "module.aft.module.aft_account_request_framework.aws_kms_key.aft",
            "module.aft.module.aft_account_request_framework.aws_security_group.aft_vpc_default_sg",
            "module.aft.module.aft_account_request_framework.aws_subnet.aft_vpc_private_subnet_01",
            "module.aft.module.aft_account_request_framework.aws_subnet.aft_vpc_private_subnet_02",
            "module.aft.module.aft_account_request_framework.aws_vpc.aft_vpc",
            "module.aft.module.aft_account_request_framework.data.aws_availability_zones.available",
            "module.aft.module.aft_customizations.aws_iam_role.aft_customizations_execute_pipeline_lambda",
            "module.aft.module.aft_customizations.aws_lambda_function.aft_customizations_execute_pipeline",
            "module.aft.module.aft_customizations.aws_s3_bucket.aft_codepipeline_customizations_bucket",
            "module.aft.module.aft_customizations.data.aws_caller_identity.current",
            "module.aft.module.aft_lambda_layer.aws_codebuild_project.codebuild",
            "module.aft.module.aft_lambda_layer.aws_iam_role.codebuild",
            "module.aft.module.aft_lambda_layer.aws_iam_role.codebuild_invoker_lambda_role",
            "module.aft.module.aft_lambda_layer.aws_lambda_function.codebuild_invoker",
            "module.aft.module.aft_lambda_layer.aws_lambda_layer_version.layer_version",
            "module.aft.module.aft_lambda_layer.data.aws_lambda_invocation.invoke_codebuild_job",
            "module.aft.module.aft_lambda_layer.data.aws_partition.current",
            "module.aft.module.aft_lambda_layer.data.local_file.aft_lambda_layer",
            "module.aft.module.aft_lambda_layer.random_string.resource_suffix",
            "module.aft.module.packaging.data.archive_file.builder",
            "module.aft.module.packaging.data.archive_file.customizations"
          ]
        }
      ]
    },
    {
      "module": "module.aft.module.aft_ssm_parameters",
      "mode": "managed",
      "type": "aws_ssm_parameter",
      "name": "aft_customizations_get_pipeline_executions_function_arn",
      "provider": "module.aft.provider[\"registry.terraform.io/hashicorp/aws\"].aft_management",
      "instances": [
        {
          "schema_version": 0,
          "attributes": {
            "allowed_pattern": "",
            "arn": "arn:aws:ssm:us-east-1:831569350010:parameter/aft/resources/lambda/aft-customizations-get-pipeline-executions-function-arn",
            "data_type": "text",
            "description": "",
            "id": "/aft/resources/lambda/aft-customizations-get-pipeline-executions-function-arn",
            "insecure_value": null,
            "key_id": "",
            "name": "/aft/resources/lambda/aft-customizations-get-pipeline-executions-function-arn",
            "overwrite": null,
            "tags": null,
            "tags_all": {
              "managed_by": "AFT"
            },
            "tier": "Standard",
            "type": "String",
            "value": "arn:aws:lambda:us-east-1:831569350010:function:aft-customizations-get-pipeline-executions",
            "version": 1
          },
          "sensitive_attributes": [],
          "private": "bnVsbA==",
          "dependencies": [
            "module.aft.data.aws_partition.current",
            "module.aft.data.local_file.version",
            "module.aft.module.aft_account_request_framework.aws_kms_key.aft",
            "module.aft.module.aft_account_request_framework.aws_security_group.aft_vpc_default_sg",
            "module.aft.module.aft_account_request_framework.aws_subnet.aft_vpc_private_subnet_01",
            "module.aft.module.aft_account_request_framework.aws_subnet.aft_vpc_private_subnet_02",
            "module.aft.module.aft_account_request_framework.aws_vpc.aft_vpc",
            "module.aft.module.aft_account_request_framework.data.aws_availability_zones.available",
            "module.aft.module.aft_customizations.aws_iam_role.aft_customizations_get_pipeline_executions_lambda",
            "module.aft.module.aft_customizations.aws_lambda_function.aft_customizations_get_pipeline_executions",
            "module.aft.module.aft_customizations.aws_s3_bucket.aft_codepipeline_customizations_bucket",
            "module.aft.module.aft_customizations.data.aws_caller_identity.current",
            "module.aft.module.aft_lambda_layer.aws_codebuild_project.codebuild",
            "module.aft.module.aft_lambda_layer.aws_iam_role.codebuild",
            "module.aft.module.aft_lambda_layer.aws_iam_role.codebuild_invoker_lambda_role",
            "module.aft.module.aft_lambda_layer.aws_lambda_function.codebuild_invoker",
            "module.aft.module.aft_lambda_layer.aws_lambda_layer_version.layer_version",
            "module.aft.module.aft_lambda_layer.data.aws_lambda_invocation.invoke_codebuild_job",
            "module.aft.module.aft_lambda_layer.data.aws_partition.current",
            "module.aft.module.aft_lambda_layer.data.local_file.aft_lambda_layer",
            "module.aft.module.aft_lambda_layer.random_string.resource_suffix",
            "module.aft.module.packaging.data.archive_file.builder",
            "module.aft.module.packaging.data.archive_file.customizations"
          ]
        }
      ]
    },
    {
      "module": "module.aft.module.aft_ssm_parameters",
      "mode": "managed",
      "type": "aws_ssm_parameter",
      "name": "aft_customizations_identify_targets_function_arn",
      "provider": "module.aft.provider[\"registry.terraform.io/hashicorp/aws\"].aft_management",
      "instances": [
        {
          "schema_version": 0,
          "attributes": {
            "allowed_pattern": "",
            "arn": "arn:aws:ssm:us-east-1:831569350010:parameter/aft/resources/lambda/aft-customizations-identify-targets-function-arn",
            "data_type": "text",
            "description": "",
            "id": "/aft/resources/lambda/aft-customizations-identify-targets-function-arn",
            "insecure_value": null,
            "key_id": "",
            "name": "/aft/resources/lambda/aft-customizations-identify-targets-function-arn",
            "overwrite": null,
            "tags": null,
            "tags_all": {
              "managed_by": "AFT"
            },
            "tier": "Standard",
            "type": "String",
            "value": "arn:aws:lambda:us-east-1:831569350010:function:aft-customizations-identify-targets",
            "version": 1
          },
          "sensitive_attributes": [],
          "private": "bnVsbA==",
          "dependencies": [
            "module.aft.data.aws_partition.current",
            "module.aft.data.local_file.version",
            "module.aft.module.aft_account_request_framework.aws_kms_key.aft",
            "module.aft.module.aft_account_request_framework.aws_security_group.aft_vpc_default_sg",
            "module.aft.module.aft_account_request_framework.aws_subnet.aft_vpc_private_subnet_01",
            "module.aft.module.aft_account_request_framework.aws_subnet.aft_vpc_private_subnet_02",
            "module.aft.module.aft_account_request_framework.aws_vpc.aft_vpc",
            "module.aft.module.aft_account_request_framework.data.aws_availability_zones.available",
            "module.aft.module.aft_customizations.aws_iam_role.aft_customizations_identify_targets_lambda",
            "module.aft.module.aft_customizations.aws_lambda_function.aft_customizations_identify_targets",
            "module.aft.module.aft_customizations.aws_s3_bucket.aft_codepipeline_customizations_bucket",
            "module.aft.module.aft_customizations.data.aws_caller_identity.current",
            "module.aft.module.aft_lambda_layer.aws_codebuild_project.codebuild",
            "module.aft.module.aft_lambda_layer.aws_iam_role.codebuild",
            "module.aft.module.aft_lambda_layer.aws_iam_role.codebuild_invoker_lambda_role",
            "module.aft.module.aft_lambda_layer.aws_lambda_function.codebuild_invoker",
            "module.aft.module.aft_lambda_layer.aws_lambda_layer_version.layer_version",
            "module.aft.module.aft_lambda_layer.data.aws_lambda_invocation.invoke_codebuild_job",
            "module.aft.module.aft_lambda_layer.data.aws_partition.current",
            "module.aft.module.aft_lambda_layer.data.local_file.aft_lambda_layer",
            "module.aft.module.aft_lambda_layer.random_string.resource_suffix",
            "module.aft.module.packaging.data.archive_file.builder",
            "module.aft.module.packaging.data.archive_file.customizations"
          ]
        }
      ]
    },
    {
      "module": "module.aft.module.aft_ssm_parameters",
      "mode": "managed",
      "type": "aws_ssm_parameter",
      "name": "aft_execution_role_name",
      "provider": "module.aft.provider[\"registry.terraform.io/hashicorp/aws\"].aft_management",
      "instances": [
        {
          "schema_version": 0,
          "attributes": {
            "allowed_pattern": "",
            "arn": "arn:aws:ssm:us-east-1:831569350010:parameter/aft/resources/iam/aft-execution-role-name",
            "data_type": "text",
            "description": "",
            "id": "/aft/resources/iam/aft-execution-role-name",
            "insecure_value": null,
            "key_id": "",
            "name": "/aft/resources/iam/aft-execution-role-name",
            "overwrite": null,
            "tags": null,
            "tags_all": {
              "managed_by": "AFT"
            },
            "tier": "Standard",
            "type": "String",
            "value": "AWSAFTExecution",
            "version": 1
          },
          "sensitive_attributes": [],
          "private": "bnVsbA==",
          "dependencies": [
            "module.aft.data.aws_partition.current"
          ]
        }
      ]
    },
    {
      "module": "module.aft.module.aft_ssm_parameters",
      "mode": "managed",
      "type": "aws_ssm_parameter",
      "name": "aft_failure_sns_topic_arn",
      "provider": "module.aft.provider[\"registry.terraform.io/hashicorp/aws\"].aft_management",
      "instances": [
        {
          "schema_version": 0,
          "attributes": {
            "allowed_pattern": "",
            "arn": "arn:aws:ssm:us-east-1:831569350010:parameter/aft/account/aft-management/sns/failure-topic-arn",
            "data_type": "text",
            "description": "",
            "id": "/aft/account/aft-management/sns/failure-topic-arn",
            "insecure_value": null,
            "key_id": "",
            "name": "/aft/account/aft-management/sns/failure-topic-arn",
            "overwrite": null,
            "tags": null,
            "tags_all": {
              "managed_by": "AFT"
            },
            "tier": "Standard",
            "type": "String",
            "value": "arn:aws:sns:us-east-1:831569350010:aft-failure-notifications",
            "version": 1
          },
          "sensitive_attributes": [],
          "private": "bnVsbA==",
          "dependencies": [
            "module.aft.data.aws_partition.current",
            "module.aft.module.aft_account_request_framework.aws_sns_topic.aft_failure_notifications"
          ]
        }
      ]
    },
    {
      "module": "module.aft.module.aft_ssm_parameters",
      "mode": "managed",
      "type": "aws_ssm_parameter",
      "name": "aft_feature_cloudtrail_data_events",
      "provider": "module.aft.provider[\"registry.terraform.io/hashicorp/aws\"].aft_management",
      "instances": [
        {
          "schema_version": 0,
          "attributes": {
            "allowed_pattern": "",
            "arn": "arn:aws:ssm:us-east-1:831569350010:parameter/aft/config/feature/cloudtrail-data-events-enabled",
            "data_type": "text",
            "description": "",
            "id": "/aft/config/feature/cloudtrail-data-events-enabled",
            "insecure_value": null,
            "key_id": "",
            "name": "/aft/config/feature/cloudtrail-data-events-enabled",
            "overwrite": null,
            "tags": null,
            "tags_all": {
              "managed_by": "AFT"
            },
            "tier": "Standard",
            "type": "String",
            "value": "false",
            "version": 1
          },
          "sensitive_attributes": [],
          "private": "bnVsbA==",
          "dependencies": [
            "module.aft.data.aws_partition.current"
          ]
        }
      ]
    },
    {
      "module": "module.aft.module.aft_ssm_parameters",
      "mode": "managed",
      "type": "aws_ssm_parameter",
      "name": "aft_feature_delete_default_vpcs_enabled",
      "provider": "module.aft.provider[\"registry.terraform.io/hashicorp/aws\"].aft_management",
      "instances": [
        {
          "schema_version": 0,
          "attributes": {
            "allowed_pattern": "",
            "arn": "arn:aws:ssm:us-east-1:831569350010:parameter/aft/config/feature/delete-default-vpcs-enabled",
            "data_type": "text",
            "description": "",
            "id": "/aft/config/feature/delete-default-vpcs-enabled",
            "insecure_value": null,
            "key_id": "",
            "name": "/aft/config/feature/delete-default-vpcs-enabled",
            "overwrite": null,
            "tags": null,
            "tags_all": {
              "managed_by": "AFT"
            },
            "tier": "Standard",
            "type": "String",
            "value": "false",
            "version": 1
          },
          "sensitive_attributes": [],
          "private": "bnVsbA==",
          "dependencies": [
            "module.aft.data.aws_partition.current"
          ]
        }
      ]
    },
    {
      "module": "module.aft.module.aft_ssm_parameters",
      "mode": "managed",
      "type": "aws_ssm_parameter",
      "name": "aft_feature_enterprise_support",
      "provider": "module.aft.provider[\"registry.terraform.io/hashicorp/aws\"].aft_management",
      "instances": [
        {
          "schema_version": 0,
          "attributes": {
            "allowed_pattern": "",
            "arn": "arn:aws:ssm:us-east-1:831569350010:parameter/aft/config/feature/enterprise-support-enabled",
            "data_type": "text",
            "description": "",
            "id": "/aft/config/feature/enterprise-support-enabled",
            "insecure_value": null,
            "key_id": "",
            "name": "/aft/config/feature/enterprise-support-enabled",
            "overwrite": null,
            "tags": null,
            "tags_all": {
              "managed_by": "AFT"
            },
            "tier": "Standard",
            "type": "String",
            "value": "false",
            "version": 1
          },
          "sensitive_attributes": [],
          "private": "bnVsbA==",
          "dependencies": [
            "module.aft.data.aws_partition.current"
          ]
        }
      ]
    },
    {
      "module": "module.aft.module.aft_ssm_parameters",
      "mode": "managed",
      "type": "aws_ssm_parameter",
      "name": "aft_framework_repo_git_ref",
      "provider": "module.aft.provider[\"registry.terraform.io/hashicorp/aws\"].aft_management",
      "instances": [
        {
          "schema_version": 0,
          "attributes": {
            "allowed_pattern": "",
            "arn": "arn:aws:ssm:us-east-1:831569350010:parameter/aft/config/aft-pipeline-code-source/repo-git-ref",
            "data_type": "text",
            "description": "",
            "id": "/aft/config/aft-pipeline-code-source/repo-git-ref",
            "insecure_value": null,
            "key_id": "",
            "name": "/aft/config/aft-pipeline-code-source/repo-git-ref",
            "overwrite": null,
            "tags": null,
            "tags_all": {
              "managed_by": "AFT"
            },
            "tier": "Standard",
            "type": "String",
            "value": "1.10.3",
            "version": 1
          },
          "sensitive_attributes": [],
          "private": "bnVsbA==",
          "dependencies": [
            "module.aft.data.aws_partition.current",
            "module.aft.data.local_file.version"
          ]
        }
      ]
    },
    {
      "module": "module.aft.module.aft_ssm_parameters",
      "mode": "managed",
      "type": "aws_ssm_parameter",
      "name": "aft_framework_repo_url",
      "provider": "module.aft.provider[\"registry.terraform.io/hashicorp/aws\"].aft_management",
      "instances": [
        {
          "schema_version": 0,
          "attributes": {
            "allowed_pattern": "",
            "arn": "arn:aws:ssm:us-east-1:831569350010:parameter/aft/config/aft-pipeline-code-source/repo-url",
            "data_type": "text",
            "description": "",
            "id": "/aft/config/aft-pipeline-code-source/repo-url",
            "insecure_value": null,
            "key_id": "",
            "name": "/aft/config/aft-pipeline-code-source/repo-url",
            "overwrite": null,
            "tags": null,
            "tags_all": {
              "managed_by": "AFT"
            },
            "tier": "Standard",
            "type": "String",
            "value": "https://github.com/aws-ia/terraform-aws-control_tower_account_factory.git",
            "version": 1
          },
          "sensitive_attributes": [],
          "private": "bnVsbA==",
          "dependencies": [
            "module.aft.data.aws_partition.current"
          ]
        }
      ]
    },
    {
      "module": "module.aft.module.aft_ssm_parameters",
      "mode": "managed",
      "type": "aws_ssm_parameter",
      "name": "aft_invoke_aft_account_provisioning_framework_lambda_function_name",
      "provider": "module.aft.provider[\"registry.terraform.io/hashicorp/aws\"].aft_management",
      "instances": [
        {
          "schema_version": 0,
          "attributes": {
            "allowed_pattern": "",
            "arn": "arn:aws:ssm:us-east-1:831569350010:parameter/aft/resources/lambda/aft-invoke-aft-account-provisioning-framework",
            "data_type": "text",
            "description": "",
            "id": "/aft/resources/lambda/aft-invoke-aft-account-provisioning-framework",
            "insecure_value": null,
            "key_id": "",
            "name": "/aft/resources/lambda/aft-invoke-aft-account-provisioning-framework",
            "overwrite": null,
            "tags": null,
            "tags_all": {
              "managed_by": "AFT"
            },
            "tier": "Standard",
            "type": "String",
            "value": "aft-invoke-aft-account-provisioning-framework",
            "version": 1
          },
          "sensitive_attributes": [],
          "private": "bnVsbA==",
          "dependencies": [
            "module.aft.data.aws_partition.current",
            "module.aft.data.local_file.version",
            "module.aft.module.aft_account_request_framework.aws_iam_role.aft_invoke_aft_account_provisioning_framework",
            "module.aft.module.aft_account_request_framework.aws_kms_key.aft",
            "module.aft.module.aft_account_request_framework.aws_lambda_function.aft_invoke_aft_account_provisioning_framework",
            "module.aft.module.aft_account_request_framework.aws_security_group.aft_vpc_default_sg",
            "module.aft.module.aft_account_request_framework.aws_subnet.aft_vpc_private_subnet_01",
            "module.aft.module.aft_account_request_framework.aws_subnet.aft_vpc_private_subnet_02",
            "module.aft.module.aft_account_request_framework.aws_vpc.aft_vpc",
            "module.aft.module.aft_account_request_framework.data.aws_availability_zones.available",
            "module.aft.module.aft_customizations.aws_s3_bucket.aft_codepipeline_customizations_bucket",
            "module.aft.module.aft_customizations.data.aws_caller_identity.current",
            "module.aft.module.aft_lambda_layer.aws_codebuild_project.codebuild",
            "module.aft.module.aft_lambda_layer.aws_iam_role.codebuild",
            "module.aft.module.aft_lambda_layer.aws_iam_role.codebuild_invoker_lambda_role",
            "module.aft.module.aft_lambda_layer.aws_lambda_function.codebuild_invoker",
            "module.aft.module.aft_lambda_layer.aws_lambda_layer_version.layer_version",
            "module.aft.module.aft_lambda_layer.data.aws_lambda_invocation.invoke_codebuild_job",
            "module.aft.module.aft_lambda_layer.data.aws_partition.current",
            "module.aft.module.aft_lambda_layer.data.local_file.aft_lambda_layer",
            "module.aft.module.aft_lambda_layer.random_string.resource_suffix",
            "module.aft.module.packaging.data.archive_file.builder",
            "module.aft.module.packaging.data.archive_file.request_framework"
          ]
        }
      ]
    },
    {
      "module": "module.aft.module.aft_ssm_parameters",
      "mode": "managed",
      "type": "aws_ssm_parameter",
      "name": "aft_invoke_aft_cleanup_resources_lambda_function_name",
      "provider": "module.aft.provider[\"registry.terraform.io/hashicorp/aws\"].aft_management",
      "instances": [
        {
          "schema_version": 0,
          "attributes": {
            "allowed_pattern": "",
            "arn": "arn:aws:ssm:us-east-1:831569350010:parameter/aft/resources/lambda/aft-cleanup-resources",
            "data_type": "text",
            "description": "",
            "id": "/aft/resources/lambda/aft-cleanup-resources",
            "insecure_value": null,
            "key_id": "",
            "name": "/aft/resources/lambda/aft-cleanup-resources",
            "overwrite": null,
            "tags": null,
            "tags_all": {
              "managed_by": "AFT"
            },
            "tier": "Standard",
            "type": "String",
            "value": "aft-cleanup-resources",
            "version": 1
          },
          "sensitive_attributes": [],
          "private": "bnVsbA==",
          "dependencies": [
            "module.aft.data.aws_partition.current",
            "module.aft.data.local_file.version",
            "module.aft.module.aft_account_request_framework.aws_iam_role.aft_cleanup_resources",
            "module.aft.module.aft_account_request_framework.aws_kms_key.aft",
            "module.aft.module.aft_account_request_framework.aws_lambda_function.aft_cleanup_resources",
            "module.aft.module.aft_account_request_framework.aws_security_group.aft_vpc_default_sg",
            "module.aft.module.aft_account_request_framework.aws_subnet.aft_vpc_private_subnet_01",
            "module.aft.module.aft_account_request_framework.aws_subnet.aft_vpc_private_subnet_02",
            "module.aft.module.aft_account_request_framework.aws_vpc.aft_vpc",
            "module.aft.module.aft_account_request_framework.data.aws_availability_zones.available",
            "module.aft.module.aft_customizations.aws_s3_bucket.aft_codepipeline_customizations_bucket",
            "module.aft.module.aft_customizations.data.aws_caller_identity.current",
            "module.aft.module.aft_lambda_layer.aws_codebuild_project.codebuild",
            "module.aft.module.aft_lambda_layer.aws_iam_role.codebuild",
            "module.aft.module.aft_lambda_layer.aws_iam_role.codebuild_invoker_lambda_role",
            "module.aft.module.aft_lambda_layer.aws_lambda_function.codebuild_invoker",
            "module.aft.module.aft_lambda_layer.aws_lambda_layer_version.layer_version",
            "module.aft.module.aft_lambda_layer.data.aws_lambda_invocation.invoke_codebuild_job",
            "module.aft.module.aft_lambda_layer.data.aws_partition.current",
            "module.aft.module.aft_lambda_layer.data.local_file.aft_lambda_layer",
            "module.aft.module.aft_lambda_layer.random_string.resource_suffix",
            "module.aft.module.packaging.data.archive_file.builder",
            "module.aft.module.packaging.data.archive_file.request_framework"
          ]
        }
      ]
    },
    {
      "module": "module.aft.module.aft_ssm_parameters",
      "mode": "managed",
      "type": "aws_ssm_parameter",
      "name": "aft_log_key_arn",
      "provider": "module.aft.provider[\"registry.terraform.io/hashicorp/aws\"].aft_management",
      "instances": [
        {
          "schema_version": 0,
          "attributes": {
            "allowed_pattern": "",
            "arn": "arn:aws:ssm:us-east-1:831569350010:parameter/aft/account/log-archive/kms_key_arn",
            "data_type": "text",
            "description": "",
            "id": "/aft/account/log-archive/kms_key_arn",
            "insecure_value": null,
            "key_id": "",
            "name": "/aft/account/log-archive/kms_key_arn",
            "overwrite": null,
            "tags": null,
            "tags_all": {
              "managed_by": "AFT"
            },
            "tier": "Standard",
            "type": "String",
            "value": "arn:aws:kms:us-east-1:031382445905:key/e3b7c255-d32b-4808-a680-0fb42daa6706",
            "version": 1
          },
          "sensitive_attributes": [],
          "private": "bnVsbA==",
          "dependencies": [
            "module.aft.data.aws_partition.current",
            "module.aft.module.aft_feature_options.aws_kms_key.aft_log_key",
            "module.aft.module.aft_feature_options.data.aws_partition.current"
          ]
        }
      ]
    },
    {
      "module": "module.aft.module.aft_ssm_parameters",
      "mode": "managed",
      "type": "aws_ssm_parameter",
      "name": "aft_logging_bucket_arn",
      "provider": "module.aft.provider[\"registry.terraform.io/hashicorp/aws\"].aft_management",
      "instances": [
        {
          "schema_version": 0,
          "attributes": {
            "allowed_pattern": "",
            "arn": "arn:aws:ssm:us-east-1:831569350010:parameter/aft/account/log-archive/log_bucket_arn",
            "data_type": "text",
            "description": "",
            "id": "/aft/account/log-archive/log_bucket_arn",
            "insecure_value": null,
            "key_id": "",
            "name": "/aft/account/log-archive/log_bucket_arn",
            "overwrite": null,
            "tags": null,
            "tags_all": {
              "managed_by": "AFT"
            },
            "tier": "Standard",
            "type": "String",
            "value": "arn:aws:s3:::aws-aft-logs-031382445905-us-east-1",
            "version": 1
          },
          "sensitive_attributes": [],
          "private": "bnVsbA==",
          "dependencies": [
            "module.aft.data.aws_partition.current",
            "module.aft.module.aft_feature_options.aws_s3_bucket.aft_logging_bucket",
            "module.aft.module.aft_feature_options.data.aws_region.current"
          ]
        }
      ]
    },
    {
      "module": "module.aft.module.aft_ssm_parameters",
      "mode": "managed",
      "type": "aws_ssm_parameter",
      "name": "aft_management_account_id",
      "provider": "module.aft.provider[\"registry.terraform.io/hashicorp/aws\"].aft_management",
      "instances": [
        {
          "schema_version": 0,
          "attributes": {
            "allowed_pattern": "",
            "arn": "arn:aws:ssm:us-east-1:831569350010:parameter/aft/account/aft-management/account-id",
            "data_type": "text",
            "description": "",
            "id": "/aft/account/aft-management/account-id",
            "insecure_value": null,
            "key_id": "",
            "name": "/aft/account/aft-management/account-id",
            "overwrite": null,
            "tags": null,
            "tags_all": {
              "managed_by": "AFT"
            },
            "tier": "Standard",
            "type": "String",
            "value": "831569350010",
            "version": 1
          },
          "sensitive_attributes": [],
          "private": "bnVsbA==",
          "dependencies": [
            "module.aft.data.aws_partition.current"
          ]
        }
      ]
    },
    {
      "module": "module.aft.module.aft_ssm_parameters",
      "mode": "managed",
      "type": "aws_ssm_parameter",
      "name": "aft_maximum_concurrent_customizations",
      "provider": "module.aft.provider[\"registry.terraform.io/hashicorp/aws\"].aft_management",
      "instances": [
        {
          "schema_version": 0,
          "attributes": {
            "allowed_pattern": "",
            "arn": "arn:aws:ssm:us-east-1:831569350010:parameter/aft/config/customizations/maximum_concurrent_customizations",
            "data_type": "text",
            "description": "",
            "id": "/aft/config/customizations/maximum_concurrent_customizations",
            "insecure_value": null,
            "key_id": "",
            "name": "/aft/config/customizations/maximum_concurrent_customizations",
            "overwrite": null,
            "tags": null,
            "tags_all": {
              "managed_by": "AFT"
            },
            "tier": "Standard",
            "type": "String",
            "value": "5",
            "version": 1
          },
          "sensitive_attributes": [],
          "private": "bnVsbA==",
          "dependencies": [
            "module.aft.data.aws_partition.current"
          ]
        }
      ]
    },
    {
      "module": "module.aft.module.aft_ssm_parameters",
      "mode": "managed",
      "type": "aws_ssm_parameter",
      "name": "aft_metrics_reporting",
      "provider": "module.aft.provider[\"registry.terraform.io/hashicorp/aws\"].aft_management",
      "instances": [
        {
          "schema_version": 0,
          "attributes": {
            "allowed_pattern": "",
            "arn": "arn:aws:ssm:us-east-1:831569350010:parameter/aft/config/metrics-reporting",
            "data_type": "text",
            "description": "",
            "id": "/aft/config/metrics-reporting",
            "insecure_value": null,
            "key_id": "",
            "name": "/aft/config/metrics-reporting",
            "overwrite": null,
            "tags": null,
            "tags_all": {
              "managed_by": "AFT"
            },
            "tier": "Standard",
            "type": "String",
            "value": "true",
            "version": 1
          },
          "sensitive_attributes": [],
          "private": "bnVsbA==",
          "dependencies": [
            "module.aft.data.aws_partition.current"
          ]
        }
      ]
    },
    {
      "module": "module.aft.module.aft_ssm_parameters",
      "mode": "managed",
      "type": "aws_ssm_parameter",
      "name": "aft_metrics_reporting_uuid",
      "provider": "module.aft.provider[\"registry.terraform.io/hashicorp/aws\"].aft_management",
      "instances": [
        {
          "schema_version": 0,
          "attributes": {
            "allowed_pattern": "",
            "arn": "arn:aws:ssm:us-east-1:831569350010:parameter/aft/config/metrics-reporting-uuid",
            "data_type": "text",
            "description": "",
            "id": "/aft/config/metrics-reporting-uuid",
            "insecure_value": null,
            "key_id": "",
            "name": "/aft/config/metrics-reporting-uuid",
            "overwrite": null,
            "tags": null,
            "tags_all": {
              "managed_by": "AFT"
            },
            "tier": "Standard",
            "type": "String",
            "value": "3fc1472d-b49e-388a-86cd-239551687cae",
            "version": 1
          },
          "sensitive_attributes": [],
          "private": "bnVsbA==",
          "dependencies": [
            "module.aft.data.aws_partition.current",
            "module.aft.module.aft_ssm_parameters.random_uuid.metrics_reporting_uuid"
          ]
        }
      ]
    },
    {
      "module": "module.aft.module.aft_ssm_parameters",
      "mode": "managed",
      "type": "aws_ssm_parameter",
      "name": "aft_request_action_trigger_function_arn",
      "provider": "module.aft.provider[\"registry.terraform.io/hashicorp/aws\"].aft_management",
      "instances": [
        {
          "schema_version": 0,
          "attributes": {
            "allowed_pattern": "",
            "arn": "arn:aws:ssm:us-east-1:831569350010:parameter/aft/resources/lambda/aft-account-request-action-trigger-function-arn",
            "data_type": "text",
            "description": "",
            "id": "/aft/resources/lambda/aft-account-request-action-trigger-function-arn",
            "insecure_value": null,
            "key_id": "",
            "name": "/aft/resources/lambda/aft-account-request-action-trigger-function-arn",
            "overwrite": null,
            "tags": null,
            "tags_all": {
              "managed_by": "AFT"
            },
            "tier": "Standard",
            "type": "String",
            "value": "arn:aws:lambda:us-east-1:831569350010:function:aft-account-request-action-trigger",
            "version": 1
          },
          "sensitive_attributes": [],
          "private": "bnVsbA==",
          "dependencies": [
            "module.aft.data.aws_partition.current",
            "module.aft.data.local_file.version",
            "module.aft.module.aft_account_request_framework.aws_iam_role.aft_account_request_action_trigger",
            "module.aft.module.aft_account_request_framework.aws_kms_key.aft",
            "module.aft.module.aft_account_request_framework.aws_lambda_function.aft_account_request_action_trigger",
            "module.aft.module.aft_account_request_framework.aws_security_group.aft_vpc_default_sg",
            "module.aft.module.aft_account_request_framework.aws_subnet.aft_vpc_private_subnet_01",
            "module.aft.module.aft_account_request_framework.aws_subnet.aft_vpc_private_subnet_02",
            "module.aft.module.aft_account_request_framework.aws_vpc.aft_vpc",
            "module.aft.module.aft_account_request_framework.data.aws_availability_zones.available",
            "module.aft.module.aft_customizations.aws_s3_bucket.aft_codepipeline_customizations_bucket",
            "module.aft.module.aft_customizations.data.aws_caller_identity.current",
            "module.aft.module.aft_lambda_layer.aws_codebuild_project.codebuild",
            "module.aft.module.aft_lambda_layer.aws_iam_role.codebuild",
            "module.aft.module.aft_lambda_layer.aws_iam_role.codebuild_invoker_lambda_role",
            "module.aft.module.aft_lambda_layer.aws_lambda_function.codebuild_invoker",
            "module.aft.module.aft_lambda_layer.aws_lambda_layer_version.layer_version",
            "module.aft.module.aft_lambda_layer.data.aws_lambda_invocation.invoke_codebuild_job",
            "module.aft.module.aft_lambda_layer.data.aws_partition.current",
            "module.aft.module.aft_lambda_layer.data.local_file.aft_lambda_layer",
            "module.aft.module.aft_lambda_layer.random_string.resource_suffix",
            "module.aft.module.packaging.data.archive_file.builder",
            "module.aft.module.packaging.data.archive_file.request_framework"
          ]
        }
      ]
    },
    {
      "module": "module.aft.module.aft_ssm_parameters",
      "mode": "managed",
      "type": "aws_ssm_parameter",
      "name": "aft_request_audit_table_name",
      "provider": "module.aft.provider[\"registry.terraform.io/hashicorp/aws\"].aft_management",
      "instances": [
        {
          "schema_version": 0,
          "attributes": {
            "allowed_pattern": "",
            "arn": "arn:aws:ssm:us-east-1:831569350010:parameter/aft/resources/ddb/aft-request-audit-table-name",
            "data_type": "text",
            "description": "",
            "id": "/aft/resources/ddb/aft-request-audit-table-name",
            "insecure_value": null,
            "key_id": "",
            "name": "/aft/resources/ddb/aft-request-audit-table-name",
            "overwrite": null,
            "tags": null,
            "tags_all": {
              "managed_by": "AFT"
            },
            "tier": "Standard",
            "type": "String",
            "value": "aft-request-audit",
            "version": 1
          },
          "sensitive_attributes": [],
          "private": "bnVsbA==",
          "dependencies": [
            "module.aft.data.aws_partition.current",
            "module.aft.module.aft_account_request_framework.aws_dynamodb_table.aft_request_audit",
            "module.aft.module.aft_account_request_framework.aws_kms_key.aft"
          ]
        }
      ]
    },
    {
      "module": "module.aft.module.aft_ssm_parameters",
      "mode": "managed",
      "type": "aws_ssm_parameter",
      "name": "aft_request_metadata_table_name",
      "provider": "module.aft.provider[\"registry.terraform.io/hashicorp/aws\"].aft_management",
      "instances": [
        {
          "schema_version": 0,
          "attributes": {
            "allowed_pattern": "",
            "arn": "arn:aws:ssm:us-east-1:831569350010:parameter/aft/resources/ddb/aft-request-metadata-table-name",
            "data_type": "text",
            "description": "",
            "id": "/aft/resources/ddb/aft-request-metadata-table-name",
            "insecure_value": null,
            "key_id": "",
            "name": "/aft/resources/ddb/aft-request-metadata-table-name",
            "overwrite": null,
            "tags": null,
            "tags_all": {
              "managed_by": "AFT"
            },
            "tier": "Standard",
            "type": "String",
            "value": "aft-request-metadata",
            "version": 1
          },
          "sensitive_attributes": [],
          "private": "bnVsbA==",
          "dependencies": [
            "module.aft.data.aws_partition.current",
            "module.aft.module.aft_account_request_framework.aws_dynamodb_table.aft_request_metadata",
            "module.aft.module.aft_account_request_framework.aws_kms_key.aft"
          ]
        }
      ]
    },
    {
      "module": "module.aft.module.aft_ssm_parameters",
      "mode": "managed",
      "type": "aws_ssm_parameter",
      "name": "aft_request_queue_name",
      "provider": "module.aft.provider[\"registry.terraform.io/hashicorp/aws\"].aft_management",
      "instances": [
        {
          "schema_version": 0,
          "attributes": {
            "allowed_pattern": "",
            "arn": "arn:aws:ssm:us-east-1:831569350010:parameter/aft/resources/sqs/aft-request-queue-name",
            "data_type": "text",
            "description": "",
            "id": "/aft/resources/sqs/aft-request-queue-name",
            "insecure_value": null,
            "key_id": "",
            "name": "/aft/resources/sqs/aft-request-queue-name",
            "overwrite": null,
            "tags": null,
            "tags_all": {
              "managed_by": "AFT"
            },
            "tier": "Standard",
            "type": "String",
            "value": "aft-account-request.fifo",
            "version": 1
          },
          "sensitive_attributes": [],
          "private": "bnVsbA==",
          "dependencies": [
            "module.aft.data.aws_partition.current",
            "module.aft.module.aft_account_request_framework.aws_kms_alias.aft",
            "module.aft.module.aft_account_request_framework.aws_kms_key.aft",
            "module.aft.module.aft_account_request_framework.aws_sqs_queue.aft_account_request",
            "module.aft.module.aft_account_request_framework.aws_sqs_queue.aft_account_request_dlq"
          ]
        }
      ]
    },
    {
      "module": "module.aft.module.aft_ssm_parameters",
      "mode": "managed",
      "type": "aws_ssm_parameter",
      "name": "aft_request_table_name",
      "provider": "module.aft.provider[\"registry.terraform.io/hashicorp/aws\"].aft_management",
      "instances": [
        {
          "schema_version": 0,
          "attributes": {
            "allowed_pattern": "",
            "arn": "arn:aws:ssm:us-east-1:831569350010:parameter/aft/resources/ddb/aft-request-table-name",
            "data_type": "text",
            "description": "",
            "id": "/aft/resources/ddb/aft-request-table-name",
            "insecure_value": null,
            "key_id": "",
            "name": "/aft/resources/ddb/aft-request-table-name",
            "overwrite": null,
            "tags": null,
            "tags_all": {
              "managed_by": "AFT"
            },
            "tier": "Standard",
            "type": "String",
            "value": "aft-request",
            "version": 1
          },
          "sensitive_attributes": [],
          "private": "bnVsbA==",
          "dependencies": [
            "module.aft.data.aws_partition.current",
            "module.aft.module.aft_account_request_framework.aws_dynamodb_table.aft_request",
            "module.aft.module.aft_account_request_framework.aws_kms_key.aft"
          ]
        }
      ]
    },
    {
      "module": "module.aft.module.aft_ssm_parameters",
      "mode": "managed",
      "type": "aws_ssm_parameter",
      "name": "aft_session_name",
      "provider": "module.aft.provider[\"registry.terraform.io/hashicorp/aws\"].aft_management",
      "instances": [
        {
          "schema_version": 0,
          "attributes": {
            "allowed_pattern": "",
            "arn": "arn:aws:ssm:us-east-1:831569350010:parameter/aft/resources/iam/aft-session-name",
            "data_type": "text",
            "description": "",
            "id": "/aft/resources/iam/aft-session-name",
            "insecure_value": null,
            "key_id": "",
            "name": "/aft/resources/iam/aft-session-name",
            "overwrite": null,
            "tags": null,
            "tags_all": {
              "managed_by": "AFT"
            },
            "tier": "Standard",
            "type": "String",
            "value": "AWSAFT-Session",
            "version": 1
          },
          "sensitive_attributes": [],
          "private": "bnVsbA==",
          "dependencies": [
            "module.aft.data.aws_partition.current"
          ]
        }
      ]
    },
    {
      "module": "module.aft.module.aft_ssm_parameters",
      "mode": "managed",
      "type": "aws_ssm_parameter",
      "name": "aft_sns_topic_arn",
      "provider": "module.aft.provider[\"registry.terraform.io/hashicorp/aws\"].aft_management",
      "instances": [
        {
          "schema_version": 0,
          "attributes": {
            "allowed_pattern": "",
            "arn": "arn:aws:ssm:us-east-1:831569350010:parameter/aft/account/aft-management/sns/topic-arn",
            "data_type": "text",
            "description": "",
            "id": "/aft/account/aft-management/sns/topic-arn",
            "insecure_value": null,
            "key_id": "",
            "name": "/aft/account/aft-management/sns/topic-arn",
            "overwrite": null,
            "tags": null,
            "tags_all": {
              "managed_by": "AFT"
            },
            "tier": "Standard",
            "type": "String",
            "value": "arn:aws:sns:us-east-1:831569350010:aft-notifications",
            "version": 1
          },
          "sensitive_attributes": [],
          "private": "bnVsbA==",
          "dependencies": [
            "module.aft.data.aws_partition.current",
            "module.aft.module.aft_account_request_framework.aws_sns_topic.aft_notifications"
          ]
        }
      ]
    },
    {
      "module": "module.aft.module.aft_ssm_parameters",
      "mode": "managed",
      "type": "aws_ssm_parameter",
      "name": "aft_version",
      "provider": "module.aft.provider[\"registry.terraform.io/hashicorp/aws\"].aft_management",
      "instances": [
        {
          "schema_version": 0,
          "attributes": {
            "allowed_pattern": "",
            "arn": "arn:aws:ssm:us-east-1:831569350010:parameter/aft/config/aft/version",
            "data_type": "text",
            "description": "",
            "id": "/aft/config/aft/version",
            "insecure_value": null,
            "key_id": "",
            "name": "/aft/config/aft/version",
            "overwrite": null,
            "tags": null,
            "tags_all": {
              "managed_by": "AFT"
            },
            "tier": "Standard",
            "type": "String",
            "value": "1.10.3",
            "version": 1
          },
          "sensitive_attributes": [],
          "private": "bnVsbA==",
          "dependencies": [
            "module.aft.data.aws_partition.current",
            "module.aft.data.local_file.version"
          ]
        }
      ]
    },
    {
      "module": "module.aft.module.aft_ssm_parameters",
      "mode": "managed",
      "type": "aws_ssm_parameter",
      "name": "codestar_connection_arn",
      "provider": "module.aft.provider[\"registry.terraform.io/hashicorp/aws\"].aft_management",
      "instances": [
        {
          "schema_version": 0,
          "attributes": {
            "allowed_pattern": "",
            "arn": "arn:aws:ssm:us-east-1:831569350010:parameter/aft/config/vcs/codestar-connection-arn",
            "data_type": "text",
            "description": "",
            "id": "/aft/config/vcs/codestar-connection-arn",
            "insecure_value": null,
            "key_id": "",
            "name": "/aft/config/vcs/codestar-connection-arn",
            "overwrite": null,
            "tags": null,
            "tags_all": {
              "managed_by": "AFT"
            },
            "tier": "Standard",
            "type": "String",
            "value": "arn:aws:codestar-connections:us-east-1:831569350010:connection/8fc9c899-1790-4a30-b686-2829a6b50f3f",
            "version": 1
          },
          "sensitive_attributes": [],
          "private": "bnVsbA==",
          "dependencies": [
            "module.aft.data.aws_partition.current",
            "module.aft.module.aft_code_repositories.aws_codestarconnections_connection.bitbucket",
            "module.aft.module.aft_code_repositories.aws_codestarconnections_connection.github",
            "module.aft.module.aft_code_repositories.aws_codestarconnections_connection.githubenterprise"
          ]
        }
      ]
    },
    {
      "module": "module.aft.module.aft_ssm_parameters",
      "mode": "managed",
      "type": "aws_ssm_parameter",
      "name": "control_tower_event_logger_function_arn",
      "provider": "module.aft.provider[\"registry.terraform.io/hashicorp/aws\"].aft_management",
      "instances": [
        {
          "schema_version": 0,
          "attributes": {
            "allowed_pattern": "",
            "arn": "arn:aws:ssm:us-east-1:831569350010:parameter/aft/resources/lambda/aft-controltower-event-logger-function-arn",
            "data_type": "text",
            "description": "",
            "id": "/aft/resources/lambda/aft-controltower-event-logger-function-arn",
            "insecure_value": null,
            "key_id": "",
            "name": "/aft/resources/lambda/aft-controltower-event-logger-function-arn",
            "overwrite": null,
            "tags": null,
            "tags_all": {
              "managed_by": "AFT"
            },
            "tier": "Standard",
            "type": "String",
            "value": "arn:aws:lambda:us-east-1:831569350010:function:aft-controltower-event-logger",
            "version": 1
          },
          "sensitive_attributes": [],
          "private": "bnVsbA==",
          "dependencies": [
            "module.aft.data.aws_partition.current",
            "module.aft.data.local_file.version",
            "module.aft.module.aft_account_request_framework.aws_iam_role.aft_controltower_event_logger",
            "module.aft.module.aft_account_request_framework.aws_kms_key.aft",
            "module.aft.module.aft_account_request_framework.aws_lambda_function.aft_controltower_event_logger",
            "module.aft.module.aft_account_request_framework.aws_security_group.aft_vpc_default_sg",
            "module.aft.module.aft_account_request_framework.aws_subnet.aft_vpc_private_subnet_01",
            "module.aft.module.aft_account_request_framework.aws_subnet.aft_vpc_private_subnet_02",
            "module.aft.module.aft_account_request_framework.aws_vpc.aft_vpc",
            "module.aft.module.aft_account_request_framework.data.aws_availability_zones.available",
            "module.aft.module.aft_customizations.aws_s3_bucket.aft_codepipeline_customizations_bucket",
            "module.aft.module.aft_customizations.data.aws_caller_identity.current",
            "module.aft.module.aft_lambda_layer.aws_codebuild_project.codebuild",
            "module.aft.module.aft_lambda_layer.aws_iam_role.codebuild",
            "module.aft.module.aft_lambda_layer.aws_iam_role.codebuild_invoker_lambda_role",
            "module.aft.module.aft_lambda_layer.aws_lambda_function.codebuild_invoker",
            "module.aft.module.aft_lambda_layer.aws_lambda_layer_version.layer_version",
            "module.aft.module.aft_lambda_layer.data.aws_lambda_invocation.invoke_codebuild_job",
            "module.aft.module.aft_lambda_layer.data.aws_partition.current",
            "module.aft.module.aft_lambda_layer.data.local_file.aft_lambda_layer",
            "module.aft.module.aft_lambda_layer.random_string.resource_suffix",
            "module.aft.module.packaging.data.archive_file.builder",
            "module.aft.module.packaging.data.archive_file.request_framework"
          ]
        }
      ]
    },
    {
      "module": "module.aft.module.aft_ssm_parameters",
      "mode": "managed",
      "type": "aws_ssm_parameter",
      "name": "create_role_function_arn",
      "provider": "module.aft.provider[\"registry.terraform.io/hashicorp/aws\"].aft_management",
      "instances": [
        {
          "schema_version": 0,
          "attributes": {
            "allowed_pattern": "",
            "arn": "arn:aws:ssm:us-east-1:831569350010:parameter/aft/resources/lambda/aft-account-provisioning-framework-create-role-function-arn",
            "data_type": "text",
            "description": "",
            "id": "/aft/resources/lambda/aft-account-provisioning-framework-create-role-function-arn",
            "insecure_value": null,
            "key_id": "",
            "name": "/aft/resources/lambda/aft-account-provisioning-framework-create-role-function-arn",
            "overwrite": null,
            "tags": null,
            "tags_all": {
              "managed_by": "AFT"
            },
            "tier": "Standard",
            "type": "String",
            "value": "arn:aws:lambda:us-east-1:831569350010:function:aft-account-provisioning-framework-create-aft-execution-role",
            "version": 1
          },
          "sensitive_attributes": [],
          "private": "bnVsbA==",
          "dependencies": [
            "module.aft.data.aws_partition.current",
            "module.aft.data.local_file.version",
            "module.aft.module.aft_account_provisioning_framework.aws_iam_role.aft_lambda_aft_account_provisioning_framework_create_role",
            "module.aft.module.aft_account_provisioning_framework.aws_lambda_function.create_role",
            "module.aft.module.aft_account_request_framework.aws_kms_key.aft",
            "module.aft.module.aft_account_request_framework.aws_security_group.aft_vpc_default_sg",
            "module.aft.module.aft_account_request_framework.aws_subnet.aft_vpc_private_subnet_01",
            "module.aft.module.aft_account_request_framework.aws_subnet.aft_vpc_private_subnet_02",
            "module.aft.module.aft_account_request_framework.aws_vpc.aft_vpc",
            "module.aft.module.aft_account_request_framework.data.aws_availability_zones.available",
            "module.aft.module.aft_customizations.aws_s3_bucket.aft_codepipeline_customizations_bucket",
            "module.aft.module.aft_customizations.data.aws_caller_identity.current",
            "module.aft.module.aft_lambda_layer.aws_codebuild_project.codebuild",
            "module.aft.module.aft_lambda_layer.aws_iam_role.codebuild",
            "module.aft.module.aft_lambda_layer.aws_iam_role.codebuild_invoker_lambda_role",
            "module.aft.module.aft_lambda_layer.aws_lambda_function.codebuild_invoker",
            "module.aft.module.aft_lambda_layer.aws_lambda_layer_version.layer_version",
            "module.aft.module.aft_lambda_layer.data.aws_lambda_invocation.invoke_codebuild_job",
            "module.aft.module.aft_lambda_layer.data.aws_partition.current",
            "module.aft.module.aft_lambda_layer.data.local_file.aft_lambda_layer",
            "module.aft.module.aft_lambda_layer.random_string.resource_suffix",
            "module.aft.module.packaging.data.archive_file.builder",
            "module.aft.module.packaging.data.archive_file.provisioning_framework"
          ]
        }
      ]
    },
    {
      "module": "module.aft.module.aft_ssm_parameters",
      "mode": "managed",
      "type": "aws_ssm_parameter",
      "name": "ct_audit_account_id",
      "provider": "module.aft.provider[\"registry.terraform.io/hashicorp/aws\"].aft_management",
      "instances": [
        {
          "schema_version": 0,
          "attributes": {
            "allowed_pattern": "",
            "arn": "arn:aws:ssm:us-east-1:831569350010:parameter/aft/account/audit/account-id",
            "data_type": "text",
            "description": "",
            "id": "/aft/account/audit/account-id",
            "insecure_value": null,
            "key_id": "",
            "name": "/aft/account/audit/account-id",
            "overwrite": null,
            "tags": null,
            "tags_all": {
              "managed_by": "AFT"
            },
            "tier": "Standard",
            "type": "String",
            "value": "017799390459",
            "version": 1
          },
          "sensitive_attributes": [],
          "private": "bnVsbA==",
          "dependencies": [
            "module.aft.data.aws_partition.current"
          ]
        }
      ]
    },
    {
      "module": "module.aft.module.aft_ssm_parameters",
      "mode": "managed",
      "type": "aws_ssm_parameter",
      "name": "ct_log_archive_account_id",
      "provider": "module.aft.provider[\"registry.terraform.io/hashicorp/aws\"].aft_management",
      "instances": [
        {
          "schema_version": 0,
          "attributes": {
            "allowed_pattern": "",
            "arn": "arn:aws:ssm:us-east-1:831569350010:parameter/aft/account/log-archive/account-id",
            "data_type": "text",
            "description": "",
            "id": "/aft/account/log-archive/account-id",
            "insecure_value": null,
            "key_id": "",
            "name": "/aft/account/log-archive/account-id",
            "overwrite": null,
            "tags": null,
            "tags_all": {
              "managed_by": "AFT"
            },
            "tier": "Standard",
            "type": "String",
            "value": "031382445905",
            "version": 1
          },
          "sensitive_attributes": [],
          "private": "bnVsbA==",
          "dependencies": [
            "module.aft.data.aws_partition.current"
          ]
        }
      ]
    },
    {
      "module": "module.aft.module.aft_ssm_parameters",
      "mode": "managed",
      "type": "aws_ssm_parameter",
      "name": "ct_management_account_id",
      "provider": "module.aft.provider[\"registry.terraform.io/hashicorp/aws\"].aft_management",
      "instances": [
        {
          "schema_version": 0,
          "attributes": {
            "allowed_pattern": "",
            "arn": "arn:aws:ssm:us-east-1:831569350010:parameter/aft/account/ct-management/account-id",
            "data_type": "text",
            "description": "",
            "id": "/aft/account/ct-management/account-id",
            "insecure_value": null,
            "key_id": "",
            "name": "/aft/account/ct-management/account-id",
            "overwrite": null,
            "tags": null,
            "tags_all": {
              "managed_by": "AFT"
            },
            "tier": "Standard",
            "type": "String",
            "value": "165374174101",
            "version": 1
          },
          "sensitive_attributes": [],
          "private": "bnVsbA==",
          "dependencies": [
            "module.aft.data.aws_partition.current"
          ]
        }
      ]
    },
    {
      "module": "module.aft.module.aft_ssm_parameters",
      "mode": "managed",
      "type": "aws_ssm_parameter",
      "name": "ct_primary_region",
      "provider": "module.aft.provider[\"registry.terraform.io/hashicorp/aws\"].aft_management",
      "instances": [
        {
          "schema_version": 0,
          "attributes": {
            "allowed_pattern": "",
            "arn": "arn:aws:ssm:us-east-1:831569350010:parameter/aft/config/ct-management-region",
            "data_type": "text",
            "description": "",
            "id": "/aft/config/ct-management-region",
            "insecure_value": null,
            "key_id": "",
            "name": "/aft/config/ct-management-region",
            "overwrite": null,
            "tags": null,
            "tags_all": {
              "managed_by": "AFT"
            },
            "tier": "Standard",
            "type": "String",
            "value": "us-east-1",
            "version": 1
          },
          "sensitive_attributes": [],
          "private": "bnVsbA==",
          "dependencies": [
            "module.aft.data.aws_partition.current"
          ]
        }
      ]
    },
    {
      "module": "module.aft.module.aft_ssm_parameters",
      "mode": "managed",
      "type": "aws_ssm_parameter",
      "name": "github_enterprise_url",
      "provider": "module.aft.provider[\"registry.terraform.io/hashicorp/aws\"].aft_management",
      "instances": [
        {
          "schema_version": 0,
          "attributes": {
            "allowed_pattern": "",
            "arn": "arn:aws:ssm:us-east-1:831569350010:parameter/aft/config/vcs/github-enterprise-url",
            "data_type": "text",
            "description": "",
            "id": "/aft/config/vcs/github-enterprise-url",
            "insecure_value": null,
            "key_id": "",
            "name": "/aft/config/vcs/github-enterprise-url",
            "overwrite": null,
            "tags": null,
            "tags_all": {
              "managed_by": "AFT"
            },
            "tier": "Standard",
            "type": "String",
            "value": "null",
            "version": 1
          },
          "sensitive_attributes": [],
          "private": "bnVsbA==",
          "dependencies": [
            "module.aft.data.aws_partition.current"
          ]
        }
      ]
    },
    {
      "module": "module.aft.module.aft_ssm_parameters",
      "mode": "managed",
      "type": "aws_ssm_parameter",
      "name": "global_customizations_repo_branch",
      "provider": "module.aft.provider[\"registry.terraform.io/hashicorp/aws\"].aft_management",
      "instances": [
        {
          "schema_version": 0,
          "attributes": {
            "allowed_pattern": "",
            "arn": "arn:aws:ssm:us-east-1:831569350010:parameter/aft/config/global-customizations/repo-branch",
            "data_type": "text",
            "description": "",
            "id": "/aft/config/global-customizations/repo-branch",
            "insecure_value": null,
            "key_id": "",
            "name": "/aft/config/global-customizations/repo-branch",
            "overwrite": null,
            "tags": null,
            "tags_all": {
              "managed_by": "AFT"
            },
            "tier": "Standard",
            "type": "String",
            "value": "main",
            "version": 1
          },
          "sensitive_attributes": [],
          "private": "bnVsbA==",
          "dependencies": [
            "module.aft.data.aws_partition.current"
          ]
        }
      ]
    },
    {
      "module": "module.aft.module.aft_ssm_parameters",
      "mode": "managed",
      "type": "aws_ssm_parameter",
      "name": "global_customizations_repo_name",
      "provider": "module.aft.provider[\"registry.terraform.io/hashicorp/aws\"].aft_management",
      "instances": [
        {
          "schema_version": 0,
          "attributes": {
            "allowed_pattern": "",
            "arn": "arn:aws:ssm:us-east-1:831569350010:parameter/aft/config/global-customizations/repo-name",
            "data_type": "text",
            "description": "",
            "id": "/aft/config/global-customizations/repo-name",
            "insecure_value": null,
            "key_id": "",
            "name": "/aft/config/global-customizations/repo-name",
            "overwrite": null,
            "tags": null,
            "tags_all": {
              "managed_by": "AFT"
            },
            "tier": "Standard",
            "type": "String",
            "value": "santudata99/learn-terraform-aft-global-customizations",
            "version": 1
          },
          "sensitive_attributes": [],
          "private": "bnVsbA==",
          "dependencies": [
            "module.aft.data.aws_partition.current"
          ]
        }
      ]
    },
    {
      "module": "module.aft.module.aft_ssm_parameters",
      "mode": "managed",
      "type": "aws_ssm_parameter",
      "name": "invoke_aft_account_provisioning_framework_function_arn",
      "provider": "module.aft.provider[\"registry.terraform.io/hashicorp/aws\"].aft_management",
      "instances": [
        {
          "schema_version": 0,
          "attributes": {
            "allowed_pattern": "",
            "arn": "arn:aws:ssm:us-east-1:831569350010:parameter/aft/resources/lambda/aft-invoke-aft-account-provisioning-framework-function-arn",
            "data_type": "text",
            "description": "",
            "id": "/aft/resources/lambda/aft-invoke-aft-account-provisioning-framework-function-arn",
            "insecure_value": null,
            "key_id": "",
            "name": "/aft/resources/lambda/aft-invoke-aft-account-provisioning-framework-function-arn",
            "overwrite": null,
            "tags": null,
            "tags_all": {
              "managed_by": "AFT"
            },
            "tier": "Standard",
            "type": "String",
            "value": "arn:aws:lambda:us-east-1:831569350010:function:aft-invoke-aft-account-provisioning-framework",
            "version": 1
          },
          "sensitive_attributes": [],
          "private": "bnVsbA==",
          "dependencies": [
            "module.aft.data.aws_partition.current",
            "module.aft.data.local_file.version",
            "module.aft.module.aft_account_request_framework.aws_iam_role.aft_invoke_aft_account_provisioning_framework",
            "module.aft.module.aft_account_request_framework.aws_kms_key.aft",
            "module.aft.module.aft_account_request_framework.aws_lambda_function.aft_invoke_aft_account_provisioning_framework",
            "module.aft.module.aft_account_request_framework.aws_security_group.aft_vpc_default_sg",
            "module.aft.module.aft_account_request_framework.aws_subnet.aft_vpc_private_subnet_01",
            "module.aft.module.aft_account_request_framework.aws_subnet.aft_vpc_private_subnet_02",
            "module.aft.module.aft_account_request_framework.aws_vpc.aft_vpc",
            "module.aft.module.aft_account_request_framework.data.aws_availability_zones.available",
            "module.aft.module.aft_customizations.aws_s3_bucket.aft_codepipeline_customizations_bucket",
            "module.aft.module.aft_customizations.data.aws_caller_identity.current",
            "module.aft.module.aft_lambda_layer.aws_codebuild_project.codebuild",
            "module.aft.module.aft_lambda_layer.aws_iam_role.codebuild",
            "module.aft.module.aft_lambda_layer.aws_iam_role.codebuild_invoker_lambda_role",
            "module.aft.module.aft_lambda_layer.aws_lambda_function.codebuild_invoker",
            "module.aft.module.aft_lambda_layer.aws_lambda_layer_version.layer_version",
            "module.aft.module.aft_lambda_layer.data.aws_lambda_invocation.invoke_codebuild_job",
            "module.aft.module.aft_lambda_layer.data.aws_partition.current",
            "module.aft.module.aft_lambda_layer.data.local_file.aft_lambda_layer",
            "module.aft.module.aft_lambda_layer.random_string.resource_suffix",
            "module.aft.module.packaging.data.archive_file.builder",
            "module.aft.module.packaging.data.archive_file.request_framework"
          ]
        }
      ]
    },
    {
      "module": "module.aft.module.aft_ssm_parameters",
      "mode": "managed",
      "type": "aws_ssm_parameter",
      "name": "persist_metadata_function_arn",
      "provider": "module.aft.provider[\"registry.terraform.io/hashicorp/aws\"].aft_management",
      "instances": [
        {
          "schema_version": 0,
          "attributes": {
            "allowed_pattern": "",
            "arn": "arn:aws:ssm:us-east-1:831569350010:parameter/aft/resources/lambda/aft-account-provisioning-framework-persist-metadata-function-arn",
            "data_type": "text",
            "description": "",
            "id": "/aft/resources/lambda/aft-account-provisioning-framework-persist-metadata-function-arn",
            "insecure_value": null,
            "key_id": "",
            "name": "/aft/resources/lambda/aft-account-provisioning-framework-persist-metadata-function-arn",
            "overwrite": null,
            "tags": null,
            "tags_all": {
              "managed_by": "AFT"
            },
            "tier": "Standard",
            "type": "String",
            "value": "arn:aws:lambda:us-east-1:831569350010:function:aft-account-provisioning-framework-persist-metadata",
            "version": 1
          },
          "sensitive_attributes": [],
          "private": "bnVsbA==",
          "dependencies": [
            "module.aft.data.aws_partition.current",
            "module.aft.data.local_file.version",
            "module.aft.module.aft_account_provisioning_framework.aws_iam_role.aft_lambda_aft_account_provisioning_framework_persist_metadata",
            "module.aft.module.aft_account_provisioning_framework.aws_lambda_function.persist_metadata",
            "module.aft.module.aft_account_request_framework.aws_kms_key.aft",
            "module.aft.module.aft_account_request_framework.aws_security_group.aft_vpc_default_sg",
            "module.aft.module.aft_account_request_framework.aws_subnet.aft_vpc_private_subnet_01",
            "module.aft.module.aft_account_request_framework.aws_subnet.aft_vpc_private_subnet_02",
            "module.aft.module.aft_account_request_framework.aws_vpc.aft_vpc",
            "module.aft.module.aft_account_request_framework.data.aws_availability_zones.available",
            "module.aft.module.aft_customizations.aws_s3_bucket.aft_codepipeline_customizations_bucket",
            "module.aft.module.aft_customizations.data.aws_caller_identity.current",
            "module.aft.module.aft_lambda_layer.aws_codebuild_project.codebuild",
            "module.aft.module.aft_lambda_layer.aws_iam_role.codebuild",
            "module.aft.module.aft_lambda_layer.aws_iam_role.codebuild_invoker_lambda_role",
            "module.aft.module.aft_lambda_layer.aws_lambda_function.codebuild_invoker",
            "module.aft.module.aft_lambda_layer.aws_lambda_layer_version.layer_version",
            "module.aft.module.aft_lambda_layer.data.aws_lambda_invocation.invoke_codebuild_job",
            "module.aft.module.aft_lambda_layer.data.aws_partition.current",
            "module.aft.module.aft_lambda_layer.data.local_file.aft_lambda_layer",
            "module.aft.module.aft_lambda_layer.random_string.resource_suffix",
            "module.aft.module.packaging.data.archive_file.builder",
            "module.aft.module.packaging.data.archive_file.provisioning_framework"
          ]
        }
      ]
    },
    {
      "module": "module.aft.module.aft_ssm_parameters",
      "mode": "managed",
      "type": "aws_ssm_parameter",
      "name": "request_audit_trigger_function_arn",
      "provider": "module.aft.provider[\"registry.terraform.io/hashicorp/aws\"].aft_management",
      "instances": [
        {
          "schema_version": 0,
          "attributes": {
            "allowed_pattern": "",
            "arn": "arn:aws:ssm:us-east-1:831569350010:parameter/aft/resources/lambda/aft-account-request-audit-trigger-function-arn",
            "data_type": "text",
            "description": "",
            "id": "/aft/resources/lambda/aft-account-request-audit-trigger-function-arn",
            "insecure_value": null,
            "key_id": "",
            "name": "/aft/resources/lambda/aft-account-request-audit-trigger-function-arn",
            "overwrite": null,
            "tags": null,
            "tags_all": {
              "managed_by": "AFT"
            },
            "tier": "Standard",
            "type": "String",
            "value": "arn:aws:lambda:us-east-1:831569350010:function:aft-account-request-audit-trigger",
            "version": 1
          },
          "sensitive_attributes": [],
          "private": "bnVsbA==",
          "dependencies": [
            "module.aft.data.aws_partition.current",
            "module.aft.data.local_file.version",
            "module.aft.module.aft_account_request_framework.aws_iam_role.aft_account_request_audit_trigger",
            "module.aft.module.aft_account_request_framework.aws_kms_key.aft",
            "module.aft.module.aft_account_request_framework.aws_lambda_function.aft_account_request_audit_trigger",
            "module.aft.module.aft_account_request_framework.aws_security_group.aft_vpc_default_sg",
            "module.aft.module.aft_account_request_framework.aws_subnet.aft_vpc_private_subnet_01",
            "module.aft.module.aft_account_request_framework.aws_subnet.aft_vpc_private_subnet_02",
            "module.aft.module.aft_account_request_framework.aws_vpc.aft_vpc",
            "module.aft.module.aft_account_request_framework.data.aws_availability_zones.available",
            "module.aft.module.aft_customizations.aws_s3_bucket.aft_codepipeline_customizations_bucket",
            "module.aft.module.aft_customizations.data.aws_caller_identity.current",
            "module.aft.module.aft_lambda_layer.aws_codebuild_project.codebuild",
            "module.aft.module.aft_lambda_layer.aws_iam_role.codebuild",
            "module.aft.module.aft_lambda_layer.aws_iam_role.codebuild_invoker_lambda_role",
            "module.aft.module.aft_lambda_layer.aws_lambda_function.codebuild_invoker",
            "module.aft.module.aft_lambda_layer.aws_lambda_layer_version.layer_version",
            "module.aft.module.aft_lambda_layer.data.aws_lambda_invocation.invoke_codebuild_job",
            "module.aft.module.aft_lambda_layer.data.aws_partition.current",
            "module.aft.module.aft_lambda_layer.data.local_file.aft_lambda_layer",
            "module.aft.module.aft_lambda_layer.random_string.resource_suffix",
            "module.aft.module.packaging.data.archive_file.builder",
            "module.aft.module.packaging.data.archive_file.request_framework"
          ]
        }
      ]
    },
    {
      "module": "module.aft.module.aft_ssm_parameters",
      "mode": "managed",
      "type": "aws_ssm_parameter",
      "name": "request_processor_function_arn",
      "provider": "module.aft.provider[\"registry.terraform.io/hashicorp/aws\"].aft_management",
      "instances": [
        {
          "schema_version": 0,
          "attributes": {
            "allowed_pattern": "",
            "arn": "arn:aws:ssm:us-east-1:831569350010:parameter/aft/resources/lambda/aft-account-request-processor-function-arn",
            "data_type": "text",
            "description": "",
            "id": "/aft/resources/lambda/aft-account-request-processor-function-arn",
            "insecure_value": null,
            "key_id": "",
            "name": "/aft/resources/lambda/aft-account-request-processor-function-arn",
            "overwrite": null,
            "tags": null,
            "tags_all": {
              "managed_by": "AFT"
            },
            "tier": "Standard",
            "type": "String",
            "value": "arn:aws:lambda:us-east-1:831569350010:function:aft-account-request-processor",
            "version": 1
          },
          "sensitive_attributes": [],
          "private": "bnVsbA==",
          "dependencies": [
            "module.aft.data.aws_partition.current",
            "module.aft.data.local_file.version",
            "module.aft.module.aft_account_request_framework.aws_iam_role.aft_account_request_processor",
            "module.aft.module.aft_account_request_framework.aws_kms_key.aft",
            "module.aft.module.aft_account_request_framework.aws_lambda_function.aft_account_request_processor",
            "module.aft.module.aft_account_request_framework.aws_security_group.aft_vpc_default_sg",
            "module.aft.module.aft_account_request_framework.aws_subnet.aft_vpc_private_subnet_01",
            "module.aft.module.aft_account_request_framework.aws_subnet.aft_vpc_private_subnet_02",
            "module.aft.module.aft_account_request_framework.aws_vpc.aft_vpc",
            "module.aft.module.aft_account_request_framework.data.aws_availability_zones.available",
            "module.aft.module.aft_customizations.aws_s3_bucket.aft_codepipeline_customizations_bucket",
            "module.aft.module.aft_customizations.data.aws_caller_identity.current",
            "module.aft.module.aft_lambda_layer.aws_codebuild_project.codebuild",
            "module.aft.module.aft_lambda_layer.aws_iam_role.codebuild",
            "module.aft.module.aft_lambda_layer.aws_iam_role.codebuild_invoker_lambda_role",
            "module.aft.module.aft_lambda_layer.aws_lambda_function.codebuild_invoker",
            "module.aft.module.aft_lambda_layer.aws_lambda_layer_version.layer_version",
            "module.aft.module.aft_lambda_layer.data.aws_lambda_invocation.invoke_codebuild_job",
            "module.aft.module.aft_lambda_layer.data.aws_partition.current",
            "module.aft.module.aft_lambda_layer.data.local_file.aft_lambda_layer",
            "module.aft.module.aft_lambda_layer.random_string.resource_suffix",
            "module.aft.module.packaging.data.archive_file.builder",
            "module.aft.module.packaging.data.archive_file.request_framework"
          ]
        }
      ]
    },
    {
      "module": "module.aft.module.aft_ssm_parameters",
      "mode": "managed",
      "type": "aws_ssm_parameter",
      "name": "tag_account_function_arn",
      "provider": "module.aft.provider[\"registry.terraform.io/hashicorp/aws\"].aft_management",
      "instances": [
        {
          "schema_version": 0,
          "attributes": {
            "allowed_pattern": "",
            "arn": "arn:aws:ssm:us-east-1:831569350010:parameter/aft/resources/lambda/aft-account-provisioning-framework-tag-account-function-arn",
            "data_type": "text",
            "description": "",
            "id": "/aft/resources/lambda/aft-account-provisioning-framework-tag-account-function-arn",
            "insecure_value": null,
            "key_id": "",
            "name": "/aft/resources/lambda/aft-account-provisioning-framework-tag-account-function-arn",
            "overwrite": null,
            "tags": null,
            "tags_all": {
              "managed_by": "AFT"
            },
            "tier": "Standard",
            "type": "String",
            "value": "arn:aws:lambda:us-east-1:831569350010:function:aft-account-provisioning-framework-tag-account",
            "version": 1
          },
          "sensitive_attributes": [],
          "private": "bnVsbA==",
          "dependencies": [
            "module.aft.data.aws_partition.current",
            "module.aft.data.local_file.version",
            "module.aft.module.aft_account_provisioning_framework.aws_iam_role.aft_lambda_aft_account_provisioning_framework_tag_account",
            "module.aft.module.aft_account_provisioning_framework.aws_lambda_function.tag_account",
            "module.aft.module.aft_account_request_framework.aws_kms_key.aft",
            "module.aft.module.aft_account_request_framework.aws_security_group.aft_vpc_default_sg",
            "module.aft.module.aft_account_request_framework.aws_subnet.aft_vpc_private_subnet_01",
            "module.aft.module.aft_account_request_framework.aws_subnet.aft_vpc_private_subnet_02",
            "module.aft.module.aft_account_request_framework.aws_vpc.aft_vpc",
            "module.aft.module.aft_account_request_framework.data.aws_availability_zones.available",
            "module.aft.module.aft_customizations.aws_s3_bucket.aft_codepipeline_customizations_bucket",
            "module.aft.module.aft_customizations.data.aws_caller_identity.current",
            "module.aft.module.aft_lambda_layer.aws_codebuild_project.codebuild",
            "module.aft.module.aft_lambda_layer.aws_iam_role.codebuild",
            "module.aft.module.aft_lambda_layer.aws_iam_role.codebuild_invoker_lambda_role",
            "module.aft.module.aft_lambda_layer.aws_lambda_function.codebuild_invoker",
            "module.aft.module.aft_lambda_layer.aws_lambda_layer_version.layer_version",
            "module.aft.module.aft_lambda_layer.data.aws_lambda_invocation.invoke_codebuild_job",
            "module.aft.module.aft_lambda_layer.data.aws_partition.current",
            "module.aft.module.aft_lambda_layer.data.local_file.aft_lambda_layer",
            "module.aft.module.aft_lambda_layer.random_string.resource_suffix",
            "module.aft.module.packaging.data.archive_file.builder",
            "module.aft.module.packaging.data.archive_file.provisioning_framework"
          ]
        }
      ]
    },
    {
      "module": "module.aft.module.aft_ssm_parameters",
      "mode": "managed",
      "type": "aws_ssm_parameter",
      "name": "terraform_api_endpoint",
      "provider": "module.aft.provider[\"registry.terraform.io/hashicorp/aws\"].aft_management",
      "instances": [
        {
          "schema_version": 0,
          "attributes": {
            "allowed_pattern": "",
            "arn": "arn:aws:ssm:us-east-1:831569350010:parameter/aft/config/terraform/api-endpoint",
            "data_type": "text",
            "description": "",
            "id": "/aft/config/terraform/api-endpoint",
            "insecure_value": null,
            "key_id": "",
            "name": "/aft/config/terraform/api-endpoint",
            "overwrite": null,
            "tags": null,
            "tags_all": {
              "managed_by": "AFT"
            },
            "tier": "Standard",
            "type": "String",
            "value": "https://app.terraform.io/api/v2/",
            "version": 1
          },
          "sensitive_attributes": [],
          "private": "bnVsbA==",
          "dependencies": [
            "module.aft.data.aws_partition.current"
          ]
        }
      ]
    },
    {
      "module": "module.aft.module.aft_ssm_parameters",
      "mode": "managed",
      "type": "aws_ssm_parameter",
      "name": "terraform_org_name",
      "provider": "module.aft.provider[\"registry.terraform.io/hashicorp/aws\"].aft_management",
      "instances": [
        {
          "schema_version": 0,
          "attributes": {
            "allowed_pattern": "",
            "arn": "arn:aws:ssm:us-east-1:831569350010:parameter/aft/config/terraform/org-name",
            "data_type": "text",
            "description": "",
            "id": "/aft/config/terraform/org-name",
            "insecure_value": null,
            "key_id": "",
            "name": "/aft/config/terraform/org-name",
            "overwrite": null,
            "tags": null,
            "tags_all": {
              "managed_by": "AFT"
            },
            "tier": "Standard",
            "type": "String",
            "value": "null",
            "version": 1
          },
          "sensitive_attributes": [],
          "private": "bnVsbA==",
          "dependencies": [
            "module.aft.data.aws_partition.current"
          ]
        }
      ]
    },
    {
      "module": "module.aft.module.aft_ssm_parameters",
      "mode": "managed",
      "type": "aws_ssm_parameter",
      "name": "terraform_token",
      "provider": "module.aft.provider[\"registry.terraform.io/hashicorp/aws\"].aft_management",
      "instances": [
        {
          "schema_version": 0,
          "attributes": {
            "allowed_pattern": "",
            "arn": "arn:aws:ssm:us-east-1:831569350010:parameter/aft/config/terraform/token",
            "data_type": "text",
            "description": "",
            "id": "/aft/config/terraform/token",
            "insecure_value": null,
            "key_id": "alias/aws/ssm",
            "name": "/aft/config/terraform/token",
            "overwrite": null,
            "tags": null,
            "tags_all": {
              "managed_by": "AFT"
            },
            "tier": "Standard",
            "type": "SecureString",
            "value": "null",
            "version": 1
          },
          "sensitive_attributes": [
            [
              {
                "type": "get_attr",
                "value": "value"
              }
            ]
          ],
          "private": "bnVsbA==",
          "dependencies": [
            "module.aft.data.aws_partition.current"
          ]
        }
      ]
    },
    {
      "module": "module.aft.module.aft_ssm_parameters",
      "mode": "managed",
      "type": "aws_ssm_parameter",
      "name": "tf_distribution",
      "provider": "module.aft.provider[\"registry.terraform.io/hashicorp/aws\"].aft_management",
      "instances": [
        {
          "schema_version": 0,
          "attributes": {
            "allowed_pattern": "",
            "arn": "arn:aws:ssm:us-east-1:831569350010:parameter/aft/config/terraform/distribution",
            "data_type": "text",
            "description": "",
            "id": "/aft/config/terraform/distribution",
            "insecure_value": null,
            "key_id": "",
            "name": "/aft/config/terraform/distribution",
            "overwrite": null,
            "tags": null,
            "tags_all": {
              "managed_by": "AFT"
            },
            "tier": "Standard",
            "type": "String",
            "value": "oss",
            "version": 1
          },
          "sensitive_attributes": [],
          "private": "bnVsbA==",
          "dependencies": [
            "module.aft.data.aws_partition.current"
          ]
        }
      ]
    },
    {
      "module": "module.aft.module.aft_ssm_parameters",
      "mode": "managed",
      "type": "aws_ssm_parameter",
      "name": "tf_version",
      "provider": "module.aft.provider[\"registry.terraform.io/hashicorp/aws\"].aft_management",
      "instances": [
        {
          "schema_version": 0,
          "attributes": {
            "allowed_pattern": "",
            "arn": "arn:aws:ssm:us-east-1:831569350010:parameter/aft/config/terraform/version",
            "data_type": "text",
            "description": "",
            "id": "/aft/config/terraform/version",
            "insecure_value": null,
            "key_id": "",
            "name": "/aft/config/terraform/version",
            "overwrite": null,
            "tags": null,
            "tags_all": {
              "managed_by": "AFT"
            },
            "tier": "Standard",
            "type": "String",
            "value": "0.15.5",
            "version": 1
          },
          "sensitive_attributes": [],
          "private": "bnVsbA==",
          "dependencies": [
            "module.aft.data.aws_partition.current"
          ]
        }
      ]
    },
    {
      "module": "module.aft.module.aft_ssm_parameters",
      "mode": "managed",
      "type": "aws_ssm_parameter",
      "name": "vcs_provider",
      "provider": "module.aft.provider[\"registry.terraform.io/hashicorp/aws\"].aft_management",
      "instances": [
        {
          "schema_version": 0,
          "attributes": {
            "allowed_pattern": "",
            "arn": "arn:aws:ssm:us-east-1:831569350010:parameter/aft/config/vcs/provider",
            "data_type": "text",
            "description": "",
            "id": "/aft/config/vcs/provider",
            "insecure_value": null,
            "key_id": "",
            "name": "/aft/config/vcs/provider",
            "overwrite": null,
            "tags": null,
            "tags_all": {
              "managed_by": "AFT"
            },
            "tier": "Standard",
            "type": "String",
            "value": "github",
            "version": 1
          },
          "sensitive_attributes": [],
          "private": "bnVsbA==",
          "dependencies": [
            "module.aft.data.aws_partition.current"
          ]
        }
      ]
    },
    {
      "module": "module.aft.module.aft_ssm_parameters",
      "mode": "managed",
      "type": "random_uuid",
      "name": "metrics_reporting_uuid",
      "provider": "provider[\"registry.terraform.io/hashicorp/random\"]",
      "instances": [
        {
          "schema_version": 0,
          "attributes": {
            "id": "3fc1472d-b49e-388a-86cd-239551687cae",
            "keepers": null,
            "result": "3fc1472d-b49e-388a-86cd-239551687cae"
          },
          "sensitive_attributes": []
        }
      ]
    },
    {
      "module": "module.aft.module.packaging",
      "mode": "data",
      "type": "archive_file",
      "name": "builder",
      "provider": "provider[\"registry.terraform.io/hashicorp/archive\"]",
      "instances": [
        {
          "schema_version": 0,
          "attributes": {
            "excludes": null,
            "id": "15fffa86e6fef797eafa7e5822a9297901a15dc7",
            "output_base64sha256": "+tHwtIwfOn+sg1olp+OVSdAl/KIDtR4qQdZCZdRnBW8=",
            "output_file_mode": null,
            "output_md5": "6d1f7839b7066ffa6eed48125104813b",
            "output_path": ".terraform/modules/aft/modules/aft-archives/../../src/aft_lambda/aft_builder.zip",
            "output_sha": "15fffa86e6fef797eafa7e5822a9297901a15dc7",
            "output_size": 1083,
            "source": [],
            "source_content": null,
            "source_content_filename": null,
            "source_dir": ".terraform/modules/aft/modules/aft-archives/../../src/aft_lambda/aft_builder",
            "source_file": null,
            "type": "zip"
          },
          "sensitive_attributes": []
        }
      ]
    },
    {
      "module": "module.aft.module.packaging",
      "mode": "data",
      "type": "archive_file",
      "name": "customizations",
      "provider": "provider[\"registry.terraform.io/hashicorp/archive\"]",
      "instances": [
        {
          "schema_version": 0,
          "attributes": {
            "excludes": null,
            "id": "12425a5f17a2095f43f7116be840a1ac774f96b0",
            "output_base64sha256": "stzPIqTCnAA2VZpXXNHOZpzWY5zYgH+9vaNsT2NTI4Q=",
            "output_file_mode": null,
            "output_md5": "217b3a61f0b14975888107d15f1bb699",
            "output_path": ".terraform/modules/aft/modules/aft-archives/../../src/aft_lambda/aft_customizations.zip",
            "output_sha": "12425a5f17a2095f43f7116be840a1ac774f96b0",
            "output_size": 3528,
            "source": [],
            "source_content": null,
            "source_content_filename": null,
            "source_dir": ".terraform/modules/aft/modules/aft-archives/../../src/aft_lambda/aft_customizations",
            "source_file": null,
            "type": "zip"
          },
          "sensitive_attributes": []
        }
      ]
    },
    {
      "module": "module.aft.module.packaging",
      "mode": "data",
      "type": "archive_file",
      "name": "feature_options",
      "provider": "provider[\"registry.terraform.io/hashicorp/archive\"]",
      "instances": [
        {
          "schema_version": 0,
          "attributes": {
            "excludes": null,
            "id": "53b5f4ca97cab1beec404f9cf0089d53a711296a",
            "output_base64sha256": "La0e0nEwwRQOD0WNhuj4//JYaHLSVl3dmbBDWYjmP8c=",
            "output_file_mode": null,
            "output_md5": "30420880f5530af654c5ff9ea025c8bf",
            "output_path": ".terraform/modules/aft/modules/aft-archives/../../src/aft_lambda/aft_feature_options.zip",
            "output_sha": "53b5f4ca97cab1beec404f9cf0089d53a711296a",
            "output_size": 3778,
            "source": [],
            "source_content": null,
            "source_content_filename": null,
            "source_dir": ".terraform/modules/aft/modules/aft-archives/../../src/aft_lambda/aft_feature_options",
            "source_file": null,
            "type": "zip"
          },
          "sensitive_attributes": []
        }
      ]
    },
    {
      "module": "module.aft.module.packaging",
      "mode": "data",
      "type": "archive_file",
      "name": "provisioning_framework",
      "provider": "provider[\"registry.terraform.io/hashicorp/archive\"]",
      "instances": [
        {
          "schema_version": 0,
          "attributes": {
            "excludes": null,
            "id": "552227bba5938dfb105341ec5f2df15c5e640cdb",
            "output_base64sha256": "NP+CyE7Pi4zra51hIrRDLI/GSd+Oy4Hy6igXrrkHlzo=",
            "output_file_mode": null,
            "output_md5": "cee2604b7067f05f96c5b49a2301f4e4",
            "output_path": ".terraform/modules/aft/modules/aft-archives/../../src/aft_lambda/aft_account_provisioning_framework.zip",
            "output_sha": "552227bba5938dfb105341ec5f2df15c5e640cdb",
            "output_size": 4797,
            "source": [],
            "source_content": null,
            "source_content_filename": null,
            "source_dir": ".terraform/modules/aft/modules/aft-archives/../../src/aft_lambda/aft_account_provisioning_framework",
            "source_file": null,
            "type": "zip"
          },
          "sensitive_attributes": []
        }
      ]
    },
    {
      "module": "module.aft.module.packaging",
      "mode": "data",
      "type": "archive_file",
      "name": "request_framework",
      "provider": "provider[\"registry.terraform.io/hashicorp/archive\"]",
      "instances": [
        {
          "schema_version": 0,
          "attributes": {
            "excludes": null,
            "id": "97deed2ecdf32324ab0b4763624f252c76799cae",
            "output_base64sha256": "8mHSZBYCD9szIQyqcb98RamAE8wk36hcWrrW52Ata1A=",
            "output_file_mode": null,
            "output_md5": "e8a49d13650b4f659c90578412fa64e6",
            "output_path": ".terraform/modules/aft/modules/aft-archives/../../src/aft_lambda/aft_account_request_framework.zip",
            "output_sha": "97deed2ecdf32324ab0b4763624f252c76799cae",
            "output_size": 7477,
            "source": [],
            "source_content": null,
            "source_content_filename": null,
            "source_dir": ".terraform/modules/aft/modules/aft-archives/../../src/aft_lambda/aft_account_request_framework",
            "source_file": null,
            "type": "zip"
          },
          "sensitive_attributes": []
        }
      ]
    }
  ],
  "check_results": null
}
